
Terraform used the selected providers to generate the following execution
plan. Resource actions are indicated with the following symbols:
  [32m+[0m create
[0m
Terraform will perform the following actions:

[1m  # random_integer.sleep[0][0m will be created[0m[0m
[0m  [32m+[0m[0m resource "random_integer" "sleep" {
      [32m+[0m [0m[1m[0mid[0m[0m     = (known after apply)
      [32m+[0m [0m[1m[0mmax[0m[0m    = 5
      [32m+[0m [0m[1m[0mmin[0m[0m    = 1
      [32m+[0m [0m[1m[0mresult[0m[0m = (known after apply)
    }

[1m  # random_integer.sleep[1][0m will be created[0m[0m
[0m  [32m+[0m[0m resource "random_integer" "sleep" {
      [32m+[0m [0m[1m[0mid[0m[0m     = (known after apply)
      [32m+[0m [0m[1m[0mmax[0m[0m    = 5
      [32m+[0m [0m[1m[0mmin[0m[0m    = 1
      [32m+[0m [0m[1m[0mresult[0m[0m = (known after apply)
    }

[1m  # random_integer.sleep[2][0m will be created[0m[0m
[0m  [32m+[0m[0m resource "random_integer" "sleep" {
      [32m+[0m [0m[1m[0mid[0m[0m     = (known after apply)
      [32m+[0m [0m[1m[0mmax[0m[0m    = 5
      [32m+[0m [0m[1m[0mmin[0m[0m    = 1
      [32m+[0m [0m[1m[0mresult[0m[0m = (known after apply)
    }

[1m  # random_integer.sleep[3][0m will be created[0m[0m
[0m  [32m+[0m[0m resource "random_integer" "sleep" {
      [32m+[0m [0m[1m[0mid[0m[0m     = (known after apply)
      [32m+[0m [0m[1m[0mmax[0m[0m    = 5
      [32m+[0m [0m[1m[0mmin[0m[0m    = 1
      [32m+[0m [0m[1m[0mresult[0m[0m = (known after apply)
    }

[1m  # random_integer.sleep[4][0m will be created[0m[0m
[0m  [32m+[0m[0m resource "random_integer" "sleep" {
      [32m+[0m [0m[1m[0mid[0m[0m     = (known after apply)
      [32m+[0m [0m[1m[0mmax[0m[0m    = 5
      [32m+[0m [0m[1m[0mmin[0m[0m    = 1
      [32m+[0m [0m[1m[0mresult[0m[0m = (known after apply)
    }

[1m  # random_integer.sleep[5][0m will be created[0m[0m
[0m  [32m+[0m[0m resource "random_integer" "sleep" {
      [32m+[0m [0m[1m[0mid[0m[0m     = (known after apply)
      [32m+[0m [0m[1m[0mmax[0m[0m    = 5
      [32m+[0m [0m[1m[0mmin[0m[0m    = 1
      [32m+[0m [0m[1m[0mresult[0m[0m = (known after apply)
    }

[1m  # random_integer.sleep[6][0m will be created[0m[0m
[0m  [32m+[0m[0m resource "random_integer" "sleep" {
      [32m+[0m [0m[1m[0mid[0m[0m     = (known after apply)
      [32m+[0m [0m[1m[0mmax[0m[0m    = 5
      [32m+[0m [0m[1m[0mmin[0m[0m    = 1
      [32m+[0m [0m[1m[0mresult[0m[0m = (known after apply)
    }

[1m  # random_integer.sleep[7][0m will be created[0m[0m
[0m  [32m+[0m[0m resource "random_integer" "sleep" {
      [32m+[0m [0m[1m[0mid[0m[0m     = (known after apply)
      [32m+[0m [0m[1m[0mmax[0m[0m    = 5
      [32m+[0m [0m[1m[0mmin[0m[0m    = 1
      [32m+[0m [0m[1m[0mresult[0m[0m = (known after apply)
    }

[1m  # random_integer.sleep[8][0m will be created[0m[0m
[0m  [32m+[0m[0m resource "random_integer" "sleep" {
      [32m+[0m [0m[1m[0mid[0m[0m     = (known after apply)
      [32m+[0m [0m[1m[0mmax[0m[0m    = 5
      [32m+[0m [0m[1m[0mmin[0m[0m    = 1
      [32m+[0m [0m[1m[0mresult[0m[0m = (known after apply)
    }

[1m  # random_integer.sleep[9][0m will be created[0m[0m
[0m  [32m+[0m[0m resource "random_integer" "sleep" {
      [32m+[0m [0m[1m[0mid[0m[0m     = (known after apply)
      [32m+[0m [0m[1m[0mmax[0m[0m    = 5
      [32m+[0m [0m[1m[0mmin[0m[0m    = 1
      [32m+[0m [0m[1m[0mresult[0m[0m = (known after apply)
    }

[1m  # random_integer.sleep[10][0m will be created[0m[0m
[0m  [32m+[0m[0m resource "random_integer" "sleep" {
      [32m+[0m [0m[1m[0mid[0m[0m     = (known after apply)
      [32m+[0m [0m[1m[0mmax[0m[0m    = 5
      [32m+[0m [0m[1m[0mmin[0m[0m    = 1
      [32m+[0m [0m[1m[0mresult[0m[0m = (known after apply)
    }

[1m  # random_integer.sleep[11][0m will be created[0m[0m
[0m  [32m+[0m[0m resource "random_integer" "sleep" {
      [32m+[0m [0m[1m[0mid[0m[0m     = (known after apply)
      [32m+[0m [0m[1m[0mmax[0m[0m    = 5
      [32m+[0m [0m[1m[0mmin[0m[0m    = 1
      [32m+[0m [0m[1m[0mresult[0m[0m = (known after apply)
    }

[1m  # random_integer.sleep[12][0m will be created[0m[0m
[0m  [32m+[0m[0m resource "random_integer" "sleep" {
      [32m+[0m [0m[1m[0mid[0m[0m     = (known after apply)
      [32m+[0m [0m[1m[0mmax[0m[0m    = 5
      [32m+[0m [0m[1m[0mmin[0m[0m    = 1
      [32m+[0m [0m[1m[0mresult[0m[0m = (known after apply)
    }

[1m  # random_integer.sleep[13][0m will be created[0m[0m
[0m  [32m+[0m[0m resource "random_integer" "sleep" {
      [32m+[0m [0m[1m[0mid[0m[0m     = (known after apply)
      [32m+[0m [0m[1m[0mmax[0m[0m    = 5
      [32m+[0m [0m[1m[0mmin[0m[0m    = 1
      [32m+[0m [0m[1m[0mresult[0m[0m = (known after apply)
    }

[1m  # random_integer.sleep[14][0m will be created[0m[0m
[0m  [32m+[0m[0m resource "random_integer" "sleep" {
      [32m+[0m [0m[1m[0mid[0m[0m     = (known after apply)
      [32m+[0m [0m[1m[0mmax[0m[0m    = 5
      [32m+[0m [0m[1m[0mmin[0m[0m    = 1
      [32m+[0m [0m[1m[0mresult[0m[0m = (known after apply)
    }

[1m  # random_integer.sleep[15][0m will be created[0m[0m
[0m  [32m+[0m[0m resource "random_integer" "sleep" {
      [32m+[0m [0m[1m[0mid[0m[0m     = (known after apply)
      [32m+[0m [0m[1m[0mmax[0m[0m    = 5
      [32m+[0m [0m[1m[0mmin[0m[0m    = 1
      [32m+[0m [0m[1m[0mresult[0m[0m = (known after apply)
    }

[1m  # random_integer.sleep[16][0m will be created[0m[0m
[0m  [32m+[0m[0m resource "random_integer" "sleep" {
      [32m+[0m [0m[1m[0mid[0m[0m     = (known after apply)
      [32m+[0m [0m[1m[0mmax[0m[0m    = 5
      [32m+[0m [0m[1m[0mmin[0m[0m    = 1
      [32m+[0m [0m[1m[0mresult[0m[0m = (known after apply)
    }

[1m  # random_integer.sleep[17][0m will be created[0m[0m
[0m  [32m+[0m[0m resource "random_integer" "sleep" {
      [32m+[0m [0m[1m[0mid[0m[0m     = (known after apply)
      [32m+[0m [0m[1m[0mmax[0m[0m    = 5
      [32m+[0m [0m[1m[0mmin[0m[0m    = 1
      [32m+[0m [0m[1m[0mresult[0m[0m = (known after apply)
    }

[1m  # random_integer.sleep[18][0m will be created[0m[0m
[0m  [32m+[0m[0m resource "random_integer" "sleep" {
      [32m+[0m [0m[1m[0mid[0m[0m     = (known after apply)
      [32m+[0m [0m[1m[0mmax[0m[0m    = 5
      [32m+[0m [0m[1m[0mmin[0m[0m    = 1
      [32m+[0m [0m[1m[0mresult[0m[0m = (known after apply)
    }

[1m  # random_integer.sleep[19][0m will be created[0m[0m
[0m  [32m+[0m[0m resource "random_integer" "sleep" {
      [32m+[0m [0m[1m[0mid[0m[0m     = (known after apply)
      [32m+[0m [0m[1m[0mmax[0m[0m    = 5
      [32m+[0m [0m[1m[0mmin[0m[0m    = 1
      [32m+[0m [0m[1m[0mresult[0m[0m = (known after apply)
    }

[1m  # random_integer.sleep[20][0m will be created[0m[0m
[0m  [32m+[0m[0m resource "random_integer" "sleep" {
      [32m+[0m [0m[1m[0mid[0m[0m     = (known after apply)
      [32m+[0m [0m[1m[0mmax[0m[0m    = 5
      [32m+[0m [0m[1m[0mmin[0m[0m    = 1
      [32m+[0m [0m[1m[0mresult[0m[0m = (known after apply)
    }

[1m  # random_integer.sleep[21][0m will be created[0m[0m
[0m  [32m+[0m[0m resource "random_integer" "sleep" {
      [32m+[0m [0m[1m[0mid[0m[0m     = (known after apply)
      [32m+[0m [0m[1m[0mmax[0m[0m    = 5
      [32m+[0m [0m[1m[0mmin[0m[0m    = 1
      [32m+[0m [0m[1m[0mresult[0m[0m = (known after apply)
    }

[1m  # random_integer.sleep[22][0m will be created[0m[0m
[0m  [32m+[0m[0m resource "random_integer" "sleep" {
      [32m+[0m [0m[1m[0mid[0m[0m     = (known after apply)
      [32m+[0m [0m[1m[0mmax[0m[0m    = 5
      [32m+[0m [0m[1m[0mmin[0m[0m    = 1
      [32m+[0m [0m[1m[0mresult[0m[0m = (known after apply)
    }

[1m  # random_integer.sleep[23][0m will be created[0m[0m
[0m  [32m+[0m[0m resource "random_integer" "sleep" {
      [32m+[0m [0m[1m[0mid[0m[0m     = (known after apply)
      [32m+[0m [0m[1m[0mmax[0m[0m    = 5
      [32m+[0m [0m[1m[0mmin[0m[0m    = 1
      [32m+[0m [0m[1m[0mresult[0m[0m = (known after apply)
    }

[1m  # random_integer.sleep[24][0m will be created[0m[0m
[0m  [32m+[0m[0m resource "random_integer" "sleep" {
      [32m+[0m [0m[1m[0mid[0m[0m     = (known after apply)
      [32m+[0m [0m[1m[0mmax[0m[0m    = 5
      [32m+[0m [0m[1m[0mmin[0m[0m    = 1
      [32m+[0m [0m[1m[0mresult[0m[0m = (known after apply)
    }

[1m  # random_integer.sleep[25][0m will be created[0m[0m
[0m  [32m+[0m[0m resource "random_integer" "sleep" {
      [32m+[0m [0m[1m[0mid[0m[0m     = (known after apply)
      [32m+[0m [0m[1m[0mmax[0m[0m    = 5
      [32m+[0m [0m[1m[0mmin[0m[0m    = 1
      [32m+[0m [0m[1m[0mresult[0m[0m = (known after apply)
    }

[1m  # random_integer.sleep[26][0m will be created[0m[0m
[0m  [32m+[0m[0m resource "random_integer" "sleep" {
      [32m+[0m [0m[1m[0mid[0m[0m     = (known after apply)
      [32m+[0m [0m[1m[0mmax[0m[0m    = 5
      [32m+[0m [0m[1m[0mmin[0m[0m    = 1
      [32m+[0m [0m[1m[0mresult[0m[0m = (known after apply)
    }

[1m  # random_integer.sleep[27][0m will be created[0m[0m
[0m  [32m+[0m[0m resource "random_integer" "sleep" {
      [32m+[0m [0m[1m[0mid[0m[0m     = (known after apply)
      [32m+[0m [0m[1m[0mmax[0m[0m    = 5
      [32m+[0m [0m[1m[0mmin[0m[0m    = 1
      [32m+[0m [0m[1m[0mresult[0m[0m = (known after apply)
    }

[1m  # random_integer.sleep[28][0m will be created[0m[0m
[0m  [32m+[0m[0m resource "random_integer" "sleep" {
      [32m+[0m [0m[1m[0mid[0m[0m     = (known after apply)
      [32m+[0m [0m[1m[0mmax[0m[0m    = 5
      [32m+[0m [0m[1m[0mmin[0m[0m    = 1
      [32m+[0m [0m[1m[0mresult[0m[0m = (known after apply)
    }

[1m  # random_integer.sleep[29][0m will be created[0m[0m
[0m  [32m+[0m[0m resource "random_integer" "sleep" {
      [32m+[0m [0m[1m[0mid[0m[0m     = (known after apply)
      [32m+[0m [0m[1m[0mmax[0m[0m    = 5
      [32m+[0m [0m[1m[0mmin[0m[0m    = 1
      [32m+[0m [0m[1m[0mresult[0m[0m = (known after apply)
    }

[1m  # random_integer.sleep[30][0m will be created[0m[0m
[0m  [32m+[0m[0m resource "random_integer" "sleep" {
      [32m+[0m [0m[1m[0mid[0m[0m     = (known after apply)
      [32m+[0m [0m[1m[0mmax[0m[0m    = 5
      [32m+[0m [0m[1m[0mmin[0m[0m    = 1
      [32m+[0m [0m[1m[0mresult[0m[0m = (known after apply)
    }

[1m  # random_integer.sleep[31][0m will be created[0m[0m
[0m  [32m+[0m[0m resource "random_integer" "sleep" {
      [32m+[0m [0m[1m[0mid[0m[0m     = (known after apply)
      [32m+[0m [0m[1m[0mmax[0m[0m    = 5
      [32m+[0m [0m[1m[0mmin[0m[0m    = 1
      [32m+[0m [0m[1m[0mresult[0m[0m = (known after apply)
    }

[1m  # random_integer.sleep[32][0m will be created[0m[0m
[0m  [32m+[0m[0m resource "random_integer" "sleep" {
      [32m+[0m [0m[1m[0mid[0m[0m     = (known after apply)
      [32m+[0m [0m[1m[0mmax[0m[0m    = 5
      [32m+[0m [0m[1m[0mmin[0m[0m    = 1
      [32m+[0m [0m[1m[0mresult[0m[0m = (known after apply)
    }

[1m  # random_integer.sleep[33][0m will be created[0m[0m
[0m  [32m+[0m[0m resource "random_integer" "sleep" {
      [32m+[0m [0m[1m[0mid[0m[0m     = (known after apply)
      [32m+[0m [0m[1m[0mmax[0m[0m    = 5
      [32m+[0m [0m[1m[0mmin[0m[0m    = 1
      [32m+[0m [0m[1m[0mresult[0m[0m = (known after apply)
    }

[1m  # random_integer.sleep[34][0m will be created[0m[0m
[0m  [32m+[0m[0m resource "random_integer" "sleep" {
      [32m+[0m [0m[1m[0mid[0m[0m     = (known after apply)
      [32m+[0m [0m[1m[0mmax[0m[0m    = 5
      [32m+[0m [0m[1m[0mmin[0m[0m    = 1
      [32m+[0m [0m[1m[0mresult[0m[0m = (known after apply)
    }

[1m  # random_integer.sleep[35][0m will be created[0m[0m
[0m  [32m+[0m[0m resource "random_integer" "sleep" {
      [32m+[0m [0m[1m[0mid[0m[0m     = (known after apply)
      [32m+[0m [0m[1m[0mmax[0m[0m    = 5
      [32m+[0m [0m[1m[0mmin[0m[0m    = 1
      [32m+[0m [0m[1m[0mresult[0m[0m = (known after apply)
    }

[1m  # random_integer.sleep[36][0m will be created[0m[0m
[0m  [32m+[0m[0m resource "random_integer" "sleep" {
      [32m+[0m [0m[1m[0mid[0m[0m     = (known after apply)
      [32m+[0m [0m[1m[0mmax[0m[0m    = 5
      [32m+[0m [0m[1m[0mmin[0m[0m    = 1
      [32m+[0m [0m[1m[0mresult[0m[0m = (known after apply)
    }

[1m  # random_integer.sleep[37][0m will be created[0m[0m
[0m  [32m+[0m[0m resource "random_integer" "sleep" {
      [32m+[0m [0m[1m[0mid[0m[0m     = (known after apply)
      [32m+[0m [0m[1m[0mmax[0m[0m    = 5
      [32m+[0m [0m[1m[0mmin[0m[0m    = 1
      [32m+[0m [0m[1m[0mresult[0m[0m = (known after apply)
    }

[1m  # random_integer.sleep[38][0m will be created[0m[0m
[0m  [32m+[0m[0m resource "random_integer" "sleep" {
      [32m+[0m [0m[1m[0mid[0m[0m     = (known after apply)
      [32m+[0m [0m[1m[0mmax[0m[0m    = 5
      [32m+[0m [0m[1m[0mmin[0m[0m    = 1
      [32m+[0m [0m[1m[0mresult[0m[0m = (known after apply)
    }

[1m  # random_integer.sleep[39][0m will be created[0m[0m
[0m  [32m+[0m[0m resource "random_integer" "sleep" {
      [32m+[0m [0m[1m[0mid[0m[0m     = (known after apply)
      [32m+[0m [0m[1m[0mmax[0m[0m    = 5
      [32m+[0m [0m[1m[0mmin[0m[0m    = 1
      [32m+[0m [0m[1m[0mresult[0m[0m = (known after apply)
    }

[1m  # random_integer.sleep[40][0m will be created[0m[0m
[0m  [32m+[0m[0m resource "random_integer" "sleep" {
      [32m+[0m [0m[1m[0mid[0m[0m     = (known after apply)
      [32m+[0m [0m[1m[0mmax[0m[0m    = 5
      [32m+[0m [0m[1m[0mmin[0m[0m    = 1
      [32m+[0m [0m[1m[0mresult[0m[0m = (known after apply)
    }

[1m  # random_integer.sleep[41][0m will be created[0m[0m
[0m  [32m+[0m[0m resource "random_integer" "sleep" {
      [32m+[0m [0m[1m[0mid[0m[0m     = (known after apply)
      [32m+[0m [0m[1m[0mmax[0m[0m    = 5
      [32m+[0m [0m[1m[0mmin[0m[0m    = 1
      [32m+[0m [0m[1m[0mresult[0m[0m = (known after apply)
    }

[1m  # random_integer.sleep[42][0m will be created[0m[0m
[0m  [32m+[0m[0m resource "random_integer" "sleep" {
      [32m+[0m [0m[1m[0mid[0m[0m     = (known after apply)
      [32m+[0m [0m[1m[0mmax[0m[0m    = 5
      [32m+[0m [0m[1m[0mmin[0m[0m    = 1
      [32m+[0m [0m[1m[0mresult[0m[0m = (known after apply)
    }

[1m  # random_integer.sleep[43][0m will be created[0m[0m
[0m  [32m+[0m[0m resource "random_integer" "sleep" {
      [32m+[0m [0m[1m[0mid[0m[0m     = (known after apply)
      [32m+[0m [0m[1m[0mmax[0m[0m    = 5
      [32m+[0m [0m[1m[0mmin[0m[0m    = 1
      [32m+[0m [0m[1m[0mresult[0m[0m = (known after apply)
    }

[1m  # random_integer.sleep[44][0m will be created[0m[0m
[0m  [32m+[0m[0m resource "random_integer" "sleep" {
      [32m+[0m [0m[1m[0mid[0m[0m     = (known after apply)
      [32m+[0m [0m[1m[0mmax[0m[0m    = 5
      [32m+[0m [0m[1m[0mmin[0m[0m    = 1
      [32m+[0m [0m[1m[0mresult[0m[0m = (known after apply)
    }

[1m  # random_integer.sleep[45][0m will be created[0m[0m
[0m  [32m+[0m[0m resource "random_integer" "sleep" {
      [32m+[0m [0m[1m[0mid[0m[0m     = (known after apply)
      [32m+[0m [0m[1m[0mmax[0m[0m    = 5
      [32m+[0m [0m[1m[0mmin[0m[0m    = 1
      [32m+[0m [0m[1m[0mresult[0m[0m = (known after apply)
    }

[1m  # random_integer.sleep[46][0m will be created[0m[0m
[0m  [32m+[0m[0m resource "random_integer" "sleep" {
      [32m+[0m [0m[1m[0mid[0m[0m     = (known after apply)
      [32m+[0m [0m[1m[0mmax[0m[0m    = 5
      [32m+[0m [0m[1m[0mmin[0m[0m    = 1
      [32m+[0m [0m[1m[0mresult[0m[0m = (known after apply)
    }

[1m  # random_integer.sleep[47][0m will be created[0m[0m
[0m  [32m+[0m[0m resource "random_integer" "sleep" {
      [32m+[0m [0m[1m[0mid[0m[0m     = (known after apply)
      [32m+[0m [0m[1m[0mmax[0m[0m    = 5
      [32m+[0m [0m[1m[0mmin[0m[0m    = 1
      [32m+[0m [0m[1m[0mresult[0m[0m = (known after apply)
    }

[1m  # random_integer.sleep[48][0m will be created[0m[0m
[0m  [32m+[0m[0m resource "random_integer" "sleep" {
      [32m+[0m [0m[1m[0mid[0m[0m     = (known after apply)
      [32m+[0m [0m[1m[0mmax[0m[0m    = 5
      [32m+[0m [0m[1m[0mmin[0m[0m    = 1
      [32m+[0m [0m[1m[0mresult[0m[0m = (known after apply)
    }

[1m  # random_integer.sleep[49][0m will be created[0m[0m
[0m  [32m+[0m[0m resource "random_integer" "sleep" {
      [32m+[0m [0m[1m[0mid[0m[0m     = (known after apply)
      [32m+[0m [0m[1m[0mmax[0m[0m    = 5
      [32m+[0m [0m[1m[0mmin[0m[0m    = 1
      [32m+[0m [0m[1m[0mresult[0m[0m = (known after apply)
    }

[1m  # random_integer.sleep[50][0m will be created[0m[0m
[0m  [32m+[0m[0m resource "random_integer" "sleep" {
      [32m+[0m [0m[1m[0mid[0m[0m     = (known after apply)
      [32m+[0m [0m[1m[0mmax[0m[0m    = 5
      [32m+[0m [0m[1m[0mmin[0m[0m    = 1
      [32m+[0m [0m[1m[0mresult[0m[0m = (known after apply)
    }

[1m  # random_integer.sleep[51][0m will be created[0m[0m
[0m  [32m+[0m[0m resource "random_integer" "sleep" {
      [32m+[0m [0m[1m[0mid[0m[0m     = (known after apply)
      [32m+[0m [0m[1m[0mmax[0m[0m    = 5
      [32m+[0m [0m[1m[0mmin[0m[0m    = 1
      [32m+[0m [0m[1m[0mresult[0m[0m = (known after apply)
    }

[1m  # random_integer.sleep[52][0m will be created[0m[0m
[0m  [32m+[0m[0m resource "random_integer" "sleep" {
      [32m+[0m [0m[1m[0mid[0m[0m     = (known after apply)
      [32m+[0m [0m[1m[0mmax[0m[0m    = 5
      [32m+[0m [0m[1m[0mmin[0m[0m    = 1
      [32m+[0m [0m[1m[0mresult[0m[0m = (known after apply)
    }

[1m  # random_integer.sleep[53][0m will be created[0m[0m
[0m  [32m+[0m[0m resource "random_integer" "sleep" {
      [32m+[0m [0m[1m[0mid[0m[0m     = (known after apply)
      [32m+[0m [0m[1m[0mmax[0m[0m    = 5
      [32m+[0m [0m[1m[0mmin[0m[0m    = 1
      [32m+[0m [0m[1m[0mresult[0m[0m = (known after apply)
    }

[1m  # random_integer.sleep[54][0m will be created[0m[0m
[0m  [32m+[0m[0m resource "random_integer" "sleep" {
      [32m+[0m [0m[1m[0mid[0m[0m     = (known after apply)
      [32m+[0m [0m[1m[0mmax[0m[0m    = 5
      [32m+[0m [0m[1m[0mmin[0m[0m    = 1
      [32m+[0m [0m[1m[0mresult[0m[0m = (known after apply)
    }

[1m  # random_integer.sleep[55][0m will be created[0m[0m
[0m  [32m+[0m[0m resource "random_integer" "sleep" {
      [32m+[0m [0m[1m[0mid[0m[0m     = (known after apply)
      [32m+[0m [0m[1m[0mmax[0m[0m    = 5
      [32m+[0m [0m[1m[0mmin[0m[0m    = 1
      [32m+[0m [0m[1m[0mresult[0m[0m = (known after apply)
    }

[1m  # random_integer.sleep[56][0m will be created[0m[0m
[0m  [32m+[0m[0m resource "random_integer" "sleep" {
      [32m+[0m [0m[1m[0mid[0m[0m     = (known after apply)
      [32m+[0m [0m[1m[0mmax[0m[0m    = 5
      [32m+[0m [0m[1m[0mmin[0m[0m    = 1
      [32m+[0m [0m[1m[0mresult[0m[0m = (known after apply)
    }

[1m  # random_integer.sleep[57][0m will be created[0m[0m
[0m  [32m+[0m[0m resource "random_integer" "sleep" {
      [32m+[0m [0m[1m[0mid[0m[0m     = (known after apply)
      [32m+[0m [0m[1m[0mmax[0m[0m    = 5
      [32m+[0m [0m[1m[0mmin[0m[0m    = 1
      [32m+[0m [0m[1m[0mresult[0m[0m = (known after apply)
    }

[1m  # random_integer.sleep[58][0m will be created[0m[0m
[0m  [32m+[0m[0m resource "random_integer" "sleep" {
      [32m+[0m [0m[1m[0mid[0m[0m     = (known after apply)
      [32m+[0m [0m[1m[0mmax[0m[0m    = 5
      [32m+[0m [0m[1m[0mmin[0m[0m    = 1
      [32m+[0m [0m[1m[0mresult[0m[0m = (known after apply)
    }

[1m  # random_integer.sleep[59][0m will be created[0m[0m
[0m  [32m+[0m[0m resource "random_integer" "sleep" {
      [32m+[0m [0m[1m[0mid[0m[0m     = (known after apply)
      [32m+[0m [0m[1m[0mmax[0m[0m    = 5
      [32m+[0m [0m[1m[0mmin[0m[0m    = 1
      [32m+[0m [0m[1m[0mresult[0m[0m = (known after apply)
    }

[1m  # random_integer.sleep[60][0m will be created[0m[0m
[0m  [32m+[0m[0m resource "random_integer" "sleep" {
      [32m+[0m [0m[1m[0mid[0m[0m     = (known after apply)
      [32m+[0m [0m[1m[0mmax[0m[0m    = 5
      [32m+[0m [0m[1m[0mmin[0m[0m    = 1
      [32m+[0m [0m[1m[0mresult[0m[0m = (known after apply)
    }

[1m  # random_integer.sleep[61][0m will be created[0m[0m
[0m  [32m+[0m[0m resource "random_integer" "sleep" {
      [32m+[0m [0m[1m[0mid[0m[0m     = (known after apply)
      [32m+[0m [0m[1m[0mmax[0m[0m    = 5
      [32m+[0m [0m[1m[0mmin[0m[0m    = 1
      [32m+[0m [0m[1m[0mresult[0m[0m = (known after apply)
    }

[1m  # random_integer.sleep[62][0m will be created[0m[0m
[0m  [32m+[0m[0m resource "random_integer" "sleep" {
      [32m+[0m [0m[1m[0mid[0m[0m     = (known after apply)
      [32m+[0m [0m[1m[0mmax[0m[0m    = 5
      [32m+[0m [0m[1m[0mmin[0m[0m    = 1
      [32m+[0m [0m[1m[0mresult[0m[0m = (known after apply)
    }

[1m  # random_integer.sleep[63][0m will be created[0m[0m
[0m  [32m+[0m[0m resource "random_integer" "sleep" {
      [32m+[0m [0m[1m[0mid[0m[0m     = (known after apply)
      [32m+[0m [0m[1m[0mmax[0m[0m    = 5
      [32m+[0m [0m[1m[0mmin[0m[0m    = 1
      [32m+[0m [0m[1m[0mresult[0m[0m = (known after apply)
    }

[1m  # random_integer.sleep[64][0m will be created[0m[0m
[0m  [32m+[0m[0m resource "random_integer" "sleep" {
      [32m+[0m [0m[1m[0mid[0m[0m     = (known after apply)
      [32m+[0m [0m[1m[0mmax[0m[0m    = 5
      [32m+[0m [0m[1m[0mmin[0m[0m    = 1
      [32m+[0m [0m[1m[0mresult[0m[0m = (known after apply)
    }

[1m  # random_integer.sleep[65][0m will be created[0m[0m
[0m  [32m+[0m[0m resource "random_integer" "sleep" {
      [32m+[0m [0m[1m[0mid[0m[0m     = (known after apply)
      [32m+[0m [0m[1m[0mmax[0m[0m    = 5
      [32m+[0m [0m[1m[0mmin[0m[0m    = 1
      [32m+[0m [0m[1m[0mresult[0m[0m = (known after apply)
    }

[1m  # random_integer.sleep[66][0m will be created[0m[0m
[0m  [32m+[0m[0m resource "random_integer" "sleep" {
      [32m+[0m [0m[1m[0mid[0m[0m     = (known after apply)
      [32m+[0m [0m[1m[0mmax[0m[0m    = 5
      [32m+[0m [0m[1m[0mmin[0m[0m    = 1
      [32m+[0m [0m[1m[0mresult[0m[0m = (known after apply)
    }

[1m  # random_integer.sleep[67][0m will be created[0m[0m
[0m  [32m+[0m[0m resource "random_integer" "sleep" {
      [32m+[0m [0m[1m[0mid[0m[0m     = (known after apply)
      [32m+[0m [0m[1m[0mmax[0m[0m    = 5
      [32m+[0m [0m[1m[0mmin[0m[0m    = 1
      [32m+[0m [0m[1m[0mresult[0m[0m = (known after apply)
    }

[1m  # random_integer.sleep[68][0m will be created[0m[0m
[0m  [32m+[0m[0m resource "random_integer" "sleep" {
      [32m+[0m [0m[1m[0mid[0m[0m     = (known after apply)
      [32m+[0m [0m[1m[0mmax[0m[0m    = 5
      [32m+[0m [0m[1m[0mmin[0m[0m    = 1
      [32m+[0m [0m[1m[0mresult[0m[0m = (known after apply)
    }

[1m  # random_integer.sleep[69][0m will be created[0m[0m
[0m  [32m+[0m[0m resource "random_integer" "sleep" {
      [32m+[0m [0m[1m[0mid[0m[0m     = (known after apply)
      [32m+[0m [0m[1m[0mmax[0m[0m    = 5
      [32m+[0m [0m[1m[0mmin[0m[0m    = 1
      [32m+[0m [0m[1m[0mresult[0m[0m = (known after apply)
    }

[1m  # random_integer.sleep[70][0m will be created[0m[0m
[0m  [32m+[0m[0m resource "random_integer" "sleep" {
      [32m+[0m [0m[1m[0mid[0m[0m     = (known after apply)
      [32m+[0m [0m[1m[0mmax[0m[0m    = 5
      [32m+[0m [0m[1m[0mmin[0m[0m    = 1
      [32m+[0m [0m[1m[0mresult[0m[0m = (known after apply)
    }

[1m  # random_integer.sleep[71][0m will be created[0m[0m
[0m  [32m+[0m[0m resource "random_integer" "sleep" {
      [32m+[0m [0m[1m[0mid[0m[0m     = (known after apply)
      [32m+[0m [0m[1m[0mmax[0m[0m    = 5
      [32m+[0m [0m[1m[0mmin[0m[0m    = 1
      [32m+[0m [0m[1m[0mresult[0m[0m = (known after apply)
    }

[1m  # random_integer.sleep[72][0m will be created[0m[0m
[0m  [32m+[0m[0m resource "random_integer" "sleep" {
      [32m+[0m [0m[1m[0mid[0m[0m     = (known after apply)
      [32m+[0m [0m[1m[0mmax[0m[0m    = 5
      [32m+[0m [0m[1m[0mmin[0m[0m    = 1
      [32m+[0m [0m[1m[0mresult[0m[0m = (known after apply)
    }

[1m  # random_integer.sleep[73][0m will be created[0m[0m
[0m  [32m+[0m[0m resource "random_integer" "sleep" {
      [32m+[0m [0m[1m[0mid[0m[0m     = (known after apply)
      [32m+[0m [0m[1m[0mmax[0m[0m    = 5
      [32m+[0m [0m[1m[0mmin[0m[0m    = 1
      [32m+[0m [0m[1m[0mresult[0m[0m = (known after apply)
    }

[1m  # random_integer.sleep[74][0m will be created[0m[0m
[0m  [32m+[0m[0m resource "random_integer" "sleep" {
      [32m+[0m [0m[1m[0mid[0m[0m     = (known after apply)
      [32m+[0m [0m[1m[0mmax[0m[0m    = 5
      [32m+[0m [0m[1m[0mmin[0m[0m    = 1
      [32m+[0m [0m[1m[0mresult[0m[0m = (known after apply)
    }

[1m  # random_integer.sleep[75][0m will be created[0m[0m
[0m  [32m+[0m[0m resource "random_integer" "sleep" {
      [32m+[0m [0m[1m[0mid[0m[0m     = (known after apply)
      [32m+[0m [0m[1m[0mmax[0m[0m    = 5
      [32m+[0m [0m[1m[0mmin[0m[0m    = 1
      [32m+[0m [0m[1m[0mresult[0m[0m = (known after apply)
    }

[1m  # random_integer.sleep[76][0m will be created[0m[0m
[0m  [32m+[0m[0m resource "random_integer" "sleep" {
      [32m+[0m [0m[1m[0mid[0m[0m     = (known after apply)
      [32m+[0m [0m[1m[0mmax[0m[0m    = 5
      [32m+[0m [0m[1m[0mmin[0m[0m    = 1
      [32m+[0m [0m[1m[0mresult[0m[0m = (known after apply)
    }

[1m  # random_integer.sleep[77][0m will be created[0m[0m
[0m  [32m+[0m[0m resource "random_integer" "sleep" {
      [32m+[0m [0m[1m[0mid[0m[0m     = (known after apply)
      [32m+[0m [0m[1m[0mmax[0m[0m    = 5
      [32m+[0m [0m[1m[0mmin[0m[0m    = 1
      [32m+[0m [0m[1m[0mresult[0m[0m = (known after apply)
    }

[1m  # random_integer.sleep[78][0m will be created[0m[0m
[0m  [32m+[0m[0m resource "random_integer" "sleep" {
      [32m+[0m [0m[1m[0mid[0m[0m     = (known after apply)
      [32m+[0m [0m[1m[0mmax[0m[0m    = 5
      [32m+[0m [0m[1m[0mmin[0m[0m    = 1
      [32m+[0m [0m[1m[0mresult[0m[0m = (known after apply)
    }

[1m  # random_integer.sleep[79][0m will be created[0m[0m
[0m  [32m+[0m[0m resource "random_integer" "sleep" {
      [32m+[0m [0m[1m[0mid[0m[0m     = (known after apply)
      [32m+[0m [0m[1m[0mmax[0m[0m    = 5
      [32m+[0m [0m[1m[0mmin[0m[0m    = 1
      [32m+[0m [0m[1m[0mresult[0m[0m = (known after apply)
    }

[1m  # random_integer.sleep[80][0m will be created[0m[0m
[0m  [32m+[0m[0m resource "random_integer" "sleep" {
      [32m+[0m [0m[1m[0mid[0m[0m     = (known after apply)
      [32m+[0m [0m[1m[0mmax[0m[0m    = 5
      [32m+[0m [0m[1m[0mmin[0m[0m    = 1
      [32m+[0m [0m[1m[0mresult[0m[0m = (known after apply)
    }

[1m  # random_integer.sleep[81][0m will be created[0m[0m
[0m  [32m+[0m[0m resource "random_integer" "sleep" {
      [32m+[0m [0m[1m[0mid[0m[0m     = (known after apply)
      [32m+[0m [0m[1m[0mmax[0m[0m    = 5
      [32m+[0m [0m[1m[0mmin[0m[0m    = 1
      [32m+[0m [0m[1m[0mresult[0m[0m = (known after apply)
    }

[1m  # random_integer.sleep[82][0m will be created[0m[0m
[0m  [32m+[0m[0m resource "random_integer" "sleep" {
      [32m+[0m [0m[1m[0mid[0m[0m     = (known after apply)
      [32m+[0m [0m[1m[0mmax[0m[0m    = 5
      [32m+[0m [0m[1m[0mmin[0m[0m    = 1
      [32m+[0m [0m[1m[0mresult[0m[0m = (known after apply)
    }

[1m  # random_integer.sleep[83][0m will be created[0m[0m
[0m  [32m+[0m[0m resource "random_integer" "sleep" {
      [32m+[0m [0m[1m[0mid[0m[0m     = (known after apply)
      [32m+[0m [0m[1m[0mmax[0m[0m    = 5
      [32m+[0m [0m[1m[0mmin[0m[0m    = 1
      [32m+[0m [0m[1m[0mresult[0m[0m = (known after apply)
    }

[1m  # random_integer.sleep[84][0m will be created[0m[0m
[0m  [32m+[0m[0m resource "random_integer" "sleep" {
      [32m+[0m [0m[1m[0mid[0m[0m     = (known after apply)
      [32m+[0m [0m[1m[0mmax[0m[0m    = 5
      [32m+[0m [0m[1m[0mmin[0m[0m    = 1
      [32m+[0m [0m[1m[0mresult[0m[0m = (known after apply)
    }

[1m  # random_integer.sleep[85][0m will be created[0m[0m
[0m  [32m+[0m[0m resource "random_integer" "sleep" {
      [32m+[0m [0m[1m[0mid[0m[0m     = (known after apply)
      [32m+[0m [0m[1m[0mmax[0m[0m    = 5
      [32m+[0m [0m[1m[0mmin[0m[0m    = 1
      [32m+[0m [0m[1m[0mresult[0m[0m = (known after apply)
    }

[1m  # random_integer.sleep[86][0m will be created[0m[0m
[0m  [32m+[0m[0m resource "random_integer" "sleep" {
      [32m+[0m [0m[1m[0mid[0m[0m     = (known after apply)
      [32m+[0m [0m[1m[0mmax[0m[0m    = 5
      [32m+[0m [0m[1m[0mmin[0m[0m    = 1
      [32m+[0m [0m[1m[0mresult[0m[0m = (known after apply)
    }

[1m  # random_integer.sleep[87][0m will be created[0m[0m
[0m  [32m+[0m[0m resource "random_integer" "sleep" {
      [32m+[0m [0m[1m[0mid[0m[0m     = (known after apply)
      [32m+[0m [0m[1m[0mmax[0m[0m    = 5
      [32m+[0m [0m[1m[0mmin[0m[0m    = 1
      [32m+[0m [0m[1m[0mresult[0m[0m = (known after apply)
    }

[1m  # random_integer.sleep[88][0m will be created[0m[0m
[0m  [32m+[0m[0m resource "random_integer" "sleep" {
      [32m+[0m [0m[1m[0mid[0m[0m     = (known after apply)
      [32m+[0m [0m[1m[0mmax[0m[0m    = 5
      [32m+[0m [0m[1m[0mmin[0m[0m    = 1
      [32m+[0m [0m[1m[0mresult[0m[0m = (known after apply)
    }

[1m  # random_integer.sleep[89][0m will be created[0m[0m
[0m  [32m+[0m[0m resource "random_integer" "sleep" {
      [32m+[0m [0m[1m[0mid[0m[0m     = (known after apply)
      [32m+[0m [0m[1m[0mmax[0m[0m    = 5
      [32m+[0m [0m[1m[0mmin[0m[0m    = 1
      [32m+[0m [0m[1m[0mresult[0m[0m = (known after apply)
    }

[1m  # random_integer.sleep[90][0m will be created[0m[0m
[0m  [32m+[0m[0m resource "random_integer" "sleep" {
      [32m+[0m [0m[1m[0mid[0m[0m     = (known after apply)
      [32m+[0m [0m[1m[0mmax[0m[0m    = 5
      [32m+[0m [0m[1m[0mmin[0m[0m    = 1
      [32m+[0m [0m[1m[0mresult[0m[0m = (known after apply)
    }

[1m  # random_integer.sleep[91][0m will be created[0m[0m
[0m  [32m+[0m[0m resource "random_integer" "sleep" {
      [32m+[0m [0m[1m[0mid[0m[0m     = (known after apply)
      [32m+[0m [0m[1m[0mmax[0m[0m    = 5
      [32m+[0m [0m[1m[0mmin[0m[0m    = 1
      [32m+[0m [0m[1m[0mresult[0m[0m = (known after apply)
    }

[1m  # random_integer.sleep[92][0m will be created[0m[0m
[0m  [32m+[0m[0m resource "random_integer" "sleep" {
      [32m+[0m [0m[1m[0mid[0m[0m     = (known after apply)
      [32m+[0m [0m[1m[0mmax[0m[0m    = 5
      [32m+[0m [0m[1m[0mmin[0m[0m    = 1
      [32m+[0m [0m[1m[0mresult[0m[0m = (known after apply)
    }

[1m  # random_integer.sleep[93][0m will be created[0m[0m
[0m  [32m+[0m[0m resource "random_integer" "sleep" {
      [32m+[0m [0m[1m[0mid[0m[0m     = (known after apply)
      [32m+[0m [0m[1m[0mmax[0m[0m    = 5
      [32m+[0m [0m[1m[0mmin[0m[0m    = 1
      [32m+[0m [0m[1m[0mresult[0m[0m = (known after apply)
    }

[1m  # random_integer.sleep[94][0m will be created[0m[0m
[0m  [32m+[0m[0m resource "random_integer" "sleep" {
      [32m+[0m [0m[1m[0mid[0m[0m     = (known after apply)
      [32m+[0m [0m[1m[0mmax[0m[0m    = 5
      [32m+[0m [0m[1m[0mmin[0m[0m    = 1
      [32m+[0m [0m[1m[0mresult[0m[0m = (known after apply)
    }

[1m  # random_integer.sleep[95][0m will be created[0m[0m
[0m  [32m+[0m[0m resource "random_integer" "sleep" {
      [32m+[0m [0m[1m[0mid[0m[0m     = (known after apply)
      [32m+[0m [0m[1m[0mmax[0m[0m    = 5
      [32m+[0m [0m[1m[0mmin[0m[0m    = 1
      [32m+[0m [0m[1m[0mresult[0m[0m = (known after apply)
    }

[1m  # random_integer.sleep[96][0m will be created[0m[0m
[0m  [32m+[0m[0m resource "random_integer" "sleep" {
      [32m+[0m [0m[1m[0mid[0m[0m     = (known after apply)
      [32m+[0m [0m[1m[0mmax[0m[0m    = 5
      [32m+[0m [0m[1m[0mmin[0m[0m    = 1
      [32m+[0m [0m[1m[0mresult[0m[0m = (known after apply)
    }

[1m  # random_integer.sleep[97][0m will be created[0m[0m
[0m  [32m+[0m[0m resource "random_integer" "sleep" {
      [32m+[0m [0m[1m[0mid[0m[0m     = (known after apply)
      [32m+[0m [0m[1m[0mmax[0m[0m    = 5
      [32m+[0m [0m[1m[0mmin[0m[0m    = 1
      [32m+[0m [0m[1m[0mresult[0m[0m = (known after apply)
    }

[1m  # random_integer.sleep[98][0m will be created[0m[0m
[0m  [32m+[0m[0m resource "random_integer" "sleep" {
      [32m+[0m [0m[1m[0mid[0m[0m     = (known after apply)
      [32m+[0m [0m[1m[0mmax[0m[0m    = 5
      [32m+[0m [0m[1m[0mmin[0m[0m    = 1
      [32m+[0m [0m[1m[0mresult[0m[0m = (known after apply)
    }

[1m  # random_integer.sleep[99][0m will be created[0m[0m
[0m  [32m+[0m[0m resource "random_integer" "sleep" {
      [32m+[0m [0m[1m[0mid[0m[0m     = (known after apply)
      [32m+[0m [0m[1m[0mmax[0m[0m    = 5
      [32m+[0m [0m[1m[0mmin[0m[0m    = 1
      [32m+[0m [0m[1m[0mresult[0m[0m = (known after apply)
    }

[1m  # random_integer.sleep[100][0m will be created[0m[0m
[0m  [32m+[0m[0m resource "random_integer" "sleep" {
      [32m+[0m [0m[1m[0mid[0m[0m     = (known after apply)
      [32m+[0m [0m[1m[0mmax[0m[0m    = 5
      [32m+[0m [0m[1m[0mmin[0m[0m    = 1
      [32m+[0m [0m[1m[0mresult[0m[0m = (known after apply)
    }

[1m  # random_integer.sleep[101][0m will be created[0m[0m
[0m  [32m+[0m[0m resource "random_integer" "sleep" {
      [32m+[0m [0m[1m[0mid[0m[0m     = (known after apply)
      [32m+[0m [0m[1m[0mmax[0m[0m    = 5
      [32m+[0m [0m[1m[0mmin[0m[0m    = 1
      [32m+[0m [0m[1m[0mresult[0m[0m = (known after apply)
    }

[1m  # random_integer.sleep[102][0m will be created[0m[0m
[0m  [32m+[0m[0m resource "random_integer" "sleep" {
      [32m+[0m [0m[1m[0mid[0m[0m     = (known after apply)
      [32m+[0m [0m[1m[0mmax[0m[0m    = 5
      [32m+[0m [0m[1m[0mmin[0m[0m    = 1
      [32m+[0m [0m[1m[0mresult[0m[0m = (known after apply)
    }

[1m  # random_integer.sleep[103][0m will be created[0m[0m
[0m  [32m+[0m[0m resource "random_integer" "sleep" {
      [32m+[0m [0m[1m[0mid[0m[0m     = (known after apply)
      [32m+[0m [0m[1m[0mmax[0m[0m    = 5
      [32m+[0m [0m[1m[0mmin[0m[0m    = 1
      [32m+[0m [0m[1m[0mresult[0m[0m = (known after apply)
    }

[1m  # random_integer.sleep[104][0m will be created[0m[0m
[0m  [32m+[0m[0m resource "random_integer" "sleep" {
      [32m+[0m [0m[1m[0mid[0m[0m     = (known after apply)
      [32m+[0m [0m[1m[0mmax[0m[0m    = 5
      [32m+[0m [0m[1m[0mmin[0m[0m    = 1
      [32m+[0m [0m[1m[0mresult[0m[0m = (known after apply)
    }

[1m  # random_integer.sleep[105][0m will be created[0m[0m
[0m  [32m+[0m[0m resource "random_integer" "sleep" {
      [32m+[0m [0m[1m[0mid[0m[0m     = (known after apply)
      [32m+[0m [0m[1m[0mmax[0m[0m    = 5
      [32m+[0m [0m[1m[0mmin[0m[0m    = 1
      [32m+[0m [0m[1m[0mresult[0m[0m = (known after apply)
    }

[1m  # random_integer.sleep[106][0m will be created[0m[0m
[0m  [32m+[0m[0m resource "random_integer" "sleep" {
      [32m+[0m [0m[1m[0mid[0m[0m     = (known after apply)
      [32m+[0m [0m[1m[0mmax[0m[0m    = 5
      [32m+[0m [0m[1m[0mmin[0m[0m    = 1
      [32m+[0m [0m[1m[0mresult[0m[0m = (known after apply)
    }

[1m  # random_integer.sleep[107][0m will be created[0m[0m
[0m  [32m+[0m[0m resource "random_integer" "sleep" {
      [32m+[0m [0m[1m[0mid[0m[0m     = (known after apply)
      [32m+[0m [0m[1m[0mmax[0m[0m    = 5
      [32m+[0m [0m[1m[0mmin[0m[0m    = 1
      [32m+[0m [0m[1m[0mresult[0m[0m = (known after apply)
    }

[1m  # random_integer.sleep[108][0m will be created[0m[0m
[0m  [32m+[0m[0m resource "random_integer" "sleep" {
      [32m+[0m [0m[1m[0mid[0m[0m     = (known after apply)
      [32m+[0m [0m[1m[0mmax[0m[0m    = 5
      [32m+[0m [0m[1m[0mmin[0m[0m    = 1
      [32m+[0m [0m[1m[0mresult[0m[0m = (known after apply)
    }

[1m  # random_integer.sleep[109][0m will be created[0m[0m
[0m  [32m+[0m[0m resource "random_integer" "sleep" {
      [32m+[0m [0m[1m[0mid[0m[0m     = (known after apply)
      [32m+[0m [0m[1m[0mmax[0m[0m    = 5
      [32m+[0m [0m[1m[0mmin[0m[0m    = 1
      [32m+[0m [0m[1m[0mresult[0m[0m = (known after apply)
    }

[1m  # random_integer.sleep[110][0m will be created[0m[0m
[0m  [32m+[0m[0m resource "random_integer" "sleep" {
      [32m+[0m [0m[1m[0mid[0m[0m     = (known after apply)
      [32m+[0m [0m[1m[0mmax[0m[0m    = 5
      [32m+[0m [0m[1m[0mmin[0m[0m    = 1
      [32m+[0m [0m[1m[0mresult[0m[0m = (known after apply)
    }

[1m  # random_integer.sleep[111][0m will be created[0m[0m
[0m  [32m+[0m[0m resource "random_integer" "sleep" {
      [32m+[0m [0m[1m[0mid[0m[0m     = (known after apply)
      [32m+[0m [0m[1m[0mmax[0m[0m    = 5
      [32m+[0m [0m[1m[0mmin[0m[0m    = 1
      [32m+[0m [0m[1m[0mresult[0m[0m = (known after apply)
    }

[1m  # random_integer.sleep[112][0m will be created[0m[0m
[0m  [32m+[0m[0m resource "random_integer" "sleep" {
      [32m+[0m [0m[1m[0mid[0m[0m     = (known after apply)
      [32m+[0m [0m[1m[0mmax[0m[0m    = 5
      [32m+[0m [0m[1m[0mmin[0m[0m    = 1
      [32m+[0m [0m[1m[0mresult[0m[0m = (known after apply)
    }

[1m  # random_integer.sleep[113][0m will be created[0m[0m
[0m  [32m+[0m[0m resource "random_integer" "sleep" {
      [32m+[0m [0m[1m[0mid[0m[0m     = (known after apply)
      [32m+[0m [0m[1m[0mmax[0m[0m    = 5
      [32m+[0m [0m[1m[0mmin[0m[0m    = 1
      [32m+[0m [0m[1m[0mresult[0m[0m = (known after apply)
    }

[1m  # random_integer.sleep[114][0m will be created[0m[0m
[0m  [32m+[0m[0m resource "random_integer" "sleep" {
      [32m+[0m [0m[1m[0mid[0m[0m     = (known after apply)
      [32m+[0m [0m[1m[0mmax[0m[0m    = 5
      [32m+[0m [0m[1m[0mmin[0m[0m    = 1
      [32m+[0m [0m[1m[0mresult[0m[0m = (known after apply)
    }

[1m  # random_integer.sleep[115][0m will be created[0m[0m
[0m  [32m+[0m[0m resource "random_integer" "sleep" {
      [32m+[0m [0m[1m[0mid[0m[0m     = (known after apply)
      [32m+[0m [0m[1m[0mmax[0m[0m    = 5
      [32m+[0m [0m[1m[0mmin[0m[0m    = 1
      [32m+[0m [0m[1m[0mresult[0m[0m = (known after apply)
    }

[1m  # random_integer.sleep[116][0m will be created[0m[0m
[0m  [32m+[0m[0m resource "random_integer" "sleep" {
      [32m+[0m [0m[1m[0mid[0m[0m     = (known after apply)
      [32m+[0m [0m[1m[0mmax[0m[0m    = 5
      [32m+[0m [0m[1m[0mmin[0m[0m    = 1
      [32m+[0m [0m[1m[0mresult[0m[0m = (known after apply)
    }

[1m  # random_integer.sleep[117][0m will be created[0m[0m
[0m  [32m+[0m[0m resource "random_integer" "sleep" {
      [32m+[0m [0m[1m[0mid[0m[0m     = (known after apply)
      [32m+[0m [0m[1m[0mmax[0m[0m    = 5
      [32m+[0m [0m[1m[0mmin[0m[0m    = 1
      [32m+[0m [0m[1m[0mresult[0m[0m = (known after apply)
    }

[1m  # random_integer.sleep[118][0m will be created[0m[0m
[0m  [32m+[0m[0m resource "random_integer" "sleep" {
      [32m+[0m [0m[1m[0mid[0m[0m     = (known after apply)
      [32m+[0m [0m[1m[0mmax[0m[0m    = 5
      [32m+[0m [0m[1m[0mmin[0m[0m    = 1
      [32m+[0m [0m[1m[0mresult[0m[0m = (known after apply)
    }

[1m  # random_integer.sleep[119][0m will be created[0m[0m
[0m  [32m+[0m[0m resource "random_integer" "sleep" {
      [32m+[0m [0m[1m[0mid[0m[0m     = (known after apply)
      [32m+[0m [0m[1m[0mmax[0m[0m    = 5
      [32m+[0m [0m[1m[0mmin[0m[0m    = 1
      [32m+[0m [0m[1m[0mresult[0m[0m = (known after apply)
    }

[1m  # random_integer.sleep[120][0m will be created[0m[0m
[0m  [32m+[0m[0m resource "random_integer" "sleep" {
      [32m+[0m [0m[1m[0mid[0m[0m     = (known after apply)
      [32m+[0m [0m[1m[0mmax[0m[0m    = 5
      [32m+[0m [0m[1m[0mmin[0m[0m    = 1
      [32m+[0m [0m[1m[0mresult[0m[0m = (known after apply)
    }

[1m  # random_integer.sleep[121][0m will be created[0m[0m
[0m  [32m+[0m[0m resource "random_integer" "sleep" {
      [32m+[0m [0m[1m[0mid[0m[0m     = (known after apply)
      [32m+[0m [0m[1m[0mmax[0m[0m    = 5
      [32m+[0m [0m[1m[0mmin[0m[0m    = 1
      [32m+[0m [0m[1m[0mresult[0m[0m = (known after apply)
    }

[1m  # random_integer.sleep[122][0m will be created[0m[0m
[0m  [32m+[0m[0m resource "random_integer" "sleep" {
      [32m+[0m [0m[1m[0mid[0m[0m     = (known after apply)
      [32m+[0m [0m[1m[0mmax[0m[0m    = 5
      [32m+[0m [0m[1m[0mmin[0m[0m    = 1
      [32m+[0m [0m[1m[0mresult[0m[0m = (known after apply)
    }

[1m  # random_integer.sleep[123][0m will be created[0m[0m
[0m  [32m+[0m[0m resource "random_integer" "sleep" {
      [32m+[0m [0m[1m[0mid[0m[0m     = (known after apply)
      [32m+[0m [0m[1m[0mmax[0m[0m    = 5
      [32m+[0m [0m[1m[0mmin[0m[0m    = 1
      [32m+[0m [0m[1m[0mresult[0m[0m = (known after apply)
    }

[1m  # random_integer.sleep[124][0m will be created[0m[0m
[0m  [32m+[0m[0m resource "random_integer" "sleep" {
      [32m+[0m [0m[1m[0mid[0m[0m     = (known after apply)
      [32m+[0m [0m[1m[0mmax[0m[0m    = 5
      [32m+[0m [0m[1m[0mmin[0m[0m    = 1
      [32m+[0m [0m[1m[0mresult[0m[0m = (known after apply)
    }

[1m  # random_integer.sleep[125][0m will be created[0m[0m
[0m  [32m+[0m[0m resource "random_integer" "sleep" {
      [32m+[0m [0m[1m[0mid[0m[0m     = (known after apply)
      [32m+[0m [0m[1m[0mmax[0m[0m    = 5
      [32m+[0m [0m[1m[0mmin[0m[0m    = 1
      [32m+[0m [0m[1m[0mresult[0m[0m = (known after apply)
    }

[1m  # random_integer.sleep[126][0m will be created[0m[0m
[0m  [32m+[0m[0m resource "random_integer" "sleep" {
      [32m+[0m [0m[1m[0mid[0m[0m     = (known after apply)
      [32m+[0m [0m[1m[0mmax[0m[0m    = 5
      [32m+[0m [0m[1m[0mmin[0m[0m    = 1
      [32m+[0m [0m[1m[0mresult[0m[0m = (known after apply)
    }

[1m  # random_integer.sleep[127][0m will be created[0m[0m
[0m  [32m+[0m[0m resource "random_integer" "sleep" {
      [32m+[0m [0m[1m[0mid[0m[0m     = (known after apply)
      [32m+[0m [0m[1m[0mmax[0m[0m    = 5
      [32m+[0m [0m[1m[0mmin[0m[0m    = 1
      [32m+[0m [0m[1m[0mresult[0m[0m = (known after apply)
    }

[1m  # random_integer.sleep[128][0m will be created[0m[0m
[0m  [32m+[0m[0m resource "random_integer" "sleep" {
      [32m+[0m [0m[1m[0mid[0m[0m     = (known after apply)
      [32m+[0m [0m[1m[0mmax[0m[0m    = 5
      [32m+[0m [0m[1m[0mmin[0m[0m    = 1
      [32m+[0m [0m[1m[0mresult[0m[0m = (known after apply)
    }

[1m  # random_integer.sleep[129][0m will be created[0m[0m
[0m  [32m+[0m[0m resource "random_integer" "sleep" {
      [32m+[0m [0m[1m[0mid[0m[0m     = (known after apply)
      [32m+[0m [0m[1m[0mmax[0m[0m    = 5
      [32m+[0m [0m[1m[0mmin[0m[0m    = 1
      [32m+[0m [0m[1m[0mresult[0m[0m = (known after apply)
    }

[1m  # random_integer.sleep[130][0m will be created[0m[0m
[0m  [32m+[0m[0m resource "random_integer" "sleep" {
      [32m+[0m [0m[1m[0mid[0m[0m     = (known after apply)
      [32m+[0m [0m[1m[0mmax[0m[0m    = 5
      [32m+[0m [0m[1m[0mmin[0m[0m    = 1
      [32m+[0m [0m[1m[0mresult[0m[0m = (known after apply)
    }

[1m  # random_integer.sleep[131][0m will be created[0m[0m
[0m  [32m+[0m[0m resource "random_integer" "sleep" {
      [32m+[0m [0m[1m[0mid[0m[0m     = (known after apply)
      [32m+[0m [0m[1m[0mmax[0m[0m    = 5
      [32m+[0m [0m[1m[0mmin[0m[0m    = 1
      [32m+[0m [0m[1m[0mresult[0m[0m = (known after apply)
    }

[1m  # random_integer.sleep[132][0m will be created[0m[0m
[0m  [32m+[0m[0m resource "random_integer" "sleep" {
      [32m+[0m [0m[1m[0mid[0m[0m     = (known after apply)
      [32m+[0m [0m[1m[0mmax[0m[0m    = 5
      [32m+[0m [0m[1m[0mmin[0m[0m    = 1
      [32m+[0m [0m[1m[0mresult[0m[0m = (known after apply)
    }

[1m  # random_integer.sleep[133][0m will be created[0m[0m
[0m  [32m+[0m[0m resource "random_integer" "sleep" {
      [32m+[0m [0m[1m[0mid[0m[0m     = (known after apply)
      [32m+[0m [0m[1m[0mmax[0m[0m    = 5
      [32m+[0m [0m[1m[0mmin[0m[0m    = 1
      [32m+[0m [0m[1m[0mresult[0m[0m = (known after apply)
    }

[1m  # random_integer.sleep[134][0m will be created[0m[0m
[0m  [32m+[0m[0m resource "random_integer" "sleep" {
      [32m+[0m [0m[1m[0mid[0m[0m     = (known after apply)
      [32m+[0m [0m[1m[0mmax[0m[0m    = 5
      [32m+[0m [0m[1m[0mmin[0m[0m    = 1
      [32m+[0m [0m[1m[0mresult[0m[0m = (known after apply)
    }

[1m  # random_integer.sleep[135][0m will be created[0m[0m
[0m  [32m+[0m[0m resource "random_integer" "sleep" {
      [32m+[0m [0m[1m[0mid[0m[0m     = (known after apply)
      [32m+[0m [0m[1m[0mmax[0m[0m    = 5
      [32m+[0m [0m[1m[0mmin[0m[0m    = 1
      [32m+[0m [0m[1m[0mresult[0m[0m = (known after apply)
    }

[1m  # random_integer.sleep[136][0m will be created[0m[0m
[0m  [32m+[0m[0m resource "random_integer" "sleep" {
      [32m+[0m [0m[1m[0mid[0m[0m     = (known after apply)
      [32m+[0m [0m[1m[0mmax[0m[0m    = 5
      [32m+[0m [0m[1m[0mmin[0m[0m    = 1
      [32m+[0m [0m[1m[0mresult[0m[0m = (known after apply)
    }

[1m  # random_integer.sleep[137][0m will be created[0m[0m
[0m  [32m+[0m[0m resource "random_integer" "sleep" {
      [32m+[0m [0m[1m[0mid[0m[0m     = (known after apply)
      [32m+[0m [0m[1m[0mmax[0m[0m    = 5
      [32m+[0m [0m[1m[0mmin[0m[0m    = 1
      [32m+[0m [0m[1m[0mresult[0m[0m = (known after apply)
    }

[1m  # random_integer.sleep[138][0m will be created[0m[0m
[0m  [32m+[0m[0m resource "random_integer" "sleep" {
      [32m+[0m [0m[1m[0mid[0m[0m     = (known after apply)
      [32m+[0m [0m[1m[0mmax[0m[0m    = 5
      [32m+[0m [0m[1m[0mmin[0m[0m    = 1
      [32m+[0m [0m[1m[0mresult[0m[0m = (known after apply)
    }

[1m  # random_integer.sleep[139][0m will be created[0m[0m
[0m  [32m+[0m[0m resource "random_integer" "sleep" {
      [32m+[0m [0m[1m[0mid[0m[0m     = (known after apply)
      [32m+[0m [0m[1m[0mmax[0m[0m    = 5
      [32m+[0m [0m[1m[0mmin[0m[0m    = 1
      [32m+[0m [0m[1m[0mresult[0m[0m = (known after apply)
    }

[1m  # random_integer.sleep[140][0m will be created[0m[0m
[0m  [32m+[0m[0m resource "random_integer" "sleep" {
      [32m+[0m [0m[1m[0mid[0m[0m     = (known after apply)
      [32m+[0m [0m[1m[0mmax[0m[0m    = 5
      [32m+[0m [0m[1m[0mmin[0m[0m    = 1
      [32m+[0m [0m[1m[0mresult[0m[0m = (known after apply)
    }

[1m  # random_integer.sleep[141][0m will be created[0m[0m
[0m  [32m+[0m[0m resource "random_integer" "sleep" {
      [32m+[0m [0m[1m[0mid[0m[0m     = (known after apply)
      [32m+[0m [0m[1m[0mmax[0m[0m    = 5
      [32m+[0m [0m[1m[0mmin[0m[0m    = 1
      [32m+[0m [0m[1m[0mresult[0m[0m = (known after apply)
    }

[1m  # random_integer.sleep[142][0m will be created[0m[0m
[0m  [32m+[0m[0m resource "random_integer" "sleep" {
      [32m+[0m [0m[1m[0mid[0m[0m     = (known after apply)
      [32m+[0m [0m[1m[0mmax[0m[0m    = 5
      [32m+[0m [0m[1m[0mmin[0m[0m    = 1
      [32m+[0m [0m[1m[0mresult[0m[0m = (known after apply)
    }

[1m  # random_integer.sleep[143][0m will be created[0m[0m
[0m  [32m+[0m[0m resource "random_integer" "sleep" {
      [32m+[0m [0m[1m[0mid[0m[0m     = (known after apply)
      [32m+[0m [0m[1m[0mmax[0m[0m    = 5
      [32m+[0m [0m[1m[0mmin[0m[0m    = 1
      [32m+[0m [0m[1m[0mresult[0m[0m = (known after apply)
    }

[1m  # random_integer.sleep[144][0m will be created[0m[0m
[0m  [32m+[0m[0m resource "random_integer" "sleep" {
      [32m+[0m [0m[1m[0mid[0m[0m     = (known after apply)
      [32m+[0m [0m[1m[0mmax[0m[0m    = 5
      [32m+[0m [0m[1m[0mmin[0m[0m    = 1
      [32m+[0m [0m[1m[0mresult[0m[0m = (known after apply)
    }

[1m  # random_integer.sleep[145][0m will be created[0m[0m
[0m  [32m+[0m[0m resource "random_integer" "sleep" {
      [32m+[0m [0m[1m[0mid[0m[0m     = (known after apply)
      [32m+[0m [0m[1m[0mmax[0m[0m    = 5
      [32m+[0m [0m[1m[0mmin[0m[0m    = 1
      [32m+[0m [0m[1m[0mresult[0m[0m = (known after apply)
    }

[1m  # random_integer.sleep[146][0m will be created[0m[0m
[0m  [32m+[0m[0m resource "random_integer" "sleep" {
      [32m+[0m [0m[1m[0mid[0m[0m     = (known after apply)
      [32m+[0m [0m[1m[0mmax[0m[0m    = 5
      [32m+[0m [0m[1m[0mmin[0m[0m    = 1
      [32m+[0m [0m[1m[0mresult[0m[0m = (known after apply)
    }

[1m  # random_integer.sleep[147][0m will be created[0m[0m
[0m  [32m+[0m[0m resource "random_integer" "sleep" {
      [32m+[0m [0m[1m[0mid[0m[0m     = (known after apply)
      [32m+[0m [0m[1m[0mmax[0m[0m    = 5
      [32m+[0m [0m[1m[0mmin[0m[0m    = 1
      [32m+[0m [0m[1m[0mresult[0m[0m = (known after apply)
    }

[1m  # random_integer.sleep[148][0m will be created[0m[0m
[0m  [32m+[0m[0m resource "random_integer" "sleep" {
      [32m+[0m [0m[1m[0mid[0m[0m     = (known after apply)
      [32m+[0m [0m[1m[0mmax[0m[0m    = 5
      [32m+[0m [0m[1m[0mmin[0m[0m    = 1
      [32m+[0m [0m[1m[0mresult[0m[0m = (known after apply)
    }

[1m  # random_integer.sleep[149][0m will be created[0m[0m
[0m  [32m+[0m[0m resource "random_integer" "sleep" {
      [32m+[0m [0m[1m[0mid[0m[0m     = (known after apply)
      [32m+[0m [0m[1m[0mmax[0m[0m    = 5
      [32m+[0m [0m[1m[0mmin[0m[0m    = 1
      [32m+[0m [0m[1m[0mresult[0m[0m = (known after apply)
    }

[1m  # random_integer.sleep[150][0m will be created[0m[0m
[0m  [32m+[0m[0m resource "random_integer" "sleep" {
      [32m+[0m [0m[1m[0mid[0m[0m     = (known after apply)
      [32m+[0m [0m[1m[0mmax[0m[0m    = 5
      [32m+[0m [0m[1m[0mmin[0m[0m    = 1
      [32m+[0m [0m[1m[0mresult[0m[0m = (known after apply)
    }

[1m  # random_integer.sleep[151][0m will be created[0m[0m
[0m  [32m+[0m[0m resource "random_integer" "sleep" {
      [32m+[0m [0m[1m[0mid[0m[0m     = (known after apply)
      [32m+[0m [0m[1m[0mmax[0m[0m    = 5
      [32m+[0m [0m[1m[0mmin[0m[0m    = 1
      [32m+[0m [0m[1m[0mresult[0m[0m = (known after apply)
    }

[1m  # random_integer.sleep[152][0m will be created[0m[0m
[0m  [32m+[0m[0m resource "random_integer" "sleep" {
      [32m+[0m [0m[1m[0mid[0m[0m     = (known after apply)
      [32m+[0m [0m[1m[0mmax[0m[0m    = 5
      [32m+[0m [0m[1m[0mmin[0m[0m    = 1
      [32m+[0m [0m[1m[0mresult[0m[0m = (known after apply)
    }

[1m  # random_integer.sleep[153][0m will be created[0m[0m
[0m  [32m+[0m[0m resource "random_integer" "sleep" {
      [32m+[0m [0m[1m[0mid[0m[0m     = (known after apply)
      [32m+[0m [0m[1m[0mmax[0m[0m    = 5
      [32m+[0m [0m[1m[0mmin[0m[0m    = 1
      [32m+[0m [0m[1m[0mresult[0m[0m = (known after apply)
    }

[1m  # random_integer.sleep[154][0m will be created[0m[0m
[0m  [32m+[0m[0m resource "random_integer" "sleep" {
      [32m+[0m [0m[1m[0mid[0m[0m     = (known after apply)
      [32m+[0m [0m[1m[0mmax[0m[0m    = 5
      [32m+[0m [0m[1m[0mmin[0m[0m    = 1
      [32m+[0m [0m[1m[0mresult[0m[0m = (known after apply)
    }

[1m  # random_integer.sleep[155][0m will be created[0m[0m
[0m  [32m+[0m[0m resource "random_integer" "sleep" {
      [32m+[0m [0m[1m[0mid[0m[0m     = (known after apply)
      [32m+[0m [0m[1m[0mmax[0m[0m    = 5
      [32m+[0m [0m[1m[0mmin[0m[0m    = 1
      [32m+[0m [0m[1m[0mresult[0m[0m = (known after apply)
    }

[1m  # random_integer.sleep[156][0m will be created[0m[0m
[0m  [32m+[0m[0m resource "random_integer" "sleep" {
      [32m+[0m [0m[1m[0mid[0m[0m     = (known after apply)
      [32m+[0m [0m[1m[0mmax[0m[0m    = 5
      [32m+[0m [0m[1m[0mmin[0m[0m    = 1
      [32m+[0m [0m[1m[0mresult[0m[0m = (known after apply)
    }

[1m  # random_integer.sleep[157][0m will be created[0m[0m
[0m  [32m+[0m[0m resource "random_integer" "sleep" {
      [32m+[0m [0m[1m[0mid[0m[0m     = (known after apply)
      [32m+[0m [0m[1m[0mmax[0m[0m    = 5
      [32m+[0m [0m[1m[0mmin[0m[0m    = 1
      [32m+[0m [0m[1m[0mresult[0m[0m = (known after apply)
    }

[1m  # random_integer.sleep[158][0m will be created[0m[0m
[0m  [32m+[0m[0m resource "random_integer" "sleep" {
      [32m+[0m [0m[1m[0mid[0m[0m     = (known after apply)
      [32m+[0m [0m[1m[0mmax[0m[0m    = 5
      [32m+[0m [0m[1m[0mmin[0m[0m    = 1
      [32m+[0m [0m[1m[0mresult[0m[0m = (known after apply)
    }

[1m  # random_integer.sleep[159][0m will be created[0m[0m
[0m  [32m+[0m[0m resource "random_integer" "sleep" {
      [32m+[0m [0m[1m[0mid[0m[0m     = (known after apply)
      [32m+[0m [0m[1m[0mmax[0m[0m    = 5
      [32m+[0m [0m[1m[0mmin[0m[0m    = 1
      [32m+[0m [0m[1m[0mresult[0m[0m = (known after apply)
    }

[1m  # random_integer.sleep[160][0m will be created[0m[0m
[0m  [32m+[0m[0m resource "random_integer" "sleep" {
      [32m+[0m [0m[1m[0mid[0m[0m     = (known after apply)
      [32m+[0m [0m[1m[0mmax[0m[0m    = 5
      [32m+[0m [0m[1m[0mmin[0m[0m    = 1
      [32m+[0m [0m[1m[0mresult[0m[0m = (known after apply)
    }

[1m  # random_integer.sleep[161][0m will be created[0m[0m
[0m  [32m+[0m[0m resource "random_integer" "sleep" {
      [32m+[0m [0m[1m[0mid[0m[0m     = (known after apply)
      [32m+[0m [0m[1m[0mmax[0m[0m    = 5
      [32m+[0m [0m[1m[0mmin[0m[0m    = 1
      [32m+[0m [0m[1m[0mresult[0m[0m = (known after apply)
    }

[1m  # random_integer.sleep[162][0m will be created[0m[0m
[0m  [32m+[0m[0m resource "random_integer" "sleep" {
      [32m+[0m [0m[1m[0mid[0m[0m     = (known after apply)
      [32m+[0m [0m[1m[0mmax[0m[0m    = 5
      [32m+[0m [0m[1m[0mmin[0m[0m    = 1
      [32m+[0m [0m[1m[0mresult[0m[0m = (known after apply)
    }

[1m  # random_integer.sleep[163][0m will be created[0m[0m
[0m  [32m+[0m[0m resource "random_integer" "sleep" {
      [32m+[0m [0m[1m[0mid[0m[0m     = (known after apply)
      [32m+[0m [0m[1m[0mmax[0m[0m    = 5
      [32m+[0m [0m[1m[0mmin[0m[0m    = 1
      [32m+[0m [0m[1m[0mresult[0m[0m = (known after apply)
    }

[1m  # random_integer.sleep[164][0m will be created[0m[0m
[0m  [32m+[0m[0m resource "random_integer" "sleep" {
      [32m+[0m [0m[1m[0mid[0m[0m     = (known after apply)
      [32m+[0m [0m[1m[0mmax[0m[0m    = 5
      [32m+[0m [0m[1m[0mmin[0m[0m    = 1
      [32m+[0m [0m[1m[0mresult[0m[0m = (known after apply)
    }

[1m  # random_integer.sleep[165][0m will be created[0m[0m
[0m  [32m+[0m[0m resource "random_integer" "sleep" {
      [32m+[0m [0m[1m[0mid[0m[0m     = (known after apply)
      [32m+[0m [0m[1m[0mmax[0m[0m    = 5
      [32m+[0m [0m[1m[0mmin[0m[0m    = 1
      [32m+[0m [0m[1m[0mresult[0m[0m = (known after apply)
    }

[1m  # random_integer.sleep[166][0m will be created[0m[0m
[0m  [32m+[0m[0m resource "random_integer" "sleep" {
      [32m+[0m [0m[1m[0mid[0m[0m     = (known after apply)
      [32m+[0m [0m[1m[0mmax[0m[0m    = 5
      [32m+[0m [0m[1m[0mmin[0m[0m    = 1
      [32m+[0m [0m[1m[0mresult[0m[0m = (known after apply)
    }

[1m  # random_integer.sleep[167][0m will be created[0m[0m
[0m  [32m+[0m[0m resource "random_integer" "sleep" {
      [32m+[0m [0m[1m[0mid[0m[0m     = (known after apply)
      [32m+[0m [0m[1m[0mmax[0m[0m    = 5
      [32m+[0m [0m[1m[0mmin[0m[0m    = 1
      [32m+[0m [0m[1m[0mresult[0m[0m = (known after apply)
    }

[1m  # random_integer.sleep[168][0m will be created[0m[0m
[0m  [32m+[0m[0m resource "random_integer" "sleep" {
      [32m+[0m [0m[1m[0mid[0m[0m     = (known after apply)
      [32m+[0m [0m[1m[0mmax[0m[0m    = 5
      [32m+[0m [0m[1m[0mmin[0m[0m    = 1
      [32m+[0m [0m[1m[0mresult[0m[0m = (known after apply)
    }

[1m  # random_integer.sleep[169][0m will be created[0m[0m
[0m  [32m+[0m[0m resource "random_integer" "sleep" {
      [32m+[0m [0m[1m[0mid[0m[0m     = (known after apply)
      [32m+[0m [0m[1m[0mmax[0m[0m    = 5
      [32m+[0m [0m[1m[0mmin[0m[0m    = 1
      [32m+[0m [0m[1m[0mresult[0m[0m = (known after apply)
    }

[1m  # random_integer.sleep[170][0m will be created[0m[0m
[0m  [32m+[0m[0m resource "random_integer" "sleep" {
      [32m+[0m [0m[1m[0mid[0m[0m     = (known after apply)
      [32m+[0m [0m[1m[0mmax[0m[0m    = 5
      [32m+[0m [0m[1m[0mmin[0m[0m    = 1
      [32m+[0m [0m[1m[0mresult[0m[0m = (known after apply)
    }

[1m  # random_integer.sleep[171][0m will be created[0m[0m
[0m  [32m+[0m[0m resource "random_integer" "sleep" {
      [32m+[0m [0m[1m[0mid[0m[0m     = (known after apply)
      [32m+[0m [0m[1m[0mmax[0m[0m    = 5
      [32m+[0m [0m[1m[0mmin[0m[0m    = 1
      [32m+[0m [0m[1m[0mresult[0m[0m = (known after apply)
    }

[1m  # random_integer.sleep[172][0m will be created[0m[0m
[0m  [32m+[0m[0m resource "random_integer" "sleep" {
      [32m+[0m [0m[1m[0mid[0m[0m     = (known after apply)
      [32m+[0m [0m[1m[0mmax[0m[0m    = 5
      [32m+[0m [0m[1m[0mmin[0m[0m    = 1
      [32m+[0m [0m[1m[0mresult[0m[0m = (known after apply)
    }

[1m  # random_integer.sleep[173][0m will be created[0m[0m
[0m  [32m+[0m[0m resource "random_integer" "sleep" {
      [32m+[0m [0m[1m[0mid[0m[0m     = (known after apply)
      [32m+[0m [0m[1m[0mmax[0m[0m    = 5
      [32m+[0m [0m[1m[0mmin[0m[0m    = 1
      [32m+[0m [0m[1m[0mresult[0m[0m = (known after apply)
    }

[1m  # random_integer.sleep[174][0m will be created[0m[0m
[0m  [32m+[0m[0m resource "random_integer" "sleep" {
      [32m+[0m [0m[1m[0mid[0m[0m     = (known after apply)
      [32m+[0m [0m[1m[0mmax[0m[0m    = 5
      [32m+[0m [0m[1m[0mmin[0m[0m    = 1
      [32m+[0m [0m[1m[0mresult[0m[0m = (known after apply)
    }

[1m  # random_integer.sleep[175][0m will be created[0m[0m
[0m  [32m+[0m[0m resource "random_integer" "sleep" {
      [32m+[0m [0m[1m[0mid[0m[0m     = (known after apply)
      [32m+[0m [0m[1m[0mmax[0m[0m    = 5
      [32m+[0m [0m[1m[0mmin[0m[0m    = 1
      [32m+[0m [0m[1m[0mresult[0m[0m = (known after apply)
    }

[1m  # random_integer.sleep[176][0m will be created[0m[0m
[0m  [32m+[0m[0m resource "random_integer" "sleep" {
      [32m+[0m [0m[1m[0mid[0m[0m     = (known after apply)
      [32m+[0m [0m[1m[0mmax[0m[0m    = 5
      [32m+[0m [0m[1m[0mmin[0m[0m    = 1
      [32m+[0m [0m[1m[0mresult[0m[0m = (known after apply)
    }

[1m  # random_integer.sleep[177][0m will be created[0m[0m
[0m  [32m+[0m[0m resource "random_integer" "sleep" {
      [32m+[0m [0m[1m[0mid[0m[0m     = (known after apply)
      [32m+[0m [0m[1m[0mmax[0m[0m    = 5
      [32m+[0m [0m[1m[0mmin[0m[0m    = 1
      [32m+[0m [0m[1m[0mresult[0m[0m = (known after apply)
    }

[1m  # random_integer.sleep[178][0m will be created[0m[0m
[0m  [32m+[0m[0m resource "random_integer" "sleep" {
      [32m+[0m [0m[1m[0mid[0m[0m     = (known after apply)
      [32m+[0m [0m[1m[0mmax[0m[0m    = 5
      [32m+[0m [0m[1m[0mmin[0m[0m    = 1
      [32m+[0m [0m[1m[0mresult[0m[0m = (known after apply)
    }

[1m  # random_integer.sleep[179][0m will be created[0m[0m
[0m  [32m+[0m[0m resource "random_integer" "sleep" {
      [32m+[0m [0m[1m[0mid[0m[0m     = (known after apply)
      [32m+[0m [0m[1m[0mmax[0m[0m    = 5
      [32m+[0m [0m[1m[0mmin[0m[0m    = 1
      [32m+[0m [0m[1m[0mresult[0m[0m = (known after apply)
    }

[1m  # random_integer.sleep[180][0m will be created[0m[0m
[0m  [32m+[0m[0m resource "random_integer" "sleep" {
      [32m+[0m [0m[1m[0mid[0m[0m     = (known after apply)
      [32m+[0m [0m[1m[0mmax[0m[0m    = 5
      [32m+[0m [0m[1m[0mmin[0m[0m    = 1
      [32m+[0m [0m[1m[0mresult[0m[0m = (known after apply)
    }

[1m  # random_integer.sleep[181][0m will be created[0m[0m
[0m  [32m+[0m[0m resource "random_integer" "sleep" {
      [32m+[0m [0m[1m[0mid[0m[0m     = (known after apply)
      [32m+[0m [0m[1m[0mmax[0m[0m    = 5
      [32m+[0m [0m[1m[0mmin[0m[0m    = 1
      [32m+[0m [0m[1m[0mresult[0m[0m = (known after apply)
    }

[1m  # random_integer.sleep[182][0m will be created[0m[0m
[0m  [32m+[0m[0m resource "random_integer" "sleep" {
      [32m+[0m [0m[1m[0mid[0m[0m     = (known after apply)
      [32m+[0m [0m[1m[0mmax[0m[0m    = 5
      [32m+[0m [0m[1m[0mmin[0m[0m    = 1
      [32m+[0m [0m[1m[0mresult[0m[0m = (known after apply)
    }

[1m  # random_integer.sleep[183][0m will be created[0m[0m
[0m  [32m+[0m[0m resource "random_integer" "sleep" {
      [32m+[0m [0m[1m[0mid[0m[0m     = (known after apply)
      [32m+[0m [0m[1m[0mmax[0m[0m    = 5
      [32m+[0m [0m[1m[0mmin[0m[0m    = 1
      [32m+[0m [0m[1m[0mresult[0m[0m = (known after apply)
    }

[1m  # random_integer.sleep[184][0m will be created[0m[0m
[0m  [32m+[0m[0m resource "random_integer" "sleep" {
      [32m+[0m [0m[1m[0mid[0m[0m     = (known after apply)
      [32m+[0m [0m[1m[0mmax[0m[0m    = 5
      [32m+[0m [0m[1m[0mmin[0m[0m    = 1
      [32m+[0m [0m[1m[0mresult[0m[0m = (known after apply)
    }

[1m  # random_integer.sleep[185][0m will be created[0m[0m
[0m  [32m+[0m[0m resource "random_integer" "sleep" {
      [32m+[0m [0m[1m[0mid[0m[0m     = (known after apply)
      [32m+[0m [0m[1m[0mmax[0m[0m    = 5
      [32m+[0m [0m[1m[0mmin[0m[0m    = 1
      [32m+[0m [0m[1m[0mresult[0m[0m = (known after apply)
    }

[1m  # random_integer.sleep[186][0m will be created[0m[0m
[0m  [32m+[0m[0m resource "random_integer" "sleep" {
      [32m+[0m [0m[1m[0mid[0m[0m     = (known after apply)
      [32m+[0m [0m[1m[0mmax[0m[0m    = 5
      [32m+[0m [0m[1m[0mmin[0m[0m    = 1
      [32m+[0m [0m[1m[0mresult[0m[0m = (known after apply)
    }

[1m  # random_integer.sleep[187][0m will be created[0m[0m
[0m  [32m+[0m[0m resource "random_integer" "sleep" {
      [32m+[0m [0m[1m[0mid[0m[0m     = (known after apply)
      [32m+[0m [0m[1m[0mmax[0m[0m    = 5
      [32m+[0m [0m[1m[0mmin[0m[0m    = 1
      [32m+[0m [0m[1m[0mresult[0m[0m = (known after apply)
    }

[1m  # random_integer.sleep[188][0m will be created[0m[0m
[0m  [32m+[0m[0m resource "random_integer" "sleep" {
      [32m+[0m [0m[1m[0mid[0m[0m     = (known after apply)
      [32m+[0m [0m[1m[0mmax[0m[0m    = 5
      [32m+[0m [0m[1m[0mmin[0m[0m    = 1
      [32m+[0m [0m[1m[0mresult[0m[0m = (known after apply)
    }

[1m  # random_integer.sleep[189][0m will be created[0m[0m
[0m  [32m+[0m[0m resource "random_integer" "sleep" {
      [32m+[0m [0m[1m[0mid[0m[0m     = (known after apply)
      [32m+[0m [0m[1m[0mmax[0m[0m    = 5
      [32m+[0m [0m[1m[0mmin[0m[0m    = 1
      [32m+[0m [0m[1m[0mresult[0m[0m = (known after apply)
    }

[1m  # random_integer.sleep[190][0m will be created[0m[0m
[0m  [32m+[0m[0m resource "random_integer" "sleep" {
      [32m+[0m [0m[1m[0mid[0m[0m     = (known after apply)
      [32m+[0m [0m[1m[0mmax[0m[0m    = 5
      [32m+[0m [0m[1m[0mmin[0m[0m    = 1
      [32m+[0m [0m[1m[0mresult[0m[0m = (known after apply)
    }

[1m  # random_integer.sleep[191][0m will be created[0m[0m
[0m  [32m+[0m[0m resource "random_integer" "sleep" {
      [32m+[0m [0m[1m[0mid[0m[0m     = (known after apply)
      [32m+[0m [0m[1m[0mmax[0m[0m    = 5
      [32m+[0m [0m[1m[0mmin[0m[0m    = 1
      [32m+[0m [0m[1m[0mresult[0m[0m = (known after apply)
    }

[1m  # random_integer.sleep[192][0m will be created[0m[0m
[0m  [32m+[0m[0m resource "random_integer" "sleep" {
      [32m+[0m [0m[1m[0mid[0m[0m     = (known after apply)
      [32m+[0m [0m[1m[0mmax[0m[0m    = 5
      [32m+[0m [0m[1m[0mmin[0m[0m    = 1
      [32m+[0m [0m[1m[0mresult[0m[0m = (known after apply)
    }

[1m  # random_integer.sleep[193][0m will be created[0m[0m
[0m  [32m+[0m[0m resource "random_integer" "sleep" {
      [32m+[0m [0m[1m[0mid[0m[0m     = (known after apply)
      [32m+[0m [0m[1m[0mmax[0m[0m    = 5
      [32m+[0m [0m[1m[0mmin[0m[0m    = 1
      [32m+[0m [0m[1m[0mresult[0m[0m = (known after apply)
    }

[1m  # random_integer.sleep[194][0m will be created[0m[0m
[0m  [32m+[0m[0m resource "random_integer" "sleep" {
      [32m+[0m [0m[1m[0mid[0m[0m     = (known after apply)
      [32m+[0m [0m[1m[0mmax[0m[0m    = 5
      [32m+[0m [0m[1m[0mmin[0m[0m    = 1
      [32m+[0m [0m[1m[0mresult[0m[0m = (known after apply)
    }

[1m  # random_integer.sleep[195][0m will be created[0m[0m
[0m  [32m+[0m[0m resource "random_integer" "sleep" {
      [32m+[0m [0m[1m[0mid[0m[0m     = (known after apply)
      [32m+[0m [0m[1m[0mmax[0m[0m    = 5
      [32m+[0m [0m[1m[0mmin[0m[0m    = 1
      [32m+[0m [0m[1m[0mresult[0m[0m = (known after apply)
    }

[1m  # random_integer.sleep[196][0m will be created[0m[0m
[0m  [32m+[0m[0m resource "random_integer" "sleep" {
      [32m+[0m [0m[1m[0mid[0m[0m     = (known after apply)
      [32m+[0m [0m[1m[0mmax[0m[0m    = 5
      [32m+[0m [0m[1m[0mmin[0m[0m    = 1
      [32m+[0m [0m[1m[0mresult[0m[0m = (known after apply)
    }

[1m  # random_integer.sleep[197][0m will be created[0m[0m
[0m  [32m+[0m[0m resource "random_integer" "sleep" {
      [32m+[0m [0m[1m[0mid[0m[0m     = (known after apply)
      [32m+[0m [0m[1m[0mmax[0m[0m    = 5
      [32m+[0m [0m[1m[0mmin[0m[0m    = 1
      [32m+[0m [0m[1m[0mresult[0m[0m = (known after apply)
    }

[1m  # random_integer.sleep[198][0m will be created[0m[0m
[0m  [32m+[0m[0m resource "random_integer" "sleep" {
      [32m+[0m [0m[1m[0mid[0m[0m     = (known after apply)
      [32m+[0m [0m[1m[0mmax[0m[0m    = 5
      [32m+[0m [0m[1m[0mmin[0m[0m    = 1
      [32m+[0m [0m[1m[0mresult[0m[0m = (known after apply)
    }

[1m  # random_integer.sleep[199][0m will be created[0m[0m
[0m  [32m+[0m[0m resource "random_integer" "sleep" {
      [32m+[0m [0m[1m[0mid[0m[0m     = (known after apply)
      [32m+[0m [0m[1m[0mmax[0m[0m    = 5
      [32m+[0m [0m[1m[0mmin[0m[0m    = 1
      [32m+[0m [0m[1m[0mresult[0m[0m = (known after apply)
    }

[1m  # random_integer.sleep[200][0m will be created[0m[0m
[0m  [32m+[0m[0m resource "random_integer" "sleep" {
      [32m+[0m [0m[1m[0mid[0m[0m     = (known after apply)
      [32m+[0m [0m[1m[0mmax[0m[0m    = 5
      [32m+[0m [0m[1m[0mmin[0m[0m    = 1
      [32m+[0m [0m[1m[0mresult[0m[0m = (known after apply)
    }

[1m  # random_integer.sleep[201][0m will be created[0m[0m
[0m  [32m+[0m[0m resource "random_integer" "sleep" {
      [32m+[0m [0m[1m[0mid[0m[0m     = (known after apply)
      [32m+[0m [0m[1m[0mmax[0m[0m    = 5
      [32m+[0m [0m[1m[0mmin[0m[0m    = 1
      [32m+[0m [0m[1m[0mresult[0m[0m = (known after apply)
    }

[1m  # random_integer.sleep[202][0m will be created[0m[0m
[0m  [32m+[0m[0m resource "random_integer" "sleep" {
      [32m+[0m [0m[1m[0mid[0m[0m     = (known after apply)
      [32m+[0m [0m[1m[0mmax[0m[0m    = 5
      [32m+[0m [0m[1m[0mmin[0m[0m    = 1
      [32m+[0m [0m[1m[0mresult[0m[0m = (known after apply)
    }

[1m  # random_integer.sleep[203][0m will be created[0m[0m
[0m  [32m+[0m[0m resource "random_integer" "sleep" {
      [32m+[0m [0m[1m[0mid[0m[0m     = (known after apply)
      [32m+[0m [0m[1m[0mmax[0m[0m    = 5
      [32m+[0m [0m[1m[0mmin[0m[0m    = 1
      [32m+[0m [0m[1m[0mresult[0m[0m = (known after apply)
    }

[1m  # random_integer.sleep[204][0m will be created[0m[0m
[0m  [32m+[0m[0m resource "random_integer" "sleep" {
      [32m+[0m [0m[1m[0mid[0m[0m     = (known after apply)
      [32m+[0m [0m[1m[0mmax[0m[0m    = 5
      [32m+[0m [0m[1m[0mmin[0m[0m    = 1
      [32m+[0m [0m[1m[0mresult[0m[0m = (known after apply)
    }

[1m  # random_integer.sleep[205][0m will be created[0m[0m
[0m  [32m+[0m[0m resource "random_integer" "sleep" {
      [32m+[0m [0m[1m[0mid[0m[0m     = (known after apply)
      [32m+[0m [0m[1m[0mmax[0m[0m    = 5
      [32m+[0m [0m[1m[0mmin[0m[0m    = 1
      [32m+[0m [0m[1m[0mresult[0m[0m = (known after apply)
    }

[1m  # random_integer.sleep[206][0m will be created[0m[0m
[0m  [32m+[0m[0m resource "random_integer" "sleep" {
      [32m+[0m [0m[1m[0mid[0m[0m     = (known after apply)
      [32m+[0m [0m[1m[0mmax[0m[0m    = 5
      [32m+[0m [0m[1m[0mmin[0m[0m    = 1
      [32m+[0m [0m[1m[0mresult[0m[0m = (known after apply)
    }

[1m  # random_integer.sleep[207][0m will be created[0m[0m
[0m  [32m+[0m[0m resource "random_integer" "sleep" {
      [32m+[0m [0m[1m[0mid[0m[0m     = (known after apply)
      [32m+[0m [0m[1m[0mmax[0m[0m    = 5
      [32m+[0m [0m[1m[0mmin[0m[0m    = 1
      [32m+[0m [0m[1m[0mresult[0m[0m = (known after apply)
    }

[1m  # random_integer.sleep[208][0m will be created[0m[0m
[0m  [32m+[0m[0m resource "random_integer" "sleep" {
      [32m+[0m [0m[1m[0mid[0m[0m     = (known after apply)
      [32m+[0m [0m[1m[0mmax[0m[0m    = 5
      [32m+[0m [0m[1m[0mmin[0m[0m    = 1
      [32m+[0m [0m[1m[0mresult[0m[0m = (known after apply)
    }

[1m  # random_integer.sleep[209][0m will be created[0m[0m
[0m  [32m+[0m[0m resource "random_integer" "sleep" {
      [32m+[0m [0m[1m[0mid[0m[0m     = (known after apply)
      [32m+[0m [0m[1m[0mmax[0m[0m    = 5
      [32m+[0m [0m[1m[0mmin[0m[0m    = 1
      [32m+[0m [0m[1m[0mresult[0m[0m = (known after apply)
    }

[1m  # random_integer.sleep[210][0m will be created[0m[0m
[0m  [32m+[0m[0m resource "random_integer" "sleep" {
      [32m+[0m [0m[1m[0mid[0m[0m     = (known after apply)
      [32m+[0m [0m[1m[0mmax[0m[0m    = 5
      [32m+[0m [0m[1m[0mmin[0m[0m    = 1
      [32m+[0m [0m[1m[0mresult[0m[0m = (known after apply)
    }

[1m  # random_integer.sleep[211][0m will be created[0m[0m
[0m  [32m+[0m[0m resource "random_integer" "sleep" {
      [32m+[0m [0m[1m[0mid[0m[0m     = (known after apply)
      [32m+[0m [0m[1m[0mmax[0m[0m    = 5
      [32m+[0m [0m[1m[0mmin[0m[0m    = 1
      [32m+[0m [0m[1m[0mresult[0m[0m = (known after apply)
    }

[1m  # random_integer.sleep[212][0m will be created[0m[0m
[0m  [32m+[0m[0m resource "random_integer" "sleep" {
      [32m+[0m [0m[1m[0mid[0m[0m     = (known after apply)
      [32m+[0m [0m[1m[0mmax[0m[0m    = 5
      [32m+[0m [0m[1m[0mmin[0m[0m    = 1
      [32m+[0m [0m[1m[0mresult[0m[0m = (known after apply)
    }

[1m  # random_integer.sleep[213][0m will be created[0m[0m
[0m  [32m+[0m[0m resource "random_integer" "sleep" {
      [32m+[0m [0m[1m[0mid[0m[0m     = (known after apply)
      [32m+[0m [0m[1m[0mmax[0m[0m    = 5
      [32m+[0m [0m[1m[0mmin[0m[0m    = 1
      [32m+[0m [0m[1m[0mresult[0m[0m = (known after apply)
    }

[1m  # random_integer.sleep[214][0m will be created[0m[0m
[0m  [32m+[0m[0m resource "random_integer" "sleep" {
      [32m+[0m [0m[1m[0mid[0m[0m     = (known after apply)
      [32m+[0m [0m[1m[0mmax[0m[0m    = 5
      [32m+[0m [0m[1m[0mmin[0m[0m    = 1
      [32m+[0m [0m[1m[0mresult[0m[0m = (known after apply)
    }

[1m  # random_integer.sleep[215][0m will be created[0m[0m
[0m  [32m+[0m[0m resource "random_integer" "sleep" {
      [32m+[0m [0m[1m[0mid[0m[0m     = (known after apply)
      [32m+[0m [0m[1m[0mmax[0m[0m    = 5
      [32m+[0m [0m[1m[0mmin[0m[0m    = 1
      [32m+[0m [0m[1m[0mresult[0m[0m = (known after apply)
    }

[1m  # random_integer.sleep[216][0m will be created[0m[0m
[0m  [32m+[0m[0m resource "random_integer" "sleep" {
      [32m+[0m [0m[1m[0mid[0m[0m     = (known after apply)
      [32m+[0m [0m[1m[0mmax[0m[0m    = 5
      [32m+[0m [0m[1m[0mmin[0m[0m    = 1
      [32m+[0m [0m[1m[0mresult[0m[0m = (known after apply)
    }

[1m  # random_integer.sleep[217][0m will be created[0m[0m
[0m  [32m+[0m[0m resource "random_integer" "sleep" {
      [32m+[0m [0m[1m[0mid[0m[0m     = (known after apply)
      [32m+[0m [0m[1m[0mmax[0m[0m    = 5
      [32m+[0m [0m[1m[0mmin[0m[0m    = 1
      [32m+[0m [0m[1m[0mresult[0m[0m = (known after apply)
    }

[1m  # random_integer.sleep[218][0m will be created[0m[0m
[0m  [32m+[0m[0m resource "random_integer" "sleep" {
      [32m+[0m [0m[1m[0mid[0m[0m     = (known after apply)
      [32m+[0m [0m[1m[0mmax[0m[0m    = 5
      [32m+[0m [0m[1m[0mmin[0m[0m    = 1
      [32m+[0m [0m[1m[0mresult[0m[0m = (known after apply)
    }

[1m  # random_integer.sleep[219][0m will be created[0m[0m
[0m  [32m+[0m[0m resource "random_integer" "sleep" {
      [32m+[0m [0m[1m[0mid[0m[0m     = (known after apply)
      [32m+[0m [0m[1m[0mmax[0m[0m    = 5
      [32m+[0m [0m[1m[0mmin[0m[0m    = 1
      [32m+[0m [0m[1m[0mresult[0m[0m = (known after apply)
    }

[1m  # random_integer.sleep[220][0m will be created[0m[0m
[0m  [32m+[0m[0m resource "random_integer" "sleep" {
      [32m+[0m [0m[1m[0mid[0m[0m     = (known after apply)
      [32m+[0m [0m[1m[0mmax[0m[0m    = 5
      [32m+[0m [0m[1m[0mmin[0m[0m    = 1
      [32m+[0m [0m[1m[0mresult[0m[0m = (known after apply)
    }

[1m  # random_integer.sleep[221][0m will be created[0m[0m
[0m  [32m+[0m[0m resource "random_integer" "sleep" {
      [32m+[0m [0m[1m[0mid[0m[0m     = (known after apply)
      [32m+[0m [0m[1m[0mmax[0m[0m    = 5
      [32m+[0m [0m[1m[0mmin[0m[0m    = 1
      [32m+[0m [0m[1m[0mresult[0m[0m = (known after apply)
    }

[1m  # random_integer.sleep[222][0m will be created[0m[0m
[0m  [32m+[0m[0m resource "random_integer" "sleep" {
      [32m+[0m [0m[1m[0mid[0m[0m     = (known after apply)
      [32m+[0m [0m[1m[0mmax[0m[0m    = 5
      [32m+[0m [0m[1m[0mmin[0m[0m    = 1
      [32m+[0m [0m[1m[0mresult[0m[0m = (known after apply)
    }

[1m  # random_integer.sleep[223][0m will be created[0m[0m
[0m  [32m+[0m[0m resource "random_integer" "sleep" {
      [32m+[0m [0m[1m[0mid[0m[0m     = (known after apply)
      [32m+[0m [0m[1m[0mmax[0m[0m    = 5
      [32m+[0m [0m[1m[0mmin[0m[0m    = 1
      [32m+[0m [0m[1m[0mresult[0m[0m = (known after apply)
    }

[1m  # random_integer.sleep[224][0m will be created[0m[0m
[0m  [32m+[0m[0m resource "random_integer" "sleep" {
      [32m+[0m [0m[1m[0mid[0m[0m     = (known after apply)
      [32m+[0m [0m[1m[0mmax[0m[0m    = 5
      [32m+[0m [0m[1m[0mmin[0m[0m    = 1
      [32m+[0m [0m[1m[0mresult[0m[0m = (known after apply)
    }

[1m  # random_integer.sleep[225][0m will be created[0m[0m
[0m  [32m+[0m[0m resource "random_integer" "sleep" {
      [32m+[0m [0m[1m[0mid[0m[0m     = (known after apply)
      [32m+[0m [0m[1m[0mmax[0m[0m    = 5
      [32m+[0m [0m[1m[0mmin[0m[0m    = 1
      [32m+[0m [0m[1m[0mresult[0m[0m = (known after apply)
    }

[1m  # random_integer.sleep[226][0m will be created[0m[0m
[0m  [32m+[0m[0m resource "random_integer" "sleep" {
      [32m+[0m [0m[1m[0mid[0m[0m     = (known after apply)
      [32m+[0m [0m[1m[0mmax[0m[0m    = 5
      [32m+[0m [0m[1m[0mmin[0m[0m    = 1
      [32m+[0m [0m[1m[0mresult[0m[0m = (known after apply)
    }

[1m  # random_integer.sleep[227][0m will be created[0m[0m
[0m  [32m+[0m[0m resource "random_integer" "sleep" {
      [32m+[0m [0m[1m[0mid[0m[0m     = (known after apply)
      [32m+[0m [0m[1m[0mmax[0m[0m    = 5
      [32m+[0m [0m[1m[0mmin[0m[0m    = 1
      [32m+[0m [0m[1m[0mresult[0m[0m = (known after apply)
    }

[1m  # random_integer.sleep[228][0m will be created[0m[0m
[0m  [32m+[0m[0m resource "random_integer" "sleep" {
      [32m+[0m [0m[1m[0mid[0m[0m     = (known after apply)
      [32m+[0m [0m[1m[0mmax[0m[0m    = 5
      [32m+[0m [0m[1m[0mmin[0m[0m    = 1
      [32m+[0m [0m[1m[0mresult[0m[0m = (known after apply)
    }

[1m  # random_integer.sleep[229][0m will be created[0m[0m
[0m  [32m+[0m[0m resource "random_integer" "sleep" {
      [32m+[0m [0m[1m[0mid[0m[0m     = (known after apply)
      [32m+[0m [0m[1m[0mmax[0m[0m    = 5
      [32m+[0m [0m[1m[0mmin[0m[0m    = 1
      [32m+[0m [0m[1m[0mresult[0m[0m = (known after apply)
    }

[1m  # random_integer.sleep[230][0m will be created[0m[0m
[0m  [32m+[0m[0m resource "random_integer" "sleep" {
      [32m+[0m [0m[1m[0mid[0m[0m     = (known after apply)
      [32m+[0m [0m[1m[0mmax[0m[0m    = 5
      [32m+[0m [0m[1m[0mmin[0m[0m    = 1
      [32m+[0m [0m[1m[0mresult[0m[0m = (known after apply)
    }

[1m  # random_integer.sleep[231][0m will be created[0m[0m
[0m  [32m+[0m[0m resource "random_integer" "sleep" {
      [32m+[0m [0m[1m[0mid[0m[0m     = (known after apply)
      [32m+[0m [0m[1m[0mmax[0m[0m    = 5
      [32m+[0m [0m[1m[0mmin[0m[0m    = 1
      [32m+[0m [0m[1m[0mresult[0m[0m = (known after apply)
    }

[1m  # random_integer.sleep[232][0m will be created[0m[0m
[0m  [32m+[0m[0m resource "random_integer" "sleep" {
      [32m+[0m [0m[1m[0mid[0m[0m     = (known after apply)
      [32m+[0m [0m[1m[0mmax[0m[0m    = 5
      [32m+[0m [0m[1m[0mmin[0m[0m    = 1
      [32m+[0m [0m[1m[0mresult[0m[0m = (known after apply)
    }

[1m  # random_integer.sleep[233][0m will be created[0m[0m
[0m  [32m+[0m[0m resource "random_integer" "sleep" {
      [32m+[0m [0m[1m[0mid[0m[0m     = (known after apply)
      [32m+[0m [0m[1m[0mmax[0m[0m    = 5
      [32m+[0m [0m[1m[0mmin[0m[0m    = 1
      [32m+[0m [0m[1m[0mresult[0m[0m = (known after apply)
    }

[1m  # random_integer.sleep[234][0m will be created[0m[0m
[0m  [32m+[0m[0m resource "random_integer" "sleep" {
      [32m+[0m [0m[1m[0mid[0m[0m     = (known after apply)
      [32m+[0m [0m[1m[0mmax[0m[0m    = 5
      [32m+[0m [0m[1m[0mmin[0m[0m    = 1
      [32m+[0m [0m[1m[0mresult[0m[0m = (known after apply)
    }

[1m  # random_integer.sleep[235][0m will be created[0m[0m
[0m  [32m+[0m[0m resource "random_integer" "sleep" {
      [32m+[0m [0m[1m[0mid[0m[0m     = (known after apply)
      [32m+[0m [0m[1m[0mmax[0m[0m    = 5
      [32m+[0m [0m[1m[0mmin[0m[0m    = 1
      [32m+[0m [0m[1m[0mresult[0m[0m = (known after apply)
    }

[1m  # random_integer.sleep[236][0m will be created[0m[0m
[0m  [32m+[0m[0m resource "random_integer" "sleep" {
      [32m+[0m [0m[1m[0mid[0m[0m     = (known after apply)
      [32m+[0m [0m[1m[0mmax[0m[0m    = 5
      [32m+[0m [0m[1m[0mmin[0m[0m    = 1
      [32m+[0m [0m[1m[0mresult[0m[0m = (known after apply)
    }

[1m  # random_integer.sleep[237][0m will be created[0m[0m
[0m  [32m+[0m[0m resource "random_integer" "sleep" {
      [32m+[0m [0m[1m[0mid[0m[0m     = (known after apply)
      [32m+[0m [0m[1m[0mmax[0m[0m    = 5
      [32m+[0m [0m[1m[0mmin[0m[0m    = 1
      [32m+[0m [0m[1m[0mresult[0m[0m = (known after apply)
    }

[1m  # random_integer.sleep[238][0m will be created[0m[0m
[0m  [32m+[0m[0m resource "random_integer" "sleep" {
      [32m+[0m [0m[1m[0mid[0m[0m     = (known after apply)
      [32m+[0m [0m[1m[0mmax[0m[0m    = 5
      [32m+[0m [0m[1m[0mmin[0m[0m    = 1
      [32m+[0m [0m[1m[0mresult[0m[0m = (known after apply)
    }

[1m  # random_integer.sleep[239][0m will be created[0m[0m
[0m  [32m+[0m[0m resource "random_integer" "sleep" {
      [32m+[0m [0m[1m[0mid[0m[0m     = (known after apply)
      [32m+[0m [0m[1m[0mmax[0m[0m    = 5
      [32m+[0m [0m[1m[0mmin[0m[0m    = 1
      [32m+[0m [0m[1m[0mresult[0m[0m = (known after apply)
    }

[1m  # random_integer.sleep[240][0m will be created[0m[0m
[0m  [32m+[0m[0m resource "random_integer" "sleep" {
      [32m+[0m [0m[1m[0mid[0m[0m     = (known after apply)
      [32m+[0m [0m[1m[0mmax[0m[0m    = 5
      [32m+[0m [0m[1m[0mmin[0m[0m    = 1
      [32m+[0m [0m[1m[0mresult[0m[0m = (known after apply)
    }

[1m  # random_integer.sleep[241][0m will be created[0m[0m
[0m  [32m+[0m[0m resource "random_integer" "sleep" {
      [32m+[0m [0m[1m[0mid[0m[0m     = (known after apply)
      [32m+[0m [0m[1m[0mmax[0m[0m    = 5
      [32m+[0m [0m[1m[0mmin[0m[0m    = 1
      [32m+[0m [0m[1m[0mresult[0m[0m = (known after apply)
    }

[1m  # random_integer.sleep[242][0m will be created[0m[0m
[0m  [32m+[0m[0m resource "random_integer" "sleep" {
      [32m+[0m [0m[1m[0mid[0m[0m     = (known after apply)
      [32m+[0m [0m[1m[0mmax[0m[0m    = 5
      [32m+[0m [0m[1m[0mmin[0m[0m    = 1
      [32m+[0m [0m[1m[0mresult[0m[0m = (known after apply)
    }

[1m  # random_integer.sleep[243][0m will be created[0m[0m
[0m  [32m+[0m[0m resource "random_integer" "sleep" {
      [32m+[0m [0m[1m[0mid[0m[0m     = (known after apply)
      [32m+[0m [0m[1m[0mmax[0m[0m    = 5
      [32m+[0m [0m[1m[0mmin[0m[0m    = 1
      [32m+[0m [0m[1m[0mresult[0m[0m = (known after apply)
    }

[1m  # random_integer.sleep[244][0m will be created[0m[0m
[0m  [32m+[0m[0m resource "random_integer" "sleep" {
      [32m+[0m [0m[1m[0mid[0m[0m     = (known after apply)
      [32m+[0m [0m[1m[0mmax[0m[0m    = 5
      [32m+[0m [0m[1m[0mmin[0m[0m    = 1
      [32m+[0m [0m[1m[0mresult[0m[0m = (known after apply)
    }

[1m  # random_integer.sleep[245][0m will be created[0m[0m
[0m  [32m+[0m[0m resource "random_integer" "sleep" {
      [32m+[0m [0m[1m[0mid[0m[0m     = (known after apply)
      [32m+[0m [0m[1m[0mmax[0m[0m    = 5
      [32m+[0m [0m[1m[0mmin[0m[0m    = 1
      [32m+[0m [0m[1m[0mresult[0m[0m = (known after apply)
    }

[1m  # random_integer.sleep[246][0m will be created[0m[0m
[0m  [32m+[0m[0m resource "random_integer" "sleep" {
      [32m+[0m [0m[1m[0mid[0m[0m     = (known after apply)
      [32m+[0m [0m[1m[0mmax[0m[0m    = 5
      [32m+[0m [0m[1m[0mmin[0m[0m    = 1
      [32m+[0m [0m[1m[0mresult[0m[0m = (known after apply)
    }

[1m  # random_integer.sleep[247][0m will be created[0m[0m
[0m  [32m+[0m[0m resource "random_integer" "sleep" {
      [32m+[0m [0m[1m[0mid[0m[0m     = (known after apply)
      [32m+[0m [0m[1m[0mmax[0m[0m    = 5
      [32m+[0m [0m[1m[0mmin[0m[0m    = 1
      [32m+[0m [0m[1m[0mresult[0m[0m = (known after apply)
    }

[1m  # random_integer.sleep[248][0m will be created[0m[0m
[0m  [32m+[0m[0m resource "random_integer" "sleep" {
      [32m+[0m [0m[1m[0mid[0m[0m     = (known after apply)
      [32m+[0m [0m[1m[0mmax[0m[0m    = 5
      [32m+[0m [0m[1m[0mmin[0m[0m    = 1
      [32m+[0m [0m[1m[0mresult[0m[0m = (known after apply)
    }

[1m  # random_integer.sleep[249][0m will be created[0m[0m
[0m  [32m+[0m[0m resource "random_integer" "sleep" {
      [32m+[0m [0m[1m[0mid[0m[0m     = (known after apply)
      [32m+[0m [0m[1m[0mmax[0m[0m    = 5
      [32m+[0m [0m[1m[0mmin[0m[0m    = 1
      [32m+[0m [0m[1m[0mresult[0m[0m = (known after apply)
    }

[1m  # random_integer.sleep[250][0m will be created[0m[0m
[0m  [32m+[0m[0m resource "random_integer" "sleep" {
      [32m+[0m [0m[1m[0mid[0m[0m     = (known after apply)
      [32m+[0m [0m[1m[0mmax[0m[0m    = 5
      [32m+[0m [0m[1m[0mmin[0m[0m    = 1
      [32m+[0m [0m[1m[0mresult[0m[0m = (known after apply)
    }

[1m  # random_integer.sleep[251][0m will be created[0m[0m
[0m  [32m+[0m[0m resource "random_integer" "sleep" {
      [32m+[0m [0m[1m[0mid[0m[0m     = (known after apply)
      [32m+[0m [0m[1m[0mmax[0m[0m    = 5
      [32m+[0m [0m[1m[0mmin[0m[0m    = 1
      [32m+[0m [0m[1m[0mresult[0m[0m = (known after apply)
    }

[1m  # random_integer.sleep[252][0m will be created[0m[0m
[0m  [32m+[0m[0m resource "random_integer" "sleep" {
      [32m+[0m [0m[1m[0mid[0m[0m     = (known after apply)
      [32m+[0m [0m[1m[0mmax[0m[0m    = 5
      [32m+[0m [0m[1m[0mmin[0m[0m    = 1
      [32m+[0m [0m[1m[0mresult[0m[0m = (known after apply)
    }

[1m  # random_integer.sleep[253][0m will be created[0m[0m
[0m  [32m+[0m[0m resource "random_integer" "sleep" {
      [32m+[0m [0m[1m[0mid[0m[0m     = (known after apply)
      [32m+[0m [0m[1m[0mmax[0m[0m    = 5
      [32m+[0m [0m[1m[0mmin[0m[0m    = 1
      [32m+[0m [0m[1m[0mresult[0m[0m = (known after apply)
    }

[1m  # random_integer.sleep[254][0m will be created[0m[0m
[0m  [32m+[0m[0m resource "random_integer" "sleep" {
      [32m+[0m [0m[1m[0mid[0m[0m     = (known after apply)
      [32m+[0m [0m[1m[0mmax[0m[0m    = 5
      [32m+[0m [0m[1m[0mmin[0m[0m    = 1
      [32m+[0m [0m[1m[0mresult[0m[0m = (known after apply)
    }

[1m  # random_integer.sleep[255][0m will be created[0m[0m
[0m  [32m+[0m[0m resource "random_integer" "sleep" {
      [32m+[0m [0m[1m[0mid[0m[0m     = (known after apply)
      [32m+[0m [0m[1m[0mmax[0m[0m    = 5
      [32m+[0m [0m[1m[0mmin[0m[0m    = 1
      [32m+[0m [0m[1m[0mresult[0m[0m = (known after apply)
    }

[1m  # random_integer.sleep[256][0m will be created[0m[0m
[0m  [32m+[0m[0m resource "random_integer" "sleep" {
      [32m+[0m [0m[1m[0mid[0m[0m     = (known after apply)
      [32m+[0m [0m[1m[0mmax[0m[0m    = 5
      [32m+[0m [0m[1m[0mmin[0m[0m    = 1
      [32m+[0m [0m[1m[0mresult[0m[0m = (known after apply)
    }

[1m  # random_integer.sleep[257][0m will be created[0m[0m
[0m  [32m+[0m[0m resource "random_integer" "sleep" {
      [32m+[0m [0m[1m[0mid[0m[0m     = (known after apply)
      [32m+[0m [0m[1m[0mmax[0m[0m    = 5
      [32m+[0m [0m[1m[0mmin[0m[0m    = 1
      [32m+[0m [0m[1m[0mresult[0m[0m = (known after apply)
    }

[1m  # random_integer.sleep[258][0m will be created[0m[0m
[0m  [32m+[0m[0m resource "random_integer" "sleep" {
      [32m+[0m [0m[1m[0mid[0m[0m     = (known after apply)
      [32m+[0m [0m[1m[0mmax[0m[0m    = 5
      [32m+[0m [0m[1m[0mmin[0m[0m    = 1
      [32m+[0m [0m[1m[0mresult[0m[0m = (known after apply)
    }

[1m  # random_integer.sleep[259][0m will be created[0m[0m
[0m  [32m+[0m[0m resource "random_integer" "sleep" {
      [32m+[0m [0m[1m[0mid[0m[0m     = (known after apply)
      [32m+[0m [0m[1m[0mmax[0m[0m    = 5
      [32m+[0m [0m[1m[0mmin[0m[0m    = 1
      [32m+[0m [0m[1m[0mresult[0m[0m = (known after apply)
    }

[1m  # random_integer.sleep[260][0m will be created[0m[0m
[0m  [32m+[0m[0m resource "random_integer" "sleep" {
      [32m+[0m [0m[1m[0mid[0m[0m     = (known after apply)
      [32m+[0m [0m[1m[0mmax[0m[0m    = 5
      [32m+[0m [0m[1m[0mmin[0m[0m    = 1
      [32m+[0m [0m[1m[0mresult[0m[0m = (known after apply)
    }

[1m  # random_integer.sleep[261][0m will be created[0m[0m
[0m  [32m+[0m[0m resource "random_integer" "sleep" {
      [32m+[0m [0m[1m[0mid[0m[0m     = (known after apply)
      [32m+[0m [0m[1m[0mmax[0m[0m    = 5
      [32m+[0m [0m[1m[0mmin[0m[0m    = 1
      [32m+[0m [0m[1m[0mresult[0m[0m = (known after apply)
    }

[1m  # random_integer.sleep[262][0m will be created[0m[0m
[0m  [32m+[0m[0m resource "random_integer" "sleep" {
      [32m+[0m [0m[1m[0mid[0m[0m     = (known after apply)
      [32m+[0m [0m[1m[0mmax[0m[0m    = 5
      [32m+[0m [0m[1m[0mmin[0m[0m    = 1
      [32m+[0m [0m[1m[0mresult[0m[0m = (known after apply)
    }

[1m  # random_integer.sleep[263][0m will be created[0m[0m
[0m  [32m+[0m[0m resource "random_integer" "sleep" {
      [32m+[0m [0m[1m[0mid[0m[0m     = (known after apply)
      [32m+[0m [0m[1m[0mmax[0m[0m    = 5
      [32m+[0m [0m[1m[0mmin[0m[0m    = 1
      [32m+[0m [0m[1m[0mresult[0m[0m = (known after apply)
    }

[1m  # random_integer.sleep[264][0m will be created[0m[0m
[0m  [32m+[0m[0m resource "random_integer" "sleep" {
      [32m+[0m [0m[1m[0mid[0m[0m     = (known after apply)
      [32m+[0m [0m[1m[0mmax[0m[0m    = 5
      [32m+[0m [0m[1m[0mmin[0m[0m    = 1
      [32m+[0m [0m[1m[0mresult[0m[0m = (known after apply)
    }

[1m  # random_integer.sleep[265][0m will be created[0m[0m
[0m  [32m+[0m[0m resource "random_integer" "sleep" {
      [32m+[0m [0m[1m[0mid[0m[0m     = (known after apply)
      [32m+[0m [0m[1m[0mmax[0m[0m    = 5
      [32m+[0m [0m[1m[0mmin[0m[0m    = 1
      [32m+[0m [0m[1m[0mresult[0m[0m = (known after apply)
    }

[1m  # random_integer.sleep[266][0m will be created[0m[0m
[0m  [32m+[0m[0m resource "random_integer" "sleep" {
      [32m+[0m [0m[1m[0mid[0m[0m     = (known after apply)
      [32m+[0m [0m[1m[0mmax[0m[0m    = 5
      [32m+[0m [0m[1m[0mmin[0m[0m    = 1
      [32m+[0m [0m[1m[0mresult[0m[0m = (known after apply)
    }

[1m  # random_integer.sleep[267][0m will be created[0m[0m
[0m  [32m+[0m[0m resource "random_integer" "sleep" {
      [32m+[0m [0m[1m[0mid[0m[0m     = (known after apply)
      [32m+[0m [0m[1m[0mmax[0m[0m    = 5
      [32m+[0m [0m[1m[0mmin[0m[0m    = 1
      [32m+[0m [0m[1m[0mresult[0m[0m = (known after apply)
    }

[1m  # random_integer.sleep[268][0m will be created[0m[0m
[0m  [32m+[0m[0m resource "random_integer" "sleep" {
      [32m+[0m [0m[1m[0mid[0m[0m     = (known after apply)
      [32m+[0m [0m[1m[0mmax[0m[0m    = 5
      [32m+[0m [0m[1m[0mmin[0m[0m    = 1
      [32m+[0m [0m[1m[0mresult[0m[0m = (known after apply)
    }

[1m  # random_integer.sleep[269][0m will be created[0m[0m
[0m  [32m+[0m[0m resource "random_integer" "sleep" {
      [32m+[0m [0m[1m[0mid[0m[0m     = (known after apply)
      [32m+[0m [0m[1m[0mmax[0m[0m    = 5
      [32m+[0m [0m[1m[0mmin[0m[0m    = 1
      [32m+[0m [0m[1m[0mresult[0m[0m = (known after apply)
    }

[1m  # random_integer.sleep[270][0m will be created[0m[0m
[0m  [32m+[0m[0m resource "random_integer" "sleep" {
      [32m+[0m [0m[1m[0mid[0m[0m     = (known after apply)
      [32m+[0m [0m[1m[0mmax[0m[0m    = 5
      [32m+[0m [0m[1m[0mmin[0m[0m    = 1
      [32m+[0m [0m[1m[0mresult[0m[0m = (known after apply)
    }

[1m  # random_integer.sleep[271][0m will be created[0m[0m
[0m  [32m+[0m[0m resource "random_integer" "sleep" {
      [32m+[0m [0m[1m[0mid[0m[0m     = (known after apply)
      [32m+[0m [0m[1m[0mmax[0m[0m    = 5
      [32m+[0m [0m[1m[0mmin[0m[0m    = 1
      [32m+[0m [0m[1m[0mresult[0m[0m = (known after apply)
    }

[1m  # random_integer.sleep[272][0m will be created[0m[0m
[0m  [32m+[0m[0m resource "random_integer" "sleep" {
      [32m+[0m [0m[1m[0mid[0m[0m     = (known after apply)
      [32m+[0m [0m[1m[0mmax[0m[0m    = 5
      [32m+[0m [0m[1m[0mmin[0m[0m    = 1
      [32m+[0m [0m[1m[0mresult[0m[0m = (known after apply)
    }

[1m  # random_integer.sleep[273][0m will be created[0m[0m
[0m  [32m+[0m[0m resource "random_integer" "sleep" {
      [32m+[0m [0m[1m[0mid[0m[0m     = (known after apply)
      [32m+[0m [0m[1m[0mmax[0m[0m    = 5
      [32m+[0m [0m[1m[0mmin[0m[0m    = 1
      [32m+[0m [0m[1m[0mresult[0m[0m = (known after apply)
    }

[1m  # random_integer.sleep[274][0m will be created[0m[0m
[0m  [32m+[0m[0m resource "random_integer" "sleep" {
      [32m+[0m [0m[1m[0mid[0m[0m     = (known after apply)
      [32m+[0m [0m[1m[0mmax[0m[0m    = 5
      [32m+[0m [0m[1m[0mmin[0m[0m    = 1
      [32m+[0m [0m[1m[0mresult[0m[0m = (known after apply)
    }

[1m  # random_integer.sleep[275][0m will be created[0m[0m
[0m  [32m+[0m[0m resource "random_integer" "sleep" {
      [32m+[0m [0m[1m[0mid[0m[0m     = (known after apply)
      [32m+[0m [0m[1m[0mmax[0m[0m    = 5
      [32m+[0m [0m[1m[0mmin[0m[0m    = 1
      [32m+[0m [0m[1m[0mresult[0m[0m = (known after apply)
    }

[1m  # random_integer.sleep[276][0m will be created[0m[0m
[0m  [32m+[0m[0m resource "random_integer" "sleep" {
      [32m+[0m [0m[1m[0mid[0m[0m     = (known after apply)
      [32m+[0m [0m[1m[0mmax[0m[0m    = 5
      [32m+[0m [0m[1m[0mmin[0m[0m    = 1
      [32m+[0m [0m[1m[0mresult[0m[0m = (known after apply)
    }

[1m  # random_integer.sleep[277][0m will be created[0m[0m
[0m  [32m+[0m[0m resource "random_integer" "sleep" {
      [32m+[0m [0m[1m[0mid[0m[0m     = (known after apply)
      [32m+[0m [0m[1m[0mmax[0m[0m    = 5
      [32m+[0m [0m[1m[0mmin[0m[0m    = 1
      [32m+[0m [0m[1m[0mresult[0m[0m = (known after apply)
    }

[1m  # random_integer.sleep[278][0m will be created[0m[0m
[0m  [32m+[0m[0m resource "random_integer" "sleep" {
      [32m+[0m [0m[1m[0mid[0m[0m     = (known after apply)
      [32m+[0m [0m[1m[0mmax[0m[0m    = 5
      [32m+[0m [0m[1m[0mmin[0m[0m    = 1
      [32m+[0m [0m[1m[0mresult[0m[0m = (known after apply)
    }

[1m  # random_integer.sleep[279][0m will be created[0m[0m
[0m  [32m+[0m[0m resource "random_integer" "sleep" {
      [32m+[0m [0m[1m[0mid[0m[0m     = (known after apply)
      [32m+[0m [0m[1m[0mmax[0m[0m    = 5
      [32m+[0m [0m[1m[0mmin[0m[0m    = 1
      [32m+[0m [0m[1m[0mresult[0m[0m = (known after apply)
    }

[1m  # random_integer.sleep[280][0m will be created[0m[0m
[0m  [32m+[0m[0m resource "random_integer" "sleep" {
      [32m+[0m [0m[1m[0mid[0m[0m     = (known after apply)
      [32m+[0m [0m[1m[0mmax[0m[0m    = 5
      [32m+[0m [0m[1m[0mmin[0m[0m    = 1
      [32m+[0m [0m[1m[0mresult[0m[0m = (known after apply)
    }

[1m  # random_integer.sleep[281][0m will be created[0m[0m
[0m  [32m+[0m[0m resource "random_integer" "sleep" {
      [32m+[0m [0m[1m[0mid[0m[0m     = (known after apply)
      [32m+[0m [0m[1m[0mmax[0m[0m    = 5
      [32m+[0m [0m[1m[0mmin[0m[0m    = 1
      [32m+[0m [0m[1m[0mresult[0m[0m = (known after apply)
    }

[1m  # random_integer.sleep[282][0m will be created[0m[0m
[0m  [32m+[0m[0m resource "random_integer" "sleep" {
      [32m+[0m [0m[1m[0mid[0m[0m     = (known after apply)
      [32m+[0m [0m[1m[0mmax[0m[0m    = 5
      [32m+[0m [0m[1m[0mmin[0m[0m    = 1
      [32m+[0m [0m[1m[0mresult[0m[0m = (known after apply)
    }

[1m  # random_integer.sleep[283][0m will be created[0m[0m
[0m  [32m+[0m[0m resource "random_integer" "sleep" {
      [32m+[0m [0m[1m[0mid[0m[0m     = (known after apply)
      [32m+[0m [0m[1m[0mmax[0m[0m    = 5
      [32m+[0m [0m[1m[0mmin[0m[0m    = 1
      [32m+[0m [0m[1m[0mresult[0m[0m = (known after apply)
    }

[1m  # random_integer.sleep[284][0m will be created[0m[0m
[0m  [32m+[0m[0m resource "random_integer" "sleep" {
      [32m+[0m [0m[1m[0mid[0m[0m     = (known after apply)
      [32m+[0m [0m[1m[0mmax[0m[0m    = 5
      [32m+[0m [0m[1m[0mmin[0m[0m    = 1
      [32m+[0m [0m[1m[0mresult[0m[0m = (known after apply)
    }

[1m  # random_integer.sleep[285][0m will be created[0m[0m
[0m  [32m+[0m[0m resource "random_integer" "sleep" {
      [32m+[0m [0m[1m[0mid[0m[0m     = (known after apply)
      [32m+[0m [0m[1m[0mmax[0m[0m    = 5
      [32m+[0m [0m[1m[0mmin[0m[0m    = 1
      [32m+[0m [0m[1m[0mresult[0m[0m = (known after apply)
    }

[1m  # random_integer.sleep[286][0m will be created[0m[0m
[0m  [32m+[0m[0m resource "random_integer" "sleep" {
      [32m+[0m [0m[1m[0mid[0m[0m     = (known after apply)
      [32m+[0m [0m[1m[0mmax[0m[0m    = 5
      [32m+[0m [0m[1m[0mmin[0m[0m    = 1
      [32m+[0m [0m[1m[0mresult[0m[0m = (known after apply)
    }

[1m  # random_integer.sleep[287][0m will be created[0m[0m
[0m  [32m+[0m[0m resource "random_integer" "sleep" {
      [32m+[0m [0m[1m[0mid[0m[0m     = (known after apply)
      [32m+[0m [0m[1m[0mmax[0m[0m    = 5
      [32m+[0m [0m[1m[0mmin[0m[0m    = 1
      [32m+[0m [0m[1m[0mresult[0m[0m = (known after apply)
    }

[1m  # random_integer.sleep[288][0m will be created[0m[0m
[0m  [32m+[0m[0m resource "random_integer" "sleep" {
      [32m+[0m [0m[1m[0mid[0m[0m     = (known after apply)
      [32m+[0m [0m[1m[0mmax[0m[0m    = 5
      [32m+[0m [0m[1m[0mmin[0m[0m    = 1
      [32m+[0m [0m[1m[0mresult[0m[0m = (known after apply)
    }

[1m  # random_integer.sleep[289][0m will be created[0m[0m
[0m  [32m+[0m[0m resource "random_integer" "sleep" {
      [32m+[0m [0m[1m[0mid[0m[0m     = (known after apply)
      [32m+[0m [0m[1m[0mmax[0m[0m    = 5
      [32m+[0m [0m[1m[0mmin[0m[0m    = 1
      [32m+[0m [0m[1m[0mresult[0m[0m = (known after apply)
    }

[1m  # random_integer.sleep[290][0m will be created[0m[0m
[0m  [32m+[0m[0m resource "random_integer" "sleep" {
      [32m+[0m [0m[1m[0mid[0m[0m     = (known after apply)
      [32m+[0m [0m[1m[0mmax[0m[0m    = 5
      [32m+[0m [0m[1m[0mmin[0m[0m    = 1
      [32m+[0m [0m[1m[0mresult[0m[0m = (known after apply)
    }

[1m  # random_integer.sleep[291][0m will be created[0m[0m
[0m  [32m+[0m[0m resource "random_integer" "sleep" {
      [32m+[0m [0m[1m[0mid[0m[0m     = (known after apply)
      [32m+[0m [0m[1m[0mmax[0m[0m    = 5
      [32m+[0m [0m[1m[0mmin[0m[0m    = 1
      [32m+[0m [0m[1m[0mresult[0m[0m = (known after apply)
    }

[1m  # random_integer.sleep[292][0m will be created[0m[0m
[0m  [32m+[0m[0m resource "random_integer" "sleep" {
      [32m+[0m [0m[1m[0mid[0m[0m     = (known after apply)
      [32m+[0m [0m[1m[0mmax[0m[0m    = 5
      [32m+[0m [0m[1m[0mmin[0m[0m    = 1
      [32m+[0m [0m[1m[0mresult[0m[0m = (known after apply)
    }

[1m  # random_integer.sleep[293][0m will be created[0m[0m
[0m  [32m+[0m[0m resource "random_integer" "sleep" {
      [32m+[0m [0m[1m[0mid[0m[0m     = (known after apply)
      [32m+[0m [0m[1m[0mmax[0m[0m    = 5
      [32m+[0m [0m[1m[0mmin[0m[0m    = 1
      [32m+[0m [0m[1m[0mresult[0m[0m = (known after apply)
    }

[1m  # random_integer.sleep[294][0m will be created[0m[0m
[0m  [32m+[0m[0m resource "random_integer" "sleep" {
      [32m+[0m [0m[1m[0mid[0m[0m     = (known after apply)
      [32m+[0m [0m[1m[0mmax[0m[0m    = 5
      [32m+[0m [0m[1m[0mmin[0m[0m    = 1
      [32m+[0m [0m[1m[0mresult[0m[0m = (known after apply)
    }

[1m  # random_integer.sleep[295][0m will be created[0m[0m
[0m  [32m+[0m[0m resource "random_integer" "sleep" {
      [32m+[0m [0m[1m[0mid[0m[0m     = (known after apply)
      [32m+[0m [0m[1m[0mmax[0m[0m    = 5
      [32m+[0m [0m[1m[0mmin[0m[0m    = 1
      [32m+[0m [0m[1m[0mresult[0m[0m = (known after apply)
    }

[1m  # random_integer.sleep[296][0m will be created[0m[0m
[0m  [32m+[0m[0m resource "random_integer" "sleep" {
      [32m+[0m [0m[1m[0mid[0m[0m     = (known after apply)
      [32m+[0m [0m[1m[0mmax[0m[0m    = 5
      [32m+[0m [0m[1m[0mmin[0m[0m    = 1
      [32m+[0m [0m[1m[0mresult[0m[0m = (known after apply)
    }

[1m  # random_integer.sleep[297][0m will be created[0m[0m
[0m  [32m+[0m[0m resource "random_integer" "sleep" {
      [32m+[0m [0m[1m[0mid[0m[0m     = (known after apply)
      [32m+[0m [0m[1m[0mmax[0m[0m    = 5
      [32m+[0m [0m[1m[0mmin[0m[0m    = 1
      [32m+[0m [0m[1m[0mresult[0m[0m = (known after apply)
    }

[1m  # random_integer.sleep[298][0m will be created[0m[0m
[0m  [32m+[0m[0m resource "random_integer" "sleep" {
      [32m+[0m [0m[1m[0mid[0m[0m     = (known after apply)
      [32m+[0m [0m[1m[0mmax[0m[0m    = 5
      [32m+[0m [0m[1m[0mmin[0m[0m    = 1
      [32m+[0m [0m[1m[0mresult[0m[0m = (known after apply)
    }

[1m  # random_integer.sleep[299][0m will be created[0m[0m
[0m  [32m+[0m[0m resource "random_integer" "sleep" {
      [32m+[0m [0m[1m[0mid[0m[0m     = (known after apply)
      [32m+[0m [0m[1m[0mmax[0m[0m    = 5
      [32m+[0m [0m[1m[0mmin[0m[0m    = 1
      [32m+[0m [0m[1m[0mresult[0m[0m = (known after apply)
    }

[1m  # time_sleep.bar[0][0m will be created[0m[0m
[0m  [32m+[0m[0m resource "time_sleep" "bar" {
      [32m+[0m [0m[1m[0mcreate_duration[0m[0m = (known after apply)
      [32m+[0m [0m[1m[0mid[0m[0m              = (known after apply)
    }

[1m  # time_sleep.bar[1][0m will be created[0m[0m
[0m  [32m+[0m[0m resource "time_sleep" "bar" {
      [32m+[0m [0m[1m[0mcreate_duration[0m[0m = (known after apply)
      [32m+[0m [0m[1m[0mid[0m[0m              = (known after apply)
    }

[1m  # time_sleep.bar[2][0m will be created[0m[0m
[0m  [32m+[0m[0m resource "time_sleep" "bar" {
      [32m+[0m [0m[1m[0mcreate_duration[0m[0m = (known after apply)
      [32m+[0m [0m[1m[0mid[0m[0m              = (known after apply)
    }

[1m  # time_sleep.bar[3][0m will be created[0m[0m
[0m  [32m+[0m[0m resource "time_sleep" "bar" {
      [32m+[0m [0m[1m[0mcreate_duration[0m[0m = (known after apply)
      [32m+[0m [0m[1m[0mid[0m[0m              = (known after apply)
    }

[1m  # time_sleep.bar[4][0m will be created[0m[0m
[0m  [32m+[0m[0m resource "time_sleep" "bar" {
      [32m+[0m [0m[1m[0mcreate_duration[0m[0m = (known after apply)
      [32m+[0m [0m[1m[0mid[0m[0m              = (known after apply)
    }

[1m  # time_sleep.bar[5][0m will be created[0m[0m
[0m  [32m+[0m[0m resource "time_sleep" "bar" {
      [32m+[0m [0m[1m[0mcreate_duration[0m[0m = (known after apply)
      [32m+[0m [0m[1m[0mid[0m[0m              = (known after apply)
    }

[1m  # time_sleep.bar[6][0m will be created[0m[0m
[0m  [32m+[0m[0m resource "time_sleep" "bar" {
      [32m+[0m [0m[1m[0mcreate_duration[0m[0m = (known after apply)
      [32m+[0m [0m[1m[0mid[0m[0m              = (known after apply)
    }

[1m  # time_sleep.bar[7][0m will be created[0m[0m
[0m  [32m+[0m[0m resource "time_sleep" "bar" {
      [32m+[0m [0m[1m[0mcreate_duration[0m[0m = (known after apply)
      [32m+[0m [0m[1m[0mid[0m[0m              = (known after apply)
    }

[1m  # time_sleep.bar[8][0m will be created[0m[0m
[0m  [32m+[0m[0m resource "time_sleep" "bar" {
      [32m+[0m [0m[1m[0mcreate_duration[0m[0m = (known after apply)
      [32m+[0m [0m[1m[0mid[0m[0m              = (known after apply)
    }

[1m  # time_sleep.bar[9][0m will be created[0m[0m
[0m  [32m+[0m[0m resource "time_sleep" "bar" {
      [32m+[0m [0m[1m[0mcreate_duration[0m[0m = (known after apply)
      [32m+[0m [0m[1m[0mid[0m[0m              = (known after apply)
    }

[1m  # time_sleep.bar[10][0m will be created[0m[0m
[0m  [32m+[0m[0m resource "time_sleep" "bar" {
      [32m+[0m [0m[1m[0mcreate_duration[0m[0m = (known after apply)
      [32m+[0m [0m[1m[0mid[0m[0m              = (known after apply)
    }

[1m  # time_sleep.bar[11][0m will be created[0m[0m
[0m  [32m+[0m[0m resource "time_sleep" "bar" {
      [32m+[0m [0m[1m[0mcreate_duration[0m[0m = (known after apply)
      [32m+[0m [0m[1m[0mid[0m[0m              = (known after apply)
    }

[1m  # time_sleep.bar[12][0m will be created[0m[0m
[0m  [32m+[0m[0m resource "time_sleep" "bar" {
      [32m+[0m [0m[1m[0mcreate_duration[0m[0m = (known after apply)
      [32m+[0m [0m[1m[0mid[0m[0m              = (known after apply)
    }

[1m  # time_sleep.bar[13][0m will be created[0m[0m
[0m  [32m+[0m[0m resource "time_sleep" "bar" {
      [32m+[0m [0m[1m[0mcreate_duration[0m[0m = (known after apply)
      [32m+[0m [0m[1m[0mid[0m[0m              = (known after apply)
    }

[1m  # time_sleep.bar[14][0m will be created[0m[0m
[0m  [32m+[0m[0m resource "time_sleep" "bar" {
      [32m+[0m [0m[1m[0mcreate_duration[0m[0m = (known after apply)
      [32m+[0m [0m[1m[0mid[0m[0m              = (known after apply)
    }

[1m  # time_sleep.bar[15][0m will be created[0m[0m
[0m  [32m+[0m[0m resource "time_sleep" "bar" {
      [32m+[0m [0m[1m[0mcreate_duration[0m[0m = (known after apply)
      [32m+[0m [0m[1m[0mid[0m[0m              = (known after apply)
    }

[1m  # time_sleep.bar[16][0m will be created[0m[0m
[0m  [32m+[0m[0m resource "time_sleep" "bar" {
      [32m+[0m [0m[1m[0mcreate_duration[0m[0m = (known after apply)
      [32m+[0m [0m[1m[0mid[0m[0m              = (known after apply)
    }

[1m  # time_sleep.bar[17][0m will be created[0m[0m
[0m  [32m+[0m[0m resource "time_sleep" "bar" {
      [32m+[0m [0m[1m[0mcreate_duration[0m[0m = (known after apply)
      [32m+[0m [0m[1m[0mid[0m[0m              = (known after apply)
    }

[1m  # time_sleep.bar[18][0m will be created[0m[0m
[0m  [32m+[0m[0m resource "time_sleep" "bar" {
      [32m+[0m [0m[1m[0mcreate_duration[0m[0m = (known after apply)
      [32m+[0m [0m[1m[0mid[0m[0m              = (known after apply)
    }

[1m  # time_sleep.bar[19][0m will be created[0m[0m
[0m  [32m+[0m[0m resource "time_sleep" "bar" {
      [32m+[0m [0m[1m[0mcreate_duration[0m[0m = (known after apply)
      [32m+[0m [0m[1m[0mid[0m[0m              = (known after apply)
    }

[1m  # time_sleep.bar[20][0m will be created[0m[0m
[0m  [32m+[0m[0m resource "time_sleep" "bar" {
      [32m+[0m [0m[1m[0mcreate_duration[0m[0m = (known after apply)
      [32m+[0m [0m[1m[0mid[0m[0m              = (known after apply)
    }

[1m  # time_sleep.bar[21][0m will be created[0m[0m
[0m  [32m+[0m[0m resource "time_sleep" "bar" {
      [32m+[0m [0m[1m[0mcreate_duration[0m[0m = (known after apply)
      [32m+[0m [0m[1m[0mid[0m[0m              = (known after apply)
    }

[1m  # time_sleep.bar[22][0m will be created[0m[0m
[0m  [32m+[0m[0m resource "time_sleep" "bar" {
      [32m+[0m [0m[1m[0mcreate_duration[0m[0m = (known after apply)
      [32m+[0m [0m[1m[0mid[0m[0m              = (known after apply)
    }

[1m  # time_sleep.bar[23][0m will be created[0m[0m
[0m  [32m+[0m[0m resource "time_sleep" "bar" {
      [32m+[0m [0m[1m[0mcreate_duration[0m[0m = (known after apply)
      [32m+[0m [0m[1m[0mid[0m[0m              = (known after apply)
    }

[1m  # time_sleep.bar[24][0m will be created[0m[0m
[0m  [32m+[0m[0m resource "time_sleep" "bar" {
      [32m+[0m [0m[1m[0mcreate_duration[0m[0m = (known after apply)
      [32m+[0m [0m[1m[0mid[0m[0m              = (known after apply)
    }

[1m  # time_sleep.bar[25][0m will be created[0m[0m
[0m  [32m+[0m[0m resource "time_sleep" "bar" {
      [32m+[0m [0m[1m[0mcreate_duration[0m[0m = (known after apply)
      [32m+[0m [0m[1m[0mid[0m[0m              = (known after apply)
    }

[1m  # time_sleep.bar[26][0m will be created[0m[0m
[0m  [32m+[0m[0m resource "time_sleep" "bar" {
      [32m+[0m [0m[1m[0mcreate_duration[0m[0m = (known after apply)
      [32m+[0m [0m[1m[0mid[0m[0m              = (known after apply)
    }

[1m  # time_sleep.bar[27][0m will be created[0m[0m
[0m  [32m+[0m[0m resource "time_sleep" "bar" {
      [32m+[0m [0m[1m[0mcreate_duration[0m[0m = (known after apply)
      [32m+[0m [0m[1m[0mid[0m[0m              = (known after apply)
    }

[1m  # time_sleep.bar[28][0m will be created[0m[0m
[0m  [32m+[0m[0m resource "time_sleep" "bar" {
      [32m+[0m [0m[1m[0mcreate_duration[0m[0m = (known after apply)
      [32m+[0m [0m[1m[0mid[0m[0m              = (known after apply)
    }

[1m  # time_sleep.bar[29][0m will be created[0m[0m
[0m  [32m+[0m[0m resource "time_sleep" "bar" {
      [32m+[0m [0m[1m[0mcreate_duration[0m[0m = (known after apply)
      [32m+[0m [0m[1m[0mid[0m[0m              = (known after apply)
    }

[1m  # time_sleep.bar[30][0m will be created[0m[0m
[0m  [32m+[0m[0m resource "time_sleep" "bar" {
      [32m+[0m [0m[1m[0mcreate_duration[0m[0m = (known after apply)
      [32m+[0m [0m[1m[0mid[0m[0m              = (known after apply)
    }

[1m  # time_sleep.bar[31][0m will be created[0m[0m
[0m  [32m+[0m[0m resource "time_sleep" "bar" {
      [32m+[0m [0m[1m[0mcreate_duration[0m[0m = (known after apply)
      [32m+[0m [0m[1m[0mid[0m[0m              = (known after apply)
    }

[1m  # time_sleep.bar[32][0m will be created[0m[0m
[0m  [32m+[0m[0m resource "time_sleep" "bar" {
      [32m+[0m [0m[1m[0mcreate_duration[0m[0m = (known after apply)
      [32m+[0m [0m[1m[0mid[0m[0m              = (known after apply)
    }

[1m  # time_sleep.bar[33][0m will be created[0m[0m
[0m  [32m+[0m[0m resource "time_sleep" "bar" {
      [32m+[0m [0m[1m[0mcreate_duration[0m[0m = (known after apply)
      [32m+[0m [0m[1m[0mid[0m[0m              = (known after apply)
    }

[1m  # time_sleep.bar[34][0m will be created[0m[0m
[0m  [32m+[0m[0m resource "time_sleep" "bar" {
      [32m+[0m [0m[1m[0mcreate_duration[0m[0m = (known after apply)
      [32m+[0m [0m[1m[0mid[0m[0m              = (known after apply)
    }

[1m  # time_sleep.bar[35][0m will be created[0m[0m
[0m  [32m+[0m[0m resource "time_sleep" "bar" {
      [32m+[0m [0m[1m[0mcreate_duration[0m[0m = (known after apply)
      [32m+[0m [0m[1m[0mid[0m[0m              = (known after apply)
    }

[1m  # time_sleep.bar[36][0m will be created[0m[0m
[0m  [32m+[0m[0m resource "time_sleep" "bar" {
      [32m+[0m [0m[1m[0mcreate_duration[0m[0m = (known after apply)
      [32m+[0m [0m[1m[0mid[0m[0m              = (known after apply)
    }

[1m  # time_sleep.bar[37][0m will be created[0m[0m
[0m  [32m+[0m[0m resource "time_sleep" "bar" {
      [32m+[0m [0m[1m[0mcreate_duration[0m[0m = (known after apply)
      [32m+[0m [0m[1m[0mid[0m[0m              = (known after apply)
    }

[1m  # time_sleep.bar[38][0m will be created[0m[0m
[0m  [32m+[0m[0m resource "time_sleep" "bar" {
      [32m+[0m [0m[1m[0mcreate_duration[0m[0m = (known after apply)
      [32m+[0m [0m[1m[0mid[0m[0m              = (known after apply)
    }

[1m  # time_sleep.bar[39][0m will be created[0m[0m
[0m  [32m+[0m[0m resource "time_sleep" "bar" {
      [32m+[0m [0m[1m[0mcreate_duration[0m[0m = (known after apply)
      [32m+[0m [0m[1m[0mid[0m[0m              = (known after apply)
    }

[1m  # time_sleep.bar[40][0m will be created[0m[0m
[0m  [32m+[0m[0m resource "time_sleep" "bar" {
      [32m+[0m [0m[1m[0mcreate_duration[0m[0m = (known after apply)
      [32m+[0m [0m[1m[0mid[0m[0m              = (known after apply)
    }

[1m  # time_sleep.bar[41][0m will be created[0m[0m
[0m  [32m+[0m[0m resource "time_sleep" "bar" {
      [32m+[0m [0m[1m[0mcreate_duration[0m[0m = (known after apply)
      [32m+[0m [0m[1m[0mid[0m[0m              = (known after apply)
    }

[1m  # time_sleep.bar[42][0m will be created[0m[0m
[0m  [32m+[0m[0m resource "time_sleep" "bar" {
      [32m+[0m [0m[1m[0mcreate_duration[0m[0m = (known after apply)
      [32m+[0m [0m[1m[0mid[0m[0m              = (known after apply)
    }

[1m  # time_sleep.bar[43][0m will be created[0m[0m
[0m  [32m+[0m[0m resource "time_sleep" "bar" {
      [32m+[0m [0m[1m[0mcreate_duration[0m[0m = (known after apply)
      [32m+[0m [0m[1m[0mid[0m[0m              = (known after apply)
    }

[1m  # time_sleep.bar[44][0m will be created[0m[0m
[0m  [32m+[0m[0m resource "time_sleep" "bar" {
      [32m+[0m [0m[1m[0mcreate_duration[0m[0m = (known after apply)
      [32m+[0m [0m[1m[0mid[0m[0m              = (known after apply)
    }

[1m  # time_sleep.bar[45][0m will be created[0m[0m
[0m  [32m+[0m[0m resource "time_sleep" "bar" {
      [32m+[0m [0m[1m[0mcreate_duration[0m[0m = (known after apply)
      [32m+[0m [0m[1m[0mid[0m[0m              = (known after apply)
    }

[1m  # time_sleep.bar[46][0m will be created[0m[0m
[0m  [32m+[0m[0m resource "time_sleep" "bar" {
      [32m+[0m [0m[1m[0mcreate_duration[0m[0m = (known after apply)
      [32m+[0m [0m[1m[0mid[0m[0m              = (known after apply)
    }

[1m  # time_sleep.bar[47][0m will be created[0m[0m
[0m  [32m+[0m[0m resource "time_sleep" "bar" {
      [32m+[0m [0m[1m[0mcreate_duration[0m[0m = (known after apply)
      [32m+[0m [0m[1m[0mid[0m[0m              = (known after apply)
    }

[1m  # time_sleep.bar[48][0m will be created[0m[0m
[0m  [32m+[0m[0m resource "time_sleep" "bar" {
      [32m+[0m [0m[1m[0mcreate_duration[0m[0m = (known after apply)
      [32m+[0m [0m[1m[0mid[0m[0m              = (known after apply)
    }

[1m  # time_sleep.bar[49][0m will be created[0m[0m
[0m  [32m+[0m[0m resource "time_sleep" "bar" {
      [32m+[0m [0m[1m[0mcreate_duration[0m[0m = (known after apply)
      [32m+[0m [0m[1m[0mid[0m[0m              = (known after apply)
    }

[1m  # time_sleep.bar[50][0m will be created[0m[0m
[0m  [32m+[0m[0m resource "time_sleep" "bar" {
      [32m+[0m [0m[1m[0mcreate_duration[0m[0m = (known after apply)
      [32m+[0m [0m[1m[0mid[0m[0m              = (known after apply)
    }

[1m  # time_sleep.bar[51][0m will be created[0m[0m
[0m  [32m+[0m[0m resource "time_sleep" "bar" {
      [32m+[0m [0m[1m[0mcreate_duration[0m[0m = (known after apply)
      [32m+[0m [0m[1m[0mid[0m[0m              = (known after apply)
    }

[1m  # time_sleep.bar[52][0m will be created[0m[0m
[0m  [32m+[0m[0m resource "time_sleep" "bar" {
      [32m+[0m [0m[1m[0mcreate_duration[0m[0m = (known after apply)
      [32m+[0m [0m[1m[0mid[0m[0m              = (known after apply)
    }

[1m  # time_sleep.bar[53][0m will be created[0m[0m
[0m  [32m+[0m[0m resource "time_sleep" "bar" {
      [32m+[0m [0m[1m[0mcreate_duration[0m[0m = (known after apply)
      [32m+[0m [0m[1m[0mid[0m[0m              = (known after apply)
    }

[1m  # time_sleep.bar[54][0m will be created[0m[0m
[0m  [32m+[0m[0m resource "time_sleep" "bar" {
      [32m+[0m [0m[1m[0mcreate_duration[0m[0m = (known after apply)
      [32m+[0m [0m[1m[0mid[0m[0m              = (known after apply)
    }

[1m  # time_sleep.bar[55][0m will be created[0m[0m
[0m  [32m+[0m[0m resource "time_sleep" "bar" {
      [32m+[0m [0m[1m[0mcreate_duration[0m[0m = (known after apply)
      [32m+[0m [0m[1m[0mid[0m[0m              = (known after apply)
    }

[1m  # time_sleep.bar[56][0m will be created[0m[0m
[0m  [32m+[0m[0m resource "time_sleep" "bar" {
      [32m+[0m [0m[1m[0mcreate_duration[0m[0m = (known after apply)
      [32m+[0m [0m[1m[0mid[0m[0m              = (known after apply)
    }

[1m  # time_sleep.bar[57][0m will be created[0m[0m
[0m  [32m+[0m[0m resource "time_sleep" "bar" {
      [32m+[0m [0m[1m[0mcreate_duration[0m[0m = (known after apply)
      [32m+[0m [0m[1m[0mid[0m[0m              = (known after apply)
    }

[1m  # time_sleep.bar[58][0m will be created[0m[0m
[0m  [32m+[0m[0m resource "time_sleep" "bar" {
      [32m+[0m [0m[1m[0mcreate_duration[0m[0m = (known after apply)
      [32m+[0m [0m[1m[0mid[0m[0m              = (known after apply)
    }

[1m  # time_sleep.bar[59][0m will be created[0m[0m
[0m  [32m+[0m[0m resource "time_sleep" "bar" {
      [32m+[0m [0m[1m[0mcreate_duration[0m[0m = (known after apply)
      [32m+[0m [0m[1m[0mid[0m[0m              = (known after apply)
    }

[1m  # time_sleep.bar[60][0m will be created[0m[0m
[0m  [32m+[0m[0m resource "time_sleep" "bar" {
      [32m+[0m [0m[1m[0mcreate_duration[0m[0m = (known after apply)
      [32m+[0m [0m[1m[0mid[0m[0m              = (known after apply)
    }

[1m  # time_sleep.bar[61][0m will be created[0m[0m
[0m  [32m+[0m[0m resource "time_sleep" "bar" {
      [32m+[0m [0m[1m[0mcreate_duration[0m[0m = (known after apply)
      [32m+[0m [0m[1m[0mid[0m[0m              = (known after apply)
    }

[1m  # time_sleep.bar[62][0m will be created[0m[0m
[0m  [32m+[0m[0m resource "time_sleep" "bar" {
      [32m+[0m [0m[1m[0mcreate_duration[0m[0m = (known after apply)
      [32m+[0m [0m[1m[0mid[0m[0m              = (known after apply)
    }

[1m  # time_sleep.bar[63][0m will be created[0m[0m
[0m  [32m+[0m[0m resource "time_sleep" "bar" {
      [32m+[0m [0m[1m[0mcreate_duration[0m[0m = (known after apply)
      [32m+[0m [0m[1m[0mid[0m[0m              = (known after apply)
    }

[1m  # time_sleep.bar[64][0m will be created[0m[0m
[0m  [32m+[0m[0m resource "time_sleep" "bar" {
      [32m+[0m [0m[1m[0mcreate_duration[0m[0m = (known after apply)
      [32m+[0m [0m[1m[0mid[0m[0m              = (known after apply)
    }

[1m  # time_sleep.bar[65][0m will be created[0m[0m
[0m  [32m+[0m[0m resource "time_sleep" "bar" {
      [32m+[0m [0m[1m[0mcreate_duration[0m[0m = (known after apply)
      [32m+[0m [0m[1m[0mid[0m[0m              = (known after apply)
    }

[1m  # time_sleep.bar[66][0m will be created[0m[0m
[0m  [32m+[0m[0m resource "time_sleep" "bar" {
      [32m+[0m [0m[1m[0mcreate_duration[0m[0m = (known after apply)
      [32m+[0m [0m[1m[0mid[0m[0m              = (known after apply)
    }

[1m  # time_sleep.bar[67][0m will be created[0m[0m
[0m  [32m+[0m[0m resource "time_sleep" "bar" {
      [32m+[0m [0m[1m[0mcreate_duration[0m[0m = (known after apply)
      [32m+[0m [0m[1m[0mid[0m[0m              = (known after apply)
    }

[1m  # time_sleep.bar[68][0m will be created[0m[0m
[0m  [32m+[0m[0m resource "time_sleep" "bar" {
      [32m+[0m [0m[1m[0mcreate_duration[0m[0m = (known after apply)
      [32m+[0m [0m[1m[0mid[0m[0m              = (known after apply)
    }

[1m  # time_sleep.bar[69][0m will be created[0m[0m
[0m  [32m+[0m[0m resource "time_sleep" "bar" {
      [32m+[0m [0m[1m[0mcreate_duration[0m[0m = (known after apply)
      [32m+[0m [0m[1m[0mid[0m[0m              = (known after apply)
    }

[1m  # time_sleep.bar[70][0m will be created[0m[0m
[0m  [32m+[0m[0m resource "time_sleep" "bar" {
      [32m+[0m [0m[1m[0mcreate_duration[0m[0m = (known after apply)
      [32m+[0m [0m[1m[0mid[0m[0m              = (known after apply)
    }

[1m  # time_sleep.bar[71][0m will be created[0m[0m
[0m  [32m+[0m[0m resource "time_sleep" "bar" {
      [32m+[0m [0m[1m[0mcreate_duration[0m[0m = (known after apply)
      [32m+[0m [0m[1m[0mid[0m[0m              = (known after apply)
    }

[1m  # time_sleep.bar[72][0m will be created[0m[0m
[0m  [32m+[0m[0m resource "time_sleep" "bar" {
      [32m+[0m [0m[1m[0mcreate_duration[0m[0m = (known after apply)
      [32m+[0m [0m[1m[0mid[0m[0m              = (known after apply)
    }

[1m  # time_sleep.bar[73][0m will be created[0m[0m
[0m  [32m+[0m[0m resource "time_sleep" "bar" {
      [32m+[0m [0m[1m[0mcreate_duration[0m[0m = (known after apply)
      [32m+[0m [0m[1m[0mid[0m[0m              = (known after apply)
    }

[1m  # time_sleep.bar[74][0m will be created[0m[0m
[0m  [32m+[0m[0m resource "time_sleep" "bar" {
      [32m+[0m [0m[1m[0mcreate_duration[0m[0m = (known after apply)
      [32m+[0m [0m[1m[0mid[0m[0m              = (known after apply)
    }

[1m  # time_sleep.bar[75][0m will be created[0m[0m
[0m  [32m+[0m[0m resource "time_sleep" "bar" {
      [32m+[0m [0m[1m[0mcreate_duration[0m[0m = (known after apply)
      [32m+[0m [0m[1m[0mid[0m[0m              = (known after apply)
    }

[1m  # time_sleep.bar[76][0m will be created[0m[0m
[0m  [32m+[0m[0m resource "time_sleep" "bar" {
      [32m+[0m [0m[1m[0mcreate_duration[0m[0m = (known after apply)
      [32m+[0m [0m[1m[0mid[0m[0m              = (known after apply)
    }

[1m  # time_sleep.bar[77][0m will be created[0m[0m
[0m  [32m+[0m[0m resource "time_sleep" "bar" {
      [32m+[0m [0m[1m[0mcreate_duration[0m[0m = (known after apply)
      [32m+[0m [0m[1m[0mid[0m[0m              = (known after apply)
    }

[1m  # time_sleep.bar[78][0m will be created[0m[0m
[0m  [32m+[0m[0m resource "time_sleep" "bar" {
      [32m+[0m [0m[1m[0mcreate_duration[0m[0m = (known after apply)
      [32m+[0m [0m[1m[0mid[0m[0m              = (known after apply)
    }

[1m  # time_sleep.bar[79][0m will be created[0m[0m
[0m  [32m+[0m[0m resource "time_sleep" "bar" {
      [32m+[0m [0m[1m[0mcreate_duration[0m[0m = (known after apply)
      [32m+[0m [0m[1m[0mid[0m[0m              = (known after apply)
    }

[1m  # time_sleep.bar[80][0m will be created[0m[0m
[0m  [32m+[0m[0m resource "time_sleep" "bar" {
      [32m+[0m [0m[1m[0mcreate_duration[0m[0m = (known after apply)
      [32m+[0m [0m[1m[0mid[0m[0m              = (known after apply)
    }

[1m  # time_sleep.bar[81][0m will be created[0m[0m
[0m  [32m+[0m[0m resource "time_sleep" "bar" {
      [32m+[0m [0m[1m[0mcreate_duration[0m[0m = (known after apply)
      [32m+[0m [0m[1m[0mid[0m[0m              = (known after apply)
    }

[1m  # time_sleep.bar[82][0m will be created[0m[0m
[0m  [32m+[0m[0m resource "time_sleep" "bar" {
      [32m+[0m [0m[1m[0mcreate_duration[0m[0m = (known after apply)
      [32m+[0m [0m[1m[0mid[0m[0m              = (known after apply)
    }

[1m  # time_sleep.bar[83][0m will be created[0m[0m
[0m  [32m+[0m[0m resource "time_sleep" "bar" {
      [32m+[0m [0m[1m[0mcreate_duration[0m[0m = (known after apply)
      [32m+[0m [0m[1m[0mid[0m[0m              = (known after apply)
    }

[1m  # time_sleep.bar[84][0m will be created[0m[0m
[0m  [32m+[0m[0m resource "time_sleep" "bar" {
      [32m+[0m [0m[1m[0mcreate_duration[0m[0m = (known after apply)
      [32m+[0m [0m[1m[0mid[0m[0m              = (known after apply)
    }

[1m  # time_sleep.bar[85][0m will be created[0m[0m
[0m  [32m+[0m[0m resource "time_sleep" "bar" {
      [32m+[0m [0m[1m[0mcreate_duration[0m[0m = (known after apply)
      [32m+[0m [0m[1m[0mid[0m[0m              = (known after apply)
    }

[1m  # time_sleep.bar[86][0m will be created[0m[0m
[0m  [32m+[0m[0m resource "time_sleep" "bar" {
      [32m+[0m [0m[1m[0mcreate_duration[0m[0m = (known after apply)
      [32m+[0m [0m[1m[0mid[0m[0m              = (known after apply)
    }

[1m  # time_sleep.bar[87][0m will be created[0m[0m
[0m  [32m+[0m[0m resource "time_sleep" "bar" {
      [32m+[0m [0m[1m[0mcreate_duration[0m[0m = (known after apply)
      [32m+[0m [0m[1m[0mid[0m[0m              = (known after apply)
    }

[1m  # time_sleep.bar[88][0m will be created[0m[0m
[0m  [32m+[0m[0m resource "time_sleep" "bar" {
      [32m+[0m [0m[1m[0mcreate_duration[0m[0m = (known after apply)
      [32m+[0m [0m[1m[0mid[0m[0m              = (known after apply)
    }

[1m  # time_sleep.bar[89][0m will be created[0m[0m
[0m  [32m+[0m[0m resource "time_sleep" "bar" {
      [32m+[0m [0m[1m[0mcreate_duration[0m[0m = (known after apply)
      [32m+[0m [0m[1m[0mid[0m[0m              = (known after apply)
    }

[1m  # time_sleep.bar[90][0m will be created[0m[0m
[0m  [32m+[0m[0m resource "time_sleep" "bar" {
      [32m+[0m [0m[1m[0mcreate_duration[0m[0m = (known after apply)
      [32m+[0m [0m[1m[0mid[0m[0m              = (known after apply)
    }

[1m  # time_sleep.bar[91][0m will be created[0m[0m
[0m  [32m+[0m[0m resource "time_sleep" "bar" {
      [32m+[0m [0m[1m[0mcreate_duration[0m[0m = (known after apply)
      [32m+[0m [0m[1m[0mid[0m[0m              = (known after apply)
    }

[1m  # time_sleep.bar[92][0m will be created[0m[0m
[0m  [32m+[0m[0m resource "time_sleep" "bar" {
      [32m+[0m [0m[1m[0mcreate_duration[0m[0m = (known after apply)
      [32m+[0m [0m[1m[0mid[0m[0m              = (known after apply)
    }

[1m  # time_sleep.bar[93][0m will be created[0m[0m
[0m  [32m+[0m[0m resource "time_sleep" "bar" {
      [32m+[0m [0m[1m[0mcreate_duration[0m[0m = (known after apply)
      [32m+[0m [0m[1m[0mid[0m[0m              = (known after apply)
    }

[1m  # time_sleep.bar[94][0m will be created[0m[0m
[0m  [32m+[0m[0m resource "time_sleep" "bar" {
      [32m+[0m [0m[1m[0mcreate_duration[0m[0m = (known after apply)
      [32m+[0m [0m[1m[0mid[0m[0m              = (known after apply)
    }

[1m  # time_sleep.bar[95][0m will be created[0m[0m
[0m  [32m+[0m[0m resource "time_sleep" "bar" {
      [32m+[0m [0m[1m[0mcreate_duration[0m[0m = (known after apply)
      [32m+[0m [0m[1m[0mid[0m[0m              = (known after apply)
    }

[1m  # time_sleep.bar[96][0m will be created[0m[0m
[0m  [32m+[0m[0m resource "time_sleep" "bar" {
      [32m+[0m [0m[1m[0mcreate_duration[0m[0m = (known after apply)
      [32m+[0m [0m[1m[0mid[0m[0m              = (known after apply)
    }

[1m  # time_sleep.bar[97][0m will be created[0m[0m
[0m  [32m+[0m[0m resource "time_sleep" "bar" {
      [32m+[0m [0m[1m[0mcreate_duration[0m[0m = (known after apply)
      [32m+[0m [0m[1m[0mid[0m[0m              = (known after apply)
    }

[1m  # time_sleep.bar[98][0m will be created[0m[0m
[0m  [32m+[0m[0m resource "time_sleep" "bar" {
      [32m+[0m [0m[1m[0mcreate_duration[0m[0m = (known after apply)
      [32m+[0m [0m[1m[0mid[0m[0m              = (known after apply)
    }

[1m  # time_sleep.bar[99][0m will be created[0m[0m
[0m  [32m+[0m[0m resource "time_sleep" "bar" {
      [32m+[0m [0m[1m[0mcreate_duration[0m[0m = (known after apply)
      [32m+[0m [0m[1m[0mid[0m[0m              = (known after apply)
    }

[1m  # time_sleep.bar[100][0m will be created[0m[0m
[0m  [32m+[0m[0m resource "time_sleep" "bar" {
      [32m+[0m [0m[1m[0mcreate_duration[0m[0m = (known after apply)
      [32m+[0m [0m[1m[0mid[0m[0m              = (known after apply)
    }

[1m  # time_sleep.bar[101][0m will be created[0m[0m
[0m  [32m+[0m[0m resource "time_sleep" "bar" {
      [32m+[0m [0m[1m[0mcreate_duration[0m[0m = (known after apply)
      [32m+[0m [0m[1m[0mid[0m[0m              = (known after apply)
    }

[1m  # time_sleep.bar[102][0m will be created[0m[0m
[0m  [32m+[0m[0m resource "time_sleep" "bar" {
      [32m+[0m [0m[1m[0mcreate_duration[0m[0m = (known after apply)
      [32m+[0m [0m[1m[0mid[0m[0m              = (known after apply)
    }

[1m  # time_sleep.bar[103][0m will be created[0m[0m
[0m  [32m+[0m[0m resource "time_sleep" "bar" {
      [32m+[0m [0m[1m[0mcreate_duration[0m[0m = (known after apply)
      [32m+[0m [0m[1m[0mid[0m[0m              = (known after apply)
    }

[1m  # time_sleep.bar[104][0m will be created[0m[0m
[0m  [32m+[0m[0m resource "time_sleep" "bar" {
      [32m+[0m [0m[1m[0mcreate_duration[0m[0m = (known after apply)
      [32m+[0m [0m[1m[0mid[0m[0m              = (known after apply)
    }

[1m  # time_sleep.bar[105][0m will be created[0m[0m
[0m  [32m+[0m[0m resource "time_sleep" "bar" {
      [32m+[0m [0m[1m[0mcreate_duration[0m[0m = (known after apply)
      [32m+[0m [0m[1m[0mid[0m[0m              = (known after apply)
    }

[1m  # time_sleep.bar[106][0m will be created[0m[0m
[0m  [32m+[0m[0m resource "time_sleep" "bar" {
      [32m+[0m [0m[1m[0mcreate_duration[0m[0m = (known after apply)
      [32m+[0m [0m[1m[0mid[0m[0m              = (known after apply)
    }

[1m  # time_sleep.bar[107][0m will be created[0m[0m
[0m  [32m+[0m[0m resource "time_sleep" "bar" {
      [32m+[0m [0m[1m[0mcreate_duration[0m[0m = (known after apply)
      [32m+[0m [0m[1m[0mid[0m[0m              = (known after apply)
    }

[1m  # time_sleep.bar[108][0m will be created[0m[0m
[0m  [32m+[0m[0m resource "time_sleep" "bar" {
      [32m+[0m [0m[1m[0mcreate_duration[0m[0m = (known after apply)
      [32m+[0m [0m[1m[0mid[0m[0m              = (known after apply)
    }

[1m  # time_sleep.bar[109][0m will be created[0m[0m
[0m  [32m+[0m[0m resource "time_sleep" "bar" {
      [32m+[0m [0m[1m[0mcreate_duration[0m[0m = (known after apply)
      [32m+[0m [0m[1m[0mid[0m[0m              = (known after apply)
    }

[1m  # time_sleep.bar[110][0m will be created[0m[0m
[0m  [32m+[0m[0m resource "time_sleep" "bar" {
      [32m+[0m [0m[1m[0mcreate_duration[0m[0m = (known after apply)
      [32m+[0m [0m[1m[0mid[0m[0m              = (known after apply)
    }

[1m  # time_sleep.bar[111][0m will be created[0m[0m
[0m  [32m+[0m[0m resource "time_sleep" "bar" {
      [32m+[0m [0m[1m[0mcreate_duration[0m[0m = (known after apply)
      [32m+[0m [0m[1m[0mid[0m[0m              = (known after apply)
    }

[1m  # time_sleep.bar[112][0m will be created[0m[0m
[0m  [32m+[0m[0m resource "time_sleep" "bar" {
      [32m+[0m [0m[1m[0mcreate_duration[0m[0m = (known after apply)
      [32m+[0m [0m[1m[0mid[0m[0m              = (known after apply)
    }

[1m  # time_sleep.bar[113][0m will be created[0m[0m
[0m  [32m+[0m[0m resource "time_sleep" "bar" {
      [32m+[0m [0m[1m[0mcreate_duration[0m[0m = (known after apply)
      [32m+[0m [0m[1m[0mid[0m[0m              = (known after apply)
    }

[1m  # time_sleep.bar[114][0m will be created[0m[0m
[0m  [32m+[0m[0m resource "time_sleep" "bar" {
      [32m+[0m [0m[1m[0mcreate_duration[0m[0m = (known after apply)
      [32m+[0m [0m[1m[0mid[0m[0m              = (known after apply)
    }

[1m  # time_sleep.bar[115][0m will be created[0m[0m
[0m  [32m+[0m[0m resource "time_sleep" "bar" {
      [32m+[0m [0m[1m[0mcreate_duration[0m[0m = (known after apply)
      [32m+[0m [0m[1m[0mid[0m[0m              = (known after apply)
    }

[1m  # time_sleep.bar[116][0m will be created[0m[0m
[0m  [32m+[0m[0m resource "time_sleep" "bar" {
      [32m+[0m [0m[1m[0mcreate_duration[0m[0m = (known after apply)
      [32m+[0m [0m[1m[0mid[0m[0m              = (known after apply)
    }

[1m  # time_sleep.bar[117][0m will be created[0m[0m
[0m  [32m+[0m[0m resource "time_sleep" "bar" {
      [32m+[0m [0m[1m[0mcreate_duration[0m[0m = (known after apply)
      [32m+[0m [0m[1m[0mid[0m[0m              = (known after apply)
    }

[1m  # time_sleep.bar[118][0m will be created[0m[0m
[0m  [32m+[0m[0m resource "time_sleep" "bar" {
      [32m+[0m [0m[1m[0mcreate_duration[0m[0m = (known after apply)
      [32m+[0m [0m[1m[0mid[0m[0m              = (known after apply)
    }

[1m  # time_sleep.bar[119][0m will be created[0m[0m
[0m  [32m+[0m[0m resource "time_sleep" "bar" {
      [32m+[0m [0m[1m[0mcreate_duration[0m[0m = (known after apply)
      [32m+[0m [0m[1m[0mid[0m[0m              = (known after apply)
    }

[1m  # time_sleep.bar[120][0m will be created[0m[0m
[0m  [32m+[0m[0m resource "time_sleep" "bar" {
      [32m+[0m [0m[1m[0mcreate_duration[0m[0m = (known after apply)
      [32m+[0m [0m[1m[0mid[0m[0m              = (known after apply)
    }

[1m  # time_sleep.bar[121][0m will be created[0m[0m
[0m  [32m+[0m[0m resource "time_sleep" "bar" {
      [32m+[0m [0m[1m[0mcreate_duration[0m[0m = (known after apply)
      [32m+[0m [0m[1m[0mid[0m[0m              = (known after apply)
    }

[1m  # time_sleep.bar[122][0m will be created[0m[0m
[0m  [32m+[0m[0m resource "time_sleep" "bar" {
      [32m+[0m [0m[1m[0mcreate_duration[0m[0m = (known after apply)
      [32m+[0m [0m[1m[0mid[0m[0m              = (known after apply)
    }

[1m  # time_sleep.bar[123][0m will be created[0m[0m
[0m  [32m+[0m[0m resource "time_sleep" "bar" {
      [32m+[0m [0m[1m[0mcreate_duration[0m[0m = (known after apply)
      [32m+[0m [0m[1m[0mid[0m[0m              = (known after apply)
    }

[1m  # time_sleep.bar[124][0m will be created[0m[0m
[0m  [32m+[0m[0m resource "time_sleep" "bar" {
      [32m+[0m [0m[1m[0mcreate_duration[0m[0m = (known after apply)
      [32m+[0m [0m[1m[0mid[0m[0m              = (known after apply)
    }

[1m  # time_sleep.bar[125][0m will be created[0m[0m
[0m  [32m+[0m[0m resource "time_sleep" "bar" {
      [32m+[0m [0m[1m[0mcreate_duration[0m[0m = (known after apply)
      [32m+[0m [0m[1m[0mid[0m[0m              = (known after apply)
    }

[1m  # time_sleep.bar[126][0m will be created[0m[0m
[0m  [32m+[0m[0m resource "time_sleep" "bar" {
      [32m+[0m [0m[1m[0mcreate_duration[0m[0m = (known after apply)
      [32m+[0m [0m[1m[0mid[0m[0m              = (known after apply)
    }

[1m  # time_sleep.bar[127][0m will be created[0m[0m
[0m  [32m+[0m[0m resource "time_sleep" "bar" {
      [32m+[0m [0m[1m[0mcreate_duration[0m[0m = (known after apply)
      [32m+[0m [0m[1m[0mid[0m[0m              = (known after apply)
    }

[1m  # time_sleep.bar[128][0m will be created[0m[0m
[0m  [32m+[0m[0m resource "time_sleep" "bar" {
      [32m+[0m [0m[1m[0mcreate_duration[0m[0m = (known after apply)
      [32m+[0m [0m[1m[0mid[0m[0m              = (known after apply)
    }

[1m  # time_sleep.bar[129][0m will be created[0m[0m
[0m  [32m+[0m[0m resource "time_sleep" "bar" {
      [32m+[0m [0m[1m[0mcreate_duration[0m[0m = (known after apply)
      [32m+[0m [0m[1m[0mid[0m[0m              = (known after apply)
    }

[1m  # time_sleep.bar[130][0m will be created[0m[0m
[0m  [32m+[0m[0m resource "time_sleep" "bar" {
      [32m+[0m [0m[1m[0mcreate_duration[0m[0m = (known after apply)
      [32m+[0m [0m[1m[0mid[0m[0m              = (known after apply)
    }

[1m  # time_sleep.bar[131][0m will be created[0m[0m
[0m  [32m+[0m[0m resource "time_sleep" "bar" {
      [32m+[0m [0m[1m[0mcreate_duration[0m[0m = (known after apply)
      [32m+[0m [0m[1m[0mid[0m[0m              = (known after apply)
    }

[1m  # time_sleep.bar[132][0m will be created[0m[0m
[0m  [32m+[0m[0m resource "time_sleep" "bar" {
      [32m+[0m [0m[1m[0mcreate_duration[0m[0m = (known after apply)
      [32m+[0m [0m[1m[0mid[0m[0m              = (known after apply)
    }

[1m  # time_sleep.bar[133][0m will be created[0m[0m
[0m  [32m+[0m[0m resource "time_sleep" "bar" {
      [32m+[0m [0m[1m[0mcreate_duration[0m[0m = (known after apply)
      [32m+[0m [0m[1m[0mid[0m[0m              = (known after apply)
    }

[1m  # time_sleep.bar[134][0m will be created[0m[0m
[0m  [32m+[0m[0m resource "time_sleep" "bar" {
      [32m+[0m [0m[1m[0mcreate_duration[0m[0m = (known after apply)
      [32m+[0m [0m[1m[0mid[0m[0m              = (known after apply)
    }

[1m  # time_sleep.bar[135][0m will be created[0m[0m
[0m  [32m+[0m[0m resource "time_sleep" "bar" {
      [32m+[0m [0m[1m[0mcreate_duration[0m[0m = (known after apply)
      [32m+[0m [0m[1m[0mid[0m[0m              = (known after apply)
    }

[1m  # time_sleep.bar[136][0m will be created[0m[0m
[0m  [32m+[0m[0m resource "time_sleep" "bar" {
      [32m+[0m [0m[1m[0mcreate_duration[0m[0m = (known after apply)
      [32m+[0m [0m[1m[0mid[0m[0m              = (known after apply)
    }

[1m  # time_sleep.bar[137][0m will be created[0m[0m
[0m  [32m+[0m[0m resource "time_sleep" "bar" {
      [32m+[0m [0m[1m[0mcreate_duration[0m[0m = (known after apply)
      [32m+[0m [0m[1m[0mid[0m[0m              = (known after apply)
    }

[1m  # time_sleep.bar[138][0m will be created[0m[0m
[0m  [32m+[0m[0m resource "time_sleep" "bar" {
      [32m+[0m [0m[1m[0mcreate_duration[0m[0m = (known after apply)
      [32m+[0m [0m[1m[0mid[0m[0m              = (known after apply)
    }

[1m  # time_sleep.bar[139][0m will be created[0m[0m
[0m  [32m+[0m[0m resource "time_sleep" "bar" {
      [32m+[0m [0m[1m[0mcreate_duration[0m[0m = (known after apply)
      [32m+[0m [0m[1m[0mid[0m[0m              = (known after apply)
    }

[1m  # time_sleep.bar[140][0m will be created[0m[0m
[0m  [32m+[0m[0m resource "time_sleep" "bar" {
      [32m+[0m [0m[1m[0mcreate_duration[0m[0m = (known after apply)
      [32m+[0m [0m[1m[0mid[0m[0m              = (known after apply)
    }

[1m  # time_sleep.bar[141][0m will be created[0m[0m
[0m  [32m+[0m[0m resource "time_sleep" "bar" {
      [32m+[0m [0m[1m[0mcreate_duration[0m[0m = (known after apply)
      [32m+[0m [0m[1m[0mid[0m[0m              = (known after apply)
    }

[1m  # time_sleep.bar[142][0m will be created[0m[0m
[0m  [32m+[0m[0m resource "time_sleep" "bar" {
      [32m+[0m [0m[1m[0mcreate_duration[0m[0m = (known after apply)
      [32m+[0m [0m[1m[0mid[0m[0m              = (known after apply)
    }

[1m  # time_sleep.bar[143][0m will be created[0m[0m
[0m  [32m+[0m[0m resource "time_sleep" "bar" {
      [32m+[0m [0m[1m[0mcreate_duration[0m[0m = (known after apply)
      [32m+[0m [0m[1m[0mid[0m[0m              = (known after apply)
    }

[1m  # time_sleep.bar[144][0m will be created[0m[0m
[0m  [32m+[0m[0m resource "time_sleep" "bar" {
      [32m+[0m [0m[1m[0mcreate_duration[0m[0m = (known after apply)
      [32m+[0m [0m[1m[0mid[0m[0m              = (known after apply)
    }

[1m  # time_sleep.bar[145][0m will be created[0m[0m
[0m  [32m+[0m[0m resource "time_sleep" "bar" {
      [32m+[0m [0m[1m[0mcreate_duration[0m[0m = (known after apply)
      [32m+[0m [0m[1m[0mid[0m[0m              = (known after apply)
    }

[1m  # time_sleep.bar[146][0m will be created[0m[0m
[0m  [32m+[0m[0m resource "time_sleep" "bar" {
      [32m+[0m [0m[1m[0mcreate_duration[0m[0m = (known after apply)
      [32m+[0m [0m[1m[0mid[0m[0m              = (known after apply)
    }

[1m  # time_sleep.bar[147][0m will be created[0m[0m
[0m  [32m+[0m[0m resource "time_sleep" "bar" {
      [32m+[0m [0m[1m[0mcreate_duration[0m[0m = (known after apply)
      [32m+[0m [0m[1m[0mid[0m[0m              = (known after apply)
    }

[1m  # time_sleep.bar[148][0m will be created[0m[0m
[0m  [32m+[0m[0m resource "time_sleep" "bar" {
      [32m+[0m [0m[1m[0mcreate_duration[0m[0m = (known after apply)
      [32m+[0m [0m[1m[0mid[0m[0m              = (known after apply)
    }

[1m  # time_sleep.bar[149][0m will be created[0m[0m
[0m  [32m+[0m[0m resource "time_sleep" "bar" {
      [32m+[0m [0m[1m[0mcreate_duration[0m[0m = (known after apply)
      [32m+[0m [0m[1m[0mid[0m[0m              = (known after apply)
    }

[1m  # time_sleep.foo[0][0m will be created[0m[0m
[0m  [32m+[0m[0m resource "time_sleep" "foo" {
      [32m+[0m [0m[1m[0mcreate_duration[0m[0m = (known after apply)
      [32m+[0m [0m[1m[0mid[0m[0m              = (known after apply)
    }

[1m  # time_sleep.foo[1][0m will be created[0m[0m
[0m  [32m+[0m[0m resource "time_sleep" "foo" {
      [32m+[0m [0m[1m[0mcreate_duration[0m[0m = (known after apply)
      [32m+[0m [0m[1m[0mid[0m[0m              = (known after apply)
    }

[1m  # time_sleep.foo[2][0m will be created[0m[0m
[0m  [32m+[0m[0m resource "time_sleep" "foo" {
      [32m+[0m [0m[1m[0mcreate_duration[0m[0m = (known after apply)
      [32m+[0m [0m[1m[0mid[0m[0m              = (known after apply)
    }

[1m  # time_sleep.foo[3][0m will be created[0m[0m
[0m  [32m+[0m[0m resource "time_sleep" "foo" {
      [32m+[0m [0m[1m[0mcreate_duration[0m[0m = (known after apply)
      [32m+[0m [0m[1m[0mid[0m[0m              = (known after apply)
    }

[1m  # time_sleep.foo[4][0m will be created[0m[0m
[0m  [32m+[0m[0m resource "time_sleep" "foo" {
      [32m+[0m [0m[1m[0mcreate_duration[0m[0m = (known after apply)
      [32m+[0m [0m[1m[0mid[0m[0m              = (known after apply)
    }

[1m  # time_sleep.foo[5][0m will be created[0m[0m
[0m  [32m+[0m[0m resource "time_sleep" "foo" {
      [32m+[0m [0m[1m[0mcreate_duration[0m[0m = (known after apply)
      [32m+[0m [0m[1m[0mid[0m[0m              = (known after apply)
    }

[1m  # time_sleep.foo[6][0m will be created[0m[0m
[0m  [32m+[0m[0m resource "time_sleep" "foo" {
      [32m+[0m [0m[1m[0mcreate_duration[0m[0m = (known after apply)
      [32m+[0m [0m[1m[0mid[0m[0m              = (known after apply)
    }

[1m  # time_sleep.foo[7][0m will be created[0m[0m
[0m  [32m+[0m[0m resource "time_sleep" "foo" {
      [32m+[0m [0m[1m[0mcreate_duration[0m[0m = (known after apply)
      [32m+[0m [0m[1m[0mid[0m[0m              = (known after apply)
    }

[1m  # time_sleep.foo[8][0m will be created[0m[0m
[0m  [32m+[0m[0m resource "time_sleep" "foo" {
      [32m+[0m [0m[1m[0mcreate_duration[0m[0m = (known after apply)
      [32m+[0m [0m[1m[0mid[0m[0m              = (known after apply)
    }

[1m  # time_sleep.foo[9][0m will be created[0m[0m
[0m  [32m+[0m[0m resource "time_sleep" "foo" {
      [32m+[0m [0m[1m[0mcreate_duration[0m[0m = (known after apply)
      [32m+[0m [0m[1m[0mid[0m[0m              = (known after apply)
    }

[1m  # time_sleep.foo[10][0m will be created[0m[0m
[0m  [32m+[0m[0m resource "time_sleep" "foo" {
      [32m+[0m [0m[1m[0mcreate_duration[0m[0m = (known after apply)
      [32m+[0m [0m[1m[0mid[0m[0m              = (known after apply)
    }

[1m  # time_sleep.foo[11][0m will be created[0m[0m
[0m  [32m+[0m[0m resource "time_sleep" "foo" {
      [32m+[0m [0m[1m[0mcreate_duration[0m[0m = (known after apply)
      [32m+[0m [0m[1m[0mid[0m[0m              = (known after apply)
    }

[1m  # time_sleep.foo[12][0m will be created[0m[0m
[0m  [32m+[0m[0m resource "time_sleep" "foo" {
      [32m+[0m [0m[1m[0mcreate_duration[0m[0m = (known after apply)
      [32m+[0m [0m[1m[0mid[0m[0m              = (known after apply)
    }

[1m  # time_sleep.foo[13][0m will be created[0m[0m
[0m  [32m+[0m[0m resource "time_sleep" "foo" {
      [32m+[0m [0m[1m[0mcreate_duration[0m[0m = (known after apply)
      [32m+[0m [0m[1m[0mid[0m[0m              = (known after apply)
    }

[1m  # time_sleep.foo[14][0m will be created[0m[0m
[0m  [32m+[0m[0m resource "time_sleep" "foo" {
      [32m+[0m [0m[1m[0mcreate_duration[0m[0m = (known after apply)
      [32m+[0m [0m[1m[0mid[0m[0m              = (known after apply)
    }

[1m  # time_sleep.foo[15][0m will be created[0m[0m
[0m  [32m+[0m[0m resource "time_sleep" "foo" {
      [32m+[0m [0m[1m[0mcreate_duration[0m[0m = (known after apply)
      [32m+[0m [0m[1m[0mid[0m[0m              = (known after apply)
    }

[1m  # time_sleep.foo[16][0m will be created[0m[0m
[0m  [32m+[0m[0m resource "time_sleep" "foo" {
      [32m+[0m [0m[1m[0mcreate_duration[0m[0m = (known after apply)
      [32m+[0m [0m[1m[0mid[0m[0m              = (known after apply)
    }

[1m  # time_sleep.foo[17][0m will be created[0m[0m
[0m  [32m+[0m[0m resource "time_sleep" "foo" {
      [32m+[0m [0m[1m[0mcreate_duration[0m[0m = (known after apply)
      [32m+[0m [0m[1m[0mid[0m[0m              = (known after apply)
    }

[1m  # time_sleep.foo[18][0m will be created[0m[0m
[0m  [32m+[0m[0m resource "time_sleep" "foo" {
      [32m+[0m [0m[1m[0mcreate_duration[0m[0m = (known after apply)
      [32m+[0m [0m[1m[0mid[0m[0m              = (known after apply)
    }

[1m  # time_sleep.foo[19][0m will be created[0m[0m
[0m  [32m+[0m[0m resource "time_sleep" "foo" {
      [32m+[0m [0m[1m[0mcreate_duration[0m[0m = (known after apply)
      [32m+[0m [0m[1m[0mid[0m[0m              = (known after apply)
    }

[1m  # time_sleep.foo[20][0m will be created[0m[0m
[0m  [32m+[0m[0m resource "time_sleep" "foo" {
      [32m+[0m [0m[1m[0mcreate_duration[0m[0m = (known after apply)
      [32m+[0m [0m[1m[0mid[0m[0m              = (known after apply)
    }

[1m  # time_sleep.foo[21][0m will be created[0m[0m
[0m  [32m+[0m[0m resource "time_sleep" "foo" {
      [32m+[0m [0m[1m[0mcreate_duration[0m[0m = (known after apply)
      [32m+[0m [0m[1m[0mid[0m[0m              = (known after apply)
    }

[1m  # time_sleep.foo[22][0m will be created[0m[0m
[0m  [32m+[0m[0m resource "time_sleep" "foo" {
      [32m+[0m [0m[1m[0mcreate_duration[0m[0m = (known after apply)
      [32m+[0m [0m[1m[0mid[0m[0m              = (known after apply)
    }

[1m  # time_sleep.foo[23][0m will be created[0m[0m
[0m  [32m+[0m[0m resource "time_sleep" "foo" {
      [32m+[0m [0m[1m[0mcreate_duration[0m[0m = (known after apply)
      [32m+[0m [0m[1m[0mid[0m[0m              = (known after apply)
    }

[1m  # time_sleep.foo[24][0m will be created[0m[0m
[0m  [32m+[0m[0m resource "time_sleep" "foo" {
      [32m+[0m [0m[1m[0mcreate_duration[0m[0m = (known after apply)
      [32m+[0m [0m[1m[0mid[0m[0m              = (known after apply)
    }

[1m  # time_sleep.foo[25][0m will be created[0m[0m
[0m  [32m+[0m[0m resource "time_sleep" "foo" {
      [32m+[0m [0m[1m[0mcreate_duration[0m[0m = (known after apply)
      [32m+[0m [0m[1m[0mid[0m[0m              = (known after apply)
    }

[1m  # time_sleep.foo[26][0m will be created[0m[0m
[0m  [32m+[0m[0m resource "time_sleep" "foo" {
      [32m+[0m [0m[1m[0mcreate_duration[0m[0m = (known after apply)
      [32m+[0m [0m[1m[0mid[0m[0m              = (known after apply)
    }

[1m  # time_sleep.foo[27][0m will be created[0m[0m
[0m  [32m+[0m[0m resource "time_sleep" "foo" {
      [32m+[0m [0m[1m[0mcreate_duration[0m[0m = (known after apply)
      [32m+[0m [0m[1m[0mid[0m[0m              = (known after apply)
    }

[1m  # time_sleep.foo[28][0m will be created[0m[0m
[0m  [32m+[0m[0m resource "time_sleep" "foo" {
      [32m+[0m [0m[1m[0mcreate_duration[0m[0m = (known after apply)
      [32m+[0m [0m[1m[0mid[0m[0m              = (known after apply)
    }

[1m  # time_sleep.foo[29][0m will be created[0m[0m
[0m  [32m+[0m[0m resource "time_sleep" "foo" {
      [32m+[0m [0m[1m[0mcreate_duration[0m[0m = (known after apply)
      [32m+[0m [0m[1m[0mid[0m[0m              = (known after apply)
    }

[1m  # time_sleep.foo[30][0m will be created[0m[0m
[0m  [32m+[0m[0m resource "time_sleep" "foo" {
      [32m+[0m [0m[1m[0mcreate_duration[0m[0m = (known after apply)
      [32m+[0m [0m[1m[0mid[0m[0m              = (known after apply)
    }

[1m  # time_sleep.foo[31][0m will be created[0m[0m
[0m  [32m+[0m[0m resource "time_sleep" "foo" {
      [32m+[0m [0m[1m[0mcreate_duration[0m[0m = (known after apply)
      [32m+[0m [0m[1m[0mid[0m[0m              = (known after apply)
    }

[1m  # time_sleep.foo[32][0m will be created[0m[0m
[0m  [32m+[0m[0m resource "time_sleep" "foo" {
      [32m+[0m [0m[1m[0mcreate_duration[0m[0m = (known after apply)
      [32m+[0m [0m[1m[0mid[0m[0m              = (known after apply)
    }

[1m  # time_sleep.foo[33][0m will be created[0m[0m
[0m  [32m+[0m[0m resource "time_sleep" "foo" {
      [32m+[0m [0m[1m[0mcreate_duration[0m[0m = (known after apply)
      [32m+[0m [0m[1m[0mid[0m[0m              = (known after apply)
    }

[1m  # time_sleep.foo[34][0m will be created[0m[0m
[0m  [32m+[0m[0m resource "time_sleep" "foo" {
      [32m+[0m [0m[1m[0mcreate_duration[0m[0m = (known after apply)
      [32m+[0m [0m[1m[0mid[0m[0m              = (known after apply)
    }

[1m  # time_sleep.foo[35][0m will be created[0m[0m
[0m  [32m+[0m[0m resource "time_sleep" "foo" {
      [32m+[0m [0m[1m[0mcreate_duration[0m[0m = (known after apply)
      [32m+[0m [0m[1m[0mid[0m[0m              = (known after apply)
    }

[1m  # time_sleep.foo[36][0m will be created[0m[0m
[0m  [32m+[0m[0m resource "time_sleep" "foo" {
      [32m+[0m [0m[1m[0mcreate_duration[0m[0m = (known after apply)
      [32m+[0m [0m[1m[0mid[0m[0m              = (known after apply)
    }

[1m  # time_sleep.foo[37][0m will be created[0m[0m
[0m  [32m+[0m[0m resource "time_sleep" "foo" {
      [32m+[0m [0m[1m[0mcreate_duration[0m[0m = (known after apply)
      [32m+[0m [0m[1m[0mid[0m[0m              = (known after apply)
    }

[1m  # time_sleep.foo[38][0m will be created[0m[0m
[0m  [32m+[0m[0m resource "time_sleep" "foo" {
      [32m+[0m [0m[1m[0mcreate_duration[0m[0m = (known after apply)
      [32m+[0m [0m[1m[0mid[0m[0m              = (known after apply)
    }

[1m  # time_sleep.foo[39][0m will be created[0m[0m
[0m  [32m+[0m[0m resource "time_sleep" "foo" {
      [32m+[0m [0m[1m[0mcreate_duration[0m[0m = (known after apply)
      [32m+[0m [0m[1m[0mid[0m[0m              = (known after apply)
    }

[1m  # time_sleep.foo[40][0m will be created[0m[0m
[0m  [32m+[0m[0m resource "time_sleep" "foo" {
      [32m+[0m [0m[1m[0mcreate_duration[0m[0m = (known after apply)
      [32m+[0m [0m[1m[0mid[0m[0m              = (known after apply)
    }

[1m  # time_sleep.foo[41][0m will be created[0m[0m
[0m  [32m+[0m[0m resource "time_sleep" "foo" {
      [32m+[0m [0m[1m[0mcreate_duration[0m[0m = (known after apply)
      [32m+[0m [0m[1m[0mid[0m[0m              = (known after apply)
    }

[1m  # time_sleep.foo[42][0m will be created[0m[0m
[0m  [32m+[0m[0m resource "time_sleep" "foo" {
      [32m+[0m [0m[1m[0mcreate_duration[0m[0m = (known after apply)
      [32m+[0m [0m[1m[0mid[0m[0m              = (known after apply)
    }

[1m  # time_sleep.foo[43][0m will be created[0m[0m
[0m  [32m+[0m[0m resource "time_sleep" "foo" {
      [32m+[0m [0m[1m[0mcreate_duration[0m[0m = (known after apply)
      [32m+[0m [0m[1m[0mid[0m[0m              = (known after apply)
    }

[1m  # time_sleep.foo[44][0m will be created[0m[0m
[0m  [32m+[0m[0m resource "time_sleep" "foo" {
      [32m+[0m [0m[1m[0mcreate_duration[0m[0m = (known after apply)
      [32m+[0m [0m[1m[0mid[0m[0m              = (known after apply)
    }

[1m  # time_sleep.foo[45][0m will be created[0m[0m
[0m  [32m+[0m[0m resource "time_sleep" "foo" {
      [32m+[0m [0m[1m[0mcreate_duration[0m[0m = (known after apply)
      [32m+[0m [0m[1m[0mid[0m[0m              = (known after apply)
    }

[1m  # time_sleep.foo[46][0m will be created[0m[0m
[0m  [32m+[0m[0m resource "time_sleep" "foo" {
      [32m+[0m [0m[1m[0mcreate_duration[0m[0m = (known after apply)
      [32m+[0m [0m[1m[0mid[0m[0m              = (known after apply)
    }

[1m  # time_sleep.foo[47][0m will be created[0m[0m
[0m  [32m+[0m[0m resource "time_sleep" "foo" {
      [32m+[0m [0m[1m[0mcreate_duration[0m[0m = (known after apply)
      [32m+[0m [0m[1m[0mid[0m[0m              = (known after apply)
    }

[1m  # time_sleep.foo[48][0m will be created[0m[0m
[0m  [32m+[0m[0m resource "time_sleep" "foo" {
      [32m+[0m [0m[1m[0mcreate_duration[0m[0m = (known after apply)
      [32m+[0m [0m[1m[0mid[0m[0m              = (known after apply)
    }

[1m  # time_sleep.foo[49][0m will be created[0m[0m
[0m  [32m+[0m[0m resource "time_sleep" "foo" {
      [32m+[0m [0m[1m[0mcreate_duration[0m[0m = (known after apply)
      [32m+[0m [0m[1m[0mid[0m[0m              = (known after apply)
    }

[1m  # time_sleep.foo[50][0m will be created[0m[0m
[0m  [32m+[0m[0m resource "time_sleep" "foo" {
      [32m+[0m [0m[1m[0mcreate_duration[0m[0m = (known after apply)
      [32m+[0m [0m[1m[0mid[0m[0m              = (known after apply)
    }

[1m  # time_sleep.foo[51][0m will be created[0m[0m
[0m  [32m+[0m[0m resource "time_sleep" "foo" {
      [32m+[0m [0m[1m[0mcreate_duration[0m[0m = (known after apply)
      [32m+[0m [0m[1m[0mid[0m[0m              = (known after apply)
    }

[1m  # time_sleep.foo[52][0m will be created[0m[0m
[0m  [32m+[0m[0m resource "time_sleep" "foo" {
      [32m+[0m [0m[1m[0mcreate_duration[0m[0m = (known after apply)
      [32m+[0m [0m[1m[0mid[0m[0m              = (known after apply)
    }

[1m  # time_sleep.foo[53][0m will be created[0m[0m
[0m  [32m+[0m[0m resource "time_sleep" "foo" {
      [32m+[0m [0m[1m[0mcreate_duration[0m[0m = (known after apply)
      [32m+[0m [0m[1m[0mid[0m[0m              = (known after apply)
    }

[1m  # time_sleep.foo[54][0m will be created[0m[0m
[0m  [32m+[0m[0m resource "time_sleep" "foo" {
      [32m+[0m [0m[1m[0mcreate_duration[0m[0m = (known after apply)
      [32m+[0m [0m[1m[0mid[0m[0m              = (known after apply)
    }

[1m  # time_sleep.foo[55][0m will be created[0m[0m
[0m  [32m+[0m[0m resource "time_sleep" "foo" {
      [32m+[0m [0m[1m[0mcreate_duration[0m[0m = (known after apply)
      [32m+[0m [0m[1m[0mid[0m[0m              = (known after apply)
    }

[1m  # time_sleep.foo[56][0m will be created[0m[0m
[0m  [32m+[0m[0m resource "time_sleep" "foo" {
      [32m+[0m [0m[1m[0mcreate_duration[0m[0m = (known after apply)
      [32m+[0m [0m[1m[0mid[0m[0m              = (known after apply)
    }

[1m  # time_sleep.foo[57][0m will be created[0m[0m
[0m  [32m+[0m[0m resource "time_sleep" "foo" {
      [32m+[0m [0m[1m[0mcreate_duration[0m[0m = (known after apply)
      [32m+[0m [0m[1m[0mid[0m[0m              = (known after apply)
    }

[1m  # time_sleep.foo[58][0m will be created[0m[0m
[0m  [32m+[0m[0m resource "time_sleep" "foo" {
      [32m+[0m [0m[1m[0mcreate_duration[0m[0m = (known after apply)
      [32m+[0m [0m[1m[0mid[0m[0m              = (known after apply)
    }

[1m  # time_sleep.foo[59][0m will be created[0m[0m
[0m  [32m+[0m[0m resource "time_sleep" "foo" {
      [32m+[0m [0m[1m[0mcreate_duration[0m[0m = (known after apply)
      [32m+[0m [0m[1m[0mid[0m[0m              = (known after apply)
    }

[1m  # time_sleep.foo[60][0m will be created[0m[0m
[0m  [32m+[0m[0m resource "time_sleep" "foo" {
      [32m+[0m [0m[1m[0mcreate_duration[0m[0m = (known after apply)
      [32m+[0m [0m[1m[0mid[0m[0m              = (known after apply)
    }

[1m  # time_sleep.foo[61][0m will be created[0m[0m
[0m  [32m+[0m[0m resource "time_sleep" "foo" {
      [32m+[0m [0m[1m[0mcreate_duration[0m[0m = (known after apply)
      [32m+[0m [0m[1m[0mid[0m[0m              = (known after apply)
    }

[1m  # time_sleep.foo[62][0m will be created[0m[0m
[0m  [32m+[0m[0m resource "time_sleep" "foo" {
      [32m+[0m [0m[1m[0mcreate_duration[0m[0m = (known after apply)
      [32m+[0m [0m[1m[0mid[0m[0m              = (known after apply)
    }

[1m  # time_sleep.foo[63][0m will be created[0m[0m
[0m  [32m+[0m[0m resource "time_sleep" "foo" {
      [32m+[0m [0m[1m[0mcreate_duration[0m[0m = (known after apply)
      [32m+[0m [0m[1m[0mid[0m[0m              = (known after apply)
    }

[1m  # time_sleep.foo[64][0m will be created[0m[0m
[0m  [32m+[0m[0m resource "time_sleep" "foo" {
      [32m+[0m [0m[1m[0mcreate_duration[0m[0m = (known after apply)
      [32m+[0m [0m[1m[0mid[0m[0m              = (known after apply)
    }

[1m  # time_sleep.foo[65][0m will be created[0m[0m
[0m  [32m+[0m[0m resource "time_sleep" "foo" {
      [32m+[0m [0m[1m[0mcreate_duration[0m[0m = (known after apply)
      [32m+[0m [0m[1m[0mid[0m[0m              = (known after apply)
    }

[1m  # time_sleep.foo[66][0m will be created[0m[0m
[0m  [32m+[0m[0m resource "time_sleep" "foo" {
      [32m+[0m [0m[1m[0mcreate_duration[0m[0m = (known after apply)
      [32m+[0m [0m[1m[0mid[0m[0m              = (known after apply)
    }

[1m  # time_sleep.foo[67][0m will be created[0m[0m
[0m  [32m+[0m[0m resource "time_sleep" "foo" {
      [32m+[0m [0m[1m[0mcreate_duration[0m[0m = (known after apply)
      [32m+[0m [0m[1m[0mid[0m[0m              = (known after apply)
    }

[1m  # time_sleep.foo[68][0m will be created[0m[0m
[0m  [32m+[0m[0m resource "time_sleep" "foo" {
      [32m+[0m [0m[1m[0mcreate_duration[0m[0m = (known after apply)
      [32m+[0m [0m[1m[0mid[0m[0m              = (known after apply)
    }

[1m  # time_sleep.foo[69][0m will be created[0m[0m
[0m  [32m+[0m[0m resource "time_sleep" "foo" {
      [32m+[0m [0m[1m[0mcreate_duration[0m[0m = (known after apply)
      [32m+[0m [0m[1m[0mid[0m[0m              = (known after apply)
    }

[1m  # time_sleep.foo[70][0m will be created[0m[0m
[0m  [32m+[0m[0m resource "time_sleep" "foo" {
      [32m+[0m [0m[1m[0mcreate_duration[0m[0m = (known after apply)
      [32m+[0m [0m[1m[0mid[0m[0m              = (known after apply)
    }

[1m  # time_sleep.foo[71][0m will be created[0m[0m
[0m  [32m+[0m[0m resource "time_sleep" "foo" {
      [32m+[0m [0m[1m[0mcreate_duration[0m[0m = (known after apply)
      [32m+[0m [0m[1m[0mid[0m[0m              = (known after apply)
    }

[1m  # time_sleep.foo[72][0m will be created[0m[0m
[0m  [32m+[0m[0m resource "time_sleep" "foo" {
      [32m+[0m [0m[1m[0mcreate_duration[0m[0m = (known after apply)
      [32m+[0m [0m[1m[0mid[0m[0m              = (known after apply)
    }

[1m  # time_sleep.foo[73][0m will be created[0m[0m
[0m  [32m+[0m[0m resource "time_sleep" "foo" {
      [32m+[0m [0m[1m[0mcreate_duration[0m[0m = (known after apply)
      [32m+[0m [0m[1m[0mid[0m[0m              = (known after apply)
    }

[1m  # time_sleep.foo[74][0m will be created[0m[0m
[0m  [32m+[0m[0m resource "time_sleep" "foo" {
      [32m+[0m [0m[1m[0mcreate_duration[0m[0m = (known after apply)
      [32m+[0m [0m[1m[0mid[0m[0m              = (known after apply)
    }

[1m  # time_sleep.foo[75][0m will be created[0m[0m
[0m  [32m+[0m[0m resource "time_sleep" "foo" {
      [32m+[0m [0m[1m[0mcreate_duration[0m[0m = (known after apply)
      [32m+[0m [0m[1m[0mid[0m[0m              = (known after apply)
    }

[1m  # time_sleep.foo[76][0m will be created[0m[0m
[0m  [32m+[0m[0m resource "time_sleep" "foo" {
      [32m+[0m [0m[1m[0mcreate_duration[0m[0m = (known after apply)
      [32m+[0m [0m[1m[0mid[0m[0m              = (known after apply)
    }

[1m  # time_sleep.foo[77][0m will be created[0m[0m
[0m  [32m+[0m[0m resource "time_sleep" "foo" {
      [32m+[0m [0m[1m[0mcreate_duration[0m[0m = (known after apply)
      [32m+[0m [0m[1m[0mid[0m[0m              = (known after apply)
    }

[1m  # time_sleep.foo[78][0m will be created[0m[0m
[0m  [32m+[0m[0m resource "time_sleep" "foo" {
      [32m+[0m [0m[1m[0mcreate_duration[0m[0m = (known after apply)
      [32m+[0m [0m[1m[0mid[0m[0m              = (known after apply)
    }

[1m  # time_sleep.foo[79][0m will be created[0m[0m
[0m  [32m+[0m[0m resource "time_sleep" "foo" {
      [32m+[0m [0m[1m[0mcreate_duration[0m[0m = (known after apply)
      [32m+[0m [0m[1m[0mid[0m[0m              = (known after apply)
    }

[1m  # time_sleep.foo[80][0m will be created[0m[0m
[0m  [32m+[0m[0m resource "time_sleep" "foo" {
      [32m+[0m [0m[1m[0mcreate_duration[0m[0m = (known after apply)
      [32m+[0m [0m[1m[0mid[0m[0m              = (known after apply)
    }

[1m  # time_sleep.foo[81][0m will be created[0m[0m
[0m  [32m+[0m[0m resource "time_sleep" "foo" {
      [32m+[0m [0m[1m[0mcreate_duration[0m[0m = (known after apply)
      [32m+[0m [0m[1m[0mid[0m[0m              = (known after apply)
    }

[1m  # time_sleep.foo[82][0m will be created[0m[0m
[0m  [32m+[0m[0m resource "time_sleep" "foo" {
      [32m+[0m [0m[1m[0mcreate_duration[0m[0m = (known after apply)
      [32m+[0m [0m[1m[0mid[0m[0m              = (known after apply)
    }

[1m  # time_sleep.foo[83][0m will be created[0m[0m
[0m  [32m+[0m[0m resource "time_sleep" "foo" {
      [32m+[0m [0m[1m[0mcreate_duration[0m[0m = (known after apply)
      [32m+[0m [0m[1m[0mid[0m[0m              = (known after apply)
    }

[1m  # time_sleep.foo[84][0m will be created[0m[0m
[0m  [32m+[0m[0m resource "time_sleep" "foo" {
      [32m+[0m [0m[1m[0mcreate_duration[0m[0m = (known after apply)
      [32m+[0m [0m[1m[0mid[0m[0m              = (known after apply)
    }

[1m  # time_sleep.foo[85][0m will be created[0m[0m
[0m  [32m+[0m[0m resource "time_sleep" "foo" {
      [32m+[0m [0m[1m[0mcreate_duration[0m[0m = (known after apply)
      [32m+[0m [0m[1m[0mid[0m[0m              = (known after apply)
    }

[1m  # time_sleep.foo[86][0m will be created[0m[0m
[0m  [32m+[0m[0m resource "time_sleep" "foo" {
      [32m+[0m [0m[1m[0mcreate_duration[0m[0m = (known after apply)
      [32m+[0m [0m[1m[0mid[0m[0m              = (known after apply)
    }

[1m  # time_sleep.foo[87][0m will be created[0m[0m
[0m  [32m+[0m[0m resource "time_sleep" "foo" {
      [32m+[0m [0m[1m[0mcreate_duration[0m[0m = (known after apply)
      [32m+[0m [0m[1m[0mid[0m[0m              = (known after apply)
    }

[1m  # time_sleep.foo[88][0m will be created[0m[0m
[0m  [32m+[0m[0m resource "time_sleep" "foo" {
      [32m+[0m [0m[1m[0mcreate_duration[0m[0m = (known after apply)
      [32m+[0m [0m[1m[0mid[0m[0m              = (known after apply)
    }

[1m  # time_sleep.foo[89][0m will be created[0m[0m
[0m  [32m+[0m[0m resource "time_sleep" "foo" {
      [32m+[0m [0m[1m[0mcreate_duration[0m[0m = (known after apply)
      [32m+[0m [0m[1m[0mid[0m[0m              = (known after apply)
    }

[1m  # time_sleep.foo[90][0m will be created[0m[0m
[0m  [32m+[0m[0m resource "time_sleep" "foo" {
      [32m+[0m [0m[1m[0mcreate_duration[0m[0m = (known after apply)
      [32m+[0m [0m[1m[0mid[0m[0m              = (known after apply)
    }

[1m  # time_sleep.foo[91][0m will be created[0m[0m
[0m  [32m+[0m[0m resource "time_sleep" "foo" {
      [32m+[0m [0m[1m[0mcreate_duration[0m[0m = (known after apply)
      [32m+[0m [0m[1m[0mid[0m[0m              = (known after apply)
    }

[1m  # time_sleep.foo[92][0m will be created[0m[0m
[0m  [32m+[0m[0m resource "time_sleep" "foo" {
      [32m+[0m [0m[1m[0mcreate_duration[0m[0m = (known after apply)
      [32m+[0m [0m[1m[0mid[0m[0m              = (known after apply)
    }

[1m  # time_sleep.foo[93][0m will be created[0m[0m
[0m  [32m+[0m[0m resource "time_sleep" "foo" {
      [32m+[0m [0m[1m[0mcreate_duration[0m[0m = (known after apply)
      [32m+[0m [0m[1m[0mid[0m[0m              = (known after apply)
    }

[1m  # time_sleep.foo[94][0m will be created[0m[0m
[0m  [32m+[0m[0m resource "time_sleep" "foo" {
      [32m+[0m [0m[1m[0mcreate_duration[0m[0m = (known after apply)
      [32m+[0m [0m[1m[0mid[0m[0m              = (known after apply)
    }

[1m  # time_sleep.foo[95][0m will be created[0m[0m
[0m  [32m+[0m[0m resource "time_sleep" "foo" {
      [32m+[0m [0m[1m[0mcreate_duration[0m[0m = (known after apply)
      [32m+[0m [0m[1m[0mid[0m[0m              = (known after apply)
    }

[1m  # time_sleep.foo[96][0m will be created[0m[0m
[0m  [32m+[0m[0m resource "time_sleep" "foo" {
      [32m+[0m [0m[1m[0mcreate_duration[0m[0m = (known after apply)
      [32m+[0m [0m[1m[0mid[0m[0m              = (known after apply)
    }

[1m  # time_sleep.foo[97][0m will be created[0m[0m
[0m  [32m+[0m[0m resource "time_sleep" "foo" {
      [32m+[0m [0m[1m[0mcreate_duration[0m[0m = (known after apply)
      [32m+[0m [0m[1m[0mid[0m[0m              = (known after apply)
    }

[1m  # time_sleep.foo[98][0m will be created[0m[0m
[0m  [32m+[0m[0m resource "time_sleep" "foo" {
      [32m+[0m [0m[1m[0mcreate_duration[0m[0m = (known after apply)
      [32m+[0m [0m[1m[0mid[0m[0m              = (known after apply)
    }

[1m  # time_sleep.foo[99][0m will be created[0m[0m
[0m  [32m+[0m[0m resource "time_sleep" "foo" {
      [32m+[0m [0m[1m[0mcreate_duration[0m[0m = (known after apply)
      [32m+[0m [0m[1m[0mid[0m[0m              = (known after apply)
    }

[1m  # time_sleep.foo[100][0m will be created[0m[0m
[0m  [32m+[0m[0m resource "time_sleep" "foo" {
      [32m+[0m [0m[1m[0mcreate_duration[0m[0m = (known after apply)
      [32m+[0m [0m[1m[0mid[0m[0m              = (known after apply)
    }

[1m  # time_sleep.foo[101][0m will be created[0m[0m
[0m  [32m+[0m[0m resource "time_sleep" "foo" {
      [32m+[0m [0m[1m[0mcreate_duration[0m[0m = (known after apply)
      [32m+[0m [0m[1m[0mid[0m[0m              = (known after apply)
    }

[1m  # time_sleep.foo[102][0m will be created[0m[0m
[0m  [32m+[0m[0m resource "time_sleep" "foo" {
      [32m+[0m [0m[1m[0mcreate_duration[0m[0m = (known after apply)
      [32m+[0m [0m[1m[0mid[0m[0m              = (known after apply)
    }

[1m  # time_sleep.foo[103][0m will be created[0m[0m
[0m  [32m+[0m[0m resource "time_sleep" "foo" {
      [32m+[0m [0m[1m[0mcreate_duration[0m[0m = (known after apply)
      [32m+[0m [0m[1m[0mid[0m[0m              = (known after apply)
    }

[1m  # time_sleep.foo[104][0m will be created[0m[0m
[0m  [32m+[0m[0m resource "time_sleep" "foo" {
      [32m+[0m [0m[1m[0mcreate_duration[0m[0m = (known after apply)
      [32m+[0m [0m[1m[0mid[0m[0m              = (known after apply)
    }

[1m  # time_sleep.foo[105][0m will be created[0m[0m
[0m  [32m+[0m[0m resource "time_sleep" "foo" {
      [32m+[0m [0m[1m[0mcreate_duration[0m[0m = (known after apply)
      [32m+[0m [0m[1m[0mid[0m[0m              = (known after apply)
    }

[1m  # time_sleep.foo[106][0m will be created[0m[0m
[0m  [32m+[0m[0m resource "time_sleep" "foo" {
      [32m+[0m [0m[1m[0mcreate_duration[0m[0m = (known after apply)
      [32m+[0m [0m[1m[0mid[0m[0m              = (known after apply)
    }

[1m  # time_sleep.foo[107][0m will be created[0m[0m
[0m  [32m+[0m[0m resource "time_sleep" "foo" {
      [32m+[0m [0m[1m[0mcreate_duration[0m[0m = (known after apply)
      [32m+[0m [0m[1m[0mid[0m[0m              = (known after apply)
    }

[1m  # time_sleep.foo[108][0m will be created[0m[0m
[0m  [32m+[0m[0m resource "time_sleep" "foo" {
      [32m+[0m [0m[1m[0mcreate_duration[0m[0m = (known after apply)
      [32m+[0m [0m[1m[0mid[0m[0m              = (known after apply)
    }

[1m  # time_sleep.foo[109][0m will be created[0m[0m
[0m  [32m+[0m[0m resource "time_sleep" "foo" {
      [32m+[0m [0m[1m[0mcreate_duration[0m[0m = (known after apply)
      [32m+[0m [0m[1m[0mid[0m[0m              = (known after apply)
    }

[1m  # time_sleep.foo[110][0m will be created[0m[0m
[0m  [32m+[0m[0m resource "time_sleep" "foo" {
      [32m+[0m [0m[1m[0mcreate_duration[0m[0m = (known after apply)
      [32m+[0m [0m[1m[0mid[0m[0m              = (known after apply)
    }

[1m  # time_sleep.foo[111][0m will be created[0m[0m
[0m  [32m+[0m[0m resource "time_sleep" "foo" {
      [32m+[0m [0m[1m[0mcreate_duration[0m[0m = (known after apply)
      [32m+[0m [0m[1m[0mid[0m[0m              = (known after apply)
    }

[1m  # time_sleep.foo[112][0m will be created[0m[0m
[0m  [32m+[0m[0m resource "time_sleep" "foo" {
      [32m+[0m [0m[1m[0mcreate_duration[0m[0m = (known after apply)
      [32m+[0m [0m[1m[0mid[0m[0m              = (known after apply)
    }

[1m  # time_sleep.foo[113][0m will be created[0m[0m
[0m  [32m+[0m[0m resource "time_sleep" "foo" {
      [32m+[0m [0m[1m[0mcreate_duration[0m[0m = (known after apply)
      [32m+[0m [0m[1m[0mid[0m[0m              = (known after apply)
    }

[1m  # time_sleep.foo[114][0m will be created[0m[0m
[0m  [32m+[0m[0m resource "time_sleep" "foo" {
      [32m+[0m [0m[1m[0mcreate_duration[0m[0m = (known after apply)
      [32m+[0m [0m[1m[0mid[0m[0m              = (known after apply)
    }

[1m  # time_sleep.foo[115][0m will be created[0m[0m
[0m  [32m+[0m[0m resource "time_sleep" "foo" {
      [32m+[0m [0m[1m[0mcreate_duration[0m[0m = (known after apply)
      [32m+[0m [0m[1m[0mid[0m[0m              = (known after apply)
    }

[1m  # time_sleep.foo[116][0m will be created[0m[0m
[0m  [32m+[0m[0m resource "time_sleep" "foo" {
      [32m+[0m [0m[1m[0mcreate_duration[0m[0m = (known after apply)
      [32m+[0m [0m[1m[0mid[0m[0m              = (known after apply)
    }

[1m  # time_sleep.foo[117][0m will be created[0m[0m
[0m  [32m+[0m[0m resource "time_sleep" "foo" {
      [32m+[0m [0m[1m[0mcreate_duration[0m[0m = (known after apply)
      [32m+[0m [0m[1m[0mid[0m[0m              = (known after apply)
    }

[1m  # time_sleep.foo[118][0m will be created[0m[0m
[0m  [32m+[0m[0m resource "time_sleep" "foo" {
      [32m+[0m [0m[1m[0mcreate_duration[0m[0m = (known after apply)
      [32m+[0m [0m[1m[0mid[0m[0m              = (known after apply)
    }

[1m  # time_sleep.foo[119][0m will be created[0m[0m
[0m  [32m+[0m[0m resource "time_sleep" "foo" {
      [32m+[0m [0m[1m[0mcreate_duration[0m[0m = (known after apply)
      [32m+[0m [0m[1m[0mid[0m[0m              = (known after apply)
    }

[1m  # time_sleep.foo[120][0m will be created[0m[0m
[0m  [32m+[0m[0m resource "time_sleep" "foo" {
      [32m+[0m [0m[1m[0mcreate_duration[0m[0m = (known after apply)
      [32m+[0m [0m[1m[0mid[0m[0m              = (known after apply)
    }

[1m  # time_sleep.foo[121][0m will be created[0m[0m
[0m  [32m+[0m[0m resource "time_sleep" "foo" {
      [32m+[0m [0m[1m[0mcreate_duration[0m[0m = (known after apply)
      [32m+[0m [0m[1m[0mid[0m[0m              = (known after apply)
    }

[1m  # time_sleep.foo[122][0m will be created[0m[0m
[0m  [32m+[0m[0m resource "time_sleep" "foo" {
      [32m+[0m [0m[1m[0mcreate_duration[0m[0m = (known after apply)
      [32m+[0m [0m[1m[0mid[0m[0m              = (known after apply)
    }

[1m  # time_sleep.foo[123][0m will be created[0m[0m
[0m  [32m+[0m[0m resource "time_sleep" "foo" {
      [32m+[0m [0m[1m[0mcreate_duration[0m[0m = (known after apply)
      [32m+[0m [0m[1m[0mid[0m[0m              = (known after apply)
    }

[1m  # time_sleep.foo[124][0m will be created[0m[0m
[0m  [32m+[0m[0m resource "time_sleep" "foo" {
      [32m+[0m [0m[1m[0mcreate_duration[0m[0m = (known after apply)
      [32m+[0m [0m[1m[0mid[0m[0m              = (known after apply)
    }

[1m  # time_sleep.foo[125][0m will be created[0m[0m
[0m  [32m+[0m[0m resource "time_sleep" "foo" {
      [32m+[0m [0m[1m[0mcreate_duration[0m[0m = (known after apply)
      [32m+[0m [0m[1m[0mid[0m[0m              = (known after apply)
    }

[1m  # time_sleep.foo[126][0m will be created[0m[0m
[0m  [32m+[0m[0m resource "time_sleep" "foo" {
      [32m+[0m [0m[1m[0mcreate_duration[0m[0m = (known after apply)
      [32m+[0m [0m[1m[0mid[0m[0m              = (known after apply)
    }

[1m  # time_sleep.foo[127][0m will be created[0m[0m
[0m  [32m+[0m[0m resource "time_sleep" "foo" {
      [32m+[0m [0m[1m[0mcreate_duration[0m[0m = (known after apply)
      [32m+[0m [0m[1m[0mid[0m[0m              = (known after apply)
    }

[1m  # time_sleep.foo[128][0m will be created[0m[0m
[0m  [32m+[0m[0m resource "time_sleep" "foo" {
      [32m+[0m [0m[1m[0mcreate_duration[0m[0m = (known after apply)
      [32m+[0m [0m[1m[0mid[0m[0m              = (known after apply)
    }

[1m  # time_sleep.foo[129][0m will be created[0m[0m
[0m  [32m+[0m[0m resource "time_sleep" "foo" {
      [32m+[0m [0m[1m[0mcreate_duration[0m[0m = (known after apply)
      [32m+[0m [0m[1m[0mid[0m[0m              = (known after apply)
    }

[1m  # time_sleep.foo[130][0m will be created[0m[0m
[0m  [32m+[0m[0m resource "time_sleep" "foo" {
      [32m+[0m [0m[1m[0mcreate_duration[0m[0m = (known after apply)
      [32m+[0m [0m[1m[0mid[0m[0m              = (known after apply)
    }

[1m  # time_sleep.foo[131][0m will be created[0m[0m
[0m  [32m+[0m[0m resource "time_sleep" "foo" {
      [32m+[0m [0m[1m[0mcreate_duration[0m[0m = (known after apply)
      [32m+[0m [0m[1m[0mid[0m[0m              = (known after apply)
    }

[1m  # time_sleep.foo[132][0m will be created[0m[0m
[0m  [32m+[0m[0m resource "time_sleep" "foo" {
      [32m+[0m [0m[1m[0mcreate_duration[0m[0m = (known after apply)
      [32m+[0m [0m[1m[0mid[0m[0m              = (known after apply)
    }

[1m  # time_sleep.foo[133][0m will be created[0m[0m
[0m  [32m+[0m[0m resource "time_sleep" "foo" {
      [32m+[0m [0m[1m[0mcreate_duration[0m[0m = (known after apply)
      [32m+[0m [0m[1m[0mid[0m[0m              = (known after apply)
    }

[1m  # time_sleep.foo[134][0m will be created[0m[0m
[0m  [32m+[0m[0m resource "time_sleep" "foo" {
      [32m+[0m [0m[1m[0mcreate_duration[0m[0m = (known after apply)
      [32m+[0m [0m[1m[0mid[0m[0m              = (known after apply)
    }

[1m  # time_sleep.foo[135][0m will be created[0m[0m
[0m  [32m+[0m[0m resource "time_sleep" "foo" {
      [32m+[0m [0m[1m[0mcreate_duration[0m[0m = (known after apply)
      [32m+[0m [0m[1m[0mid[0m[0m              = (known after apply)
    }

[1m  # time_sleep.foo[136][0m will be created[0m[0m
[0m  [32m+[0m[0m resource "time_sleep" "foo" {
      [32m+[0m [0m[1m[0mcreate_duration[0m[0m = (known after apply)
      [32m+[0m [0m[1m[0mid[0m[0m              = (known after apply)
    }

[1m  # time_sleep.foo[137][0m will be created[0m[0m
[0m  [32m+[0m[0m resource "time_sleep" "foo" {
      [32m+[0m [0m[1m[0mcreate_duration[0m[0m = (known after apply)
      [32m+[0m [0m[1m[0mid[0m[0m              = (known after apply)
    }

[1m  # time_sleep.foo[138][0m will be created[0m[0m
[0m  [32m+[0m[0m resource "time_sleep" "foo" {
      [32m+[0m [0m[1m[0mcreate_duration[0m[0m = (known after apply)
      [32m+[0m [0m[1m[0mid[0m[0m              = (known after apply)
    }

[1m  # time_sleep.foo[139][0m will be created[0m[0m
[0m  [32m+[0m[0m resource "time_sleep" "foo" {
      [32m+[0m [0m[1m[0mcreate_duration[0m[0m = (known after apply)
      [32m+[0m [0m[1m[0mid[0m[0m              = (known after apply)
    }

[1m  # time_sleep.foo[140][0m will be created[0m[0m
[0m  [32m+[0m[0m resource "time_sleep" "foo" {
      [32m+[0m [0m[1m[0mcreate_duration[0m[0m = (known after apply)
      [32m+[0m [0m[1m[0mid[0m[0m              = (known after apply)
    }

[1m  # time_sleep.foo[141][0m will be created[0m[0m
[0m  [32m+[0m[0m resource "time_sleep" "foo" {
      [32m+[0m [0m[1m[0mcreate_duration[0m[0m = (known after apply)
      [32m+[0m [0m[1m[0mid[0m[0m              = (known after apply)
    }

[1m  # time_sleep.foo[142][0m will be created[0m[0m
[0m  [32m+[0m[0m resource "time_sleep" "foo" {
      [32m+[0m [0m[1m[0mcreate_duration[0m[0m = (known after apply)
      [32m+[0m [0m[1m[0mid[0m[0m              = (known after apply)
    }

[1m  # time_sleep.foo[143][0m will be created[0m[0m
[0m  [32m+[0m[0m resource "time_sleep" "foo" {
      [32m+[0m [0m[1m[0mcreate_duration[0m[0m = (known after apply)
      [32m+[0m [0m[1m[0mid[0m[0m              = (known after apply)
    }

[1m  # time_sleep.foo[144][0m will be created[0m[0m
[0m  [32m+[0m[0m resource "time_sleep" "foo" {
      [32m+[0m [0m[1m[0mcreate_duration[0m[0m = (known after apply)
      [32m+[0m [0m[1m[0mid[0m[0m              = (known after apply)
    }

[1m  # time_sleep.foo[145][0m will be created[0m[0m
[0m  [32m+[0m[0m resource "time_sleep" "foo" {
      [32m+[0m [0m[1m[0mcreate_duration[0m[0m = (known after apply)
      [32m+[0m [0m[1m[0mid[0m[0m              = (known after apply)
    }

[1m  # time_sleep.foo[146][0m will be created[0m[0m
[0m  [32m+[0m[0m resource "time_sleep" "foo" {
      [32m+[0m [0m[1m[0mcreate_duration[0m[0m = (known after apply)
      [32m+[0m [0m[1m[0mid[0m[0m              = (known after apply)
    }

[1m  # time_sleep.foo[147][0m will be created[0m[0m
[0m  [32m+[0m[0m resource "time_sleep" "foo" {
      [32m+[0m [0m[1m[0mcreate_duration[0m[0m = (known after apply)
      [32m+[0m [0m[1m[0mid[0m[0m              = (known after apply)
    }

[1m  # time_sleep.foo[148][0m will be created[0m[0m
[0m  [32m+[0m[0m resource "time_sleep" "foo" {
      [32m+[0m [0m[1m[0mcreate_duration[0m[0m = (known after apply)
      [32m+[0m [0m[1m[0mid[0m[0m              = (known after apply)
    }

[1m  # time_sleep.foo[149][0m will be created[0m[0m
[0m  [32m+[0m[0m resource "time_sleep" "foo" {
      [32m+[0m [0m[1m[0mcreate_duration[0m[0m = (known after apply)
      [32m+[0m [0m[1m[0mid[0m[0m              = (known after apply)
    }

[1m  # module.applications[0].module.airflow[0].random_integer.sleep[0m will be created[0m[0m
[0m  [32m+[0m[0m resource "random_integer" "sleep" {
      [32m+[0m [0m[1m[0mid[0m[0m     = (known after apply)
      [32m+[0m [0m[1m[0mmax[0m[0m    = 5
      [32m+[0m [0m[1m[0mmin[0m[0m    = 1
      [32m+[0m [0m[1m[0mresult[0m[0m = (known after apply)
    }

[1m  # module.applications[0].module.airflow[0].time_sleep.bar[0m will be created[0m[0m
[0m  [32m+[0m[0m resource "time_sleep" "bar" {
      [32m+[0m [0m[1m[0mcreate_duration[0m[0m = (known after apply)
      [32m+[0m [0m[1m[0mid[0m[0m              = (known after apply)
    }

[1m  # module.applications[0].module.airflow[1].random_integer.sleep[0m will be created[0m[0m
[0m  [32m+[0m[0m resource "random_integer" "sleep" {
      [32m+[0m [0m[1m[0mid[0m[0m     = (known after apply)
      [32m+[0m [0m[1m[0mmax[0m[0m    = 5
      [32m+[0m [0m[1m[0mmin[0m[0m    = 1
      [32m+[0m [0m[1m[0mresult[0m[0m = (known after apply)
    }

[1m  # module.applications[0].module.airflow[1].time_sleep.bar[0m will be created[0m[0m
[0m  [32m+[0m[0m resource "time_sleep" "bar" {
      [32m+[0m [0m[1m[0mcreate_duration[0m[0m = (known after apply)
      [32m+[0m [0m[1m[0mid[0m[0m              = (known after apply)
    }

[1m  # module.applications[0].module.airflow[2].random_integer.sleep[0m will be created[0m[0m
[0m  [32m+[0m[0m resource "random_integer" "sleep" {
      [32m+[0m [0m[1m[0mid[0m[0m     = (known after apply)
      [32m+[0m [0m[1m[0mmax[0m[0m    = 5
      [32m+[0m [0m[1m[0mmin[0m[0m    = 1
      [32m+[0m [0m[1m[0mresult[0m[0m = (known after apply)
    }

[1m  # module.applications[0].module.airflow[2].time_sleep.bar[0m will be created[0m[0m
[0m  [32m+[0m[0m resource "time_sleep" "bar" {
      [32m+[0m [0m[1m[0mcreate_duration[0m[0m = (known after apply)
      [32m+[0m [0m[1m[0mid[0m[0m              = (known after apply)
    }

[1m  # module.applications[0].module.airflow[3].random_integer.sleep[0m will be created[0m[0m
[0m  [32m+[0m[0m resource "random_integer" "sleep" {
      [32m+[0m [0m[1m[0mid[0m[0m     = (known after apply)
      [32m+[0m [0m[1m[0mmax[0m[0m    = 5
      [32m+[0m [0m[1m[0mmin[0m[0m    = 1
      [32m+[0m [0m[1m[0mresult[0m[0m = (known after apply)
    }

[1m  # module.applications[0].module.airflow[3].time_sleep.bar[0m will be created[0m[0m
[0m  [32m+[0m[0m resource "time_sleep" "bar" {
      [32m+[0m [0m[1m[0mcreate_duration[0m[0m = (known after apply)
      [32m+[0m [0m[1m[0mid[0m[0m              = (known after apply)
    }

[1m  # module.applications[0].module.airflow[4].random_integer.sleep[0m will be created[0m[0m
[0m  [32m+[0m[0m resource "random_integer" "sleep" {
      [32m+[0m [0m[1m[0mid[0m[0m     = (known after apply)
      [32m+[0m [0m[1m[0mmax[0m[0m    = 5
      [32m+[0m [0m[1m[0mmin[0m[0m    = 1
      [32m+[0m [0m[1m[0mresult[0m[0m = (known after apply)
    }

[1m  # module.applications[0].module.airflow[4].time_sleep.bar[0m will be created[0m[0m
[0m  [32m+[0m[0m resource "time_sleep" "bar" {
      [32m+[0m [0m[1m[0mcreate_duration[0m[0m = (known after apply)
      [32m+[0m [0m[1m[0mid[0m[0m              = (known after apply)
    }

[1m  # module.applications[0].module.airflow[5].random_integer.sleep[0m will be created[0m[0m
[0m  [32m+[0m[0m resource "random_integer" "sleep" {
      [32m+[0m [0m[1m[0mid[0m[0m     = (known after apply)
      [32m+[0m [0m[1m[0mmax[0m[0m    = 5
      [32m+[0m [0m[1m[0mmin[0m[0m    = 1
      [32m+[0m [0m[1m[0mresult[0m[0m = (known after apply)
    }

[1m  # module.applications[0].module.airflow[5].time_sleep.bar[0m will be created[0m[0m
[0m  [32m+[0m[0m resource "time_sleep" "bar" {
      [32m+[0m [0m[1m[0mcreate_duration[0m[0m = (known after apply)
      [32m+[0m [0m[1m[0mid[0m[0m              = (known after apply)
    }

[1m  # module.applications[0].module.airflow[6].random_integer.sleep[0m will be created[0m[0m
[0m  [32m+[0m[0m resource "random_integer" "sleep" {
      [32m+[0m [0m[1m[0mid[0m[0m     = (known after apply)
      [32m+[0m [0m[1m[0mmax[0m[0m    = 5
      [32m+[0m [0m[1m[0mmin[0m[0m    = 1
      [32m+[0m [0m[1m[0mresult[0m[0m = (known after apply)
    }

[1m  # module.applications[0].module.airflow[6].time_sleep.bar[0m will be created[0m[0m
[0m  [32m+[0m[0m resource "time_sleep" "bar" {
      [32m+[0m [0m[1m[0mcreate_duration[0m[0m = (known after apply)
      [32m+[0m [0m[1m[0mid[0m[0m              = (known after apply)
    }

[1m  # module.applications[0].module.airflow[7].random_integer.sleep[0m will be created[0m[0m
[0m  [32m+[0m[0m resource "random_integer" "sleep" {
      [32m+[0m [0m[1m[0mid[0m[0m     = (known after apply)
      [32m+[0m [0m[1m[0mmax[0m[0m    = 5
      [32m+[0m [0m[1m[0mmin[0m[0m    = 1
      [32m+[0m [0m[1m[0mresult[0m[0m = (known after apply)
    }

[1m  # module.applications[0].module.airflow[7].time_sleep.bar[0m will be created[0m[0m
[0m  [32m+[0m[0m resource "time_sleep" "bar" {
      [32m+[0m [0m[1m[0mcreate_duration[0m[0m = (known after apply)
      [32m+[0m [0m[1m[0mid[0m[0m              = (known after apply)
    }

[1m  # module.applications[0].module.airflow[8].random_integer.sleep[0m will be created[0m[0m
[0m  [32m+[0m[0m resource "random_integer" "sleep" {
      [32m+[0m [0m[1m[0mid[0m[0m     = (known after apply)
      [32m+[0m [0m[1m[0mmax[0m[0m    = 5
      [32m+[0m [0m[1m[0mmin[0m[0m    = 1
      [32m+[0m [0m[1m[0mresult[0m[0m = (known after apply)
    }

[1m  # module.applications[0].module.airflow[8].time_sleep.bar[0m will be created[0m[0m
[0m  [32m+[0m[0m resource "time_sleep" "bar" {
      [32m+[0m [0m[1m[0mcreate_duration[0m[0m = (known after apply)
      [32m+[0m [0m[1m[0mid[0m[0m              = (known after apply)
    }

[1m  # module.applications[0].module.airflow[9].random_integer.sleep[0m will be created[0m[0m
[0m  [32m+[0m[0m resource "random_integer" "sleep" {
      [32m+[0m [0m[1m[0mid[0m[0m     = (known after apply)
      [32m+[0m [0m[1m[0mmax[0m[0m    = 5
      [32m+[0m [0m[1m[0mmin[0m[0m    = 1
      [32m+[0m [0m[1m[0mresult[0m[0m = (known after apply)
    }

[1m  # module.applications[0].module.airflow[9].time_sleep.bar[0m will be created[0m[0m
[0m  [32m+[0m[0m resource "time_sleep" "bar" {
      [32m+[0m [0m[1m[0mcreate_duration[0m[0m = (known after apply)
      [32m+[0m [0m[1m[0mid[0m[0m              = (known after apply)
    }

[1m  # module.applications[0].module.dbt[0].random_integer.sleep[0][0m will be created[0m[0m
[0m  [32m+[0m[0m resource "random_integer" "sleep" {
      [32m+[0m [0m[1m[0mid[0m[0m     = (known after apply)
      [32m+[0m [0m[1m[0mmax[0m[0m    = 5
      [32m+[0m [0m[1m[0mmin[0m[0m    = 1
      [32m+[0m [0m[1m[0mresult[0m[0m = (known after apply)
    }

[1m  # module.applications[0].module.dbt[0].random_integer.sleep[1][0m will be created[0m[0m
[0m  [32m+[0m[0m resource "random_integer" "sleep" {
      [32m+[0m [0m[1m[0mid[0m[0m     = (known after apply)
      [32m+[0m [0m[1m[0mmax[0m[0m    = 5
      [32m+[0m [0m[1m[0mmin[0m[0m    = 1
      [32m+[0m [0m[1m[0mresult[0m[0m = (known after apply)
    }

[1m  # module.applications[0].module.dbt[0].time_sleep.bar[0][0m will be created[0m[0m
[0m  [32m+[0m[0m resource "time_sleep" "bar" {
      [32m+[0m [0m[1m[0mcreate_duration[0m[0m = (known after apply)
      [32m+[0m [0m[1m[0mid[0m[0m              = (known after apply)
    }

[1m  # module.applications[0].module.dbt[0].time_sleep.bar[1][0m will be created[0m[0m
[0m  [32m+[0m[0m resource "time_sleep" "bar" {
      [32m+[0m [0m[1m[0mcreate_duration[0m[0m = (known after apply)
      [32m+[0m [0m[1m[0mid[0m[0m              = (known after apply)
    }

[1m  # module.applications[0].module.dbt[1].random_integer.sleep[0][0m will be created[0m[0m
[0m  [32m+[0m[0m resource "random_integer" "sleep" {
      [32m+[0m [0m[1m[0mid[0m[0m     = (known after apply)
      [32m+[0m [0m[1m[0mmax[0m[0m    = 5
      [32m+[0m [0m[1m[0mmin[0m[0m    = 1
      [32m+[0m [0m[1m[0mresult[0m[0m = (known after apply)
    }

[1m  # module.applications[0].module.dbt[1].random_integer.sleep[1][0m will be created[0m[0m
[0m  [32m+[0m[0m resource "random_integer" "sleep" {
      [32m+[0m [0m[1m[0mid[0m[0m     = (known after apply)
      [32m+[0m [0m[1m[0mmax[0m[0m    = 5
      [32m+[0m [0m[1m[0mmin[0m[0m    = 1
      [32m+[0m [0m[1m[0mresult[0m[0m = (known after apply)
    }

[1m  # module.applications[0].module.dbt[1].time_sleep.bar[0][0m will be created[0m[0m
[0m  [32m+[0m[0m resource "time_sleep" "bar" {
      [32m+[0m [0m[1m[0mcreate_duration[0m[0m = (known after apply)
      [32m+[0m [0m[1m[0mid[0m[0m              = (known after apply)
    }

[1m  # module.applications[0].module.dbt[1].time_sleep.bar[1][0m will be created[0m[0m
[0m  [32m+[0m[0m resource "time_sleep" "bar" {
      [32m+[0m [0m[1m[0mcreate_duration[0m[0m = (known after apply)
      [32m+[0m [0m[1m[0mid[0m[0m              = (known after apply)
    }

[1m  # module.applications[0].module.dbt[2].random_integer.sleep[0][0m will be created[0m[0m
[0m  [32m+[0m[0m resource "random_integer" "sleep" {
      [32m+[0m [0m[1m[0mid[0m[0m     = (known after apply)
      [32m+[0m [0m[1m[0mmax[0m[0m    = 5
      [32m+[0m [0m[1m[0mmin[0m[0m    = 1
      [32m+[0m [0m[1m[0mresult[0m[0m = (known after apply)
    }

[1m  # module.applications[0].module.dbt[2].random_integer.sleep[1][0m will be created[0m[0m
[0m  [32m+[0m[0m resource "random_integer" "sleep" {
      [32m+[0m [0m[1m[0mid[0m[0m     = (known after apply)
      [32m+[0m [0m[1m[0mmax[0m[0m    = 5
      [32m+[0m [0m[1m[0mmin[0m[0m    = 1
      [32m+[0m [0m[1m[0mresult[0m[0m = (known after apply)
    }

[1m  # module.applications[0].module.dbt[2].time_sleep.bar[0][0m will be created[0m[0m
[0m  [32m+[0m[0m resource "time_sleep" "bar" {
      [32m+[0m [0m[1m[0mcreate_duration[0m[0m = (known after apply)
      [32m+[0m [0m[1m[0mid[0m[0m              = (known after apply)
    }

[1m  # module.applications[0].module.dbt[2].time_sleep.bar[1][0m will be created[0m[0m
[0m  [32m+[0m[0m resource "time_sleep" "bar" {
      [32m+[0m [0m[1m[0mcreate_duration[0m[0m = (known after apply)
      [32m+[0m [0m[1m[0mid[0m[0m              = (known after apply)
    }

[1m  # module.applications[0].module.dbt[3].random_integer.sleep[0][0m will be created[0m[0m
[0m  [32m+[0m[0m resource "random_integer" "sleep" {
      [32m+[0m [0m[1m[0mid[0m[0m     = (known after apply)
      [32m+[0m [0m[1m[0mmax[0m[0m    = 5
      [32m+[0m [0m[1m[0mmin[0m[0m    = 1
      [32m+[0m [0m[1m[0mresult[0m[0m = (known after apply)
    }

[1m  # module.applications[0].module.dbt[3].random_integer.sleep[1][0m will be created[0m[0m
[0m  [32m+[0m[0m resource "random_integer" "sleep" {
      [32m+[0m [0m[1m[0mid[0m[0m     = (known after apply)
      [32m+[0m [0m[1m[0mmax[0m[0m    = 5
      [32m+[0m [0m[1m[0mmin[0m[0m    = 1
      [32m+[0m [0m[1m[0mresult[0m[0m = (known after apply)
    }

[1m  # module.applications[0].module.dbt[3].time_sleep.bar[0][0m will be created[0m[0m
[0m  [32m+[0m[0m resource "time_sleep" "bar" {
      [32m+[0m [0m[1m[0mcreate_duration[0m[0m = (known after apply)
      [32m+[0m [0m[1m[0mid[0m[0m              = (known after apply)
    }

[1m  # module.applications[0].module.dbt[3].time_sleep.bar[1][0m will be created[0m[0m
[0m  [32m+[0m[0m resource "time_sleep" "bar" {
      [32m+[0m [0m[1m[0mcreate_duration[0m[0m = (known after apply)
      [32m+[0m [0m[1m[0mid[0m[0m              = (known after apply)
    }

[1m  # module.applications[0].module.dbt[4].random_integer.sleep[0][0m will be created[0m[0m
[0m  [32m+[0m[0m resource "random_integer" "sleep" {
      [32m+[0m [0m[1m[0mid[0m[0m     = (known after apply)
      [32m+[0m [0m[1m[0mmax[0m[0m    = 5
      [32m+[0m [0m[1m[0mmin[0m[0m    = 1
      [32m+[0m [0m[1m[0mresult[0m[0m = (known after apply)
    }

[1m  # module.applications[0].module.dbt[4].random_integer.sleep[1][0m will be created[0m[0m
[0m  [32m+[0m[0m resource "random_integer" "sleep" {
      [32m+[0m [0m[1m[0mid[0m[0m     = (known after apply)
      [32m+[0m [0m[1m[0mmax[0m[0m    = 5
      [32m+[0m [0m[1m[0mmin[0m[0m    = 1
      [32m+[0m [0m[1m[0mresult[0m[0m = (known after apply)
    }

[1m  # module.applications[0].module.dbt[4].time_sleep.bar[0][0m will be created[0m[0m
[0m  [32m+[0m[0m resource "time_sleep" "bar" {
      [32m+[0m [0m[1m[0mcreate_duration[0m[0m = (known after apply)
      [32m+[0m [0m[1m[0mid[0m[0m              = (known after apply)
    }

[1m  # module.applications[0].module.dbt[4].time_sleep.bar[1][0m will be created[0m[0m
[0m  [32m+[0m[0m resource "time_sleep" "bar" {
      [32m+[0m [0m[1m[0mcreate_duration[0m[0m = (known after apply)
      [32m+[0m [0m[1m[0mid[0m[0m              = (known after apply)
    }

[1m  # module.applications[1].module.airflow[0].random_integer.sleep[0m will be created[0m[0m
[0m  [32m+[0m[0m resource "random_integer" "sleep" {
      [32m+[0m [0m[1m[0mid[0m[0m     = (known after apply)
      [32m+[0m [0m[1m[0mmax[0m[0m    = 5
      [32m+[0m [0m[1m[0mmin[0m[0m    = 1
      [32m+[0m [0m[1m[0mresult[0m[0m = (known after apply)
    }

[1m  # module.applications[1].module.airflow[0].time_sleep.bar[0m will be created[0m[0m
[0m  [32m+[0m[0m resource "time_sleep" "bar" {
      [32m+[0m [0m[1m[0mcreate_duration[0m[0m = (known after apply)
      [32m+[0m [0m[1m[0mid[0m[0m              = (known after apply)
    }

[1m  # module.applications[1].module.airflow[1].random_integer.sleep[0m will be created[0m[0m
[0m  [32m+[0m[0m resource "random_integer" "sleep" {
      [32m+[0m [0m[1m[0mid[0m[0m     = (known after apply)
      [32m+[0m [0m[1m[0mmax[0m[0m    = 5
      [32m+[0m [0m[1m[0mmin[0m[0m    = 1
      [32m+[0m [0m[1m[0mresult[0m[0m = (known after apply)
    }

[1m  # module.applications[1].module.airflow[1].time_sleep.bar[0m will be created[0m[0m
[0m  [32m+[0m[0m resource "time_sleep" "bar" {
      [32m+[0m [0m[1m[0mcreate_duration[0m[0m = (known after apply)
      [32m+[0m [0m[1m[0mid[0m[0m              = (known after apply)
    }

[1m  # module.applications[1].module.airflow[2].random_integer.sleep[0m will be created[0m[0m
[0m  [32m+[0m[0m resource "random_integer" "sleep" {
      [32m+[0m [0m[1m[0mid[0m[0m     = (known after apply)
      [32m+[0m [0m[1m[0mmax[0m[0m    = 5
      [32m+[0m [0m[1m[0mmin[0m[0m    = 1
      [32m+[0m [0m[1m[0mresult[0m[0m = (known after apply)
    }

[1m  # module.applications[1].module.airflow[2].time_sleep.bar[0m will be created[0m[0m
[0m  [32m+[0m[0m resource "time_sleep" "bar" {
      [32m+[0m [0m[1m[0mcreate_duration[0m[0m = (known after apply)
      [32m+[0m [0m[1m[0mid[0m[0m              = (known after apply)
    }

[1m  # module.applications[1].module.airflow[3].random_integer.sleep[0m will be created[0m[0m
[0m  [32m+[0m[0m resource "random_integer" "sleep" {
      [32m+[0m [0m[1m[0mid[0m[0m     = (known after apply)
      [32m+[0m [0m[1m[0mmax[0m[0m    = 5
      [32m+[0m [0m[1m[0mmin[0m[0m    = 1
      [32m+[0m [0m[1m[0mresult[0m[0m = (known after apply)
    }

[1m  # module.applications[1].module.airflow[3].time_sleep.bar[0m will be created[0m[0m
[0m  [32m+[0m[0m resource "time_sleep" "bar" {
      [32m+[0m [0m[1m[0mcreate_duration[0m[0m = (known after apply)
      [32m+[0m [0m[1m[0mid[0m[0m              = (known after apply)
    }

[1m  # module.applications[1].module.airflow[4].random_integer.sleep[0m will be created[0m[0m
[0m  [32m+[0m[0m resource "random_integer" "sleep" {
      [32m+[0m [0m[1m[0mid[0m[0m     = (known after apply)
      [32m+[0m [0m[1m[0mmax[0m[0m    = 5
      [32m+[0m [0m[1m[0mmin[0m[0m    = 1
      [32m+[0m [0m[1m[0mresult[0m[0m = (known after apply)
    }

[1m  # module.applications[1].module.airflow[4].time_sleep.bar[0m will be created[0m[0m
[0m  [32m+[0m[0m resource "time_sleep" "bar" {
      [32m+[0m [0m[1m[0mcreate_duration[0m[0m = (known after apply)
      [32m+[0m [0m[1m[0mid[0m[0m              = (known after apply)
    }

[1m  # module.applications[1].module.airflow[5].random_integer.sleep[0m will be created[0m[0m
[0m  [32m+[0m[0m resource "random_integer" "sleep" {
      [32m+[0m [0m[1m[0mid[0m[0m     = (known after apply)
      [32m+[0m [0m[1m[0mmax[0m[0m    = 5
      [32m+[0m [0m[1m[0mmin[0m[0m    = 1
      [32m+[0m [0m[1m[0mresult[0m[0m = (known after apply)
    }

[1m  # module.applications[1].module.airflow[5].time_sleep.bar[0m will be created[0m[0m
[0m  [32m+[0m[0m resource "time_sleep" "bar" {
      [32m+[0m [0m[1m[0mcreate_duration[0m[0m = (known after apply)
      [32m+[0m [0m[1m[0mid[0m[0m              = (known after apply)
    }

[1m  # module.applications[1].module.airflow[6].random_integer.sleep[0m will be created[0m[0m
[0m  [32m+[0m[0m resource "random_integer" "sleep" {
      [32m+[0m [0m[1m[0mid[0m[0m     = (known after apply)
      [32m+[0m [0m[1m[0mmax[0m[0m    = 5
      [32m+[0m [0m[1m[0mmin[0m[0m    = 1
      [32m+[0m [0m[1m[0mresult[0m[0m = (known after apply)
    }

[1m  # module.applications[1].module.airflow[6].time_sleep.bar[0m will be created[0m[0m
[0m  [32m+[0m[0m resource "time_sleep" "bar" {
      [32m+[0m [0m[1m[0mcreate_duration[0m[0m = (known after apply)
      [32m+[0m [0m[1m[0mid[0m[0m              = (known after apply)
    }

[1m  # module.applications[1].module.airflow[7].random_integer.sleep[0m will be created[0m[0m
[0m  [32m+[0m[0m resource "random_integer" "sleep" {
      [32m+[0m [0m[1m[0mid[0m[0m     = (known after apply)
      [32m+[0m [0m[1m[0mmax[0m[0m    = 5
      [32m+[0m [0m[1m[0mmin[0m[0m    = 1
      [32m+[0m [0m[1m[0mresult[0m[0m = (known after apply)
    }

[1m  # module.applications[1].module.airflow[7].time_sleep.bar[0m will be created[0m[0m
[0m  [32m+[0m[0m resource "time_sleep" "bar" {
      [32m+[0m [0m[1m[0mcreate_duration[0m[0m = (known after apply)
      [32m+[0m [0m[1m[0mid[0m[0m              = (known after apply)
    }

[1m  # module.applications[1].module.airflow[8].random_integer.sleep[0m will be created[0m[0m
[0m  [32m+[0m[0m resource "random_integer" "sleep" {
      [32m+[0m [0m[1m[0mid[0m[0m     = (known after apply)
      [32m+[0m [0m[1m[0mmax[0m[0m    = 5
      [32m+[0m [0m[1m[0mmin[0m[0m    = 1
      [32m+[0m [0m[1m[0mresult[0m[0m = (known after apply)
    }

[1m  # module.applications[1].module.airflow[8].time_sleep.bar[0m will be created[0m[0m
[0m  [32m+[0m[0m resource "time_sleep" "bar" {
      [32m+[0m [0m[1m[0mcreate_duration[0m[0m = (known after apply)
      [32m+[0m [0m[1m[0mid[0m[0m              = (known after apply)
    }

[1m  # module.applications[1].module.airflow[9].random_integer.sleep[0m will be created[0m[0m
[0m  [32m+[0m[0m resource "random_integer" "sleep" {
      [32m+[0m [0m[1m[0mid[0m[0m     = (known after apply)
      [32m+[0m [0m[1m[0mmax[0m[0m    = 5
      [32m+[0m [0m[1m[0mmin[0m[0m    = 1
      [32m+[0m [0m[1m[0mresult[0m[0m = (known after apply)
    }

[1m  # module.applications[1].module.airflow[9].time_sleep.bar[0m will be created[0m[0m
[0m  [32m+[0m[0m resource "time_sleep" "bar" {
      [32m+[0m [0m[1m[0mcreate_duration[0m[0m = (known after apply)
      [32m+[0m [0m[1m[0mid[0m[0m              = (known after apply)
    }

[1m  # module.applications[1].module.dbt[0].random_integer.sleep[0][0m will be created[0m[0m
[0m  [32m+[0m[0m resource "random_integer" "sleep" {
      [32m+[0m [0m[1m[0mid[0m[0m     = (known after apply)
      [32m+[0m [0m[1m[0mmax[0m[0m    = 5
      [32m+[0m [0m[1m[0mmin[0m[0m    = 1
      [32m+[0m [0m[1m[0mresult[0m[0m = (known after apply)
    }

[1m  # module.applications[1].module.dbt[0].random_integer.sleep[1][0m will be created[0m[0m
[0m  [32m+[0m[0m resource "random_integer" "sleep" {
      [32m+[0m [0m[1m[0mid[0m[0m     = (known after apply)
      [32m+[0m [0m[1m[0mmax[0m[0m    = 5
      [32m+[0m [0m[1m[0mmin[0m[0m    = 1
      [32m+[0m [0m[1m[0mresult[0m[0m = (known after apply)
    }

[1m  # module.applications[1].module.dbt[0].time_sleep.bar[0][0m will be created[0m[0m
[0m  [32m+[0m[0m resource "time_sleep" "bar" {
      [32m+[0m [0m[1m[0mcreate_duration[0m[0m = (known after apply)
      [32m+[0m [0m[1m[0mid[0m[0m              = (known after apply)
    }

[1m  # module.applications[1].module.dbt[0].time_sleep.bar[1][0m will be created[0m[0m
[0m  [32m+[0m[0m resource "time_sleep" "bar" {
      [32m+[0m [0m[1m[0mcreate_duration[0m[0m = (known after apply)
      [32m+[0m [0m[1m[0mid[0m[0m              = (known after apply)
    }

[1m  # module.applications[1].module.dbt[1].random_integer.sleep[0][0m will be created[0m[0m
[0m  [32m+[0m[0m resource "random_integer" "sleep" {
      [32m+[0m [0m[1m[0mid[0m[0m     = (known after apply)
      [32m+[0m [0m[1m[0mmax[0m[0m    = 5
      [32m+[0m [0m[1m[0mmin[0m[0m    = 1
      [32m+[0m [0m[1m[0mresult[0m[0m = (known after apply)
    }

[1m  # module.applications[1].module.dbt[1].random_integer.sleep[1][0m will be created[0m[0m
[0m  [32m+[0m[0m resource "random_integer" "sleep" {
      [32m+[0m [0m[1m[0mid[0m[0m     = (known after apply)
      [32m+[0m [0m[1m[0mmax[0m[0m    = 5
      [32m+[0m [0m[1m[0mmin[0m[0m    = 1
      [32m+[0m [0m[1m[0mresult[0m[0m = (known after apply)
    }

[1m  # module.applications[1].module.dbt[1].time_sleep.bar[0][0m will be created[0m[0m
[0m  [32m+[0m[0m resource "time_sleep" "bar" {
      [32m+[0m [0m[1m[0mcreate_duration[0m[0m = (known after apply)
      [32m+[0m [0m[1m[0mid[0m[0m              = (known after apply)
    }

[1m  # module.applications[1].module.dbt[1].time_sleep.bar[1][0m will be created[0m[0m
[0m  [32m+[0m[0m resource "time_sleep" "bar" {
      [32m+[0m [0m[1m[0mcreate_duration[0m[0m = (known after apply)
      [32m+[0m [0m[1m[0mid[0m[0m              = (known after apply)
    }

[1m  # module.applications[1].module.dbt[2].random_integer.sleep[0][0m will be created[0m[0m
[0m  [32m+[0m[0m resource "random_integer" "sleep" {
      [32m+[0m [0m[1m[0mid[0m[0m     = (known after apply)
      [32m+[0m [0m[1m[0mmax[0m[0m    = 5
      [32m+[0m [0m[1m[0mmin[0m[0m    = 1
      [32m+[0m [0m[1m[0mresult[0m[0m = (known after apply)
    }

[1m  # module.applications[1].module.dbt[2].random_integer.sleep[1][0m will be created[0m[0m
[0m  [32m+[0m[0m resource "random_integer" "sleep" {
      [32m+[0m [0m[1m[0mid[0m[0m     = (known after apply)
      [32m+[0m [0m[1m[0mmax[0m[0m    = 5
      [32m+[0m [0m[1m[0mmin[0m[0m    = 1
      [32m+[0m [0m[1m[0mresult[0m[0m = (known after apply)
    }

[1m  # module.applications[1].module.dbt[2].time_sleep.bar[0][0m will be created[0m[0m
[0m  [32m+[0m[0m resource "time_sleep" "bar" {
      [32m+[0m [0m[1m[0mcreate_duration[0m[0m = (known after apply)
      [32m+[0m [0m[1m[0mid[0m[0m              = (known after apply)
    }

[1m  # module.applications[1].module.dbt[2].time_sleep.bar[1][0m will be created[0m[0m
[0m  [32m+[0m[0m resource "time_sleep" "bar" {
      [32m+[0m [0m[1m[0mcreate_duration[0m[0m = (known after apply)
      [32m+[0m [0m[1m[0mid[0m[0m              = (known after apply)
    }

[1m  # module.applications[1].module.dbt[3].random_integer.sleep[0][0m will be created[0m[0m
[0m  [32m+[0m[0m resource "random_integer" "sleep" {
      [32m+[0m [0m[1m[0mid[0m[0m     = (known after apply)
      [32m+[0m [0m[1m[0mmax[0m[0m    = 5
      [32m+[0m [0m[1m[0mmin[0m[0m    = 1
      [32m+[0m [0m[1m[0mresult[0m[0m = (known after apply)
    }

[1m  # module.applications[1].module.dbt[3].random_integer.sleep[1][0m will be created[0m[0m
[0m  [32m+[0m[0m resource "random_integer" "sleep" {
      [32m+[0m [0m[1m[0mid[0m[0m     = (known after apply)
      [32m+[0m [0m[1m[0mmax[0m[0m    = 5
      [32m+[0m [0m[1m[0mmin[0m[0m    = 1
      [32m+[0m [0m[1m[0mresult[0m[0m = (known after apply)
    }

[1m  # module.applications[1].module.dbt[3].time_sleep.bar[0][0m will be created[0m[0m
[0m  [32m+[0m[0m resource "time_sleep" "bar" {
      [32m+[0m [0m[1m[0mcreate_duration[0m[0m = (known after apply)
      [32m+[0m [0m[1m[0mid[0m[0m              = (known after apply)
    }

[1m  # module.applications[1].module.dbt[3].time_sleep.bar[1][0m will be created[0m[0m
[0m  [32m+[0m[0m resource "time_sleep" "bar" {
      [32m+[0m [0m[1m[0mcreate_duration[0m[0m = (known after apply)
      [32m+[0m [0m[1m[0mid[0m[0m              = (known after apply)
    }

[1m  # module.applications[1].module.dbt[4].random_integer.sleep[0][0m will be created[0m[0m
[0m  [32m+[0m[0m resource "random_integer" "sleep" {
      [32m+[0m [0m[1m[0mid[0m[0m     = (known after apply)
      [32m+[0m [0m[1m[0mmax[0m[0m    = 5
      [32m+[0m [0m[1m[0mmin[0m[0m    = 1
      [32m+[0m [0m[1m[0mresult[0m[0m = (known after apply)
    }

[1m  # module.applications[1].module.dbt[4].random_integer.sleep[1][0m will be created[0m[0m
[0m  [32m+[0m[0m resource "random_integer" "sleep" {
      [32m+[0m [0m[1m[0mid[0m[0m     = (known after apply)
      [32m+[0m [0m[1m[0mmax[0m[0m    = 5
      [32m+[0m [0m[1m[0mmin[0m[0m    = 1
      [32m+[0m [0m[1m[0mresult[0m[0m = (known after apply)
    }

[1m  # module.applications[1].module.dbt[4].time_sleep.bar[0][0m will be created[0m[0m
[0m  [32m+[0m[0m resource "time_sleep" "bar" {
      [32m+[0m [0m[1m[0mcreate_duration[0m[0m = (known after apply)
      [32m+[0m [0m[1m[0mid[0m[0m              = (known after apply)
    }

[1m  # module.applications[1].module.dbt[4].time_sleep.bar[1][0m will be created[0m[0m
[0m  [32m+[0m[0m resource "time_sleep" "bar" {
      [32m+[0m [0m[1m[0mcreate_duration[0m[0m = (known after apply)
      [32m+[0m [0m[1m[0mid[0m[0m              = (known after apply)
    }

[1m  # module.applications[2].module.airflow[0].random_integer.sleep[0m will be created[0m[0m
[0m  [32m+[0m[0m resource "random_integer" "sleep" {
      [32m+[0m [0m[1m[0mid[0m[0m     = (known after apply)
      [32m+[0m [0m[1m[0mmax[0m[0m    = 5
      [32m+[0m [0m[1m[0mmin[0m[0m    = 1
      [32m+[0m [0m[1m[0mresult[0m[0m = (known after apply)
    }

[1m  # module.applications[2].module.airflow[0].time_sleep.bar[0m will be created[0m[0m
[0m  [32m+[0m[0m resource "time_sleep" "bar" {
      [32m+[0m [0m[1m[0mcreate_duration[0m[0m = (known after apply)
      [32m+[0m [0m[1m[0mid[0m[0m              = (known after apply)
    }

[1m  # module.applications[2].module.airflow[1].random_integer.sleep[0m will be created[0m[0m
[0m  [32m+[0m[0m resource "random_integer" "sleep" {
      [32m+[0m [0m[1m[0mid[0m[0m     = (known after apply)
      [32m+[0m [0m[1m[0mmax[0m[0m    = 5
      [32m+[0m [0m[1m[0mmin[0m[0m    = 1
      [32m+[0m [0m[1m[0mresult[0m[0m = (known after apply)
    }

[1m  # module.applications[2].module.airflow[1].time_sleep.bar[0m will be created[0m[0m
[0m  [32m+[0m[0m resource "time_sleep" "bar" {
      [32m+[0m [0m[1m[0mcreate_duration[0m[0m = (known after apply)
      [32m+[0m [0m[1m[0mid[0m[0m              = (known after apply)
    }

[1m  # module.applications[2].module.airflow[2].random_integer.sleep[0m will be created[0m[0m
[0m  [32m+[0m[0m resource "random_integer" "sleep" {
      [32m+[0m [0m[1m[0mid[0m[0m     = (known after apply)
      [32m+[0m [0m[1m[0mmax[0m[0m    = 5
      [32m+[0m [0m[1m[0mmin[0m[0m    = 1
      [32m+[0m [0m[1m[0mresult[0m[0m = (known after apply)
    }

[1m  # module.applications[2].module.airflow[2].time_sleep.bar[0m will be created[0m[0m
[0m  [32m+[0m[0m resource "time_sleep" "bar" {
      [32m+[0m [0m[1m[0mcreate_duration[0m[0m = (known after apply)
      [32m+[0m [0m[1m[0mid[0m[0m              = (known after apply)
    }

[1m  # module.applications[2].module.airflow[3].random_integer.sleep[0m will be created[0m[0m
[0m  [32m+[0m[0m resource "random_integer" "sleep" {
      [32m+[0m [0m[1m[0mid[0m[0m     = (known after apply)
      [32m+[0m [0m[1m[0mmax[0m[0m    = 5
      [32m+[0m [0m[1m[0mmin[0m[0m    = 1
      [32m+[0m [0m[1m[0mresult[0m[0m = (known after apply)
    }

[1m  # module.applications[2].module.airflow[3].time_sleep.bar[0m will be created[0m[0m
[0m  [32m+[0m[0m resource "time_sleep" "bar" {
      [32m+[0m [0m[1m[0mcreate_duration[0m[0m = (known after apply)
      [32m+[0m [0m[1m[0mid[0m[0m              = (known after apply)
    }

[1m  # module.applications[2].module.airflow[4].random_integer.sleep[0m will be created[0m[0m
[0m  [32m+[0m[0m resource "random_integer" "sleep" {
      [32m+[0m [0m[1m[0mid[0m[0m     = (known after apply)
      [32m+[0m [0m[1m[0mmax[0m[0m    = 5
      [32m+[0m [0m[1m[0mmin[0m[0m    = 1
      [32m+[0m [0m[1m[0mresult[0m[0m = (known after apply)
    }

[1m  # module.applications[2].module.airflow[4].time_sleep.bar[0m will be created[0m[0m
[0m  [32m+[0m[0m resource "time_sleep" "bar" {
      [32m+[0m [0m[1m[0mcreate_duration[0m[0m = (known after apply)
      [32m+[0m [0m[1m[0mid[0m[0m              = (known after apply)
    }

[1m  # module.applications[2].module.airflow[5].random_integer.sleep[0m will be created[0m[0m
[0m  [32m+[0m[0m resource "random_integer" "sleep" {
      [32m+[0m [0m[1m[0mid[0m[0m     = (known after apply)
      [32m+[0m [0m[1m[0mmax[0m[0m    = 5
      [32m+[0m [0m[1m[0mmin[0m[0m    = 1
      [32m+[0m [0m[1m[0mresult[0m[0m = (known after apply)
    }

[1m  # module.applications[2].module.airflow[5].time_sleep.bar[0m will be created[0m[0m
[0m  [32m+[0m[0m resource "time_sleep" "bar" {
      [32m+[0m [0m[1m[0mcreate_duration[0m[0m = (known after apply)
      [32m+[0m [0m[1m[0mid[0m[0m              = (known after apply)
    }

[1m  # module.applications[2].module.airflow[6].random_integer.sleep[0m will be created[0m[0m
[0m  [32m+[0m[0m resource "random_integer" "sleep" {
      [32m+[0m [0m[1m[0mid[0m[0m     = (known after apply)
      [32m+[0m [0m[1m[0mmax[0m[0m    = 5
      [32m+[0m [0m[1m[0mmin[0m[0m    = 1
      [32m+[0m [0m[1m[0mresult[0m[0m = (known after apply)
    }

[1m  # module.applications[2].module.airflow[6].time_sleep.bar[0m will be created[0m[0m
[0m  [32m+[0m[0m resource "time_sleep" "bar" {
      [32m+[0m [0m[1m[0mcreate_duration[0m[0m = (known after apply)
      [32m+[0m [0m[1m[0mid[0m[0m              = (known after apply)
    }

[1m  # module.applications[2].module.airflow[7].random_integer.sleep[0m will be created[0m[0m
[0m  [32m+[0m[0m resource "random_integer" "sleep" {
      [32m+[0m [0m[1m[0mid[0m[0m     = (known after apply)
      [32m+[0m [0m[1m[0mmax[0m[0m    = 5
      [32m+[0m [0m[1m[0mmin[0m[0m    = 1
      [32m+[0m [0m[1m[0mresult[0m[0m = (known after apply)
    }

[1m  # module.applications[2].module.airflow[7].time_sleep.bar[0m will be created[0m[0m
[0m  [32m+[0m[0m resource "time_sleep" "bar" {
      [32m+[0m [0m[1m[0mcreate_duration[0m[0m = (known after apply)
      [32m+[0m [0m[1m[0mid[0m[0m              = (known after apply)
    }

[1m  # module.applications[2].module.airflow[8].random_integer.sleep[0m will be created[0m[0m
[0m  [32m+[0m[0m resource "random_integer" "sleep" {
      [32m+[0m [0m[1m[0mid[0m[0m     = (known after apply)
      [32m+[0m [0m[1m[0mmax[0m[0m    = 5
      [32m+[0m [0m[1m[0mmin[0m[0m    = 1
      [32m+[0m [0m[1m[0mresult[0m[0m = (known after apply)
    }

[1m  # module.applications[2].module.airflow[8].time_sleep.bar[0m will be created[0m[0m
[0m  [32m+[0m[0m resource "time_sleep" "bar" {
      [32m+[0m [0m[1m[0mcreate_duration[0m[0m = (known after apply)
      [32m+[0m [0m[1m[0mid[0m[0m              = (known after apply)
    }

[1m  # module.applications[2].module.airflow[9].random_integer.sleep[0m will be created[0m[0m
[0m  [32m+[0m[0m resource "random_integer" "sleep" {
      [32m+[0m [0m[1m[0mid[0m[0m     = (known after apply)
      [32m+[0m [0m[1m[0mmax[0m[0m    = 5
      [32m+[0m [0m[1m[0mmin[0m[0m    = 1
      [32m+[0m [0m[1m[0mresult[0m[0m = (known after apply)
    }

[1m  # module.applications[2].module.airflow[9].time_sleep.bar[0m will be created[0m[0m
[0m  [32m+[0m[0m resource "time_sleep" "bar" {
      [32m+[0m [0m[1m[0mcreate_duration[0m[0m = (known after apply)
      [32m+[0m [0m[1m[0mid[0m[0m              = (known after apply)
    }

[1m  # module.applications[2].module.dbt[0].random_integer.sleep[0][0m will be created[0m[0m
[0m  [32m+[0m[0m resource "random_integer" "sleep" {
      [32m+[0m [0m[1m[0mid[0m[0m     = (known after apply)
      [32m+[0m [0m[1m[0mmax[0m[0m    = 5
      [32m+[0m [0m[1m[0mmin[0m[0m    = 1
      [32m+[0m [0m[1m[0mresult[0m[0m = (known after apply)
    }

[1m  # module.applications[2].module.dbt[0].random_integer.sleep[1][0m will be created[0m[0m
[0m  [32m+[0m[0m resource "random_integer" "sleep" {
      [32m+[0m [0m[1m[0mid[0m[0m     = (known after apply)
      [32m+[0m [0m[1m[0mmax[0m[0m    = 5
      [32m+[0m [0m[1m[0mmin[0m[0m    = 1
      [32m+[0m [0m[1m[0mresult[0m[0m = (known after apply)
    }

[1m  # module.applications[2].module.dbt[0].time_sleep.bar[0][0m will be created[0m[0m
[0m  [32m+[0m[0m resource "time_sleep" "bar" {
      [32m+[0m [0m[1m[0mcreate_duration[0m[0m = (known after apply)
      [32m+[0m [0m[1m[0mid[0m[0m              = (known after apply)
    }

[1m  # module.applications[2].module.dbt[0].time_sleep.bar[1][0m will be created[0m[0m
[0m  [32m+[0m[0m resource "time_sleep" "bar" {
      [32m+[0m [0m[1m[0mcreate_duration[0m[0m = (known after apply)
      [32m+[0m [0m[1m[0mid[0m[0m              = (known after apply)
    }

[1m  # module.applications[2].module.dbt[1].random_integer.sleep[0][0m will be created[0m[0m
[0m  [32m+[0m[0m resource "random_integer" "sleep" {
      [32m+[0m [0m[1m[0mid[0m[0m     = (known after apply)
      [32m+[0m [0m[1m[0mmax[0m[0m    = 5
      [32m+[0m [0m[1m[0mmin[0m[0m    = 1
      [32m+[0m [0m[1m[0mresult[0m[0m = (known after apply)
    }

[1m  # module.applications[2].module.dbt[1].random_integer.sleep[1][0m will be created[0m[0m
[0m  [32m+[0m[0m resource "random_integer" "sleep" {
      [32m+[0m [0m[1m[0mid[0m[0m     = (known after apply)
      [32m+[0m [0m[1m[0mmax[0m[0m    = 5
      [32m+[0m [0m[1m[0mmin[0m[0m    = 1
      [32m+[0m [0m[1m[0mresult[0m[0m = (known after apply)
    }

[1m  # module.applications[2].module.dbt[1].time_sleep.bar[0][0m will be created[0m[0m
[0m  [32m+[0m[0m resource "time_sleep" "bar" {
      [32m+[0m [0m[1m[0mcreate_duration[0m[0m = (known after apply)
      [32m+[0m [0m[1m[0mid[0m[0m              = (known after apply)
    }

[1m  # module.applications[2].module.dbt[1].time_sleep.bar[1][0m will be created[0m[0m
[0m  [32m+[0m[0m resource "time_sleep" "bar" {
      [32m+[0m [0m[1m[0mcreate_duration[0m[0m = (known after apply)
      [32m+[0m [0m[1m[0mid[0m[0m              = (known after apply)
    }

[1m  # module.applications[2].module.dbt[2].random_integer.sleep[0][0m will be created[0m[0m
[0m  [32m+[0m[0m resource "random_integer" "sleep" {
      [32m+[0m [0m[1m[0mid[0m[0m     = (known after apply)
      [32m+[0m [0m[1m[0mmax[0m[0m    = 5
      [32m+[0m [0m[1m[0mmin[0m[0m    = 1
      [32m+[0m [0m[1m[0mresult[0m[0m = (known after apply)
    }

[1m  # module.applications[2].module.dbt[2].random_integer.sleep[1][0m will be created[0m[0m
[0m  [32m+[0m[0m resource "random_integer" "sleep" {
      [32m+[0m [0m[1m[0mid[0m[0m     = (known after apply)
      [32m+[0m [0m[1m[0mmax[0m[0m    = 5
      [32m+[0m [0m[1m[0mmin[0m[0m    = 1
      [32m+[0m [0m[1m[0mresult[0m[0m = (known after apply)
    }

[1m  # module.applications[2].module.dbt[2].time_sleep.bar[0][0m will be created[0m[0m
[0m  [32m+[0m[0m resource "time_sleep" "bar" {
      [32m+[0m [0m[1m[0mcreate_duration[0m[0m = (known after apply)
      [32m+[0m [0m[1m[0mid[0m[0m              = (known after apply)
    }

[1m  # module.applications[2].module.dbt[2].time_sleep.bar[1][0m will be created[0m[0m
[0m  [32m+[0m[0m resource "time_sleep" "bar" {
      [32m+[0m [0m[1m[0mcreate_duration[0m[0m = (known after apply)
      [32m+[0m [0m[1m[0mid[0m[0m              = (known after apply)
    }

[1m  # module.applications[2].module.dbt[3].random_integer.sleep[0][0m will be created[0m[0m
[0m  [32m+[0m[0m resource "random_integer" "sleep" {
      [32m+[0m [0m[1m[0mid[0m[0m     = (known after apply)
      [32m+[0m [0m[1m[0mmax[0m[0m    = 5
      [32m+[0m [0m[1m[0mmin[0m[0m    = 1
      [32m+[0m [0m[1m[0mresult[0m[0m = (known after apply)
    }

[1m  # module.applications[2].module.dbt[3].random_integer.sleep[1][0m will be created[0m[0m
[0m  [32m+[0m[0m resource "random_integer" "sleep" {
      [32m+[0m [0m[1m[0mid[0m[0m     = (known after apply)
      [32m+[0m [0m[1m[0mmax[0m[0m    = 5
      [32m+[0m [0m[1m[0mmin[0m[0m    = 1
      [32m+[0m [0m[1m[0mresult[0m[0m = (known after apply)
    }

[1m  # module.applications[2].module.dbt[3].time_sleep.bar[0][0m will be created[0m[0m
[0m  [32m+[0m[0m resource "time_sleep" "bar" {
      [32m+[0m [0m[1m[0mcreate_duration[0m[0m = (known after apply)
      [32m+[0m [0m[1m[0mid[0m[0m              = (known after apply)
    }

[1m  # module.applications[2].module.dbt[3].time_sleep.bar[1][0m will be created[0m[0m
[0m  [32m+[0m[0m resource "time_sleep" "bar" {
      [32m+[0m [0m[1m[0mcreate_duration[0m[0m = (known after apply)
      [32m+[0m [0m[1m[0mid[0m[0m              = (known after apply)
    }

[1m  # module.applications[2].module.dbt[4].random_integer.sleep[0][0m will be created[0m[0m
[0m  [32m+[0m[0m resource "random_integer" "sleep" {
      [32m+[0m [0m[1m[0mid[0m[0m     = (known after apply)
      [32m+[0m [0m[1m[0mmax[0m[0m    = 5
      [32m+[0m [0m[1m[0mmin[0m[0m    = 1
      [32m+[0m [0m[1m[0mresult[0m[0m = (known after apply)
    }

[1m  # module.applications[2].module.dbt[4].random_integer.sleep[1][0m will be created[0m[0m
[0m  [32m+[0m[0m resource "random_integer" "sleep" {
      [32m+[0m [0m[1m[0mid[0m[0m     = (known after apply)
      [32m+[0m [0m[1m[0mmax[0m[0m    = 5
      [32m+[0m [0m[1m[0mmin[0m[0m    = 1
      [32m+[0m [0m[1m[0mresult[0m[0m = (known after apply)
    }

[1m  # module.applications[2].module.dbt[4].time_sleep.bar[0][0m will be created[0m[0m
[0m  [32m+[0m[0m resource "time_sleep" "bar" {
      [32m+[0m [0m[1m[0mcreate_duration[0m[0m = (known after apply)
      [32m+[0m [0m[1m[0mid[0m[0m              = (known after apply)
    }

[1m  # module.applications[2].module.dbt[4].time_sleep.bar[1][0m will be created[0m[0m
[0m  [32m+[0m[0m resource "time_sleep" "bar" {
      [32m+[0m [0m[1m[0mcreate_duration[0m[0m = (known after apply)
      [32m+[0m [0m[1m[0mid[0m[0m              = (known after apply)
    }

[1m  # module.applications[3].module.airflow[0].random_integer.sleep[0m will be created[0m[0m
[0m  [32m+[0m[0m resource "random_integer" "sleep" {
      [32m+[0m [0m[1m[0mid[0m[0m     = (known after apply)
      [32m+[0m [0m[1m[0mmax[0m[0m    = 5
      [32m+[0m [0m[1m[0mmin[0m[0m    = 1
      [32m+[0m [0m[1m[0mresult[0m[0m = (known after apply)
    }

[1m  # module.applications[3].module.airflow[0].time_sleep.bar[0m will be created[0m[0m
[0m  [32m+[0m[0m resource "time_sleep" "bar" {
      [32m+[0m [0m[1m[0mcreate_duration[0m[0m = (known after apply)
      [32m+[0m [0m[1m[0mid[0m[0m              = (known after apply)
    }

[1m  # module.applications[3].module.airflow[1].random_integer.sleep[0m will be created[0m[0m
[0m  [32m+[0m[0m resource "random_integer" "sleep" {
      [32m+[0m [0m[1m[0mid[0m[0m     = (known after apply)
      [32m+[0m [0m[1m[0mmax[0m[0m    = 5
      [32m+[0m [0m[1m[0mmin[0m[0m    = 1
      [32m+[0m [0m[1m[0mresult[0m[0m = (known after apply)
    }

[1m  # module.applications[3].module.airflow[1].time_sleep.bar[0m will be created[0m[0m
[0m  [32m+[0m[0m resource "time_sleep" "bar" {
      [32m+[0m [0m[1m[0mcreate_duration[0m[0m = (known after apply)
      [32m+[0m [0m[1m[0mid[0m[0m              = (known after apply)
    }

[1m  # module.applications[3].module.airflow[2].random_integer.sleep[0m will be created[0m[0m
[0m  [32m+[0m[0m resource "random_integer" "sleep" {
      [32m+[0m [0m[1m[0mid[0m[0m     = (known after apply)
      [32m+[0m [0m[1m[0mmax[0m[0m    = 5
      [32m+[0m [0m[1m[0mmin[0m[0m    = 1
      [32m+[0m [0m[1m[0mresult[0m[0m = (known after apply)
    }

[1m  # module.applications[3].module.airflow[2].time_sleep.bar[0m will be created[0m[0m
[0m  [32m+[0m[0m resource "time_sleep" "bar" {
      [32m+[0m [0m[1m[0mcreate_duration[0m[0m = (known after apply)
      [32m+[0m [0m[1m[0mid[0m[0m              = (known after apply)
    }

[1m  # module.applications[3].module.airflow[3].random_integer.sleep[0m will be created[0m[0m
[0m  [32m+[0m[0m resource "random_integer" "sleep" {
      [32m+[0m [0m[1m[0mid[0m[0m     = (known after apply)
      [32m+[0m [0m[1m[0mmax[0m[0m    = 5
      [32m+[0m [0m[1m[0mmin[0m[0m    = 1
      [32m+[0m [0m[1m[0mresult[0m[0m = (known after apply)
    }

[1m  # module.applications[3].module.airflow[3].time_sleep.bar[0m will be created[0m[0m
[0m  [32m+[0m[0m resource "time_sleep" "bar" {
      [32m+[0m [0m[1m[0mcreate_duration[0m[0m = (known after apply)
      [32m+[0m [0m[1m[0mid[0m[0m              = (known after apply)
    }

[1m  # module.applications[3].module.airflow[4].random_integer.sleep[0m will be created[0m[0m
[0m  [32m+[0m[0m resource "random_integer" "sleep" {
      [32m+[0m [0m[1m[0mid[0m[0m     = (known after apply)
      [32m+[0m [0m[1m[0mmax[0m[0m    = 5
      [32m+[0m [0m[1m[0mmin[0m[0m    = 1
      [32m+[0m [0m[1m[0mresult[0m[0m = (known after apply)
    }

[1m  # module.applications[3].module.airflow[4].time_sleep.bar[0m will be created[0m[0m
[0m  [32m+[0m[0m resource "time_sleep" "bar" {
      [32m+[0m [0m[1m[0mcreate_duration[0m[0m = (known after apply)
      [32m+[0m [0m[1m[0mid[0m[0m              = (known after apply)
    }

[1m  # module.applications[3].module.airflow[5].random_integer.sleep[0m will be created[0m[0m
[0m  [32m+[0m[0m resource "random_integer" "sleep" {
      [32m+[0m [0m[1m[0mid[0m[0m     = (known after apply)
      [32m+[0m [0m[1m[0mmax[0m[0m    = 5
      [32m+[0m [0m[1m[0mmin[0m[0m    = 1
      [32m+[0m [0m[1m[0mresult[0m[0m = (known after apply)
    }

[1m  # module.applications[3].module.airflow[5].time_sleep.bar[0m will be created[0m[0m
[0m  [32m+[0m[0m resource "time_sleep" "bar" {
      [32m+[0m [0m[1m[0mcreate_duration[0m[0m = (known after apply)
      [32m+[0m [0m[1m[0mid[0m[0m              = (known after apply)
    }

[1m  # module.applications[3].module.airflow[6].random_integer.sleep[0m will be created[0m[0m
[0m  [32m+[0m[0m resource "random_integer" "sleep" {
      [32m+[0m [0m[1m[0mid[0m[0m     = (known after apply)
      [32m+[0m [0m[1m[0mmax[0m[0m    = 5
      [32m+[0m [0m[1m[0mmin[0m[0m    = 1
      [32m+[0m [0m[1m[0mresult[0m[0m = (known after apply)
    }

[1m  # module.applications[3].module.airflow[6].time_sleep.bar[0m will be created[0m[0m
[0m  [32m+[0m[0m resource "time_sleep" "bar" {
      [32m+[0m [0m[1m[0mcreate_duration[0m[0m = (known after apply)
      [32m+[0m [0m[1m[0mid[0m[0m              = (known after apply)
    }

[1m  # module.applications[3].module.airflow[7].random_integer.sleep[0m will be created[0m[0m
[0m  [32m+[0m[0m resource "random_integer" "sleep" {
      [32m+[0m [0m[1m[0mid[0m[0m     = (known after apply)
      [32m+[0m [0m[1m[0mmax[0m[0m    = 5
      [32m+[0m [0m[1m[0mmin[0m[0m    = 1
      [32m+[0m [0m[1m[0mresult[0m[0m = (known after apply)
    }

[1m  # module.applications[3].module.airflow[7].time_sleep.bar[0m will be created[0m[0m
[0m  [32m+[0m[0m resource "time_sleep" "bar" {
      [32m+[0m [0m[1m[0mcreate_duration[0m[0m = (known after apply)
      [32m+[0m [0m[1m[0mid[0m[0m              = (known after apply)
    }

[1m  # module.applications[3].module.airflow[8].random_integer.sleep[0m will be created[0m[0m
[0m  [32m+[0m[0m resource "random_integer" "sleep" {
      [32m+[0m [0m[1m[0mid[0m[0m     = (known after apply)
      [32m+[0m [0m[1m[0mmax[0m[0m    = 5
      [32m+[0m [0m[1m[0mmin[0m[0m    = 1
      [32m+[0m [0m[1m[0mresult[0m[0m = (known after apply)
    }

[1m  # module.applications[3].module.airflow[8].time_sleep.bar[0m will be created[0m[0m
[0m  [32m+[0m[0m resource "time_sleep" "bar" {
      [32m+[0m [0m[1m[0mcreate_duration[0m[0m = (known after apply)
      [32m+[0m [0m[1m[0mid[0m[0m              = (known after apply)
    }

[1m  # module.applications[3].module.airflow[9].random_integer.sleep[0m will be created[0m[0m
[0m  [32m+[0m[0m resource "random_integer" "sleep" {
      [32m+[0m [0m[1m[0mid[0m[0m     = (known after apply)
      [32m+[0m [0m[1m[0mmax[0m[0m    = 5
      [32m+[0m [0m[1m[0mmin[0m[0m    = 1
      [32m+[0m [0m[1m[0mresult[0m[0m = (known after apply)
    }

[1m  # module.applications[3].module.airflow[9].time_sleep.bar[0m will be created[0m[0m
[0m  [32m+[0m[0m resource "time_sleep" "bar" {
      [32m+[0m [0m[1m[0mcreate_duration[0m[0m = (known after apply)
      [32m+[0m [0m[1m[0mid[0m[0m              = (known after apply)
    }

[1m  # module.applications[3].module.dbt[0].random_integer.sleep[0][0m will be created[0m[0m
[0m  [32m+[0m[0m resource "random_integer" "sleep" {
      [32m+[0m [0m[1m[0mid[0m[0m     = (known after apply)
      [32m+[0m [0m[1m[0mmax[0m[0m    = 5
      [32m+[0m [0m[1m[0mmin[0m[0m    = 1
      [32m+[0m [0m[1m[0mresult[0m[0m = (known after apply)
    }

[1m  # module.applications[3].module.dbt[0].random_integer.sleep[1][0m will be created[0m[0m
[0m  [32m+[0m[0m resource "random_integer" "sleep" {
      [32m+[0m [0m[1m[0mid[0m[0m     = (known after apply)
      [32m+[0m [0m[1m[0mmax[0m[0m    = 5
      [32m+[0m [0m[1m[0mmin[0m[0m    = 1
      [32m+[0m [0m[1m[0mresult[0m[0m = (known after apply)
    }

[1m  # module.applications[3].module.dbt[0].time_sleep.bar[0][0m will be created[0m[0m
[0m  [32m+[0m[0m resource "time_sleep" "bar" {
      [32m+[0m [0m[1m[0mcreate_duration[0m[0m = (known after apply)
      [32m+[0m [0m[1m[0mid[0m[0m              = (known after apply)
    }

[1m  # module.applications[3].module.dbt[0].time_sleep.bar[1][0m will be created[0m[0m
[0m  [32m+[0m[0m resource "time_sleep" "bar" {
      [32m+[0m [0m[1m[0mcreate_duration[0m[0m = (known after apply)
      [32m+[0m [0m[1m[0mid[0m[0m              = (known after apply)
    }

[1m  # module.applications[3].module.dbt[1].random_integer.sleep[0][0m will be created[0m[0m
[0m  [32m+[0m[0m resource "random_integer" "sleep" {
      [32m+[0m [0m[1m[0mid[0m[0m     = (known after apply)
      [32m+[0m [0m[1m[0mmax[0m[0m    = 5
      [32m+[0m [0m[1m[0mmin[0m[0m    = 1
      [32m+[0m [0m[1m[0mresult[0m[0m = (known after apply)
    }

[1m  # module.applications[3].module.dbt[1].random_integer.sleep[1][0m will be created[0m[0m
[0m  [32m+[0m[0m resource "random_integer" "sleep" {
      [32m+[0m [0m[1m[0mid[0m[0m     = (known after apply)
      [32m+[0m [0m[1m[0mmax[0m[0m    = 5
      [32m+[0m [0m[1m[0mmin[0m[0m    = 1
      [32m+[0m [0m[1m[0mresult[0m[0m = (known after apply)
    }

[1m  # module.applications[3].module.dbt[1].time_sleep.bar[0][0m will be created[0m[0m
[0m  [32m+[0m[0m resource "time_sleep" "bar" {
      [32m+[0m [0m[1m[0mcreate_duration[0m[0m = (known after apply)
      [32m+[0m [0m[1m[0mid[0m[0m              = (known after apply)
    }

[1m  # module.applications[3].module.dbt[1].time_sleep.bar[1][0m will be created[0m[0m
[0m  [32m+[0m[0m resource "time_sleep" "bar" {
      [32m+[0m [0m[1m[0mcreate_duration[0m[0m = (known after apply)
      [32m+[0m [0m[1m[0mid[0m[0m              = (known after apply)
    }

[1m  # module.applications[3].module.dbt[2].random_integer.sleep[0][0m will be created[0m[0m
[0m  [32m+[0m[0m resource "random_integer" "sleep" {
      [32m+[0m [0m[1m[0mid[0m[0m     = (known after apply)
      [32m+[0m [0m[1m[0mmax[0m[0m    = 5
      [32m+[0m [0m[1m[0mmin[0m[0m    = 1
      [32m+[0m [0m[1m[0mresult[0m[0m = (known after apply)
    }

[1m  # module.applications[3].module.dbt[2].random_integer.sleep[1][0m will be created[0m[0m
[0m  [32m+[0m[0m resource "random_integer" "sleep" {
      [32m+[0m [0m[1m[0mid[0m[0m     = (known after apply)
      [32m+[0m [0m[1m[0mmax[0m[0m    = 5
      [32m+[0m [0m[1m[0mmin[0m[0m    = 1
      [32m+[0m [0m[1m[0mresult[0m[0m = (known after apply)
    }

[1m  # module.applications[3].module.dbt[2].time_sleep.bar[0][0m will be created[0m[0m
[0m  [32m+[0m[0m resource "time_sleep" "bar" {
      [32m+[0m [0m[1m[0mcreate_duration[0m[0m = (known after apply)
      [32m+[0m [0m[1m[0mid[0m[0m              = (known after apply)
    }

[1m  # module.applications[3].module.dbt[2].time_sleep.bar[1][0m will be created[0m[0m
[0m  [32m+[0m[0m resource "time_sleep" "bar" {
      [32m+[0m [0m[1m[0mcreate_duration[0m[0m = (known after apply)
      [32m+[0m [0m[1m[0mid[0m[0m              = (known after apply)
    }

[1m  # module.applications[3].module.dbt[3].random_integer.sleep[0][0m will be created[0m[0m
[0m  [32m+[0m[0m resource "random_integer" "sleep" {
      [32m+[0m [0m[1m[0mid[0m[0m     = (known after apply)
      [32m+[0m [0m[1m[0mmax[0m[0m    = 5
      [32m+[0m [0m[1m[0mmin[0m[0m    = 1
      [32m+[0m [0m[1m[0mresult[0m[0m = (known after apply)
    }

[1m  # module.applications[3].module.dbt[3].random_integer.sleep[1][0m will be created[0m[0m
[0m  [32m+[0m[0m resource "random_integer" "sleep" {
      [32m+[0m [0m[1m[0mid[0m[0m     = (known after apply)
      [32m+[0m [0m[1m[0mmax[0m[0m    = 5
      [32m+[0m [0m[1m[0mmin[0m[0m    = 1
      [32m+[0m [0m[1m[0mresult[0m[0m = (known after apply)
    }

[1m  # module.applications[3].module.dbt[3].time_sleep.bar[0][0m will be created[0m[0m
[0m  [32m+[0m[0m resource "time_sleep" "bar" {
      [32m+[0m [0m[1m[0mcreate_duration[0m[0m = (known after apply)
      [32m+[0m [0m[1m[0mid[0m[0m              = (known after apply)
    }

[1m  # module.applications[3].module.dbt[3].time_sleep.bar[1][0m will be created[0m[0m
[0m  [32m+[0m[0m resource "time_sleep" "bar" {
      [32m+[0m [0m[1m[0mcreate_duration[0m[0m = (known after apply)
      [32m+[0m [0m[1m[0mid[0m[0m              = (known after apply)
    }

[1m  # module.applications[3].module.dbt[4].random_integer.sleep[0][0m will be created[0m[0m
[0m  [32m+[0m[0m resource "random_integer" "sleep" {
      [32m+[0m [0m[1m[0mid[0m[0m     = (known after apply)
      [32m+[0m [0m[1m[0mmax[0m[0m    = 5
      [32m+[0m [0m[1m[0mmin[0m[0m    = 1
      [32m+[0m [0m[1m[0mresult[0m[0m = (known after apply)
    }

[1m  # module.applications[3].module.dbt[4].random_integer.sleep[1][0m will be created[0m[0m
[0m  [32m+[0m[0m resource "random_integer" "sleep" {
      [32m+[0m [0m[1m[0mid[0m[0m     = (known after apply)
      [32m+[0m [0m[1m[0mmax[0m[0m    = 5
      [32m+[0m [0m[1m[0mmin[0m[0m    = 1
      [32m+[0m [0m[1m[0mresult[0m[0m = (known after apply)
    }

[1m  # module.applications[3].module.dbt[4].time_sleep.bar[0][0m will be created[0m[0m
[0m  [32m+[0m[0m resource "time_sleep" "bar" {
      [32m+[0m [0m[1m[0mcreate_duration[0m[0m = (known after apply)
      [32m+[0m [0m[1m[0mid[0m[0m              = (known after apply)
    }

[1m  # module.applications[3].module.dbt[4].time_sleep.bar[1][0m will be created[0m[0m
[0m  [32m+[0m[0m resource "time_sleep" "bar" {
      [32m+[0m [0m[1m[0mcreate_duration[0m[0m = (known after apply)
      [32m+[0m [0m[1m[0mid[0m[0m              = (known after apply)
    }

[1m  # module.applications[4].module.airflow[0].random_integer.sleep[0m will be created[0m[0m
[0m  [32m+[0m[0m resource "random_integer" "sleep" {
      [32m+[0m [0m[1m[0mid[0m[0m     = (known after apply)
      [32m+[0m [0m[1m[0mmax[0m[0m    = 5
      [32m+[0m [0m[1m[0mmin[0m[0m    = 1
      [32m+[0m [0m[1m[0mresult[0m[0m = (known after apply)
    }

[1m  # module.applications[4].module.airflow[0].time_sleep.bar[0m will be created[0m[0m
[0m  [32m+[0m[0m resource "time_sleep" "bar" {
      [32m+[0m [0m[1m[0mcreate_duration[0m[0m = (known after apply)
      [32m+[0m [0m[1m[0mid[0m[0m              = (known after apply)
    }

[1m  # module.applications[4].module.airflow[1].random_integer.sleep[0m will be created[0m[0m
[0m  [32m+[0m[0m resource "random_integer" "sleep" {
      [32m+[0m [0m[1m[0mid[0m[0m     = (known after apply)
      [32m+[0m [0m[1m[0mmax[0m[0m    = 5
      [32m+[0m [0m[1m[0mmin[0m[0m    = 1
      [32m+[0m [0m[1m[0mresult[0m[0m = (known after apply)
    }

[1m  # module.applications[4].module.airflow[1].time_sleep.bar[0m will be created[0m[0m
[0m  [32m+[0m[0m resource "time_sleep" "bar" {
      [32m+[0m [0m[1m[0mcreate_duration[0m[0m = (known after apply)
      [32m+[0m [0m[1m[0mid[0m[0m              = (known after apply)
    }

[1m  # module.applications[4].module.airflow[2].random_integer.sleep[0m will be created[0m[0m
[0m  [32m+[0m[0m resource "random_integer" "sleep" {
      [32m+[0m [0m[1m[0mid[0m[0m     = (known after apply)
      [32m+[0m [0m[1m[0mmax[0m[0m    = 5
      [32m+[0m [0m[1m[0mmin[0m[0m    = 1
      [32m+[0m [0m[1m[0mresult[0m[0m = (known after apply)
    }

[1m  # module.applications[4].module.airflow[2].time_sleep.bar[0m will be created[0m[0m
[0m  [32m+[0m[0m resource "time_sleep" "bar" {
      [32m+[0m [0m[1m[0mcreate_duration[0m[0m = (known after apply)
      [32m+[0m [0m[1m[0mid[0m[0m              = (known after apply)
    }

[1m  # module.applications[4].module.airflow[3].random_integer.sleep[0m will be created[0m[0m
[0m  [32m+[0m[0m resource "random_integer" "sleep" {
      [32m+[0m [0m[1m[0mid[0m[0m     = (known after apply)
      [32m+[0m [0m[1m[0mmax[0m[0m    = 5
      [32m+[0m [0m[1m[0mmin[0m[0m    = 1
      [32m+[0m [0m[1m[0mresult[0m[0m = (known after apply)
    }

[1m  # module.applications[4].module.airflow[3].time_sleep.bar[0m will be created[0m[0m
[0m  [32m+[0m[0m resource "time_sleep" "bar" {
      [32m+[0m [0m[1m[0mcreate_duration[0m[0m = (known after apply)
      [32m+[0m [0m[1m[0mid[0m[0m              = (known after apply)
    }

[1m  # module.applications[4].module.airflow[4].random_integer.sleep[0m will be created[0m[0m
[0m  [32m+[0m[0m resource "random_integer" "sleep" {
      [32m+[0m [0m[1m[0mid[0m[0m     = (known after apply)
      [32m+[0m [0m[1m[0mmax[0m[0m    = 5
      [32m+[0m [0m[1m[0mmin[0m[0m    = 1
      [32m+[0m [0m[1m[0mresult[0m[0m = (known after apply)
    }

[1m  # module.applications[4].module.airflow[4].time_sleep.bar[0m will be created[0m[0m
[0m  [32m+[0m[0m resource "time_sleep" "bar" {
      [32m+[0m [0m[1m[0mcreate_duration[0m[0m = (known after apply)
      [32m+[0m [0m[1m[0mid[0m[0m              = (known after apply)
    }

[1m  # module.applications[4].module.airflow[5].random_integer.sleep[0m will be created[0m[0m
[0m  [32m+[0m[0m resource "random_integer" "sleep" {
      [32m+[0m [0m[1m[0mid[0m[0m     = (known after apply)
      [32m+[0m [0m[1m[0mmax[0m[0m    = 5
      [32m+[0m [0m[1m[0mmin[0m[0m    = 1
      [32m+[0m [0m[1m[0mresult[0m[0m = (known after apply)
    }

[1m  # module.applications[4].module.airflow[5].time_sleep.bar[0m will be created[0m[0m
[0m  [32m+[0m[0m resource "time_sleep" "bar" {
      [32m+[0m [0m[1m[0mcreate_duration[0m[0m = (known after apply)
      [32m+[0m [0m[1m[0mid[0m[0m              = (known after apply)
    }

[1m  # module.applications[4].module.airflow[6].random_integer.sleep[0m will be created[0m[0m
[0m  [32m+[0m[0m resource "random_integer" "sleep" {
      [32m+[0m [0m[1m[0mid[0m[0m     = (known after apply)
      [32m+[0m [0m[1m[0mmax[0m[0m    = 5
      [32m+[0m [0m[1m[0mmin[0m[0m    = 1
      [32m+[0m [0m[1m[0mresult[0m[0m = (known after apply)
    }

[1m  # module.applications[4].module.airflow[6].time_sleep.bar[0m will be created[0m[0m
[0m  [32m+[0m[0m resource "time_sleep" "bar" {
      [32m+[0m [0m[1m[0mcreate_duration[0m[0m = (known after apply)
      [32m+[0m [0m[1m[0mid[0m[0m              = (known after apply)
    }

[1m  # module.applications[4].module.airflow[7].random_integer.sleep[0m will be created[0m[0m
[0m  [32m+[0m[0m resource "random_integer" "sleep" {
      [32m+[0m [0m[1m[0mid[0m[0m     = (known after apply)
      [32m+[0m [0m[1m[0mmax[0m[0m    = 5
      [32m+[0m [0m[1m[0mmin[0m[0m    = 1
      [32m+[0m [0m[1m[0mresult[0m[0m = (known after apply)
    }

[1m  # module.applications[4].module.airflow[7].time_sleep.bar[0m will be created[0m[0m
[0m  [32m+[0m[0m resource "time_sleep" "bar" {
      [32m+[0m [0m[1m[0mcreate_duration[0m[0m = (known after apply)
      [32m+[0m [0m[1m[0mid[0m[0m              = (known after apply)
    }

[1m  # module.applications[4].module.airflow[8].random_integer.sleep[0m will be created[0m[0m
[0m  [32m+[0m[0m resource "random_integer" "sleep" {
      [32m+[0m [0m[1m[0mid[0m[0m     = (known after apply)
      [32m+[0m [0m[1m[0mmax[0m[0m    = 5
      [32m+[0m [0m[1m[0mmin[0m[0m    = 1
      [32m+[0m [0m[1m[0mresult[0m[0m = (known after apply)
    }

[1m  # module.applications[4].module.airflow[8].time_sleep.bar[0m will be created[0m[0m
[0m  [32m+[0m[0m resource "time_sleep" "bar" {
      [32m+[0m [0m[1m[0mcreate_duration[0m[0m = (known after apply)
      [32m+[0m [0m[1m[0mid[0m[0m              = (known after apply)
    }

[1m  # module.applications[4].module.airflow[9].random_integer.sleep[0m will be created[0m[0m
[0m  [32m+[0m[0m resource "random_integer" "sleep" {
      [32m+[0m [0m[1m[0mid[0m[0m     = (known after apply)
      [32m+[0m [0m[1m[0mmax[0m[0m    = 5
      [32m+[0m [0m[1m[0mmin[0m[0m    = 1
      [32m+[0m [0m[1m[0mresult[0m[0m = (known after apply)
    }

[1m  # module.applications[4].module.airflow[9].time_sleep.bar[0m will be created[0m[0m
[0m  [32m+[0m[0m resource "time_sleep" "bar" {
      [32m+[0m [0m[1m[0mcreate_duration[0m[0m = (known after apply)
      [32m+[0m [0m[1m[0mid[0m[0m              = (known after apply)
    }

[1m  # module.applications[4].module.dbt[0].random_integer.sleep[0][0m will be created[0m[0m
[0m  [32m+[0m[0m resource "random_integer" "sleep" {
      [32m+[0m [0m[1m[0mid[0m[0m     = (known after apply)
      [32m+[0m [0m[1m[0mmax[0m[0m    = 5
      [32m+[0m [0m[1m[0mmin[0m[0m    = 1
      [32m+[0m [0m[1m[0mresult[0m[0m = (known after apply)
    }

[1m  # module.applications[4].module.dbt[0].random_integer.sleep[1][0m will be created[0m[0m
[0m  [32m+[0m[0m resource "random_integer" "sleep" {
      [32m+[0m [0m[1m[0mid[0m[0m     = (known after apply)
      [32m+[0m [0m[1m[0mmax[0m[0m    = 5
      [32m+[0m [0m[1m[0mmin[0m[0m    = 1
      [32m+[0m [0m[1m[0mresult[0m[0m = (known after apply)
    }

[1m  # module.applications[4].module.dbt[0].time_sleep.bar[0][0m will be created[0m[0m
[0m  [32m+[0m[0m resource "time_sleep" "bar" {
      [32m+[0m [0m[1m[0mcreate_duration[0m[0m = (known after apply)
      [32m+[0m [0m[1m[0mid[0m[0m              = (known after apply)
    }

[1m  # module.applications[4].module.dbt[0].time_sleep.bar[1][0m will be created[0m[0m
[0m  [32m+[0m[0m resource "time_sleep" "bar" {
      [32m+[0m [0m[1m[0mcreate_duration[0m[0m = (known after apply)
      [32m+[0m [0m[1m[0mid[0m[0m              = (known after apply)
    }

[1m  # module.applications[4].module.dbt[1].random_integer.sleep[0][0m will be created[0m[0m
[0m  [32m+[0m[0m resource "random_integer" "sleep" {
      [32m+[0m [0m[1m[0mid[0m[0m     = (known after apply)
      [32m+[0m [0m[1m[0mmax[0m[0m    = 5
      [32m+[0m [0m[1m[0mmin[0m[0m    = 1
      [32m+[0m [0m[1m[0mresult[0m[0m = (known after apply)
    }

[1m  # module.applications[4].module.dbt[1].random_integer.sleep[1][0m will be created[0m[0m
[0m  [32m+[0m[0m resource "random_integer" "sleep" {
      [32m+[0m [0m[1m[0mid[0m[0m     = (known after apply)
      [32m+[0m [0m[1m[0mmax[0m[0m    = 5
      [32m+[0m [0m[1m[0mmin[0m[0m    = 1
      [32m+[0m [0m[1m[0mresult[0m[0m = (known after apply)
    }

[1m  # module.applications[4].module.dbt[1].time_sleep.bar[0][0m will be created[0m[0m
[0m  [32m+[0m[0m resource "time_sleep" "bar" {
      [32m+[0m [0m[1m[0mcreate_duration[0m[0m = (known after apply)
      [32m+[0m [0m[1m[0mid[0m[0m              = (known after apply)
    }

[1m  # module.applications[4].module.dbt[1].time_sleep.bar[1][0m will be created[0m[0m
[0m  [32m+[0m[0m resource "time_sleep" "bar" {
      [32m+[0m [0m[1m[0mcreate_duration[0m[0m = (known after apply)
      [32m+[0m [0m[1m[0mid[0m[0m              = (known after apply)
    }

[1m  # module.applications[4].module.dbt[2].random_integer.sleep[0][0m will be created[0m[0m
[0m  [32m+[0m[0m resource "random_integer" "sleep" {
      [32m+[0m [0m[1m[0mid[0m[0m     = (known after apply)
      [32m+[0m [0m[1m[0mmax[0m[0m    = 5
      [32m+[0m [0m[1m[0mmin[0m[0m    = 1
      [32m+[0m [0m[1m[0mresult[0m[0m = (known after apply)
    }

[1m  # module.applications[4].module.dbt[2].random_integer.sleep[1][0m will be created[0m[0m
[0m  [32m+[0m[0m resource "random_integer" "sleep" {
      [32m+[0m [0m[1m[0mid[0m[0m     = (known after apply)
      [32m+[0m [0m[1m[0mmax[0m[0m    = 5
      [32m+[0m [0m[1m[0mmin[0m[0m    = 1
      [32m+[0m [0m[1m[0mresult[0m[0m = (known after apply)
    }

[1m  # module.applications[4].module.dbt[2].time_sleep.bar[0][0m will be created[0m[0m
[0m  [32m+[0m[0m resource "time_sleep" "bar" {
      [32m+[0m [0m[1m[0mcreate_duration[0m[0m = (known after apply)
      [32m+[0m [0m[1m[0mid[0m[0m              = (known after apply)
    }

[1m  # module.applications[4].module.dbt[2].time_sleep.bar[1][0m will be created[0m[0m
[0m  [32m+[0m[0m resource "time_sleep" "bar" {
      [32m+[0m [0m[1m[0mcreate_duration[0m[0m = (known after apply)
      [32m+[0m [0m[1m[0mid[0m[0m              = (known after apply)
    }

[1m  # module.applications[4].module.dbt[3].random_integer.sleep[0][0m will be created[0m[0m
[0m  [32m+[0m[0m resource "random_integer" "sleep" {
      [32m+[0m [0m[1m[0mid[0m[0m     = (known after apply)
      [32m+[0m [0m[1m[0mmax[0m[0m    = 5
      [32m+[0m [0m[1m[0mmin[0m[0m    = 1
      [32m+[0m [0m[1m[0mresult[0m[0m = (known after apply)
    }

[1m  # module.applications[4].module.dbt[3].random_integer.sleep[1][0m will be created[0m[0m
[0m  [32m+[0m[0m resource "random_integer" "sleep" {
      [32m+[0m [0m[1m[0mid[0m[0m     = (known after apply)
      [32m+[0m [0m[1m[0mmax[0m[0m    = 5
      [32m+[0m [0m[1m[0mmin[0m[0m    = 1
      [32m+[0m [0m[1m[0mresult[0m[0m = (known after apply)
    }

[1m  # module.applications[4].module.dbt[3].time_sleep.bar[0][0m will be created[0m[0m
[0m  [32m+[0m[0m resource "time_sleep" "bar" {
      [32m+[0m [0m[1m[0mcreate_duration[0m[0m = (known after apply)
      [32m+[0m [0m[1m[0mid[0m[0m              = (known after apply)
    }

[1m  # module.applications[4].module.dbt[3].time_sleep.bar[1][0m will be created[0m[0m
[0m  [32m+[0m[0m resource "time_sleep" "bar" {
      [32m+[0m [0m[1m[0mcreate_duration[0m[0m = (known after apply)
      [32m+[0m [0m[1m[0mid[0m[0m              = (known after apply)
    }

[1m  # module.applications[4].module.dbt[4].random_integer.sleep[0][0m will be created[0m[0m
[0m  [32m+[0m[0m resource "random_integer" "sleep" {
      [32m+[0m [0m[1m[0mid[0m[0m     = (known after apply)
      [32m+[0m [0m[1m[0mmax[0m[0m    = 5
      [32m+[0m [0m[1m[0mmin[0m[0m    = 1
      [32m+[0m [0m[1m[0mresult[0m[0m = (known after apply)
    }

[1m  # module.applications[4].module.dbt[4].random_integer.sleep[1][0m will be created[0m[0m
[0m  [32m+[0m[0m resource "random_integer" "sleep" {
      [32m+[0m [0m[1m[0mid[0m[0m     = (known after apply)
      [32m+[0m [0m[1m[0mmax[0m[0m    = 5
      [32m+[0m [0m[1m[0mmin[0m[0m    = 1
      [32m+[0m [0m[1m[0mresult[0m[0m = (known after apply)
    }

[1m  # module.applications[4].module.dbt[4].time_sleep.bar[0][0m will be created[0m[0m
[0m  [32m+[0m[0m resource "time_sleep" "bar" {
      [32m+[0m [0m[1m[0mcreate_duration[0m[0m = (known after apply)
      [32m+[0m [0m[1m[0mid[0m[0m              = (known after apply)
    }

[1m  # module.applications[4].module.dbt[4].time_sleep.bar[1][0m will be created[0m[0m
[0m  [32m+[0m[0m resource "time_sleep" "bar" {
      [32m+[0m [0m[1m[0mcreate_duration[0m[0m = (known after apply)
      [32m+[0m [0m[1m[0mid[0m[0m              = (known after apply)
    }

[1m  # module.applications[5].module.airflow[0].random_integer.sleep[0m will be created[0m[0m
[0m  [32m+[0m[0m resource "random_integer" "sleep" {
      [32m+[0m [0m[1m[0mid[0m[0m     = (known after apply)
      [32m+[0m [0m[1m[0mmax[0m[0m    = 5
      [32m+[0m [0m[1m[0mmin[0m[0m    = 1
      [32m+[0m [0m[1m[0mresult[0m[0m = (known after apply)
    }

[1m  # module.applications[5].module.airflow[0].time_sleep.bar[0m will be created[0m[0m
[0m  [32m+[0m[0m resource "time_sleep" "bar" {
      [32m+[0m [0m[1m[0mcreate_duration[0m[0m = (known after apply)
      [32m+[0m [0m[1m[0mid[0m[0m              = (known after apply)
    }

[1m  # module.applications[5].module.airflow[1].random_integer.sleep[0m will be created[0m[0m
[0m  [32m+[0m[0m resource "random_integer" "sleep" {
      [32m+[0m [0m[1m[0mid[0m[0m     = (known after apply)
      [32m+[0m [0m[1m[0mmax[0m[0m    = 5
      [32m+[0m [0m[1m[0mmin[0m[0m    = 1
      [32m+[0m [0m[1m[0mresult[0m[0m = (known after apply)
    }

[1m  # module.applications[5].module.airflow[1].time_sleep.bar[0m will be created[0m[0m
[0m  [32m+[0m[0m resource "time_sleep" "bar" {
      [32m+[0m [0m[1m[0mcreate_duration[0m[0m = (known after apply)
      [32m+[0m [0m[1m[0mid[0m[0m              = (known after apply)
    }

[1m  # module.applications[5].module.airflow[2].random_integer.sleep[0m will be created[0m[0m
[0m  [32m+[0m[0m resource "random_integer" "sleep" {
      [32m+[0m [0m[1m[0mid[0m[0m     = (known after apply)
      [32m+[0m [0m[1m[0mmax[0m[0m    = 5
      [32m+[0m [0m[1m[0mmin[0m[0m    = 1
      [32m+[0m [0m[1m[0mresult[0m[0m = (known after apply)
    }

[1m  # module.applications[5].module.airflow[2].time_sleep.bar[0m will be created[0m[0m
[0m  [32m+[0m[0m resource "time_sleep" "bar" {
      [32m+[0m [0m[1m[0mcreate_duration[0m[0m = (known after apply)
      [32m+[0m [0m[1m[0mid[0m[0m              = (known after apply)
    }

[1m  # module.applications[5].module.airflow[3].random_integer.sleep[0m will be created[0m[0m
[0m  [32m+[0m[0m resource "random_integer" "sleep" {
      [32m+[0m [0m[1m[0mid[0m[0m     = (known after apply)
      [32m+[0m [0m[1m[0mmax[0m[0m    = 5
      [32m+[0m [0m[1m[0mmin[0m[0m    = 1
      [32m+[0m [0m[1m[0mresult[0m[0m = (known after apply)
    }

[1m  # module.applications[5].module.airflow[3].time_sleep.bar[0m will be created[0m[0m
[0m  [32m+[0m[0m resource "time_sleep" "bar" {
      [32m+[0m [0m[1m[0mcreate_duration[0m[0m = (known after apply)
      [32m+[0m [0m[1m[0mid[0m[0m              = (known after apply)
    }

[1m  # module.applications[5].module.airflow[4].random_integer.sleep[0m will be created[0m[0m
[0m  [32m+[0m[0m resource "random_integer" "sleep" {
      [32m+[0m [0m[1m[0mid[0m[0m     = (known after apply)
      [32m+[0m [0m[1m[0mmax[0m[0m    = 5
      [32m+[0m [0m[1m[0mmin[0m[0m    = 1
      [32m+[0m [0m[1m[0mresult[0m[0m = (known after apply)
    }

[1m  # module.applications[5].module.airflow[4].time_sleep.bar[0m will be created[0m[0m
[0m  [32m+[0m[0m resource "time_sleep" "bar" {
      [32m+[0m [0m[1m[0mcreate_duration[0m[0m = (known after apply)
      [32m+[0m [0m[1m[0mid[0m[0m              = (known after apply)
    }

[1m  # module.applications[5].module.airflow[5].random_integer.sleep[0m will be created[0m[0m
[0m  [32m+[0m[0m resource "random_integer" "sleep" {
      [32m+[0m [0m[1m[0mid[0m[0m     = (known after apply)
      [32m+[0m [0m[1m[0mmax[0m[0m    = 5
      [32m+[0m [0m[1m[0mmin[0m[0m    = 1
      [32m+[0m [0m[1m[0mresult[0m[0m = (known after apply)
    }

[1m  # module.applications[5].module.airflow[5].time_sleep.bar[0m will be created[0m[0m
[0m  [32m+[0m[0m resource "time_sleep" "bar" {
      [32m+[0m [0m[1m[0mcreate_duration[0m[0m = (known after apply)
      [32m+[0m [0m[1m[0mid[0m[0m              = (known after apply)
    }

[1m  # module.applications[5].module.airflow[6].random_integer.sleep[0m will be created[0m[0m
[0m  [32m+[0m[0m resource "random_integer" "sleep" {
      [32m+[0m [0m[1m[0mid[0m[0m     = (known after apply)
      [32m+[0m [0m[1m[0mmax[0m[0m    = 5
      [32m+[0m [0m[1m[0mmin[0m[0m    = 1
      [32m+[0m [0m[1m[0mresult[0m[0m = (known after apply)
    }

[1m  # module.applications[5].module.airflow[6].time_sleep.bar[0m will be created[0m[0m
[0m  [32m+[0m[0m resource "time_sleep" "bar" {
      [32m+[0m [0m[1m[0mcreate_duration[0m[0m = (known after apply)
      [32m+[0m [0m[1m[0mid[0m[0m              = (known after apply)
    }

[1m  # module.applications[5].module.airflow[7].random_integer.sleep[0m will be created[0m[0m
[0m  [32m+[0m[0m resource "random_integer" "sleep" {
      [32m+[0m [0m[1m[0mid[0m[0m     = (known after apply)
      [32m+[0m [0m[1m[0mmax[0m[0m    = 5
      [32m+[0m [0m[1m[0mmin[0m[0m    = 1
      [32m+[0m [0m[1m[0mresult[0m[0m = (known after apply)
    }

[1m  # module.applications[5].module.airflow[7].time_sleep.bar[0m will be created[0m[0m
[0m  [32m+[0m[0m resource "time_sleep" "bar" {
      [32m+[0m [0m[1m[0mcreate_duration[0m[0m = (known after apply)
      [32m+[0m [0m[1m[0mid[0m[0m              = (known after apply)
    }

[1m  # module.applications[5].module.airflow[8].random_integer.sleep[0m will be created[0m[0m
[0m  [32m+[0m[0m resource "random_integer" "sleep" {
      [32m+[0m [0m[1m[0mid[0m[0m     = (known after apply)
      [32m+[0m [0m[1m[0mmax[0m[0m    = 5
      [32m+[0m [0m[1m[0mmin[0m[0m    = 1
      [32m+[0m [0m[1m[0mresult[0m[0m = (known after apply)
    }

[1m  # module.applications[5].module.airflow[8].time_sleep.bar[0m will be created[0m[0m
[0m  [32m+[0m[0m resource "time_sleep" "bar" {
      [32m+[0m [0m[1m[0mcreate_duration[0m[0m = (known after apply)
      [32m+[0m [0m[1m[0mid[0m[0m              = (known after apply)
    }

[1m  # module.applications[5].module.airflow[9].random_integer.sleep[0m will be created[0m[0m
[0m  [32m+[0m[0m resource "random_integer" "sleep" {
      [32m+[0m [0m[1m[0mid[0m[0m     = (known after apply)
      [32m+[0m [0m[1m[0mmax[0m[0m    = 5
      [32m+[0m [0m[1m[0mmin[0m[0m    = 1
      [32m+[0m [0m[1m[0mresult[0m[0m = (known after apply)
    }

[1m  # module.applications[5].module.airflow[9].time_sleep.bar[0m will be created[0m[0m
[0m  [32m+[0m[0m resource "time_sleep" "bar" {
      [32m+[0m [0m[1m[0mcreate_duration[0m[0m = (known after apply)
      [32m+[0m [0m[1m[0mid[0m[0m              = (known after apply)
    }

[1m  # module.applications[5].module.dbt[0].random_integer.sleep[0][0m will be created[0m[0m
[0m  [32m+[0m[0m resource "random_integer" "sleep" {
      [32m+[0m [0m[1m[0mid[0m[0m     = (known after apply)
      [32m+[0m [0m[1m[0mmax[0m[0m    = 5
      [32m+[0m [0m[1m[0mmin[0m[0m    = 1
      [32m+[0m [0m[1m[0mresult[0m[0m = (known after apply)
    }

[1m  # module.applications[5].module.dbt[0].random_integer.sleep[1][0m will be created[0m[0m
[0m  [32m+[0m[0m resource "random_integer" "sleep" {
      [32m+[0m [0m[1m[0mid[0m[0m     = (known after apply)
      [32m+[0m [0m[1m[0mmax[0m[0m    = 5
      [32m+[0m [0m[1m[0mmin[0m[0m    = 1
      [32m+[0m [0m[1m[0mresult[0m[0m = (known after apply)
    }

[1m  # module.applications[5].module.dbt[0].time_sleep.bar[0][0m will be created[0m[0m
[0m  [32m+[0m[0m resource "time_sleep" "bar" {
      [32m+[0m [0m[1m[0mcreate_duration[0m[0m = (known after apply)
      [32m+[0m [0m[1m[0mid[0m[0m              = (known after apply)
    }

[1m  # module.applications[5].module.dbt[0].time_sleep.bar[1][0m will be created[0m[0m
[0m  [32m+[0m[0m resource "time_sleep" "bar" {
      [32m+[0m [0m[1m[0mcreate_duration[0m[0m = (known after apply)
      [32m+[0m [0m[1m[0mid[0m[0m              = (known after apply)
    }

[1m  # module.applications[5].module.dbt[1].random_integer.sleep[0][0m will be created[0m[0m
[0m  [32m+[0m[0m resource "random_integer" "sleep" {
      [32m+[0m [0m[1m[0mid[0m[0m     = (known after apply)
      [32m+[0m [0m[1m[0mmax[0m[0m    = 5
      [32m+[0m [0m[1m[0mmin[0m[0m    = 1
      [32m+[0m [0m[1m[0mresult[0m[0m = (known after apply)
    }

[1m  # module.applications[5].module.dbt[1].random_integer.sleep[1][0m will be created[0m[0m
[0m  [32m+[0m[0m resource "random_integer" "sleep" {
      [32m+[0m [0m[1m[0mid[0m[0m     = (known after apply)
      [32m+[0m [0m[1m[0mmax[0m[0m    = 5
      [32m+[0m [0m[1m[0mmin[0m[0m    = 1
      [32m+[0m [0m[1m[0mresult[0m[0m = (known after apply)
    }

[1m  # module.applications[5].module.dbt[1].time_sleep.bar[0][0m will be created[0m[0m
[0m  [32m+[0m[0m resource "time_sleep" "bar" {
      [32m+[0m [0m[1m[0mcreate_duration[0m[0m = (known after apply)
      [32m+[0m [0m[1m[0mid[0m[0m              = (known after apply)
    }

[1m  # module.applications[5].module.dbt[1].time_sleep.bar[1][0m will be created[0m[0m
[0m  [32m+[0m[0m resource "time_sleep" "bar" {
      [32m+[0m [0m[1m[0mcreate_duration[0m[0m = (known after apply)
      [32m+[0m [0m[1m[0mid[0m[0m              = (known after apply)
    }

[1m  # module.applications[5].module.dbt[2].random_integer.sleep[0][0m will be created[0m[0m
[0m  [32m+[0m[0m resource "random_integer" "sleep" {
      [32m+[0m [0m[1m[0mid[0m[0m     = (known after apply)
      [32m+[0m [0m[1m[0mmax[0m[0m    = 5
      [32m+[0m [0m[1m[0mmin[0m[0m    = 1
      [32m+[0m [0m[1m[0mresult[0m[0m = (known after apply)
    }

[1m  # module.applications[5].module.dbt[2].random_integer.sleep[1][0m will be created[0m[0m
[0m  [32m+[0m[0m resource "random_integer" "sleep" {
      [32m+[0m [0m[1m[0mid[0m[0m     = (known after apply)
      [32m+[0m [0m[1m[0mmax[0m[0m    = 5
      [32m+[0m [0m[1m[0mmin[0m[0m    = 1
      [32m+[0m [0m[1m[0mresult[0m[0m = (known after apply)
    }

[1m  # module.applications[5].module.dbt[2].time_sleep.bar[0][0m will be created[0m[0m
[0m  [32m+[0m[0m resource "time_sleep" "bar" {
      [32m+[0m [0m[1m[0mcreate_duration[0m[0m = (known after apply)
      [32m+[0m [0m[1m[0mid[0m[0m              = (known after apply)
    }

[1m  # module.applications[5].module.dbt[2].time_sleep.bar[1][0m will be created[0m[0m
[0m  [32m+[0m[0m resource "time_sleep" "bar" {
      [32m+[0m [0m[1m[0mcreate_duration[0m[0m = (known after apply)
      [32m+[0m [0m[1m[0mid[0m[0m              = (known after apply)
    }

[1m  # module.applications[5].module.dbt[3].random_integer.sleep[0][0m will be created[0m[0m
[0m  [32m+[0m[0m resource "random_integer" "sleep" {
      [32m+[0m [0m[1m[0mid[0m[0m     = (known after apply)
      [32m+[0m [0m[1m[0mmax[0m[0m    = 5
      [32m+[0m [0m[1m[0mmin[0m[0m    = 1
      [32m+[0m [0m[1m[0mresult[0m[0m = (known after apply)
    }

[1m  # module.applications[5].module.dbt[3].random_integer.sleep[1][0m will be created[0m[0m
[0m  [32m+[0m[0m resource "random_integer" "sleep" {
      [32m+[0m [0m[1m[0mid[0m[0m     = (known after apply)
      [32m+[0m [0m[1m[0mmax[0m[0m    = 5
      [32m+[0m [0m[1m[0mmin[0m[0m    = 1
      [32m+[0m [0m[1m[0mresult[0m[0m = (known after apply)
    }

[1m  # module.applications[5].module.dbt[3].time_sleep.bar[0][0m will be created[0m[0m
[0m  [32m+[0m[0m resource "time_sleep" "bar" {
      [32m+[0m [0m[1m[0mcreate_duration[0m[0m = (known after apply)
      [32m+[0m [0m[1m[0mid[0m[0m              = (known after apply)
    }

[1m  # module.applications[5].module.dbt[3].time_sleep.bar[1][0m will be created[0m[0m
[0m  [32m+[0m[0m resource "time_sleep" "bar" {
      [32m+[0m [0m[1m[0mcreate_duration[0m[0m = (known after apply)
      [32m+[0m [0m[1m[0mid[0m[0m              = (known after apply)
    }

[1m  # module.applications[5].module.dbt[4].random_integer.sleep[0][0m will be created[0m[0m
[0m  [32m+[0m[0m resource "random_integer" "sleep" {
      [32m+[0m [0m[1m[0mid[0m[0m     = (known after apply)
      [32m+[0m [0m[1m[0mmax[0m[0m    = 5
      [32m+[0m [0m[1m[0mmin[0m[0m    = 1
      [32m+[0m [0m[1m[0mresult[0m[0m = (known after apply)
    }

[1m  # module.applications[5].module.dbt[4].random_integer.sleep[1][0m will be created[0m[0m
[0m  [32m+[0m[0m resource "random_integer" "sleep" {
      [32m+[0m [0m[1m[0mid[0m[0m     = (known after apply)
      [32m+[0m [0m[1m[0mmax[0m[0m    = 5
      [32m+[0m [0m[1m[0mmin[0m[0m    = 1
      [32m+[0m [0m[1m[0mresult[0m[0m = (known after apply)
    }

[1m  # module.applications[5].module.dbt[4].time_sleep.bar[0][0m will be created[0m[0m
[0m  [32m+[0m[0m resource "time_sleep" "bar" {
      [32m+[0m [0m[1m[0mcreate_duration[0m[0m = (known after apply)
      [32m+[0m [0m[1m[0mid[0m[0m              = (known after apply)
    }

[1m  # module.applications[5].module.dbt[4].time_sleep.bar[1][0m will be created[0m[0m
[0m  [32m+[0m[0m resource "time_sleep" "bar" {
      [32m+[0m [0m[1m[0mcreate_duration[0m[0m = (known after apply)
      [32m+[0m [0m[1m[0mid[0m[0m              = (known after apply)
    }

[1m  # module.applications[6].module.airflow[0].random_integer.sleep[0m will be created[0m[0m
[0m  [32m+[0m[0m resource "random_integer" "sleep" {
      [32m+[0m [0m[1m[0mid[0m[0m     = (known after apply)
      [32m+[0m [0m[1m[0mmax[0m[0m    = 5
      [32m+[0m [0m[1m[0mmin[0m[0m    = 1
      [32m+[0m [0m[1m[0mresult[0m[0m = (known after apply)
    }

[1m  # module.applications[6].module.airflow[0].time_sleep.bar[0m will be created[0m[0m
[0m  [32m+[0m[0m resource "time_sleep" "bar" {
      [32m+[0m [0m[1m[0mcreate_duration[0m[0m = (known after apply)
      [32m+[0m [0m[1m[0mid[0m[0m              = (known after apply)
    }

[1m  # module.applications[6].module.airflow[1].random_integer.sleep[0m will be created[0m[0m
[0m  [32m+[0m[0m resource "random_integer" "sleep" {
      [32m+[0m [0m[1m[0mid[0m[0m     = (known after apply)
      [32m+[0m [0m[1m[0mmax[0m[0m    = 5
      [32m+[0m [0m[1m[0mmin[0m[0m    = 1
      [32m+[0m [0m[1m[0mresult[0m[0m = (known after apply)
    }

[1m  # module.applications[6].module.airflow[1].time_sleep.bar[0m will be created[0m[0m
[0m  [32m+[0m[0m resource "time_sleep" "bar" {
      [32m+[0m [0m[1m[0mcreate_duration[0m[0m = (known after apply)
      [32m+[0m [0m[1m[0mid[0m[0m              = (known after apply)
    }

[1m  # module.applications[6].module.airflow[2].random_integer.sleep[0m will be created[0m[0m
[0m  [32m+[0m[0m resource "random_integer" "sleep" {
      [32m+[0m [0m[1m[0mid[0m[0m     = (known after apply)
      [32m+[0m [0m[1m[0mmax[0m[0m    = 5
      [32m+[0m [0m[1m[0mmin[0m[0m    = 1
      [32m+[0m [0m[1m[0mresult[0m[0m = (known after apply)
    }

[1m  # module.applications[6].module.airflow[2].time_sleep.bar[0m will be created[0m[0m
[0m  [32m+[0m[0m resource "time_sleep" "bar" {
      [32m+[0m [0m[1m[0mcreate_duration[0m[0m = (known after apply)
      [32m+[0m [0m[1m[0mid[0m[0m              = (known after apply)
    }

[1m  # module.applications[6].module.airflow[3].random_integer.sleep[0m will be created[0m[0m
[0m  [32m+[0m[0m resource "random_integer" "sleep" {
      [32m+[0m [0m[1m[0mid[0m[0m     = (known after apply)
      [32m+[0m [0m[1m[0mmax[0m[0m    = 5
      [32m+[0m [0m[1m[0mmin[0m[0m    = 1
      [32m+[0m [0m[1m[0mresult[0m[0m = (known after apply)
    }

[1m  # module.applications[6].module.airflow[3].time_sleep.bar[0m will be created[0m[0m
[0m  [32m+[0m[0m resource "time_sleep" "bar" {
      [32m+[0m [0m[1m[0mcreate_duration[0m[0m = (known after apply)
      [32m+[0m [0m[1m[0mid[0m[0m              = (known after apply)
    }

[1m  # module.applications[6].module.airflow[4].random_integer.sleep[0m will be created[0m[0m
[0m  [32m+[0m[0m resource "random_integer" "sleep" {
      [32m+[0m [0m[1m[0mid[0m[0m     = (known after apply)
      [32m+[0m [0m[1m[0mmax[0m[0m    = 5
      [32m+[0m [0m[1m[0mmin[0m[0m    = 1
      [32m+[0m [0m[1m[0mresult[0m[0m = (known after apply)
    }

[1m  # module.applications[6].module.airflow[4].time_sleep.bar[0m will be created[0m[0m
[0m  [32m+[0m[0m resource "time_sleep" "bar" {
      [32m+[0m [0m[1m[0mcreate_duration[0m[0m = (known after apply)
      [32m+[0m [0m[1m[0mid[0m[0m              = (known after apply)
    }

[1m  # module.applications[6].module.airflow[5].random_integer.sleep[0m will be created[0m[0m
[0m  [32m+[0m[0m resource "random_integer" "sleep" {
      [32m+[0m [0m[1m[0mid[0m[0m     = (known after apply)
      [32m+[0m [0m[1m[0mmax[0m[0m    = 5
      [32m+[0m [0m[1m[0mmin[0m[0m    = 1
      [32m+[0m [0m[1m[0mresult[0m[0m = (known after apply)
    }

[1m  # module.applications[6].module.airflow[5].time_sleep.bar[0m will be created[0m[0m
[0m  [32m+[0m[0m resource "time_sleep" "bar" {
      [32m+[0m [0m[1m[0mcreate_duration[0m[0m = (known after apply)
      [32m+[0m [0m[1m[0mid[0m[0m              = (known after apply)
    }

[1m  # module.applications[6].module.airflow[6].random_integer.sleep[0m will be created[0m[0m
[0m  [32m+[0m[0m resource "random_integer" "sleep" {
      [32m+[0m [0m[1m[0mid[0m[0m     = (known after apply)
      [32m+[0m [0m[1m[0mmax[0m[0m    = 5
      [32m+[0m [0m[1m[0mmin[0m[0m    = 1
      [32m+[0m [0m[1m[0mresult[0m[0m = (known after apply)
    }

[1m  # module.applications[6].module.airflow[6].time_sleep.bar[0m will be created[0m[0m
[0m  [32m+[0m[0m resource "time_sleep" "bar" {
      [32m+[0m [0m[1m[0mcreate_duration[0m[0m = (known after apply)
      [32m+[0m [0m[1m[0mid[0m[0m              = (known after apply)
    }

[1m  # module.applications[6].module.airflow[7].random_integer.sleep[0m will be created[0m[0m
[0m  [32m+[0m[0m resource "random_integer" "sleep" {
      [32m+[0m [0m[1m[0mid[0m[0m     = (known after apply)
      [32m+[0m [0m[1m[0mmax[0m[0m    = 5
      [32m+[0m [0m[1m[0mmin[0m[0m    = 1
      [32m+[0m [0m[1m[0mresult[0m[0m = (known after apply)
    }

[1m  # module.applications[6].module.airflow[7].time_sleep.bar[0m will be created[0m[0m
[0m  [32m+[0m[0m resource "time_sleep" "bar" {
      [32m+[0m [0m[1m[0mcreate_duration[0m[0m = (known after apply)
      [32m+[0m [0m[1m[0mid[0m[0m              = (known after apply)
    }

[1m  # module.applications[6].module.airflow[8].random_integer.sleep[0m will be created[0m[0m
[0m  [32m+[0m[0m resource "random_integer" "sleep" {
      [32m+[0m [0m[1m[0mid[0m[0m     = (known after apply)
      [32m+[0m [0m[1m[0mmax[0m[0m    = 5
      [32m+[0m [0m[1m[0mmin[0m[0m    = 1
      [32m+[0m [0m[1m[0mresult[0m[0m = (known after apply)
    }

[1m  # module.applications[6].module.airflow[8].time_sleep.bar[0m will be created[0m[0m
[0m  [32m+[0m[0m resource "time_sleep" "bar" {
      [32m+[0m [0m[1m[0mcreate_duration[0m[0m = (known after apply)
      [32m+[0m [0m[1m[0mid[0m[0m              = (known after apply)
    }

[1m  # module.applications[6].module.airflow[9].random_integer.sleep[0m will be created[0m[0m
[0m  [32m+[0m[0m resource "random_integer" "sleep" {
      [32m+[0m [0m[1m[0mid[0m[0m     = (known after apply)
      [32m+[0m [0m[1m[0mmax[0m[0m    = 5
      [32m+[0m [0m[1m[0mmin[0m[0m    = 1
      [32m+[0m [0m[1m[0mresult[0m[0m = (known after apply)
    }

[1m  # module.applications[6].module.airflow[9].time_sleep.bar[0m will be created[0m[0m
[0m  [32m+[0m[0m resource "time_sleep" "bar" {
      [32m+[0m [0m[1m[0mcreate_duration[0m[0m = (known after apply)
      [32m+[0m [0m[1m[0mid[0m[0m              = (known after apply)
    }

[1m  # module.applications[6].module.dbt[0].random_integer.sleep[0][0m will be created[0m[0m
[0m  [32m+[0m[0m resource "random_integer" "sleep" {
      [32m+[0m [0m[1m[0mid[0m[0m     = (known after apply)
      [32m+[0m [0m[1m[0mmax[0m[0m    = 5
      [32m+[0m [0m[1m[0mmin[0m[0m    = 1
      [32m+[0m [0m[1m[0mresult[0m[0m = (known after apply)
    }

[1m  # module.applications[6].module.dbt[0].random_integer.sleep[1][0m will be created[0m[0m
[0m  [32m+[0m[0m resource "random_integer" "sleep" {
      [32m+[0m [0m[1m[0mid[0m[0m     = (known after apply)
      [32m+[0m [0m[1m[0mmax[0m[0m    = 5
      [32m+[0m [0m[1m[0mmin[0m[0m    = 1
      [32m+[0m [0m[1m[0mresult[0m[0m = (known after apply)
    }

[1m  # module.applications[6].module.dbt[0].time_sleep.bar[0][0m will be created[0m[0m
[0m  [32m+[0m[0m resource "time_sleep" "bar" {
      [32m+[0m [0m[1m[0mcreate_duration[0m[0m = (known after apply)
      [32m+[0m [0m[1m[0mid[0m[0m              = (known after apply)
    }

[1m  # module.applications[6].module.dbt[0].time_sleep.bar[1][0m will be created[0m[0m
[0m  [32m+[0m[0m resource "time_sleep" "bar" {
      [32m+[0m [0m[1m[0mcreate_duration[0m[0m = (known after apply)
      [32m+[0m [0m[1m[0mid[0m[0m              = (known after apply)
    }

[1m  # module.applications[6].module.dbt[1].random_integer.sleep[0][0m will be created[0m[0m
[0m  [32m+[0m[0m resource "random_integer" "sleep" {
      [32m+[0m [0m[1m[0mid[0m[0m     = (known after apply)
      [32m+[0m [0m[1m[0mmax[0m[0m    = 5
      [32m+[0m [0m[1m[0mmin[0m[0m    = 1
      [32m+[0m [0m[1m[0mresult[0m[0m = (known after apply)
    }

[1m  # module.applications[6].module.dbt[1].random_integer.sleep[1][0m will be created[0m[0m
[0m  [32m+[0m[0m resource "random_integer" "sleep" {
      [32m+[0m [0m[1m[0mid[0m[0m     = (known after apply)
      [32m+[0m [0m[1m[0mmax[0m[0m    = 5
      [32m+[0m [0m[1m[0mmin[0m[0m    = 1
      [32m+[0m [0m[1m[0mresult[0m[0m = (known after apply)
    }

[1m  # module.applications[6].module.dbt[1].time_sleep.bar[0][0m will be created[0m[0m
[0m  [32m+[0m[0m resource "time_sleep" "bar" {
      [32m+[0m [0m[1m[0mcreate_duration[0m[0m = (known after apply)
      [32m+[0m [0m[1m[0mid[0m[0m              = (known after apply)
    }

[1m  # module.applications[6].module.dbt[1].time_sleep.bar[1][0m will be created[0m[0m
[0m  [32m+[0m[0m resource "time_sleep" "bar" {
      [32m+[0m [0m[1m[0mcreate_duration[0m[0m = (known after apply)
      [32m+[0m [0m[1m[0mid[0m[0m              = (known after apply)
    }

[1m  # module.applications[6].module.dbt[2].random_integer.sleep[0][0m will be created[0m[0m
[0m  [32m+[0m[0m resource "random_integer" "sleep" {
      [32m+[0m [0m[1m[0mid[0m[0m     = (known after apply)
      [32m+[0m [0m[1m[0mmax[0m[0m    = 5
      [32m+[0m [0m[1m[0mmin[0m[0m    = 1
      [32m+[0m [0m[1m[0mresult[0m[0m = (known after apply)
    }

[1m  # module.applications[6].module.dbt[2].random_integer.sleep[1][0m will be created[0m[0m
[0m  [32m+[0m[0m resource "random_integer" "sleep" {
      [32m+[0m [0m[1m[0mid[0m[0m     = (known after apply)
      [32m+[0m [0m[1m[0mmax[0m[0m    = 5
      [32m+[0m [0m[1m[0mmin[0m[0m    = 1
      [32m+[0m [0m[1m[0mresult[0m[0m = (known after apply)
    }

[1m  # module.applications[6].module.dbt[2].time_sleep.bar[0][0m will be created[0m[0m
[0m  [32m+[0m[0m resource "time_sleep" "bar" {
      [32m+[0m [0m[1m[0mcreate_duration[0m[0m = (known after apply)
      [32m+[0m [0m[1m[0mid[0m[0m              = (known after apply)
    }

[1m  # module.applications[6].module.dbt[2].time_sleep.bar[1][0m will be created[0m[0m
[0m  [32m+[0m[0m resource "time_sleep" "bar" {
      [32m+[0m [0m[1m[0mcreate_duration[0m[0m = (known after apply)
      [32m+[0m [0m[1m[0mid[0m[0m              = (known after apply)
    }

[1m  # module.applications[6].module.dbt[3].random_integer.sleep[0][0m will be created[0m[0m
[0m  [32m+[0m[0m resource "random_integer" "sleep" {
      [32m+[0m [0m[1m[0mid[0m[0m     = (known after apply)
      [32m+[0m [0m[1m[0mmax[0m[0m    = 5
      [32m+[0m [0m[1m[0mmin[0m[0m    = 1
      [32m+[0m [0m[1m[0mresult[0m[0m = (known after apply)
    }

[1m  # module.applications[6].module.dbt[3].random_integer.sleep[1][0m will be created[0m[0m
[0m  [32m+[0m[0m resource "random_integer" "sleep" {
      [32m+[0m [0m[1m[0mid[0m[0m     = (known after apply)
      [32m+[0m [0m[1m[0mmax[0m[0m    = 5
      [32m+[0m [0m[1m[0mmin[0m[0m    = 1
      [32m+[0m [0m[1m[0mresult[0m[0m = (known after apply)
    }

[1m  # module.applications[6].module.dbt[3].time_sleep.bar[0][0m will be created[0m[0m
[0m  [32m+[0m[0m resource "time_sleep" "bar" {
      [32m+[0m [0m[1m[0mcreate_duration[0m[0m = (known after apply)
      [32m+[0m [0m[1m[0mid[0m[0m              = (known after apply)
    }

[1m  # module.applications[6].module.dbt[3].time_sleep.bar[1][0m will be created[0m[0m
[0m  [32m+[0m[0m resource "time_sleep" "bar" {
      [32m+[0m [0m[1m[0mcreate_duration[0m[0m = (known after apply)
      [32m+[0m [0m[1m[0mid[0m[0m              = (known after apply)
    }

[1m  # module.applications[6].module.dbt[4].random_integer.sleep[0][0m will be created[0m[0m
[0m  [32m+[0m[0m resource "random_integer" "sleep" {
      [32m+[0m [0m[1m[0mid[0m[0m     = (known after apply)
      [32m+[0m [0m[1m[0mmax[0m[0m    = 5
      [32m+[0m [0m[1m[0mmin[0m[0m    = 1
      [32m+[0m [0m[1m[0mresult[0m[0m = (known after apply)
    }

[1m  # module.applications[6].module.dbt[4].random_integer.sleep[1][0m will be created[0m[0m
[0m  [32m+[0m[0m resource "random_integer" "sleep" {
      [32m+[0m [0m[1m[0mid[0m[0m     = (known after apply)
      [32m+[0m [0m[1m[0mmax[0m[0m    = 5
      [32m+[0m [0m[1m[0mmin[0m[0m    = 1
      [32m+[0m [0m[1m[0mresult[0m[0m = (known after apply)
    }

[1m  # module.applications[6].module.dbt[4].time_sleep.bar[0][0m will be created[0m[0m
[0m  [32m+[0m[0m resource "time_sleep" "bar" {
      [32m+[0m [0m[1m[0mcreate_duration[0m[0m = (known after apply)
      [32m+[0m [0m[1m[0mid[0m[0m              = (known after apply)
    }

[1m  # module.applications[6].module.dbt[4].time_sleep.bar[1][0m will be created[0m[0m
[0m  [32m+[0m[0m resource "time_sleep" "bar" {
      [32m+[0m [0m[1m[0mcreate_duration[0m[0m = (known after apply)
      [32m+[0m [0m[1m[0mid[0m[0m              = (known after apply)
    }

[1m  # module.applications[7].module.airflow[0].random_integer.sleep[0m will be created[0m[0m
[0m  [32m+[0m[0m resource "random_integer" "sleep" {
      [32m+[0m [0m[1m[0mid[0m[0m     = (known after apply)
      [32m+[0m [0m[1m[0mmax[0m[0m    = 5
      [32m+[0m [0m[1m[0mmin[0m[0m    = 1
      [32m+[0m [0m[1m[0mresult[0m[0m = (known after apply)
    }

[1m  # module.applications[7].module.airflow[0].time_sleep.bar[0m will be created[0m[0m
[0m  [32m+[0m[0m resource "time_sleep" "bar" {
      [32m+[0m [0m[1m[0mcreate_duration[0m[0m = (known after apply)
      [32m+[0m [0m[1m[0mid[0m[0m              = (known after apply)
    }

[1m  # module.applications[7].module.airflow[1].random_integer.sleep[0m will be created[0m[0m
[0m  [32m+[0m[0m resource "random_integer" "sleep" {
      [32m+[0m [0m[1m[0mid[0m[0m     = (known after apply)
      [32m+[0m [0m[1m[0mmax[0m[0m    = 5
      [32m+[0m [0m[1m[0mmin[0m[0m    = 1
      [32m+[0m [0m[1m[0mresult[0m[0m = (known after apply)
    }

[1m  # module.applications[7].module.airflow[1].time_sleep.bar[0m will be created[0m[0m
[0m  [32m+[0m[0m resource "time_sleep" "bar" {
      [32m+[0m [0m[1m[0mcreate_duration[0m[0m = (known after apply)
      [32m+[0m [0m[1m[0mid[0m[0m              = (known after apply)
    }

[1m  # module.applications[7].module.airflow[2].random_integer.sleep[0m will be created[0m[0m
[0m  [32m+[0m[0m resource "random_integer" "sleep" {
      [32m+[0m [0m[1m[0mid[0m[0m     = (known after apply)
      [32m+[0m [0m[1m[0mmax[0m[0m    = 5
      [32m+[0m [0m[1m[0mmin[0m[0m    = 1
      [32m+[0m [0m[1m[0mresult[0m[0m = (known after apply)
    }

[1m  # module.applications[7].module.airflow[2].time_sleep.bar[0m will be created[0m[0m
[0m  [32m+[0m[0m resource "time_sleep" "bar" {
      [32m+[0m [0m[1m[0mcreate_duration[0m[0m = (known after apply)
      [32m+[0m [0m[1m[0mid[0m[0m              = (known after apply)
    }

[1m  # module.applications[7].module.airflow[3].random_integer.sleep[0m will be created[0m[0m
[0m  [32m+[0m[0m resource "random_integer" "sleep" {
      [32m+[0m [0m[1m[0mid[0m[0m     = (known after apply)
      [32m+[0m [0m[1m[0mmax[0m[0m    = 5
      [32m+[0m [0m[1m[0mmin[0m[0m    = 1
      [32m+[0m [0m[1m[0mresult[0m[0m = (known after apply)
    }

[1m  # module.applications[7].module.airflow[3].time_sleep.bar[0m will be created[0m[0m
[0m  [32m+[0m[0m resource "time_sleep" "bar" {
      [32m+[0m [0m[1m[0mcreate_duration[0m[0m = (known after apply)
      [32m+[0m [0m[1m[0mid[0m[0m              = (known after apply)
    }

[1m  # module.applications[7].module.airflow[4].random_integer.sleep[0m will be created[0m[0m
[0m  [32m+[0m[0m resource "random_integer" "sleep" {
      [32m+[0m [0m[1m[0mid[0m[0m     = (known after apply)
      [32m+[0m [0m[1m[0mmax[0m[0m    = 5
      [32m+[0m [0m[1m[0mmin[0m[0m    = 1
      [32m+[0m [0m[1m[0mresult[0m[0m = (known after apply)
    }

[1m  # module.applications[7].module.airflow[4].time_sleep.bar[0m will be created[0m[0m
[0m  [32m+[0m[0m resource "time_sleep" "bar" {
      [32m+[0m [0m[1m[0mcreate_duration[0m[0m = (known after apply)
      [32m+[0m [0m[1m[0mid[0m[0m              = (known after apply)
    }

[1m  # module.applications[7].module.airflow[5].random_integer.sleep[0m will be created[0m[0m
[0m  [32m+[0m[0m resource "random_integer" "sleep" {
      [32m+[0m [0m[1m[0mid[0m[0m     = (known after apply)
      [32m+[0m [0m[1m[0mmax[0m[0m    = 5
      [32m+[0m [0m[1m[0mmin[0m[0m    = 1
      [32m+[0m [0m[1m[0mresult[0m[0m = (known after apply)
    }

[1m  # module.applications[7].module.airflow[5].time_sleep.bar[0m will be created[0m[0m
[0m  [32m+[0m[0m resource "time_sleep" "bar" {
      [32m+[0m [0m[1m[0mcreate_duration[0m[0m = (known after apply)
      [32m+[0m [0m[1m[0mid[0m[0m              = (known after apply)
    }

[1m  # module.applications[7].module.airflow[6].random_integer.sleep[0m will be created[0m[0m
[0m  [32m+[0m[0m resource "random_integer" "sleep" {
      [32m+[0m [0m[1m[0mid[0m[0m     = (known after apply)
      [32m+[0m [0m[1m[0mmax[0m[0m    = 5
      [32m+[0m [0m[1m[0mmin[0m[0m    = 1
      [32m+[0m [0m[1m[0mresult[0m[0m = (known after apply)
    }

[1m  # module.applications[7].module.airflow[6].time_sleep.bar[0m will be created[0m[0m
[0m  [32m+[0m[0m resource "time_sleep" "bar" {
      [32m+[0m [0m[1m[0mcreate_duration[0m[0m = (known after apply)
      [32m+[0m [0m[1m[0mid[0m[0m              = (known after apply)
    }

[1m  # module.applications[7].module.airflow[7].random_integer.sleep[0m will be created[0m[0m
[0m  [32m+[0m[0m resource "random_integer" "sleep" {
      [32m+[0m [0m[1m[0mid[0m[0m     = (known after apply)
      [32m+[0m [0m[1m[0mmax[0m[0m    = 5
      [32m+[0m [0m[1m[0mmin[0m[0m    = 1
      [32m+[0m [0m[1m[0mresult[0m[0m = (known after apply)
    }

[1m  # module.applications[7].module.airflow[7].time_sleep.bar[0m will be created[0m[0m
[0m  [32m+[0m[0m resource "time_sleep" "bar" {
      [32m+[0m [0m[1m[0mcreate_duration[0m[0m = (known after apply)
      [32m+[0m [0m[1m[0mid[0m[0m              = (known after apply)
    }

[1m  # module.applications[7].module.airflow[8].random_integer.sleep[0m will be created[0m[0m
[0m  [32m+[0m[0m resource "random_integer" "sleep" {
      [32m+[0m [0m[1m[0mid[0m[0m     = (known after apply)
      [32m+[0m [0m[1m[0mmax[0m[0m    = 5
      [32m+[0m [0m[1m[0mmin[0m[0m    = 1
      [32m+[0m [0m[1m[0mresult[0m[0m = (known after apply)
    }

[1m  # module.applications[7].module.airflow[8].time_sleep.bar[0m will be created[0m[0m
[0m  [32m+[0m[0m resource "time_sleep" "bar" {
      [32m+[0m [0m[1m[0mcreate_duration[0m[0m = (known after apply)
      [32m+[0m [0m[1m[0mid[0m[0m              = (known after apply)
    }

[1m  # module.applications[7].module.airflow[9].random_integer.sleep[0m will be created[0m[0m
[0m  [32m+[0m[0m resource "random_integer" "sleep" {
      [32m+[0m [0m[1m[0mid[0m[0m     = (known after apply)
      [32m+[0m [0m[1m[0mmax[0m[0m    = 5
      [32m+[0m [0m[1m[0mmin[0m[0m    = 1
      [32m+[0m [0m[1m[0mresult[0m[0m = (known after apply)
    }

[1m  # module.applications[7].module.airflow[9].time_sleep.bar[0m will be created[0m[0m
[0m  [32m+[0m[0m resource "time_sleep" "bar" {
      [32m+[0m [0m[1m[0mcreate_duration[0m[0m = (known after apply)
      [32m+[0m [0m[1m[0mid[0m[0m              = (known after apply)
    }

[1m  # module.applications[7].module.dbt[0].random_integer.sleep[0][0m will be created[0m[0m
[0m  [32m+[0m[0m resource "random_integer" "sleep" {
      [32m+[0m [0m[1m[0mid[0m[0m     = (known after apply)
      [32m+[0m [0m[1m[0mmax[0m[0m    = 5
      [32m+[0m [0m[1m[0mmin[0m[0m    = 1
      [32m+[0m [0m[1m[0mresult[0m[0m = (known after apply)
    }

[1m  # module.applications[7].module.dbt[0].random_integer.sleep[1][0m will be created[0m[0m
[0m  [32m+[0m[0m resource "random_integer" "sleep" {
      [32m+[0m [0m[1m[0mid[0m[0m     = (known after apply)
      [32m+[0m [0m[1m[0mmax[0m[0m    = 5
      [32m+[0m [0m[1m[0mmin[0m[0m    = 1
      [32m+[0m [0m[1m[0mresult[0m[0m = (known after apply)
    }

[1m  # module.applications[7].module.dbt[0].time_sleep.bar[0][0m will be created[0m[0m
[0m  [32m+[0m[0m resource "time_sleep" "bar" {
      [32m+[0m [0m[1m[0mcreate_duration[0m[0m = (known after apply)
      [32m+[0m [0m[1m[0mid[0m[0m              = (known after apply)
    }

[1m  # module.applications[7].module.dbt[0].time_sleep.bar[1][0m will be created[0m[0m
[0m  [32m+[0m[0m resource "time_sleep" "bar" {
      [32m+[0m [0m[1m[0mcreate_duration[0m[0m = (known after apply)
      [32m+[0m [0m[1m[0mid[0m[0m              = (known after apply)
    }

[1m  # module.applications[7].module.dbt[1].random_integer.sleep[0][0m will be created[0m[0m
[0m  [32m+[0m[0m resource "random_integer" "sleep" {
      [32m+[0m [0m[1m[0mid[0m[0m     = (known after apply)
      [32m+[0m [0m[1m[0mmax[0m[0m    = 5
      [32m+[0m [0m[1m[0mmin[0m[0m    = 1
      [32m+[0m [0m[1m[0mresult[0m[0m = (known after apply)
    }

[1m  # module.applications[7].module.dbt[1].random_integer.sleep[1][0m will be created[0m[0m
[0m  [32m+[0m[0m resource "random_integer" "sleep" {
      [32m+[0m [0m[1m[0mid[0m[0m     = (known after apply)
      [32m+[0m [0m[1m[0mmax[0m[0m    = 5
      [32m+[0m [0m[1m[0mmin[0m[0m    = 1
      [32m+[0m [0m[1m[0mresult[0m[0m = (known after apply)
    }

[1m  # module.applications[7].module.dbt[1].time_sleep.bar[0][0m will be created[0m[0m
[0m  [32m+[0m[0m resource "time_sleep" "bar" {
      [32m+[0m [0m[1m[0mcreate_duration[0m[0m = (known after apply)
      [32m+[0m [0m[1m[0mid[0m[0m              = (known after apply)
    }

[1m  # module.applications[7].module.dbt[1].time_sleep.bar[1][0m will be created[0m[0m
[0m  [32m+[0m[0m resource "time_sleep" "bar" {
      [32m+[0m [0m[1m[0mcreate_duration[0m[0m = (known after apply)
      [32m+[0m [0m[1m[0mid[0m[0m              = (known after apply)
    }

[1m  # module.applications[7].module.dbt[2].random_integer.sleep[0][0m will be created[0m[0m
[0m  [32m+[0m[0m resource "random_integer" "sleep" {
      [32m+[0m [0m[1m[0mid[0m[0m     = (known after apply)
      [32m+[0m [0m[1m[0mmax[0m[0m    = 5
      [32m+[0m [0m[1m[0mmin[0m[0m    = 1
      [32m+[0m [0m[1m[0mresult[0m[0m = (known after apply)
    }

[1m  # module.applications[7].module.dbt[2].random_integer.sleep[1][0m will be created[0m[0m
[0m  [32m+[0m[0m resource "random_integer" "sleep" {
      [32m+[0m [0m[1m[0mid[0m[0m     = (known after apply)
      [32m+[0m [0m[1m[0mmax[0m[0m    = 5
      [32m+[0m [0m[1m[0mmin[0m[0m    = 1
      [32m+[0m [0m[1m[0mresult[0m[0m = (known after apply)
    }

[1m  # module.applications[7].module.dbt[2].time_sleep.bar[0][0m will be created[0m[0m
[0m  [32m+[0m[0m resource "time_sleep" "bar" {
      [32m+[0m [0m[1m[0mcreate_duration[0m[0m = (known after apply)
      [32m+[0m [0m[1m[0mid[0m[0m              = (known after apply)
    }

[1m  # module.applications[7].module.dbt[2].time_sleep.bar[1][0m will be created[0m[0m
[0m  [32m+[0m[0m resource "time_sleep" "bar" {
      [32m+[0m [0m[1m[0mcreate_duration[0m[0m = (known after apply)
      [32m+[0m [0m[1m[0mid[0m[0m              = (known after apply)
    }

[1m  # module.applications[7].module.dbt[3].random_integer.sleep[0][0m will be created[0m[0m
[0m  [32m+[0m[0m resource "random_integer" "sleep" {
      [32m+[0m [0m[1m[0mid[0m[0m     = (known after apply)
      [32m+[0m [0m[1m[0mmax[0m[0m    = 5
      [32m+[0m [0m[1m[0mmin[0m[0m    = 1
      [32m+[0m [0m[1m[0mresult[0m[0m = (known after apply)
    }

[1m  # module.applications[7].module.dbt[3].random_integer.sleep[1][0m will be created[0m[0m
[0m  [32m+[0m[0m resource "random_integer" "sleep" {
      [32m+[0m [0m[1m[0mid[0m[0m     = (known after apply)
      [32m+[0m [0m[1m[0mmax[0m[0m    = 5
      [32m+[0m [0m[1m[0mmin[0m[0m    = 1
      [32m+[0m [0m[1m[0mresult[0m[0m = (known after apply)
    }

[1m  # module.applications[7].module.dbt[3].time_sleep.bar[0][0m will be created[0m[0m
[0m  [32m+[0m[0m resource "time_sleep" "bar" {
      [32m+[0m [0m[1m[0mcreate_duration[0m[0m = (known after apply)
      [32m+[0m [0m[1m[0mid[0m[0m              = (known after apply)
    }

[1m  # module.applications[7].module.dbt[3].time_sleep.bar[1][0m will be created[0m[0m
[0m  [32m+[0m[0m resource "time_sleep" "bar" {
      [32m+[0m [0m[1m[0mcreate_duration[0m[0m = (known after apply)
      [32m+[0m [0m[1m[0mid[0m[0m              = (known after apply)
    }

[1m  # module.applications[7].module.dbt[4].random_integer.sleep[0][0m will be created[0m[0m
[0m  [32m+[0m[0m resource "random_integer" "sleep" {
      [32m+[0m [0m[1m[0mid[0m[0m     = (known after apply)
      [32m+[0m [0m[1m[0mmax[0m[0m    = 5
      [32m+[0m [0m[1m[0mmin[0m[0m    = 1
      [32m+[0m [0m[1m[0mresult[0m[0m = (known after apply)
    }

[1m  # module.applications[7].module.dbt[4].random_integer.sleep[1][0m will be created[0m[0m
[0m  [32m+[0m[0m resource "random_integer" "sleep" {
      [32m+[0m [0m[1m[0mid[0m[0m     = (known after apply)
      [32m+[0m [0m[1m[0mmax[0m[0m    = 5
      [32m+[0m [0m[1m[0mmin[0m[0m    = 1
      [32m+[0m [0m[1m[0mresult[0m[0m = (known after apply)
    }

[1m  # module.applications[7].module.dbt[4].time_sleep.bar[0][0m will be created[0m[0m
[0m  [32m+[0m[0m resource "time_sleep" "bar" {
      [32m+[0m [0m[1m[0mcreate_duration[0m[0m = (known after apply)
      [32m+[0m [0m[1m[0mid[0m[0m              = (known after apply)
    }

[1m  # module.applications[7].module.dbt[4].time_sleep.bar[1][0m will be created[0m[0m
[0m  [32m+[0m[0m resource "time_sleep" "bar" {
      [32m+[0m [0m[1m[0mcreate_duration[0m[0m = (known after apply)
      [32m+[0m [0m[1m[0mid[0m[0m              = (known after apply)
    }

[1m  # module.applications[8].module.airflow[0].random_integer.sleep[0m will be created[0m[0m
[0m  [32m+[0m[0m resource "random_integer" "sleep" {
      [32m+[0m [0m[1m[0mid[0m[0m     = (known after apply)
      [32m+[0m [0m[1m[0mmax[0m[0m    = 5
      [32m+[0m [0m[1m[0mmin[0m[0m    = 1
      [32m+[0m [0m[1m[0mresult[0m[0m = (known after apply)
    }

[1m  # module.applications[8].module.airflow[0].time_sleep.bar[0m will be created[0m[0m
[0m  [32m+[0m[0m resource "time_sleep" "bar" {
      [32m+[0m [0m[1m[0mcreate_duration[0m[0m = (known after apply)
      [32m+[0m [0m[1m[0mid[0m[0m              = (known after apply)
    }

[1m  # module.applications[8].module.airflow[1].random_integer.sleep[0m will be created[0m[0m
[0m  [32m+[0m[0m resource "random_integer" "sleep" {
      [32m+[0m [0m[1m[0mid[0m[0m     = (known after apply)
      [32m+[0m [0m[1m[0mmax[0m[0m    = 5
      [32m+[0m [0m[1m[0mmin[0m[0m    = 1
      [32m+[0m [0m[1m[0mresult[0m[0m = (known after apply)
    }

[1m  # module.applications[8].module.airflow[1].time_sleep.bar[0m will be created[0m[0m
[0m  [32m+[0m[0m resource "time_sleep" "bar" {
      [32m+[0m [0m[1m[0mcreate_duration[0m[0m = (known after apply)
      [32m+[0m [0m[1m[0mid[0m[0m              = (known after apply)
    }

[1m  # module.applications[8].module.airflow[2].random_integer.sleep[0m will be created[0m[0m
[0m  [32m+[0m[0m resource "random_integer" "sleep" {
      [32m+[0m [0m[1m[0mid[0m[0m     = (known after apply)
      [32m+[0m [0m[1m[0mmax[0m[0m    = 5
      [32m+[0m [0m[1m[0mmin[0m[0m    = 1
      [32m+[0m [0m[1m[0mresult[0m[0m = (known after apply)
    }

[1m  # module.applications[8].module.airflow[2].time_sleep.bar[0m will be created[0m[0m
[0m  [32m+[0m[0m resource "time_sleep" "bar" {
      [32m+[0m [0m[1m[0mcreate_duration[0m[0m = (known after apply)
      [32m+[0m [0m[1m[0mid[0m[0m              = (known after apply)
    }

[1m  # module.applications[8].module.airflow[3].random_integer.sleep[0m will be created[0m[0m
[0m  [32m+[0m[0m resource "random_integer" "sleep" {
      [32m+[0m [0m[1m[0mid[0m[0m     = (known after apply)
      [32m+[0m [0m[1m[0mmax[0m[0m    = 5
      [32m+[0m [0m[1m[0mmin[0m[0m    = 1
      [32m+[0m [0m[1m[0mresult[0m[0m = (known after apply)
    }

[1m  # module.applications[8].module.airflow[3].time_sleep.bar[0m will be created[0m[0m
[0m  [32m+[0m[0m resource "time_sleep" "bar" {
      [32m+[0m [0m[1m[0mcreate_duration[0m[0m = (known after apply)
      [32m+[0m [0m[1m[0mid[0m[0m              = (known after apply)
    }

[1m  # module.applications[8].module.airflow[4].random_integer.sleep[0m will be created[0m[0m
[0m  [32m+[0m[0m resource "random_integer" "sleep" {
      [32m+[0m [0m[1m[0mid[0m[0m     = (known after apply)
      [32m+[0m [0m[1m[0mmax[0m[0m    = 5
      [32m+[0m [0m[1m[0mmin[0m[0m    = 1
      [32m+[0m [0m[1m[0mresult[0m[0m = (known after apply)
    }

[1m  # module.applications[8].module.airflow[4].time_sleep.bar[0m will be created[0m[0m
[0m  [32m+[0m[0m resource "time_sleep" "bar" {
      [32m+[0m [0m[1m[0mcreate_duration[0m[0m = (known after apply)
      [32m+[0m [0m[1m[0mid[0m[0m              = (known after apply)
    }

[1m  # module.applications[8].module.airflow[5].random_integer.sleep[0m will be created[0m[0m
[0m  [32m+[0m[0m resource "random_integer" "sleep" {
      [32m+[0m [0m[1m[0mid[0m[0m     = (known after apply)
      [32m+[0m [0m[1m[0mmax[0m[0m    = 5
      [32m+[0m [0m[1m[0mmin[0m[0m    = 1
      [32m+[0m [0m[1m[0mresult[0m[0m = (known after apply)
    }

[1m  # module.applications[8].module.airflow[5].time_sleep.bar[0m will be created[0m[0m
[0m  [32m+[0m[0m resource "time_sleep" "bar" {
      [32m+[0m [0m[1m[0mcreate_duration[0m[0m = (known after apply)
      [32m+[0m [0m[1m[0mid[0m[0m              = (known after apply)
    }

[1m  # module.applications[8].module.airflow[6].random_integer.sleep[0m will be created[0m[0m
[0m  [32m+[0m[0m resource "random_integer" "sleep" {
      [32m+[0m [0m[1m[0mid[0m[0m     = (known after apply)
      [32m+[0m [0m[1m[0mmax[0m[0m    = 5
      [32m+[0m [0m[1m[0mmin[0m[0m    = 1
      [32m+[0m [0m[1m[0mresult[0m[0m = (known after apply)
    }

[1m  # module.applications[8].module.airflow[6].time_sleep.bar[0m will be created[0m[0m
[0m  [32m+[0m[0m resource "time_sleep" "bar" {
      [32m+[0m [0m[1m[0mcreate_duration[0m[0m = (known after apply)
      [32m+[0m [0m[1m[0mid[0m[0m              = (known after apply)
    }

[1m  # module.applications[8].module.airflow[7].random_integer.sleep[0m will be created[0m[0m
[0m  [32m+[0m[0m resource "random_integer" "sleep" {
      [32m+[0m [0m[1m[0mid[0m[0m     = (known after apply)
      [32m+[0m [0m[1m[0mmax[0m[0m    = 5
      [32m+[0m [0m[1m[0mmin[0m[0m    = 1
      [32m+[0m [0m[1m[0mresult[0m[0m = (known after apply)
    }

[1m  # module.applications[8].module.airflow[7].time_sleep.bar[0m will be created[0m[0m
[0m  [32m+[0m[0m resource "time_sleep" "bar" {
      [32m+[0m [0m[1m[0mcreate_duration[0m[0m = (known after apply)
      [32m+[0m [0m[1m[0mid[0m[0m              = (known after apply)
    }

[1m  # module.applications[8].module.airflow[8].random_integer.sleep[0m will be created[0m[0m
[0m  [32m+[0m[0m resource "random_integer" "sleep" {
      [32m+[0m [0m[1m[0mid[0m[0m     = (known after apply)
      [32m+[0m [0m[1m[0mmax[0m[0m    = 5
      [32m+[0m [0m[1m[0mmin[0m[0m    = 1
      [32m+[0m [0m[1m[0mresult[0m[0m = (known after apply)
    }

[1m  # module.applications[8].module.airflow[8].time_sleep.bar[0m will be created[0m[0m
[0m  [32m+[0m[0m resource "time_sleep" "bar" {
      [32m+[0m [0m[1m[0mcreate_duration[0m[0m = (known after apply)
      [32m+[0m [0m[1m[0mid[0m[0m              = (known after apply)
    }

[1m  # module.applications[8].module.airflow[9].random_integer.sleep[0m will be created[0m[0m
[0m  [32m+[0m[0m resource "random_integer" "sleep" {
      [32m+[0m [0m[1m[0mid[0m[0m     = (known after apply)
      [32m+[0m [0m[1m[0mmax[0m[0m    = 5
      [32m+[0m [0m[1m[0mmin[0m[0m    = 1
      [32m+[0m [0m[1m[0mresult[0m[0m = (known after apply)
    }

[1m  # module.applications[8].module.airflow[9].time_sleep.bar[0m will be created[0m[0m
[0m  [32m+[0m[0m resource "time_sleep" "bar" {
      [32m+[0m [0m[1m[0mcreate_duration[0m[0m = (known after apply)
      [32m+[0m [0m[1m[0mid[0m[0m              = (known after apply)
    }

[1m  # module.applications[8].module.dbt[0].random_integer.sleep[0][0m will be created[0m[0m
[0m  [32m+[0m[0m resource "random_integer" "sleep" {
      [32m+[0m [0m[1m[0mid[0m[0m     = (known after apply)
      [32m+[0m [0m[1m[0mmax[0m[0m    = 5
      [32m+[0m [0m[1m[0mmin[0m[0m    = 1
      [32m+[0m [0m[1m[0mresult[0m[0m = (known after apply)
    }

[1m  # module.applications[8].module.dbt[0].random_integer.sleep[1][0m will be created[0m[0m
[0m  [32m+[0m[0m resource "random_integer" "sleep" {
      [32m+[0m [0m[1m[0mid[0m[0m     = (known after apply)
      [32m+[0m [0m[1m[0mmax[0m[0m    = 5
      [32m+[0m [0m[1m[0mmin[0m[0m    = 1
      [32m+[0m [0m[1m[0mresult[0m[0m = (known after apply)
    }

[1m  # module.applications[8].module.dbt[0].time_sleep.bar[0][0m will be created[0m[0m
[0m  [32m+[0m[0m resource "time_sleep" "bar" {
      [32m+[0m [0m[1m[0mcreate_duration[0m[0m = (known after apply)
      [32m+[0m [0m[1m[0mid[0m[0m              = (known after apply)
    }

[1m  # module.applications[8].module.dbt[0].time_sleep.bar[1][0m will be created[0m[0m
[0m  [32m+[0m[0m resource "time_sleep" "bar" {
      [32m+[0m [0m[1m[0mcreate_duration[0m[0m = (known after apply)
      [32m+[0m [0m[1m[0mid[0m[0m              = (known after apply)
    }

[1m  # module.applications[8].module.dbt[1].random_integer.sleep[0][0m will be created[0m[0m
[0m  [32m+[0m[0m resource "random_integer" "sleep" {
      [32m+[0m [0m[1m[0mid[0m[0m     = (known after apply)
      [32m+[0m [0m[1m[0mmax[0m[0m    = 5
      [32m+[0m [0m[1m[0mmin[0m[0m    = 1
      [32m+[0m [0m[1m[0mresult[0m[0m = (known after apply)
    }

[1m  # module.applications[8].module.dbt[1].random_integer.sleep[1][0m will be created[0m[0m
[0m  [32m+[0m[0m resource "random_integer" "sleep" {
      [32m+[0m [0m[1m[0mid[0m[0m     = (known after apply)
      [32m+[0m [0m[1m[0mmax[0m[0m    = 5
      [32m+[0m [0m[1m[0mmin[0m[0m    = 1
      [32m+[0m [0m[1m[0mresult[0m[0m = (known after apply)
    }

[1m  # module.applications[8].module.dbt[1].time_sleep.bar[0][0m will be created[0m[0m
[0m  [32m+[0m[0m resource "time_sleep" "bar" {
      [32m+[0m [0m[1m[0mcreate_duration[0m[0m = (known after apply)
      [32m+[0m [0m[1m[0mid[0m[0m              = (known after apply)
    }

[1m  # module.applications[8].module.dbt[1].time_sleep.bar[1][0m will be created[0m[0m
[0m  [32m+[0m[0m resource "time_sleep" "bar" {
      [32m+[0m [0m[1m[0mcreate_duration[0m[0m = (known after apply)
      [32m+[0m [0m[1m[0mid[0m[0m              = (known after apply)
    }

[1m  # module.applications[8].module.dbt[2].random_integer.sleep[0][0m will be created[0m[0m
[0m  [32m+[0m[0m resource "random_integer" "sleep" {
      [32m+[0m [0m[1m[0mid[0m[0m     = (known after apply)
      [32m+[0m [0m[1m[0mmax[0m[0m    = 5
      [32m+[0m [0m[1m[0mmin[0m[0m    = 1
      [32m+[0m [0m[1m[0mresult[0m[0m = (known after apply)
    }

[1m  # module.applications[8].module.dbt[2].random_integer.sleep[1][0m will be created[0m[0m
[0m  [32m+[0m[0m resource "random_integer" "sleep" {
      [32m+[0m [0m[1m[0mid[0m[0m     = (known after apply)
      [32m+[0m [0m[1m[0mmax[0m[0m    = 5
      [32m+[0m [0m[1m[0mmin[0m[0m    = 1
      [32m+[0m [0m[1m[0mresult[0m[0m = (known after apply)
    }

[1m  # module.applications[8].module.dbt[2].time_sleep.bar[0][0m will be created[0m[0m
[0m  [32m+[0m[0m resource "time_sleep" "bar" {
      [32m+[0m [0m[1m[0mcreate_duration[0m[0m = (known after apply)
      [32m+[0m [0m[1m[0mid[0m[0m              = (known after apply)
    }

[1m  # module.applications[8].module.dbt[2].time_sleep.bar[1][0m will be created[0m[0m
[0m  [32m+[0m[0m resource "time_sleep" "bar" {
      [32m+[0m [0m[1m[0mcreate_duration[0m[0m = (known after apply)
      [32m+[0m [0m[1m[0mid[0m[0m              = (known after apply)
    }

[1m  # module.applications[8].module.dbt[3].random_integer.sleep[0][0m will be created[0m[0m
[0m  [32m+[0m[0m resource "random_integer" "sleep" {
      [32m+[0m [0m[1m[0mid[0m[0m     = (known after apply)
      [32m+[0m [0m[1m[0mmax[0m[0m    = 5
      [32m+[0m [0m[1m[0mmin[0m[0m    = 1
      [32m+[0m [0m[1m[0mresult[0m[0m = (known after apply)
    }

[1m  # module.applications[8].module.dbt[3].random_integer.sleep[1][0m will be created[0m[0m
[0m  [32m+[0m[0m resource "random_integer" "sleep" {
      [32m+[0m [0m[1m[0mid[0m[0m     = (known after apply)
      [32m+[0m [0m[1m[0mmax[0m[0m    = 5
      [32m+[0m [0m[1m[0mmin[0m[0m    = 1
      [32m+[0m [0m[1m[0mresult[0m[0m = (known after apply)
    }

[1m  # module.applications[8].module.dbt[3].time_sleep.bar[0][0m will be created[0m[0m
[0m  [32m+[0m[0m resource "time_sleep" "bar" {
      [32m+[0m [0m[1m[0mcreate_duration[0m[0m = (known after apply)
      [32m+[0m [0m[1m[0mid[0m[0m              = (known after apply)
    }

[1m  # module.applications[8].module.dbt[3].time_sleep.bar[1][0m will be created[0m[0m
[0m  [32m+[0m[0m resource "time_sleep" "bar" {
      [32m+[0m [0m[1m[0mcreate_duration[0m[0m = (known after apply)
      [32m+[0m [0m[1m[0mid[0m[0m              = (known after apply)
    }

[1m  # module.applications[8].module.dbt[4].random_integer.sleep[0][0m will be created[0m[0m
[0m  [32m+[0m[0m resource "random_integer" "sleep" {
      [32m+[0m [0m[1m[0mid[0m[0m     = (known after apply)
      [32m+[0m [0m[1m[0mmax[0m[0m    = 5
      [32m+[0m [0m[1m[0mmin[0m[0m    = 1
      [32m+[0m [0m[1m[0mresult[0m[0m = (known after apply)
    }

[1m  # module.applications[8].module.dbt[4].random_integer.sleep[1][0m will be created[0m[0m
[0m  [32m+[0m[0m resource "random_integer" "sleep" {
      [32m+[0m [0m[1m[0mid[0m[0m     = (known after apply)
      [32m+[0m [0m[1m[0mmax[0m[0m    = 5
      [32m+[0m [0m[1m[0mmin[0m[0m    = 1
      [32m+[0m [0m[1m[0mresult[0m[0m = (known after apply)
    }

[1m  # module.applications[8].module.dbt[4].time_sleep.bar[0][0m will be created[0m[0m
[0m  [32m+[0m[0m resource "time_sleep" "bar" {
      [32m+[0m [0m[1m[0mcreate_duration[0m[0m = (known after apply)
      [32m+[0m [0m[1m[0mid[0m[0m              = (known after apply)
    }

[1m  # module.applications[8].module.dbt[4].time_sleep.bar[1][0m will be created[0m[0m
[0m  [32m+[0m[0m resource "time_sleep" "bar" {
      [32m+[0m [0m[1m[0mcreate_duration[0m[0m = (known after apply)
      [32m+[0m [0m[1m[0mid[0m[0m              = (known after apply)
    }

[1m  # module.applications[9].module.airflow[0].random_integer.sleep[0m will be created[0m[0m
[0m  [32m+[0m[0m resource "random_integer" "sleep" {
      [32m+[0m [0m[1m[0mid[0m[0m     = (known after apply)
      [32m+[0m [0m[1m[0mmax[0m[0m    = 5
      [32m+[0m [0m[1m[0mmin[0m[0m    = 1
      [32m+[0m [0m[1m[0mresult[0m[0m = (known after apply)
    }

[1m  # module.applications[9].module.airflow[0].time_sleep.bar[0m will be created[0m[0m
[0m  [32m+[0m[0m resource "time_sleep" "bar" {
      [32m+[0m [0m[1m[0mcreate_duration[0m[0m = (known after apply)
      [32m+[0m [0m[1m[0mid[0m[0m              = (known after apply)
    }

[1m  # module.applications[9].module.airflow[1].random_integer.sleep[0m will be created[0m[0m
[0m  [32m+[0m[0m resource "random_integer" "sleep" {
      [32m+[0m [0m[1m[0mid[0m[0m     = (known after apply)
      [32m+[0m [0m[1m[0mmax[0m[0m    = 5
      [32m+[0m [0m[1m[0mmin[0m[0m    = 1
      [32m+[0m [0m[1m[0mresult[0m[0m = (known after apply)
    }

[1m  # module.applications[9].module.airflow[1].time_sleep.bar[0m will be created[0m[0m
[0m  [32m+[0m[0m resource "time_sleep" "bar" {
      [32m+[0m [0m[1m[0mcreate_duration[0m[0m = (known after apply)
      [32m+[0m [0m[1m[0mid[0m[0m              = (known after apply)
    }

[1m  # module.applications[9].module.airflow[2].random_integer.sleep[0m will be created[0m[0m
[0m  [32m+[0m[0m resource "random_integer" "sleep" {
      [32m+[0m [0m[1m[0mid[0m[0m     = (known after apply)
      [32m+[0m [0m[1m[0mmax[0m[0m    = 5
      [32m+[0m [0m[1m[0mmin[0m[0m    = 1
      [32m+[0m [0m[1m[0mresult[0m[0m = (known after apply)
    }

[1m  # module.applications[9].module.airflow[2].time_sleep.bar[0m will be created[0m[0m
[0m  [32m+[0m[0m resource "time_sleep" "bar" {
      [32m+[0m [0m[1m[0mcreate_duration[0m[0m = (known after apply)
      [32m+[0m [0m[1m[0mid[0m[0m              = (known after apply)
    }

[1m  # module.applications[9].module.airflow[3].random_integer.sleep[0m will be created[0m[0m
[0m  [32m+[0m[0m resource "random_integer" "sleep" {
      [32m+[0m [0m[1m[0mid[0m[0m     = (known after apply)
      [32m+[0m [0m[1m[0mmax[0m[0m    = 5
      [32m+[0m [0m[1m[0mmin[0m[0m    = 1
      [32m+[0m [0m[1m[0mresult[0m[0m = (known after apply)
    }

[1m  # module.applications[9].module.airflow[3].time_sleep.bar[0m will be created[0m[0m
[0m  [32m+[0m[0m resource "time_sleep" "bar" {
      [32m+[0m [0m[1m[0mcreate_duration[0m[0m = (known after apply)
      [32m+[0m [0m[1m[0mid[0m[0m              = (known after apply)
    }

[1m  # module.applications[9].module.airflow[4].random_integer.sleep[0m will be created[0m[0m
[0m  [32m+[0m[0m resource "random_integer" "sleep" {
      [32m+[0m [0m[1m[0mid[0m[0m     = (known after apply)
      [32m+[0m [0m[1m[0mmax[0m[0m    = 5
      [32m+[0m [0m[1m[0mmin[0m[0m    = 1
      [32m+[0m [0m[1m[0mresult[0m[0m = (known after apply)
    }

[1m  # module.applications[9].module.airflow[4].time_sleep.bar[0m will be created[0m[0m
[0m  [32m+[0m[0m resource "time_sleep" "bar" {
      [32m+[0m [0m[1m[0mcreate_duration[0m[0m = (known after apply)
      [32m+[0m [0m[1m[0mid[0m[0m              = (known after apply)
    }

[1m  # module.applications[9].module.airflow[5].random_integer.sleep[0m will be created[0m[0m
[0m  [32m+[0m[0m resource "random_integer" "sleep" {
      [32m+[0m [0m[1m[0mid[0m[0m     = (known after apply)
      [32m+[0m [0m[1m[0mmax[0m[0m    = 5
      [32m+[0m [0m[1m[0mmin[0m[0m    = 1
      [32m+[0m [0m[1m[0mresult[0m[0m = (known after apply)
    }

[1m  # module.applications[9].module.airflow[5].time_sleep.bar[0m will be created[0m[0m
[0m  [32m+[0m[0m resource "time_sleep" "bar" {
      [32m+[0m [0m[1m[0mcreate_duration[0m[0m = (known after apply)
      [32m+[0m [0m[1m[0mid[0m[0m              = (known after apply)
    }

[1m  # module.applications[9].module.airflow[6].random_integer.sleep[0m will be created[0m[0m
[0m  [32m+[0m[0m resource "random_integer" "sleep" {
      [32m+[0m [0m[1m[0mid[0m[0m     = (known after apply)
      [32m+[0m [0m[1m[0mmax[0m[0m    = 5
      [32m+[0m [0m[1m[0mmin[0m[0m    = 1
      [32m+[0m [0m[1m[0mresult[0m[0m = (known after apply)
    }

[1m  # module.applications[9].module.airflow[6].time_sleep.bar[0m will be created[0m[0m
[0m  [32m+[0m[0m resource "time_sleep" "bar" {
      [32m+[0m [0m[1m[0mcreate_duration[0m[0m = (known after apply)
      [32m+[0m [0m[1m[0mid[0m[0m              = (known after apply)
    }

[1m  # module.applications[9].module.airflow[7].random_integer.sleep[0m will be created[0m[0m
[0m  [32m+[0m[0m resource "random_integer" "sleep" {
      [32m+[0m [0m[1m[0mid[0m[0m     = (known after apply)
      [32m+[0m [0m[1m[0mmax[0m[0m    = 5
      [32m+[0m [0m[1m[0mmin[0m[0m    = 1
      [32m+[0m [0m[1m[0mresult[0m[0m = (known after apply)
    }

[1m  # module.applications[9].module.airflow[7].time_sleep.bar[0m will be created[0m[0m
[0m  [32m+[0m[0m resource "time_sleep" "bar" {
      [32m+[0m [0m[1m[0mcreate_duration[0m[0m = (known after apply)
      [32m+[0m [0m[1m[0mid[0m[0m              = (known after apply)
    }

[1m  # module.applications[9].module.airflow[8].random_integer.sleep[0m will be created[0m[0m
[0m  [32m+[0m[0m resource "random_integer" "sleep" {
      [32m+[0m [0m[1m[0mid[0m[0m     = (known after apply)
      [32m+[0m [0m[1m[0mmax[0m[0m    = 5
      [32m+[0m [0m[1m[0mmin[0m[0m    = 1
      [32m+[0m [0m[1m[0mresult[0m[0m = (known after apply)
    }

[1m  # module.applications[9].module.airflow[8].time_sleep.bar[0m will be created[0m[0m
[0m  [32m+[0m[0m resource "time_sleep" "bar" {
      [32m+[0m [0m[1m[0mcreate_duration[0m[0m = (known after apply)
      [32m+[0m [0m[1m[0mid[0m[0m              = (known after apply)
    }

[1m  # module.applications[9].module.airflow[9].random_integer.sleep[0m will be created[0m[0m
[0m  [32m+[0m[0m resource "random_integer" "sleep" {
      [32m+[0m [0m[1m[0mid[0m[0m     = (known after apply)
      [32m+[0m [0m[1m[0mmax[0m[0m    = 5
      [32m+[0m [0m[1m[0mmin[0m[0m    = 1
      [32m+[0m [0m[1m[0mresult[0m[0m = (known after apply)
    }

[1m  # module.applications[9].module.airflow[9].time_sleep.bar[0m will be created[0m[0m
[0m  [32m+[0m[0m resource "time_sleep" "bar" {
      [32m+[0m [0m[1m[0mcreate_duration[0m[0m = (known after apply)
      [32m+[0m [0m[1m[0mid[0m[0m              = (known after apply)
    }

[1m  # module.applications[9].module.dbt[0].random_integer.sleep[0][0m will be created[0m[0m
[0m  [32m+[0m[0m resource "random_integer" "sleep" {
      [32m+[0m [0m[1m[0mid[0m[0m     = (known after apply)
      [32m+[0m [0m[1m[0mmax[0m[0m    = 5
      [32m+[0m [0m[1m[0mmin[0m[0m    = 1
      [32m+[0m [0m[1m[0mresult[0m[0m = (known after apply)
    }

[1m  # module.applications[9].module.dbt[0].random_integer.sleep[1][0m will be created[0m[0m
[0m  [32m+[0m[0m resource "random_integer" "sleep" {
      [32m+[0m [0m[1m[0mid[0m[0m     = (known after apply)
      [32m+[0m [0m[1m[0mmax[0m[0m    = 5
      [32m+[0m [0m[1m[0mmin[0m[0m    = 1
      [32m+[0m [0m[1m[0mresult[0m[0m = (known after apply)
    }

[1m  # module.applications[9].module.dbt[0].time_sleep.bar[0][0m will be created[0m[0m
[0m  [32m+[0m[0m resource "time_sleep" "bar" {
      [32m+[0m [0m[1m[0mcreate_duration[0m[0m = (known after apply)
      [32m+[0m [0m[1m[0mid[0m[0m              = (known after apply)
    }

[1m  # module.applications[9].module.dbt[0].time_sleep.bar[1][0m will be created[0m[0m
[0m  [32m+[0m[0m resource "time_sleep" "bar" {
      [32m+[0m [0m[1m[0mcreate_duration[0m[0m = (known after apply)
      [32m+[0m [0m[1m[0mid[0m[0m              = (known after apply)
    }

[1m  # module.applications[9].module.dbt[1].random_integer.sleep[0][0m will be created[0m[0m
[0m  [32m+[0m[0m resource "random_integer" "sleep" {
      [32m+[0m [0m[1m[0mid[0m[0m     = (known after apply)
      [32m+[0m [0m[1m[0mmax[0m[0m    = 5
      [32m+[0m [0m[1m[0mmin[0m[0m    = 1
      [32m+[0m [0m[1m[0mresult[0m[0m = (known after apply)
    }

[1m  # module.applications[9].module.dbt[1].random_integer.sleep[1][0m will be created[0m[0m
[0m  [32m+[0m[0m resource "random_integer" "sleep" {
      [32m+[0m [0m[1m[0mid[0m[0m     = (known after apply)
      [32m+[0m [0m[1m[0mmax[0m[0m    = 5
      [32m+[0m [0m[1m[0mmin[0m[0m    = 1
      [32m+[0m [0m[1m[0mresult[0m[0m = (known after apply)
    }

[1m  # module.applications[9].module.dbt[1].time_sleep.bar[0][0m will be created[0m[0m
[0m  [32m+[0m[0m resource "time_sleep" "bar" {
      [32m+[0m [0m[1m[0mcreate_duration[0m[0m = (known after apply)
      [32m+[0m [0m[1m[0mid[0m[0m              = (known after apply)
    }

[1m  # module.applications[9].module.dbt[1].time_sleep.bar[1][0m will be created[0m[0m
[0m  [32m+[0m[0m resource "time_sleep" "bar" {
      [32m+[0m [0m[1m[0mcreate_duration[0m[0m = (known after apply)
      [32m+[0m [0m[1m[0mid[0m[0m              = (known after apply)
    }

[1m  # module.applications[9].module.dbt[2].random_integer.sleep[0][0m will be created[0m[0m
[0m  [32m+[0m[0m resource "random_integer" "sleep" {
      [32m+[0m [0m[1m[0mid[0m[0m     = (known after apply)
      [32m+[0m [0m[1m[0mmax[0m[0m    = 5
      [32m+[0m [0m[1m[0mmin[0m[0m    = 1
      [32m+[0m [0m[1m[0mresult[0m[0m = (known after apply)
    }

[1m  # module.applications[9].module.dbt[2].random_integer.sleep[1][0m will be created[0m[0m
[0m  [32m+[0m[0m resource "random_integer" "sleep" {
      [32m+[0m [0m[1m[0mid[0m[0m     = (known after apply)
      [32m+[0m [0m[1m[0mmax[0m[0m    = 5
      [32m+[0m [0m[1m[0mmin[0m[0m    = 1
      [32m+[0m [0m[1m[0mresult[0m[0m = (known after apply)
    }

[1m  # module.applications[9].module.dbt[2].time_sleep.bar[0][0m will be created[0m[0m
[0m  [32m+[0m[0m resource "time_sleep" "bar" {
      [32m+[0m [0m[1m[0mcreate_duration[0m[0m = (known after apply)
      [32m+[0m [0m[1m[0mid[0m[0m              = (known after apply)
    }

[1m  # module.applications[9].module.dbt[2].time_sleep.bar[1][0m will be created[0m[0m
[0m  [32m+[0m[0m resource "time_sleep" "bar" {
      [32m+[0m [0m[1m[0mcreate_duration[0m[0m = (known after apply)
      [32m+[0m [0m[1m[0mid[0m[0m              = (known after apply)
    }

[1m  # module.applications[9].module.dbt[3].random_integer.sleep[0][0m will be created[0m[0m
[0m  [32m+[0m[0m resource "random_integer" "sleep" {
      [32m+[0m [0m[1m[0mid[0m[0m     = (known after apply)
      [32m+[0m [0m[1m[0mmax[0m[0m    = 5
      [32m+[0m [0m[1m[0mmin[0m[0m    = 1
      [32m+[0m [0m[1m[0mresult[0m[0m = (known after apply)
    }

[1m  # module.applications[9].module.dbt[3].random_integer.sleep[1][0m will be created[0m[0m
[0m  [32m+[0m[0m resource "random_integer" "sleep" {
      [32m+[0m [0m[1m[0mid[0m[0m     = (known after apply)
      [32m+[0m [0m[1m[0mmax[0m[0m    = 5
      [32m+[0m [0m[1m[0mmin[0m[0m    = 1
      [32m+[0m [0m[1m[0mresult[0m[0m = (known after apply)
    }

[1m  # module.applications[9].module.dbt[3].time_sleep.bar[0][0m will be created[0m[0m
[0m  [32m+[0m[0m resource "time_sleep" "bar" {
      [32m+[0m [0m[1m[0mcreate_duration[0m[0m = (known after apply)
      [32m+[0m [0m[1m[0mid[0m[0m              = (known after apply)
    }

[1m  # module.applications[9].module.dbt[3].time_sleep.bar[1][0m will be created[0m[0m
[0m  [32m+[0m[0m resource "time_sleep" "bar" {
      [32m+[0m [0m[1m[0mcreate_duration[0m[0m = (known after apply)
      [32m+[0m [0m[1m[0mid[0m[0m              = (known after apply)
    }

[1m  # module.applications[9].module.dbt[4].random_integer.sleep[0][0m will be created[0m[0m
[0m  [32m+[0m[0m resource "random_integer" "sleep" {
      [32m+[0m [0m[1m[0mid[0m[0m     = (known after apply)
      [32m+[0m [0m[1m[0mmax[0m[0m    = 5
      [32m+[0m [0m[1m[0mmin[0m[0m    = 1
      [32m+[0m [0m[1m[0mresult[0m[0m = (known after apply)
    }

[1m  # module.applications[9].module.dbt[4].random_integer.sleep[1][0m will be created[0m[0m
[0m  [32m+[0m[0m resource "random_integer" "sleep" {
      [32m+[0m [0m[1m[0mid[0m[0m     = (known after apply)
      [32m+[0m [0m[1m[0mmax[0m[0m    = 5
      [32m+[0m [0m[1m[0mmin[0m[0m    = 1
      [32m+[0m [0m[1m[0mresult[0m[0m = (known after apply)
    }

[1m  # module.applications[9].module.dbt[4].time_sleep.bar[0][0m will be created[0m[0m
[0m  [32m+[0m[0m resource "time_sleep" "bar" {
      [32m+[0m [0m[1m[0mcreate_duration[0m[0m = (known after apply)
      [32m+[0m [0m[1m[0mid[0m[0m              = (known after apply)
    }

[1m  # module.applications[9].module.dbt[4].time_sleep.bar[1][0m will be created[0m[0m
[0m  [32m+[0m[0m resource "time_sleep" "bar" {
      [32m+[0m [0m[1m[0mcreate_duration[0m[0m = (known after apply)
      [32m+[0m [0m[1m[0mid[0m[0m              = (known after apply)
    }

[1m  # module.core[0].module.role[0].random_integer.sleep[0m will be created[0m[0m
[0m  [32m+[0m[0m resource "random_integer" "sleep" {
      [32m+[0m [0m[1m[0mid[0m[0m     = (known after apply)
      [32m+[0m [0m[1m[0mmax[0m[0m    = 5
      [32m+[0m [0m[1m[0mmin[0m[0m    = 1
      [32m+[0m [0m[1m[0mresult[0m[0m = (known after apply)
    }

[1m  # module.core[0].module.role[0].time_sleep.bar[0m will be created[0m[0m
[0m  [32m+[0m[0m resource "time_sleep" "bar" {
      [32m+[0m [0m[1m[0mcreate_duration[0m[0m = (known after apply)
      [32m+[0m [0m[1m[0mid[0m[0m              = (known after apply)
    }

[1m  # module.core[0].module.role[1].random_integer.sleep[0m will be created[0m[0m
[0m  [32m+[0m[0m resource "random_integer" "sleep" {
      [32m+[0m [0m[1m[0mid[0m[0m     = (known after apply)
      [32m+[0m [0m[1m[0mmax[0m[0m    = 5
      [32m+[0m [0m[1m[0mmin[0m[0m    = 1
      [32m+[0m [0m[1m[0mresult[0m[0m = (known after apply)
    }

[1m  # module.core[0].module.role[1].time_sleep.bar[0m will be created[0m[0m
[0m  [32m+[0m[0m resource "time_sleep" "bar" {
      [32m+[0m [0m[1m[0mcreate_duration[0m[0m = (known after apply)
      [32m+[0m [0m[1m[0mid[0m[0m              = (known after apply)
    }

[1m  # module.core[0].module.role[2].random_integer.sleep[0m will be created[0m[0m
[0m  [32m+[0m[0m resource "random_integer" "sleep" {
      [32m+[0m [0m[1m[0mid[0m[0m     = (known after apply)
      [32m+[0m [0m[1m[0mmax[0m[0m    = 5
      [32m+[0m [0m[1m[0mmin[0m[0m    = 1
      [32m+[0m [0m[1m[0mresult[0m[0m = (known after apply)
    }

[1m  # module.core[0].module.role[2].time_sleep.bar[0m will be created[0m[0m
[0m  [32m+[0m[0m resource "time_sleep" "bar" {
      [32m+[0m [0m[1m[0mcreate_duration[0m[0m = (known after apply)
      [32m+[0m [0m[1m[0mid[0m[0m              = (known after apply)
    }

[1m  # module.core[0].module.role[3].random_integer.sleep[0m will be created[0m[0m
[0m  [32m+[0m[0m resource "random_integer" "sleep" {
      [32m+[0m [0m[1m[0mid[0m[0m     = (known after apply)
      [32m+[0m [0m[1m[0mmax[0m[0m    = 5
      [32m+[0m [0m[1m[0mmin[0m[0m    = 1
      [32m+[0m [0m[1m[0mresult[0m[0m = (known after apply)
    }

[1m  # module.core[0].module.role[3].time_sleep.bar[0m will be created[0m[0m
[0m  [32m+[0m[0m resource "time_sleep" "bar" {
      [32m+[0m [0m[1m[0mcreate_duration[0m[0m = (known after apply)
      [32m+[0m [0m[1m[0mid[0m[0m              = (known after apply)
    }

[1m  # module.core[0].module.role[4].random_integer.sleep[0m will be created[0m[0m
[0m  [32m+[0m[0m resource "random_integer" "sleep" {
      [32m+[0m [0m[1m[0mid[0m[0m     = (known after apply)
      [32m+[0m [0m[1m[0mmax[0m[0m    = 5
      [32m+[0m [0m[1m[0mmin[0m[0m    = 1
      [32m+[0m [0m[1m[0mresult[0m[0m = (known after apply)
    }

[1m  # module.core[0].module.role[4].time_sleep.bar[0m will be created[0m[0m
[0m  [32m+[0m[0m resource "time_sleep" "bar" {
      [32m+[0m [0m[1m[0mcreate_duration[0m[0m = (known after apply)
      [32m+[0m [0m[1m[0mid[0m[0m              = (known after apply)
    }

[1m  # module.core[0].module.role[5].random_integer.sleep[0m will be created[0m[0m
[0m  [32m+[0m[0m resource "random_integer" "sleep" {
      [32m+[0m [0m[1m[0mid[0m[0m     = (known after apply)
      [32m+[0m [0m[1m[0mmax[0m[0m    = 5
      [32m+[0m [0m[1m[0mmin[0m[0m    = 1
      [32m+[0m [0m[1m[0mresult[0m[0m = (known after apply)
    }

[1m  # module.core[0].module.role[5].time_sleep.bar[0m will be created[0m[0m
[0m  [32m+[0m[0m resource "time_sleep" "bar" {
      [32m+[0m [0m[1m[0mcreate_duration[0m[0m = (known after apply)
      [32m+[0m [0m[1m[0mid[0m[0m              = (known after apply)
    }

[1m  # module.core[0].module.role[6].random_integer.sleep[0m will be created[0m[0m
[0m  [32m+[0m[0m resource "random_integer" "sleep" {
      [32m+[0m [0m[1m[0mid[0m[0m     = (known after apply)
      [32m+[0m [0m[1m[0mmax[0m[0m    = 5
      [32m+[0m [0m[1m[0mmin[0m[0m    = 1
      [32m+[0m [0m[1m[0mresult[0m[0m = (known after apply)
    }

[1m  # module.core[0].module.role[6].time_sleep.bar[0m will be created[0m[0m
[0m  [32m+[0m[0m resource "time_sleep" "bar" {
      [32m+[0m [0m[1m[0mcreate_duration[0m[0m = (known after apply)
      [32m+[0m [0m[1m[0mid[0m[0m              = (known after apply)
    }

[1m  # module.core[0].module.role[7].random_integer.sleep[0m will be created[0m[0m
[0m  [32m+[0m[0m resource "random_integer" "sleep" {
      [32m+[0m [0m[1m[0mid[0m[0m     = (known after apply)
      [32m+[0m [0m[1m[0mmax[0m[0m    = 5
      [32m+[0m [0m[1m[0mmin[0m[0m    = 1
      [32m+[0m [0m[1m[0mresult[0m[0m = (known after apply)
    }

[1m  # module.core[0].module.role[7].time_sleep.bar[0m will be created[0m[0m
[0m  [32m+[0m[0m resource "time_sleep" "bar" {
      [32m+[0m [0m[1m[0mcreate_duration[0m[0m = (known after apply)
      [32m+[0m [0m[1m[0mid[0m[0m              = (known after apply)
    }

[1m  # module.core[0].module.role[8].random_integer.sleep[0m will be created[0m[0m
[0m  [32m+[0m[0m resource "random_integer" "sleep" {
      [32m+[0m [0m[1m[0mid[0m[0m     = (known after apply)
      [32m+[0m [0m[1m[0mmax[0m[0m    = 5
      [32m+[0m [0m[1m[0mmin[0m[0m    = 1
      [32m+[0m [0m[1m[0mresult[0m[0m = (known after apply)
    }

[1m  # module.core[0].module.role[8].time_sleep.bar[0m will be created[0m[0m
[0m  [32m+[0m[0m resource "time_sleep" "bar" {
      [32m+[0m [0m[1m[0mcreate_duration[0m[0m = (known after apply)
      [32m+[0m [0m[1m[0mid[0m[0m              = (known after apply)
    }

[1m  # module.core[0].module.role[9].random_integer.sleep[0m will be created[0m[0m
[0m  [32m+[0m[0m resource "random_integer" "sleep" {
      [32m+[0m [0m[1m[0mid[0m[0m     = (known after apply)
      [32m+[0m [0m[1m[0mmax[0m[0m    = 5
      [32m+[0m [0m[1m[0mmin[0m[0m    = 1
      [32m+[0m [0m[1m[0mresult[0m[0m = (known after apply)
    }

[1m  # module.core[0].module.role[9].time_sleep.bar[0m will be created[0m[0m
[0m  [32m+[0m[0m resource "time_sleep" "bar" {
      [32m+[0m [0m[1m[0mcreate_duration[0m[0m = (known after apply)
      [32m+[0m [0m[1m[0mid[0m[0m              = (known after apply)
    }

[1m  # module.core[0].module.role[10].random_integer.sleep[0m will be created[0m[0m
[0m  [32m+[0m[0m resource "random_integer" "sleep" {
      [32m+[0m [0m[1m[0mid[0m[0m     = (known after apply)
      [32m+[0m [0m[1m[0mmax[0m[0m    = 5
      [32m+[0m [0m[1m[0mmin[0m[0m    = 1
      [32m+[0m [0m[1m[0mresult[0m[0m = (known after apply)
    }

[1m  # module.core[0].module.role[10].time_sleep.bar[0m will be created[0m[0m
[0m  [32m+[0m[0m resource "time_sleep" "bar" {
      [32m+[0m [0m[1m[0mcreate_duration[0m[0m = (known after apply)
      [32m+[0m [0m[1m[0mid[0m[0m              = (known after apply)
    }

[1m  # module.core[0].module.role[11].random_integer.sleep[0m will be created[0m[0m
[0m  [32m+[0m[0m resource "random_integer" "sleep" {
      [32m+[0m [0m[1m[0mid[0m[0m     = (known after apply)
      [32m+[0m [0m[1m[0mmax[0m[0m    = 5
      [32m+[0m [0m[1m[0mmin[0m[0m    = 1
      [32m+[0m [0m[1m[0mresult[0m[0m = (known after apply)
    }

[1m  # module.core[0].module.role[11].time_sleep.bar[0m will be created[0m[0m
[0m  [32m+[0m[0m resource "time_sleep" "bar" {
      [32m+[0m [0m[1m[0mcreate_duration[0m[0m = (known after apply)
      [32m+[0m [0m[1m[0mid[0m[0m              = (known after apply)
    }

[1m  # module.core[0].module.role[12].random_integer.sleep[0m will be created[0m[0m
[0m  [32m+[0m[0m resource "random_integer" "sleep" {
      [32m+[0m [0m[1m[0mid[0m[0m     = (known after apply)
      [32m+[0m [0m[1m[0mmax[0m[0m    = 5
      [32m+[0m [0m[1m[0mmin[0m[0m    = 1
      [32m+[0m [0m[1m[0mresult[0m[0m = (known after apply)
    }

[1m  # module.core[0].module.role[12].time_sleep.bar[0m will be created[0m[0m
[0m  [32m+[0m[0m resource "time_sleep" "bar" {
      [32m+[0m [0m[1m[0mcreate_duration[0m[0m = (known after apply)
      [32m+[0m [0m[1m[0mid[0m[0m              = (known after apply)
    }

[1m  # module.core[0].module.role[13].random_integer.sleep[0m will be created[0m[0m
[0m  [32m+[0m[0m resource "random_integer" "sleep" {
      [32m+[0m [0m[1m[0mid[0m[0m     = (known after apply)
      [32m+[0m [0m[1m[0mmax[0m[0m    = 5
      [32m+[0m [0m[1m[0mmin[0m[0m    = 1
      [32m+[0m [0m[1m[0mresult[0m[0m = (known after apply)
    }

[1m  # module.core[0].module.role[13].time_sleep.bar[0m will be created[0m[0m
[0m  [32m+[0m[0m resource "time_sleep" "bar" {
      [32m+[0m [0m[1m[0mcreate_duration[0m[0m = (known after apply)
      [32m+[0m [0m[1m[0mid[0m[0m              = (known after apply)
    }

[1m  # module.core[0].module.role[14].random_integer.sleep[0m will be created[0m[0m
[0m  [32m+[0m[0m resource "random_integer" "sleep" {
      [32m+[0m [0m[1m[0mid[0m[0m     = (known after apply)
      [32m+[0m [0m[1m[0mmax[0m[0m    = 5
      [32m+[0m [0m[1m[0mmin[0m[0m    = 1
      [32m+[0m [0m[1m[0mresult[0m[0m = (known after apply)
    }

[1m  # module.core[0].module.role[14].time_sleep.bar[0m will be created[0m[0m
[0m  [32m+[0m[0m resource "time_sleep" "bar" {
      [32m+[0m [0m[1m[0mcreate_duration[0m[0m = (known after apply)
      [32m+[0m [0m[1m[0mid[0m[0m              = (known after apply)
    }

[1m  # module.core[0].module.role[15].random_integer.sleep[0m will be created[0m[0m
[0m  [32m+[0m[0m resource "random_integer" "sleep" {
      [32m+[0m [0m[1m[0mid[0m[0m     = (known after apply)
      [32m+[0m [0m[1m[0mmax[0m[0m    = 5
      [32m+[0m [0m[1m[0mmin[0m[0m    = 1
      [32m+[0m [0m[1m[0mresult[0m[0m = (known after apply)
    }

[1m  # module.core[0].module.role[15].time_sleep.bar[0m will be created[0m[0m
[0m  [32m+[0m[0m resource "time_sleep" "bar" {
      [32m+[0m [0m[1m[0mcreate_duration[0m[0m = (known after apply)
      [32m+[0m [0m[1m[0mid[0m[0m              = (known after apply)
    }

[1m  # module.core[0].module.role[16].random_integer.sleep[0m will be created[0m[0m
[0m  [32m+[0m[0m resource "random_integer" "sleep" {
      [32m+[0m [0m[1m[0mid[0m[0m     = (known after apply)
      [32m+[0m [0m[1m[0mmax[0m[0m    = 5
      [32m+[0m [0m[1m[0mmin[0m[0m    = 1
      [32m+[0m [0m[1m[0mresult[0m[0m = (known after apply)
    }

[1m  # module.core[0].module.role[16].time_sleep.bar[0m will be created[0m[0m
[0m  [32m+[0m[0m resource "time_sleep" "bar" {
      [32m+[0m [0m[1m[0mcreate_duration[0m[0m = (known after apply)
      [32m+[0m [0m[1m[0mid[0m[0m              = (known after apply)
    }

[1m  # module.core[0].module.role[17].random_integer.sleep[0m will be created[0m[0m
[0m  [32m+[0m[0m resource "random_integer" "sleep" {
      [32m+[0m [0m[1m[0mid[0m[0m     = (known after apply)
      [32m+[0m [0m[1m[0mmax[0m[0m    = 5
      [32m+[0m [0m[1m[0mmin[0m[0m    = 1
      [32m+[0m [0m[1m[0mresult[0m[0m = (known after apply)
    }

[1m  # module.core[0].module.role[17].time_sleep.bar[0m will be created[0m[0m
[0m  [32m+[0m[0m resource "time_sleep" "bar" {
      [32m+[0m [0m[1m[0mcreate_duration[0m[0m = (known after apply)
      [32m+[0m [0m[1m[0mid[0m[0m              = (known after apply)
    }

[1m  # module.core[0].module.role[18].random_integer.sleep[0m will be created[0m[0m
[0m  [32m+[0m[0m resource "random_integer" "sleep" {
      [32m+[0m [0m[1m[0mid[0m[0m     = (known after apply)
      [32m+[0m [0m[1m[0mmax[0m[0m    = 5
      [32m+[0m [0m[1m[0mmin[0m[0m    = 1
      [32m+[0m [0m[1m[0mresult[0m[0m = (known after apply)
    }

[1m  # module.core[0].module.role[18].time_sleep.bar[0m will be created[0m[0m
[0m  [32m+[0m[0m resource "time_sleep" "bar" {
      [32m+[0m [0m[1m[0mcreate_duration[0m[0m = (known after apply)
      [32m+[0m [0m[1m[0mid[0m[0m              = (known after apply)
    }

[1m  # module.core[0].module.role[19].random_integer.sleep[0m will be created[0m[0m
[0m  [32m+[0m[0m resource "random_integer" "sleep" {
      [32m+[0m [0m[1m[0mid[0m[0m     = (known after apply)
      [32m+[0m [0m[1m[0mmax[0m[0m    = 5
      [32m+[0m [0m[1m[0mmin[0m[0m    = 1
      [32m+[0m [0m[1m[0mresult[0m[0m = (known after apply)
    }

[1m  # module.core[0].module.role[19].time_sleep.bar[0m will be created[0m[0m
[0m  [32m+[0m[0m resource "time_sleep" "bar" {
      [32m+[0m [0m[1m[0mcreate_duration[0m[0m = (known after apply)
      [32m+[0m [0m[1m[0mid[0m[0m              = (known after apply)
    }

[1m  # module.core[0].module.role[20].random_integer.sleep[0m will be created[0m[0m
[0m  [32m+[0m[0m resource "random_integer" "sleep" {
      [32m+[0m [0m[1m[0mid[0m[0m     = (known after apply)
      [32m+[0m [0m[1m[0mmax[0m[0m    = 5
      [32m+[0m [0m[1m[0mmin[0m[0m    = 1
      [32m+[0m [0m[1m[0mresult[0m[0m = (known after apply)
    }

[1m  # module.core[0].module.role[20].time_sleep.bar[0m will be created[0m[0m
[0m  [32m+[0m[0m resource "time_sleep" "bar" {
      [32m+[0m [0m[1m[0mcreate_duration[0m[0m = (known after apply)
      [32m+[0m [0m[1m[0mid[0m[0m              = (known after apply)
    }

[1m  # module.core[0].module.role[21].random_integer.sleep[0m will be created[0m[0m
[0m  [32m+[0m[0m resource "random_integer" "sleep" {
      [32m+[0m [0m[1m[0mid[0m[0m     = (known after apply)
      [32m+[0m [0m[1m[0mmax[0m[0m    = 5
      [32m+[0m [0m[1m[0mmin[0m[0m    = 1
      [32m+[0m [0m[1m[0mresult[0m[0m = (known after apply)
    }

[1m  # module.core[0].module.role[21].time_sleep.bar[0m will be created[0m[0m
[0m  [32m+[0m[0m resource "time_sleep" "bar" {
      [32m+[0m [0m[1m[0mcreate_duration[0m[0m = (known after apply)
      [32m+[0m [0m[1m[0mid[0m[0m              = (known after apply)
    }

[1m  # module.core[0].module.role[22].random_integer.sleep[0m will be created[0m[0m
[0m  [32m+[0m[0m resource "random_integer" "sleep" {
      [32m+[0m [0m[1m[0mid[0m[0m     = (known after apply)
      [32m+[0m [0m[1m[0mmax[0m[0m    = 5
      [32m+[0m [0m[1m[0mmin[0m[0m    = 1
      [32m+[0m [0m[1m[0mresult[0m[0m = (known after apply)
    }

[1m  # module.core[0].module.role[22].time_sleep.bar[0m will be created[0m[0m
[0m  [32m+[0m[0m resource "time_sleep" "bar" {
      [32m+[0m [0m[1m[0mcreate_duration[0m[0m = (known after apply)
      [32m+[0m [0m[1m[0mid[0m[0m              = (known after apply)
    }

[1m  # module.core[0].module.role[23].random_integer.sleep[0m will be created[0m[0m
[0m  [32m+[0m[0m resource "random_integer" "sleep" {
      [32m+[0m [0m[1m[0mid[0m[0m     = (known after apply)
      [32m+[0m [0m[1m[0mmax[0m[0m    = 5
      [32m+[0m [0m[1m[0mmin[0m[0m    = 1
      [32m+[0m [0m[1m[0mresult[0m[0m = (known after apply)
    }

[1m  # module.core[0].module.role[23].time_sleep.bar[0m will be created[0m[0m
[0m  [32m+[0m[0m resource "time_sleep" "bar" {
      [32m+[0m [0m[1m[0mcreate_duration[0m[0m = (known after apply)
      [32m+[0m [0m[1m[0mid[0m[0m              = (known after apply)
    }

[1m  # module.core[0].module.role[24].random_integer.sleep[0m will be created[0m[0m
[0m  [32m+[0m[0m resource "random_integer" "sleep" {
      [32m+[0m [0m[1m[0mid[0m[0m     = (known after apply)
      [32m+[0m [0m[1m[0mmax[0m[0m    = 5
      [32m+[0m [0m[1m[0mmin[0m[0m    = 1
      [32m+[0m [0m[1m[0mresult[0m[0m = (known after apply)
    }

[1m  # module.core[0].module.role[24].time_sleep.bar[0m will be created[0m[0m
[0m  [32m+[0m[0m resource "time_sleep" "bar" {
      [32m+[0m [0m[1m[0mcreate_duration[0m[0m = (known after apply)
      [32m+[0m [0m[1m[0mid[0m[0m              = (known after apply)
    }

[1m  # module.core[0].module.role[25].random_integer.sleep[0m will be created[0m[0m
[0m  [32m+[0m[0m resource "random_integer" "sleep" {
      [32m+[0m [0m[1m[0mid[0m[0m     = (known after apply)
      [32m+[0m [0m[1m[0mmax[0m[0m    = 5
      [32m+[0m [0m[1m[0mmin[0m[0m    = 1
      [32m+[0m [0m[1m[0mresult[0m[0m = (known after apply)
    }

[1m  # module.core[0].module.role[25].time_sleep.bar[0m will be created[0m[0m
[0m  [32m+[0m[0m resource "time_sleep" "bar" {
      [32m+[0m [0m[1m[0mcreate_duration[0m[0m = (known after apply)
      [32m+[0m [0m[1m[0mid[0m[0m              = (known after apply)
    }

[1m  # module.core[0].module.role[26].random_integer.sleep[0m will be created[0m[0m
[0m  [32m+[0m[0m resource "random_integer" "sleep" {
      [32m+[0m [0m[1m[0mid[0m[0m     = (known after apply)
      [32m+[0m [0m[1m[0mmax[0m[0m    = 5
      [32m+[0m [0m[1m[0mmin[0m[0m    = 1
      [32m+[0m [0m[1m[0mresult[0m[0m = (known after apply)
    }

[1m  # module.core[0].module.role[26].time_sleep.bar[0m will be created[0m[0m
[0m  [32m+[0m[0m resource "time_sleep" "bar" {
      [32m+[0m [0m[1m[0mcreate_duration[0m[0m = (known after apply)
      [32m+[0m [0m[1m[0mid[0m[0m              = (known after apply)
    }

[1m  # module.core[0].module.role[27].random_integer.sleep[0m will be created[0m[0m
[0m  [32m+[0m[0m resource "random_integer" "sleep" {
      [32m+[0m [0m[1m[0mid[0m[0m     = (known after apply)
      [32m+[0m [0m[1m[0mmax[0m[0m    = 5
      [32m+[0m [0m[1m[0mmin[0m[0m    = 1
      [32m+[0m [0m[1m[0mresult[0m[0m = (known after apply)
    }

[1m  # module.core[0].module.role[27].time_sleep.bar[0m will be created[0m[0m
[0m  [32m+[0m[0m resource "time_sleep" "bar" {
      [32m+[0m [0m[1m[0mcreate_duration[0m[0m = (known after apply)
      [32m+[0m [0m[1m[0mid[0m[0m              = (known after apply)
    }

[1m  # module.core[0].module.role[28].random_integer.sleep[0m will be created[0m[0m
[0m  [32m+[0m[0m resource "random_integer" "sleep" {
      [32m+[0m [0m[1m[0mid[0m[0m     = (known after apply)
      [32m+[0m [0m[1m[0mmax[0m[0m    = 5
      [32m+[0m [0m[1m[0mmin[0m[0m    = 1
      [32m+[0m [0m[1m[0mresult[0m[0m = (known after apply)
    }

[1m  # module.core[0].module.role[28].time_sleep.bar[0m will be created[0m[0m
[0m  [32m+[0m[0m resource "time_sleep" "bar" {
      [32m+[0m [0m[1m[0mcreate_duration[0m[0m = (known after apply)
      [32m+[0m [0m[1m[0mid[0m[0m              = (known after apply)
    }

[1m  # module.core[0].module.role[29].random_integer.sleep[0m will be created[0m[0m
[0m  [32m+[0m[0m resource "random_integer" "sleep" {
      [32m+[0m [0m[1m[0mid[0m[0m     = (known after apply)
      [32m+[0m [0m[1m[0mmax[0m[0m    = 5
      [32m+[0m [0m[1m[0mmin[0m[0m    = 1
      [32m+[0m [0m[1m[0mresult[0m[0m = (known after apply)
    }

[1m  # module.core[0].module.role[29].time_sleep.bar[0m will be created[0m[0m
[0m  [32m+[0m[0m resource "time_sleep" "bar" {
      [32m+[0m [0m[1m[0mcreate_duration[0m[0m = (known after apply)
      [32m+[0m [0m[1m[0mid[0m[0m              = (known after apply)
    }

[1m  # module.core[0].module.role[30].random_integer.sleep[0m will be created[0m[0m
[0m  [32m+[0m[0m resource "random_integer" "sleep" {
      [32m+[0m [0m[1m[0mid[0m[0m     = (known after apply)
      [32m+[0m [0m[1m[0mmax[0m[0m    = 5
      [32m+[0m [0m[1m[0mmin[0m[0m    = 1
      [32m+[0m [0m[1m[0mresult[0m[0m = (known after apply)
    }

[1m  # module.core[0].module.role[30].time_sleep.bar[0m will be created[0m[0m
[0m  [32m+[0m[0m resource "time_sleep" "bar" {
      [32m+[0m [0m[1m[0mcreate_duration[0m[0m = (known after apply)
      [32m+[0m [0m[1m[0mid[0m[0m              = (known after apply)
    }

[1m  # module.core[0].module.role[31].random_integer.sleep[0m will be created[0m[0m
[0m  [32m+[0m[0m resource "random_integer" "sleep" {
      [32m+[0m [0m[1m[0mid[0m[0m     = (known after apply)
      [32m+[0m [0m[1m[0mmax[0m[0m    = 5
      [32m+[0m [0m[1m[0mmin[0m[0m    = 1
      [32m+[0m [0m[1m[0mresult[0m[0m = (known after apply)
    }

[1m  # module.core[0].module.role[31].time_sleep.bar[0m will be created[0m[0m
[0m  [32m+[0m[0m resource "time_sleep" "bar" {
      [32m+[0m [0m[1m[0mcreate_duration[0m[0m = (known after apply)
      [32m+[0m [0m[1m[0mid[0m[0m              = (known after apply)
    }

[1m  # module.core[0].module.role[32].random_integer.sleep[0m will be created[0m[0m
[0m  [32m+[0m[0m resource "random_integer" "sleep" {
      [32m+[0m [0m[1m[0mid[0m[0m     = (known after apply)
      [32m+[0m [0m[1m[0mmax[0m[0m    = 5
      [32m+[0m [0m[1m[0mmin[0m[0m    = 1
      [32m+[0m [0m[1m[0mresult[0m[0m = (known after apply)
    }

[1m  # module.core[0].module.role[32].time_sleep.bar[0m will be created[0m[0m
[0m  [32m+[0m[0m resource "time_sleep" "bar" {
      [32m+[0m [0m[1m[0mcreate_duration[0m[0m = (known after apply)
      [32m+[0m [0m[1m[0mid[0m[0m              = (known after apply)
    }

[1m  # module.core[0].module.role[33].random_integer.sleep[0m will be created[0m[0m
[0m  [32m+[0m[0m resource "random_integer" "sleep" {
      [32m+[0m [0m[1m[0mid[0m[0m     = (known after apply)
      [32m+[0m [0m[1m[0mmax[0m[0m    = 5
      [32m+[0m [0m[1m[0mmin[0m[0m    = 1
      [32m+[0m [0m[1m[0mresult[0m[0m = (known after apply)
    }

[1m  # module.core[0].module.role[33].time_sleep.bar[0m will be created[0m[0m
[0m  [32m+[0m[0m resource "time_sleep" "bar" {
      [32m+[0m [0m[1m[0mcreate_duration[0m[0m = (known after apply)
      [32m+[0m [0m[1m[0mid[0m[0m              = (known after apply)
    }

[1m  # module.core[0].module.role[34].random_integer.sleep[0m will be created[0m[0m
[0m  [32m+[0m[0m resource "random_integer" "sleep" {
      [32m+[0m [0m[1m[0mid[0m[0m     = (known after apply)
      [32m+[0m [0m[1m[0mmax[0m[0m    = 5
      [32m+[0m [0m[1m[0mmin[0m[0m    = 1
      [32m+[0m [0m[1m[0mresult[0m[0m = (known after apply)
    }

[1m  # module.core[0].module.role[34].time_sleep.bar[0m will be created[0m[0m
[0m  [32m+[0m[0m resource "time_sleep" "bar" {
      [32m+[0m [0m[1m[0mcreate_duration[0m[0m = (known after apply)
      [32m+[0m [0m[1m[0mid[0m[0m              = (known after apply)
    }

[1m  # module.core[0].module.role[35].random_integer.sleep[0m will be created[0m[0m
[0m  [32m+[0m[0m resource "random_integer" "sleep" {
      [32m+[0m [0m[1m[0mid[0m[0m     = (known after apply)
      [32m+[0m [0m[1m[0mmax[0m[0m    = 5
      [32m+[0m [0m[1m[0mmin[0m[0m    = 1
      [32m+[0m [0m[1m[0mresult[0m[0m = (known after apply)
    }

[1m  # module.core[0].module.role[35].time_sleep.bar[0m will be created[0m[0m
[0m  [32m+[0m[0m resource "time_sleep" "bar" {
      [32m+[0m [0m[1m[0mcreate_duration[0m[0m = (known after apply)
      [32m+[0m [0m[1m[0mid[0m[0m              = (known after apply)
    }

[1m  # module.core[0].module.role[36].random_integer.sleep[0m will be created[0m[0m
[0m  [32m+[0m[0m resource "random_integer" "sleep" {
      [32m+[0m [0m[1m[0mid[0m[0m     = (known after apply)
      [32m+[0m [0m[1m[0mmax[0m[0m    = 5
      [32m+[0m [0m[1m[0mmin[0m[0m    = 1
      [32m+[0m [0m[1m[0mresult[0m[0m = (known after apply)
    }

[1m  # module.core[0].module.role[36].time_sleep.bar[0m will be created[0m[0m
[0m  [32m+[0m[0m resource "time_sleep" "bar" {
      [32m+[0m [0m[1m[0mcreate_duration[0m[0m = (known after apply)
      [32m+[0m [0m[1m[0mid[0m[0m              = (known after apply)
    }

[1m  # module.core[0].module.role[37].random_integer.sleep[0m will be created[0m[0m
[0m  [32m+[0m[0m resource "random_integer" "sleep" {
      [32m+[0m [0m[1m[0mid[0m[0m     = (known after apply)
      [32m+[0m [0m[1m[0mmax[0m[0m    = 5
      [32m+[0m [0m[1m[0mmin[0m[0m    = 1
      [32m+[0m [0m[1m[0mresult[0m[0m = (known after apply)
    }

[1m  # module.core[0].module.role[37].time_sleep.bar[0m will be created[0m[0m
[0m  [32m+[0m[0m resource "time_sleep" "bar" {
      [32m+[0m [0m[1m[0mcreate_duration[0m[0m = (known after apply)
      [32m+[0m [0m[1m[0mid[0m[0m              = (known after apply)
    }

[1m  # module.core[0].module.role[38].random_integer.sleep[0m will be created[0m[0m
[0m  [32m+[0m[0m resource "random_integer" "sleep" {
      [32m+[0m [0m[1m[0mid[0m[0m     = (known after apply)
      [32m+[0m [0m[1m[0mmax[0m[0m    = 5
      [32m+[0m [0m[1m[0mmin[0m[0m    = 1
      [32m+[0m [0m[1m[0mresult[0m[0m = (known after apply)
    }

[1m  # module.core[0].module.role[38].time_sleep.bar[0m will be created[0m[0m
[0m  [32m+[0m[0m resource "time_sleep" "bar" {
      [32m+[0m [0m[1m[0mcreate_duration[0m[0m = (known after apply)
      [32m+[0m [0m[1m[0mid[0m[0m              = (known after apply)
    }

[1m  # module.core[0].module.role[39].random_integer.sleep[0m will be created[0m[0m
[0m  [32m+[0m[0m resource "random_integer" "sleep" {
      [32m+[0m [0m[1m[0mid[0m[0m     = (known after apply)
      [32m+[0m [0m[1m[0mmax[0m[0m    = 5
      [32m+[0m [0m[1m[0mmin[0m[0m    = 1
      [32m+[0m [0m[1m[0mresult[0m[0m = (known after apply)
    }

[1m  # module.core[0].module.role[39].time_sleep.bar[0m will be created[0m[0m
[0m  [32m+[0m[0m resource "time_sleep" "bar" {
      [32m+[0m [0m[1m[0mcreate_duration[0m[0m = (known after apply)
      [32m+[0m [0m[1m[0mid[0m[0m              = (known after apply)
    }

[1m  # module.core[0].module.role[40].random_integer.sleep[0m will be created[0m[0m
[0m  [32m+[0m[0m resource "random_integer" "sleep" {
      [32m+[0m [0m[1m[0mid[0m[0m     = (known after apply)
      [32m+[0m [0m[1m[0mmax[0m[0m    = 5
      [32m+[0m [0m[1m[0mmin[0m[0m    = 1
      [32m+[0m [0m[1m[0mresult[0m[0m = (known after apply)
    }

[1m  # module.core[0].module.role[40].time_sleep.bar[0m will be created[0m[0m
[0m  [32m+[0m[0m resource "time_sleep" "bar" {
      [32m+[0m [0m[1m[0mcreate_duration[0m[0m = (known after apply)
      [32m+[0m [0m[1m[0mid[0m[0m              = (known after apply)
    }

[1m  # module.core[0].module.role[41].random_integer.sleep[0m will be created[0m[0m
[0m  [32m+[0m[0m resource "random_integer" "sleep" {
      [32m+[0m [0m[1m[0mid[0m[0m     = (known after apply)
      [32m+[0m [0m[1m[0mmax[0m[0m    = 5
      [32m+[0m [0m[1m[0mmin[0m[0m    = 1
      [32m+[0m [0m[1m[0mresult[0m[0m = (known after apply)
    }

[1m  # module.core[0].module.role[41].time_sleep.bar[0m will be created[0m[0m
[0m  [32m+[0m[0m resource "time_sleep" "bar" {
      [32m+[0m [0m[1m[0mcreate_duration[0m[0m = (known after apply)
      [32m+[0m [0m[1m[0mid[0m[0m              = (known after apply)
    }

[1m  # module.core[0].module.role[42].random_integer.sleep[0m will be created[0m[0m
[0m  [32m+[0m[0m resource "random_integer" "sleep" {
      [32m+[0m [0m[1m[0mid[0m[0m     = (known after apply)
      [32m+[0m [0m[1m[0mmax[0m[0m    = 5
      [32m+[0m [0m[1m[0mmin[0m[0m    = 1
      [32m+[0m [0m[1m[0mresult[0m[0m = (known after apply)
    }

[1m  # module.core[0].module.role[42].time_sleep.bar[0m will be created[0m[0m
[0m  [32m+[0m[0m resource "time_sleep" "bar" {
      [32m+[0m [0m[1m[0mcreate_duration[0m[0m = (known after apply)
      [32m+[0m [0m[1m[0mid[0m[0m              = (known after apply)
    }

[1m  # module.core[0].module.role[43].random_integer.sleep[0m will be created[0m[0m
[0m  [32m+[0m[0m resource "random_integer" "sleep" {
      [32m+[0m [0m[1m[0mid[0m[0m     = (known after apply)
      [32m+[0m [0m[1m[0mmax[0m[0m    = 5
      [32m+[0m [0m[1m[0mmin[0m[0m    = 1
      [32m+[0m [0m[1m[0mresult[0m[0m = (known after apply)
    }

[1m  # module.core[0].module.role[43].time_sleep.bar[0m will be created[0m[0m
[0m  [32m+[0m[0m resource "time_sleep" "bar" {
      [32m+[0m [0m[1m[0mcreate_duration[0m[0m = (known after apply)
      [32m+[0m [0m[1m[0mid[0m[0m              = (known after apply)
    }

[1m  # module.core[0].module.role[44].random_integer.sleep[0m will be created[0m[0m
[0m  [32m+[0m[0m resource "random_integer" "sleep" {
      [32m+[0m [0m[1m[0mid[0m[0m     = (known after apply)
      [32m+[0m [0m[1m[0mmax[0m[0m    = 5
      [32m+[0m [0m[1m[0mmin[0m[0m    = 1
      [32m+[0m [0m[1m[0mresult[0m[0m = (known after apply)
    }

[1m  # module.core[0].module.role[44].time_sleep.bar[0m will be created[0m[0m
[0m  [32m+[0m[0m resource "time_sleep" "bar" {
      [32m+[0m [0m[1m[0mcreate_duration[0m[0m = (known after apply)
      [32m+[0m [0m[1m[0mid[0m[0m              = (known after apply)
    }

[1m  # module.core[0].module.role[45].random_integer.sleep[0m will be created[0m[0m
[0m  [32m+[0m[0m resource "random_integer" "sleep" {
      [32m+[0m [0m[1m[0mid[0m[0m     = (known after apply)
      [32m+[0m [0m[1m[0mmax[0m[0m    = 5
      [32m+[0m [0m[1m[0mmin[0m[0m    = 1
      [32m+[0m [0m[1m[0mresult[0m[0m = (known after apply)
    }

[1m  # module.core[0].module.role[45].time_sleep.bar[0m will be created[0m[0m
[0m  [32m+[0m[0m resource "time_sleep" "bar" {
      [32m+[0m [0m[1m[0mcreate_duration[0m[0m = (known after apply)
      [32m+[0m [0m[1m[0mid[0m[0m              = (known after apply)
    }

[1m  # module.core[0].module.role[46].random_integer.sleep[0m will be created[0m[0m
[0m  [32m+[0m[0m resource "random_integer" "sleep" {
      [32m+[0m [0m[1m[0mid[0m[0m     = (known after apply)
      [32m+[0m [0m[1m[0mmax[0m[0m    = 5
      [32m+[0m [0m[1m[0mmin[0m[0m    = 1
      [32m+[0m [0m[1m[0mresult[0m[0m = (known after apply)
    }

[1m  # module.core[0].module.role[46].time_sleep.bar[0m will be created[0m[0m
[0m  [32m+[0m[0m resource "time_sleep" "bar" {
      [32m+[0m [0m[1m[0mcreate_duration[0m[0m = (known after apply)
      [32m+[0m [0m[1m[0mid[0m[0m              = (known after apply)
    }

[1m  # module.core[0].module.role[47].random_integer.sleep[0m will be created[0m[0m
[0m  [32m+[0m[0m resource "random_integer" "sleep" {
      [32m+[0m [0m[1m[0mid[0m[0m     = (known after apply)
      [32m+[0m [0m[1m[0mmax[0m[0m    = 5
      [32m+[0m [0m[1m[0mmin[0m[0m    = 1
      [32m+[0m [0m[1m[0mresult[0m[0m = (known after apply)
    }

[1m  # module.core[0].module.role[47].time_sleep.bar[0m will be created[0m[0m
[0m  [32m+[0m[0m resource "time_sleep" "bar" {
      [32m+[0m [0m[1m[0mcreate_duration[0m[0m = (known after apply)
      [32m+[0m [0m[1m[0mid[0m[0m              = (known after apply)
    }

[1m  # module.core[0].module.role[48].random_integer.sleep[0m will be created[0m[0m
[0m  [32m+[0m[0m resource "random_integer" "sleep" {
      [32m+[0m [0m[1m[0mid[0m[0m     = (known after apply)
      [32m+[0m [0m[1m[0mmax[0m[0m    = 5
      [32m+[0m [0m[1m[0mmin[0m[0m    = 1
      [32m+[0m [0m[1m[0mresult[0m[0m = (known after apply)
    }

[1m  # module.core[0].module.role[48].time_sleep.bar[0m will be created[0m[0m
[0m  [32m+[0m[0m resource "time_sleep" "bar" {
      [32m+[0m [0m[1m[0mcreate_duration[0m[0m = (known after apply)
      [32m+[0m [0m[1m[0mid[0m[0m              = (known after apply)
    }

[1m  # module.core[0].module.role[49].random_integer.sleep[0m will be created[0m[0m
[0m  [32m+[0m[0m resource "random_integer" "sleep" {
      [32m+[0m [0m[1m[0mid[0m[0m     = (known after apply)
      [32m+[0m [0m[1m[0mmax[0m[0m    = 5
      [32m+[0m [0m[1m[0mmin[0m[0m    = 1
      [32m+[0m [0m[1m[0mresult[0m[0m = (known after apply)
    }

[1m  # module.core[0].module.role[49].time_sleep.bar[0m will be created[0m[0m
[0m  [32m+[0m[0m resource "time_sleep" "bar" {
      [32m+[0m [0m[1m[0mcreate_duration[0m[0m = (known after apply)
      [32m+[0m [0m[1m[0mid[0m[0m              = (known after apply)
    }

[1m  # module.core[0].module.security_rule[0].random_integer.sleep[0m will be created[0m[0m
[0m  [32m+[0m[0m resource "random_integer" "sleep" {
      [32m+[0m [0m[1m[0mid[0m[0m     = (known after apply)
      [32m+[0m [0m[1m[0mmax[0m[0m    = 5
      [32m+[0m [0m[1m[0mmin[0m[0m    = 0
      [32m+[0m [0m[1m[0mresult[0m[0m = (known after apply)
    }

[1m  # module.core[0].module.security_rule[0].time_sleep.bar[0m will be created[0m[0m
[0m  [32m+[0m[0m resource "time_sleep" "bar" {
      [32m+[0m [0m[1m[0mcreate_duration[0m[0m = (known after apply)
      [32m+[0m [0m[1m[0mid[0m[0m              = (known after apply)
    }

[1m  # module.core[0].module.security_rule[1].random_integer.sleep[0m will be created[0m[0m
[0m  [32m+[0m[0m resource "random_integer" "sleep" {
      [32m+[0m [0m[1m[0mid[0m[0m     = (known after apply)
      [32m+[0m [0m[1m[0mmax[0m[0m    = 5
      [32m+[0m [0m[1m[0mmin[0m[0m    = 0
      [32m+[0m [0m[1m[0mresult[0m[0m = (known after apply)
    }

[1m  # module.core[0].module.security_rule[1].time_sleep.bar[0m will be created[0m[0m
[0m  [32m+[0m[0m resource "time_sleep" "bar" {
      [32m+[0m [0m[1m[0mcreate_duration[0m[0m = (known after apply)
      [32m+[0m [0m[1m[0mid[0m[0m              = (known after apply)
    }

[1m  # module.core[0].module.security_rule[2].random_integer.sleep[0m will be created[0m[0m
[0m  [32m+[0m[0m resource "random_integer" "sleep" {
      [32m+[0m [0m[1m[0mid[0m[0m     = (known after apply)
      [32m+[0m [0m[1m[0mmax[0m[0m    = 5
      [32m+[0m [0m[1m[0mmin[0m[0m    = 0
      [32m+[0m [0m[1m[0mresult[0m[0m = (known after apply)
    }

[1m  # module.core[0].module.security_rule[2].time_sleep.bar[0m will be created[0m[0m
[0m  [32m+[0m[0m resource "time_sleep" "bar" {
      [32m+[0m [0m[1m[0mcreate_duration[0m[0m = (known after apply)
      [32m+[0m [0m[1m[0mid[0m[0m              = (known after apply)
    }

[1m  # module.core[0].module.security_rule[3].random_integer.sleep[0m will be created[0m[0m
[0m  [32m+[0m[0m resource "random_integer" "sleep" {
      [32m+[0m [0m[1m[0mid[0m[0m     = (known after apply)
      [32m+[0m [0m[1m[0mmax[0m[0m    = 5
      [32m+[0m [0m[1m[0mmin[0m[0m    = 0
      [32m+[0m [0m[1m[0mresult[0m[0m = (known after apply)
    }

[1m  # module.core[0].module.security_rule[3].time_sleep.bar[0m will be created[0m[0m
[0m  [32m+[0m[0m resource "time_sleep" "bar" {
      [32m+[0m [0m[1m[0mcreate_duration[0m[0m = (known after apply)
      [32m+[0m [0m[1m[0mid[0m[0m              = (known after apply)
    }

[1m  # module.core[0].module.security_rule[4].random_integer.sleep[0m will be created[0m[0m
[0m  [32m+[0m[0m resource "random_integer" "sleep" {
      [32m+[0m [0m[1m[0mid[0m[0m     = (known after apply)
      [32m+[0m [0m[1m[0mmax[0m[0m    = 5
      [32m+[0m [0m[1m[0mmin[0m[0m    = 0
      [32m+[0m [0m[1m[0mresult[0m[0m = (known after apply)
    }

[1m  # module.core[0].module.security_rule[4].time_sleep.bar[0m will be created[0m[0m
[0m  [32m+[0m[0m resource "time_sleep" "bar" {
      [32m+[0m [0m[1m[0mcreate_duration[0m[0m = (known after apply)
      [32m+[0m [0m[1m[0mid[0m[0m              = (known after apply)
    }

[1m  # module.core[0].module.security_rule[5].random_integer.sleep[0m will be created[0m[0m
[0m  [32m+[0m[0m resource "random_integer" "sleep" {
      [32m+[0m [0m[1m[0mid[0m[0m     = (known after apply)
      [32m+[0m [0m[1m[0mmax[0m[0m    = 5
      [32m+[0m [0m[1m[0mmin[0m[0m    = 0
      [32m+[0m [0m[1m[0mresult[0m[0m = (known after apply)
    }

[1m  # module.core[0].module.security_rule[5].time_sleep.bar[0m will be created[0m[0m
[0m  [32m+[0m[0m resource "time_sleep" "bar" {
      [32m+[0m [0m[1m[0mcreate_duration[0m[0m = (known after apply)
      [32m+[0m [0m[1m[0mid[0m[0m              = (known after apply)
    }

[1m  # module.core[0].module.security_rule[6].random_integer.sleep[0m will be created[0m[0m
[0m  [32m+[0m[0m resource "random_integer" "sleep" {
      [32m+[0m [0m[1m[0mid[0m[0m     = (known after apply)
      [32m+[0m [0m[1m[0mmax[0m[0m    = 5
      [32m+[0m [0m[1m[0mmin[0m[0m    = 0
      [32m+[0m [0m[1m[0mresult[0m[0m = (known after apply)
    }

[1m  # module.core[0].module.security_rule[6].time_sleep.bar[0m will be created[0m[0m
[0m  [32m+[0m[0m resource "time_sleep" "bar" {
      [32m+[0m [0m[1m[0mcreate_duration[0m[0m = (known after apply)
      [32m+[0m [0m[1m[0mid[0m[0m              = (known after apply)
    }

[1m  # module.core[0].module.security_rule[7].random_integer.sleep[0m will be created[0m[0m
[0m  [32m+[0m[0m resource "random_integer" "sleep" {
      [32m+[0m [0m[1m[0mid[0m[0m     = (known after apply)
      [32m+[0m [0m[1m[0mmax[0m[0m    = 5
      [32m+[0m [0m[1m[0mmin[0m[0m    = 0
      [32m+[0m [0m[1m[0mresult[0m[0m = (known after apply)
    }

[1m  # module.core[0].module.security_rule[7].time_sleep.bar[0m will be created[0m[0m
[0m  [32m+[0m[0m resource "time_sleep" "bar" {
      [32m+[0m [0m[1m[0mcreate_duration[0m[0m = (known after apply)
      [32m+[0m [0m[1m[0mid[0m[0m              = (known after apply)
    }

[1m  # module.core[0].module.security_rule[8].random_integer.sleep[0m will be created[0m[0m
[0m  [32m+[0m[0m resource "random_integer" "sleep" {
      [32m+[0m [0m[1m[0mid[0m[0m     = (known after apply)
      [32m+[0m [0m[1m[0mmax[0m[0m    = 5
      [32m+[0m [0m[1m[0mmin[0m[0m    = 0
      [32m+[0m [0m[1m[0mresult[0m[0m = (known after apply)
    }

[1m  # module.core[0].module.security_rule[8].time_sleep.bar[0m will be created[0m[0m
[0m  [32m+[0m[0m resource "time_sleep" "bar" {
      [32m+[0m [0m[1m[0mcreate_duration[0m[0m = (known after apply)
      [32m+[0m [0m[1m[0mid[0m[0m              = (known after apply)
    }

[1m  # module.core[0].module.security_rule[9].random_integer.sleep[0m will be created[0m[0m
[0m  [32m+[0m[0m resource "random_integer" "sleep" {
      [32m+[0m [0m[1m[0mid[0m[0m     = (known after apply)
      [32m+[0m [0m[1m[0mmax[0m[0m    = 5
      [32m+[0m [0m[1m[0mmin[0m[0m    = 0
      [32m+[0m [0m[1m[0mresult[0m[0m = (known after apply)
    }

[1m  # module.core[0].module.security_rule[9].time_sleep.bar[0m will be created[0m[0m
[0m  [32m+[0m[0m resource "time_sleep" "bar" {
      [32m+[0m [0m[1m[0mcreate_duration[0m[0m = (known after apply)
      [32m+[0m [0m[1m[0mid[0m[0m              = (known after apply)
    }

[1m  # module.core[0].module.security_rule[10].random_integer.sleep[0m will be created[0m[0m
[0m  [32m+[0m[0m resource "random_integer" "sleep" {
      [32m+[0m [0m[1m[0mid[0m[0m     = (known after apply)
      [32m+[0m [0m[1m[0mmax[0m[0m    = 5
      [32m+[0m [0m[1m[0mmin[0m[0m    = 0
      [32m+[0m [0m[1m[0mresult[0m[0m = (known after apply)
    }

[1m  # module.core[0].module.security_rule[10].time_sleep.bar[0m will be created[0m[0m
[0m  [32m+[0m[0m resource "time_sleep" "bar" {
      [32m+[0m [0m[1m[0mcreate_duration[0m[0m = (known after apply)
      [32m+[0m [0m[1m[0mid[0m[0m              = (known after apply)
    }

[1m  # module.core[0].module.security_rule[11].random_integer.sleep[0m will be created[0m[0m
[0m  [32m+[0m[0m resource "random_integer" "sleep" {
      [32m+[0m [0m[1m[0mid[0m[0m     = (known after apply)
      [32m+[0m [0m[1m[0mmax[0m[0m    = 5
      [32m+[0m [0m[1m[0mmin[0m[0m    = 0
      [32m+[0m [0m[1m[0mresult[0m[0m = (known after apply)
    }

[1m  # module.core[0].module.security_rule[11].time_sleep.bar[0m will be created[0m[0m
[0m  [32m+[0m[0m resource "time_sleep" "bar" {
      [32m+[0m [0m[1m[0mcreate_duration[0m[0m = (known after apply)
      [32m+[0m [0m[1m[0mid[0m[0m              = (known after apply)
    }

[1m  # module.core[0].module.security_rule[12].random_integer.sleep[0m will be created[0m[0m
[0m  [32m+[0m[0m resource "random_integer" "sleep" {
      [32m+[0m [0m[1m[0mid[0m[0m     = (known after apply)
      [32m+[0m [0m[1m[0mmax[0m[0m    = 5
      [32m+[0m [0m[1m[0mmin[0m[0m    = 0
      [32m+[0m [0m[1m[0mresult[0m[0m = (known after apply)
    }

[1m  # module.core[0].module.security_rule[12].time_sleep.bar[0m will be created[0m[0m
[0m  [32m+[0m[0m resource "time_sleep" "bar" {
      [32m+[0m [0m[1m[0mcreate_duration[0m[0m = (known after apply)
      [32m+[0m [0m[1m[0mid[0m[0m              = (known after apply)
    }

[1m  # module.core[0].module.security_rule[13].random_integer.sleep[0m will be created[0m[0m
[0m  [32m+[0m[0m resource "random_integer" "sleep" {
      [32m+[0m [0m[1m[0mid[0m[0m     = (known after apply)
      [32m+[0m [0m[1m[0mmax[0m[0m    = 5
      [32m+[0m [0m[1m[0mmin[0m[0m    = 0
      [32m+[0m [0m[1m[0mresult[0m[0m = (known after apply)
    }

[1m  # module.core[0].module.security_rule[13].time_sleep.bar[0m will be created[0m[0m
[0m  [32m+[0m[0m resource "time_sleep" "bar" {
      [32m+[0m [0m[1m[0mcreate_duration[0m[0m = (known after apply)
      [32m+[0m [0m[1m[0mid[0m[0m              = (known after apply)
    }

[1m  # module.core[0].module.security_rule[14].random_integer.sleep[0m will be created[0m[0m
[0m  [32m+[0m[0m resource "random_integer" "sleep" {
      [32m+[0m [0m[1m[0mid[0m[0m     = (known after apply)
      [32m+[0m [0m[1m[0mmax[0m[0m    = 5
      [32m+[0m [0m[1m[0mmin[0m[0m    = 0
      [32m+[0m [0m[1m[0mresult[0m[0m = (known after apply)
    }

[1m  # module.core[0].module.security_rule[14].time_sleep.bar[0m will be created[0m[0m
[0m  [32m+[0m[0m resource "time_sleep" "bar" {
      [32m+[0m [0m[1m[0mcreate_duration[0m[0m = (known after apply)
      [32m+[0m [0m[1m[0mid[0m[0m              = (known after apply)
    }

[1m  # module.core[0].module.security_rule[15].random_integer.sleep[0m will be created[0m[0m
[0m  [32m+[0m[0m resource "random_integer" "sleep" {
      [32m+[0m [0m[1m[0mid[0m[0m     = (known after apply)
      [32m+[0m [0m[1m[0mmax[0m[0m    = 5
      [32m+[0m [0m[1m[0mmin[0m[0m    = 0
      [32m+[0m [0m[1m[0mresult[0m[0m = (known after apply)
    }

[1m  # module.core[0].module.security_rule[15].time_sleep.bar[0m will be created[0m[0m
[0m  [32m+[0m[0m resource "time_sleep" "bar" {
      [32m+[0m [0m[1m[0mcreate_duration[0m[0m = (known after apply)
      [32m+[0m [0m[1m[0mid[0m[0m              = (known after apply)
    }

[1m  # module.core[0].module.security_rule[16].random_integer.sleep[0m will be created[0m[0m
[0m  [32m+[0m[0m resource "random_integer" "sleep" {
      [32m+[0m [0m[1m[0mid[0m[0m     = (known after apply)
      [32m+[0m [0m[1m[0mmax[0m[0m    = 5
      [32m+[0m [0m[1m[0mmin[0m[0m    = 0
      [32m+[0m [0m[1m[0mresult[0m[0m = (known after apply)
    }

[1m  # module.core[0].module.security_rule[16].time_sleep.bar[0m will be created[0m[0m
[0m  [32m+[0m[0m resource "time_sleep" "bar" {
      [32m+[0m [0m[1m[0mcreate_duration[0m[0m = (known after apply)
      [32m+[0m [0m[1m[0mid[0m[0m              = (known after apply)
    }

[1m  # module.core[0].module.security_rule[17].random_integer.sleep[0m will be created[0m[0m
[0m  [32m+[0m[0m resource "random_integer" "sleep" {
      [32m+[0m [0m[1m[0mid[0m[0m     = (known after apply)
      [32m+[0m [0m[1m[0mmax[0m[0m    = 5
      [32m+[0m [0m[1m[0mmin[0m[0m    = 0
      [32m+[0m [0m[1m[0mresult[0m[0m = (known after apply)
    }

[1m  # module.core[0].module.security_rule[17].time_sleep.bar[0m will be created[0m[0m
[0m  [32m+[0m[0m resource "time_sleep" "bar" {
      [32m+[0m [0m[1m[0mcreate_duration[0m[0m = (known after apply)
      [32m+[0m [0m[1m[0mid[0m[0m              = (known after apply)
    }

[1m  # module.core[0].module.security_rule[18].random_integer.sleep[0m will be created[0m[0m
[0m  [32m+[0m[0m resource "random_integer" "sleep" {
      [32m+[0m [0m[1m[0mid[0m[0m     = (known after apply)
      [32m+[0m [0m[1m[0mmax[0m[0m    = 5
      [32m+[0m [0m[1m[0mmin[0m[0m    = 0
      [32m+[0m [0m[1m[0mresult[0m[0m = (known after apply)
    }

[1m  # module.core[0].module.security_rule[18].time_sleep.bar[0m will be created[0m[0m
[0m  [32m+[0m[0m resource "time_sleep" "bar" {
      [32m+[0m [0m[1m[0mcreate_duration[0m[0m = (known after apply)
      [32m+[0m [0m[1m[0mid[0m[0m              = (known after apply)
    }

[1m  # module.core[0].module.security_rule[19].random_integer.sleep[0m will be created[0m[0m
[0m  [32m+[0m[0m resource "random_integer" "sleep" {
      [32m+[0m [0m[1m[0mid[0m[0m     = (known after apply)
      [32m+[0m [0m[1m[0mmax[0m[0m    = 5
      [32m+[0m [0m[1m[0mmin[0m[0m    = 0
      [32m+[0m [0m[1m[0mresult[0m[0m = (known after apply)
    }

[1m  # module.core[0].module.security_rule[19].time_sleep.bar[0m will be created[0m[0m
[0m  [32m+[0m[0m resource "time_sleep" "bar" {
      [32m+[0m [0m[1m[0mcreate_duration[0m[0m = (known after apply)
      [32m+[0m [0m[1m[0mid[0m[0m              = (known after apply)
    }

[1m  # module.core[0].module.security_rule[20].random_integer.sleep[0m will be created[0m[0m
[0m  [32m+[0m[0m resource "random_integer" "sleep" {
      [32m+[0m [0m[1m[0mid[0m[0m     = (known after apply)
      [32m+[0m [0m[1m[0mmax[0m[0m    = 5
      [32m+[0m [0m[1m[0mmin[0m[0m    = 0
      [32m+[0m [0m[1m[0mresult[0m[0m = (known after apply)
    }

[1m  # module.core[0].module.security_rule[20].time_sleep.bar[0m will be created[0m[0m
[0m  [32m+[0m[0m resource "time_sleep" "bar" {
      [32m+[0m [0m[1m[0mcreate_duration[0m[0m = (known after apply)
      [32m+[0m [0m[1m[0mid[0m[0m              = (known after apply)
    }

[1m  # module.core[0].module.security_rule[21].random_integer.sleep[0m will be created[0m[0m
[0m  [32m+[0m[0m resource "random_integer" "sleep" {
      [32m+[0m [0m[1m[0mid[0m[0m     = (known after apply)
      [32m+[0m [0m[1m[0mmax[0m[0m    = 5
      [32m+[0m [0m[1m[0mmin[0m[0m    = 0
      [32m+[0m [0m[1m[0mresult[0m[0m = (known after apply)
    }

[1m  # module.core[0].module.security_rule[21].time_sleep.bar[0m will be created[0m[0m
[0m  [32m+[0m[0m resource "time_sleep" "bar" {
      [32m+[0m [0m[1m[0mcreate_duration[0m[0m = (known after apply)
      [32m+[0m [0m[1m[0mid[0m[0m              = (known after apply)
    }

[1m  # module.core[0].module.security_rule[22].random_integer.sleep[0m will be created[0m[0m
[0m  [32m+[0m[0m resource "random_integer" "sleep" {
      [32m+[0m [0m[1m[0mid[0m[0m     = (known after apply)
      [32m+[0m [0m[1m[0mmax[0m[0m    = 5
      [32m+[0m [0m[1m[0mmin[0m[0m    = 0
      [32m+[0m [0m[1m[0mresult[0m[0m = (known after apply)
    }

[1m  # module.core[0].module.security_rule[22].time_sleep.bar[0m will be created[0m[0m
[0m  [32m+[0m[0m resource "time_sleep" "bar" {
      [32m+[0m [0m[1m[0mcreate_duration[0m[0m = (known after apply)
      [32m+[0m [0m[1m[0mid[0m[0m              = (known after apply)
    }

[1m  # module.core[0].module.security_rule[23].random_integer.sleep[0m will be created[0m[0m
[0m  [32m+[0m[0m resource "random_integer" "sleep" {
      [32m+[0m [0m[1m[0mid[0m[0m     = (known after apply)
      [32m+[0m [0m[1m[0mmax[0m[0m    = 5
      [32m+[0m [0m[1m[0mmin[0m[0m    = 0
      [32m+[0m [0m[1m[0mresult[0m[0m = (known after apply)
    }

[1m  # module.core[0].module.security_rule[23].time_sleep.bar[0m will be created[0m[0m
[0m  [32m+[0m[0m resource "time_sleep" "bar" {
      [32m+[0m [0m[1m[0mcreate_duration[0m[0m = (known after apply)
      [32m+[0m [0m[1m[0mid[0m[0m              = (known after apply)
    }

[1m  # module.core[0].module.security_rule[24].random_integer.sleep[0m will be created[0m[0m
[0m  [32m+[0m[0m resource "random_integer" "sleep" {
      [32m+[0m [0m[1m[0mid[0m[0m     = (known after apply)
      [32m+[0m [0m[1m[0mmax[0m[0m    = 5
      [32m+[0m [0m[1m[0mmin[0m[0m    = 0
      [32m+[0m [0m[1m[0mresult[0m[0m = (known after apply)
    }

[1m  # module.core[0].module.security_rule[24].time_sleep.bar[0m will be created[0m[0m
[0m  [32m+[0m[0m resource "time_sleep" "bar" {
      [32m+[0m [0m[1m[0mcreate_duration[0m[0m = (known after apply)
      [32m+[0m [0m[1m[0mid[0m[0m              = (known after apply)
    }

[1m  # module.core[0].module.security_rule[25].random_integer.sleep[0m will be created[0m[0m
[0m  [32m+[0m[0m resource "random_integer" "sleep" {
      [32m+[0m [0m[1m[0mid[0m[0m     = (known after apply)
      [32m+[0m [0m[1m[0mmax[0m[0m    = 5
      [32m+[0m [0m[1m[0mmin[0m[0m    = 0
      [32m+[0m [0m[1m[0mresult[0m[0m = (known after apply)
    }

[1m  # module.core[0].module.security_rule[25].time_sleep.bar[0m will be created[0m[0m
[0m  [32m+[0m[0m resource "time_sleep" "bar" {
      [32m+[0m [0m[1m[0mcreate_duration[0m[0m = (known after apply)
      [32m+[0m [0m[1m[0mid[0m[0m              = (known after apply)
    }

[1m  # module.core[0].module.security_rule[26].random_integer.sleep[0m will be created[0m[0m
[0m  [32m+[0m[0m resource "random_integer" "sleep" {
      [32m+[0m [0m[1m[0mid[0m[0m     = (known after apply)
      [32m+[0m [0m[1m[0mmax[0m[0m    = 5
      [32m+[0m [0m[1m[0mmin[0m[0m    = 0
      [32m+[0m [0m[1m[0mresult[0m[0m = (known after apply)
    }

[1m  # module.core[0].module.security_rule[26].time_sleep.bar[0m will be created[0m[0m
[0m  [32m+[0m[0m resource "time_sleep" "bar" {
      [32m+[0m [0m[1m[0mcreate_duration[0m[0m = (known after apply)
      [32m+[0m [0m[1m[0mid[0m[0m              = (known after apply)
    }

[1m  # module.core[0].module.security_rule[27].random_integer.sleep[0m will be created[0m[0m
[0m  [32m+[0m[0m resource "random_integer" "sleep" {
      [32m+[0m [0m[1m[0mid[0m[0m     = (known after apply)
      [32m+[0m [0m[1m[0mmax[0m[0m    = 5
      [32m+[0m [0m[1m[0mmin[0m[0m    = 0
      [32m+[0m [0m[1m[0mresult[0m[0m = (known after apply)
    }

[1m  # module.core[0].module.security_rule[27].time_sleep.bar[0m will be created[0m[0m
[0m  [32m+[0m[0m resource "time_sleep" "bar" {
      [32m+[0m [0m[1m[0mcreate_duration[0m[0m = (known after apply)
      [32m+[0m [0m[1m[0mid[0m[0m              = (known after apply)
    }

[1m  # module.core[0].module.security_rule[28].random_integer.sleep[0m will be created[0m[0m
[0m  [32m+[0m[0m resource "random_integer" "sleep" {
      [32m+[0m [0m[1m[0mid[0m[0m     = (known after apply)
      [32m+[0m [0m[1m[0mmax[0m[0m    = 5
      [32m+[0m [0m[1m[0mmin[0m[0m    = 0
      [32m+[0m [0m[1m[0mresult[0m[0m = (known after apply)
    }

[1m  # module.core[0].module.security_rule[28].time_sleep.bar[0m will be created[0m[0m
[0m  [32m+[0m[0m resource "time_sleep" "bar" {
      [32m+[0m [0m[1m[0mcreate_duration[0m[0m = (known after apply)
      [32m+[0m [0m[1m[0mid[0m[0m              = (known after apply)
    }

[1m  # module.core[0].module.security_rule[29].random_integer.sleep[0m will be created[0m[0m
[0m  [32m+[0m[0m resource "random_integer" "sleep" {
      [32m+[0m [0m[1m[0mid[0m[0m     = (known after apply)
      [32m+[0m [0m[1m[0mmax[0m[0m    = 5
      [32m+[0m [0m[1m[0mmin[0m[0m    = 0
      [32m+[0m [0m[1m[0mresult[0m[0m = (known after apply)
    }

[1m  # module.core[0].module.security_rule[29].time_sleep.bar[0m will be created[0m[0m
[0m  [32m+[0m[0m resource "time_sleep" "bar" {
      [32m+[0m [0m[1m[0mcreate_duration[0m[0m = (known after apply)
      [32m+[0m [0m[1m[0mid[0m[0m              = (known after apply)
    }

[1m  # module.core[0].module.security_rule[30].random_integer.sleep[0m will be created[0m[0m
[0m  [32m+[0m[0m resource "random_integer" "sleep" {
      [32m+[0m [0m[1m[0mid[0m[0m     = (known after apply)
      [32m+[0m [0m[1m[0mmax[0m[0m    = 5
      [32m+[0m [0m[1m[0mmin[0m[0m    = 0
      [32m+[0m [0m[1m[0mresult[0m[0m = (known after apply)
    }

[1m  # module.core[0].module.security_rule[30].time_sleep.bar[0m will be created[0m[0m
[0m  [32m+[0m[0m resource "time_sleep" "bar" {
      [32m+[0m [0m[1m[0mcreate_duration[0m[0m = (known after apply)
      [32m+[0m [0m[1m[0mid[0m[0m              = (known after apply)
    }

[1m  # module.core[0].module.security_rule[31].random_integer.sleep[0m will be created[0m[0m
[0m  [32m+[0m[0m resource "random_integer" "sleep" {
      [32m+[0m [0m[1m[0mid[0m[0m     = (known after apply)
      [32m+[0m [0m[1m[0mmax[0m[0m    = 5
      [32m+[0m [0m[1m[0mmin[0m[0m    = 0
      [32m+[0m [0m[1m[0mresult[0m[0m = (known after apply)
    }

[1m  # module.core[0].module.security_rule[31].time_sleep.bar[0m will be created[0m[0m
[0m  [32m+[0m[0m resource "time_sleep" "bar" {
      [32m+[0m [0m[1m[0mcreate_duration[0m[0m = (known after apply)
      [32m+[0m [0m[1m[0mid[0m[0m              = (known after apply)
    }

[1m  # module.core[0].module.security_rule[32].random_integer.sleep[0m will be created[0m[0m
[0m  [32m+[0m[0m resource "random_integer" "sleep" {
      [32m+[0m [0m[1m[0mid[0m[0m     = (known after apply)
      [32m+[0m [0m[1m[0mmax[0m[0m    = 5
      [32m+[0m [0m[1m[0mmin[0m[0m    = 0
      [32m+[0m [0m[1m[0mresult[0m[0m = (known after apply)
    }

[1m  # module.core[0].module.security_rule[32].time_sleep.bar[0m will be created[0m[0m
[0m  [32m+[0m[0m resource "time_sleep" "bar" {
      [32m+[0m [0m[1m[0mcreate_duration[0m[0m = (known after apply)
      [32m+[0m [0m[1m[0mid[0m[0m              = (known after apply)
    }

[1m  # module.core[0].module.security_rule[33].random_integer.sleep[0m will be created[0m[0m
[0m  [32m+[0m[0m resource "random_integer" "sleep" {
      [32m+[0m [0m[1m[0mid[0m[0m     = (known after apply)
      [32m+[0m [0m[1m[0mmax[0m[0m    = 5
      [32m+[0m [0m[1m[0mmin[0m[0m    = 0
      [32m+[0m [0m[1m[0mresult[0m[0m = (known after apply)
    }

[1m  # module.core[0].module.security_rule[33].time_sleep.bar[0m will be created[0m[0m
[0m  [32m+[0m[0m resource "time_sleep" "bar" {
      [32m+[0m [0m[1m[0mcreate_duration[0m[0m = (known after apply)
      [32m+[0m [0m[1m[0mid[0m[0m              = (known after apply)
    }

[1m  # module.core[0].module.security_rule[34].random_integer.sleep[0m will be created[0m[0m
[0m  [32m+[0m[0m resource "random_integer" "sleep" {
      [32m+[0m [0m[1m[0mid[0m[0m     = (known after apply)
      [32m+[0m [0m[1m[0mmax[0m[0m    = 5
      [32m+[0m [0m[1m[0mmin[0m[0m    = 0
      [32m+[0m [0m[1m[0mresult[0m[0m = (known after apply)
    }

[1m  # module.core[0].module.security_rule[34].time_sleep.bar[0m will be created[0m[0m
[0m  [32m+[0m[0m resource "time_sleep" "bar" {
      [32m+[0m [0m[1m[0mcreate_duration[0m[0m = (known after apply)
      [32m+[0m [0m[1m[0mid[0m[0m              = (known after apply)
    }

[1m  # module.core[1].module.role[0].random_integer.sleep[0m will be created[0m[0m
[0m  [32m+[0m[0m resource "random_integer" "sleep" {
      [32m+[0m [0m[1m[0mid[0m[0m     = (known after apply)
      [32m+[0m [0m[1m[0mmax[0m[0m    = 5
      [32m+[0m [0m[1m[0mmin[0m[0m    = 1
      [32m+[0m [0m[1m[0mresult[0m[0m = (known after apply)
    }

[1m  # module.core[1].module.role[0].time_sleep.bar[0m will be created[0m[0m
[0m  [32m+[0m[0m resource "time_sleep" "bar" {
      [32m+[0m [0m[1m[0mcreate_duration[0m[0m = (known after apply)
      [32m+[0m [0m[1m[0mid[0m[0m              = (known after apply)
    }

[1m  # module.core[1].module.role[1].random_integer.sleep[0m will be created[0m[0m
[0m  [32m+[0m[0m resource "random_integer" "sleep" {
      [32m+[0m [0m[1m[0mid[0m[0m     = (known after apply)
      [32m+[0m [0m[1m[0mmax[0m[0m    = 5
      [32m+[0m [0m[1m[0mmin[0m[0m    = 1
      [32m+[0m [0m[1m[0mresult[0m[0m = (known after apply)
    }

[1m  # module.core[1].module.role[1].time_sleep.bar[0m will be created[0m[0m
[0m  [32m+[0m[0m resource "time_sleep" "bar" {
      [32m+[0m [0m[1m[0mcreate_duration[0m[0m = (known after apply)
      [32m+[0m [0m[1m[0mid[0m[0m              = (known after apply)
    }

[1m  # module.core[1].module.role[2].random_integer.sleep[0m will be created[0m[0m
[0m  [32m+[0m[0m resource "random_integer" "sleep" {
      [32m+[0m [0m[1m[0mid[0m[0m     = (known after apply)
      [32m+[0m [0m[1m[0mmax[0m[0m    = 5
      [32m+[0m [0m[1m[0mmin[0m[0m    = 1
      [32m+[0m [0m[1m[0mresult[0m[0m = (known after apply)
    }

[1m  # module.core[1].module.role[2].time_sleep.bar[0m will be created[0m[0m
[0m  [32m+[0m[0m resource "time_sleep" "bar" {
      [32m+[0m [0m[1m[0mcreate_duration[0m[0m = (known after apply)
      [32m+[0m [0m[1m[0mid[0m[0m              = (known after apply)
    }

[1m  # module.core[1].module.role[3].random_integer.sleep[0m will be created[0m[0m
[0m  [32m+[0m[0m resource "random_integer" "sleep" {
      [32m+[0m [0m[1m[0mid[0m[0m     = (known after apply)
      [32m+[0m [0m[1m[0mmax[0m[0m    = 5
      [32m+[0m [0m[1m[0mmin[0m[0m    = 1
      [32m+[0m [0m[1m[0mresult[0m[0m = (known after apply)
    }

[1m  # module.core[1].module.role[3].time_sleep.bar[0m will be created[0m[0m
[0m  [32m+[0m[0m resource "time_sleep" "bar" {
      [32m+[0m [0m[1m[0mcreate_duration[0m[0m = (known after apply)
      [32m+[0m [0m[1m[0mid[0m[0m              = (known after apply)
    }

[1m  # module.core[1].module.role[4].random_integer.sleep[0m will be created[0m[0m
[0m  [32m+[0m[0m resource "random_integer" "sleep" {
      [32m+[0m [0m[1m[0mid[0m[0m     = (known after apply)
      [32m+[0m [0m[1m[0mmax[0m[0m    = 5
      [32m+[0m [0m[1m[0mmin[0m[0m    = 1
      [32m+[0m [0m[1m[0mresult[0m[0m = (known after apply)
    }

[1m  # module.core[1].module.role[4].time_sleep.bar[0m will be created[0m[0m
[0m  [32m+[0m[0m resource "time_sleep" "bar" {
      [32m+[0m [0m[1m[0mcreate_duration[0m[0m = (known after apply)
      [32m+[0m [0m[1m[0mid[0m[0m              = (known after apply)
    }

[1m  # module.core[1].module.role[5].random_integer.sleep[0m will be created[0m[0m
[0m  [32m+[0m[0m resource "random_integer" "sleep" {
      [32m+[0m [0m[1m[0mid[0m[0m     = (known after apply)
      [32m+[0m [0m[1m[0mmax[0m[0m    = 5
      [32m+[0m [0m[1m[0mmin[0m[0m    = 1
      [32m+[0m [0m[1m[0mresult[0m[0m = (known after apply)
    }

[1m  # module.core[1].module.role[5].time_sleep.bar[0m will be created[0m[0m
[0m  [32m+[0m[0m resource "time_sleep" "bar" {
      [32m+[0m [0m[1m[0mcreate_duration[0m[0m = (known after apply)
      [32m+[0m [0m[1m[0mid[0m[0m              = (known after apply)
    }

[1m  # module.core[1].module.role[6].random_integer.sleep[0m will be created[0m[0m
[0m  [32m+[0m[0m resource "random_integer" "sleep" {
      [32m+[0m [0m[1m[0mid[0m[0m     = (known after apply)
      [32m+[0m [0m[1m[0mmax[0m[0m    = 5
      [32m+[0m [0m[1m[0mmin[0m[0m    = 1
      [32m+[0m [0m[1m[0mresult[0m[0m = (known after apply)
    }

[1m  # module.core[1].module.role[6].time_sleep.bar[0m will be created[0m[0m
[0m  [32m+[0m[0m resource "time_sleep" "bar" {
      [32m+[0m [0m[1m[0mcreate_duration[0m[0m = (known after apply)
      [32m+[0m [0m[1m[0mid[0m[0m              = (known after apply)
    }

[1m  # module.core[1].module.role[7].random_integer.sleep[0m will be created[0m[0m
[0m  [32m+[0m[0m resource "random_integer" "sleep" {
      [32m+[0m [0m[1m[0mid[0m[0m     = (known after apply)
      [32m+[0m [0m[1m[0mmax[0m[0m    = 5
      [32m+[0m [0m[1m[0mmin[0m[0m    = 1
      [32m+[0m [0m[1m[0mresult[0m[0m = (known after apply)
    }

[1m  # module.core[1].module.role[7].time_sleep.bar[0m will be created[0m[0m
[0m  [32m+[0m[0m resource "time_sleep" "bar" {
      [32m+[0m [0m[1m[0mcreate_duration[0m[0m = (known after apply)
      [32m+[0m [0m[1m[0mid[0m[0m              = (known after apply)
    }

[1m  # module.core[1].module.role[8].random_integer.sleep[0m will be created[0m[0m
[0m  [32m+[0m[0m resource "random_integer" "sleep" {
      [32m+[0m [0m[1m[0mid[0m[0m     = (known after apply)
      [32m+[0m [0m[1m[0mmax[0m[0m    = 5
      [32m+[0m [0m[1m[0mmin[0m[0m    = 1
      [32m+[0m [0m[1m[0mresult[0m[0m = (known after apply)
    }

[1m  # module.core[1].module.role[8].time_sleep.bar[0m will be created[0m[0m
[0m  [32m+[0m[0m resource "time_sleep" "bar" {
      [32m+[0m [0m[1m[0mcreate_duration[0m[0m = (known after apply)
      [32m+[0m [0m[1m[0mid[0m[0m              = (known after apply)
    }

[1m  # module.core[1].module.role[9].random_integer.sleep[0m will be created[0m[0m
[0m  [32m+[0m[0m resource "random_integer" "sleep" {
      [32m+[0m [0m[1m[0mid[0m[0m     = (known after apply)
      [32m+[0m [0m[1m[0mmax[0m[0m    = 5
      [32m+[0m [0m[1m[0mmin[0m[0m    = 1
      [32m+[0m [0m[1m[0mresult[0m[0m = (known after apply)
    }

[1m  # module.core[1].module.role[9].time_sleep.bar[0m will be created[0m[0m
[0m  [32m+[0m[0m resource "time_sleep" "bar" {
      [32m+[0m [0m[1m[0mcreate_duration[0m[0m = (known after apply)
      [32m+[0m [0m[1m[0mid[0m[0m              = (known after apply)
    }

[1m  # module.core[1].module.role[10].random_integer.sleep[0m will be created[0m[0m
[0m  [32m+[0m[0m resource "random_integer" "sleep" {
      [32m+[0m [0m[1m[0mid[0m[0m     = (known after apply)
      [32m+[0m [0m[1m[0mmax[0m[0m    = 5
      [32m+[0m [0m[1m[0mmin[0m[0m    = 1
      [32m+[0m [0m[1m[0mresult[0m[0m = (known after apply)
    }

[1m  # module.core[1].module.role[10].time_sleep.bar[0m will be created[0m[0m
[0m  [32m+[0m[0m resource "time_sleep" "bar" {
      [32m+[0m [0m[1m[0mcreate_duration[0m[0m = (known after apply)
      [32m+[0m [0m[1m[0mid[0m[0m              = (known after apply)
    }

[1m  # module.core[1].module.role[11].random_integer.sleep[0m will be created[0m[0m
[0m  [32m+[0m[0m resource "random_integer" "sleep" {
      [32m+[0m [0m[1m[0mid[0m[0m     = (known after apply)
      [32m+[0m [0m[1m[0mmax[0m[0m    = 5
      [32m+[0m [0m[1m[0mmin[0m[0m    = 1
      [32m+[0m [0m[1m[0mresult[0m[0m = (known after apply)
    }

[1m  # module.core[1].module.role[11].time_sleep.bar[0m will be created[0m[0m
[0m  [32m+[0m[0m resource "time_sleep" "bar" {
      [32m+[0m [0m[1m[0mcreate_duration[0m[0m = (known after apply)
      [32m+[0m [0m[1m[0mid[0m[0m              = (known after apply)
    }

[1m  # module.core[1].module.role[12].random_integer.sleep[0m will be created[0m[0m
[0m  [32m+[0m[0m resource "random_integer" "sleep" {
      [32m+[0m [0m[1m[0mid[0m[0m     = (known after apply)
      [32m+[0m [0m[1m[0mmax[0m[0m    = 5
      [32m+[0m [0m[1m[0mmin[0m[0m    = 1
      [32m+[0m [0m[1m[0mresult[0m[0m = (known after apply)
    }

[1m  # module.core[1].module.role[12].time_sleep.bar[0m will be created[0m[0m
[0m  [32m+[0m[0m resource "time_sleep" "bar" {
      [32m+[0m [0m[1m[0mcreate_duration[0m[0m = (known after apply)
      [32m+[0m [0m[1m[0mid[0m[0m              = (known after apply)
    }

[1m  # module.core[1].module.role[13].random_integer.sleep[0m will be created[0m[0m
[0m  [32m+[0m[0m resource "random_integer" "sleep" {
      [32m+[0m [0m[1m[0mid[0m[0m     = (known after apply)
      [32m+[0m [0m[1m[0mmax[0m[0m    = 5
      [32m+[0m [0m[1m[0mmin[0m[0m    = 1
      [32m+[0m [0m[1m[0mresult[0m[0m = (known after apply)
    }

[1m  # module.core[1].module.role[13].time_sleep.bar[0m will be created[0m[0m
[0m  [32m+[0m[0m resource "time_sleep" "bar" {
      [32m+[0m [0m[1m[0mcreate_duration[0m[0m = (known after apply)
      [32m+[0m [0m[1m[0mid[0m[0m              = (known after apply)
    }

[1m  # module.core[1].module.role[14].random_integer.sleep[0m will be created[0m[0m
[0m  [32m+[0m[0m resource "random_integer" "sleep" {
      [32m+[0m [0m[1m[0mid[0m[0m     = (known after apply)
      [32m+[0m [0m[1m[0mmax[0m[0m    = 5
      [32m+[0m [0m[1m[0mmin[0m[0m    = 1
      [32m+[0m [0m[1m[0mresult[0m[0m = (known after apply)
    }

[1m  # module.core[1].module.role[14].time_sleep.bar[0m will be created[0m[0m
[0m  [32m+[0m[0m resource "time_sleep" "bar" {
      [32m+[0m [0m[1m[0mcreate_duration[0m[0m = (known after apply)
      [32m+[0m [0m[1m[0mid[0m[0m              = (known after apply)
    }

[1m  # module.core[1].module.role[15].random_integer.sleep[0m will be created[0m[0m
[0m  [32m+[0m[0m resource "random_integer" "sleep" {
      [32m+[0m [0m[1m[0mid[0m[0m     = (known after apply)
      [32m+[0m [0m[1m[0mmax[0m[0m    = 5
      [32m+[0m [0m[1m[0mmin[0m[0m    = 1
      [32m+[0m [0m[1m[0mresult[0m[0m = (known after apply)
    }

[1m  # module.core[1].module.role[15].time_sleep.bar[0m will be created[0m[0m
[0m  [32m+[0m[0m resource "time_sleep" "bar" {
      [32m+[0m [0m[1m[0mcreate_duration[0m[0m = (known after apply)
      [32m+[0m [0m[1m[0mid[0m[0m              = (known after apply)
    }

[1m  # module.core[1].module.role[16].random_integer.sleep[0m will be created[0m[0m
[0m  [32m+[0m[0m resource "random_integer" "sleep" {
      [32m+[0m [0m[1m[0mid[0m[0m     = (known after apply)
      [32m+[0m [0m[1m[0mmax[0m[0m    = 5
      [32m+[0m [0m[1m[0mmin[0m[0m    = 1
      [32m+[0m [0m[1m[0mresult[0m[0m = (known after apply)
    }

[1m  # module.core[1].module.role[16].time_sleep.bar[0m will be created[0m[0m
[0m  [32m+[0m[0m resource "time_sleep" "bar" {
      [32m+[0m [0m[1m[0mcreate_duration[0m[0m = (known after apply)
      [32m+[0m [0m[1m[0mid[0m[0m              = (known after apply)
    }

[1m  # module.core[1].module.role[17].random_integer.sleep[0m will be created[0m[0m
[0m  [32m+[0m[0m resource "random_integer" "sleep" {
      [32m+[0m [0m[1m[0mid[0m[0m     = (known after apply)
      [32m+[0m [0m[1m[0mmax[0m[0m    = 5
      [32m+[0m [0m[1m[0mmin[0m[0m    = 1
      [32m+[0m [0m[1m[0mresult[0m[0m = (known after apply)
    }

[1m  # module.core[1].module.role[17].time_sleep.bar[0m will be created[0m[0m
[0m  [32m+[0m[0m resource "time_sleep" "bar" {
      [32m+[0m [0m[1m[0mcreate_duration[0m[0m = (known after apply)
      [32m+[0m [0m[1m[0mid[0m[0m              = (known after apply)
    }

[1m  # module.core[1].module.role[18].random_integer.sleep[0m will be created[0m[0m
[0m  [32m+[0m[0m resource "random_integer" "sleep" {
      [32m+[0m [0m[1m[0mid[0m[0m     = (known after apply)
      [32m+[0m [0m[1m[0mmax[0m[0m    = 5
      [32m+[0m [0m[1m[0mmin[0m[0m    = 1
      [32m+[0m [0m[1m[0mresult[0m[0m = (known after apply)
    }

[1m  # module.core[1].module.role[18].time_sleep.bar[0m will be created[0m[0m
[0m  [32m+[0m[0m resource "time_sleep" "bar" {
      [32m+[0m [0m[1m[0mcreate_duration[0m[0m = (known after apply)
      [32m+[0m [0m[1m[0mid[0m[0m              = (known after apply)
    }

[1m  # module.core[1].module.role[19].random_integer.sleep[0m will be created[0m[0m
[0m  [32m+[0m[0m resource "random_integer" "sleep" {
      [32m+[0m [0m[1m[0mid[0m[0m     = (known after apply)
      [32m+[0m [0m[1m[0mmax[0m[0m    = 5
      [32m+[0m [0m[1m[0mmin[0m[0m    = 1
      [32m+[0m [0m[1m[0mresult[0m[0m = (known after apply)
    }

[1m  # module.core[1].module.role[19].time_sleep.bar[0m will be created[0m[0m
[0m  [32m+[0m[0m resource "time_sleep" "bar" {
      [32m+[0m [0m[1m[0mcreate_duration[0m[0m = (known after apply)
      [32m+[0m [0m[1m[0mid[0m[0m              = (known after apply)
    }

[1m  # module.core[1].module.role[20].random_integer.sleep[0m will be created[0m[0m
[0m  [32m+[0m[0m resource "random_integer" "sleep" {
      [32m+[0m [0m[1m[0mid[0m[0m     = (known after apply)
      [32m+[0m [0m[1m[0mmax[0m[0m    = 5
      [32m+[0m [0m[1m[0mmin[0m[0m    = 1
      [32m+[0m [0m[1m[0mresult[0m[0m = (known after apply)
    }

[1m  # module.core[1].module.role[20].time_sleep.bar[0m will be created[0m[0m
[0m  [32m+[0m[0m resource "time_sleep" "bar" {
      [32m+[0m [0m[1m[0mcreate_duration[0m[0m = (known after apply)
      [32m+[0m [0m[1m[0mid[0m[0m              = (known after apply)
    }

[1m  # module.core[1].module.role[21].random_integer.sleep[0m will be created[0m[0m
[0m  [32m+[0m[0m resource "random_integer" "sleep" {
      [32m+[0m [0m[1m[0mid[0m[0m     = (known after apply)
      [32m+[0m [0m[1m[0mmax[0m[0m    = 5
      [32m+[0m [0m[1m[0mmin[0m[0m    = 1
      [32m+[0m [0m[1m[0mresult[0m[0m = (known after apply)
    }

[1m  # module.core[1].module.role[21].time_sleep.bar[0m will be created[0m[0m
[0m  [32m+[0m[0m resource "time_sleep" "bar" {
      [32m+[0m [0m[1m[0mcreate_duration[0m[0m = (known after apply)
      [32m+[0m [0m[1m[0mid[0m[0m              = (known after apply)
    }

[1m  # module.core[1].module.role[22].random_integer.sleep[0m will be created[0m[0m
[0m  [32m+[0m[0m resource "random_integer" "sleep" {
      [32m+[0m [0m[1m[0mid[0m[0m     = (known after apply)
      [32m+[0m [0m[1m[0mmax[0m[0m    = 5
      [32m+[0m [0m[1m[0mmin[0m[0m    = 1
      [32m+[0m [0m[1m[0mresult[0m[0m = (known after apply)
    }

[1m  # module.core[1].module.role[22].time_sleep.bar[0m will be created[0m[0m
[0m  [32m+[0m[0m resource "time_sleep" "bar" {
      [32m+[0m [0m[1m[0mcreate_duration[0m[0m = (known after apply)
      [32m+[0m [0m[1m[0mid[0m[0m              = (known after apply)
    }

[1m  # module.core[1].module.role[23].random_integer.sleep[0m will be created[0m[0m
[0m  [32m+[0m[0m resource "random_integer" "sleep" {
      [32m+[0m [0m[1m[0mid[0m[0m     = (known after apply)
      [32m+[0m [0m[1m[0mmax[0m[0m    = 5
      [32m+[0m [0m[1m[0mmin[0m[0m    = 1
      [32m+[0m [0m[1m[0mresult[0m[0m = (known after apply)
    }

[1m  # module.core[1].module.role[23].time_sleep.bar[0m will be created[0m[0m
[0m  [32m+[0m[0m resource "time_sleep" "bar" {
      [32m+[0m [0m[1m[0mcreate_duration[0m[0m = (known after apply)
      [32m+[0m [0m[1m[0mid[0m[0m              = (known after apply)
    }

[1m  # module.core[1].module.role[24].random_integer.sleep[0m will be created[0m[0m
[0m  [32m+[0m[0m resource "random_integer" "sleep" {
      [32m+[0m [0m[1m[0mid[0m[0m     = (known after apply)
      [32m+[0m [0m[1m[0mmax[0m[0m    = 5
      [32m+[0m [0m[1m[0mmin[0m[0m    = 1
      [32m+[0m [0m[1m[0mresult[0m[0m = (known after apply)
    }

[1m  # module.core[1].module.role[24].time_sleep.bar[0m will be created[0m[0m
[0m  [32m+[0m[0m resource "time_sleep" "bar" {
      [32m+[0m [0m[1m[0mcreate_duration[0m[0m = (known after apply)
      [32m+[0m [0m[1m[0mid[0m[0m              = (known after apply)
    }

[1m  # module.core[1].module.role[25].random_integer.sleep[0m will be created[0m[0m
[0m  [32m+[0m[0m resource "random_integer" "sleep" {
      [32m+[0m [0m[1m[0mid[0m[0m     = (known after apply)
      [32m+[0m [0m[1m[0mmax[0m[0m    = 5
      [32m+[0m [0m[1m[0mmin[0m[0m    = 1
      [32m+[0m [0m[1m[0mresult[0m[0m = (known after apply)
    }

[1m  # module.core[1].module.role[25].time_sleep.bar[0m will be created[0m[0m
[0m  [32m+[0m[0m resource "time_sleep" "bar" {
      [32m+[0m [0m[1m[0mcreate_duration[0m[0m = (known after apply)
      [32m+[0m [0m[1m[0mid[0m[0m              = (known after apply)
    }

[1m  # module.core[1].module.role[26].random_integer.sleep[0m will be created[0m[0m
[0m  [32m+[0m[0m resource "random_integer" "sleep" {
      [32m+[0m [0m[1m[0mid[0m[0m     = (known after apply)
      [32m+[0m [0m[1m[0mmax[0m[0m    = 5
      [32m+[0m [0m[1m[0mmin[0m[0m    = 1
      [32m+[0m [0m[1m[0mresult[0m[0m = (known after apply)
    }

[1m  # module.core[1].module.role[26].time_sleep.bar[0m will be created[0m[0m
[0m  [32m+[0m[0m resource "time_sleep" "bar" {
      [32m+[0m [0m[1m[0mcreate_duration[0m[0m = (known after apply)
      [32m+[0m [0m[1m[0mid[0m[0m              = (known after apply)
    }

[1m  # module.core[1].module.role[27].random_integer.sleep[0m will be created[0m[0m
[0m  [32m+[0m[0m resource "random_integer" "sleep" {
      [32m+[0m [0m[1m[0mid[0m[0m     = (known after apply)
      [32m+[0m [0m[1m[0mmax[0m[0m    = 5
      [32m+[0m [0m[1m[0mmin[0m[0m    = 1
      [32m+[0m [0m[1m[0mresult[0m[0m = (known after apply)
    }

[1m  # module.core[1].module.role[27].time_sleep.bar[0m will be created[0m[0m
[0m  [32m+[0m[0m resource "time_sleep" "bar" {
      [32m+[0m [0m[1m[0mcreate_duration[0m[0m = (known after apply)
      [32m+[0m [0m[1m[0mid[0m[0m              = (known after apply)
    }

[1m  # module.core[1].module.role[28].random_integer.sleep[0m will be created[0m[0m
[0m  [32m+[0m[0m resource "random_integer" "sleep" {
      [32m+[0m [0m[1m[0mid[0m[0m     = (known after apply)
      [32m+[0m [0m[1m[0mmax[0m[0m    = 5
      [32m+[0m [0m[1m[0mmin[0m[0m    = 1
      [32m+[0m [0m[1m[0mresult[0m[0m = (known after apply)
    }

[1m  # module.core[1].module.role[28].time_sleep.bar[0m will be created[0m[0m
[0m  [32m+[0m[0m resource "time_sleep" "bar" {
      [32m+[0m [0m[1m[0mcreate_duration[0m[0m = (known after apply)
      [32m+[0m [0m[1m[0mid[0m[0m              = (known after apply)
    }

[1m  # module.core[1].module.role[29].random_integer.sleep[0m will be created[0m[0m
[0m  [32m+[0m[0m resource "random_integer" "sleep" {
      [32m+[0m [0m[1m[0mid[0m[0m     = (known after apply)
      [32m+[0m [0m[1m[0mmax[0m[0m    = 5
      [32m+[0m [0m[1m[0mmin[0m[0m    = 1
      [32m+[0m [0m[1m[0mresult[0m[0m = (known after apply)
    }

[1m  # module.core[1].module.role[29].time_sleep.bar[0m will be created[0m[0m
[0m  [32m+[0m[0m resource "time_sleep" "bar" {
      [32m+[0m [0m[1m[0mcreate_duration[0m[0m = (known after apply)
      [32m+[0m [0m[1m[0mid[0m[0m              = (known after apply)
    }

[1m  # module.core[1].module.role[30].random_integer.sleep[0m will be created[0m[0m
[0m  [32m+[0m[0m resource "random_integer" "sleep" {
      [32m+[0m [0m[1m[0mid[0m[0m     = (known after apply)
      [32m+[0m [0m[1m[0mmax[0m[0m    = 5
      [32m+[0m [0m[1m[0mmin[0m[0m    = 1
      [32m+[0m [0m[1m[0mresult[0m[0m = (known after apply)
    }

[1m  # module.core[1].module.role[30].time_sleep.bar[0m will be created[0m[0m
[0m  [32m+[0m[0m resource "time_sleep" "bar" {
      [32m+[0m [0m[1m[0mcreate_duration[0m[0m = (known after apply)
      [32m+[0m [0m[1m[0mid[0m[0m              = (known after apply)
    }

[1m  # module.core[1].module.role[31].random_integer.sleep[0m will be created[0m[0m
[0m  [32m+[0m[0m resource "random_integer" "sleep" {
      [32m+[0m [0m[1m[0mid[0m[0m     = (known after apply)
      [32m+[0m [0m[1m[0mmax[0m[0m    = 5
      [32m+[0m [0m[1m[0mmin[0m[0m    = 1
      [32m+[0m [0m[1m[0mresult[0m[0m = (known after apply)
    }

[1m  # module.core[1].module.role[31].time_sleep.bar[0m will be created[0m[0m
[0m  [32m+[0m[0m resource "time_sleep" "bar" {
      [32m+[0m [0m[1m[0mcreate_duration[0m[0m = (known after apply)
      [32m+[0m [0m[1m[0mid[0m[0m              = (known after apply)
    }

[1m  # module.core[1].module.role[32].random_integer.sleep[0m will be created[0m[0m
[0m  [32m+[0m[0m resource "random_integer" "sleep" {
      [32m+[0m [0m[1m[0mid[0m[0m     = (known after apply)
      [32m+[0m [0m[1m[0mmax[0m[0m    = 5
      [32m+[0m [0m[1m[0mmin[0m[0m    = 1
      [32m+[0m [0m[1m[0mresult[0m[0m = (known after apply)
    }

[1m  # module.core[1].module.role[32].time_sleep.bar[0m will be created[0m[0m
[0m  [32m+[0m[0m resource "time_sleep" "bar" {
      [32m+[0m [0m[1m[0mcreate_duration[0m[0m = (known after apply)
      [32m+[0m [0m[1m[0mid[0m[0m              = (known after apply)
    }

[1m  # module.core[1].module.role[33].random_integer.sleep[0m will be created[0m[0m
[0m  [32m+[0m[0m resource "random_integer" "sleep" {
      [32m+[0m [0m[1m[0mid[0m[0m     = (known after apply)
      [32m+[0m [0m[1m[0mmax[0m[0m    = 5
      [32m+[0m [0m[1m[0mmin[0m[0m    = 1
      [32m+[0m [0m[1m[0mresult[0m[0m = (known after apply)
    }

[1m  # module.core[1].module.role[33].time_sleep.bar[0m will be created[0m[0m
[0m  [32m+[0m[0m resource "time_sleep" "bar" {
      [32m+[0m [0m[1m[0mcreate_duration[0m[0m = (known after apply)
      [32m+[0m [0m[1m[0mid[0m[0m              = (known after apply)
    }

[1m  # module.core[1].module.role[34].random_integer.sleep[0m will be created[0m[0m
[0m  [32m+[0m[0m resource "random_integer" "sleep" {
      [32m+[0m [0m[1m[0mid[0m[0m     = (known after apply)
      [32m+[0m [0m[1m[0mmax[0m[0m    = 5
      [32m+[0m [0m[1m[0mmin[0m[0m    = 1
      [32m+[0m [0m[1m[0mresult[0m[0m = (known after apply)
    }

[1m  # module.core[1].module.role[34].time_sleep.bar[0m will be created[0m[0m
[0m  [32m+[0m[0m resource "time_sleep" "bar" {
      [32m+[0m [0m[1m[0mcreate_duration[0m[0m = (known after apply)
      [32m+[0m [0m[1m[0mid[0m[0m              = (known after apply)
    }

[1m  # module.core[1].module.role[35].random_integer.sleep[0m will be created[0m[0m
[0m  [32m+[0m[0m resource "random_integer" "sleep" {
      [32m+[0m [0m[1m[0mid[0m[0m     = (known after apply)
      [32m+[0m [0m[1m[0mmax[0m[0m    = 5
      [32m+[0m [0m[1m[0mmin[0m[0m    = 1
      [32m+[0m [0m[1m[0mresult[0m[0m = (known after apply)
    }

[1m  # module.core[1].module.role[35].time_sleep.bar[0m will be created[0m[0m
[0m  [32m+[0m[0m resource "time_sleep" "bar" {
      [32m+[0m [0m[1m[0mcreate_duration[0m[0m = (known after apply)
      [32m+[0m [0m[1m[0mid[0m[0m              = (known after apply)
    }

[1m  # module.core[1].module.role[36].random_integer.sleep[0m will be created[0m[0m
[0m  [32m+[0m[0m resource "random_integer" "sleep" {
      [32m+[0m [0m[1m[0mid[0m[0m     = (known after apply)
      [32m+[0m [0m[1m[0mmax[0m[0m    = 5
      [32m+[0m [0m[1m[0mmin[0m[0m    = 1
      [32m+[0m [0m[1m[0mresult[0m[0m = (known after apply)
    }

[1m  # module.core[1].module.role[36].time_sleep.bar[0m will be created[0m[0m
[0m  [32m+[0m[0m resource "time_sleep" "bar" {
      [32m+[0m [0m[1m[0mcreate_duration[0m[0m = (known after apply)
      [32m+[0m [0m[1m[0mid[0m[0m              = (known after apply)
    }

[1m  # module.core[1].module.role[37].random_integer.sleep[0m will be created[0m[0m
[0m  [32m+[0m[0m resource "random_integer" "sleep" {
      [32m+[0m [0m[1m[0mid[0m[0m     = (known after apply)
      [32m+[0m [0m[1m[0mmax[0m[0m    = 5
      [32m+[0m [0m[1m[0mmin[0m[0m    = 1
      [32m+[0m [0m[1m[0mresult[0m[0m = (known after apply)
    }

[1m  # module.core[1].module.role[37].time_sleep.bar[0m will be created[0m[0m
[0m  [32m+[0m[0m resource "time_sleep" "bar" {
      [32m+[0m [0m[1m[0mcreate_duration[0m[0m = (known after apply)
      [32m+[0m [0m[1m[0mid[0m[0m              = (known after apply)
    }

[1m  # module.core[1].module.role[38].random_integer.sleep[0m will be created[0m[0m
[0m  [32m+[0m[0m resource "random_integer" "sleep" {
      [32m+[0m [0m[1m[0mid[0m[0m     = (known after apply)
      [32m+[0m [0m[1m[0mmax[0m[0m    = 5
      [32m+[0m [0m[1m[0mmin[0m[0m    = 1
      [32m+[0m [0m[1m[0mresult[0m[0m = (known after apply)
    }

[1m  # module.core[1].module.role[38].time_sleep.bar[0m will be created[0m[0m
[0m  [32m+[0m[0m resource "time_sleep" "bar" {
      [32m+[0m [0m[1m[0mcreate_duration[0m[0m = (known after apply)
      [32m+[0m [0m[1m[0mid[0m[0m              = (known after apply)
    }

[1m  # module.core[1].module.role[39].random_integer.sleep[0m will be created[0m[0m
[0m  [32m+[0m[0m resource "random_integer" "sleep" {
      [32m+[0m [0m[1m[0mid[0m[0m     = (known after apply)
      [32m+[0m [0m[1m[0mmax[0m[0m    = 5
      [32m+[0m [0m[1m[0mmin[0m[0m    = 1
      [32m+[0m [0m[1m[0mresult[0m[0m = (known after apply)
    }

[1m  # module.core[1].module.role[39].time_sleep.bar[0m will be created[0m[0m
[0m  [32m+[0m[0m resource "time_sleep" "bar" {
      [32m+[0m [0m[1m[0mcreate_duration[0m[0m = (known after apply)
      [32m+[0m [0m[1m[0mid[0m[0m              = (known after apply)
    }

[1m  # module.core[1].module.role[40].random_integer.sleep[0m will be created[0m[0m
[0m  [32m+[0m[0m resource "random_integer" "sleep" {
      [32m+[0m [0m[1m[0mid[0m[0m     = (known after apply)
      [32m+[0m [0m[1m[0mmax[0m[0m    = 5
      [32m+[0m [0m[1m[0mmin[0m[0m    = 1
      [32m+[0m [0m[1m[0mresult[0m[0m = (known after apply)
    }

[1m  # module.core[1].module.role[40].time_sleep.bar[0m will be created[0m[0m
[0m  [32m+[0m[0m resource "time_sleep" "bar" {
      [32m+[0m [0m[1m[0mcreate_duration[0m[0m = (known after apply)
      [32m+[0m [0m[1m[0mid[0m[0m              = (known after apply)
    }

[1m  # module.core[1].module.role[41].random_integer.sleep[0m will be created[0m[0m
[0m  [32m+[0m[0m resource "random_integer" "sleep" {
      [32m+[0m [0m[1m[0mid[0m[0m     = (known after apply)
      [32m+[0m [0m[1m[0mmax[0m[0m    = 5
      [32m+[0m [0m[1m[0mmin[0m[0m    = 1
      [32m+[0m [0m[1m[0mresult[0m[0m = (known after apply)
    }

[1m  # module.core[1].module.role[41].time_sleep.bar[0m will be created[0m[0m
[0m  [32m+[0m[0m resource "time_sleep" "bar" {
      [32m+[0m [0m[1m[0mcreate_duration[0m[0m = (known after apply)
      [32m+[0m [0m[1m[0mid[0m[0m              = (known after apply)
    }

[1m  # module.core[1].module.role[42].random_integer.sleep[0m will be created[0m[0m
[0m  [32m+[0m[0m resource "random_integer" "sleep" {
      [32m+[0m [0m[1m[0mid[0m[0m     = (known after apply)
      [32m+[0m [0m[1m[0mmax[0m[0m    = 5
      [32m+[0m [0m[1m[0mmin[0m[0m    = 1
      [32m+[0m [0m[1m[0mresult[0m[0m = (known after apply)
    }

[1m  # module.core[1].module.role[42].time_sleep.bar[0m will be created[0m[0m
[0m  [32m+[0m[0m resource "time_sleep" "bar" {
      [32m+[0m [0m[1m[0mcreate_duration[0m[0m = (known after apply)
      [32m+[0m [0m[1m[0mid[0m[0m              = (known after apply)
    }

[1m  # module.core[1].module.role[43].random_integer.sleep[0m will be created[0m[0m
[0m  [32m+[0m[0m resource "random_integer" "sleep" {
      [32m+[0m [0m[1m[0mid[0m[0m     = (known after apply)
      [32m+[0m [0m[1m[0mmax[0m[0m    = 5
      [32m+[0m [0m[1m[0mmin[0m[0m    = 1
      [32m+[0m [0m[1m[0mresult[0m[0m = (known after apply)
    }

[1m  # module.core[1].module.role[43].time_sleep.bar[0m will be created[0m[0m
[0m  [32m+[0m[0m resource "time_sleep" "bar" {
      [32m+[0m [0m[1m[0mcreate_duration[0m[0m = (known after apply)
      [32m+[0m [0m[1m[0mid[0m[0m              = (known after apply)
    }

[1m  # module.core[1].module.role[44].random_integer.sleep[0m will be created[0m[0m
[0m  [32m+[0m[0m resource "random_integer" "sleep" {
      [32m+[0m [0m[1m[0mid[0m[0m     = (known after apply)
      [32m+[0m [0m[1m[0mmax[0m[0m    = 5
      [32m+[0m [0m[1m[0mmin[0m[0m    = 1
      [32m+[0m [0m[1m[0mresult[0m[0m = (known after apply)
    }

[1m  # module.core[1].module.role[44].time_sleep.bar[0m will be created[0m[0m
[0m  [32m+[0m[0m resource "time_sleep" "bar" {
      [32m+[0m [0m[1m[0mcreate_duration[0m[0m = (known after apply)
      [32m+[0m [0m[1m[0mid[0m[0m              = (known after apply)
    }

[1m  # module.core[1].module.role[45].random_integer.sleep[0m will be created[0m[0m
[0m  [32m+[0m[0m resource "random_integer" "sleep" {
      [32m+[0m [0m[1m[0mid[0m[0m     = (known after apply)
      [32m+[0m [0m[1m[0mmax[0m[0m    = 5
      [32m+[0m [0m[1m[0mmin[0m[0m    = 1
      [32m+[0m [0m[1m[0mresult[0m[0m = (known after apply)
    }

[1m  # module.core[1].module.role[45].time_sleep.bar[0m will be created[0m[0m
[0m  [32m+[0m[0m resource "time_sleep" "bar" {
      [32m+[0m [0m[1m[0mcreate_duration[0m[0m = (known after apply)
      [32m+[0m [0m[1m[0mid[0m[0m              = (known after apply)
    }

[1m  # module.core[1].module.role[46].random_integer.sleep[0m will be created[0m[0m
[0m  [32m+[0m[0m resource "random_integer" "sleep" {
      [32m+[0m [0m[1m[0mid[0m[0m     = (known after apply)
      [32m+[0m [0m[1m[0mmax[0m[0m    = 5
      [32m+[0m [0m[1m[0mmin[0m[0m    = 1
      [32m+[0m [0m[1m[0mresult[0m[0m = (known after apply)
    }

[1m  # module.core[1].module.role[46].time_sleep.bar[0m will be created[0m[0m
[0m  [32m+[0m[0m resource "time_sleep" "bar" {
      [32m+[0m [0m[1m[0mcreate_duration[0m[0m = (known after apply)
      [32m+[0m [0m[1m[0mid[0m[0m              = (known after apply)
    }

[1m  # module.core[1].module.role[47].random_integer.sleep[0m will be created[0m[0m
[0m  [32m+[0m[0m resource "random_integer" "sleep" {
      [32m+[0m [0m[1m[0mid[0m[0m     = (known after apply)
      [32m+[0m [0m[1m[0mmax[0m[0m    = 5
      [32m+[0m [0m[1m[0mmin[0m[0m    = 1
      [32m+[0m [0m[1m[0mresult[0m[0m = (known after apply)
    }

[1m  # module.core[1].module.role[47].time_sleep.bar[0m will be created[0m[0m
[0m  [32m+[0m[0m resource "time_sleep" "bar" {
      [32m+[0m [0m[1m[0mcreate_duration[0m[0m = (known after apply)
      [32m+[0m [0m[1m[0mid[0m[0m              = (known after apply)
    }

[1m  # module.core[1].module.role[48].random_integer.sleep[0m will be created[0m[0m
[0m  [32m+[0m[0m resource "random_integer" "sleep" {
      [32m+[0m [0m[1m[0mid[0m[0m     = (known after apply)
      [32m+[0m [0m[1m[0mmax[0m[0m    = 5
      [32m+[0m [0m[1m[0mmin[0m[0m    = 1
      [32m+[0m [0m[1m[0mresult[0m[0m = (known after apply)
    }

[1m  # module.core[1].module.role[48].time_sleep.bar[0m will be created[0m[0m
[0m  [32m+[0m[0m resource "time_sleep" "bar" {
      [32m+[0m [0m[1m[0mcreate_duration[0m[0m = (known after apply)
      [32m+[0m [0m[1m[0mid[0m[0m              = (known after apply)
    }

[1m  # module.core[1].module.role[49].random_integer.sleep[0m will be created[0m[0m
[0m  [32m+[0m[0m resource "random_integer" "sleep" {
      [32m+[0m [0m[1m[0mid[0m[0m     = (known after apply)
      [32m+[0m [0m[1m[0mmax[0m[0m    = 5
      [32m+[0m [0m[1m[0mmin[0m[0m    = 1
      [32m+[0m [0m[1m[0mresult[0m[0m = (known after apply)
    }

[1m  # module.core[1].module.role[49].time_sleep.bar[0m will be created[0m[0m
[0m  [32m+[0m[0m resource "time_sleep" "bar" {
      [32m+[0m [0m[1m[0mcreate_duration[0m[0m = (known after apply)
      [32m+[0m [0m[1m[0mid[0m[0m              = (known after apply)
    }

[1m  # module.core[1].module.security_rule[0].random_integer.sleep[0m will be created[0m[0m
[0m  [32m+[0m[0m resource "random_integer" "sleep" {
      [32m+[0m [0m[1m[0mid[0m[0m     = (known after apply)
      [32m+[0m [0m[1m[0mmax[0m[0m    = 5
      [32m+[0m [0m[1m[0mmin[0m[0m    = 0
      [32m+[0m [0m[1m[0mresult[0m[0m = (known after apply)
    }

[1m  # module.core[1].module.security_rule[0].time_sleep.bar[0m will be created[0m[0m
[0m  [32m+[0m[0m resource "time_sleep" "bar" {
      [32m+[0m [0m[1m[0mcreate_duration[0m[0m = (known after apply)
      [32m+[0m [0m[1m[0mid[0m[0m              = (known after apply)
    }

[1m  # module.core[1].module.security_rule[1].random_integer.sleep[0m will be created[0m[0m
[0m  [32m+[0m[0m resource "random_integer" "sleep" {
      [32m+[0m [0m[1m[0mid[0m[0m     = (known after apply)
      [32m+[0m [0m[1m[0mmax[0m[0m    = 5
      [32m+[0m [0m[1m[0mmin[0m[0m    = 0
      [32m+[0m [0m[1m[0mresult[0m[0m = (known after apply)
    }

[1m  # module.core[1].module.security_rule[1].time_sleep.bar[0m will be created[0m[0m
[0m  [32m+[0m[0m resource "time_sleep" "bar" {
      [32m+[0m [0m[1m[0mcreate_duration[0m[0m = (known after apply)
      [32m+[0m [0m[1m[0mid[0m[0m              = (known after apply)
    }

[1m  # module.core[1].module.security_rule[2].random_integer.sleep[0m will be created[0m[0m
[0m  [32m+[0m[0m resource "random_integer" "sleep" {
      [32m+[0m [0m[1m[0mid[0m[0m     = (known after apply)
      [32m+[0m [0m[1m[0mmax[0m[0m    = 5
      [32m+[0m [0m[1m[0mmin[0m[0m    = 0
      [32m+[0m [0m[1m[0mresult[0m[0m = (known after apply)
    }

[1m  # module.core[1].module.security_rule[2].time_sleep.bar[0m will be created[0m[0m
[0m  [32m+[0m[0m resource "time_sleep" "bar" {
      [32m+[0m [0m[1m[0mcreate_duration[0m[0m = (known after apply)
      [32m+[0m [0m[1m[0mid[0m[0m              = (known after apply)
    }

[1m  # module.core[1].module.security_rule[3].random_integer.sleep[0m will be created[0m[0m
[0m  [32m+[0m[0m resource "random_integer" "sleep" {
      [32m+[0m [0m[1m[0mid[0m[0m     = (known after apply)
      [32m+[0m [0m[1m[0mmax[0m[0m    = 5
      [32m+[0m [0m[1m[0mmin[0m[0m    = 0
      [32m+[0m [0m[1m[0mresult[0m[0m = (known after apply)
    }

[1m  # module.core[1].module.security_rule[3].time_sleep.bar[0m will be created[0m[0m
[0m  [32m+[0m[0m resource "time_sleep" "bar" {
      [32m+[0m [0m[1m[0mcreate_duration[0m[0m = (known after apply)
      [32m+[0m [0m[1m[0mid[0m[0m              = (known after apply)
    }

[1m  # module.core[1].module.security_rule[4].random_integer.sleep[0m will be created[0m[0m
[0m  [32m+[0m[0m resource "random_integer" "sleep" {
      [32m+[0m [0m[1m[0mid[0m[0m     = (known after apply)
      [32m+[0m [0m[1m[0mmax[0m[0m    = 5
      [32m+[0m [0m[1m[0mmin[0m[0m    = 0
      [32m+[0m [0m[1m[0mresult[0m[0m = (known after apply)
    }

[1m  # module.core[1].module.security_rule[4].time_sleep.bar[0m will be created[0m[0m
[0m  [32m+[0m[0m resource "time_sleep" "bar" {
      [32m+[0m [0m[1m[0mcreate_duration[0m[0m = (known after apply)
      [32m+[0m [0m[1m[0mid[0m[0m              = (known after apply)
    }

[1m  # module.core[1].module.security_rule[5].random_integer.sleep[0m will be created[0m[0m
[0m  [32m+[0m[0m resource "random_integer" "sleep" {
      [32m+[0m [0m[1m[0mid[0m[0m     = (known after apply)
      [32m+[0m [0m[1m[0mmax[0m[0m    = 5
      [32m+[0m [0m[1m[0mmin[0m[0m    = 0
      [32m+[0m [0m[1m[0mresult[0m[0m = (known after apply)
    }

[1m  # module.core[1].module.security_rule[5].time_sleep.bar[0m will be created[0m[0m
[0m  [32m+[0m[0m resource "time_sleep" "bar" {
      [32m+[0m [0m[1m[0mcreate_duration[0m[0m = (known after apply)
      [32m+[0m [0m[1m[0mid[0m[0m              = (known after apply)
    }

[1m  # module.core[1].module.security_rule[6].random_integer.sleep[0m will be created[0m[0m
[0m  [32m+[0m[0m resource "random_integer" "sleep" {
      [32m+[0m [0m[1m[0mid[0m[0m     = (known after apply)
      [32m+[0m [0m[1m[0mmax[0m[0m    = 5
      [32m+[0m [0m[1m[0mmin[0m[0m    = 0
      [32m+[0m [0m[1m[0mresult[0m[0m = (known after apply)
    }

[1m  # module.core[1].module.security_rule[6].time_sleep.bar[0m will be created[0m[0m
[0m  [32m+[0m[0m resource "time_sleep" "bar" {
      [32m+[0m [0m[1m[0mcreate_duration[0m[0m = (known after apply)
      [32m+[0m [0m[1m[0mid[0m[0m              = (known after apply)
    }

[1m  # module.core[1].module.security_rule[7].random_integer.sleep[0m will be created[0m[0m
[0m  [32m+[0m[0m resource "random_integer" "sleep" {
      [32m+[0m [0m[1m[0mid[0m[0m     = (known after apply)
      [32m+[0m [0m[1m[0mmax[0m[0m    = 5
      [32m+[0m [0m[1m[0mmin[0m[0m    = 0
      [32m+[0m [0m[1m[0mresult[0m[0m = (known after apply)
    }

[1m  # module.core[1].module.security_rule[7].time_sleep.bar[0m will be created[0m[0m
[0m  [32m+[0m[0m resource "time_sleep" "bar" {
      [32m+[0m [0m[1m[0mcreate_duration[0m[0m = (known after apply)
      [32m+[0m [0m[1m[0mid[0m[0m              = (known after apply)
    }

[1m  # module.core[1].module.security_rule[8].random_integer.sleep[0m will be created[0m[0m
[0m  [32m+[0m[0m resource "random_integer" "sleep" {
      [32m+[0m [0m[1m[0mid[0m[0m     = (known after apply)
      [32m+[0m [0m[1m[0mmax[0m[0m    = 5
      [32m+[0m [0m[1m[0mmin[0m[0m    = 0
      [32m+[0m [0m[1m[0mresult[0m[0m = (known after apply)
    }

[1m  # module.core[1].module.security_rule[8].time_sleep.bar[0m will be created[0m[0m
[0m  [32m+[0m[0m resource "time_sleep" "bar" {
      [32m+[0m [0m[1m[0mcreate_duration[0m[0m = (known after apply)
      [32m+[0m [0m[1m[0mid[0m[0m              = (known after apply)
    }

[1m  # module.core[1].module.security_rule[9].random_integer.sleep[0m will be created[0m[0m
[0m  [32m+[0m[0m resource "random_integer" "sleep" {
      [32m+[0m [0m[1m[0mid[0m[0m     = (known after apply)
      [32m+[0m [0m[1m[0mmax[0m[0m    = 5
      [32m+[0m [0m[1m[0mmin[0m[0m    = 0
      [32m+[0m [0m[1m[0mresult[0m[0m = (known after apply)
    }

[1m  # module.core[1].module.security_rule[9].time_sleep.bar[0m will be created[0m[0m
[0m  [32m+[0m[0m resource "time_sleep" "bar" {
      [32m+[0m [0m[1m[0mcreate_duration[0m[0m = (known after apply)
      [32m+[0m [0m[1m[0mid[0m[0m              = (known after apply)
    }

[1m  # module.core[1].module.security_rule[10].random_integer.sleep[0m will be created[0m[0m
[0m  [32m+[0m[0m resource "random_integer" "sleep" {
      [32m+[0m [0m[1m[0mid[0m[0m     = (known after apply)
      [32m+[0m [0m[1m[0mmax[0m[0m    = 5
      [32m+[0m [0m[1m[0mmin[0m[0m    = 0
      [32m+[0m [0m[1m[0mresult[0m[0m = (known after apply)
    }

[1m  # module.core[1].module.security_rule[10].time_sleep.bar[0m will be created[0m[0m
[0m  [32m+[0m[0m resource "time_sleep" "bar" {
      [32m+[0m [0m[1m[0mcreate_duration[0m[0m = (known after apply)
      [32m+[0m [0m[1m[0mid[0m[0m              = (known after apply)
    }

[1m  # module.core[1].module.security_rule[11].random_integer.sleep[0m will be created[0m[0m
[0m  [32m+[0m[0m resource "random_integer" "sleep" {
      [32m+[0m [0m[1m[0mid[0m[0m     = (known after apply)
      [32m+[0m [0m[1m[0mmax[0m[0m    = 5
      [32m+[0m [0m[1m[0mmin[0m[0m    = 0
      [32m+[0m [0m[1m[0mresult[0m[0m = (known after apply)
    }

[1m  # module.core[1].module.security_rule[11].time_sleep.bar[0m will be created[0m[0m
[0m  [32m+[0m[0m resource "time_sleep" "bar" {
      [32m+[0m [0m[1m[0mcreate_duration[0m[0m = (known after apply)
      [32m+[0m [0m[1m[0mid[0m[0m              = (known after apply)
    }

[1m  # module.core[1].module.security_rule[12].random_integer.sleep[0m will be created[0m[0m
[0m  [32m+[0m[0m resource "random_integer" "sleep" {
      [32m+[0m [0m[1m[0mid[0m[0m     = (known after apply)
      [32m+[0m [0m[1m[0mmax[0m[0m    = 5
      [32m+[0m [0m[1m[0mmin[0m[0m    = 0
      [32m+[0m [0m[1m[0mresult[0m[0m = (known after apply)
    }

[1m  # module.core[1].module.security_rule[12].time_sleep.bar[0m will be created[0m[0m
[0m  [32m+[0m[0m resource "time_sleep" "bar" {
      [32m+[0m [0m[1m[0mcreate_duration[0m[0m = (known after apply)
      [32m+[0m [0m[1m[0mid[0m[0m              = (known after apply)
    }

[1m  # module.core[1].module.security_rule[13].random_integer.sleep[0m will be created[0m[0m
[0m  [32m+[0m[0m resource "random_integer" "sleep" {
      [32m+[0m [0m[1m[0mid[0m[0m     = (known after apply)
      [32m+[0m [0m[1m[0mmax[0m[0m    = 5
      [32m+[0m [0m[1m[0mmin[0m[0m    = 0
      [32m+[0m [0m[1m[0mresult[0m[0m = (known after apply)
    }

[1m  # module.core[1].module.security_rule[13].time_sleep.bar[0m will be created[0m[0m
[0m  [32m+[0m[0m resource "time_sleep" "bar" {
      [32m+[0m [0m[1m[0mcreate_duration[0m[0m = (known after apply)
      [32m+[0m [0m[1m[0mid[0m[0m              = (known after apply)
    }

[1m  # module.core[1].module.security_rule[14].random_integer.sleep[0m will be created[0m[0m
[0m  [32m+[0m[0m resource "random_integer" "sleep" {
      [32m+[0m [0m[1m[0mid[0m[0m     = (known after apply)
      [32m+[0m [0m[1m[0mmax[0m[0m    = 5
      [32m+[0m [0m[1m[0mmin[0m[0m    = 0
      [32m+[0m [0m[1m[0mresult[0m[0m = (known after apply)
    }

[1m  # module.core[1].module.security_rule[14].time_sleep.bar[0m will be created[0m[0m
[0m  [32m+[0m[0m resource "time_sleep" "bar" {
      [32m+[0m [0m[1m[0mcreate_duration[0m[0m = (known after apply)
      [32m+[0m [0m[1m[0mid[0m[0m              = (known after apply)
    }

[1m  # module.core[1].module.security_rule[15].random_integer.sleep[0m will be created[0m[0m
[0m  [32m+[0m[0m resource "random_integer" "sleep" {
      [32m+[0m [0m[1m[0mid[0m[0m     = (known after apply)
      [32m+[0m [0m[1m[0mmax[0m[0m    = 5
      [32m+[0m [0m[1m[0mmin[0m[0m    = 0
      [32m+[0m [0m[1m[0mresult[0m[0m = (known after apply)
    }

[1m  # module.core[1].module.security_rule[15].time_sleep.bar[0m will be created[0m[0m
[0m  [32m+[0m[0m resource "time_sleep" "bar" {
      [32m+[0m [0m[1m[0mcreate_duration[0m[0m = (known after apply)
      [32m+[0m [0m[1m[0mid[0m[0m              = (known after apply)
    }

[1m  # module.core[1].module.security_rule[16].random_integer.sleep[0m will be created[0m[0m
[0m  [32m+[0m[0m resource "random_integer" "sleep" {
      [32m+[0m [0m[1m[0mid[0m[0m     = (known after apply)
      [32m+[0m [0m[1m[0mmax[0m[0m    = 5
      [32m+[0m [0m[1m[0mmin[0m[0m    = 0
      [32m+[0m [0m[1m[0mresult[0m[0m = (known after apply)
    }

[1m  # module.core[1].module.security_rule[16].time_sleep.bar[0m will be created[0m[0m
[0m  [32m+[0m[0m resource "time_sleep" "bar" {
      [32m+[0m [0m[1m[0mcreate_duration[0m[0m = (known after apply)
      [32m+[0m [0m[1m[0mid[0m[0m              = (known after apply)
    }

[1m  # module.core[1].module.security_rule[17].random_integer.sleep[0m will be created[0m[0m
[0m  [32m+[0m[0m resource "random_integer" "sleep" {
      [32m+[0m [0m[1m[0mid[0m[0m     = (known after apply)
      [32m+[0m [0m[1m[0mmax[0m[0m    = 5
      [32m+[0m [0m[1m[0mmin[0m[0m    = 0
      [32m+[0m [0m[1m[0mresult[0m[0m = (known after apply)
    }

[1m  # module.core[1].module.security_rule[17].time_sleep.bar[0m will be created[0m[0m
[0m  [32m+[0m[0m resource "time_sleep" "bar" {
      [32m+[0m [0m[1m[0mcreate_duration[0m[0m = (known after apply)
      [32m+[0m [0m[1m[0mid[0m[0m              = (known after apply)
    }

[1m  # module.core[1].module.security_rule[18].random_integer.sleep[0m will be created[0m[0m
[0m  [32m+[0m[0m resource "random_integer" "sleep" {
      [32m+[0m [0m[1m[0mid[0m[0m     = (known after apply)
      [32m+[0m [0m[1m[0mmax[0m[0m    = 5
      [32m+[0m [0m[1m[0mmin[0m[0m    = 0
      [32m+[0m [0m[1m[0mresult[0m[0m = (known after apply)
    }

[1m  # module.core[1].module.security_rule[18].time_sleep.bar[0m will be created[0m[0m
[0m  [32m+[0m[0m resource "time_sleep" "bar" {
      [32m+[0m [0m[1m[0mcreate_duration[0m[0m = (known after apply)
      [32m+[0m [0m[1m[0mid[0m[0m              = (known after apply)
    }

[1m  # module.core[1].module.security_rule[19].random_integer.sleep[0m will be created[0m[0m
[0m  [32m+[0m[0m resource "random_integer" "sleep" {
      [32m+[0m [0m[1m[0mid[0m[0m     = (known after apply)
      [32m+[0m [0m[1m[0mmax[0m[0m    = 5
      [32m+[0m [0m[1m[0mmin[0m[0m    = 0
      [32m+[0m [0m[1m[0mresult[0m[0m = (known after apply)
    }

[1m  # module.core[1].module.security_rule[19].time_sleep.bar[0m will be created[0m[0m
[0m  [32m+[0m[0m resource "time_sleep" "bar" {
      [32m+[0m [0m[1m[0mcreate_duration[0m[0m = (known after apply)
      [32m+[0m [0m[1m[0mid[0m[0m              = (known after apply)
    }

[1m  # module.core[1].module.security_rule[20].random_integer.sleep[0m will be created[0m[0m
[0m  [32m+[0m[0m resource "random_integer" "sleep" {
      [32m+[0m [0m[1m[0mid[0m[0m     = (known after apply)
      [32m+[0m [0m[1m[0mmax[0m[0m    = 5
      [32m+[0m [0m[1m[0mmin[0m[0m    = 0
      [32m+[0m [0m[1m[0mresult[0m[0m = (known after apply)
    }

[1m  # module.core[1].module.security_rule[20].time_sleep.bar[0m will be created[0m[0m
[0m  [32m+[0m[0m resource "time_sleep" "bar" {
      [32m+[0m [0m[1m[0mcreate_duration[0m[0m = (known after apply)
      [32m+[0m [0m[1m[0mid[0m[0m              = (known after apply)
    }

[1m  # module.core[1].module.security_rule[21].random_integer.sleep[0m will be created[0m[0m
[0m  [32m+[0m[0m resource "random_integer" "sleep" {
      [32m+[0m [0m[1m[0mid[0m[0m     = (known after apply)
      [32m+[0m [0m[1m[0mmax[0m[0m    = 5
      [32m+[0m [0m[1m[0mmin[0m[0m    = 0
      [32m+[0m [0m[1m[0mresult[0m[0m = (known after apply)
    }

[1m  # module.core[1].module.security_rule[21].time_sleep.bar[0m will be created[0m[0m
[0m  [32m+[0m[0m resource "time_sleep" "bar" {
      [32m+[0m [0m[1m[0mcreate_duration[0m[0m = (known after apply)
      [32m+[0m [0m[1m[0mid[0m[0m              = (known after apply)
    }

[1m  # module.core[1].module.security_rule[22].random_integer.sleep[0m will be created[0m[0m
[0m  [32m+[0m[0m resource "random_integer" "sleep" {
      [32m+[0m [0m[1m[0mid[0m[0m     = (known after apply)
      [32m+[0m [0m[1m[0mmax[0m[0m    = 5
      [32m+[0m [0m[1m[0mmin[0m[0m    = 0
      [32m+[0m [0m[1m[0mresult[0m[0m = (known after apply)
    }

[1m  # module.core[1].module.security_rule[22].time_sleep.bar[0m will be created[0m[0m
[0m  [32m+[0m[0m resource "time_sleep" "bar" {
      [32m+[0m [0m[1m[0mcreate_duration[0m[0m = (known after apply)
      [32m+[0m [0m[1m[0mid[0m[0m              = (known after apply)
    }

[1m  # module.core[1].module.security_rule[23].random_integer.sleep[0m will be created[0m[0m
[0m  [32m+[0m[0m resource "random_integer" "sleep" {
      [32m+[0m [0m[1m[0mid[0m[0m     = (known after apply)
      [32m+[0m [0m[1m[0mmax[0m[0m    = 5
      [32m+[0m [0m[1m[0mmin[0m[0m    = 0
      [32m+[0m [0m[1m[0mresult[0m[0m = (known after apply)
    }

[1m  # module.core[1].module.security_rule[23].time_sleep.bar[0m will be created[0m[0m
[0m  [32m+[0m[0m resource "time_sleep" "bar" {
      [32m+[0m [0m[1m[0mcreate_duration[0m[0m = (known after apply)
      [32m+[0m [0m[1m[0mid[0m[0m              = (known after apply)
    }

[1m  # module.core[1].module.security_rule[24].random_integer.sleep[0m will be created[0m[0m
[0m  [32m+[0m[0m resource "random_integer" "sleep" {
      [32m+[0m [0m[1m[0mid[0m[0m     = (known after apply)
      [32m+[0m [0m[1m[0mmax[0m[0m    = 5
      [32m+[0m [0m[1m[0mmin[0m[0m    = 0
      [32m+[0m [0m[1m[0mresult[0m[0m = (known after apply)
    }

[1m  # module.core[1].module.security_rule[24].time_sleep.bar[0m will be created[0m[0m
[0m  [32m+[0m[0m resource "time_sleep" "bar" {
      [32m+[0m [0m[1m[0mcreate_duration[0m[0m = (known after apply)
      [32m+[0m [0m[1m[0mid[0m[0m              = (known after apply)
    }

[1m  # module.core[1].module.security_rule[25].random_integer.sleep[0m will be created[0m[0m
[0m  [32m+[0m[0m resource "random_integer" "sleep" {
      [32m+[0m [0m[1m[0mid[0m[0m     = (known after apply)
      [32m+[0m [0m[1m[0mmax[0m[0m    = 5
      [32m+[0m [0m[1m[0mmin[0m[0m    = 0
      [32m+[0m [0m[1m[0mresult[0m[0m = (known after apply)
    }

[1m  # module.core[1].module.security_rule[25].time_sleep.bar[0m will be created[0m[0m
[0m  [32m+[0m[0m resource "time_sleep" "bar" {
      [32m+[0m [0m[1m[0mcreate_duration[0m[0m = (known after apply)
      [32m+[0m [0m[1m[0mid[0m[0m              = (known after apply)
    }

[1m  # module.core[1].module.security_rule[26].random_integer.sleep[0m will be created[0m[0m
[0m  [32m+[0m[0m resource "random_integer" "sleep" {
      [32m+[0m [0m[1m[0mid[0m[0m     = (known after apply)
      [32m+[0m [0m[1m[0mmax[0m[0m    = 5
      [32m+[0m [0m[1m[0mmin[0m[0m    = 0
      [32m+[0m [0m[1m[0mresult[0m[0m = (known after apply)
    }

[1m  # module.core[1].module.security_rule[26].time_sleep.bar[0m will be created[0m[0m
[0m  [32m+[0m[0m resource "time_sleep" "bar" {
      [32m+[0m [0m[1m[0mcreate_duration[0m[0m = (known after apply)
      [32m+[0m [0m[1m[0mid[0m[0m              = (known after apply)
    }

[1m  # module.core[1].module.security_rule[27].random_integer.sleep[0m will be created[0m[0m
[0m  [32m+[0m[0m resource "random_integer" "sleep" {
      [32m+[0m [0m[1m[0mid[0m[0m     = (known after apply)
      [32m+[0m [0m[1m[0mmax[0m[0m    = 5
      [32m+[0m [0m[1m[0mmin[0m[0m    = 0
      [32m+[0m [0m[1m[0mresult[0m[0m = (known after apply)
    }

[1m  # module.core[1].module.security_rule[27].time_sleep.bar[0m will be created[0m[0m
[0m  [32m+[0m[0m resource "time_sleep" "bar" {
      [32m+[0m [0m[1m[0mcreate_duration[0m[0m = (known after apply)
      [32m+[0m [0m[1m[0mid[0m[0m              = (known after apply)
    }

[1m  # module.core[1].module.security_rule[28].random_integer.sleep[0m will be created[0m[0m
[0m  [32m+[0m[0m resource "random_integer" "sleep" {
      [32m+[0m [0m[1m[0mid[0m[0m     = (known after apply)
      [32m+[0m [0m[1m[0mmax[0m[0m    = 5
      [32m+[0m [0m[1m[0mmin[0m[0m    = 0
      [32m+[0m [0m[1m[0mresult[0m[0m = (known after apply)
    }

[1m  # module.core[1].module.security_rule[28].time_sleep.bar[0m will be created[0m[0m
[0m  [32m+[0m[0m resource "time_sleep" "bar" {
      [32m+[0m [0m[1m[0mcreate_duration[0m[0m = (known after apply)
      [32m+[0m [0m[1m[0mid[0m[0m              = (known after apply)
    }

[1m  # module.core[1].module.security_rule[29].random_integer.sleep[0m will be created[0m[0m
[0m  [32m+[0m[0m resource "random_integer" "sleep" {
      [32m+[0m [0m[1m[0mid[0m[0m     = (known after apply)
      [32m+[0m [0m[1m[0mmax[0m[0m    = 5
      [32m+[0m [0m[1m[0mmin[0m[0m    = 0
      [32m+[0m [0m[1m[0mresult[0m[0m = (known after apply)
    }

[1m  # module.core[1].module.security_rule[29].time_sleep.bar[0m will be created[0m[0m
[0m  [32m+[0m[0m resource "time_sleep" "bar" {
      [32m+[0m [0m[1m[0mcreate_duration[0m[0m = (known after apply)
      [32m+[0m [0m[1m[0mid[0m[0m              = (known after apply)
    }

[1m  # module.core[1].module.security_rule[30].random_integer.sleep[0m will be created[0m[0m
[0m  [32m+[0m[0m resource "random_integer" "sleep" {
      [32m+[0m [0m[1m[0mid[0m[0m     = (known after apply)
      [32m+[0m [0m[1m[0mmax[0m[0m    = 5
      [32m+[0m [0m[1m[0mmin[0m[0m    = 0
      [32m+[0m [0m[1m[0mresult[0m[0m = (known after apply)
    }

[1m  # module.core[1].module.security_rule[30].time_sleep.bar[0m will be created[0m[0m
[0m  [32m+[0m[0m resource "time_sleep" "bar" {
      [32m+[0m [0m[1m[0mcreate_duration[0m[0m = (known after apply)
      [32m+[0m [0m[1m[0mid[0m[0m              = (known after apply)
    }

[1m  # module.core[1].module.security_rule[31].random_integer.sleep[0m will be created[0m[0m
[0m  [32m+[0m[0m resource "random_integer" "sleep" {
      [32m+[0m [0m[1m[0mid[0m[0m     = (known after apply)
      [32m+[0m [0m[1m[0mmax[0m[0m    = 5
      [32m+[0m [0m[1m[0mmin[0m[0m    = 0
      [32m+[0m [0m[1m[0mresult[0m[0m = (known after apply)
    }

[1m  # module.core[1].module.security_rule[31].time_sleep.bar[0m will be created[0m[0m
[0m  [32m+[0m[0m resource "time_sleep" "bar" {
      [32m+[0m [0m[1m[0mcreate_duration[0m[0m = (known after apply)
      [32m+[0m [0m[1m[0mid[0m[0m              = (known after apply)
    }

[1m  # module.core[1].module.security_rule[32].random_integer.sleep[0m will be created[0m[0m
[0m  [32m+[0m[0m resource "random_integer" "sleep" {
      [32m+[0m [0m[1m[0mid[0m[0m     = (known after apply)
      [32m+[0m [0m[1m[0mmax[0m[0m    = 5
      [32m+[0m [0m[1m[0mmin[0m[0m    = 0
      [32m+[0m [0m[1m[0mresult[0m[0m = (known after apply)
    }

[1m  # module.core[1].module.security_rule[32].time_sleep.bar[0m will be created[0m[0m
[0m  [32m+[0m[0m resource "time_sleep" "bar" {
      [32m+[0m [0m[1m[0mcreate_duration[0m[0m = (known after apply)
      [32m+[0m [0m[1m[0mid[0m[0m              = (known after apply)
    }

[1m  # module.core[1].module.security_rule[33].random_integer.sleep[0m will be created[0m[0m
[0m  [32m+[0m[0m resource "random_integer" "sleep" {
      [32m+[0m [0m[1m[0mid[0m[0m     = (known after apply)
      [32m+[0m [0m[1m[0mmax[0m[0m    = 5
      [32m+[0m [0m[1m[0mmin[0m[0m    = 0
      [32m+[0m [0m[1m[0mresult[0m[0m = (known after apply)
    }

[1m  # module.core[1].module.security_rule[33].time_sleep.bar[0m will be created[0m[0m
[0m  [32m+[0m[0m resource "time_sleep" "bar" {
      [32m+[0m [0m[1m[0mcreate_duration[0m[0m = (known after apply)
      [32m+[0m [0m[1m[0mid[0m[0m              = (known after apply)
    }

[1m  # module.core[1].module.security_rule[34].random_integer.sleep[0m will be created[0m[0m
[0m  [32m+[0m[0m resource "random_integer" "sleep" {
      [32m+[0m [0m[1m[0mid[0m[0m     = (known after apply)
      [32m+[0m [0m[1m[0mmax[0m[0m    = 5
      [32m+[0m [0m[1m[0mmin[0m[0m    = 0
      [32m+[0m [0m[1m[0mresult[0m[0m = (known after apply)
    }

[1m  # module.core[1].module.security_rule[34].time_sleep.bar[0m will be created[0m[0m
[0m  [32m+[0m[0m resource "time_sleep" "bar" {
      [32m+[0m [0m[1m[0mcreate_duration[0m[0m = (known after apply)
      [32m+[0m [0m[1m[0mid[0m[0m              = (known after apply)
    }

[1m  # module.core[2].module.role[0].random_integer.sleep[0m will be created[0m[0m
[0m  [32m+[0m[0m resource "random_integer" "sleep" {
      [32m+[0m [0m[1m[0mid[0m[0m     = (known after apply)
      [32m+[0m [0m[1m[0mmax[0m[0m    = 5
      [32m+[0m [0m[1m[0mmin[0m[0m    = 1
      [32m+[0m [0m[1m[0mresult[0m[0m = (known after apply)
    }

[1m  # module.core[2].module.role[0].time_sleep.bar[0m will be created[0m[0m
[0m  [32m+[0m[0m resource "time_sleep" "bar" {
      [32m+[0m [0m[1m[0mcreate_duration[0m[0m = (known after apply)
      [32m+[0m [0m[1m[0mid[0m[0m              = (known after apply)
    }

[1m  # module.core[2].module.role[1].random_integer.sleep[0m will be created[0m[0m
[0m  [32m+[0m[0m resource "random_integer" "sleep" {
      [32m+[0m [0m[1m[0mid[0m[0m     = (known after apply)
      [32m+[0m [0m[1m[0mmax[0m[0m    = 5
      [32m+[0m [0m[1m[0mmin[0m[0m    = 1
      [32m+[0m [0m[1m[0mresult[0m[0m = (known after apply)
    }

[1m  # module.core[2].module.role[1].time_sleep.bar[0m will be created[0m[0m
[0m  [32m+[0m[0m resource "time_sleep" "bar" {
      [32m+[0m [0m[1m[0mcreate_duration[0m[0m = (known after apply)
      [32m+[0m [0m[1m[0mid[0m[0m              = (known after apply)
    }

[1m  # module.core[2].module.role[2].random_integer.sleep[0m will be created[0m[0m
[0m  [32m+[0m[0m resource "random_integer" "sleep" {
      [32m+[0m [0m[1m[0mid[0m[0m     = (known after apply)
      [32m+[0m [0m[1m[0mmax[0m[0m    = 5
      [32m+[0m [0m[1m[0mmin[0m[0m    = 1
      [32m+[0m [0m[1m[0mresult[0m[0m = (known after apply)
    }

[1m  # module.core[2].module.role[2].time_sleep.bar[0m will be created[0m[0m
[0m  [32m+[0m[0m resource "time_sleep" "bar" {
      [32m+[0m [0m[1m[0mcreate_duration[0m[0m = (known after apply)
      [32m+[0m [0m[1m[0mid[0m[0m              = (known after apply)
    }

[1m  # module.core[2].module.role[3].random_integer.sleep[0m will be created[0m[0m
[0m  [32m+[0m[0m resource "random_integer" "sleep" {
      [32m+[0m [0m[1m[0mid[0m[0m     = (known after apply)
      [32m+[0m [0m[1m[0mmax[0m[0m    = 5
      [32m+[0m [0m[1m[0mmin[0m[0m    = 1
      [32m+[0m [0m[1m[0mresult[0m[0m = (known after apply)
    }

[1m  # module.core[2].module.role[3].time_sleep.bar[0m will be created[0m[0m
[0m  [32m+[0m[0m resource "time_sleep" "bar" {
      [32m+[0m [0m[1m[0mcreate_duration[0m[0m = (known after apply)
      [32m+[0m [0m[1m[0mid[0m[0m              = (known after apply)
    }

[1m  # module.core[2].module.role[4].random_integer.sleep[0m will be created[0m[0m
[0m  [32m+[0m[0m resource "random_integer" "sleep" {
      [32m+[0m [0m[1m[0mid[0m[0m     = (known after apply)
      [32m+[0m [0m[1m[0mmax[0m[0m    = 5
      [32m+[0m [0m[1m[0mmin[0m[0m    = 1
      [32m+[0m [0m[1m[0mresult[0m[0m = (known after apply)
    }

[1m  # module.core[2].module.role[4].time_sleep.bar[0m will be created[0m[0m
[0m  [32m+[0m[0m resource "time_sleep" "bar" {
      [32m+[0m [0m[1m[0mcreate_duration[0m[0m = (known after apply)
      [32m+[0m [0m[1m[0mid[0m[0m              = (known after apply)
    }

[1m  # module.core[2].module.role[5].random_integer.sleep[0m will be created[0m[0m
[0m  [32m+[0m[0m resource "random_integer" "sleep" {
      [32m+[0m [0m[1m[0mid[0m[0m     = (known after apply)
      [32m+[0m [0m[1m[0mmax[0m[0m    = 5
      [32m+[0m [0m[1m[0mmin[0m[0m    = 1
      [32m+[0m [0m[1m[0mresult[0m[0m = (known after apply)
    }

[1m  # module.core[2].module.role[5].time_sleep.bar[0m will be created[0m[0m
[0m  [32m+[0m[0m resource "time_sleep" "bar" {
      [32m+[0m [0m[1m[0mcreate_duration[0m[0m = (known after apply)
      [32m+[0m [0m[1m[0mid[0m[0m              = (known after apply)
    }

[1m  # module.core[2].module.role[6].random_integer.sleep[0m will be created[0m[0m
[0m  [32m+[0m[0m resource "random_integer" "sleep" {
      [32m+[0m [0m[1m[0mid[0m[0m     = (known after apply)
      [32m+[0m [0m[1m[0mmax[0m[0m    = 5
      [32m+[0m [0m[1m[0mmin[0m[0m    = 1
      [32m+[0m [0m[1m[0mresult[0m[0m = (known after apply)
    }

[1m  # module.core[2].module.role[6].time_sleep.bar[0m will be created[0m[0m
[0m  [32m+[0m[0m resource "time_sleep" "bar" {
      [32m+[0m [0m[1m[0mcreate_duration[0m[0m = (known after apply)
      [32m+[0m [0m[1m[0mid[0m[0m              = (known after apply)
    }

[1m  # module.core[2].module.role[7].random_integer.sleep[0m will be created[0m[0m
[0m  [32m+[0m[0m resource "random_integer" "sleep" {
      [32m+[0m [0m[1m[0mid[0m[0m     = (known after apply)
      [32m+[0m [0m[1m[0mmax[0m[0m    = 5
      [32m+[0m [0m[1m[0mmin[0m[0m    = 1
      [32m+[0m [0m[1m[0mresult[0m[0m = (known after apply)
    }

[1m  # module.core[2].module.role[7].time_sleep.bar[0m will be created[0m[0m
[0m  [32m+[0m[0m resource "time_sleep" "bar" {
      [32m+[0m [0m[1m[0mcreate_duration[0m[0m = (known after apply)
      [32m+[0m [0m[1m[0mid[0m[0m              = (known after apply)
    }

[1m  # module.core[2].module.role[8].random_integer.sleep[0m will be created[0m[0m
[0m  [32m+[0m[0m resource "random_integer" "sleep" {
      [32m+[0m [0m[1m[0mid[0m[0m     = (known after apply)
      [32m+[0m [0m[1m[0mmax[0m[0m    = 5
      [32m+[0m [0m[1m[0mmin[0m[0m    = 1
      [32m+[0m [0m[1m[0mresult[0m[0m = (known after apply)
    }

[1m  # module.core[2].module.role[8].time_sleep.bar[0m will be created[0m[0m
[0m  [32m+[0m[0m resource "time_sleep" "bar" {
      [32m+[0m [0m[1m[0mcreate_duration[0m[0m = (known after apply)
      [32m+[0m [0m[1m[0mid[0m[0m              = (known after apply)
    }

[1m  # module.core[2].module.role[9].random_integer.sleep[0m will be created[0m[0m
[0m  [32m+[0m[0m resource "random_integer" "sleep" {
      [32m+[0m [0m[1m[0mid[0m[0m     = (known after apply)
      [32m+[0m [0m[1m[0mmax[0m[0m    = 5
      [32m+[0m [0m[1m[0mmin[0m[0m    = 1
      [32m+[0m [0m[1m[0mresult[0m[0m = (known after apply)
    }

[1m  # module.core[2].module.role[9].time_sleep.bar[0m will be created[0m[0m
[0m  [32m+[0m[0m resource "time_sleep" "bar" {
      [32m+[0m [0m[1m[0mcreate_duration[0m[0m = (known after apply)
      [32m+[0m [0m[1m[0mid[0m[0m              = (known after apply)
    }

[1m  # module.core[2].module.role[10].random_integer.sleep[0m will be created[0m[0m
[0m  [32m+[0m[0m resource "random_integer" "sleep" {
      [32m+[0m [0m[1m[0mid[0m[0m     = (known after apply)
      [32m+[0m [0m[1m[0mmax[0m[0m    = 5
      [32m+[0m [0m[1m[0mmin[0m[0m    = 1
      [32m+[0m [0m[1m[0mresult[0m[0m = (known after apply)
    }

[1m  # module.core[2].module.role[10].time_sleep.bar[0m will be created[0m[0m
[0m  [32m+[0m[0m resource "time_sleep" "bar" {
      [32m+[0m [0m[1m[0mcreate_duration[0m[0m = (known after apply)
      [32m+[0m [0m[1m[0mid[0m[0m              = (known after apply)
    }

[1m  # module.core[2].module.role[11].random_integer.sleep[0m will be created[0m[0m
[0m  [32m+[0m[0m resource "random_integer" "sleep" {
      [32m+[0m [0m[1m[0mid[0m[0m     = (known after apply)
      [32m+[0m [0m[1m[0mmax[0m[0m    = 5
      [32m+[0m [0m[1m[0mmin[0m[0m    = 1
      [32m+[0m [0m[1m[0mresult[0m[0m = (known after apply)
    }

[1m  # module.core[2].module.role[11].time_sleep.bar[0m will be created[0m[0m
[0m  [32m+[0m[0m resource "time_sleep" "bar" {
      [32m+[0m [0m[1m[0mcreate_duration[0m[0m = (known after apply)
      [32m+[0m [0m[1m[0mid[0m[0m              = (known after apply)
    }

[1m  # module.core[2].module.role[12].random_integer.sleep[0m will be created[0m[0m
[0m  [32m+[0m[0m resource "random_integer" "sleep" {
      [32m+[0m [0m[1m[0mid[0m[0m     = (known after apply)
      [32m+[0m [0m[1m[0mmax[0m[0m    = 5
      [32m+[0m [0m[1m[0mmin[0m[0m    = 1
      [32m+[0m [0m[1m[0mresult[0m[0m = (known after apply)
    }

[1m  # module.core[2].module.role[12].time_sleep.bar[0m will be created[0m[0m
[0m  [32m+[0m[0m resource "time_sleep" "bar" {
      [32m+[0m [0m[1m[0mcreate_duration[0m[0m = (known after apply)
      [32m+[0m [0m[1m[0mid[0m[0m              = (known after apply)
    }

[1m  # module.core[2].module.role[13].random_integer.sleep[0m will be created[0m[0m
[0m  [32m+[0m[0m resource "random_integer" "sleep" {
      [32m+[0m [0m[1m[0mid[0m[0m     = (known after apply)
      [32m+[0m [0m[1m[0mmax[0m[0m    = 5
      [32m+[0m [0m[1m[0mmin[0m[0m    = 1
      [32m+[0m [0m[1m[0mresult[0m[0m = (known after apply)
    }

[1m  # module.core[2].module.role[13].time_sleep.bar[0m will be created[0m[0m
[0m  [32m+[0m[0m resource "time_sleep" "bar" {
      [32m+[0m [0m[1m[0mcreate_duration[0m[0m = (known after apply)
      [32m+[0m [0m[1m[0mid[0m[0m              = (known after apply)
    }

[1m  # module.core[2].module.role[14].random_integer.sleep[0m will be created[0m[0m
[0m  [32m+[0m[0m resource "random_integer" "sleep" {
      [32m+[0m [0m[1m[0mid[0m[0m     = (known after apply)
      [32m+[0m [0m[1m[0mmax[0m[0m    = 5
      [32m+[0m [0m[1m[0mmin[0m[0m    = 1
      [32m+[0m [0m[1m[0mresult[0m[0m = (known after apply)
    }

[1m  # module.core[2].module.role[14].time_sleep.bar[0m will be created[0m[0m
[0m  [32m+[0m[0m resource "time_sleep" "bar" {
      [32m+[0m [0m[1m[0mcreate_duration[0m[0m = (known after apply)
      [32m+[0m [0m[1m[0mid[0m[0m              = (known after apply)
    }

[1m  # module.core[2].module.role[15].random_integer.sleep[0m will be created[0m[0m
[0m  [32m+[0m[0m resource "random_integer" "sleep" {
      [32m+[0m [0m[1m[0mid[0m[0m     = (known after apply)
      [32m+[0m [0m[1m[0mmax[0m[0m    = 5
      [32m+[0m [0m[1m[0mmin[0m[0m    = 1
      [32m+[0m [0m[1m[0mresult[0m[0m = (known after apply)
    }

[1m  # module.core[2].module.role[15].time_sleep.bar[0m will be created[0m[0m
[0m  [32m+[0m[0m resource "time_sleep" "bar" {
      [32m+[0m [0m[1m[0mcreate_duration[0m[0m = (known after apply)
      [32m+[0m [0m[1m[0mid[0m[0m              = (known after apply)
    }

[1m  # module.core[2].module.role[16].random_integer.sleep[0m will be created[0m[0m
[0m  [32m+[0m[0m resource "random_integer" "sleep" {
      [32m+[0m [0m[1m[0mid[0m[0m     = (known after apply)
      [32m+[0m [0m[1m[0mmax[0m[0m    = 5
      [32m+[0m [0m[1m[0mmin[0m[0m    = 1
      [32m+[0m [0m[1m[0mresult[0m[0m = (known after apply)
    }

[1m  # module.core[2].module.role[16].time_sleep.bar[0m will be created[0m[0m
[0m  [32m+[0m[0m resource "time_sleep" "bar" {
      [32m+[0m [0m[1m[0mcreate_duration[0m[0m = (known after apply)
      [32m+[0m [0m[1m[0mid[0m[0m              = (known after apply)
    }

[1m  # module.core[2].module.role[17].random_integer.sleep[0m will be created[0m[0m
[0m  [32m+[0m[0m resource "random_integer" "sleep" {
      [32m+[0m [0m[1m[0mid[0m[0m     = (known after apply)
      [32m+[0m [0m[1m[0mmax[0m[0m    = 5
      [32m+[0m [0m[1m[0mmin[0m[0m    = 1
      [32m+[0m [0m[1m[0mresult[0m[0m = (known after apply)
    }

[1m  # module.core[2].module.role[17].time_sleep.bar[0m will be created[0m[0m
[0m  [32m+[0m[0m resource "time_sleep" "bar" {
      [32m+[0m [0m[1m[0mcreate_duration[0m[0m = (known after apply)
      [32m+[0m [0m[1m[0mid[0m[0m              = (known after apply)
    }

[1m  # module.core[2].module.role[18].random_integer.sleep[0m will be created[0m[0m
[0m  [32m+[0m[0m resource "random_integer" "sleep" {
      [32m+[0m [0m[1m[0mid[0m[0m     = (known after apply)
      [32m+[0m [0m[1m[0mmax[0m[0m    = 5
      [32m+[0m [0m[1m[0mmin[0m[0m    = 1
      [32m+[0m [0m[1m[0mresult[0m[0m = (known after apply)
    }

[1m  # module.core[2].module.role[18].time_sleep.bar[0m will be created[0m[0m
[0m  [32m+[0m[0m resource "time_sleep" "bar" {
      [32m+[0m [0m[1m[0mcreate_duration[0m[0m = (known after apply)
      [32m+[0m [0m[1m[0mid[0m[0m              = (known after apply)
    }

[1m  # module.core[2].module.role[19].random_integer.sleep[0m will be created[0m[0m
[0m  [32m+[0m[0m resource "random_integer" "sleep" {
      [32m+[0m [0m[1m[0mid[0m[0m     = (known after apply)
      [32m+[0m [0m[1m[0mmax[0m[0m    = 5
      [32m+[0m [0m[1m[0mmin[0m[0m    = 1
      [32m+[0m [0m[1m[0mresult[0m[0m = (known after apply)
    }

[1m  # module.core[2].module.role[19].time_sleep.bar[0m will be created[0m[0m
[0m  [32m+[0m[0m resource "time_sleep" "bar" {
      [32m+[0m [0m[1m[0mcreate_duration[0m[0m = (known after apply)
      [32m+[0m [0m[1m[0mid[0m[0m              = (known after apply)
    }

[1m  # module.core[2].module.role[20].random_integer.sleep[0m will be created[0m[0m
[0m  [32m+[0m[0m resource "random_integer" "sleep" {
      [32m+[0m [0m[1m[0mid[0m[0m     = (known after apply)
      [32m+[0m [0m[1m[0mmax[0m[0m    = 5
      [32m+[0m [0m[1m[0mmin[0m[0m    = 1
      [32m+[0m [0m[1m[0mresult[0m[0m = (known after apply)
    }

[1m  # module.core[2].module.role[20].time_sleep.bar[0m will be created[0m[0m
[0m  [32m+[0m[0m resource "time_sleep" "bar" {
      [32m+[0m [0m[1m[0mcreate_duration[0m[0m = (known after apply)
      [32m+[0m [0m[1m[0mid[0m[0m              = (known after apply)
    }

[1m  # module.core[2].module.role[21].random_integer.sleep[0m will be created[0m[0m
[0m  [32m+[0m[0m resource "random_integer" "sleep" {
      [32m+[0m [0m[1m[0mid[0m[0m     = (known after apply)
      [32m+[0m [0m[1m[0mmax[0m[0m    = 5
      [32m+[0m [0m[1m[0mmin[0m[0m    = 1
      [32m+[0m [0m[1m[0mresult[0m[0m = (known after apply)
    }

[1m  # module.core[2].module.role[21].time_sleep.bar[0m will be created[0m[0m
[0m  [32m+[0m[0m resource "time_sleep" "bar" {
      [32m+[0m [0m[1m[0mcreate_duration[0m[0m = (known after apply)
      [32m+[0m [0m[1m[0mid[0m[0m              = (known after apply)
    }

[1m  # module.core[2].module.role[22].random_integer.sleep[0m will be created[0m[0m
[0m  [32m+[0m[0m resource "random_integer" "sleep" {
      [32m+[0m [0m[1m[0mid[0m[0m     = (known after apply)
      [32m+[0m [0m[1m[0mmax[0m[0m    = 5
      [32m+[0m [0m[1m[0mmin[0m[0m    = 1
      [32m+[0m [0m[1m[0mresult[0m[0m = (known after apply)
    }

[1m  # module.core[2].module.role[22].time_sleep.bar[0m will be created[0m[0m
[0m  [32m+[0m[0m resource "time_sleep" "bar" {
      [32m+[0m [0m[1m[0mcreate_duration[0m[0m = (known after apply)
      [32m+[0m [0m[1m[0mid[0m[0m              = (known after apply)
    }

[1m  # module.core[2].module.role[23].random_integer.sleep[0m will be created[0m[0m
[0m  [32m+[0m[0m resource "random_integer" "sleep" {
      [32m+[0m [0m[1m[0mid[0m[0m     = (known after apply)
      [32m+[0m [0m[1m[0mmax[0m[0m    = 5
      [32m+[0m [0m[1m[0mmin[0m[0m    = 1
      [32m+[0m [0m[1m[0mresult[0m[0m = (known after apply)
    }

[1m  # module.core[2].module.role[23].time_sleep.bar[0m will be created[0m[0m
[0m  [32m+[0m[0m resource "time_sleep" "bar" {
      [32m+[0m [0m[1m[0mcreate_duration[0m[0m = (known after apply)
      [32m+[0m [0m[1m[0mid[0m[0m              = (known after apply)
    }

[1m  # module.core[2].module.role[24].random_integer.sleep[0m will be created[0m[0m
[0m  [32m+[0m[0m resource "random_integer" "sleep" {
      [32m+[0m [0m[1m[0mid[0m[0m     = (known after apply)
      [32m+[0m [0m[1m[0mmax[0m[0m    = 5
      [32m+[0m [0m[1m[0mmin[0m[0m    = 1
      [32m+[0m [0m[1m[0mresult[0m[0m = (known after apply)
    }

[1m  # module.core[2].module.role[24].time_sleep.bar[0m will be created[0m[0m
[0m  [32m+[0m[0m resource "time_sleep" "bar" {
      [32m+[0m [0m[1m[0mcreate_duration[0m[0m = (known after apply)
      [32m+[0m [0m[1m[0mid[0m[0m              = (known after apply)
    }

[1m  # module.core[2].module.role[25].random_integer.sleep[0m will be created[0m[0m
[0m  [32m+[0m[0m resource "random_integer" "sleep" {
      [32m+[0m [0m[1m[0mid[0m[0m     = (known after apply)
      [32m+[0m [0m[1m[0mmax[0m[0m    = 5
      [32m+[0m [0m[1m[0mmin[0m[0m    = 1
      [32m+[0m [0m[1m[0mresult[0m[0m = (known after apply)
    }

[1m  # module.core[2].module.role[25].time_sleep.bar[0m will be created[0m[0m
[0m  [32m+[0m[0m resource "time_sleep" "bar" {
      [32m+[0m [0m[1m[0mcreate_duration[0m[0m = (known after apply)
      [32m+[0m [0m[1m[0mid[0m[0m              = (known after apply)
    }

[1m  # module.core[2].module.role[26].random_integer.sleep[0m will be created[0m[0m
[0m  [32m+[0m[0m resource "random_integer" "sleep" {
      [32m+[0m [0m[1m[0mid[0m[0m     = (known after apply)
      [32m+[0m [0m[1m[0mmax[0m[0m    = 5
      [32m+[0m [0m[1m[0mmin[0m[0m    = 1
      [32m+[0m [0m[1m[0mresult[0m[0m = (known after apply)
    }

[1m  # module.core[2].module.role[26].time_sleep.bar[0m will be created[0m[0m
[0m  [32m+[0m[0m resource "time_sleep" "bar" {
      [32m+[0m [0m[1m[0mcreate_duration[0m[0m = (known after apply)
      [32m+[0m [0m[1m[0mid[0m[0m              = (known after apply)
    }

[1m  # module.core[2].module.role[27].random_integer.sleep[0m will be created[0m[0m
[0m  [32m+[0m[0m resource "random_integer" "sleep" {
      [32m+[0m [0m[1m[0mid[0m[0m     = (known after apply)
      [32m+[0m [0m[1m[0mmax[0m[0m    = 5
      [32m+[0m [0m[1m[0mmin[0m[0m    = 1
      [32m+[0m [0m[1m[0mresult[0m[0m = (known after apply)
    }

[1m  # module.core[2].module.role[27].time_sleep.bar[0m will be created[0m[0m
[0m  [32m+[0m[0m resource "time_sleep" "bar" {
      [32m+[0m [0m[1m[0mcreate_duration[0m[0m = (known after apply)
      [32m+[0m [0m[1m[0mid[0m[0m              = (known after apply)
    }

[1m  # module.core[2].module.role[28].random_integer.sleep[0m will be created[0m[0m
[0m  [32m+[0m[0m resource "random_integer" "sleep" {
      [32m+[0m [0m[1m[0mid[0m[0m     = (known after apply)
      [32m+[0m [0m[1m[0mmax[0m[0m    = 5
      [32m+[0m [0m[1m[0mmin[0m[0m    = 1
      [32m+[0m [0m[1m[0mresult[0m[0m = (known after apply)
    }

[1m  # module.core[2].module.role[28].time_sleep.bar[0m will be created[0m[0m
[0m  [32m+[0m[0m resource "time_sleep" "bar" {
      [32m+[0m [0m[1m[0mcreate_duration[0m[0m = (known after apply)
      [32m+[0m [0m[1m[0mid[0m[0m              = (known after apply)
    }

[1m  # module.core[2].module.role[29].random_integer.sleep[0m will be created[0m[0m
[0m  [32m+[0m[0m resource "random_integer" "sleep" {
      [32m+[0m [0m[1m[0mid[0m[0m     = (known after apply)
      [32m+[0m [0m[1m[0mmax[0m[0m    = 5
      [32m+[0m [0m[1m[0mmin[0m[0m    = 1
      [32m+[0m [0m[1m[0mresult[0m[0m = (known after apply)
    }

[1m  # module.core[2].module.role[29].time_sleep.bar[0m will be created[0m[0m
[0m  [32m+[0m[0m resource "time_sleep" "bar" {
      [32m+[0m [0m[1m[0mcreate_duration[0m[0m = (known after apply)
      [32m+[0m [0m[1m[0mid[0m[0m              = (known after apply)
    }

[1m  # module.core[2].module.role[30].random_integer.sleep[0m will be created[0m[0m
[0m  [32m+[0m[0m resource "random_integer" "sleep" {
      [32m+[0m [0m[1m[0mid[0m[0m     = (known after apply)
      [32m+[0m [0m[1m[0mmax[0m[0m    = 5
      [32m+[0m [0m[1m[0mmin[0m[0m    = 1
      [32m+[0m [0m[1m[0mresult[0m[0m = (known after apply)
    }

[1m  # module.core[2].module.role[30].time_sleep.bar[0m will be created[0m[0m
[0m  [32m+[0m[0m resource "time_sleep" "bar" {
      [32m+[0m [0m[1m[0mcreate_duration[0m[0m = (known after apply)
      [32m+[0m [0m[1m[0mid[0m[0m              = (known after apply)
    }

[1m  # module.core[2].module.role[31].random_integer.sleep[0m will be created[0m[0m
[0m  [32m+[0m[0m resource "random_integer" "sleep" {
      [32m+[0m [0m[1m[0mid[0m[0m     = (known after apply)
      [32m+[0m [0m[1m[0mmax[0m[0m    = 5
      [32m+[0m [0m[1m[0mmin[0m[0m    = 1
      [32m+[0m [0m[1m[0mresult[0m[0m = (known after apply)
    }

[1m  # module.core[2].module.role[31].time_sleep.bar[0m will be created[0m[0m
[0m  [32m+[0m[0m resource "time_sleep" "bar" {
      [32m+[0m [0m[1m[0mcreate_duration[0m[0m = (known after apply)
      [32m+[0m [0m[1m[0mid[0m[0m              = (known after apply)
    }

[1m  # module.core[2].module.role[32].random_integer.sleep[0m will be created[0m[0m
[0m  [32m+[0m[0m resource "random_integer" "sleep" {
      [32m+[0m [0m[1m[0mid[0m[0m     = (known after apply)
      [32m+[0m [0m[1m[0mmax[0m[0m    = 5
      [32m+[0m [0m[1m[0mmin[0m[0m    = 1
      [32m+[0m [0m[1m[0mresult[0m[0m = (known after apply)
    }

[1m  # module.core[2].module.role[32].time_sleep.bar[0m will be created[0m[0m
[0m  [32m+[0m[0m resource "time_sleep" "bar" {
      [32m+[0m [0m[1m[0mcreate_duration[0m[0m = (known after apply)
      [32m+[0m [0m[1m[0mid[0m[0m              = (known after apply)
    }

[1m  # module.core[2].module.role[33].random_integer.sleep[0m will be created[0m[0m
[0m  [32m+[0m[0m resource "random_integer" "sleep" {
      [32m+[0m [0m[1m[0mid[0m[0m     = (known after apply)
      [32m+[0m [0m[1m[0mmax[0m[0m    = 5
      [32m+[0m [0m[1m[0mmin[0m[0m    = 1
      [32m+[0m [0m[1m[0mresult[0m[0m = (known after apply)
    }

[1m  # module.core[2].module.role[33].time_sleep.bar[0m will be created[0m[0m
[0m  [32m+[0m[0m resource "time_sleep" "bar" {
      [32m+[0m [0m[1m[0mcreate_duration[0m[0m = (known after apply)
      [32m+[0m [0m[1m[0mid[0m[0m              = (known after apply)
    }

[1m  # module.core[2].module.role[34].random_integer.sleep[0m will be created[0m[0m
[0m  [32m+[0m[0m resource "random_integer" "sleep" {
      [32m+[0m [0m[1m[0mid[0m[0m     = (known after apply)
      [32m+[0m [0m[1m[0mmax[0m[0m    = 5
      [32m+[0m [0m[1m[0mmin[0m[0m    = 1
      [32m+[0m [0m[1m[0mresult[0m[0m = (known after apply)
    }

[1m  # module.core[2].module.role[34].time_sleep.bar[0m will be created[0m[0m
[0m  [32m+[0m[0m resource "time_sleep" "bar" {
      [32m+[0m [0m[1m[0mcreate_duration[0m[0m = (known after apply)
      [32m+[0m [0m[1m[0mid[0m[0m              = (known after apply)
    }

[1m  # module.core[2].module.role[35].random_integer.sleep[0m will be created[0m[0m
[0m  [32m+[0m[0m resource "random_integer" "sleep" {
      [32m+[0m [0m[1m[0mid[0m[0m     = (known after apply)
      [32m+[0m [0m[1m[0mmax[0m[0m    = 5
      [32m+[0m [0m[1m[0mmin[0m[0m    = 1
      [32m+[0m [0m[1m[0mresult[0m[0m = (known after apply)
    }

[1m  # module.core[2].module.role[35].time_sleep.bar[0m will be created[0m[0m
[0m  [32m+[0m[0m resource "time_sleep" "bar" {
      [32m+[0m [0m[1m[0mcreate_duration[0m[0m = (known after apply)
      [32m+[0m [0m[1m[0mid[0m[0m              = (known after apply)
    }

[1m  # module.core[2].module.role[36].random_integer.sleep[0m will be created[0m[0m
[0m  [32m+[0m[0m resource "random_integer" "sleep" {
      [32m+[0m [0m[1m[0mid[0m[0m     = (known after apply)
      [32m+[0m [0m[1m[0mmax[0m[0m    = 5
      [32m+[0m [0m[1m[0mmin[0m[0m    = 1
      [32m+[0m [0m[1m[0mresult[0m[0m = (known after apply)
    }

[1m  # module.core[2].module.role[36].time_sleep.bar[0m will be created[0m[0m
[0m  [32m+[0m[0m resource "time_sleep" "bar" {
      [32m+[0m [0m[1m[0mcreate_duration[0m[0m = (known after apply)
      [32m+[0m [0m[1m[0mid[0m[0m              = (known after apply)
    }

[1m  # module.core[2].module.role[37].random_integer.sleep[0m will be created[0m[0m
[0m  [32m+[0m[0m resource "random_integer" "sleep" {
      [32m+[0m [0m[1m[0mid[0m[0m     = (known after apply)
      [32m+[0m [0m[1m[0mmax[0m[0m    = 5
      [32m+[0m [0m[1m[0mmin[0m[0m    = 1
      [32m+[0m [0m[1m[0mresult[0m[0m = (known after apply)
    }

[1m  # module.core[2].module.role[37].time_sleep.bar[0m will be created[0m[0m
[0m  [32m+[0m[0m resource "time_sleep" "bar" {
      [32m+[0m [0m[1m[0mcreate_duration[0m[0m = (known after apply)
      [32m+[0m [0m[1m[0mid[0m[0m              = (known after apply)
    }

[1m  # module.core[2].module.role[38].random_integer.sleep[0m will be created[0m[0m
[0m  [32m+[0m[0m resource "random_integer" "sleep" {
      [32m+[0m [0m[1m[0mid[0m[0m     = (known after apply)
      [32m+[0m [0m[1m[0mmax[0m[0m    = 5
      [32m+[0m [0m[1m[0mmin[0m[0m    = 1
      [32m+[0m [0m[1m[0mresult[0m[0m = (known after apply)
    }

[1m  # module.core[2].module.role[38].time_sleep.bar[0m will be created[0m[0m
[0m  [32m+[0m[0m resource "time_sleep" "bar" {
      [32m+[0m [0m[1m[0mcreate_duration[0m[0m = (known after apply)
      [32m+[0m [0m[1m[0mid[0m[0m              = (known after apply)
    }

[1m  # module.core[2].module.role[39].random_integer.sleep[0m will be created[0m[0m
[0m  [32m+[0m[0m resource "random_integer" "sleep" {
      [32m+[0m [0m[1m[0mid[0m[0m     = (known after apply)
      [32m+[0m [0m[1m[0mmax[0m[0m    = 5
      [32m+[0m [0m[1m[0mmin[0m[0m    = 1
      [32m+[0m [0m[1m[0mresult[0m[0m = (known after apply)
    }

[1m  # module.core[2].module.role[39].time_sleep.bar[0m will be created[0m[0m
[0m  [32m+[0m[0m resource "time_sleep" "bar" {
      [32m+[0m [0m[1m[0mcreate_duration[0m[0m = (known after apply)
      [32m+[0m [0m[1m[0mid[0m[0m              = (known after apply)
    }

[1m  # module.core[2].module.role[40].random_integer.sleep[0m will be created[0m[0m
[0m  [32m+[0m[0m resource "random_integer" "sleep" {
      [32m+[0m [0m[1m[0mid[0m[0m     = (known after apply)
      [32m+[0m [0m[1m[0mmax[0m[0m    = 5
      [32m+[0m [0m[1m[0mmin[0m[0m    = 1
      [32m+[0m [0m[1m[0mresult[0m[0m = (known after apply)
    }

[1m  # module.core[2].module.role[40].time_sleep.bar[0m will be created[0m[0m
[0m  [32m+[0m[0m resource "time_sleep" "bar" {
      [32m+[0m [0m[1m[0mcreate_duration[0m[0m = (known after apply)
      [32m+[0m [0m[1m[0mid[0m[0m              = (known after apply)
    }

[1m  # module.core[2].module.role[41].random_integer.sleep[0m will be created[0m[0m
[0m  [32m+[0m[0m resource "random_integer" "sleep" {
      [32m+[0m [0m[1m[0mid[0m[0m     = (known after apply)
      [32m+[0m [0m[1m[0mmax[0m[0m    = 5
      [32m+[0m [0m[1m[0mmin[0m[0m    = 1
      [32m+[0m [0m[1m[0mresult[0m[0m = (known after apply)
    }

[1m  # module.core[2].module.role[41].time_sleep.bar[0m will be created[0m[0m
[0m  [32m+[0m[0m resource "time_sleep" "bar" {
      [32m+[0m [0m[1m[0mcreate_duration[0m[0m = (known after apply)
      [32m+[0m [0m[1m[0mid[0m[0m              = (known after apply)
    }

[1m  # module.core[2].module.role[42].random_integer.sleep[0m will be created[0m[0m
[0m  [32m+[0m[0m resource "random_integer" "sleep" {
      [32m+[0m [0m[1m[0mid[0m[0m     = (known after apply)
      [32m+[0m [0m[1m[0mmax[0m[0m    = 5
      [32m+[0m [0m[1m[0mmin[0m[0m    = 1
      [32m+[0m [0m[1m[0mresult[0m[0m = (known after apply)
    }

[1m  # module.core[2].module.role[42].time_sleep.bar[0m will be created[0m[0m
[0m  [32m+[0m[0m resource "time_sleep" "bar" {
      [32m+[0m [0m[1m[0mcreate_duration[0m[0m = (known after apply)
      [32m+[0m [0m[1m[0mid[0m[0m              = (known after apply)
    }

[1m  # module.core[2].module.role[43].random_integer.sleep[0m will be created[0m[0m
[0m  [32m+[0m[0m resource "random_integer" "sleep" {
      [32m+[0m [0m[1m[0mid[0m[0m     = (known after apply)
      [32m+[0m [0m[1m[0mmax[0m[0m    = 5
      [32m+[0m [0m[1m[0mmin[0m[0m    = 1
      [32m+[0m [0m[1m[0mresult[0m[0m = (known after apply)
    }

[1m  # module.core[2].module.role[43].time_sleep.bar[0m will be created[0m[0m
[0m  [32m+[0m[0m resource "time_sleep" "bar" {
      [32m+[0m [0m[1m[0mcreate_duration[0m[0m = (known after apply)
      [32m+[0m [0m[1m[0mid[0m[0m              = (known after apply)
    }

[1m  # module.core[2].module.role[44].random_integer.sleep[0m will be created[0m[0m
[0m  [32m+[0m[0m resource "random_integer" "sleep" {
      [32m+[0m [0m[1m[0mid[0m[0m     = (known after apply)
      [32m+[0m [0m[1m[0mmax[0m[0m    = 5
      [32m+[0m [0m[1m[0mmin[0m[0m    = 1
      [32m+[0m [0m[1m[0mresult[0m[0m = (known after apply)
    }

[1m  # module.core[2].module.role[44].time_sleep.bar[0m will be created[0m[0m
[0m  [32m+[0m[0m resource "time_sleep" "bar" {
      [32m+[0m [0m[1m[0mcreate_duration[0m[0m = (known after apply)
      [32m+[0m [0m[1m[0mid[0m[0m              = (known after apply)
    }

[1m  # module.core[2].module.role[45].random_integer.sleep[0m will be created[0m[0m
[0m  [32m+[0m[0m resource "random_integer" "sleep" {
      [32m+[0m [0m[1m[0mid[0m[0m     = (known after apply)
      [32m+[0m [0m[1m[0mmax[0m[0m    = 5
      [32m+[0m [0m[1m[0mmin[0m[0m    = 1
      [32m+[0m [0m[1m[0mresult[0m[0m = (known after apply)
    }

[1m  # module.core[2].module.role[45].time_sleep.bar[0m will be created[0m[0m
[0m  [32m+[0m[0m resource "time_sleep" "bar" {
      [32m+[0m [0m[1m[0mcreate_duration[0m[0m = (known after apply)
      [32m+[0m [0m[1m[0mid[0m[0m              = (known after apply)
    }

[1m  # module.core[2].module.role[46].random_integer.sleep[0m will be created[0m[0m
[0m  [32m+[0m[0m resource "random_integer" "sleep" {
      [32m+[0m [0m[1m[0mid[0m[0m     = (known after apply)
      [32m+[0m [0m[1m[0mmax[0m[0m    = 5
      [32m+[0m [0m[1m[0mmin[0m[0m    = 1
      [32m+[0m [0m[1m[0mresult[0m[0m = (known after apply)
    }

[1m  # module.core[2].module.role[46].time_sleep.bar[0m will be created[0m[0m
[0m  [32m+[0m[0m resource "time_sleep" "bar" {
      [32m+[0m [0m[1m[0mcreate_duration[0m[0m = (known after apply)
      [32m+[0m [0m[1m[0mid[0m[0m              = (known after apply)
    }

[1m  # module.core[2].module.role[47].random_integer.sleep[0m will be created[0m[0m
[0m  [32m+[0m[0m resource "random_integer" "sleep" {
      [32m+[0m [0m[1m[0mid[0m[0m     = (known after apply)
      [32m+[0m [0m[1m[0mmax[0m[0m    = 5
      [32m+[0m [0m[1m[0mmin[0m[0m    = 1
      [32m+[0m [0m[1m[0mresult[0m[0m = (known after apply)
    }

[1m  # module.core[2].module.role[47].time_sleep.bar[0m will be created[0m[0m
[0m  [32m+[0m[0m resource "time_sleep" "bar" {
      [32m+[0m [0m[1m[0mcreate_duration[0m[0m = (known after apply)
      [32m+[0m [0m[1m[0mid[0m[0m              = (known after apply)
    }

[1m  # module.core[2].module.role[48].random_integer.sleep[0m will be created[0m[0m
[0m  [32m+[0m[0m resource "random_integer" "sleep" {
      [32m+[0m [0m[1m[0mid[0m[0m     = (known after apply)
      [32m+[0m [0m[1m[0mmax[0m[0m    = 5
      [32m+[0m [0m[1m[0mmin[0m[0m    = 1
      [32m+[0m [0m[1m[0mresult[0m[0m = (known after apply)
    }

[1m  # module.core[2].module.role[48].time_sleep.bar[0m will be created[0m[0m
[0m  [32m+[0m[0m resource "time_sleep" "bar" {
      [32m+[0m [0m[1m[0mcreate_duration[0m[0m = (known after apply)
      [32m+[0m [0m[1m[0mid[0m[0m              = (known after apply)
    }

[1m  # module.core[2].module.role[49].random_integer.sleep[0m will be created[0m[0m
[0m  [32m+[0m[0m resource "random_integer" "sleep" {
      [32m+[0m [0m[1m[0mid[0m[0m     = (known after apply)
      [32m+[0m [0m[1m[0mmax[0m[0m    = 5
      [32m+[0m [0m[1m[0mmin[0m[0m    = 1
      [32m+[0m [0m[1m[0mresult[0m[0m = (known after apply)
    }

[1m  # module.core[2].module.role[49].time_sleep.bar[0m will be created[0m[0m
[0m  [32m+[0m[0m resource "time_sleep" "bar" {
      [32m+[0m [0m[1m[0mcreate_duration[0m[0m = (known after apply)
      [32m+[0m [0m[1m[0mid[0m[0m              = (known after apply)
    }

[1m  # module.core[2].module.security_rule[0].random_integer.sleep[0m will be created[0m[0m
[0m  [32m+[0m[0m resource "random_integer" "sleep" {
      [32m+[0m [0m[1m[0mid[0m[0m     = (known after apply)
      [32m+[0m [0m[1m[0mmax[0m[0m    = 5
      [32m+[0m [0m[1m[0mmin[0m[0m    = 0
      [32m+[0m [0m[1m[0mresult[0m[0m = (known after apply)
    }

[1m  # module.core[2].module.security_rule[0].time_sleep.bar[0m will be created[0m[0m
[0m  [32m+[0m[0m resource "time_sleep" "bar" {
      [32m+[0m [0m[1m[0mcreate_duration[0m[0m = (known after apply)
      [32m+[0m [0m[1m[0mid[0m[0m              = (known after apply)
    }

[1m  # module.core[2].module.security_rule[1].random_integer.sleep[0m will be created[0m[0m
[0m  [32m+[0m[0m resource "random_integer" "sleep" {
      [32m+[0m [0m[1m[0mid[0m[0m     = (known after apply)
      [32m+[0m [0m[1m[0mmax[0m[0m    = 5
      [32m+[0m [0m[1m[0mmin[0m[0m    = 0
      [32m+[0m [0m[1m[0mresult[0m[0m = (known after apply)
    }

[1m  # module.core[2].module.security_rule[1].time_sleep.bar[0m will be created[0m[0m
[0m  [32m+[0m[0m resource "time_sleep" "bar" {
      [32m+[0m [0m[1m[0mcreate_duration[0m[0m = (known after apply)
      [32m+[0m [0m[1m[0mid[0m[0m              = (known after apply)
    }

[1m  # module.core[2].module.security_rule[2].random_integer.sleep[0m will be created[0m[0m
[0m  [32m+[0m[0m resource "random_integer" "sleep" {
      [32m+[0m [0m[1m[0mid[0m[0m     = (known after apply)
      [32m+[0m [0m[1m[0mmax[0m[0m    = 5
      [32m+[0m [0m[1m[0mmin[0m[0m    = 0
      [32m+[0m [0m[1m[0mresult[0m[0m = (known after apply)
    }

[1m  # module.core[2].module.security_rule[2].time_sleep.bar[0m will be created[0m[0m
[0m  [32m+[0m[0m resource "time_sleep" "bar" {
      [32m+[0m [0m[1m[0mcreate_duration[0m[0m = (known after apply)
      [32m+[0m [0m[1m[0mid[0m[0m              = (known after apply)
    }

[1m  # module.core[2].module.security_rule[3].random_integer.sleep[0m will be created[0m[0m
[0m  [32m+[0m[0m resource "random_integer" "sleep" {
      [32m+[0m [0m[1m[0mid[0m[0m     = (known after apply)
      [32m+[0m [0m[1m[0mmax[0m[0m    = 5
      [32m+[0m [0m[1m[0mmin[0m[0m    = 0
      [32m+[0m [0m[1m[0mresult[0m[0m = (known after apply)
    }

[1m  # module.core[2].module.security_rule[3].time_sleep.bar[0m will be created[0m[0m
[0m  [32m+[0m[0m resource "time_sleep" "bar" {
      [32m+[0m [0m[1m[0mcreate_duration[0m[0m = (known after apply)
      [32m+[0m [0m[1m[0mid[0m[0m              = (known after apply)
    }

[1m  # module.core[2].module.security_rule[4].random_integer.sleep[0m will be created[0m[0m
[0m  [32m+[0m[0m resource "random_integer" "sleep" {
      [32m+[0m [0m[1m[0mid[0m[0m     = (known after apply)
      [32m+[0m [0m[1m[0mmax[0m[0m    = 5
      [32m+[0m [0m[1m[0mmin[0m[0m    = 0
      [32m+[0m [0m[1m[0mresult[0m[0m = (known after apply)
    }

[1m  # module.core[2].module.security_rule[4].time_sleep.bar[0m will be created[0m[0m
[0m  [32m+[0m[0m resource "time_sleep" "bar" {
      [32m+[0m [0m[1m[0mcreate_duration[0m[0m = (known after apply)
      [32m+[0m [0m[1m[0mid[0m[0m              = (known after apply)
    }

[1m  # module.core[2].module.security_rule[5].random_integer.sleep[0m will be created[0m[0m
[0m  [32m+[0m[0m resource "random_integer" "sleep" {
      [32m+[0m [0m[1m[0mid[0m[0m     = (known after apply)
      [32m+[0m [0m[1m[0mmax[0m[0m    = 5
      [32m+[0m [0m[1m[0mmin[0m[0m    = 0
      [32m+[0m [0m[1m[0mresult[0m[0m = (known after apply)
    }

[1m  # module.core[2].module.security_rule[5].time_sleep.bar[0m will be created[0m[0m
[0m  [32m+[0m[0m resource "time_sleep" "bar" {
      [32m+[0m [0m[1m[0mcreate_duration[0m[0m = (known after apply)
      [32m+[0m [0m[1m[0mid[0m[0m              = (known after apply)
    }

[1m  # module.core[2].module.security_rule[6].random_integer.sleep[0m will be created[0m[0m
[0m  [32m+[0m[0m resource "random_integer" "sleep" {
      [32m+[0m [0m[1m[0mid[0m[0m     = (known after apply)
      [32m+[0m [0m[1m[0mmax[0m[0m    = 5
      [32m+[0m [0m[1m[0mmin[0m[0m    = 0
      [32m+[0m [0m[1m[0mresult[0m[0m = (known after apply)
    }

[1m  # module.core[2].module.security_rule[6].time_sleep.bar[0m will be created[0m[0m
[0m  [32m+[0m[0m resource "time_sleep" "bar" {
      [32m+[0m [0m[1m[0mcreate_duration[0m[0m = (known after apply)
      [32m+[0m [0m[1m[0mid[0m[0m              = (known after apply)
    }

[1m  # module.core[2].module.security_rule[7].random_integer.sleep[0m will be created[0m[0m
[0m  [32m+[0m[0m resource "random_integer" "sleep" {
      [32m+[0m [0m[1m[0mid[0m[0m     = (known after apply)
      [32m+[0m [0m[1m[0mmax[0m[0m    = 5
      [32m+[0m [0m[1m[0mmin[0m[0m    = 0
      [32m+[0m [0m[1m[0mresult[0m[0m = (known after apply)
    }

[1m  # module.core[2].module.security_rule[7].time_sleep.bar[0m will be created[0m[0m
[0m  [32m+[0m[0m resource "time_sleep" "bar" {
      [32m+[0m [0m[1m[0mcreate_duration[0m[0m = (known after apply)
      [32m+[0m [0m[1m[0mid[0m[0m              = (known after apply)
    }

[1m  # module.core[2].module.security_rule[8].random_integer.sleep[0m will be created[0m[0m
[0m  [32m+[0m[0m resource "random_integer" "sleep" {
      [32m+[0m [0m[1m[0mid[0m[0m     = (known after apply)
      [32m+[0m [0m[1m[0mmax[0m[0m    = 5
      [32m+[0m [0m[1m[0mmin[0m[0m    = 0
      [32m+[0m [0m[1m[0mresult[0m[0m = (known after apply)
    }

[1m  # module.core[2].module.security_rule[8].time_sleep.bar[0m will be created[0m[0m
[0m  [32m+[0m[0m resource "time_sleep" "bar" {
      [32m+[0m [0m[1m[0mcreate_duration[0m[0m = (known after apply)
      [32m+[0m [0m[1m[0mid[0m[0m              = (known after apply)
    }

[1m  # module.core[2].module.security_rule[9].random_integer.sleep[0m will be created[0m[0m
[0m  [32m+[0m[0m resource "random_integer" "sleep" {
      [32m+[0m [0m[1m[0mid[0m[0m     = (known after apply)
      [32m+[0m [0m[1m[0mmax[0m[0m    = 5
      [32m+[0m [0m[1m[0mmin[0m[0m    = 0
      [32m+[0m [0m[1m[0mresult[0m[0m = (known after apply)
    }

[1m  # module.core[2].module.security_rule[9].time_sleep.bar[0m will be created[0m[0m
[0m  [32m+[0m[0m resource "time_sleep" "bar" {
      [32m+[0m [0m[1m[0mcreate_duration[0m[0m = (known after apply)
      [32m+[0m [0m[1m[0mid[0m[0m              = (known after apply)
    }

[1m  # module.core[2].module.security_rule[10].random_integer.sleep[0m will be created[0m[0m
[0m  [32m+[0m[0m resource "random_integer" "sleep" {
      [32m+[0m [0m[1m[0mid[0m[0m     = (known after apply)
      [32m+[0m [0m[1m[0mmax[0m[0m    = 5
      [32m+[0m [0m[1m[0mmin[0m[0m    = 0
      [32m+[0m [0m[1m[0mresult[0m[0m = (known after apply)
    }

[1m  # module.core[2].module.security_rule[10].time_sleep.bar[0m will be created[0m[0m
[0m  [32m+[0m[0m resource "time_sleep" "bar" {
      [32m+[0m [0m[1m[0mcreate_duration[0m[0m = (known after apply)
      [32m+[0m [0m[1m[0mid[0m[0m              = (known after apply)
    }

[1m  # module.core[2].module.security_rule[11].random_integer.sleep[0m will be created[0m[0m
[0m  [32m+[0m[0m resource "random_integer" "sleep" {
      [32m+[0m [0m[1m[0mid[0m[0m     = (known after apply)
      [32m+[0m [0m[1m[0mmax[0m[0m    = 5
      [32m+[0m [0m[1m[0mmin[0m[0m    = 0
      [32m+[0m [0m[1m[0mresult[0m[0m = (known after apply)
    }

[1m  # module.core[2].module.security_rule[11].time_sleep.bar[0m will be created[0m[0m
[0m  [32m+[0m[0m resource "time_sleep" "bar" {
      [32m+[0m [0m[1m[0mcreate_duration[0m[0m = (known after apply)
      [32m+[0m [0m[1m[0mid[0m[0m              = (known after apply)
    }

[1m  # module.core[2].module.security_rule[12].random_integer.sleep[0m will be created[0m[0m
[0m  [32m+[0m[0m resource "random_integer" "sleep" {
      [32m+[0m [0m[1m[0mid[0m[0m     = (known after apply)
      [32m+[0m [0m[1m[0mmax[0m[0m    = 5
      [32m+[0m [0m[1m[0mmin[0m[0m    = 0
      [32m+[0m [0m[1m[0mresult[0m[0m = (known after apply)
    }

[1m  # module.core[2].module.security_rule[12].time_sleep.bar[0m will be created[0m[0m
[0m  [32m+[0m[0m resource "time_sleep" "bar" {
      [32m+[0m [0m[1m[0mcreate_duration[0m[0m = (known after apply)
      [32m+[0m [0m[1m[0mid[0m[0m              = (known after apply)
    }

[1m  # module.core[2].module.security_rule[13].random_integer.sleep[0m will be created[0m[0m
[0m  [32m+[0m[0m resource "random_integer" "sleep" {
      [32m+[0m [0m[1m[0mid[0m[0m     = (known after apply)
      [32m+[0m [0m[1m[0mmax[0m[0m    = 5
      [32m+[0m [0m[1m[0mmin[0m[0m    = 0
      [32m+[0m [0m[1m[0mresult[0m[0m = (known after apply)
    }

[1m  # module.core[2].module.security_rule[13].time_sleep.bar[0m will be created[0m[0m
[0m  [32m+[0m[0m resource "time_sleep" "bar" {
      [32m+[0m [0m[1m[0mcreate_duration[0m[0m = (known after apply)
      [32m+[0m [0m[1m[0mid[0m[0m              = (known after apply)
    }

[1m  # module.core[2].module.security_rule[14].random_integer.sleep[0m will be created[0m[0m
[0m  [32m+[0m[0m resource "random_integer" "sleep" {
      [32m+[0m [0m[1m[0mid[0m[0m     = (known after apply)
      [32m+[0m [0m[1m[0mmax[0m[0m    = 5
      [32m+[0m [0m[1m[0mmin[0m[0m    = 0
      [32m+[0m [0m[1m[0mresult[0m[0m = (known after apply)
    }

[1m  # module.core[2].module.security_rule[14].time_sleep.bar[0m will be created[0m[0m
[0m  [32m+[0m[0m resource "time_sleep" "bar" {
      [32m+[0m [0m[1m[0mcreate_duration[0m[0m = (known after apply)
      [32m+[0m [0m[1m[0mid[0m[0m              = (known after apply)
    }

[1m  # module.core[2].module.security_rule[15].random_integer.sleep[0m will be created[0m[0m
[0m  [32m+[0m[0m resource "random_integer" "sleep" {
      [32m+[0m [0m[1m[0mid[0m[0m     = (known after apply)
      [32m+[0m [0m[1m[0mmax[0m[0m    = 5
      [32m+[0m [0m[1m[0mmin[0m[0m    = 0
      [32m+[0m [0m[1m[0mresult[0m[0m = (known after apply)
    }

[1m  # module.core[2].module.security_rule[15].time_sleep.bar[0m will be created[0m[0m
[0m  [32m+[0m[0m resource "time_sleep" "bar" {
      [32m+[0m [0m[1m[0mcreate_duration[0m[0m = (known after apply)
      [32m+[0m [0m[1m[0mid[0m[0m              = (known after apply)
    }

[1m  # module.core[2].module.security_rule[16].random_integer.sleep[0m will be created[0m[0m
[0m  [32m+[0m[0m resource "random_integer" "sleep" {
      [32m+[0m [0m[1m[0mid[0m[0m     = (known after apply)
      [32m+[0m [0m[1m[0mmax[0m[0m    = 5
      [32m+[0m [0m[1m[0mmin[0m[0m    = 0
      [32m+[0m [0m[1m[0mresult[0m[0m = (known after apply)
    }

[1m  # module.core[2].module.security_rule[16].time_sleep.bar[0m will be created[0m[0m
[0m  [32m+[0m[0m resource "time_sleep" "bar" {
      [32m+[0m [0m[1m[0mcreate_duration[0m[0m = (known after apply)
      [32m+[0m [0m[1m[0mid[0m[0m              = (known after apply)
    }

[1m  # module.core[2].module.security_rule[17].random_integer.sleep[0m will be created[0m[0m
[0m  [32m+[0m[0m resource "random_integer" "sleep" {
      [32m+[0m [0m[1m[0mid[0m[0m     = (known after apply)
      [32m+[0m [0m[1m[0mmax[0m[0m    = 5
      [32m+[0m [0m[1m[0mmin[0m[0m    = 0
      [32m+[0m [0m[1m[0mresult[0m[0m = (known after apply)
    }

[1m  # module.core[2].module.security_rule[17].time_sleep.bar[0m will be created[0m[0m
[0m  [32m+[0m[0m resource "time_sleep" "bar" {
      [32m+[0m [0m[1m[0mcreate_duration[0m[0m = (known after apply)
      [32m+[0m [0m[1m[0mid[0m[0m              = (known after apply)
    }

[1m  # module.core[2].module.security_rule[18].random_integer.sleep[0m will be created[0m[0m
[0m  [32m+[0m[0m resource "random_integer" "sleep" {
      [32m+[0m [0m[1m[0mid[0m[0m     = (known after apply)
      [32m+[0m [0m[1m[0mmax[0m[0m    = 5
      [32m+[0m [0m[1m[0mmin[0m[0m    = 0
      [32m+[0m [0m[1m[0mresult[0m[0m = (known after apply)
    }

[1m  # module.core[2].module.security_rule[18].time_sleep.bar[0m will be created[0m[0m
[0m  [32m+[0m[0m resource "time_sleep" "bar" {
      [32m+[0m [0m[1m[0mcreate_duration[0m[0m = (known after apply)
      [32m+[0m [0m[1m[0mid[0m[0m              = (known after apply)
    }

[1m  # module.core[2].module.security_rule[19].random_integer.sleep[0m will be created[0m[0m
[0m  [32m+[0m[0m resource "random_integer" "sleep" {
      [32m+[0m [0m[1m[0mid[0m[0m     = (known after apply)
      [32m+[0m [0m[1m[0mmax[0m[0m    = 5
      [32m+[0m [0m[1m[0mmin[0m[0m    = 0
      [32m+[0m [0m[1m[0mresult[0m[0m = (known after apply)
    }

[1m  # module.core[2].module.security_rule[19].time_sleep.bar[0m will be created[0m[0m
[0m  [32m+[0m[0m resource "time_sleep" "bar" {
      [32m+[0m [0m[1m[0mcreate_duration[0m[0m = (known after apply)
      [32m+[0m [0m[1m[0mid[0m[0m              = (known after apply)
    }

[1m  # module.core[2].module.security_rule[20].random_integer.sleep[0m will be created[0m[0m
[0m  [32m+[0m[0m resource "random_integer" "sleep" {
      [32m+[0m [0m[1m[0mid[0m[0m     = (known after apply)
      [32m+[0m [0m[1m[0mmax[0m[0m    = 5
      [32m+[0m [0m[1m[0mmin[0m[0m    = 0
      [32m+[0m [0m[1m[0mresult[0m[0m = (known after apply)
    }

[1m  # module.core[2].module.security_rule[20].time_sleep.bar[0m will be created[0m[0m
[0m  [32m+[0m[0m resource "time_sleep" "bar" {
      [32m+[0m [0m[1m[0mcreate_duration[0m[0m = (known after apply)
      [32m+[0m [0m[1m[0mid[0m[0m              = (known after apply)
    }

[1m  # module.core[2].module.security_rule[21].random_integer.sleep[0m will be created[0m[0m
[0m  [32m+[0m[0m resource "random_integer" "sleep" {
      [32m+[0m [0m[1m[0mid[0m[0m     = (known after apply)
      [32m+[0m [0m[1m[0mmax[0m[0m    = 5
      [32m+[0m [0m[1m[0mmin[0m[0m    = 0
      [32m+[0m [0m[1m[0mresult[0m[0m = (known after apply)
    }

[1m  # module.core[2].module.security_rule[21].time_sleep.bar[0m will be created[0m[0m
[0m  [32m+[0m[0m resource "time_sleep" "bar" {
      [32m+[0m [0m[1m[0mcreate_duration[0m[0m = (known after apply)
      [32m+[0m [0m[1m[0mid[0m[0m              = (known after apply)
    }

[1m  # module.core[2].module.security_rule[22].random_integer.sleep[0m will be created[0m[0m
[0m  [32m+[0m[0m resource "random_integer" "sleep" {
      [32m+[0m [0m[1m[0mid[0m[0m     = (known after apply)
      [32m+[0m [0m[1m[0mmax[0m[0m    = 5
      [32m+[0m [0m[1m[0mmin[0m[0m    = 0
      [32m+[0m [0m[1m[0mresult[0m[0m = (known after apply)
    }

[1m  # module.core[2].module.security_rule[22].time_sleep.bar[0m will be created[0m[0m
[0m  [32m+[0m[0m resource "time_sleep" "bar" {
      [32m+[0m [0m[1m[0mcreate_duration[0m[0m = (known after apply)
      [32m+[0m [0m[1m[0mid[0m[0m              = (known after apply)
    }

[1m  # module.core[2].module.security_rule[23].random_integer.sleep[0m will be created[0m[0m
[0m  [32m+[0m[0m resource "random_integer" "sleep" {
      [32m+[0m [0m[1m[0mid[0m[0m     = (known after apply)
      [32m+[0m [0m[1m[0mmax[0m[0m    = 5
      [32m+[0m [0m[1m[0mmin[0m[0m    = 0
      [32m+[0m [0m[1m[0mresult[0m[0m = (known after apply)
    }

[1m  # module.core[2].module.security_rule[23].time_sleep.bar[0m will be created[0m[0m
[0m  [32m+[0m[0m resource "time_sleep" "bar" {
      [32m+[0m [0m[1m[0mcreate_duration[0m[0m = (known after apply)
      [32m+[0m [0m[1m[0mid[0m[0m              = (known after apply)
    }

[1m  # module.core[2].module.security_rule[24].random_integer.sleep[0m will be created[0m[0m
[0m  [32m+[0m[0m resource "random_integer" "sleep" {
      [32m+[0m [0m[1m[0mid[0m[0m     = (known after apply)
      [32m+[0m [0m[1m[0mmax[0m[0m    = 5
      [32m+[0m [0m[1m[0mmin[0m[0m    = 0
      [32m+[0m [0m[1m[0mresult[0m[0m = (known after apply)
    }

[1m  # module.core[2].module.security_rule[24].time_sleep.bar[0m will be created[0m[0m
[0m  [32m+[0m[0m resource "time_sleep" "bar" {
      [32m+[0m [0m[1m[0mcreate_duration[0m[0m = (known after apply)
      [32m+[0m [0m[1m[0mid[0m[0m              = (known after apply)
    }

[1m  # module.core[2].module.security_rule[25].random_integer.sleep[0m will be created[0m[0m
[0m  [32m+[0m[0m resource "random_integer" "sleep" {
      [32m+[0m [0m[1m[0mid[0m[0m     = (known after apply)
      [32m+[0m [0m[1m[0mmax[0m[0m    = 5
      [32m+[0m [0m[1m[0mmin[0m[0m    = 0
      [32m+[0m [0m[1m[0mresult[0m[0m = (known after apply)
    }

[1m  # module.core[2].module.security_rule[25].time_sleep.bar[0m will be created[0m[0m
[0m  [32m+[0m[0m resource "time_sleep" "bar" {
      [32m+[0m [0m[1m[0mcreate_duration[0m[0m = (known after apply)
      [32m+[0m [0m[1m[0mid[0m[0m              = (known after apply)
    }

[1m  # module.core[2].module.security_rule[26].random_integer.sleep[0m will be created[0m[0m
[0m  [32m+[0m[0m resource "random_integer" "sleep" {
      [32m+[0m [0m[1m[0mid[0m[0m     = (known after apply)
      [32m+[0m [0m[1m[0mmax[0m[0m    = 5
      [32m+[0m [0m[1m[0mmin[0m[0m    = 0
      [32m+[0m [0m[1m[0mresult[0m[0m = (known after apply)
    }

[1m  # module.core[2].module.security_rule[26].time_sleep.bar[0m will be created[0m[0m
[0m  [32m+[0m[0m resource "time_sleep" "bar" {
      [32m+[0m [0m[1m[0mcreate_duration[0m[0m = (known after apply)
      [32m+[0m [0m[1m[0mid[0m[0m              = (known after apply)
    }

[1m  # module.core[2].module.security_rule[27].random_integer.sleep[0m will be created[0m[0m
[0m  [32m+[0m[0m resource "random_integer" "sleep" {
      [32m+[0m [0m[1m[0mid[0m[0m     = (known after apply)
      [32m+[0m [0m[1m[0mmax[0m[0m    = 5
      [32m+[0m [0m[1m[0mmin[0m[0m    = 0
      [32m+[0m [0m[1m[0mresult[0m[0m = (known after apply)
    }

[1m  # module.core[2].module.security_rule[27].time_sleep.bar[0m will be created[0m[0m
[0m  [32m+[0m[0m resource "time_sleep" "bar" {
      [32m+[0m [0m[1m[0mcreate_duration[0m[0m = (known after apply)
      [32m+[0m [0m[1m[0mid[0m[0m              = (known after apply)
    }

[1m  # module.core[2].module.security_rule[28].random_integer.sleep[0m will be created[0m[0m
[0m  [32m+[0m[0m resource "random_integer" "sleep" {
      [32m+[0m [0m[1m[0mid[0m[0m     = (known after apply)
      [32m+[0m [0m[1m[0mmax[0m[0m    = 5
      [32m+[0m [0m[1m[0mmin[0m[0m    = 0
      [32m+[0m [0m[1m[0mresult[0m[0m = (known after apply)
    }

[1m  # module.core[2].module.security_rule[28].time_sleep.bar[0m will be created[0m[0m
[0m  [32m+[0m[0m resource "time_sleep" "bar" {
      [32m+[0m [0m[1m[0mcreate_duration[0m[0m = (known after apply)
      [32m+[0m [0m[1m[0mid[0m[0m              = (known after apply)
    }

[1m  # module.core[2].module.security_rule[29].random_integer.sleep[0m will be created[0m[0m
[0m  [32m+[0m[0m resource "random_integer" "sleep" {
      [32m+[0m [0m[1m[0mid[0m[0m     = (known after apply)
      [32m+[0m [0m[1m[0mmax[0m[0m    = 5
      [32m+[0m [0m[1m[0mmin[0m[0m    = 0
      [32m+[0m [0m[1m[0mresult[0m[0m = (known after apply)
    }

[1m  # module.core[2].module.security_rule[29].time_sleep.bar[0m will be created[0m[0m
[0m  [32m+[0m[0m resource "time_sleep" "bar" {
      [32m+[0m [0m[1m[0mcreate_duration[0m[0m = (known after apply)
      [32m+[0m [0m[1m[0mid[0m[0m              = (known after apply)
    }

[1m  # module.core[2].module.security_rule[30].random_integer.sleep[0m will be created[0m[0m
[0m  [32m+[0m[0m resource "random_integer" "sleep" {
      [32m+[0m [0m[1m[0mid[0m[0m     = (known after apply)
      [32m+[0m [0m[1m[0mmax[0m[0m    = 5
      [32m+[0m [0m[1m[0mmin[0m[0m    = 0
      [32m+[0m [0m[1m[0mresult[0m[0m = (known after apply)
    }

[1m  # module.core[2].module.security_rule[30].time_sleep.bar[0m will be created[0m[0m
[0m  [32m+[0m[0m resource "time_sleep" "bar" {
      [32m+[0m [0m[1m[0mcreate_duration[0m[0m = (known after apply)
      [32m+[0m [0m[1m[0mid[0m[0m              = (known after apply)
    }

[1m  # module.core[2].module.security_rule[31].random_integer.sleep[0m will be created[0m[0m
[0m  [32m+[0m[0m resource "random_integer" "sleep" {
      [32m+[0m [0m[1m[0mid[0m[0m     = (known after apply)
      [32m+[0m [0m[1m[0mmax[0m[0m    = 5
      [32m+[0m [0m[1m[0mmin[0m[0m    = 0
      [32m+[0m [0m[1m[0mresult[0m[0m = (known after apply)
    }

[1m  # module.core[2].module.security_rule[31].time_sleep.bar[0m will be created[0m[0m
[0m  [32m+[0m[0m resource "time_sleep" "bar" {
      [32m+[0m [0m[1m[0mcreate_duration[0m[0m = (known after apply)
      [32m+[0m [0m[1m[0mid[0m[0m              = (known after apply)
    }

[1m  # module.core[2].module.security_rule[32].random_integer.sleep[0m will be created[0m[0m
[0m  [32m+[0m[0m resource "random_integer" "sleep" {
      [32m+[0m [0m[1m[0mid[0m[0m     = (known after apply)
      [32m+[0m [0m[1m[0mmax[0m[0m    = 5
      [32m+[0m [0m[1m[0mmin[0m[0m    = 0
      [32m+[0m [0m[1m[0mresult[0m[0m = (known after apply)
    }

[1m  # module.core[2].module.security_rule[32].time_sleep.bar[0m will be created[0m[0m
[0m  [32m+[0m[0m resource "time_sleep" "bar" {
      [32m+[0m [0m[1m[0mcreate_duration[0m[0m = (known after apply)
      [32m+[0m [0m[1m[0mid[0m[0m              = (known after apply)
    }

[1m  # module.core[2].module.security_rule[33].random_integer.sleep[0m will be created[0m[0m
[0m  [32m+[0m[0m resource "random_integer" "sleep" {
      [32m+[0m [0m[1m[0mid[0m[0m     = (known after apply)
      [32m+[0m [0m[1m[0mmax[0m[0m    = 5
      [32m+[0m [0m[1m[0mmin[0m[0m    = 0
      [32m+[0m [0m[1m[0mresult[0m[0m = (known after apply)
    }

[1m  # module.core[2].module.security_rule[33].time_sleep.bar[0m will be created[0m[0m
[0m  [32m+[0m[0m resource "time_sleep" "bar" {
      [32m+[0m [0m[1m[0mcreate_duration[0m[0m = (known after apply)
      [32m+[0m [0m[1m[0mid[0m[0m              = (known after apply)
    }

[1m  # module.core[2].module.security_rule[34].random_integer.sleep[0m will be created[0m[0m
[0m  [32m+[0m[0m resource "random_integer" "sleep" {
      [32m+[0m [0m[1m[0mid[0m[0m     = (known after apply)
      [32m+[0m [0m[1m[0mmax[0m[0m    = 5
      [32m+[0m [0m[1m[0mmin[0m[0m    = 0
      [32m+[0m [0m[1m[0mresult[0m[0m = (known after apply)
    }

[1m  # module.core[2].module.security_rule[34].time_sleep.bar[0m will be created[0m[0m
[0m  [32m+[0m[0m resource "time_sleep" "bar" {
      [32m+[0m [0m[1m[0mcreate_duration[0m[0m = (known after apply)
      [32m+[0m [0m[1m[0mid[0m[0m              = (known after apply)
    }

[0m[1mPlan:[0m 1510 to add, 0 to change, 0 to destroy.
[0m[0m[1mmodule.core[1].module.role[41].random_integer.sleep: Creating...[0m[0m
[0m[1mmodule.core[2].module.role[6].random_integer.sleep: Creating...[0m[0m
[0m[1mmodule.core[1].module.role[15].random_integer.sleep: Creating...[0m[0m
[0m[1mmodule.core[2].module.role[16].random_integer.sleep: Creating...[0m[0m
[0m[1mmodule.core[0].module.role[39].random_integer.sleep: Creating...[0m[0m
[0m[1mmodule.core[2].module.role[45].random_integer.sleep: Creating...[0m[0m
[0m[1mmodule.core[1].module.role[7].random_integer.sleep: Creating...[0m[0m
[0m[1mmodule.core[1].module.role[12].random_integer.sleep: Creating...[0m[0m
[0m[1mmodule.core[2].module.role[4].random_integer.sleep: Creating...[0m[0m
[0m[1mmodule.core[2].module.security_rule[19].random_integer.sleep: Creating...[0m[0m
[0m[1mmodule.core[1].module.role[41].random_integer.sleep: Creation complete after 0s [id=1][0m
[0m[1mmodule.core[2].module.role[45].random_integer.sleep: Creation complete after 0s [id=1][0m
[0m[1mmodule.core[1].module.role[12].random_integer.sleep: Creation complete after 0s [id=2][0m
[0m[1mmodule.core[2].module.role[6].random_integer.sleep: Creation complete after 0s [id=2][0m
[0m[1mmodule.core[2].module.security_rule[19].random_integer.sleep: Creation complete after 0s [id=1][0m
[0m[1mmodule.core[0].module.role[2].random_integer.sleep: Creating...[0m[0m
[0m[1mmodule.core[1].module.role[7].random_integer.sleep: Creation complete after 0s [id=2][0m
[0m[1mmodule.core[2].module.role[16].random_integer.sleep: Creation complete after 0s [id=2][0m
[0m[1mmodule.core[1].module.role[15].random_integer.sleep: Creation complete after 0s [id=1][0m
[0m[1mmodule.core[2].module.role[4].random_integer.sleep: Creation complete after 0s [id=2][0m
[0m[1mmodule.core[0].module.role[39].random_integer.sleep: Creation complete after 0s [id=5][0m
[0m[1mmodule.core[1].module.role[11].random_integer.sleep: Creating...[0m[0m
[0m[1mmodule.core[2].module.role[11].random_integer.sleep: Creating...[0m[0m
[0m[1mmodule.core[0].module.role[2].random_integer.sleep: Creation complete after 0s [id=3][0m
[0m[1mmodule.core[1].module.role[11].random_integer.sleep: Creation complete after 0s [id=5][0m
[0m[1mmodule.core[0].module.role[5].random_integer.sleep: Creating...[0m[0m
[0m[1mmodule.core[0].module.role[34].random_integer.sleep: Creating...[0m[0m
[0m[1mmodule.core[2].module.role[11].random_integer.sleep: Creation complete after 0s [id=4][0m
[0m[1mmodule.core[1].module.role[32].random_integer.sleep: Creating...[0m[0m
[0m[1mmodule.core[2].module.role[36].random_integer.sleep: Creating...[0m[0m
[0m[1mmodule.core[0].module.role[34].random_integer.sleep: Creation complete after 0s [id=3][0m
[0m[1mmodule.core[0].module.role[5].random_integer.sleep: Creation complete after 0s [id=5][0m
[0m[1mmodule.core[2].module.security_rule[24].random_integer.sleep: Creating...[0m[0m
[0m[1mmodule.core[2].module.role[36].random_integer.sleep: Creation complete after 0s [id=4][0m
[0m[1mmodule.core[0].module.role[7].random_integer.sleep: Creating...[0m[0m
[0m[1mmodule.core[0].module.role[46].random_integer.sleep: Creating...[0m[0m
[0m[1mmodule.core[1].module.role[32].random_integer.sleep: Creation complete after 0s [id=2][0m
[0m[1mmodule.core[0].module.role[9].random_integer.sleep: Creating...[0m[0m
[0m[1mmodule.core[0].module.role[12].random_integer.sleep: Creating...[0m[0m
[0m[1mmodule.core[1].module.security_rule[12].random_integer.sleep: Creating...[0m[0m
[0m[1mmodule.core[2].module.role[17].random_integer.sleep: Creating...[0m[0m
[0m[1mmodule.core[2].module.security_rule[24].random_integer.sleep: Creation complete after 0s [id=5][0m
[0m[1mmodule.core[0].module.role[46].random_integer.sleep: Creation complete after 0s [id=4][0m
[0m[1mmodule.core[2].module.role[31].random_integer.sleep: Creating...[0m[0m
[0m[1mmodule.core[0].module.role[7].random_integer.sleep: Creation complete after 0s [id=1][0m
[0m[1mmodule.core[0].module.role[9].random_integer.sleep: Creation complete after 0s [id=1][0m
[0m[1mmodule.core[1].module.security_rule[12].random_integer.sleep: Creation complete after 0s [id=1][0m
[0m[1mmodule.applications[1].module.dbt[4].random_integer.sleep[1]: Creating...[0m[0m
[0m[1mmodule.core[1].module.role[24].random_integer.sleep: Creating...[0m[0m
[0m[1mmodule.core[1].module.role[5].random_integer.sleep: Creating...[0m[0m
[0m[1mmodule.core[2].module.role[17].random_integer.sleep: Creation complete after 0s [id=1][0m
[0m[1mmodule.core[0].module.role[49].random_integer.sleep: Creating...[0m[0m
[0m[1mmodule.core[1].module.role[24].random_integer.sleep: Creation complete after 0s [id=1][0m
[0m[1mmodule.core[0].module.role[12].random_integer.sleep: Creation complete after 0s [id=2][0m
[0m[1mmodule.core[2].module.role[2].random_integer.sleep: Creating...[0m[0m
[0m[1mmodule.core[2].module.role[31].random_integer.sleep: Creation complete after 0s [id=4][0m
[0m[1mmodule.core[0].module.role[42].random_integer.sleep: Creating...[0m[0m
[0m[1mmodule.applications[8].module.dbt[3].random_integer.sleep[1]: Creating...[0m[0m
[0m[1mmodule.applications[1].module.dbt[4].random_integer.sleep[1]: Creation complete after 0s [id=5][0m
[0m[1mmodule.core[2].module.role[44].random_integer.sleep: Creating...[0m[0m
[0m[1mmodule.core[1].module.role[5].random_integer.sleep: Creation complete after 0s [id=4][0m
[0m[1mmodule.core[0].module.role[27].random_integer.sleep: Creating...[0m[0m
[0m[1mmodule.core[2].module.role[44].random_integer.sleep: Creation complete after 0s [id=1][0m
[0m[1mmodule.core[0].module.role[49].random_integer.sleep: Creation complete after 0s [id=1][0m
[0m[1mmodule.core[2].module.role[2].random_integer.sleep: Creation complete after 0s [id=4][0m
[0m[1mmodule.applications[4].module.dbt[0].random_integer.sleep[1]: Creating...[0m[0m
[0m[1mmodule.core[0].module.role[36].random_integer.sleep: Creating...[0m[0m
[0m[1mmodule.applications[8].module.dbt[3].random_integer.sleep[1]: Creation complete after 0s [id=4][0m
[0m[1mmodule.core[0].module.role[42].random_integer.sleep: Creation complete after 0s [id=1][0m
[0m[1mmodule.core[2].module.role[48].random_integer.sleep: Creating...[0m[0m
[0m[1mmodule.core[2].module.role[8].random_integer.sleep: Creating...[0m[0m
[0m[1mmodule.core[0].module.role[27].random_integer.sleep: Creation complete after 0s [id=5][0m
[0m[1mmodule.applications[8].module.dbt[1].random_integer.sleep[0]: Creating...[0m[0m
[0m[1mmodule.core[1].module.role[21].random_integer.sleep: Creating...[0m[0m
[0m[1mmodule.applications[1].module.dbt[3].random_integer.sleep[1]: Creating...[0m[0m
[0m[1mmodule.applications[4].module.dbt[0].random_integer.sleep[1]: Creation complete after 0s [id=1][0m
[0m[1mmodule.core[0].module.role[36].random_integer.sleep: Creation complete after 0s [id=2][0m
[0m[1mmodule.core[0].module.role[32].random_integer.sleep: Creating...[0m[0m
[0m[1mmodule.core[2].module.role[8].random_integer.sleep: Creation complete after 0s [id=4][0m
[0m[1mmodule.core[1].module.role[18].random_integer.sleep: Creating...[0m[0m
[0m[1mmodule.core[2].module.role[48].random_integer.sleep: Creation complete after 0s [id=1][0m
[0m[1mmodule.core[0].module.role[43].random_integer.sleep: Creating...[0m[0m
[0m[1mmodule.applications[8].module.dbt[1].random_integer.sleep[0]: Creation complete after 0s [id=4][0m
[0m[1mmodule.core[1].module.role[21].random_integer.sleep: Creation complete after 0s [id=2][0m
[0m[1mmodule.core[2].module.role[28].random_integer.sleep: Creating...[0m[0m
[0m[1mmodule.core[0].module.role[20].random_integer.sleep: Creating...[0m[0m
[0m[1mmodule.applications[1].module.dbt[3].random_integer.sleep[1]: Creation complete after 0s [id=2][0m
[0m[1mmodule.core[0].module.role[32].random_integer.sleep: Creation complete after 0s [id=2][0m
[0m[1mmodule.core[1].module.role[18].random_integer.sleep: Creation complete after 0s [id=4][0m
[0m[1mmodule.core[1].module.security_rule[1].random_integer.sleep: Creating...[0m[0m
[0m[1mmodule.core[0].module.role[43].random_integer.sleep: Creation complete after 0s [id=3][0m
[0m[1mmodule.core[1].module.role[31].random_integer.sleep: Creating...[0m[0m
[0m[1mmodule.core[0].module.role[18].random_integer.sleep: Creating...[0m[0m
[0m[1mmodule.core[2].module.security_rule[31].random_integer.sleep: Creating...[0m[0m
[0m[1mmodule.core[0].module.role[31].random_integer.sleep: Creating...[0m[0m
[0m[1mmodule.core[1].module.security_rule[1].random_integer.sleep: Creation complete after 0s [id=0][0m
[0m[1mmodule.core[2].module.role[28].random_integer.sleep: Creation complete after 0s [id=5][0m
[0m[1mmodule.core[0].module.role[20].random_integer.sleep: Creation complete after 0s [id=1][0m
[0m[1mmodule.core[0].module.security_rule[23].random_integer.sleep: Creating...[0m[0m
[0m[1mmodule.core[2].module.security_rule[31].random_integer.sleep: Creation complete after 0s [id=2][0m
[0m[1mmodule.core[0].module.role[18].random_integer.sleep: Creation complete after 0s [id=5][0m
[0m[1mmodule.applications[4].module.airflow[7].random_integer.sleep: Creating...[0m[0m
[0m[1mmodule.core[1].module.role[6].random_integer.sleep: Creating...[0m[0m
[0m[1mmodule.core[1].module.role[31].random_integer.sleep: Creation complete after 0s [id=3][0m
[0m[1mmodule.applications[6].module.dbt[0].random_integer.sleep[0]: Creating...[0m[0m
[0m[1mmodule.core[0].module.role[31].random_integer.sleep: Creation complete after 0s [id=3][0m
[0m[1mmodule.applications[5].module.dbt[3].random_integer.sleep[0]: Creating...[0m[0m
[0m[1mmodule.core[0].module.security_rule[23].random_integer.sleep: Creation complete after 0s [id=4][0m
[0m[1mmodule.applications[3].module.dbt[2].random_integer.sleep[0]: Creating...[0m[0m
[0m[1mmodule.core[2].module.security_rule[13].random_integer.sleep: Creating...[0m[0m
[0m[1mmodule.applications[4].module.dbt[1].random_integer.sleep[1]: Creating...[0m[0m
[0m[1mmodule.applications[6].module.dbt[0].random_integer.sleep[0]: Creation complete after 0s [id=1][0m
[0m[1mmodule.core[1].module.role[6].random_integer.sleep: Creation complete after 0s [id=1][0m
[0m[1mmodule.applications[4].module.airflow[7].random_integer.sleep: Creation complete after 0s [id=2][0m
[0m[1mmodule.core[2].module.security_rule[18].random_integer.sleep: Creating...[0m[0m
[0m[1mmodule.core[1].module.role[43].random_integer.sleep: Creating...[0m[0m
[0m[1mmodule.core[2].module.role[14].random_integer.sleep: Creating...[0m[0m
[0m[1mmodule.applications[5].module.dbt[3].random_integer.sleep[0]: Creation complete after 0s [id=1][0m
[0m[1mmodule.core[1].module.role[47].random_integer.sleep: Creating...[0m[0m
[0m[1mmodule.applications[3].module.dbt[2].random_integer.sleep[0]: Creation complete after 0s [id=4][0m
[0m[1mmodule.applications[8].module.dbt[0].random_integer.sleep[1]: Creating...[0m[0m
[0m[1mmodule.core[2].module.security_rule[13].random_integer.sleep: Creation complete after 0s [id=4][0m
[0m[1mmodule.applications[4].module.dbt[1].random_integer.sleep[1]: Creation complete after 0s [id=2][0m
[0m[1mmodule.applications[6].module.dbt[1].random_integer.sleep[0]: Creating...[0m[0m
[0m[1mmodule.core[0].module.security_rule[21].random_integer.sleep: Creating...[0m[0m
[0m[1mmodule.core[0].module.role[29].random_integer.sleep: Creating...[0m[0m
[0m[1mmodule.core[2].module.security_rule[18].random_integer.sleep: Creation complete after 0s [id=5][0m
[0m[1mmodule.core[1].module.role[43].random_integer.sleep: Creation complete after 0s [id=5][0m
[0m[1mmodule.core[1].module.role[47].random_integer.sleep: Creation complete after 0s [id=3][0m
[0m[1mmodule.core[2].module.role[14].random_integer.sleep: Creation complete after 0s [id=5][0m
[0m[1mmodule.core[2].module.security_rule[9].random_integer.sleep: Creating...[0m[0m
[0m[1mmodule.core[0].module.role[48].random_integer.sleep: Creating...[0m[0m
[0m[1mmodule.applications[4].module.dbt[2].random_integer.sleep[1]: Creating...[0m[0m
[0m[1mmodule.applications[8].module.dbt[0].random_integer.sleep[1]: Creation complete after 0s [id=3][0m
[0m[1mmodule.core[0].module.role[29].random_integer.sleep: Creation complete after 0s [id=4][0m
[0m[1mmodule.applications[7].module.dbt[2].random_integer.sleep[0]: Creating...[0m[0m
[0m[1mmodule.core[0].module.security_rule[21].random_integer.sleep: Creation complete after 0s [id=2][0m
[0m[1mmodule.core[1].module.role[23].random_integer.sleep: Creating...[0m[0m
[0m[1mmodule.applications[2].module.airflow[5].random_integer.sleep: Creating...[0m[0m
[0m[1mmodule.applications[6].module.dbt[1].random_integer.sleep[0]: Creation complete after 0s [id=1][0m
[0m[1mmodule.core[2].module.security_rule[21].random_integer.sleep: Creating...[0m[0m
[0m[1mmodule.core[0].module.security_rule[17].random_integer.sleep: Creating...[0m[0m
[0m[1mmodule.applications[7].module.dbt[2].random_integer.sleep[0]: Creation complete after 0s [id=5][0m
[0m[1mmodule.applications[4].module.dbt[2].random_integer.sleep[1]: Creation complete after 0s [id=4][0m
[0m[1mmodule.core[2].module.security_rule[9].random_integer.sleep: Creation complete after 0s [id=2][0m
[0m[1mmodule.core[1].module.role[23].random_integer.sleep: Creation complete after 0s [id=4][0m
[0m[1mmodule.applications[2].module.airflow[5].random_integer.sleep: Creation complete after 0s [id=3][0m
[0m[1mmodule.core[0].module.role[48].random_integer.sleep: Creation complete after 0s [id=2][0m
[0m[1mmodule.applications[4].module.dbt[4].random_integer.sleep[0]: Creating...[0m[0m
[0m[1mmodule.applications[9].module.dbt[3].random_integer.sleep[1]: Creating...[0m[0m
[0m[1mmodule.core[1].module.security_rule[31].random_integer.sleep: Creating...[0m[0m
[0m[1mmodule.core[0].module.security_rule[2].random_integer.sleep: Creating...[0m[0m
[0m[1mmodule.applications[4].module.dbt[0].random_integer.sleep[0]: Creating...[0m[0m
[0m[1mmodule.core[2].module.security_rule[21].random_integer.sleep: Creation complete after 0s [id=0][0m
[0m[1mmodule.applications[6].module.dbt[0].random_integer.sleep[1]: Creating...[0m[0m
[0m[1mmodule.core[0].module.security_rule[17].random_integer.sleep: Creation complete after 0s [id=2][0m
[0m[1mmodule.applications[9].module.dbt[3].random_integer.sleep[1]: Creation complete after 0s [id=3][0m
[0m[1mmodule.applications[4].module.dbt[4].random_integer.sleep[0]: Creation complete after 0s [id=1][0m
[0m[1mmodule.applications[5].module.dbt[0].random_integer.sleep[1]: Creating...[0m[0m
[0m[1mmodule.core[0].module.security_rule[2].random_integer.sleep: Creation complete after 0s [id=2][0m
[0m[1mmodule.applications[4].module.dbt[0].random_integer.sleep[0]: Creation complete after 0s [id=1][0m
[0m[1mmodule.applications[6].module.dbt[0].random_integer.sleep[1]: Creation complete after 0s [id=1][0m
[0m[1mmodule.core[0].module.security_rule[7].random_integer.sleep: Creating...[0m[0m
[0m[1mmodule.core[1].module.security_rule[3].random_integer.sleep: Creating...[0m[0m
[0m[1mmodule.core[1].module.role[10].random_integer.sleep: Creating...[0m[0m
[0m[1mmodule.core[1].module.security_rule[31].random_integer.sleep: Creation complete after 0s [id=0][0m
[0m[1mmodule.applications[8].module.dbt[2].random_integer.sleep[1]: Creating...[0m[0m
[0m[1mmodule.applications[4].module.dbt[2].random_integer.sleep[0]: Creating...[0m[0m
[0m[1mmodule.applications[5].module.airflow[9].random_integer.sleep: Creating...[0m[0m
[0m[1mmodule.core[0].module.security_rule[25].random_integer.sleep: Creating...[0m[0m
[0m[1mmodule.core[0].module.security_rule[7].random_integer.sleep: Creation complete after 0s [id=4][0m
[0m[1mmodule.core[1].module.security_rule[3].random_integer.sleep: Creation complete after 0s [id=0][0m
[0m[1mmodule.applications[5].module.dbt[0].random_integer.sleep[1]: Creation complete after 0s [id=2][0m
[0m[1mmodule.core[1].module.role[10].random_integer.sleep: Creation complete after 0s [id=3][0m
[0m[1mmodule.applications[3].module.dbt[1].random_integer.sleep[0]: Creating...[0m[0m
[0m[1mmodule.core[0].module.security_rule[12].random_integer.sleep: Creating...[0m[0m
[0m[1mmodule.applications[8].module.dbt[2].random_integer.sleep[1]: Creation complete after 0s [id=3][0m
[0m[1mmodule.applications[4].module.dbt[2].random_integer.sleep[0]: Creation complete after 0s [id=4][0m
[0m[1mmodule.applications[7].module.dbt[1].random_integer.sleep[1]: Creating...[0m[0m
[0m[1mmodule.applications[5].module.airflow[9].random_integer.sleep: Creation complete after 0s [id=3][0m
[0m[1mmodule.core[2].module.security_rule[22].random_integer.sleep: Creating...[0m[0m
[0m[1mmodule.core[2].module.security_rule[26].random_integer.sleep: Creating...[0m[0m
[0m[1mmodule.applications[7].module.airflow[5].random_integer.sleep: Creating...[0m[0m
[0m[1mmodule.core[2].module.security_rule[26].random_integer.sleep: Creation complete after 0s [id=5][0m
[0m[1mmodule.core[0].module.security_rule[25].random_integer.sleep: Creation complete after 0s [id=2][0m
[0m[1mmodule.core[2].module.security_rule[10].random_integer.sleep: Creating...[0m[0m
[0m[1mmodule.core[0].module.security_rule[12].random_integer.sleep: Creation complete after 0s [id=0][0m
[0m[1mmodule.applications[3].module.dbt[1].random_integer.sleep[0]: Creation complete after 0s [id=3][0m
[0m[1mmodule.applications[7].module.dbt[1].random_integer.sleep[1]: Creation complete after 0s [id=3][0m
[0m[1mmodule.core[0].module.role[40].random_integer.sleep: Creating...[0m[0m
[0m[1mmodule.applications[9].module.dbt[1].random_integer.sleep[1]: Creating...[0m[0m
[0m[1mmodule.core[1].module.security_rule[8].random_integer.sleep: Creating...[0m[0m
[0m[1mmodule.core[1].module.security_rule[16].random_integer.sleep: Creating...[0m[0m
[0m[1mmodule.core[2].module.security_rule[22].random_integer.sleep: Creation complete after 0s [id=4][0m
[0m[1mmodule.applications[1].module.dbt[1].random_integer.sleep[1]: Creating...[0m[0m
[0m[1mmodule.applications[7].module.airflow[5].random_integer.sleep: Creation complete after 0s [id=4][0m
[0m[1mmodule.core[1].module.role[26].random_integer.sleep: Creating...[0m[0m
[0m[1mmodule.core[1].module.security_rule[8].random_integer.sleep: Creation complete after 0s [id=5][0m
[0m[1mmodule.core[2].module.security_rule[10].random_integer.sleep: Creation complete after 0s [id=2][0m
[0m[1mmodule.core[0].module.role[40].random_integer.sleep: Creation complete after 0s [id=4][0m
[0m[1mmodule.applications[9].module.dbt[1].random_integer.sleep[1]: Creation complete after 0s [id=2][0m
[0m[1mmodule.applications[6].module.airflow[7].random_integer.sleep: Creating...[0m[0m
[0m[1mmodule.core[0].module.security_rule[0].random_integer.sleep: Creating...[0m[0m
[0m[1mmodule.core[1].module.security_rule[16].random_integer.sleep: Creation complete after 0s [id=5][0m
[0m[1mmodule.core[0].module.security_rule[18].random_integer.sleep: Creating...[0m[0m
[0m[1mmodule.core[0].module.security_rule[22].random_integer.sleep: Creating...[0m[0m
[0m[1mmodule.applications[1].module.dbt[1].random_integer.sleep[1]: Creation complete after 0s [id=3][0m
[0m[1mmodule.applications[0].module.dbt[3].random_integer.sleep[0]: Creating...[0m[0m
[0m[1mmodule.core[2].module.security_rule[7].random_integer.sleep: Creating...[0m[0m
[0m[1mmodule.core[1].module.role[45].random_integer.sleep: Creating...[0m[0m
[0m[1mmodule.applications[6].module.airflow[7].random_integer.sleep: Creation complete after 0s [id=1][0m
[0m[1mmodule.core[1].module.role[26].random_integer.sleep: Creation complete after 0s [id=5][0m
[0m[1mmodule.core[0].module.security_rule[0].random_integer.sleep: Creation complete after 0s [id=5][0m
[0m[1mmodule.core[0].module.security_rule[18].random_integer.sleep: Creation complete after 0s [id=3][0m
[0m[1mmodule.core[0].module.security_rule[22].random_integer.sleep: Creation complete after 0s [id=4][0m
[0m[1mmodule.core[0].module.security_rule[1].random_integer.sleep: Creating...[0m[0m
[0m[1mmodule.applications[0].module.dbt[2].random_integer.sleep[1]: Creating...[0m[0m
[0m[1mmodule.applications[0].module.dbt[3].random_integer.sleep[0]: Creation complete after 0s [id=1][0m
[0m[1mmodule.applications[5].module.dbt[0].random_integer.sleep[0]: Creating...[0m[0m
[0m[1mmodule.applications[9].module.dbt[2].random_integer.sleep[0]: Creating...[0m[0m
[0m[1mmodule.applications[2].module.dbt[1].random_integer.sleep[0]: Creating...[0m[0m
[0m[1mmodule.core[2].module.security_rule[7].random_integer.sleep: Creation complete after 0s [id=0][0m
[0m[1mmodule.core[1].module.role[45].random_integer.sleep: Creation complete after 0s [id=2][0m
[0m[1mmodule.core[1].module.security_rule[33].random_integer.sleep: Creating...[0m[0m
[0m[1mmodule.applications[0].module.airflow[6].random_integer.sleep: Creating...[0m[0m
[0m[1mmodule.core[0].module.security_rule[13].random_integer.sleep: Creating...[0m[0m
[0m[1mmodule.applications[0].module.dbt[2].random_integer.sleep[1]: Creation complete after 0s [id=3][0m
[0m[1mmodule.applications[1].module.dbt[4].random_integer.sleep[0]: Creating...[0m[0m
[0m[1mmodule.applications[5].module.dbt[0].random_integer.sleep[0]: Creation complete after 0s [id=4][0m
[0m[1mmodule.core[0].module.security_rule[1].random_integer.sleep: Creation complete after 0s [id=0][0m
[0m[1mmodule.applications[9].module.dbt[2].random_integer.sleep[0]: Creation complete after 0s [id=5][0m
[0m[1mmodule.applications[2].module.dbt[1].random_integer.sleep[0]: Creation complete after 0s [id=2][0m
[0m[1mmodule.applications[2].module.dbt[3].random_integer.sleep[1]: Creating...[0m[0m
[0m[1mmodule.core[2].module.security_rule[29].random_integer.sleep: Creating...[0m[0m
[0m[1mmodule.core[1].module.security_rule[33].random_integer.sleep: Creation complete after 0s [id=0][0m
[0m[1mmodule.core[0].module.security_rule[30].random_integer.sleep: Creating...[0m[0m
[0m[1mmodule.applications[4].module.dbt[1].random_integer.sleep[0]: Creating...[0m[0m
[0m[1mmodule.applications[0].module.airflow[6].random_integer.sleep: Creation complete after 0s [id=2][0m
[0m[1mmodule.core[0].module.security_rule[13].random_integer.sleep: Creation complete after 0s [id=3][0m
[0m[1mmodule.applications[1].module.dbt[4].random_integer.sleep[0]: Creation complete after 0s [id=5][0m
[0m[1mmodule.applications[3].module.airflow[5].random_integer.sleep: Creating...[0m[0m
[0m[1mmodule.core[1].module.security_rule[17].random_integer.sleep: Creating...[0m[0m
[0m[1mmodule.core[1].module.security_rule[30].random_integer.sleep: Creating...[0m[0m
[0m[1mmodule.core[2].module.security_rule[29].random_integer.sleep: Creation complete after 1s [id=3][0m
[0m[1mmodule.applications[3].module.airflow[0].random_integer.sleep: Creating...[0m[0m
[0m[1mmodule.applications[8].module.dbt[2].random_integer.sleep[0]: Creating...[0m[0m
[0m[1mmodule.core[0].module.security_rule[30].random_integer.sleep: Creation complete after 1s [id=5][0m
[0m[1mmodule.applications[2].module.dbt[3].random_integer.sleep[1]: Creation complete after 1s [id=5][0m
[0m[1mmodule.applications[3].module.airflow[0].random_integer.sleep: Creation complete after 0s [id=5][0m
[0m[1mmodule.core[0].module.security_rule[26].random_integer.sleep: Creating...[0m[0m
[0m[1mmodule.applications[5].module.dbt[2].random_integer.sleep[0]: Creating...[0m[0m
[0m[1mmodule.core[1].module.security_rule[17].random_integer.sleep: Creation complete after 1s [id=3][0m
[0m[1mmodule.core[1].module.security_rule[5].random_integer.sleep: Creating...[0m[0m
[0m[1mmodule.core[1].module.security_rule[30].random_integer.sleep: Creation complete after 0s [id=1][0m
[0m[1mmodule.applications[3].module.airflow[5].random_integer.sleep: Creation complete after 1s [id=3][0m
[0m[1mmodule.applications[8].module.dbt[2].random_integer.sleep[0]: Creation complete after 0s [id=5][0m
[0m[1mmodule.applications[4].module.dbt[1].random_integer.sleep[0]: Creation complete after 1s [id=5][0m
[0m[1mmodule.applications[1].module.dbt[2].random_integer.sleep[1]: Creating...[0m[0m
[0m[1mmodule.core[2].module.security_rule[25].random_integer.sleep: Creating...[0m[0m
[0m[1mmodule.core[2].module.security_rule[11].random_integer.sleep: Creating...[0m[0m
[0m[1mmodule.applications[1].module.dbt[3].random_integer.sleep[0]: Creating...[0m[0m
[0m[1mmodule.applications[0].module.dbt[3].random_integer.sleep[1]: Creating...[0m[0m
[0m[1mmodule.applications[5].module.dbt[2].random_integer.sleep[0]: Creation complete after 0s [id=2][0m
[0m[1mmodule.core[0].module.security_rule[26].random_integer.sleep: Creation complete after 0s [id=5][0m
[0m[1mmodule.core[1].module.security_rule[18].random_integer.sleep: Creating...[0m[0m
[0m[1mmodule.core[1].module.security_rule[5].random_integer.sleep: Creation complete after 0s [id=1][0m
[0m[1mmodule.applications[1].module.dbt[3].random_integer.sleep[0]: Creation complete after 0s [id=5][0m
[0m[1mmodule.applications[0].module.airflow[9].random_integer.sleep: Creating...[0m[0m
[0m[1mmodule.applications[1].module.dbt[2].random_integer.sleep[1]: Creation complete after 0s [id=2][0m
[0m[1mmodule.core[2].module.security_rule[25].random_integer.sleep: Creation complete after 0s [id=0][0m
[0m[1mmodule.core[2].module.security_rule[11].random_integer.sleep: Creation complete after 0s [id=3][0m
[0m[1mmodule.applications[6].module.dbt[3].random_integer.sleep[1]: Creating...[0m[0m
[0m[1mmodule.applications[9].module.dbt[0].random_integer.sleep[0]: Creating...[0m[0m
[0m[1mmodule.applications[4].module.airflow[5].random_integer.sleep: Creating...[0m[0m
[0m[1mmodule.applications[0].module.dbt[2].random_integer.sleep[0]: Creating...[0m[0m
[0m[1mmodule.applications[0].module.dbt[0].random_integer.sleep[0]: Creating...[0m[0m
[0m[1mmodule.applications[0].module.dbt[3].random_integer.sleep[1]: Creation complete after 0s [id=2][0m
[0m[1mmodule.core[1].module.security_rule[18].random_integer.sleep: Creation complete after 0s [id=4][0m
[0m[1mmodule.applications[0].module.airflow[9].random_integer.sleep: Creation complete after 0s [id=5][0m
[0m[1mmodule.applications[1].module.dbt[0].random_integer.sleep[1]: Creating...[0m[0m
[0m[1mmodule.core[2].module.security_rule[14].random_integer.sleep: Creating...[0m[0m
[0m[1mmodule.applications[6].module.dbt[3].random_integer.sleep[1]: Creation complete after 0s [id=2][0m
[0m[1mmodule.applications[1].module.dbt[0].random_integer.sleep[1]: Creation complete after 0s [id=1][0m
[0m[1mmodule.applications[3].module.dbt[4].random_integer.sleep[1]: Creating...[0m[0m
[0m[1mmodule.applications[9].module.dbt[0].random_integer.sleep[0]: Creation complete after 0s [id=2][0m
[0m[1mmodule.core[0].module.security_rule[16].random_integer.sleep: Creating...[0m[0m
[0m[1mmodule.applications[0].module.dbt[2].random_integer.sleep[0]: Creation complete after 0s [id=1][0m
[0m[1mmodule.applications[4].module.airflow[5].random_integer.sleep: Creation complete after 0s [id=2][0m
[0m[1mmodule.applications[0].module.dbt[0].random_integer.sleep[0]: Creation complete after 0s [id=4][0m
[0m[1mmodule.applications[0].module.airflow[8].random_integer.sleep: Creating...[0m[0m
[0m[1mmodule.applications[2].module.dbt[2].random_integer.sleep[0]: Creating...[0m[0m
[0m[1mmodule.applications[9].module.dbt[2].random_integer.sleep[1]: Creating...[0m[0m
[0m[1mmodule.applications[0].module.airflow[2].random_integer.sleep: Creating...[0m[0m
[0m[1mmodule.applications[8].module.airflow[9].random_integer.sleep: Creating...[0m[0m
[0m[1mmodule.core[2].module.security_rule[14].random_integer.sleep: Creation complete after 0s [id=4][0m
[0m[1mmodule.applications[3].module.dbt[4].random_integer.sleep[1]: Creation complete after 0s [id=5][0m
[0m[1mmodule.applications[7].module.dbt[0].random_integer.sleep[0]: Creating...[0m[0m
[0m[1mmodule.applications[0].module.airflow[2].random_integer.sleep: Creation complete after 0s [id=5][0m
[0m[1mmodule.applications[6].module.airflow[8].random_integer.sleep: Creating...[0m[0m
[0m[1mmodule.applications[2].module.airflow[8].random_integer.sleep: Creating...[0m[0m
[0m[1mmodule.core[0].module.security_rule[16].random_integer.sleep: Creation complete after 0s [id=0][0m
[0m[1mmodule.applications[0].module.airflow[8].random_integer.sleep: Creation complete after 0s [id=1][0m
[0m[1mmodule.applications[9].module.dbt[2].random_integer.sleep[1]: Creation complete after 0s [id=3][0m
[0m[1mmodule.applications[2].module.dbt[2].random_integer.sleep[0]: Creation complete after 0s [id=2][0m
[0m[1mmodule.applications[2].module.airflow[8].random_integer.sleep: Creation complete after 0s [id=4][0m
[0m[1mmodule.applications[7].module.dbt[0].random_integer.sleep[0]: Creation complete after 0s [id=1][0m
[0m[1mmodule.applications[6].module.airflow[8].random_integer.sleep: Creation complete after 0s [id=4][0m
[0m[1mmodule.applications[9].module.dbt[1].random_integer.sleep[0]: Creating...[0m[0m
[0m[1mmodule.applications[7].module.dbt[0].random_integer.sleep[1]: Creating...[0m[0m
[0m[1mmodule.applications[8].module.airflow[9].random_integer.sleep: Creation complete after 0s [id=2][0m
[0m[1mmodule.applications[8].module.airflow[1].random_integer.sleep: Creating...[0m[0m
[0m[1mmodule.core[1].module.security_rule[25].random_integer.sleep: Creating...[0m[0m
[0m[1mmodule.applications[5].module.airflow[7].random_integer.sleep: Creating...[0m[0m
[0m[1mmodule.applications[4].module.airflow[2].random_integer.sleep: Creating...[0m[0m
[0m[1mmodule.core[0].module.role[17].random_integer.sleep: Creating...[0m[0m
[0m[1mmodule.applications[7].module.airflow[1].random_integer.sleep: Creating...[0m[0m
[0m[1mmodule.applications[7].module.airflow[1].random_integer.sleep: Creation complete after 0s [id=2][0m
[0m[1mmodule.applications[7].module.dbt[0].random_integer.sleep[1]: Creation complete after 0s [id=5][0m
[0m[1mmodule.applications[3].module.airflow[1].random_integer.sleep: Creating...[0m[0m
[0m[1mmodule.applications[9].module.dbt[1].random_integer.sleep[0]: Creation complete after 0s [id=2][0m
[0m[1mmodule.applications[7].module.airflow[3].random_integer.sleep: Creating...[0m[0m
[0m[1mmodule.applications[8].module.airflow[1].random_integer.sleep: Creation complete after 0s [id=2][0m
[0m[1mmodule.core[0].module.role[45].random_integer.sleep: Creating...[0m[0m
[0m[1mmodule.applications[2].module.dbt[3].random_integer.sleep[0]: Creating...[0m[0m
[0m[1mmodule.applications[8].module.airflow[0].random_integer.sleep: Creating...[0m[0m
[0m[1mmodule.applications[4].module.airflow[2].random_integer.sleep: Creation complete after 0s [id=2][0m
[0m[1mmodule.applications[5].module.airflow[7].random_integer.sleep: Creation complete after 0s [id=2][0m
[0m[1mmodule.core[1].module.security_rule[25].random_integer.sleep: Creation complete after 0s [id=2][0m
[0m[1mmodule.core[0].module.role[17].random_integer.sleep: Creation complete after 0s [id=2][0m
[0m[1mmodule.applications[7].module.airflow[3].random_integer.sleep: Creation complete after 0s [id=1][0m
[0m[1mmodule.applications[3].module.airflow[1].random_integer.sleep: Creation complete after 0s [id=1][0m
[0m[1mmodule.applications[2].module.airflow[2].random_integer.sleep: Creating...[0m[0m
[0m[1mmodule.core[0].module.role[45].random_integer.sleep: Creation complete after 0s [id=3][0m
[0m[1mmodule.applications[6].module.airflow[1].random_integer.sleep: Creating...[0m[0m
[0m[1mmodule.core[0].module.role[10].random_integer.sleep: Creating...[0m[0m
[0m[1mmodule.applications[4].module.airflow[9].random_integer.sleep: Creating...[0m[0m
[0m[1mmodule.applications[7].module.airflow[6].random_integer.sleep: Creating...[0m[0m
[0m[1mmodule.applications[1].module.dbt[0].random_integer.sleep[0]: Creating...[0m[0m
[0m[1mmodule.applications[2].module.dbt[3].random_integer.sleep[0]: Creation complete after 0s [id=1][0m
[0m[1mmodule.applications[8].module.airflow[0].random_integer.sleep: Creation complete after 0s [id=4][0m
[0m[1mmodule.applications[2].module.airflow[2].random_integer.sleep: Creation complete after 0s [id=2][0m
[0m[1mmodule.applications[5].module.airflow[1].random_integer.sleep: Creating...[0m[0m
[0m[1mmodule.applications[4].module.airflow[6].random_integer.sleep: Creating...[0m[0m
[0m[1mmodule.core[1].module.security_rule[15].random_integer.sleep: Creating...[0m[0m
[0m[1mmodule.applications[4].module.airflow[9].random_integer.sleep: Creation complete after 0s [id=3][0m
[0m[1mmodule.applications[8].module.dbt[3].random_integer.sleep[0]: Creating...[0m[0m
[0m[1mmodule.core[0].module.role[10].random_integer.sleep: Creation complete after 0s [id=5][0m
[0m[1mmodule.applications[7].module.airflow[6].random_integer.sleep: Creation complete after 0s [id=1][0m
[0m[1mmodule.applications[6].module.airflow[1].random_integer.sleep: Creation complete after 0s [id=5][0m
[0m[1mmodule.applications[1].module.dbt[0].random_integer.sleep[0]: Creation complete after 0s [id=3][0m
[0m[1mmodule.applications[0].module.airflow[1].random_integer.sleep: Creating...[0m[0m
[0m[1mmodule.applications[1].module.airflow[6].random_integer.sleep: Creating...[0m[0m
[0m[1mmodule.applications[5].module.airflow[1].random_integer.sleep: Creation complete after 0s [id=5][0m
[0m[1mmodule.core[2].module.role[3].random_integer.sleep: Creating...[0m[0m
[0m[1mmodule.applications[2].module.dbt[0].random_integer.sleep[1]: Creating...[0m[0m
[0m[1mmodule.applications[8].module.dbt[3].random_integer.sleep[0]: Creation complete after 0s [id=5][0m
[0m[1mmodule.applications[6].module.airflow[4].random_integer.sleep: Creating...[0m[0m
[0m[1mmodule.core[1].module.security_rule[15].random_integer.sleep: Creation complete after 0s [id=2][0m
[0m[1mmodule.applications[4].module.airflow[6].random_integer.sleep: Creation complete after 0s [id=1][0m
[0m[1mmodule.core[0].module.security_rule[14].random_integer.sleep: Creating...[0m[0m
[0m[1mmodule.core[1].module.security_rule[10].random_integer.sleep: Creating...[0m[0m
[0m[1mmodule.applications[3].module.airflow[6].random_integer.sleep: Creating...[0m[0m
[0m[1mmodule.applications[0].module.airflow[1].random_integer.sleep: Creation complete after 0s [id=3][0m
[0m[1mmodule.applications[6].module.airflow[4].random_integer.sleep: Creation complete after 0s [id=3][0m
[0m[1mmodule.applications[1].module.airflow[6].random_integer.sleep: Creation complete after 0s [id=5][0m
[0m[1mmodule.applications[2].module.dbt[0].random_integer.sleep[1]: Creation complete after 0s [id=1][0m
[0m[1mmodule.core[2].module.role[3].random_integer.sleep: Creation complete after 0s [id=5][0m
[0m[1mmodule.core[2].module.security_rule[2].random_integer.sleep: Creating...[0m[0m
[0m[1mmodule.applications[4].module.airflow[8].random_integer.sleep: Creating...[0m[0m
[0m[1mmodule.applications[2].module.dbt[2].random_integer.sleep[1]: Creating...[0m[0m
[0m[1mmodule.applications[3].module.airflow[6].random_integer.sleep: Creation complete after 0s [id=5][0m
[0m[1mmodule.core[1].module.security_rule[10].random_integer.sleep: Creation complete after 0s [id=0][0m
[0m[1mmodule.applications[6].module.dbt[1].random_integer.sleep[1]: Creating...[0m[0m
[0m[1mmodule.applications[5].module.dbt[4].random_integer.sleep[1]: Creating...[0m[0m
[0m[1mmodule.core[0].module.security_rule[14].random_integer.sleep: Creation complete after 0s [id=3][0m
[0m[1mmodule.core[1].module.role[39].random_integer.sleep: Creating...[0m[0m
[0m[1mmodule.core[1].module.security_rule[28].random_integer.sleep: Creating...[0m[0m
[0m[1mmodule.core[2].module.security_rule[2].random_integer.sleep: Creation complete after 0s [id=5][0m
[0m[1mmodule.applications[4].module.airflow[8].random_integer.sleep: Creation complete after 0s [id=4][0m
[0m[1mmodule.applications[6].module.dbt[1].random_integer.sleep[1]: Creation complete after 0s [id=4][0m
[0m[1mmodule.applications[5].module.dbt[4].random_integer.sleep[1]: Creation complete after 0s [id=3][0m
[0m[1mmodule.applications[2].module.dbt[2].random_integer.sleep[1]: Creation complete after 0s [id=1][0m
[0m[1mmodule.core[1].module.role[39].random_integer.sleep: Creation complete after 0s [id=3][0m
[0m[1mmodule.applications[7].module.airflow[2].random_integer.sleep: Creating...[0m[0m
[0m[1mmodule.core[2].module.role[1].random_integer.sleep: Creating...[0m[0m
[0m[1mmodule.applications[4].module.airflow[3].random_integer.sleep: Creating...[0m[0m
[0m[1mmodule.applications[7].module.airflow[7].random_integer.sleep: Creating...[0m[0m
[0m[1mmodule.core[0].module.role[24].random_integer.sleep: Creating...[0m[0m
[0m[1mmodule.applications[8].module.airflow[3].random_integer.sleep: Creating...[0m[0m
[0m[1mmodule.applications[4].module.airflow[1].random_integer.sleep: Creating...[0m[0m
[0m[1mmodule.applications[4].module.airflow[1].random_integer.sleep: Creation complete after 0s [id=3][0m
[0m[1mmodule.core[0].module.role[44].random_integer.sleep: Creating...[0m[0m
[0m[1mmodule.core[0].module.role[44].random_integer.sleep: Creation complete after 0s [id=3][0m
[0m[1mmodule.applications[7].module.airflow[7].random_integer.sleep: Creation complete after 0s [id=2][0m
[0m[1mmodule.applications[7].module.airflow[2].random_integer.sleep: Creation complete after 0s [id=5][0m
[0m[1mmodule.core[2].module.role[1].random_integer.sleep: Creation complete after 0s [id=4][0m
[0m[1mmodule.core[1].module.security_rule[28].random_integer.sleep: Creation complete after 0s [id=3][0m
[0m[1mmodule.applications[4].module.airflow[3].random_integer.sleep: Creation complete after 0s [id=5][0m
[0m[1mmodule.core[0].module.role[24].random_integer.sleep: Creation complete after 0s [id=5][0m
[0m[1mmodule.applications[8].module.airflow[3].random_integer.sleep: Creation complete after 0s [id=3][0m
[0m[1mmodule.applications[4].module.airflow[0].random_integer.sleep: Creating...[0m[0m
[0m[1mmodule.core[2].module.role[12].random_integer.sleep: Creating...[0m[0m
[0m[1mmodule.core[0].module.security_rule[31].random_integer.sleep: Creating...[0m[0m
[0m[1mmodule.applications[5].module.dbt[2].random_integer.sleep[1]: Creating...[0m[0m
[0m[1mmodule.core[2].module.security_rule[8].random_integer.sleep: Creating...[0m[0m
[0m[1mmodule.applications[0].module.airflow[7].random_integer.sleep: Creating...[0m[0m
[0m[1mmodule.applications[2].module.airflow[0].random_integer.sleep: Creating...[0m[0m
[0m[1mmodule.core[2].module.security_rule[5].random_integer.sleep: Creating...[0m[0m
[0m[1mmodule.applications[4].module.airflow[0].random_integer.sleep: Creation complete after 0s [id=3][0m
[0m[1mmodule.applications[5].module.airflow[3].random_integer.sleep: Creating...[0m[0m
[0m[1mmodule.core[2].module.role[12].random_integer.sleep: Creation complete after 0s [id=3][0m
[0m[1mmodule.applications[9].module.airflow[4].random_integer.sleep: Creating...[0m[0m
[0m[1mmodule.core[1].module.role[9].random_integer.sleep: Creating...[0m[0m
[0m[1mmodule.core[2].module.security_rule[8].random_integer.sleep: Creation complete after 0s [id=0][0m
[0m[1mmodule.core[0].module.security_rule[31].random_integer.sleep: Creation complete after 0s [id=3][0m
[0m[1mmodule.applications[0].module.airflow[7].random_integer.sleep: Creation complete after 0s [id=3][0m
[0m[1mmodule.applications[5].module.dbt[2].random_integer.sleep[1]: Creation complete after 0s [id=4][0m
[0m[1mmodule.applications[2].module.airflow[4].random_integer.sleep: Creating...[0m[0m
[0m[1mmodule.applications[2].module.airflow[0].random_integer.sleep: Creation complete after 0s [id=3][0m
[0m[1mmodule.applications[5].module.airflow[3].random_integer.sleep: Creation complete after 0s [id=4][0m
[0m[1mmodule.core[2].module.security_rule[5].random_integer.sleep: Creation complete after 0s [id=0][0m
[0m[1mmodule.core[0].module.role[16].random_integer.sleep: Creating...[0m[0m
[0m[1mmodule.applications[9].module.dbt[0].random_integer.sleep[1]: Creating...[0m[0m
[0m[1mmodule.applications[6].module.airflow[6].random_integer.sleep: Creating...[0m[0m
[0m[1mmodule.applications[4].module.airflow[4].random_integer.sleep: Creating...[0m[0m
[0m[1mmodule.applications[5].module.airflow[0].random_integer.sleep: Creating...[0m[0m
[0m[1mmodule.core[1].module.role[9].random_integer.sleep: Creation complete after 0s [id=4][0m
[0m[1mmodule.applications[9].module.airflow[4].random_integer.sleep: Creation complete after 0s [id=3][0m
[0m[1mmodule.applications[2].module.airflow[4].random_integer.sleep: Creation complete after 0s [id=5][0m
[0m[1mmodule.core[1].module.role[19].random_integer.sleep: Creating...[0m[0m
[0m[1mmodule.core[1].module.security_rule[14].random_integer.sleep: Creating...[0m[0m
[0m[1mmodule.applications[6].module.airflow[6].random_integer.sleep: Creation complete after 0s [id=3][0m
[0m[1mmodule.applications[3].module.airflow[9].random_integer.sleep: Creating...[0m[0m
[0m[1mmodule.core[0].module.role[16].random_integer.sleep: Creation complete after 0s [id=2][0m
[0m[1mmodule.applications[1].module.airflow[5].random_integer.sleep: Creating...[0m[0m
[0m[1mmodule.applications[9].module.dbt[0].random_integer.sleep[1]: Creation complete after 0s [id=1][0m
[0m[1mmodule.core[2].module.role[41].random_integer.sleep: Creating...[0m[0m
[0m[1mmodule.applications[5].module.airflow[4].random_integer.sleep: Creating...[0m[0m
[0m[1mmodule.applications[4].module.airflow[4].random_integer.sleep: Creation complete after 0s [id=2][0m
[0m[1mmodule.core[1].module.security_rule[14].random_integer.sleep: Creation complete after 0s [id=0][0m
[0m[1mmodule.applications[5].module.airflow[0].random_integer.sleep: Creation complete after 0s [id=3][0m
[0m[1mmodule.core[1].module.role[19].random_integer.sleep: Creation complete after 0s [id=1][0m
[0m[1mmodule.applications[1].module.airflow[5].random_integer.sleep: Creation complete after 0s [id=4][0m
[0m[1mmodule.applications[3].module.airflow[9].random_integer.sleep: Creation complete after 0s [id=5][0m
[0m[1mmodule.core[0].module.role[0].random_integer.sleep: Creating...[0m[0m
[0m[1mmodule.core[1].module.role[49].random_integer.sleep: Creating...[0m[0m
[0m[1mmodule.applications[6].module.airflow[9].random_integer.sleep: Creating...[0m[0m
[0m[1mmodule.applications[2].module.airflow[1].random_integer.sleep: Creating...[0m[0m
[0m[1mmodule.applications[1].module.dbt[2].random_integer.sleep[0]: Creating...[0m[0m
[0m[1mmodule.core[2].module.role[41].random_integer.sleep: Creation complete after 0s [id=5][0m
[0m[1mmodule.applications[1].module.airflow[9].random_integer.sleep: Creating...[0m[0m
[0m[1mmodule.applications[5].module.airflow[4].random_integer.sleep: Creation complete after 0s [id=4][0m
[0m[1mmodule.applications[7].module.airflow[4].random_integer.sleep: Creating...[0m[0m
[0m[1mmodule.applications[9].module.airflow[2].random_integer.sleep: Creating...[0m[0m
[0m[1mmodule.core[0].module.security_rule[19].random_integer.sleep: Creating...[0m[0m
[0m[1mmodule.applications[2].module.airflow[1].random_integer.sleep: Creation complete after 0s [id=5][0m
[0m[1mmodule.core[1].module.role[49].random_integer.sleep: Creation complete after 0s [id=5][0m
[0m[1mmodule.applications[1].module.dbt[2].random_integer.sleep[0]: Creation complete after 0s [id=4][0m
[0m[1mmodule.core[0].module.role[0].random_integer.sleep: Creation complete after 0s [id=1][0m
[0m[1mmodule.applications[6].module.airflow[9].random_integer.sleep: Creation complete after 0s [id=4][0m
[0m[1mmodule.applications[1].module.airflow[9].random_integer.sleep: Creation complete after 0s [id=1][0m
[0m[1mmodule.core[0].module.security_rule[19].random_integer.sleep: Creation complete after 0s [id=1][0m
[0m[1mmodule.applications[0].module.airflow[5].random_integer.sleep: Creating...[0m[0m
[0m[1mmodule.applications[5].module.dbt[3].random_integer.sleep[1]: Creating...[0m[0m
[0m[1mmodule.core[2].module.security_rule[23].random_integer.sleep: Creating...[0m[0m
[0m[1mmodule.applications[7].module.airflow[4].random_integer.sleep: Creation complete after 0s [id=3][0m
[0m[1mmodule.applications[9].module.airflow[2].random_integer.sleep: Creation complete after 0s [id=3][0m
[0m[1mmodule.applications[5].module.airflow[8].random_integer.sleep: Creating...[0m[0m
[0m[1mmodule.core[2].module.security_rule[1].random_integer.sleep: Creating...[0m[0m
[0m[1mmodule.core[0].module.security_rule[29].random_integer.sleep: Creating...[0m[0m
[0m[1mmodule.core[2].module.role[19].random_integer.sleep: Creating...[0m[0m
[0m[1mmodule.applications[0].module.airflow[5].random_integer.sleep: Creation complete after 0s [id=4][0m
[0m[1mmodule.core[2].module.security_rule[23].random_integer.sleep: Creation complete after 0s [id=1][0m
[0m[1mmodule.applications[5].module.dbt[3].random_integer.sleep[1]: Creation complete after 0s [id=4][0m
[0m[1mmodule.core[0].module.security_rule[33].random_integer.sleep: Creating...[0m[0m
[0m[1mmodule.applications[9].module.airflow[3].random_integer.sleep: Creating...[0m[0m
[0m[1mmodule.core[0].module.security_rule[29].random_integer.sleep: Creation complete after 0s [id=4][0m
[0m[1mmodule.core[1].module.security_rule[21].random_integer.sleep: Creating...[0m[0m
[0m[1mmodule.applications[7].module.airflow[8].random_integer.sleep: Creating...[0m[0m
[0m[1mmodule.core[2].module.role[13].random_integer.sleep: Creating...[0m[0m
[0m[1mmodule.core[2].module.security_rule[1].random_integer.sleep: Creation complete after 0s [id=3][0m
[0m[1mmodule.core[2].module.role[19].random_integer.sleep: Creation complete after 0s [id=5][0m
[0m[1mmodule.applications[5].module.airflow[8].random_integer.sleep: Creation complete after 0s [id=2][0m
[0m[1mmodule.applications[9].module.airflow[6].random_integer.sleep: Creating...[0m[0m
[0m[1mmodule.applications[4].module.dbt[3].random_integer.sleep[0]: Creating...[0m[0m
[0m[1mmodule.applications[9].module.dbt[4].random_integer.sleep[1]: Creating...[0m[0m
[0m[1mmodule.applications[7].module.airflow[8].random_integer.sleep: Creation complete after 0s [id=2][0m
[0m[1mmodule.core[1].module.security_rule[21].random_integer.sleep: Creation complete after 0s [id=3][0m
[0m[1mmodule.applications[5].module.airflow[6].random_integer.sleep: Creating...[0m[0m
[0m[1mmodule.core[0].module.security_rule[33].random_integer.sleep: Creation complete after 0s [id=3][0m
[0m[1mmodule.applications[9].module.airflow[3].random_integer.sleep: Creation complete after 0s [id=4][0m
[0m[1mmodule.core[2].module.role[13].random_integer.sleep: Creation complete after 0s [id=4][0m
[0m[1mmodule.core[1].module.security_rule[27].random_integer.sleep: Creating...[0m[0m
[0m[1mmodule.core[0].module.security_rule[27].random_integer.sleep: Creating...[0m[0m
[0m[1mmodule.core[2].module.role[5].random_integer.sleep: Creating...[0m[0m
[0m[1mmodule.applications[9].module.airflow[6].random_integer.sleep: Creation complete after 0s [id=5][0m
[0m[1mmodule.core[2].module.role[33].random_integer.sleep: Creating...[0m[0m
[0m[1mmodule.applications[5].module.airflow[6].random_integer.sleep: Creation complete after 0s [id=3][0m
[0m[1mmodule.applications[9].module.dbt[4].random_integer.sleep[1]: Creation complete after 0s [id=3][0m
[0m[1mmodule.applications[4].module.dbt[3].random_integer.sleep[0]: Creation complete after 0s [id=5][0m
[0m[1mmodule.core[1].module.role[34].random_integer.sleep: Creating...[0m[0m
[0m[1mmodule.core[2].module.role[25].random_integer.sleep: Creating...[0m[0m
[0m[1mmodule.applications[3].module.airflow[3].random_integer.sleep: Creating...[0m[0m
[0m[1mmodule.core[0].module.security_rule[27].random_integer.sleep: Creation complete after 0s [id=1][0m
[0m[1mmodule.core[2].module.role[21].random_integer.sleep: Creating...[0m[0m
[0m[1mmodule.core[2].module.role[5].random_integer.sleep: Creation complete after 0s [id=5][0m
[0m[1mmodule.applications[4].module.dbt[4].random_integer.sleep[1]: Creating...[0m[0m
[0m[1mmodule.core[1].module.security_rule[27].random_integer.sleep: Creation complete after 0s [id=1][0m
[0m[1mmodule.core[2].module.role[33].random_integer.sleep: Creation complete after 0s [id=5][0m
[0m[1mmodule.core[1].module.security_rule[0].random_integer.sleep: Creating...[0m[0m
[0m[1mmodule.core[1].module.security_rule[26].random_integer.sleep: Creating...[0m[0m
[0m[1mmodule.applications[3].module.airflow[3].random_integer.sleep: Creation complete after 0s [id=1][0m
[0m[1mmodule.core[2].module.role[25].random_integer.sleep: Creation complete after 0s [id=1][0m
[0m[1mmodule.core[2].module.role[21].random_integer.sleep: Creation complete after 0s [id=5][0m
[0m[1mmodule.core[1].module.role[34].random_integer.sleep: Creation complete after 0s [id=3][0m
[0m[1mmodule.applications[4].module.dbt[4].random_integer.sleep[1]: Creation complete after 0s [id=4][0m
[0m[1mmodule.applications[6].module.airflow[0].random_integer.sleep: Creating...[0m[0m
[0m[1mmodule.core[2].module.security_rule[3].random_integer.sleep: Creating...[0m[0m
[0m[1mmodule.core[1].module.role[3].random_integer.sleep: Creating...[0m[0m
[0m[1mmodule.core[1].module.security_rule[0].random_integer.sleep: Creation complete after 0s [id=5][0m
[0m[1mmodule.core[0].module.security_rule[4].random_integer.sleep: Creating...[0m[0m
[0m[1mmodule.core[1].module.security_rule[26].random_integer.sleep: Creation complete after 0s [id=5][0m
[0m[1mmodule.applications[9].module.dbt[3].random_integer.sleep[0]: Creating...[0m[0m
[0m[1mmodule.applications[3].module.dbt[0].random_integer.sleep[1]: Creating...[0m[0m
[0m[1mmodule.applications[8].module.dbt[0].random_integer.sleep[0]: Creating...[0m[0m
[0m[1mmodule.core[1].module.role[3].random_integer.sleep: Creation complete after 0s [id=3][0m
[0m[1mmodule.applications[6].module.airflow[0].random_integer.sleep: Creation complete after 0s [id=2][0m
[0m[1mmodule.applications[3].module.dbt[0].random_integer.sleep[1]: Creation complete after 0s [id=4][0m
[0m[1mmodule.applications[9].module.dbt[3].random_integer.sleep[0]: Creation complete after 0s [id=3][0m
[0m[1mmodule.core[0].module.security_rule[4].random_integer.sleep: Creation complete after 0s [id=1][0m
[0m[1mmodule.core[2].module.security_rule[3].random_integer.sleep: Creation complete after 0s [id=3][0m
[0m[1mmodule.applications[2].module.airflow[9].random_integer.sleep: Creating...[0m[0m
[0m[1mmodule.core[2].module.role[22].random_integer.sleep: Creating...[0m[0m
[0m[1mmodule.applications[1].module.dbt[1].random_integer.sleep[0]: Creating...[0m[0m
[0m[1mmodule.applications[8].module.dbt[0].random_integer.sleep[0]: Creation complete after 0s [id=1][0m
[0m[1mmodule.core[0].module.security_rule[24].random_integer.sleep: Creating...[0m[0m
[0m[1mmodule.core[1].module.role[2].random_integer.sleep: Creating...[0m[0m
[0m[1mmodule.core[0].module.role[35].random_integer.sleep: Creating...[0m[0m
[0m[1mmodule.core[0].module.security_rule[9].random_integer.sleep: Creating...[0m[0m
[0m[1mmodule.core[2].module.role[22].random_integer.sleep: Creation complete after 1s [id=4][0m
[0m[1mmodule.core[2].module.security_rule[17].random_integer.sleep: Creating...[0m[0m
[0m[1mmodule.core[2].module.role[35].random_integer.sleep: Creating...[0m[0m
[0m[1mmodule.applications[1].module.dbt[1].random_integer.sleep[0]: Creation complete after 1s [id=5][0m
[0m[1mmodule.core[1].module.role[2].random_integer.sleep: Creation complete after 1s [id=1][0m
[0m[1mmodule.core[0].module.security_rule[20].random_integer.sleep: Creating...[0m[0m
[0m[1mmodule.applications[3].module.airflow[2].random_integer.sleep: Creating...[0m[0m
[0m[1mmodule.core[0].module.security_rule[9].random_integer.sleep: Creation complete after 0s [id=5][0m
[0m[1mmodule.applications[2].module.airflow[9].random_integer.sleep: Creation complete after 1s [id=3][0m
[0m[1mmodule.core[0].module.security_rule[24].random_integer.sleep: Creation complete after 1s [id=0][0m
[0m[1mmodule.core[2].module.role[35].random_integer.sleep: Creation complete after 0s [id=2][0m
[0m[1mmodule.core[0].module.role[35].random_integer.sleep: Creation complete after 0s [id=5][0m
[0m[1mmodule.core[2].module.security_rule[32].random_integer.sleep: Creating...[0m[0m
[0m[1mmodule.applications[1].module.airflow[1].random_integer.sleep: Creating...[0m[0m
[0m[1mmodule.core[1].module.role[14].random_integer.sleep: Creating...[0m[0m
[0m[1mmodule.core[0].module.security_rule[20].random_integer.sleep: Creation complete after 0s [id=3][0m
[0m[1mmodule.applications[3].module.airflow[2].random_integer.sleep: Creation complete after 0s [id=2][0m
[0m[1mmodule.core[2].module.security_rule[17].random_integer.sleep: Creation complete after 0s [id=2][0m
[0m[1mmodule.applications[6].module.dbt[2].random_integer.sleep[1]: Creating...[0m[0m
[0m[1mmodule.applications[3].module.dbt[0].random_integer.sleep[0]: Creating...[0m[0m
[0m[1mmodule.core[2].module.security_rule[32].random_integer.sleep: Creation complete after 0s [id=2][0m
[0m[1mmodule.applications[8].module.dbt[1].random_integer.sleep[1]: Creating...[0m[0m
[0m[1mmodule.applications[2].module.dbt[4].random_integer.sleep[1]: Creating...[0m[0m
[0m[1mmodule.core[1].module.security_rule[13].random_integer.sleep: Creating...[0m[0m
[0m[1mmodule.core[1].module.security_rule[13].random_integer.sleep: Creation complete after 0s [id=2][0m
[0m[1mmodule.core[1].module.role[14].random_integer.sleep: Creation complete after 0s [id=3][0m
[0m[1mmodule.applications[1].module.airflow[1].random_integer.sleep: Creation complete after 0s [id=1][0m
[0m[1mmodule.applications[6].module.dbt[2].random_integer.sleep[1]: Creation complete after 0s [id=5][0m
[0m[1mmodule.applications[3].module.dbt[3].random_integer.sleep[1]: Creating...[0m[0m
[0m[1mmodule.applications[8].module.dbt[1].random_integer.sleep[1]: Creation complete after 0s [id=1][0m
[0m[1mmodule.applications[0].module.airflow[4].random_integer.sleep: Creating...[0m[0m
[0m[1mmodule.core[0].module.role[21].random_integer.sleep: Creating...[0m[0m
[0m[1mmodule.applications[3].module.dbt[0].random_integer.sleep[0]: Creation complete after 0s [id=2][0m
[0m[1mmodule.applications[2].module.dbt[4].random_integer.sleep[1]: Creation complete after 0s [id=4][0m
[0m[1mmodule.applications[3].module.dbt[4].random_integer.sleep[0]: Creating...[0m[0m
[0m[1mmodule.core[1].module.role[42].random_integer.sleep: Creating...[0m[0m
[0m[1mmodule.applications[7].module.dbt[4].random_integer.sleep[1]: Creating...[0m[0m
[0m[1mmodule.core[0].module.role[21].random_integer.sleep: Creation complete after 0s [id=1][0m
[0m[1mmodule.core[0].module.security_rule[32].random_integer.sleep: Creating...[0m[0m
[0m[1mmodule.applications[5].module.airflow[5].random_integer.sleep: Creating...[0m[0m
[0m[1mmodule.applications[0].module.airflow[4].random_integer.sleep: Creation complete after 0s [id=4][0m
[0m[1mmodule.applications[7].module.airflow[9].random_integer.sleep: Creating...[0m[0m
[0m[1mmodule.applications[3].module.dbt[3].random_integer.sleep[1]: Creation complete after 0s [id=5][0m
[0m[1mmodule.core[0].module.security_rule[15].random_integer.sleep: Creating...[0m[0m
[0m[1mmodule.applications[3].module.dbt[4].random_integer.sleep[0]: Creation complete after 0s [id=4][0m
[0m[1mmodule.core[1].module.role[42].random_integer.sleep: Creation complete after 0s [id=1][0m
[0m[1mmodule.applications[7].module.dbt[4].random_integer.sleep[1]: Creation complete after 0s [id=3][0m
[0m[1mmodule.applications[5].module.airflow[5].random_integer.sleep: Creation complete after 0s [id=4][0m
[0m[1mmodule.core[0].module.security_rule[32].random_integer.sleep: Creation complete after 0s [id=4][0m
[0m[1mmodule.applications[7].module.airflow[9].random_integer.sleep: Creation complete after 0s [id=3][0m
[0m[1mmodule.core[0].module.role[47].random_integer.sleep: Creating...[0m[0m
[0m[1mmodule.applications[1].module.airflow[7].random_integer.sleep: Creating...[0m[0m
[0m[1mmodule.core[0].module.security_rule[8].random_integer.sleep: Creating...[0m[0m
[0m[1mmodule.core[2].module.role[10].random_integer.sleep: Creating...[0m[0m
[0m[1mmodule.core[0].module.security_rule[15].random_integer.sleep: Creation complete after 0s [id=3][0m
[0m[1mmodule.applications[2].module.airflow[3].random_integer.sleep: Creating...[0m[0m
[0m[1mmodule.core[2].module.role[7].random_integer.sleep: Creating...[0m[0m
[0m[1mmodule.core[2].module.role[10].random_integer.sleep: Creation complete after 0s [id=1][0m
[0m[1mmodule.core[0].module.security_rule[8].random_integer.sleep: Creation complete after 0s [id=2][0m
[0m[1mmodule.applications[1].module.airflow[7].random_integer.sleep: Creation complete after 0s [id=5][0m
[0m[1mmodule.core[0].module.role[47].random_integer.sleep: Creation complete after 0s [id=2][0m
[0m[1mmodule.core[1].module.security_rule[20].random_integer.sleep: Creating...[0m[0m
[0m[1mmodule.core[0].module.role[28].random_integer.sleep: Creating...[0m[0m
[0m[1mmodule.applications[2].module.airflow[3].random_integer.sleep: Creation complete after 0s [id=1][0m
[0m[1mmodule.core[1].module.security_rule[22].random_integer.sleep: Creating...[0m[0m
[0m[1mmodule.core[2].module.role[7].random_integer.sleep: Creation complete after 0s [id=3][0m
[0m[1mmodule.core[2].module.role[32].random_integer.sleep: Creating...[0m[0m
[0m[1mmodule.applications[0].module.dbt[1].random_integer.sleep[1]: Creating...[0m[0m
[0m[1mmodule.core[1].module.security_rule[22].random_integer.sleep: Creation complete after 0s [id=0][0m
[0m[1mmodule.core[0].module.role[28].random_integer.sleep: Creation complete after 0s [id=1][0m
[0m[1mmodule.core[1].module.security_rule[20].random_integer.sleep: Creation complete after 0s [id=1][0m
[0m[1mmodule.core[2].module.role[32].random_integer.sleep: Creation complete after 0s [id=1][0m
[0m[1mmodule.core[0].module.security_rule[28].random_integer.sleep: Creating...[0m[0m
[0m[1mmodule.core[1].module.security_rule[6].random_integer.sleep: Creating...[0m[0m
[0m[1mmodule.applications[7].module.airflow[0].random_integer.sleep: Creating...[0m[0m
[0m[1mmodule.applications[0].module.airflow[0].random_integer.sleep: Creating...[0m[0m
[0m[1mmodule.applications[0].module.dbt[1].random_integer.sleep[1]: Creation complete after 0s [id=2][0m
[0m[1mmodule.applications[0].module.airflow[0].random_integer.sleep: Creation complete after 0s [id=4][0m
[0m[1mmodule.core[0].module.security_rule[28].random_integer.sleep: Creation complete after 0s [id=5][0m
[0m[1mmodule.core[1].module.security_rule[6].random_integer.sleep: Creation complete after 0s [id=0][0m
[0m[1mmodule.applications[7].module.airflow[0].random_integer.sleep: Creation complete after 0s [id=4][0m
[0m[1mmodule.core[0].module.role[25].random_integer.sleep: Creating...[0m[0m
[0m[1mmodule.core[0].module.role[37].random_integer.sleep: Creating...[0m[0m
[0m[1mmodule.core[2].module.role[15].random_integer.sleep: Creating...[0m[0m
[0m[1mmodule.core[1].module.role[17].random_integer.sleep: Creating...[0m[0m
[0m[1mmodule.applications[6].module.airflow[3].random_integer.sleep: Creating...[0m[0m
[0m[1mmodule.core[2].module.role[26].random_integer.sleep: Creating...[0m[0m
[0m[1mmodule.core[2].module.role[15].random_integer.sleep: Creation complete after 0s [id=3][0m
[0m[1mmodule.core[1].module.security_rule[2].random_integer.sleep: Creating...[0m[0m
[0m[1mmodule.core[1].module.security_rule[2].random_integer.sleep: Creation complete after 0s [id=0][0m
[0m[1mmodule.core[0].module.role[25].random_integer.sleep: Creation complete after 0s [id=1][0m
[0m[1mmodule.core[0].module.role[37].random_integer.sleep: Creation complete after 0s [id=2][0m
[0m[1mmodule.core[2].module.security_rule[20].random_integer.sleep: Creating...[0m[0m
[0m[1mmodule.applications[6].module.airflow[3].random_integer.sleep: Creation complete after 0s [id=4][0m
[0m[1mmodule.core[2].module.role[0].random_integer.sleep: Creating...[0m[0m
[0m[1mmodule.core[1].module.role[27].random_integer.sleep: Creating...[0m[0m
[0m[1mmodule.core[1].module.role[17].random_integer.sleep: Creation complete after 0s [id=4][0m
[0m[1mmodule.core[2].module.role[26].random_integer.sleep: Creation complete after 0s [id=1][0m
[0m[1mmodule.applications[3].module.dbt[1].random_integer.sleep[1]: Creating...[0m[0m
[0m[1mmodule.applications[9].module.airflow[9].random_integer.sleep: Creating...[0m[0m
[0m[1mmodule.applications[0].module.airflow[3].random_integer.sleep: Creating...[0m[0m
[0m[1mmodule.core[0].module.role[3].random_integer.sleep: Creating...[0m[0m
[0m[1mmodule.core[2].module.security_rule[20].random_integer.sleep: Creation complete after 0s [id=4][0m
[0m[1mmodule.core[2].module.role[0].random_integer.sleep: Creation complete after 0s [id=4][0m
[0m[1mmodule.core[1].module.role[27].random_integer.sleep: Creation complete after 0s [id=5][0m
[0m[1mmodule.core[1].module.role[44].random_integer.sleep: Creating...[0m[0m
[0m[1mmodule.core[0].module.role[6].random_integer.sleep: Creating...[0m[0m
[0m[1mmodule.applications[4].module.dbt[3].random_integer.sleep[1]: Creating...[0m[0m
[0m[1mmodule.applications[3].module.dbt[1].random_integer.sleep[1]: Creation complete after 0s [id=3][0m
[0m[1mmodule.applications[9].module.airflow[9].random_integer.sleep: Creation complete after 0s [id=4][0m
[0m[1mmodule.core[0].module.role[3].random_integer.sleep: Creation complete after 0s [id=3][0m
[0m[1mmodule.applications[0].module.airflow[3].random_integer.sleep: Creation complete after 0s [id=3][0m
[0m[1mmodule.core[1].module.role[25].random_integer.sleep: Creating...[0m[0m
[0m[1mmodule.core[1].module.security_rule[34].random_integer.sleep: Creating...[0m[0m
[0m[1mmodule.core[1].module.role[28].random_integer.sleep: Creating...[0m[0m
[0m[1mmodule.core[0].module.role[6].random_integer.sleep: Creation complete after 0s [id=2][0m
[0m[1mmodule.applications[4].module.dbt[3].random_integer.sleep[1]: Creation complete after 0s [id=3][0m
[0m[1mmodule.core[1].module.role[44].random_integer.sleep: Creation complete after 0s [id=4][0m
[0m[1mmodule.core[2].module.role[9].random_integer.sleep: Creating...[0m[0m
[0m[1mmodule.applications[0].module.dbt[4].random_integer.sleep[1]: Creating...[0m[0m
[0m[1mmodule.core[1].module.security_rule[29].random_integer.sleep: Creating...[0m[0m
[0m[1mmodule.core[1].module.role[25].random_integer.sleep: Creation complete after 0s [id=1][0m
[0m[1mmodule.core[1].module.role[28].random_integer.sleep: Creation complete after 0s [id=3][0m
[0m[1mmodule.core[1].module.security_rule[34].random_integer.sleep: Creation complete after 0s [id=2][0m
[0m[1mmodule.core[1].module.security_rule[29].random_integer.sleep: Creation complete after 0s [id=0][0m
[0m[1mmodule.core[2].module.role[9].random_integer.sleep: Creation complete after 0s [id=5][0m
[0m[1mmodule.applications[0].module.dbt[4].random_integer.sleep[1]: Creation complete after 0s [id=5][0m
[0m[1mmodule.core[1].module.role[38].random_integer.sleep: Creating...[0m[0m
[0m[1mmodule.core[0].module.role[41].random_integer.sleep: Creating...[0m[0m
[0m[1mmodule.applications[8].module.dbt[4].random_integer.sleep[0]: Creating...[0m[0m
[0m[1mmodule.applications[8].module.dbt[4].random_integer.sleep[1]: Creating...[0m[0m
[0m[1mmodule.core[0].module.role[14].random_integer.sleep: Creating...[0m[0m
[0m[1mmodule.core[2].module.role[30].random_integer.sleep: Creating...[0m[0m
[0m[1mmodule.core[1].module.role[38].random_integer.sleep: Creation complete after 0s [id=1][0m
[0m[1mmodule.core[2].module.security_rule[4].random_integer.sleep: Creating...[0m[0m
[0m[1mmodule.applications[0].module.dbt[0].random_integer.sleep[1]: Creating...[0m[0m
[0m[1mmodule.applications[8].module.dbt[4].random_integer.sleep[1]: Creation complete after 0s [id=5][0m
[0m[1mmodule.core[0].module.role[41].random_integer.sleep: Creation complete after 0s [id=3][0m
[0m[1mmodule.applications[8].module.dbt[4].random_integer.sleep[0]: Creation complete after 0s [id=3][0m
[0m[1mmodule.core[2].module.role[30].random_integer.sleep: Creation complete after 0s [id=1][0m
[0m[1mmodule.core[0].module.role[14].random_integer.sleep: Creation complete after 0s [id=4][0m
[0m[1mmodule.core[1].module.security_rule[23].random_integer.sleep: Creating...[0m[0m
[0m[1mmodule.applications[9].module.airflow[8].random_integer.sleep: Creating...[0m[0m
[0m[1mmodule.core[0].module.security_rule[5].random_integer.sleep: Creating...[0m[0m
[0m[1mmodule.applications[6].module.dbt[2].random_integer.sleep[0]: Creating...[0m[0m
[0m[1mmodule.applications[0].module.dbt[0].random_integer.sleep[1]: Creation complete after 0s [id=3][0m
[0m[1mmodule.core[2].module.security_rule[4].random_integer.sleep: Creation complete after 0s [id=3][0m
[0m[1mmodule.core[1].module.security_rule[23].random_integer.sleep: Creation complete after 0s [id=1][0m
[0m[1mmodule.core[2].module.security_rule[28].random_integer.sleep: Creating...[0m[0m
[0m[1mmodule.core[2].module.security_rule[12].random_integer.sleep: Creating...[0m[0m
[0m[1mmodule.core[0].module.security_rule[5].random_integer.sleep: Creation complete after 0s [id=0][0m
[0m[1mmodule.core[2].module.security_rule[16].random_integer.sleep: Creating...[0m[0m
[0m[1mmodule.applications[9].module.airflow[8].random_integer.sleep: Creation complete after 0s [id=2][0m
[0m[1mmodule.applications[6].module.dbt[2].random_integer.sleep[0]: Creation complete after 0s [id=5][0m
[0m[1mmodule.applications[1].module.airflow[3].random_integer.sleep: Creating...[0m[0m
[0m[1mmodule.core[2].module.security_rule[34].random_integer.sleep: Creating...[0m[0m
[0m[1mmodule.core[0].module.security_rule[34].random_integer.sleep: Creating...[0m[0m
[0m[1mmodule.core[2].module.security_rule[28].random_integer.sleep: Creation complete after 0s [id=0][0m
[0m[1mmodule.core[2].module.security_rule[12].random_integer.sleep: Creation complete after 0s [id=1][0m
[0m[1mmodule.core[2].module.security_rule[16].random_integer.sleep: Creation complete after 0s [id=3][0m
[0m[1mmodule.core[0].module.security_rule[6].random_integer.sleep: Creating...[0m[0m
[0m[1mmodule.core[1].module.role[16].random_integer.sleep: Creating...[0m[0m
[0m[1mmodule.applications[9].module.airflow[7].random_integer.sleep: Creating...[0m[0m
[0m[1mmodule.core[2].module.security_rule[34].random_integer.sleep: Creation complete after 0s [id=1][0m
[0m[1mmodule.core[0].module.security_rule[34].random_integer.sleep: Creation complete after 0s [id=2][0m
[0m[1mmodule.applications[1].module.airflow[3].random_integer.sleep: Creation complete after 0s [id=3][0m
[0m[1mmodule.applications[2].module.dbt[4].random_integer.sleep[0]: Creating...[0m[0m
[0m[1mmodule.core[0].module.security_rule[6].random_integer.sleep: Creation complete after 0s [id=1][0m
[0m[1mmodule.core[1].module.role[16].random_integer.sleep: Creation complete after 0s [id=5][0m
[0m[1mmodule.applications[9].module.airflow[7].random_integer.sleep: Creation complete after 0s [id=1][0m
[0m[1mmodule.applications[5].module.dbt[4].random_integer.sleep[0]: Creating...[0m[0m
[0m[1mmodule.applications[9].module.dbt[4].random_integer.sleep[0]: Creating...[0m[0m
[0m[1mmodule.core[1].module.role[22].random_integer.sleep: Creating...[0m[0m
[0m[1mmodule.core[0].module.security_rule[3].random_integer.sleep: Creating...[0m[0m
[0m[1mmodule.applications[5].module.dbt[4].random_integer.sleep[0]: Creation complete after 0s [id=5][0m
[0m[1mmodule.applications[2].module.dbt[4].random_integer.sleep[0]: Creation complete after 0s [id=1][0m
[0m[1mmodule.applications[9].module.dbt[4].random_integer.sleep[0]: Creation complete after 0s [id=3][0m
[0m[1mmodule.core[1].module.role[22].random_integer.sleep: Creation complete after 0s [id=4][0m
[0m[1mmodule.applications[1].module.airflow[4].random_integer.sleep: Creating...[0m[0m
[0m[1mmodule.applications[1].module.airflow[2].random_integer.sleep: Creating...[0m[0m
[0m[1mmodule.core[1].module.security_rule[7].random_integer.sleep: Creating...[0m[0m
[0m[1mmodule.core[0].module.security_rule[3].random_integer.sleep: Creation complete after 0s [id=0][0m
[0m[1mmodule.core[1].module.role[40].random_integer.sleep: Creating...[0m[0m
[0m[1mmodule.applications[9].module.airflow[0].random_integer.sleep: Creating...[0m[0m
[0m[1mmodule.applications[1].module.airflow[2].random_integer.sleep: Creation complete after 0s [id=2][0m
[0m[1mmodule.core[1].module.security_rule[7].random_integer.sleep: Creation complete after 0s [id=2][0m
[0m[1mmodule.applications[1].module.airflow[4].random_integer.sleep: Creation complete after 0s [id=4][0m
[0m[1mmodule.core[0].module.role[11].random_integer.sleep: Creating...[0m[0m
[0m[1mmodule.core[1].module.role[40].random_integer.sleep: Creation complete after 0s [id=2][0m
[0m[1mmodule.applications[2].module.airflow[6].random_integer.sleep: Creating...[0m[0m
[0m[1mmodule.core[1].module.role[35].random_integer.sleep: Creating...[0m[0m
[0m[1mmodule.core[2].module.role[43].random_integer.sleep: Creating...[0m[0m
[0m[1mmodule.applications[9].module.airflow[0].random_integer.sleep: Creation complete after 1s [id=3][0m
[0m[1mmodule.core[0].module.role[26].random_integer.sleep: Creating...[0m[0m
[0m[1mmodule.core[0].module.role[23].random_integer.sleep: Creating...[0m[0m
[0m[1mmodule.applications[2].module.airflow[7].random_integer.sleep: Creating...[0m[0m
[0m[1mmodule.core[2].module.role[43].random_integer.sleep: Creation complete after 0s [id=1][0m
[0m[1mmodule.core[0].module.role[11].random_integer.sleep: Creation complete after 1s [id=4][0m
[0m[1mmodule.applications[2].module.airflow[6].random_integer.sleep: Creation complete after 0s [id=3][0m
[0m[1mmodule.core[1].module.role[35].random_integer.sleep: Creation complete after 0s [id=1][0m
[0m[1mmodule.core[0].module.role[26].random_integer.sleep: Creation complete after 0s [id=4][0m
[0m[1mmodule.applications[2].module.dbt[1].random_integer.sleep[1]: Creating...[0m[0m
[0m[1mmodule.applications[7].module.dbt[3].random_integer.sleep[0]: Creating...[0m[0m
[0m[1mmodule.core[0].module.role[23].random_integer.sleep: Creation complete after 0s [id=3][0m
[0m[1mmodule.applications[2].module.airflow[7].random_integer.sleep: Creation complete after 0s [id=5][0m
[0m[1mmodule.applications[3].module.dbt[2].random_integer.sleep[1]: Creating...[0m[0m
[0m[1mmodule.core[2].module.security_rule[15].random_integer.sleep: Creating...[0m[0m
[0m[1mmodule.applications[1].module.airflow[0].random_integer.sleep: Creating...[0m[0m
[0m[1mmodule.applications[6].module.dbt[3].random_integer.sleep[0]: Creating...[0m[0m
[0m[1mmodule.applications[2].module.dbt[1].random_integer.sleep[1]: Creation complete after 0s [id=2][0m
[0m[1mmodule.applications[7].module.dbt[3].random_integer.sleep[0]: Creation complete after 0s [id=1][0m
[0m[1mmodule.applications[1].module.airflow[0].random_integer.sleep: Creation complete after 0s [id=2][0m
[0m[1mmodule.core[2].module.security_rule[0].random_integer.sleep: Creating...[0m[0m
[0m[1mmodule.core[0].module.role[4].random_integer.sleep: Creating...[0m[0m
[0m[1mmodule.core[2].module.role[18].random_integer.sleep: Creating...[0m[0m
[0m[1mmodule.core[2].module.security_rule[15].random_integer.sleep: Creation complete after 0s [id=2][0m
[0m[1mmodule.applications[6].module.dbt[3].random_integer.sleep[0]: Creation complete after 0s [id=1][0m
[0m[1mmodule.applications[3].module.dbt[2].random_integer.sleep[1]: Creation complete after 0s [id=3][0m
[0m[1mmodule.core[1].module.role[46].random_integer.sleep: Creating...[0m[0m
[0m[1mmodule.core[2].module.role[38].random_integer.sleep: Creating...[0m[0m
[0m[1mmodule.applications[6].module.dbt[4].random_integer.sleep[1]: Creating...[0m[0m
[0m[1mmodule.core[2].module.role[46].random_integer.sleep: Creating...[0m[0m
[0m[1mmodule.core[2].module.security_rule[0].random_integer.sleep: Creation complete after 0s [id=5][0m
[0m[1mmodule.core[2].module.role[18].random_integer.sleep: Creation complete after 0s [id=3][0m
[0m[1mmodule.core[0].module.role[4].random_integer.sleep: Creation complete after 0s [id=5][0m
[0m[1mmodule.applications[8].module.airflow[7].random_integer.sleep: Creating...[0m[0m
[0m[1mmodule.applications[6].module.airflow[5].random_integer.sleep: Creating...[0m[0m
[0m[1mmodule.applications[5].module.dbt[1].random_integer.sleep[1]: Creating...[0m[0m
[0m[1mmodule.applications[3].module.airflow[7].random_integer.sleep: Creating...[0m[0m
[0m[1mmodule.applications[6].module.dbt[4].random_integer.sleep[1]: Creation complete after 0s [id=4][0m
[0m[1mmodule.core[2].module.role[46].random_integer.sleep: Creation complete after 0s [id=5][0m
[0m[1mmodule.core[1].module.role[46].random_integer.sleep: Creation complete after 0s [id=2][0m
[0m[1mmodule.core[2].module.role[38].random_integer.sleep: Creation complete after 0s [id=4][0m
[0m[1mmodule.applications[2].module.dbt[0].random_integer.sleep[0]: Creating...[0m[0m
[0m[1mmodule.applications[3].module.airflow[7].random_integer.sleep: Creation complete after 0s [id=2][0m
[0m[1mmodule.applications[8].module.airflow[7].random_integer.sleep: Creation complete after 0s [id=3][0m
[0m[1mmodule.applications[5].module.dbt[1].random_integer.sleep[1]: Creation complete after 0s [id=5][0m
[0m[1mmodule.applications[6].module.airflow[5].random_integer.sleep: Creation complete after 0s [id=2][0m
[0m[1mmodule.applications[0].module.dbt[4].random_integer.sleep[0]: Creating...[0m[0m
[0m[1mmodule.applications[2].module.dbt[0].random_integer.sleep[0]: Creation complete after 0s [id=5][0m
[0m[1mmodule.applications[0].module.dbt[4].random_integer.sleep[0]: Creation complete after 0s [id=5][0m
[0m[1mmodule.core[1].module.role[36].random_integer.sleep: Creating...[0m[0m
[0m[1mmodule.core[1].module.role[1].random_integer.sleep: Creating...[0m[0m
[0m[1mmodule.core[1].module.role[4].random_integer.sleep: Creating...[0m[0m
[0m[1mmodule.core[2].module.security_rule[33].random_integer.sleep: Creating...[0m[0m
[0m[1mmodule.applications[9].module.airflow[5].random_integer.sleep: Creating...[0m[0m
[0m[1mmodule.applications[8].module.airflow[5].random_integer.sleep: Creating...[0m[0m
[0m[1mmodule.core[1].module.security_rule[32].random_integer.sleep: Creating...[0m[0m
[0m[1mmodule.core[2].module.role[39].random_integer.sleep: Creating...[0m[0m
[0m[1mmodule.applications[8].module.airflow[6].random_integer.sleep: Creating...[0m[0m
[0m[1mmodule.core[1].module.role[1].random_integer.sleep: Creation complete after 0s [id=1][0m
[0m[1mmodule.applications[9].module.airflow[5].random_integer.sleep: Creation complete after 0s [id=1][0m
[0m[1mmodule.applications[8].module.airflow[5].random_integer.sleep: Creation complete after 0s [id=5][0m
[0m[1mmodule.core[1].module.security_rule[32].random_integer.sleep: Creation complete after 0s [id=4][0m
[0m[1mmodule.core[0].module.security_rule[10].random_integer.sleep: Creating...[0m[0m
[0m[1mmodule.core[2].module.security_rule[33].random_integer.sleep: Creation complete after 0s [id=3][0m
[0m[1mmodule.core[1].module.role[4].random_integer.sleep: Creation complete after 0s [id=2][0m
[0m[1mmodule.core[2].module.security_rule[30].random_integer.sleep: Creating...[0m[0m
[0m[1mmodule.core[2].module.role[39].random_integer.sleep: Creation complete after 0s [id=5][0m
[0m[1mmodule.core[1].module.role[36].random_integer.sleep: Creation complete after 0s [id=1][0m
[0m[1mmodule.applications[8].module.airflow[6].random_integer.sleep: Creation complete after 0s [id=3][0m
[0m[1mmodule.core[1].module.security_rule[4].random_integer.sleep: Creating...[0m[0m
[0m[1mmodule.core[0].module.role[38].random_integer.sleep: Creating...[0m[0m
[0m[1mmodule.applications[9].module.airflow[1].random_integer.sleep: Creating...[0m[0m
[0m[1mmodule.applications[7].module.dbt[3].random_integer.sleep[1]: Creating...[0m[0m
[0m[1mmodule.core[2].module.security_rule[30].random_integer.sleep: Creation complete after 0s [id=3][0m
[0m[1mmodule.core[0].module.security_rule[10].random_integer.sleep: Creation complete after 0s [id=3][0m
[0m[1mmodule.core[0].module.role[38].random_integer.sleep: Creation complete after 0s [id=4][0m
[0m[1mmodule.core[1].module.security_rule[24].random_integer.sleep: Creating...[0m[0m
[0m[1mmodule.core[1].module.role[29].random_integer.sleep: Creating...[0m[0m
[0m[1mmodule.applications[7].module.dbt[1].random_integer.sleep[0]: Creating...[0m[0m
[0m[1mmodule.core[1].module.security_rule[4].random_integer.sleep: Creation complete after 0s [id=2][0m
[0m[1mmodule.core[1].module.role[8].random_integer.sleep: Creating...[0m[0m
[0m[1mmodule.applications[9].module.airflow[1].random_integer.sleep: Creation complete after 0s [id=1][0m
[0m[1mmodule.applications[7].module.dbt[3].random_integer.sleep[1]: Creation complete after 0s [id=3][0m
[0m[1mmodule.core[2].module.role[47].random_integer.sleep: Creating...[0m[0m
[0m[1mmodule.core[1].module.role[37].random_integer.sleep: Creating...[0m[0m
[0m[1mmodule.core[2].module.role[37].random_integer.sleep: Creating...[0m[0m
[0m[1mmodule.core[1].module.role[29].random_integer.sleep: Creation complete after 0s [id=3][0m
[0m[1mmodule.core[1].module.security_rule[24].random_integer.sleep: Creation complete after 0s [id=3][0m
[0m[1mmodule.applications[7].module.dbt[1].random_integer.sleep[0]: Creation complete after 0s [id=3][0m
[0m[1mmodule.core[1].module.role[8].random_integer.sleep: Creation complete after 0s [id=3][0m
[0m[1mmodule.core[2].module.role[27].random_integer.sleep: Creating...[0m[0m
[0m[1mmodule.core[2].module.role[34].random_integer.sleep: Creating...[0m[0m
[0m[1mmodule.core[2].module.role[37].random_integer.sleep: Creation complete after 0s [id=2][0m
[0m[1mmodule.core[1].module.role[37].random_integer.sleep: Creation complete after 0s [id=1][0m
[0m[1mmodule.core[2].module.role[47].random_integer.sleep: Creation complete after 0s [id=3][0m
[0m[1mmodule.core[2].module.role[42].random_integer.sleep: Creating...[0m[0m
[0m[1mmodule.core[2].module.role[40].random_integer.sleep: Creating...[0m[0m
[0m[1mmodule.core[1].module.role[30].random_integer.sleep: Creating...[0m[0m
[0m[1mmodule.applications[7].module.dbt[4].random_integer.sleep[0]: Creating...[0m[0m
[0m[1mmodule.core[2].module.role[42].random_integer.sleep: Creation complete after 0s [id=5][0m
[0m[1mmodule.core[2].module.role[27].random_integer.sleep: Creation complete after 0s [id=5][0m
[0m[1mmodule.core[2].module.role[34].random_integer.sleep: Creation complete after 0s [id=4][0m
[0m[1mmodule.core[0].module.role[19].random_integer.sleep: Creating...[0m[0m
[0m[1mmodule.core[2].module.role[49].random_integer.sleep: Creating...[0m[0m
[0m[1mmodule.core[1].module.role[30].random_integer.sleep: Creation complete after 0s [id=4][0m
[0m[1mmodule.applications[6].module.airflow[2].random_integer.sleep: Creating...[0m[0m
[0m[1mmodule.core[1].module.security_rule[9].random_integer.sleep: Creating...[0m[0m
[0m[1mmodule.core[2].module.role[40].random_integer.sleep: Creation complete after 0s [id=5][0m
[0m[1mmodule.applications[7].module.dbt[4].random_integer.sleep[0]: Creation complete after 0s [id=1][0m
[0m[1mmodule.core[0].module.role[13].random_integer.sleep: Creating...[0m[0m
[0m[1mmodule.applications[5].module.airflow[2].random_integer.sleep: Creating...[0m[0m
[0m[1mmodule.core[0].module.role[1].random_integer.sleep: Creating...[0m[0m
[0m[1mmodule.core[2].module.role[49].random_integer.sleep: Creation complete after 0s [id=2][0m
[0m[1mmodule.applications[6].module.airflow[2].random_integer.sleep: Creation complete after 0s [id=2][0m
[0m[1mmodule.core[0].module.role[19].random_integer.sleep: Creation complete after 0s [id=3][0m
[0m[1mmodule.core[1].module.security_rule[9].random_integer.sleep: Creation complete after 0s [id=0][0m
[0m[1mmodule.core[0].module.role[13].random_integer.sleep: Creation complete after 0s [id=5][0m
[0m[1mmodule.applications[3].module.airflow[8].random_integer.sleep: Creating...[0m[0m
[0m[1mmodule.core[1].module.role[0].random_integer.sleep: Creating...[0m[0m
[0m[1mmodule.applications[8].module.airflow[4].random_integer.sleep: Creating...[0m[0m
[0m[1mmodule.applications[8].module.airflow[8].random_integer.sleep: Creating...[0m[0m
[0m[1mmodule.applications[5].module.airflow[2].random_integer.sleep: Creation complete after 0s [id=1][0m
[0m[1mmodule.core[0].module.role[1].random_integer.sleep: Creation complete after 0s [id=1][0m
[0m[1mmodule.applications[1].module.airflow[8].random_integer.sleep: Creating...[0m[0m
[0m[1mmodule.core[1].module.role[0].random_integer.sleep: Creation complete after 0s [id=1][0m
[0m[1mmodule.core[2].module.security_rule[6].random_integer.sleep: Creating...[0m[0m
[0m[1mmodule.core[0].module.role[33].random_integer.sleep: Creating...[0m[0m
[0m[1mmodule.core[0].module.role[30].random_integer.sleep: Creating...[0m[0m
[0m[1mmodule.applications[8].module.airflow[4].random_integer.sleep: Creation complete after 0s [id=1][0m
[0m[1mmodule.core[0].module.security_rule[11].random_integer.sleep: Creating...[0m[0m
[0m[1mmodule.core[0].module.security_rule[11].random_integer.sleep: Creation complete after 0s [id=0][0m
[0m[1mmodule.applications[3].module.airflow[8].random_integer.sleep: Creation complete after 0s [id=4][0m
[0m[1mmodule.applications[8].module.airflow[8].random_integer.sleep: Creation complete after 0s [id=1][0m
[0m[1mmodule.applications[1].module.airflow[8].random_integer.sleep: Creation complete after 0s [id=3][0m
[0m[1mmodule.applications[8].module.airflow[2].random_integer.sleep: Creating...[0m[0m
[0m[1mmodule.core[2].module.role[23].random_integer.sleep: Creating...[0m[0m
[0m[1mmodule.core[0].module.role[30].random_integer.sleep: Creation complete after 0s [id=4][0m
[0m[1mmodule.core[2].module.security_rule[6].random_integer.sleep: Creation complete after 0s [id=3][0m
[0m[1mmodule.core[0].module.role[33].random_integer.sleep: Creation complete after 0s [id=1][0m
[0m[1mmodule.applications[6].module.dbt[4].random_integer.sleep[0]: Creating...[0m[0m
[0m[1mmodule.core[2].module.role[29].random_integer.sleep: Creating...[0m[0m
[0m[1mmodule.core[1].module.security_rule[19].random_integer.sleep: Creating...[0m[0m
[0m[1mmodule.applications[8].module.airflow[2].random_integer.sleep: Creation complete after 0s [id=4][0m
[0m[1mmodule.core[2].module.role[23].random_integer.sleep: Creation complete after 0s [id=3][0m
[0m[1mmodule.applications[5].module.dbt[1].random_integer.sleep[0]: Creating...[0m[0m
[0m[1mmodule.core[2].module.security_rule[27].random_integer.sleep: Creating...[0m[0m
[0m[1mmodule.applications[3].module.airflow[4].random_integer.sleep: Creating...[0m[0m
[0m[1mmodule.applications[6].module.dbt[4].random_integer.sleep[0]: Creation complete after 0s [id=5][0m
[0m[1mmodule.core[2].module.role[29].random_integer.sleep: Creation complete after 0s [id=1][0m
[0m[1mmodule.applications[3].module.airflow[4].random_integer.sleep: Creation complete after 0s [id=2][0m
[0m[1mmodule.core[1].module.security_rule[19].random_integer.sleep: Creation complete after 0s [id=3][0m
[0m[1mmodule.core[1].module.security_rule[11].random_integer.sleep: Creating...[0m[0m
[0m[1mmodule.core[1].module.role[48].random_integer.sleep: Creating...[0m[0m
[0m[1mmodule.core[2].module.role[20].random_integer.sleep: Creating...[0m[0m
[0m[1mmodule.core[0].module.role[8].random_integer.sleep: Creating...[0m[0m
[0m[1mmodule.applications[5].module.dbt[1].random_integer.sleep[0]: Creation complete after 0s [id=5][0m
[0m[1mmodule.core[2].module.security_rule[27].random_integer.sleep: Creation complete after 0s [id=2][0m
[0m[1mmodule.core[2].module.role[20].random_integer.sleep: Creation complete after 0s [id=2][0m
[0m[1mmodule.core[1].module.role[48].random_integer.sleep: Creation complete after 0s [id=3][0m
[0m[1mmodule.core[1].module.security_rule[11].random_integer.sleep: Creation complete after 0s [id=0][0m
[0m[1mmodule.core[1].module.role[33].random_integer.sleep: Creating...[0m[0m
[0m[1mmodule.applications[0].module.dbt[1].random_integer.sleep[0]: Creating...[0m[0m
[0m[1mmodule.applications[7].module.dbt[2].random_integer.sleep[1]: Creating...[0m[0m
[0m[1mmodule.core[1].module.role[20].random_integer.sleep: Creating...[0m[0m
[0m[1mmodule.core[0].module.role[8].random_integer.sleep: Creation complete after 0s [id=3][0m
[0m[1mmodule.applications[7].module.dbt[2].random_integer.sleep[1]: Creation complete after 0s [id=3][0m
[0m[1mmodule.core[1].module.role[33].random_integer.sleep: Creation complete after 0s [id=1][0m
[0m[1mmodule.core[1].module.role[13].random_integer.sleep: Creating...[0m[0m
[0m[1mmodule.applications[3].module.dbt[3].random_integer.sleep[0]: Creating...[0m[0m
[0m[1mmodule.applications[0].module.dbt[1].random_integer.sleep[0]: Creation complete after 0s [id=4][0m
[0m[1mmodule.core[1].module.role[20].random_integer.sleep: Creation complete after 0s [id=1][0m
[0m[1mmodule.core[0].module.role[22].random_integer.sleep: Creating...[0m[0m
[0m[1mmodule.applications[3].module.dbt[3].random_integer.sleep[0]: Creation complete after 0s [id=2][0m
[0m[1mmodule.core[2].module.role[24].random_integer.sleep: Creating...[0m[0m
[0m[1mmodule.core[1].module.role[13].random_integer.sleep: Creation complete after 0s [id=4][0m
[0m[1mmodule.core[2].module.role[24].random_integer.sleep: Creation complete after 0s [id=3][0m
[0m[1mmodule.core[0].module.role[22].random_integer.sleep: Creation complete after 0s [id=5][0m
[0m[1mmodule.core[0].module.role[15].random_integer.sleep: Creating...[0m[0m
[0m[1mrandom_integer.sleep[180]: Creating...[0m[0m
[0m[1mrandom_integer.sleep[74]: Creating...[0m[0m
[0m[1mrandom_integer.sleep[29]: Creating...[0m[0m
[0m[1mrandom_integer.sleep[288]: Creating...[0m[0m
[0m[1mrandom_integer.sleep[147]: Creating...[0m[0m
[0m[1mrandom_integer.sleep[228]: Creating...[0m[0m
[0m[1mrandom_integer.sleep[197]: Creating...[0m[0m
[0m[1mrandom_integer.sleep[288]: Creation complete after 0s [id=4][0m
[0m[1mrandom_integer.sleep[68]: Creating...[0m[0m
[0m[1mrandom_integer.sleep[72]: Creating...[0m[0m
[0m[1mrandom_integer.sleep[197]: Creation complete after 1s [id=4][0m
[0m[1mrandom_integer.sleep[228]: Creation complete after 1s [id=5][0m
[0m[1mrandom_integer.sleep[191]: Creating...[0m[0m
[0m[1mrandom_integer.sleep[147]: Creation complete after 1s [id=1][0m
[0m[1mrandom_integer.sleep[225]: Creating...[0m[0m
[0m[1mrandom_integer.sleep[74]: Creation complete after 1s [id=5][0m
[0m[1mrandom_integer.sleep[191]: Creation complete after 0s [id=5][0m
[0m[1mrandom_integer.sleep[68]: Creation complete after 1s [id=1][0m
[0m[1mrandom_integer.sleep[29]: Creation complete after 1s [id=2][0m
[0m[1mrandom_integer.sleep[72]: Creation complete after 1s [id=5][0m
[0m[1mmodule.core[0].module.role[15].random_integer.sleep: Creation complete after 1s [id=4][0m
[0m[1mrandom_integer.sleep[180]: Creation complete after 1s [id=4][0m
[0m[1mrandom_integer.sleep[127]: Creating...[0m[0m
[0m[1mrandom_integer.sleep[9]: Creating...[0m[0m
[0m[1mrandom_integer.sleep[225]: Creation complete after 0s [id=1][0m
[0m[1mrandom_integer.sleep[263]: Creating...[0m[0m
[0m[1mrandom_integer.sleep[173]: Creating...[0m[0m
[0m[1mrandom_integer.sleep[102]: Creating...[0m[0m
[0m[1mrandom_integer.sleep[255]: Creating...[0m[0m
[0m[1mrandom_integer.sleep[114]: Creating...[0m[0m
[0m[1mrandom_integer.sleep[170]: Creating...[0m[0m
[0m[1mrandom_integer.sleep[9]: Creation complete after 0s [id=4][0m
[0m[1mrandom_integer.sleep[31]: Creating...[0m[0m
[0m[1mrandom_integer.sleep[244]: Creating...[0m[0m
[0m[1mrandom_integer.sleep[102]: Creation complete after 0s [id=5][0m
[0m[1mrandom_integer.sleep[31]: Creation complete after 0s [id=3][0m
[0m[1mrandom_integer.sleep[114]: Creation complete after 0s [id=1][0m
[0m[1mrandom_integer.sleep[127]: Creation complete after 0s [id=5][0m
[0m[1mrandom_integer.sleep[263]: Creation complete after 0s [id=5][0m
[0m[1mrandom_integer.sleep[173]: Creation complete after 0s [id=5][0m
[0m[1mrandom_integer.sleep[170]: Creation complete after 0s [id=2][0m
[0m[1mrandom_integer.sleep[255]: Creation complete after 0s [id=2][0m
[0m[1mrandom_integer.sleep[172]: Creating...[0m[0m
[0m[1mrandom_integer.sleep[115]: Creating...[0m[0m
[0m[1mrandom_integer.sleep[1]: Creating...[0m[0m
[0m[1mrandom_integer.sleep[278]: Creating...[0m[0m
[0m[1mrandom_integer.sleep[71]: Creating...[0m[0m
[0m[1mrandom_integer.sleep[5]: Creating...[0m[0m
[0m[1mrandom_integer.sleep[232]: Creating...[0m[0m
[0m[1mrandom_integer.sleep[244]: Creation complete after 0s [id=1][0m
[0m[1mrandom_integer.sleep[286]: Creating...[0m[0m
[0m[1mrandom_integer.sleep[115]: Creation complete after 0s [id=1][0m
[0m[1mrandom_integer.sleep[213]: Creating...[0m[0m
[0m[1mrandom_integer.sleep[1]: Creation complete after 0s [id=3][0m
[0m[1mrandom_integer.sleep[172]: Creation complete after 0s [id=1][0m
[0m[1mrandom_integer.sleep[294]: Creating...[0m[0m
[0m[1mrandom_integer.sleep[221]: Creating...[0m[0m
[0m[1mrandom_integer.sleep[71]: Creation complete after 0s [id=2][0m
[0m[1mrandom_integer.sleep[286]: Creation complete after 0s [id=5][0m
[0m[1mrandom_integer.sleep[5]: Creation complete after 0s [id=2][0m
[0m[1mrandom_integer.sleep[194]: Creating...[0m[0m
[0m[1mrandom_integer.sleep[278]: Creation complete after 0s [id=3][0m
[0m[1mrandom_integer.sleep[200]: Creating...[0m[0m
[0m[1mrandom_integer.sleep[205]: Creating...[0m[0m
[0m[1mrandom_integer.sleep[213]: Creation complete after 0s [id=2][0m
[0m[1mrandom_integer.sleep[232]: Creation complete after 0s [id=2][0m
[0m[1mrandom_integer.sleep[86]: Creating...[0m[0m
[0m[1mrandom_integer.sleep[289]: Creating...[0m[0m
[0m[1mrandom_integer.sleep[221]: Creation complete after 0s [id=4][0m
[0m[1mrandom_integer.sleep[294]: Creation complete after 0s [id=5][0m
[0m[1mrandom_integer.sleep[61]: Creating...[0m[0m
[0m[1mrandom_integer.sleep[229]: Creating...[0m[0m
[0m[1mrandom_integer.sleep[194]: Creation complete after 0s [id=5][0m
[0m[1mrandom_integer.sleep[205]: Creation complete after 0s [id=3][0m
[0m[1mrandom_integer.sleep[200]: Creation complete after 0s [id=5][0m
[0m[1mrandom_integer.sleep[3]: Creating...[0m[0m
[0m[1mrandom_integer.sleep[21]: Creating...[0m[0m
[0m[1mrandom_integer.sleep[65]: Creating...[0m[0m
[0m[1mrandom_integer.sleep[230]: Creating...[0m[0m
[0m[1mrandom_integer.sleep[86]: Creation complete after 0s [id=3][0m
[0m[1mrandom_integer.sleep[289]: Creation complete after 0s [id=4][0m
[0m[1mrandom_integer.sleep[61]: Creation complete after 0s [id=3][0m
[0m[1mrandom_integer.sleep[229]: Creation complete after 0s [id=4][0m
[0m[1mrandom_integer.sleep[206]: Creating...[0m[0m
[0m[1mrandom_integer.sleep[161]: Creating...[0m[0m
[0m[1mrandom_integer.sleep[3]: Creation complete after 0s [id=2][0m
[0m[1mrandom_integer.sleep[196]: Creating...[0m[0m
[0m[1mrandom_integer.sleep[21]: Creation complete after 0s [id=3][0m
[0m[1mrandom_integer.sleep[237]: Creating...[0m[0m
[0m[1mrandom_integer.sleep[49]: Creating...[0m[0m
[0m[1mrandom_integer.sleep[230]: Creation complete after 0s [id=2][0m
[0m[1mrandom_integer.sleep[65]: Creation complete after 0s [id=1][0m
[0m[1mrandom_integer.sleep[97]: Creating...[0m[0m
[0m[1mrandom_integer.sleep[218]: Creating...[0m[0m
[0m[1mrandom_integer.sleep[242]: Creating...[0m[0m
[0m[1mrandom_integer.sleep[206]: Creation complete after 0s [id=2][0m
[0m[1mrandom_integer.sleep[161]: Creation complete after 0s [id=4][0m
[0m[1mrandom_integer.sleep[196]: Creation complete after 0s [id=5][0m
[0m[1mrandom_integer.sleep[49]: Creation complete after 0s [id=1][0m
[0m[1mrandom_integer.sleep[237]: Creation complete after 0s [id=3][0m
[0m[1mrandom_integer.sleep[297]: Creating...[0m[0m
[0m[1mrandom_integer.sleep[92]: Creating...[0m[0m
[0m[1mrandom_integer.sleep[284]: Creating...[0m[0m
[0m[1mrandom_integer.sleep[195]: Creating...[0m[0m
[0m[1mrandom_integer.sleep[143]: Creating...[0m[0m
[0m[1mrandom_integer.sleep[218]: Creation complete after 0s [id=3][0m
[0m[1mrandom_integer.sleep[97]: Creation complete after 0s [id=1][0m
[0m[1mrandom_integer.sleep[242]: Creation complete after 0s [id=1][0m
[0m[1mrandom_integer.sleep[168]: Creating...[0m[0m
[0m[1mrandom_integer.sleep[144]: Creating...[0m[0m
[0m[1mrandom_integer.sleep[92]: Creation complete after 0s [id=4][0m
[0m[1mrandom_integer.sleep[238]: Creating...[0m[0m
[0m[1mrandom_integer.sleep[30]: Creating...[0m[0m
[0m[1mrandom_integer.sleep[284]: Creation complete after 0s [id=4][0m
[0m[1mrandom_integer.sleep[258]: Creating...[0m[0m
[0m[1mrandom_integer.sleep[297]: Creation complete after 0s [id=3][0m
[0m[1mrandom_integer.sleep[143]: Creation complete after 0s [id=2][0m
[0m[1mrandom_integer.sleep[292]: Creating...[0m[0m
[0m[1mrandom_integer.sleep[33]: Creating...[0m[0m
[0m[1mrandom_integer.sleep[238]: Creation complete after 0s [id=2][0m
[0m[1mrandom_integer.sleep[69]: Creating...[0m[0m
[0m[1mrandom_integer.sleep[195]: Creation complete after 0s [id=1][0m
[0m[1mrandom_integer.sleep[30]: Creation complete after 0s [id=4][0m
[0m[1mrandom_integer.sleep[144]: Creation complete after 0s [id=5][0m
[0m[1mrandom_integer.sleep[258]: Creation complete after 0s [id=4][0m
[0m[1mrandom_integer.sleep[168]: Creation complete after 0s [id=3][0m
[0m[1mrandom_integer.sleep[37]: Creating...[0m[0m
[0m[1mrandom_integer.sleep[52]: Creating...[0m[0m
[0m[1mrandom_integer.sleep[208]: Creating...[0m[0m
[0m[1mrandom_integer.sleep[292]: Creation complete after 0s [id=3][0m
[0m[1mrandom_integer.sleep[53]: Creating...[0m[0m
[0m[1mrandom_integer.sleep[130]: Creating...[0m[0m
[0m[1mrandom_integer.sleep[33]: Creation complete after 0s [id=1][0m
[0m[1mrandom_integer.sleep[69]: Creation complete after 0s [id=3][0m
[0m[1mrandom_integer.sleep[235]: Creating...[0m[0m
[0m[1mrandom_integer.sleep[141]: Creating...[0m[0m
[0m[1mrandom_integer.sleep[287]: Creating...[0m[0m
[0m[1mrandom_integer.sleep[52]: Creation complete after 0s [id=1][0m
[0m[1mrandom_integer.sleep[208]: Creation complete after 0s [id=2][0m
[0m[1mrandom_integer.sleep[130]: Creation complete after 0s [id=4][0m
[0m[1mrandom_integer.sleep[235]: Creation complete after 0s [id=3][0m
[0m[1mrandom_integer.sleep[37]: Creation complete after 0s [id=5][0m
[0m[1mrandom_integer.sleep[53]: Creation complete after 0s [id=1][0m
[0m[1mrandom_integer.sleep[250]: Creating...[0m[0m
[0m[1mrandom_integer.sleep[94]: Creating...[0m[0m
[0m[1mrandom_integer.sleep[149]: Creating...[0m[0m
[0m[1mrandom_integer.sleep[287]: Creation complete after 0s [id=2][0m
[0m[1mrandom_integer.sleep[124]: Creating...[0m[0m
[0m[1mrandom_integer.sleep[57]: Creating...[0m[0m
[0m[1mrandom_integer.sleep[231]: Creating...[0m[0m
[0m[1mrandom_integer.sleep[141]: Creation complete after 0s [id=5][0m
[0m[1mrandom_integer.sleep[110]: Creating...[0m[0m
[0m[1mrandom_integer.sleep[82]: Creating...[0m[0m
[0m[1mrandom_integer.sleep[118]: Creating...[0m[0m
[0m[1mrandom_integer.sleep[94]: Creation complete after 0s [id=3][0m
[0m[1mrandom_integer.sleep[110]: Creation complete after 0s [id=4][0m
[0m[1mrandom_integer.sleep[149]: Creation complete after 0s [id=3][0m
[0m[1mrandom_integer.sleep[250]: Creation complete after 0s [id=2][0m
[0m[1mrandom_integer.sleep[118]: Creation complete after 0s [id=2][0m
[0m[1mrandom_integer.sleep[226]: Creating...[0m[0m
[0m[1mrandom_integer.sleep[146]: Creating...[0m[0m
[0m[1mrandom_integer.sleep[124]: Creation complete after 0s [id=3][0m
[0m[1mrandom_integer.sleep[128]: Creating...[0m[0m
[0m[1mrandom_integer.sleep[98]: Creating...[0m[0m
[0m[1mrandom_integer.sleep[57]: Creation complete after 0s [id=3][0m
[0m[1mrandom_integer.sleep[231]: Creation complete after 0s [id=5][0m
[0m[1mrandom_integer.sleep[82]: Creation complete after 0s [id=2][0m
[0m[1mrandom_integer.sleep[223]: Creating...[0m[0m
[0m[1mrandom_integer.sleep[15]: Creating...[0m[0m
[0m[1mrandom_integer.sleep[36]: Creating...[0m[0m
[0m[1mrandom_integer.sleep[259]: Creating...[0m[0m
[0m[1mrandom_integer.sleep[226]: Creation complete after 0s [id=3][0m
[0m[1mrandom_integer.sleep[98]: Creation complete after 0s [id=4][0m
[0m[1mrandom_integer.sleep[146]: Creation complete after 0s [id=4][0m
[0m[1mrandom_integer.sleep[128]: Creation complete after 0s [id=3][0m
[0m[1mrandom_integer.sleep[90]: Creating...[0m[0m
[0m[1mrandom_integer.sleep[0]: Creating...[0m[0m
[0m[1mrandom_integer.sleep[176]: Creating...[0m[0m
[0m[1mrandom_integer.sleep[36]: Creation complete after 0s [id=5][0m
[0m[1mrandom_integer.sleep[24]: Creating...[0m[0m
[0m[1mrandom_integer.sleep[120]: Creating...[0m[0m
[0m[1mrandom_integer.sleep[223]: Creation complete after 0s [id=5][0m
[0m[1mrandom_integer.sleep[259]: Creation complete after 0s [id=5][0m
[0m[1mrandom_integer.sleep[15]: Creation complete after 0s [id=1][0m
[0m[1mrandom_integer.sleep[203]: Creating...[0m[0m
[0m[1mrandom_integer.sleep[174]: Creating...[0m[0m
[0m[1mrandom_integer.sleep[131]: Creating...[0m[0m
[0m[1mrandom_integer.sleep[176]: Creation complete after 0s [id=4][0m
[0m[1mrandom_integer.sleep[90]: Creation complete after 0s [id=1][0m
[0m[1mrandom_integer.sleep[28]: Creating...[0m[0m
[0m[1mrandom_integer.sleep[120]: Creation complete after 0s [id=5][0m
[0m[1mrandom_integer.sleep[0]: Creation complete after 0s [id=5][0m
[0m[1mrandom_integer.sleep[137]: Creating...[0m[0m
[0m[1mrandom_integer.sleep[24]: Creation complete after 0s [id=1][0m
[0m[1mrandom_integer.sleep[107]: Creating...[0m[0m
[0m[1mrandom_integer.sleep[85]: Creating...[0m[0m
[0m[1mrandom_integer.sleep[203]: Creation complete after 0s [id=5][0m
[0m[1mrandom_integer.sleep[239]: Creating...[0m[0m
[0m[1mrandom_integer.sleep[131]: Creation complete after 1s [id=3][0m
[0m[1mrandom_integer.sleep[174]: Creation complete after 1s [id=5][0m
[0m[1mrandom_integer.sleep[28]: Creation complete after 1s [id=5][0m
[0m[1mrandom_integer.sleep[104]: Creating...[0m[0m
[0m[1mrandom_integer.sleep[137]: Creation complete after 1s [id=5][0m
[0m[1mrandom_integer.sleep[7]: Creating...[0m[0m
[0m[1mrandom_integer.sleep[167]: Creating...[0m[0m
[0m[1mrandom_integer.sleep[150]: Creating...[0m[0m
[0m[1mrandom_integer.sleep[107]: Creation complete after 1s [id=4][0m
[0m[1mrandom_integer.sleep[85]: Creation complete after 1s [id=1][0m
[0m[1mrandom_integer.sleep[39]: Creating...[0m[0m
[0m[1mrandom_integer.sleep[186]: Creating...[0m[0m
[0m[1mrandom_integer.sleep[239]: Creation complete after 0s [id=2][0m
[0m[1mrandom_integer.sleep[163]: Creating...[0m[0m
[0m[1mrandom_integer.sleep[104]: Creation complete after 0s [id=3][0m
[0m[1mrandom_integer.sleep[167]: Creation complete after 0s [id=4][0m
[0m[1mrandom_integer.sleep[7]: Creation complete after 0s [id=5][0m
[0m[1mrandom_integer.sleep[299]: Creating...[0m[0m
[0m[1mrandom_integer.sleep[150]: Creation complete after 0s [id=1][0m
[0m[1mrandom_integer.sleep[18]: Creating...[0m[0m
[0m[1mrandom_integer.sleep[132]: Creating...[0m[0m
[0m[1mrandom_integer.sleep[186]: Creation complete after 0s [id=5][0m
[0m[1mrandom_integer.sleep[295]: Creating...[0m[0m
[0m[1mrandom_integer.sleep[39]: Creation complete after 0s [id=5][0m
[0m[1mrandom_integer.sleep[77]: Creating...[0m[0m
[0m[1mrandom_integer.sleep[163]: Creation complete after 0s [id=1][0m
[0m[1mrandom_integer.sleep[216]: Creating...[0m[0m
[0m[1mrandom_integer.sleep[268]: Creating...[0m[0m
[0m[1mrandom_integer.sleep[299]: Creation complete after 0s [id=5][0m
[0m[1mrandom_integer.sleep[4]: Creating...[0m[0m
[0m[1mrandom_integer.sleep[132]: Creation complete after 0s [id=5][0m
[0m[1mrandom_integer.sleep[295]: Creation complete after 0s [id=5][0m
[0m[1mrandom_integer.sleep[18]: Creation complete after 0s [id=1][0m
[0m[1mrandom_integer.sleep[35]: Creating...[0m[0m
[0m[1mrandom_integer.sleep[77]: Creation complete after 0s [id=3][0m
[0m[1mrandom_integer.sleep[116]: Creating...[0m[0m
[0m[1mrandom_integer.sleep[189]: Creating...[0m[0m
[0m[1mrandom_integer.sleep[268]: Creation complete after 0s [id=3][0m
[0m[1mrandom_integer.sleep[216]: Creation complete after 0s [id=4][0m
[0m[1mrandom_integer.sleep[209]: Creating...[0m[0m
[0m[1mrandom_integer.sleep[122]: Creating...[0m[0m
[0m[1mrandom_integer.sleep[60]: Creating...[0m[0m
[0m[1mrandom_integer.sleep[4]: Creation complete after 0s [id=3][0m
[0m[1mrandom_integer.sleep[158]: Creating...[0m[0m
[0m[1mrandom_integer.sleep[35]: Creation complete after 0s [id=3][0m
[0m[1mrandom_integer.sleep[17]: Creating...[0m[0m
[0m[1mrandom_integer.sleep[10]: Creating...[0m[0m
[0m[1mrandom_integer.sleep[189]: Creation complete after 0s [id=2][0m
[0m[1mrandom_integer.sleep[209]: Creation complete after 0s [id=5][0m
[0m[1mrandom_integer.sleep[116]: Creation complete after 0s [id=2][0m
[0m[1mrandom_integer.sleep[60]: Creation complete after 0s [id=2][0m
[0m[1mrandom_integer.sleep[122]: Creation complete after 0s [id=5][0m
[0m[1mrandom_integer.sleep[138]: Creating...[0m[0m
[0m[1mrandom_integer.sleep[59]: Creating...[0m[0m
[0m[1mrandom_integer.sleep[279]: Creating...[0m[0m
[0m[1mrandom_integer.sleep[158]: Creation complete after 0s [id=2][0m
[0m[1mrandom_integer.sleep[272]: Creating...[0m[0m
[0m[1mrandom_integer.sleep[54]: Creating...[0m[0m
[0m[1mrandom_integer.sleep[10]: Creation complete after 0s [id=2][0m
[0m[1mrandom_integer.sleep[17]: Creation complete after 0s [id=2][0m
[0m[1mrandom_integer.sleep[66]: Creating...[0m[0m
[0m[1mrandom_integer.sleep[125]: Creating...[0m[0m
[0m[1mrandom_integer.sleep[192]: Creating...[0m[0m
[0m[1mrandom_integer.sleep[138]: Creation complete after 0s [id=5][0m
[0m[1mrandom_integer.sleep[272]: Creation complete after 0s [id=1][0m
[0m[1mrandom_integer.sleep[279]: Creation complete after 0s [id=4][0m
[0m[1mrandom_integer.sleep[59]: Creation complete after 0s [id=5][0m
[0m[1mrandom_integer.sleep[54]: Creation complete after 0s [id=2][0m
[0m[1mrandom_integer.sleep[193]: Creating...[0m[0m
[0m[1mrandom_integer.sleep[100]: Creating...[0m[0m
[0m[1mrandom_integer.sleep[181]: Creating...[0m[0m
[0m[1mrandom_integer.sleep[125]: Creation complete after 0s [id=1][0m
[0m[1mrandom_integer.sleep[290]: Creating...[0m[0m
[0m[1mrandom_integer.sleep[111]: Creating...[0m[0m
[0m[1mrandom_integer.sleep[66]: Creation complete after 0s [id=4][0m
[0m[1mrandom_integer.sleep[293]: Creating...[0m[0m
[0m[1mrandom_integer.sleep[192]: Creation complete after 0s [id=4][0m
[0m[1mrandom_integer.sleep[76]: Creating...[0m[0m
[0m[1mrandom_integer.sleep[204]: Creating...[0m[0m
[0m[1mrandom_integer.sleep[181]: Creation complete after 0s [id=5][0m
[0m[1mrandom_integer.sleep[100]: Creation complete after 0s [id=5][0m
[0m[1mrandom_integer.sleep[111]: Creation complete after 0s [id=4][0m
[0m[1mrandom_integer.sleep[193]: Creation complete after 0s [id=2][0m
[0m[1mrandom_integer.sleep[293]: Creation complete after 0s [id=4][0m
[0m[1mrandom_integer.sleep[290]: Creation complete after 0s [id=5][0m
[0m[1mrandom_integer.sleep[78]: Creating...[0m[0m
[0m[1mrandom_integer.sleep[254]: Creating...[0m[0m
[0m[1mrandom_integer.sleep[148]: Creating...[0m[0m
[0m[1mrandom_integer.sleep[155]: Creating...[0m[0m
[0m[1mrandom_integer.sleep[280]: Creating...[0m[0m
[0m[1mrandom_integer.sleep[88]: Creating...[0m[0m
[0m[1mrandom_integer.sleep[204]: Creation complete after 0s [id=1][0m
[0m[1mrandom_integer.sleep[236]: Creating...[0m[0m
[0m[1mrandom_integer.sleep[76]: Creation complete after 0s [id=4][0m
[0m[1mrandom_integer.sleep[219]: Creating...[0m[0m
[0m[1mrandom_integer.sleep[210]: Creating...[0m[0m
[0m[1mrandom_integer.sleep[254]: Creation complete after 0s [id=3][0m
[0m[1mrandom_integer.sleep[78]: Creation complete after 0s [id=4][0m
[0m[1mrandom_integer.sleep[156]: Creating...[0m[0m
[0m[1mrandom_integer.sleep[236]: Creation complete after 0s [id=3][0m
[0m[1mrandom_integer.sleep[155]: Creation complete after 0s [id=5][0m
[0m[1mrandom_integer.sleep[164]: Creating...[0m[0m
[0m[1mrandom_integer.sleep[171]: Creating...[0m[0m
[0m[1mrandom_integer.sleep[88]: Creation complete after 0s [id=3][0m
[0m[1mrandom_integer.sleep[224]: Creating...[0m[0m
[0m[1mrandom_integer.sleep[148]: Creation complete after 0s [id=3][0m
[0m[1mrandom_integer.sleep[280]: Creation complete after 0s [id=3][0m
[0m[1mrandom_integer.sleep[291]: Creating...[0m[0m
[0m[1mrandom_integer.sleep[8]: Creating...[0m[0m
[0m[1mrandom_integer.sleep[156]: Creation complete after 0s [id=2][0m
[0m[1mrandom_integer.sleep[210]: Creation complete after 0s [id=1][0m
[0m[1mrandom_integer.sleep[219]: Creation complete after 0s [id=1][0m
[0m[1mrandom_integer.sleep[224]: Creation complete after 0s [id=3][0m
[0m[1mrandom_integer.sleep[45]: Creating...[0m[0m
[0m[1mrandom_integer.sleep[281]: Creating...[0m[0m
[0m[1mrandom_integer.sleep[171]: Creation complete after 0s [id=4][0m
[0m[1mrandom_integer.sleep[164]: Creation complete after 0s [id=2][0m
[0m[1mrandom_integer.sleep[32]: Creating...[0m[0m
[0m[1mrandom_integer.sleep[246]: Creating...[0m[0m
[0m[1mrandom_integer.sleep[251]: Creating...[0m[0m
[0m[1mrandom_integer.sleep[83]: Creating...[0m[0m
[0m[1mrandom_integer.sleep[8]: Creation complete after 0s [id=3][0m
[0m[1mrandom_integer.sleep[291]: Creation complete after 0s [id=2][0m
[0m[1mrandom_integer.sleep[45]: Creation complete after 0s [id=2][0m
[0m[1mrandom_integer.sleep[281]: Creation complete after 0s [id=2][0m
[0m[1mrandom_integer.sleep[162]: Creating...[0m[0m
[0m[1mrandom_integer.sleep[152]: Creating...[0m[0m
[0m[1mrandom_integer.sleep[99]: Creating...[0m[0m
[0m[1mrandom_integer.sleep[252]: Creating...[0m[0m
[0m[1mrandom_integer.sleep[246]: Creation complete after 0s [id=3][0m
[0m[1mrandom_integer.sleep[201]: Creating...[0m[0m
[0m[1mrandom_integer.sleep[32]: Creation complete after 0s [id=5][0m
[0m[1mrandom_integer.sleep[83]: Creation complete after 0s [id=2][0m
[0m[1mrandom_integer.sleep[251]: Creation complete after 0s [id=2][0m
[0m[1mrandom_integer.sleep[165]: Creating...[0m[0m
[0m[1mrandom_integer.sleep[157]: Creating...[0m[0m
[0m[1mrandom_integer.sleep[152]: Creation complete after 0s [id=3][0m
[0m[1mrandom_integer.sleep[151]: Creating...[0m[0m
[0m[1mrandom_integer.sleep[215]: Creating...[0m[0m
[0m[1mrandom_integer.sleep[252]: Creation complete after 0s [id=4][0m
[0m[1mrandom_integer.sleep[201]: Creation complete after 0s [id=2][0m
[0m[1mrandom_integer.sleep[99]: Creation complete after 0s [id=5][0m
[0m[1mrandom_integer.sleep[162]: Creation complete after 0s [id=3][0m
[0m[1mrandom_integer.sleep[25]: Creating...[0m[0m
[0m[1mrandom_integer.sleep[265]: Creating...[0m[0m
[0m[1mrandom_integer.sleep[296]: Creating...[0m[0m
[0m[1mrandom_integer.sleep[151]: Creation complete after 0s [id=2][0m
[0m[1mrandom_integer.sleep[165]: Creation complete after 0s [id=4][0m
[0m[1mrandom_integer.sleep[215]: Creation complete after 0s [id=1][0m
[0m[1mrandom_integer.sleep[19]: Creating...[0m[0m
[0m[1mrandom_integer.sleep[157]: Creation complete after 0s [id=2][0m
[0m[1mrandom_integer.sleep[184]: Creating...[0m[0m
[0m[1mrandom_integer.sleep[96]: Creating...[0m[0m
[0m[1mrandom_integer.sleep[245]: Creating...[0m[0m
[0m[1mrandom_integer.sleep[19]: Creation complete after 0s [id=2][0m
[0m[1mrandom_integer.sleep[79]: Creating...[0m[0m
[0m[1mrandom_integer.sleep[159]: Creating...[0m[0m
[0m[1mrandom_integer.sleep[184]: Creation complete after 0s [id=5][0m
[0m[1mrandom_integer.sleep[25]: Creation complete after 0s [id=3][0m
[0m[1mrandom_integer.sleep[265]: Creation complete after 0s [id=1][0m
[0m[1mrandom_integer.sleep[296]: Creation complete after 0s [id=4][0m
[0m[1mrandom_integer.sleep[249]: Creating...[0m[0m
[0m[1mrandom_integer.sleep[202]: Creating...[0m[0m
[0m[1mrandom_integer.sleep[96]: Creation complete after 1s [id=3][0m
[0m[1mrandom_integer.sleep[159]: Creation complete after 1s [id=3][0m
[0m[1mrandom_integer.sleep[245]: Creation complete after 1s [id=4][0m
[0m[1mrandom_integer.sleep[79]: Creation complete after 1s [id=5][0m
[0m[1mrandom_integer.sleep[275]: Creating...[0m[0m
[0m[1mrandom_integer.sleep[12]: Creating...[0m[0m
[0m[1mrandom_integer.sleep[112]: Creating...[0m[0m
[0m[1mrandom_integer.sleep[274]: Creating...[0m[0m
[0m[1mrandom_integer.sleep[175]: Creating...[0m[0m
[0m[1mrandom_integer.sleep[188]: Creating...[0m[0m
[0m[1mrandom_integer.sleep[275]: Creation complete after 0s [id=2][0m
[0m[1mrandom_integer.sleep[249]: Creation complete after 1s [id=3][0m
[0m[1mrandom_integer.sleep[202]: Creation complete after 1s [id=4][0m
[0m[1mrandom_integer.sleep[62]: Creating...[0m[0m
[0m[1mrandom_integer.sleep[93]: Creating...[0m[0m
[0m[1mrandom_integer.sleep[133]: Creating...[0m[0m
[0m[1mrandom_integer.sleep[274]: Creation complete after 0s [id=1][0m
[0m[1mrandom_integer.sleep[41]: Creating...[0m[0m
[0m[1mrandom_integer.sleep[175]: Creation complete after 0s [id=1][0m
[0m[1mrandom_integer.sleep[112]: Creation complete after 0s [id=2][0m
[0m[1mrandom_integer.sleep[188]: Creation complete after 0s [id=3][0m
[0m[1mrandom_integer.sleep[12]: Creation complete after 0s [id=2][0m
[0m[1mrandom_integer.sleep[40]: Creating...[0m[0m
[0m[1mrandom_integer.sleep[41]: Creation complete after 0s [id=3][0m
[0m[1mrandom_integer.sleep[58]: Creating...[0m[0m
[0m[1mrandom_integer.sleep[298]: Creating...[0m[0m
[0m[1mrandom_integer.sleep[62]: Creation complete after 0s [id=2][0m
[0m[1mrandom_integer.sleep[93]: Creation complete after 0s [id=2][0m
[0m[1mrandom_integer.sleep[133]: Creation complete after 0s [id=5][0m
[0m[1mrandom_integer.sleep[283]: Creating...[0m[0m
[0m[1mrandom_integer.sleep[47]: Creating...[0m[0m
[0m[1mrandom_integer.sleep[273]: Creating...[0m[0m
[0m[1mrandom_integer.sleep[183]: Creating...[0m[0m
[0m[1mrandom_integer.sleep[277]: Creating...[0m[0m
[0m[1mrandom_integer.sleep[298]: Creation complete after 0s [id=5][0m
[0m[1mrandom_integer.sleep[40]: Creation complete after 0s [id=2][0m
[0m[1mrandom_integer.sleep[283]: Creation complete after 0s [id=2][0m
[0m[1mrandom_integer.sleep[277]: Creation complete after 0s [id=4][0m
[0m[1mrandom_integer.sleep[58]: Creation complete after 0s [id=5][0m
[0m[1mrandom_integer.sleep[55]: Creating...[0m[0m
[0m[1mrandom_integer.sleep[233]: Creating...[0m[0m
[0m[1mrandom_integer.sleep[273]: Creation complete after 0s [id=5][0m
[0m[1mrandom_integer.sleep[47]: Creation complete after 0s [id=2][0m
[0m[1mrandom_integer.sleep[183]: Creation complete after 0s [id=4][0m
[0m[1mrandom_integer.sleep[169]: Creating...[0m[0m
[0m[1mrandom_integer.sleep[285]: Creating...[0m[0m
[0m[1mrandom_integer.sleep[177]: Creating...[0m[0m
[0m[1mrandom_integer.sleep[233]: Creation complete after 0s [id=1][0m
[0m[1mrandom_integer.sleep[55]: Creation complete after 0s [id=1][0m
[0m[1mrandom_integer.sleep[95]: Creating...[0m[0m
[0m[1mrandom_integer.sleep[64]: Creating...[0m[0m
[0m[1mrandom_integer.sleep[134]: Creating...[0m[0m
[0m[1mrandom_integer.sleep[169]: Creation complete after 0s [id=2][0m
[0m[1mrandom_integer.sleep[253]: Creating...[0m[0m
[0m[1mrandom_integer.sleep[16]: Creating...[0m[0m
[0m[1mrandom_integer.sleep[269]: Creating...[0m[0m
[0m[1mrandom_integer.sleep[253]: Creation complete after 0s [id=5][0m
[0m[1mrandom_integer.sleep[285]: Creation complete after 0s [id=5][0m
[0m[1mrandom_integer.sleep[177]: Creation complete after 0s [id=3][0m
[0m[1mrandom_integer.sleep[64]: Creation complete after 0s [id=1][0m
[0m[1mrandom_integer.sleep[80]: Creating...[0m[0m
[0m[1mrandom_integer.sleep[106]: Creating...[0m[0m
[0m[1mrandom_integer.sleep[95]: Creation complete after 0s [id=5][0m
[0m[1mrandom_integer.sleep[134]: Creation complete after 0s [id=5][0m
[0m[1mrandom_integer.sleep[16]: Creation complete after 0s [id=5][0m
[0m[1mrandom_integer.sleep[269]: Creation complete after 0s [id=2][0m
[0m[1mrandom_integer.sleep[179]: Creating...[0m[0m
[0m[1mrandom_integer.sleep[67]: Creating...[0m[0m
[0m[1mrandom_integer.sleep[108]: Creating...[0m[0m
[0m[1mrandom_integer.sleep[262]: Creating...[0m[0m
[0m[1mrandom_integer.sleep[43]: Creating...[0m[0m
[0m[1mrandom_integer.sleep[56]: Creating...[0m[0m
[0m[1mrandom_integer.sleep[80]: Creation complete after 0s [id=5][0m
[0m[1mrandom_integer.sleep[106]: Creation complete after 0s [id=1][0m
[0m[1mrandom_integer.sleep[126]: Creating...[0m[0m
[0m[1mrandom_integer.sleep[56]: Creation complete after 0s [id=2][0m
[0m[1mrandom_integer.sleep[67]: Creation complete after 0s [id=3][0m
[0m[1mrandom_integer.sleep[179]: Creation complete after 0s [id=3][0m
[0m[1mrandom_integer.sleep[43]: Creation complete after 0s [id=2][0m
[0m[1mrandom_integer.sleep[256]: Creating...[0m[0m
[0m[1mrandom_integer.sleep[91]: Creating...[0m[0m
[0m[1mrandom_integer.sleep[262]: Creation complete after 0s [id=5][0m
[0m[1mrandom_integer.sleep[108]: Creation complete after 0s [id=1][0m
[0m[1mrandom_integer.sleep[13]: Creating...[0m[0m
[0m[1mrandom_integer.sleep[270]: Creating...[0m[0m
[0m[1mrandom_integer.sleep[22]: Creating...[0m[0m
[0m[1mrandom_integer.sleep[247]: Creating...[0m[0m
[0m[1mrandom_integer.sleep[282]: Creating...[0m[0m
[0m[1mrandom_integer.sleep[126]: Creation complete after 0s [id=5][0m
[0m[1mrandom_integer.sleep[91]: Creation complete after 0s [id=1][0m
[0m[1mrandom_integer.sleep[256]: Creation complete after 0s [id=2][0m
[0m[1mrandom_integer.sleep[260]: Creating...[0m[0m
[0m[1mrandom_integer.sleep[267]: Creating...[0m[0m
[0m[1mrandom_integer.sleep[13]: Creation complete after 0s [id=4][0m
[0m[1mrandom_integer.sleep[270]: Creation complete after 0s [id=5][0m
[0m[1mrandom_integer.sleep[75]: Creating...[0m[0m
[0m[1mrandom_integer.sleep[48]: Creating...[0m[0m
[0m[1mrandom_integer.sleep[22]: Creation complete after 0s [id=4][0m
[0m[1mrandom_integer.sleep[247]: Creation complete after 0s [id=3][0m
[0m[1mrandom_integer.sleep[282]: Creation complete after 0s [id=2][0m
[0m[1mrandom_integer.sleep[222]: Creating...[0m[0m
[0m[1mrandom_integer.sleep[160]: Creating...[0m[0m
[0m[1mrandom_integer.sleep[117]: Creating...[0m[0m
[0m[1mrandom_integer.sleep[234]: Creating...[0m[0m
[0m[1mrandom_integer.sleep[267]: Creation complete after 0s [id=2][0m
[0m[1mrandom_integer.sleep[48]: Creation complete after 0s [id=1][0m
[0m[1mrandom_integer.sleep[75]: Creation complete after 0s [id=4][0m
[0m[1mrandom_integer.sleep[260]: Creation complete after 0s [id=4][0m
[0m[1mrandom_integer.sleep[51]: Creating...[0m[0m
[0m[1mrandom_integer.sleep[89]: Creating...[0m[0m
[0m[1mrandom_integer.sleep[73]: Creating...[0m[0m
[0m[1mrandom_integer.sleep[154]: Creating...[0m[0m
[0m[1mrandom_integer.sleep[222]: Creation complete after 0s [id=1][0m
[0m[1mrandom_integer.sleep[234]: Creation complete after 0s [id=1][0m
[0m[1mrandom_integer.sleep[182]: Creating...[0m[0m
[0m[1mrandom_integer.sleep[220]: Creating...[0m[0m
[0m[1mrandom_integer.sleep[160]: Creation complete after 0s [id=5][0m
[0m[1mrandom_integer.sleep[217]: Creating...[0m[0m
[0m[1mrandom_integer.sleep[14]: Creating...[0m[0m
[0m[1mrandom_integer.sleep[14]: Creation complete after 0s [id=3][0m
[0m[1mrandom_integer.sleep[154]: Creation complete after 0s [id=4][0m
[0m[1mrandom_integer.sleep[117]: Creation complete after 0s [id=1][0m
[0m[1mrandom_integer.sleep[42]: Creating...[0m[0m
[0m[1mrandom_integer.sleep[87]: Creating...[0m[0m
[0m[1mrandom_integer.sleep[220]: Creation complete after 0s [id=4][0m
[0m[1mrandom_integer.sleep[73]: Creation complete after 0s [id=5][0m
[0m[1mrandom_integer.sleep[182]: Creation complete after 0s [id=4][0m
[0m[1mrandom_integer.sleep[89]: Creation complete after 0s [id=3][0m
[0m[1mrandom_integer.sleep[140]: Creating...[0m[0m
[0m[1mrandom_integer.sleep[207]: Creating...[0m[0m
[0m[1mrandom_integer.sleep[217]: Creation complete after 1s [id=5][0m
[0m[1mrandom_integer.sleep[105]: Creating...[0m[0m
[0m[1mrandom_integer.sleep[198]: Creating...[0m[0m
[0m[1mrandom_integer.sleep[51]: Creation complete after 1s [id=2][0m
[0m[1mrandom_integer.sleep[101]: Creating...[0m[0m
[0m[1mrandom_integer.sleep[42]: Creation complete after 1s [id=5][0m
[0m[1mrandom_integer.sleep[23]: Creating...[0m[0m
[0m[1mrandom_integer.sleep[87]: Creation complete after 1s [id=2][0m
[0m[1mrandom_integer.sleep[123]: Creating...[0m[0m
[0m[1mrandom_integer.sleep[81]: Creating...[0m[0m
[0m[1mrandom_integer.sleep[105]: Creation complete after 0s [id=5][0m
[0m[1mrandom_integer.sleep[140]: Creation complete after 1s [id=5][0m
[0m[1mrandom_integer.sleep[198]: Creation complete after 0s [id=5][0m
[0m[1mrandom_integer.sleep[207]: Creation complete after 0s [id=5][0m
[0m[1mrandom_integer.sleep[101]: Creation complete after 0s [id=3][0m
[0m[1mrandom_integer.sleep[248]: Creating...[0m[0m
[0m[1mrandom_integer.sleep[187]: Creating...[0m[0m
[0m[1mrandom_integer.sleep[6]: Creating...[0m[0m
[0m[1mrandom_integer.sleep[276]: Creating...[0m[0m
[0m[1mrandom_integer.sleep[23]: Creation complete after 0s [id=5][0m
[0m[1mrandom_integer.sleep[20]: Creating...[0m[0m
[0m[1mrandom_integer.sleep[123]: Creation complete after 0s [id=5][0m
[0m[1mrandom_integer.sleep[81]: Creation complete after 0s [id=2][0m
[0m[1mrandom_integer.sleep[44]: Creating...[0m[0m
[0m[1mrandom_integer.sleep[257]: Creating...[0m[0m
[0m[1mrandom_integer.sleep[185]: Creating...[0m[0m
[0m[1mrandom_integer.sleep[187]: Creation complete after 0s [id=2][0m
[0m[1mrandom_integer.sleep[20]: Creation complete after 0s [id=4][0m
[0m[1mrandom_integer.sleep[248]: Creation complete after 0s [id=5][0m
[0m[1mrandom_integer.sleep[6]: Creation complete after 0s [id=4][0m
[0m[1mrandom_integer.sleep[276]: Creation complete after 0s [id=2][0m
[0m[1mrandom_integer.sleep[34]: Creating...[0m[0m
[0m[1mrandom_integer.sleep[240]: Creating...[0m[0m
[0m[1mrandom_integer.sleep[190]: Creating...[0m[0m
[0m[1mrandom_integer.sleep[84]: Creating...[0m[0m
[0m[1mrandom_integer.sleep[185]: Creation complete after 0s [id=4][0m
[0m[1mrandom_integer.sleep[264]: Creating...[0m[0m
[0m[1mrandom_integer.sleep[257]: Creation complete after 0s [id=3][0m
[0m[1mrandom_integer.sleep[266]: Creating...[0m[0m
[0m[1mrandom_integer.sleep[44]: Creation complete after 0s [id=1][0m
[0m[1mrandom_integer.sleep[211]: Creating...[0m[0m
[0m[1mrandom_integer.sleep[26]: Creating...[0m[0m
[0m[1mrandom_integer.sleep[266]: Creation complete after 0s [id=2][0m
[0m[1mrandom_integer.sleep[190]: Creation complete after 0s [id=4][0m
[0m[1mrandom_integer.sleep[264]: Creation complete after 0s [id=1][0m
[0m[1mrandom_integer.sleep[240]: Creation complete after 0s [id=3][0m
[0m[1mrandom_integer.sleep[34]: Creation complete after 0s [id=3][0m
[0m[1mrandom_integer.sleep[84]: Creation complete after 0s [id=4][0m
[0m[1mrandom_integer.sleep[227]: Creating...[0m[0m
[0m[1mrandom_integer.sleep[214]: Creating...[0m[0m
[0m[1mrandom_integer.sleep[121]: Creating...[0m[0m
[0m[1mrandom_integer.sleep[199]: Creating...[0m[0m
[0m[1mrandom_integer.sleep[153]: Creating...[0m[0m
[0m[1mrandom_integer.sleep[211]: Creation complete after 0s [id=2][0m
[0m[1mrandom_integer.sleep[26]: Creation complete after 0s [id=5][0m
[0m[1mrandom_integer.sleep[113]: Creating...[0m[0m
[0m[1mrandom_integer.sleep[2]: Creating...[0m[0m
[0m[1mrandom_integer.sleep[214]: Creation complete after 0s [id=3][0m
[0m[1mrandom_integer.sleep[109]: Creating...[0m[0m
[0m[1mrandom_integer.sleep[241]: Creating...[0m[0m
[0m[1mrandom_integer.sleep[113]: Creation complete after 0s [id=2][0m
[0m[1mrandom_integer.sleep[153]: Creation complete after 0s [id=1][0m
[0m[1mrandom_integer.sleep[121]: Creation complete after 0s [id=1][0m
[0m[1mrandom_integer.sleep[199]: Creation complete after 0s [id=1][0m
[0m[1mrandom_integer.sleep[227]: Creation complete after 0s [id=4][0m
[0m[1mrandom_integer.sleep[2]: Creation complete after 0s [id=1][0m
[0m[1mrandom_integer.sleep[166]: Creating...[0m[0m
[0m[1mrandom_integer.sleep[27]: Creating...[0m[0m
[0m[1mrandom_integer.sleep[135]: Creating...[0m[0m
[0m[1mrandom_integer.sleep[243]: Creating...[0m[0m
[0m[1mrandom_integer.sleep[109]: Creation complete after 0s [id=2][0m
[0m[1mrandom_integer.sleep[145]: Creating...[0m[0m
[0m[1mrandom_integer.sleep[241]: Creation complete after 0s [id=1][0m
[0m[1mrandom_integer.sleep[38]: Creating...[0m[0m
[0m[1mrandom_integer.sleep[119]: Creating...[0m[0m
[0m[1mrandom_integer.sleep[136]: Creating...[0m[0m
[0m[1mrandom_integer.sleep[38]: Creation complete after 0s [id=5][0m
[0m[1mrandom_integer.sleep[243]: Creation complete after 0s [id=3][0m
[0m[1mrandom_integer.sleep[135]: Creation complete after 0s [id=1][0m
[0m[1mrandom_integer.sleep[145]: Creation complete after 0s [id=5][0m
[0m[1mrandom_integer.sleep[27]: Creation complete after 0s [id=1][0m
[0m[1mrandom_integer.sleep[166]: Creation complete after 0s [id=4][0m
[0m[1mrandom_integer.sleep[142]: Creating...[0m[0m
[0m[1mrandom_integer.sleep[11]: Creating...[0m[0m
[0m[1mrandom_integer.sleep[46]: Creating...[0m[0m
[0m[1mrandom_integer.sleep[103]: Creating...[0m[0m
[0m[1mrandom_integer.sleep[261]: Creating...[0m[0m
[0m[1mrandom_integer.sleep[136]: Creation complete after 0s [id=3][0m
[0m[1mrandom_integer.sleep[271]: Creating...[0m[0m
[0m[1mrandom_integer.sleep[178]: Creating...[0m[0m
[0m[1mrandom_integer.sleep[119]: Creation complete after 0s [id=4][0m
[0m[1mrandom_integer.sleep[50]: Creating...[0m[0m
[0m[1mrandom_integer.sleep[212]: Creating...[0m[0m
[0m[1mrandom_integer.sleep[11]: Creation complete after 0s [id=4][0m
[0m[1mrandom_integer.sleep[50]: Creation complete after 0s [id=2][0m
[0m[1mrandom_integer.sleep[103]: Creation complete after 0s [id=1][0m
[0m[1mrandom_integer.sleep[46]: Creation complete after 0s [id=2][0m
[0m[1mrandom_integer.sleep[261]: Creation complete after 0s [id=3][0m
[0m[1mrandom_integer.sleep[271]: Creation complete after 0s [id=1][0m
[0m[1mrandom_integer.sleep[178]: Creation complete after 0s [id=2][0m
[0m[1mrandom_integer.sleep[142]: Creation complete after 0s [id=1][0m
[0m[1mrandom_integer.sleep[139]: Creating...[0m[0m
[0m[1mrandom_integer.sleep[63]: Creating...[0m[0m
[0m[1mrandom_integer.sleep[70]: Creating...[0m[0m
[0m[1mrandom_integer.sleep[129]: Creating...[0m[0m
[0m[1mmodule.core[2].module.role[43].time_sleep.bar: Creating...[0m[0m
[0m[1mmodule.core[0].module.role[33].time_sleep.bar: Creating...[0m[0m
[0m[1mrandom_integer.sleep[212]: Creation complete after 0s [id=5][0m
[0m[1mmodule.core[0].module.role[16].time_sleep.bar: Creating...[0m[0m
[0m[1mmodule.core[0].module.role[31].time_sleep.bar: Creating...[0m[0m
[0m[1mrandom_integer.sleep[129]: Creation complete after 0s [id=1][0m
[0m[1mrandom_integer.sleep[63]: Creation complete after 0s [id=4][0m
[0m[1mrandom_integer.sleep[70]: Creation complete after 0s [id=3][0m
[0m[1mrandom_integer.sleep[139]: Creation complete after 0s [id=5][0m
[0m[1mmodule.core[2].module.role[18].time_sleep.bar: Creating...[0m[0m
[0m[1mmodule.core[0].module.role[1].time_sleep.bar: Creating...[0m[0m
[0m[1mmodule.core[1].module.role[9].time_sleep.bar: Creating...[0m[0m
[0m[1mmodule.core[2].module.role[12].time_sleep.bar: Creating...[0m[0m
[0m[1mmodule.core[1].module.role[36].time_sleep.bar: Creating...[0m[0m
[0m[1mmodule.core[2].module.role[40].time_sleep.bar: Creating...[0m[0m
[0m[1mmodule.core[2].module.role[43].time_sleep.bar: Creation complete after 1s [id=2023-05-26T21:35:12Z][0m
[0m[1mmodule.core[0].module.role[33].time_sleep.bar: Creation complete after 1s [id=2023-05-26T21:35:12Z][0m
[0m[1mmodule.core[0].module.role[1].time_sleep.bar: Creation complete after 1s [id=2023-05-26T21:35:12Z][0m
[0m[1mmodule.core[1].module.role[36].time_sleep.bar: Creation complete after 1s [id=2023-05-26T21:35:12Z][0m
[0m[1mmodule.core[0].module.role[44].time_sleep.bar: Creating...[0m[0m
[0m[1mmodule.core[2].module.role[47].time_sleep.bar: Creating...[0m[0m
[0m[1mmodule.core[1].module.role[39].time_sleep.bar: Creating...[0m[0m
[0m[1mmodule.core[1].module.role[30].time_sleep.bar: Creating...[0m[0m
[0m[1mmodule.core[0].module.role[16].time_sleep.bar: Creation complete after 2s [id=2023-05-26T21:35:13Z][0m
[0m[1mmodule.core[1].module.role[37].time_sleep.bar: Creating...[0m[0m
[0m[1mmodule.core[0].module.role[31].time_sleep.bar: Creation complete after 3s [id=2023-05-26T21:35:14Z][0m
[0m[1mmodule.core[1].module.role[37].time_sleep.bar: Creation complete after 1s [id=2023-05-26T21:35:14Z][0m
[0m[1mmodule.core[2].module.role[18].time_sleep.bar: Creation complete after 3s [id=2023-05-26T21:35:14Z][0m
[0m[1mmodule.core[2].module.role[12].time_sleep.bar: Creation complete after 3s [id=2023-05-26T21:35:14Z][0m
[0m[1mmodule.core[1].module.role[45].time_sleep.bar: Creating...[0m[0m
[0m[1mmodule.core[1].module.role[46].time_sleep.bar: Creating...[0m[0m
[0m[1mmodule.core[1].module.role[35].time_sleep.bar: Creating...[0m[0m
[0m[1mmodule.core[0].module.role[48].time_sleep.bar: Creating...[0m[0m
[0m[1mmodule.core[1].module.role[9].time_sleep.bar: Creation complete after 4s [id=2023-05-26T21:35:15Z][0m
[0m[1mmodule.core[0].module.role[45].time_sleep.bar: Creating...[0m[0m
[0m[1mmodule.core[0].module.role[44].time_sleep.bar: Creation complete after 3s [id=2023-05-26T21:35:15Z][0m
[0m[1mmodule.core[2].module.role[47].time_sleep.bar: Creation complete after 3s [id=2023-05-26T21:35:15Z][0m
[0m[1mmodule.core[1].module.role[39].time_sleep.bar: Creation complete after 3s [id=2023-05-26T21:35:15Z][0m
[0m[1mmodule.core[0].module.role[11].time_sleep.bar: Creating...[0m[0m
[0m[1mmodule.core[2].module.role[21].time_sleep.bar: Creating...[0m[0m
[0m[1mmodule.core[2].module.role[14].time_sleep.bar: Creating...[0m[0m
[0m[1mmodule.core[1].module.role[35].time_sleep.bar: Creation complete after 1s [id=2023-05-26T21:35:15Z][0m
[0m[1mmodule.core[0].module.role[29].time_sleep.bar: Creating...[0m[0m
[0m[1mmodule.core[2].module.role[40].time_sleep.bar: Creation complete after 5s [id=2023-05-26T21:35:16Z][0m
[0m[1mmodule.core[1].module.role[26].time_sleep.bar: Creating...[0m[0m
[0m[1mmodule.core[1].module.role[30].time_sleep.bar: Creation complete after 4s [id=2023-05-26T21:35:16Z][0m
[0m[1mmodule.core[1].module.role[40].time_sleep.bar: Creating...[0m[0m
[0m[1mmodule.core[1].module.role[45].time_sleep.bar: Creation complete after 2s [id=2023-05-26T21:35:16Z][0m
[0m[1mmodule.core[0].module.role[48].time_sleep.bar: Creation complete after 3s [id=2023-05-26T21:35:16Z][0m
[0m[1mmodule.core[1].module.role[46].time_sleep.bar: Creation complete after 3s [id=2023-05-26T21:35:16Z][0m
[0m[1mmodule.core[2].module.role[37].time_sleep.bar: Creating...[0m[0m
[0m[1mmodule.core[1].module.role[22].time_sleep.bar: Creating...[0m[0m
[0m[1mmodule.core[1].module.role[47].time_sleep.bar: Creating...[0m[0m
[0m[1mmodule.core[0].module.role[45].time_sleep.bar: Creation complete after 3s [id=2023-05-26T21:35:18Z][0m
[0m[1mmodule.core[1].module.role[40].time_sleep.bar: Creation complete after 2s [id=2023-05-26T21:35:18Z][0m
[0m[1mmodule.core[1].module.role[28].time_sleep.bar: Creating...[0m[0m
[0m[1mmodule.core[0].module.role[41].time_sleep.bar: Creating...[0m[0m
[0m[1mmodule.core[2].module.role[37].time_sleep.bar: Creation complete after 2s [id=2023-05-26T21:35:18Z][0m
[0m[1mmodule.core[0].module.role[40].time_sleep.bar: Creating...[0m[0m
[0m[1mmodule.core[0].module.role[11].time_sleep.bar: Creation complete after 4s [id=2023-05-26T21:35:19Z][0m
[0m[1mmodule.core[0].module.role[43].time_sleep.bar: Creating...[0m[0m
[0m[1mmodule.core[0].module.role[29].time_sleep.bar: Creation complete after 4s [id=2023-05-26T21:35:19Z][0m
[0m[1mmodule.core[1].module.role[47].time_sleep.bar: Creation complete after 3s [id=2023-05-26T21:35:19Z][0m
[0m[1mmodule.core[0].module.role[6].time_sleep.bar: Creating...[0m[0m
[0m[1mmodule.core[0].module.role[37].time_sleep.bar: Creating...[0m[0m
[0m[1mmodule.core[2].module.role[14].time_sleep.bar: Creation complete after 5s [id=2023-05-26T21:35:20Z][0m
[0m[1mmodule.core[2].module.role[21].time_sleep.bar: Creation complete after 5s [id=2023-05-26T21:35:20Z][0m
[0m[1mmodule.core[2].module.role[48].time_sleep.bar: Creating...[0m[0m
[0m[1mmodule.core[1].module.role[27].time_sleep.bar: Creating...[0m[0m
[0m[1mmodule.core[1].module.role[22].time_sleep.bar: Creation complete after 4s [id=2023-05-26T21:35:20Z][0m
[0m[1mmodule.core[2].module.role[15].time_sleep.bar: Creating...[0m[0m
[0m[1mmodule.core[1].module.role[26].time_sleep.bar: Creation complete after 5s [id=2023-05-26T21:35:21Z][0m
[0m[1mmodule.core[0].module.role[10].time_sleep.bar: Creating...[0m[0m
[0m[1mmodule.core[1].module.role[28].time_sleep.bar: Creation complete after 3s [id=2023-05-26T21:35:21Z][0m
[0m[1mmodule.core[0].module.role[41].time_sleep.bar: Creation complete after 3s [id=2023-05-26T21:35:21Z][0m
[0m[1mmodule.core[2].module.role[48].time_sleep.bar: Creation complete after 1s [id=2023-05-26T21:35:21Z][0m
[0m[1mmodule.core[0].module.role[12].time_sleep.bar: Creating...[0m[0m
[0m[1mmodule.core[1].module.role[44].time_sleep.bar: Creating...[0m[0m
[0m[1mmodule.core[2].module.role[32].time_sleep.bar: Creating...[0m[0m
[0m[1mmodule.core[0].module.role[6].time_sleep.bar: Creation complete after 2s [id=2023-05-26T21:35:21Z][0m
[0m[1mmodule.core[0].module.role[37].time_sleep.bar: Creation complete after 2s [id=2023-05-26T21:35:21Z][0m
[0m[1mmodule.core[0].module.role[9].time_sleep.bar: Creating...[0m[0m
[0m[1mmodule.core[0].module.role[28].time_sleep.bar: Creating...[0m[0m
[0m[1mmodule.core[0].module.role[43].time_sleep.bar: Creation complete after 3s [id=2023-05-26T21:35:22Z][0m
[0m[1mmodule.core[0].module.role[2].time_sleep.bar: Creating...[0m[0m
[0m[1mmodule.core[2].module.role[32].time_sleep.bar: Creation complete after 1s [id=2023-05-26T21:35:22Z][0m
[0m[1mmodule.core[2].module.role[10].time_sleep.bar: Creating...[0m[0m
[0m[1mmodule.core[0].module.role[40].time_sleep.bar: Creation complete after 4s [id=2023-05-26T21:35:22Z][0m
[0m[1mmodule.core[1].module.role[32].time_sleep.bar: Creating...[0m[0m
[0m[1mmodule.core[0].module.role[9].time_sleep.bar: Creation complete after 1s [id=2023-05-26T21:35:22Z][0m
[0m[1mmodule.core[0].module.role[28].time_sleep.bar: Creation complete after 1s [id=2023-05-26T21:35:22Z][0m
[0m[1mmodule.core[1].module.role[25].time_sleep.bar: Creating...[0m[0m
[0m[1mmodule.core[2].module.role[11].time_sleep.bar: Creating...[0m[0m
[0m[1mmodule.core[0].module.role[12].time_sleep.bar: Creation complete after 2s [id=2023-05-26T21:35:23Z][0m
[0m[1mmodule.core[2].module.role[10].time_sleep.bar: Creation complete after 1s [id=2023-05-26T21:35:23Z][0m
[0m[1mmodule.core[0].module.role[39].time_sleep.bar: Creating...[0m[0m
[0m[1mmodule.core[0].module.role[35].time_sleep.bar: Creating...[0m[0m
[0m[1mmodule.core[2].module.role[15].time_sleep.bar: Creation complete after 3s [id=2023-05-26T21:35:23Z][0m
[0m[1mmodule.core[2].module.role[4].time_sleep.bar: Creating...[0m[0m
[0m[1mmodule.core[1].module.role[25].time_sleep.bar: Creation complete after 1s [id=2023-05-26T21:35:23Z][0m
[0m[1mmodule.core[0].module.role[27].time_sleep.bar: Creating...[0m[0m
[0m[1mmodule.core[1].module.role[32].time_sleep.bar: Creation complete after 2s [id=2023-05-26T21:35:24Z][0m
[0m[1mmodule.core[1].module.role[2].time_sleep.bar: Creating...[0m[0m
[0m[1mmodule.core[1].module.role[27].time_sleep.bar: Creation complete after 5s [id=2023-05-26T21:35:25Z][0m
[0m[1mmodule.core[1].module.role[15].time_sleep.bar: Creating...[0m[0m
[0m[1mmodule.core[0].module.role[2].time_sleep.bar: Creation complete after 3s [id=2023-05-26T21:35:25Z][0m
[0m[1mmodule.core[1].module.role[44].time_sleep.bar: Creation complete after 4s [id=2023-05-26T21:35:25Z][0m
[0m[1mmodule.core[2].module.role[22].time_sleep.bar: Creating...[0m[0m
[0m[1mmodule.core[0].module.role[14].time_sleep.bar: Creating...[0m[0m
[0m[1mmodule.core[2].module.role[4].time_sleep.bar: Creation complete after 2s [id=2023-05-26T21:35:25Z][0m
[0m[1mmodule.core[2].module.role[19].time_sleep.bar: Creating...[0m[0m
[0m[1mmodule.core[1].module.role[2].time_sleep.bar: Creation complete after 1s [id=2023-05-26T21:35:25Z][0m
[0m[1mmodule.core[0].module.role[18].time_sleep.bar: Creating...[0m[0m
[0m[1mmodule.core[0].module.role[10].time_sleep.bar: Creation complete after 5s [id=2023-05-26T21:35:26Z][0m
[0m[1mmodule.core[2].module.role[27].time_sleep.bar: Creating...[0m[0m
[0m[1mmodule.core[1].module.role[15].time_sleep.bar: Creation complete after 1s [id=2023-05-26T21:35:26Z][0m
[0m[1mmodule.core[1].module.role[49].time_sleep.bar: Creating...[0m[0m
[0m[1mmodule.core[2].module.role[11].time_sleep.bar: Creation complete after 4s [id=2023-05-26T21:35:26Z][0m
[0m[1mmodule.core[1].module.role[31].time_sleep.bar: Creating...[0m[0m
[0m[1mmodule.core[0].module.role[39].time_sleep.bar: Creation complete after 5s [id=2023-05-26T21:35:28Z][0m
[0m[1mmodule.core[0].module.role[35].time_sleep.bar: Creation complete after 5s [id=2023-05-26T21:35:28Z][0m
[0m[1mmodule.core[0].module.role[27].time_sleep.bar: Creation complete after 5s [id=2023-05-26T21:35:28Z][0m
[0m[1mmodule.core[1].module.role[1].time_sleep.bar: Creating...[0m[0m
[0m[1mmodule.core[2].module.role[41].time_sleep.bar: Creating...[0m[0m
[0m[1mmodule.core[1].module.role[5].time_sleep.bar: Creating...[0m[0m
[0m[1mmodule.core[2].module.role[22].time_sleep.bar: Creation complete after 4s [id=2023-05-26T21:35:29Z][0m
[0m[1mmodule.core[0].module.role[14].time_sleep.bar: Creation complete after 4s [id=2023-05-26T21:35:29Z][0m
[0m[1mmodule.core[1].module.role[18].time_sleep.bar: Creating...[0m[0m
[0m[1mmodule.core[0].module.role[49].time_sleep.bar: Creating...[0m[0m
[0m[1mmodule.core[1].module.role[31].time_sleep.bar: Creation complete after 3s [id=2023-05-26T21:35:29Z][0m
[0m[1mmodule.core[1].module.role[19].time_sleep.bar: Creating...[0m[0m
[0m[1mmodule.core[1].module.role[1].time_sleep.bar: Creation complete after 1s [id=2023-05-26T21:35:29Z][0m
[0m[1mmodule.core[1].module.role[17].time_sleep.bar: Creating...[0m[0m
[0m[1mmodule.core[0].module.role[49].time_sleep.bar: Creation complete after 1s [id=2023-05-26T21:35:30Z][0m
[0m[1mmodule.core[2].module.role[19].time_sleep.bar: Creation complete after 5s [id=2023-05-26T21:35:30Z][0m
[0m[1mmodule.core[0].module.role[18].time_sleep.bar: Creation complete after 5s [id=2023-05-26T21:35:30Z][0m
[0m[1mmodule.core[2].module.role[31].time_sleep.bar: Creating...[0m[0m
[0m[1mmodule.core[2].module.role[49].time_sleep.bar: Creating...[0m[0m
[0m[1mmodule.core[1].module.role[24].time_sleep.bar: Creating...[0m[0m
[0m[1mmodule.core[1].module.role[19].time_sleep.bar: Creation complete after 1s [id=2023-05-26T21:35:30Z][0m
[0m[1mmodule.core[1].module.role[16].time_sleep.bar: Creating...[0m[0m
[0m[1mmodule.core[2].module.role[27].time_sleep.bar: Creation complete after 5s [id=2023-05-26T21:35:31Z][0m
[0m[1mmodule.core[2].module.role[0].time_sleep.bar: Creating...[0m[0m
[0m[1mmodule.core[1].module.role[49].time_sleep.bar: Creation complete after 5s [id=2023-05-26T21:35:31Z][0m
[0m[1mmodule.core[1].module.role[14].time_sleep.bar: Creating...[0m[0m
[0m[1mmodule.core[1].module.role[24].time_sleep.bar: Creation complete after 1s [id=2023-05-26T21:35:31Z][0m
[0m[1mmodule.core[0].module.role[46].time_sleep.bar: Creating...[0m[0m
[0m[1mmodule.core[2].module.role[49].time_sleep.bar: Creation complete after 2s [id=2023-05-26T21:35:32Z][0m
[0m[1mmodule.core[2].module.role[26].time_sleep.bar: Creating...[0m[0m
[0m[1mmodule.core[1].module.role[5].time_sleep.bar: Creation complete after 4s [id=2023-05-26T21:35:32Z][0m
[0m[1mmodule.core[2].module.role[30].time_sleep.bar: Creating...[0m[0m
[0m[1mmodule.core[1].module.role[18].time_sleep.bar: Creation complete after 4s [id=2023-05-26T21:35:33Z][0m
[0m[1mmodule.core[1].module.role[42].time_sleep.bar: Creating...[0m[0m
[0m[1mmodule.core[2].module.role[26].time_sleep.bar: Creation complete after 1s [id=2023-05-26T21:35:33Z][0m
[0m[1mmodule.core[1].module.role[23].time_sleep.bar: Creating...[0m[0m
[0m[1mmodule.core[2].module.role[41].time_sleep.bar: Creation complete after 5s [id=2023-05-26T21:35:33Z][0m
[0m[1mmodule.core[2].module.role[30].time_sleep.bar: Creation complete after 1s [id=2023-05-26T21:35:33Z][0m
[0m[1mmodule.core[2].module.role[8].time_sleep.bar: Creating...[0m[0m
[0m[1mmodule.core[1].module.role[34].time_sleep.bar: Creating...[0m[0m
[0m[1mmodule.core[1].module.role[17].time_sleep.bar: Creation complete after 4s [id=2023-05-26T21:35:33Z][0m
[0m[1mmodule.core[0].module.role[5].time_sleep.bar: Creating...[0m[0m
[0m[1mmodule.core[1].module.role[14].time_sleep.bar: Creation complete after 3s [id=2023-05-26T21:35:34Z][0m
[0m[1mmodule.core[1].module.role[3].time_sleep.bar: Creating...[0m[0m
[0m[1mmodule.core[1].module.role[42].time_sleep.bar: Creation complete after 1s [id=2023-05-26T21:35:34Z][0m
[0m[1mmodule.core[2].module.role[36].time_sleep.bar: Creating...[0m[0m
[0m[1mmodule.core[2].module.role[31].time_sleep.bar: Creation complete after 4s [id=2023-05-26T21:35:34Z][0m
[0m[1mmodule.core[2].module.role[33].time_sleep.bar: Creating...[0m[0m
[0m[1mmodule.core[2].module.role[0].time_sleep.bar: Creation complete after 4s [id=2023-05-26T21:35:35Z][0m
[0m[1mmodule.core[2].module.role[5].time_sleep.bar: Creating...[0m[0m
[0m[1mmodule.core[0].module.role[46].time_sleep.bar: Creation complete after 4s [id=2023-05-26T21:35:35Z][0m
[0m[1mmodule.core[1].module.role[38].time_sleep.bar: Creating...[0m[0m
[0m[1mmodule.core[1].module.role[16].time_sleep.bar: Creation complete after 5s [id=2023-05-26T21:35:35Z][0m
[0m[1mmodule.core[0].module.role[20].time_sleep.bar: Creating...[0m[0m
[0m[1mmodule.core[1].module.role[38].time_sleep.bar: Creation complete after 1s [id=2023-05-26T21:35:36Z][0m
[0m[1mmodule.core[0].module.role[7].time_sleep.bar: Creating...[0m[0m
[0m[1mmodule.core[0].module.role[20].time_sleep.bar: Creation complete after 1s [id=2023-05-26T21:35:36Z][0m
[0m[1mmodule.core[1].module.role[34].time_sleep.bar: Creation complete after 3s [id=2023-05-26T21:35:36Z][0m
[0m[1mmodule.core[2].module.role[13].time_sleep.bar: Creating...[0m[0m
[0m[1mmodule.core[2].module.role[25].time_sleep.bar: Creating...[0m[0m
[0m[1mmodule.core[1].module.role[3].time_sleep.bar: Creation complete after 3s [id=2023-05-26T21:35:37Z][0m
[0m[1mmodule.core[0].module.role[42].time_sleep.bar: Creating...[0m[0m
[0m[1mmodule.core[1].module.role[23].time_sleep.bar: Creation complete after 4s [id=2023-05-26T21:35:37Z][0m
[0m[1mmodule.core[0].module.role[34].time_sleep.bar: Creating...[0m[0m
[0m[1mmodule.core[0].module.role[7].time_sleep.bar: Creation complete after 1s [id=2023-05-26T21:35:37Z][0m
[0m[1mmodule.core[2].module.role[8].time_sleep.bar: Creation complete after 4s [id=2023-05-26T21:35:37Z][0m
[0m[1mmodule.core[0].module.role[0].time_sleep.bar: Creating...[0m[0m
[0m[1mmodule.core[1].module.role[8].time_sleep.bar: Creating...[0m[0m
[0m[1mmodule.core[2].module.role[25].time_sleep.bar: Creation complete after 1s [id=2023-05-26T21:35:37Z][0m
[0m[1mmodule.core[2].module.role[1].time_sleep.bar: Creating...[0m[0m
[0m[1mmodule.core[0].module.role[42].time_sleep.bar: Creation complete after 1s [id=2023-05-26T21:35:38Z][0m
[0m[1mmodule.core[0].module.role[30].time_sleep.bar: Creating...[0m[0m
[0m[1mmodule.core[2].module.role[36].time_sleep.bar: Creation complete after 4s [id=2023-05-26T21:35:38Z][0m
[0m[1mmodule.core[1].module.role[7].time_sleep.bar: Creating...[0m[0m
[0m[1mmodule.core[0].module.role[5].time_sleep.bar: Creation complete after 5s [id=2023-05-26T21:35:38Z][0m
[0m[1mmodule.core[0].module.role[0].time_sleep.bar: Creation complete after 1s [id=2023-05-26T21:35:38Z][0m
[0m[1mmodule.core[1].module.role[11].time_sleep.bar: Creating...[0m[0m
[0m[1mmodule.core[0].module.role[3].time_sleep.bar: Creating...[0m[0m
[0m[1mmodule.core[2].module.role[33].time_sleep.bar: Creation complete after 5s [id=2023-05-26T21:35:39Z][0m
[0m[1mmodule.core[0].module.role[13].time_sleep.bar: Creating...[0m[0m
[0m[1mmodule.core[2].module.role[5].time_sleep.bar: Creation complete after 5s [id=2023-05-26T21:35:40Z][0m
[0m[1mmodule.core[1].module.role[0].time_sleep.bar: Creating...[0m[0m
[0m[1mmodule.core[1].module.role[7].time_sleep.bar: Creation complete after 2s [id=2023-05-26T21:35:40Z][0m
[0m[1mmodule.core[2].module.role[38].time_sleep.bar: Creating...[0m[0m
[0m[1mmodule.core[0].module.role[34].time_sleep.bar: Creation complete after 3s [id=2023-05-26T21:35:40Z][0m
[0m[1mmodule.core[2].module.role[17].time_sleep.bar: Creating...[0m[0m
[0m[1mmodule.core[1].module.role[8].time_sleep.bar: Creation complete after 3s [id=2023-05-26T21:35:40Z][0m
[0m[1mmodule.core[2].module.role[13].time_sleep.bar: Creation complete after 4s [id=2023-05-26T21:35:40Z][0m
[0m[1mmodule.core[1].module.role[4].time_sleep.bar: Creating...[0m[0m
[0m[1mmodule.core[0].module.role[17].time_sleep.bar: Creating...[0m[0m
[0m[1mmodule.core[1].module.role[0].time_sleep.bar: Creation complete after 1s [id=2023-05-26T21:35:41Z][0m
[0m[1mmodule.core[2].module.role[28].time_sleep.bar: Creating...[0m[0m
[0m[1mmodule.core[2].module.role[17].time_sleep.bar: Creation complete after 1s [id=2023-05-26T21:35:41Z][0m
[0m[1mmodule.core[2].module.role[1].time_sleep.bar: Creation complete after 4s [id=2023-05-26T21:35:41Z][0m
[0m[1mmodule.core[0].module.role[3].time_sleep.bar: Creation complete after 3s [id=2023-05-26T21:35:41Z][0m
[0m[1mmodule.core[0].module.role[21].time_sleep.bar: Creating...[0m[0m
[0m[1mmodule.core[0].module.role[26].time_sleep.bar: Creating...[0m[0m
[0m[1mmodule.core[2].module.role[34].time_sleep.bar: Creating...[0m[0m
[0m[1mmodule.core[0].module.role[30].time_sleep.bar: Creation complete after 4s [id=2023-05-26T21:35:42Z][0m
[0m[1mmodule.core[1].module.role[12].time_sleep.bar: Creating...[0m[0m
[0m[1mmodule.core[1].module.role[4].time_sleep.bar: Creation complete after 2s [id=2023-05-26T21:35:42Z][0m
[0m[1mmodule.core[0].module.role[17].time_sleep.bar: Creation complete after 2s [id=2023-05-26T21:35:42Z][0m
[0m[1mmodule.core[0].module.role[21].time_sleep.bar: Creation complete after 1s [id=2023-05-26T21:35:42Z][0m
[0m[1mmodule.core[2].module.role[9].time_sleep.bar: Creating...[0m[0m
[0m[1mmodule.core[0].module.role[38].time_sleep.bar: Creating...[0m[0m
[0m[1mmodule.core[2].module.role[3].time_sleep.bar: Creating...[0m[0m
[0m[1mmodule.core[1].module.role[11].time_sleep.bar: Creation complete after 5s [id=2023-05-26T21:35:43Z][0m
[0m[1mmodule.core[2].module.role[44].time_sleep.bar: Creating...[0m[0m
[0m[1mmodule.core[1].module.role[12].time_sleep.bar: Creation complete after 2s [id=2023-05-26T21:35:44Z][0m
[0m[1mmodule.core[2].module.role[38].time_sleep.bar: Creation complete after 4s [id=2023-05-26T21:35:44Z][0m
[0m[1mmodule.core[0].module.role[13].time_sleep.bar: Creation complete after 5s [id=2023-05-26T21:35:44Z][0m
[0m[1mmodule.core[2].module.role[2].time_sleep.bar: Creating...[0m[0m
[0m[1mmodule.core[0].module.role[36].time_sleep.bar: Creating...[0m[0m
[0m[1mmodule.core[2].module.role[35].time_sleep.bar: Creating...[0m[0m
[0m[1mmodule.core[2].module.role[44].time_sleep.bar: Creation complete after 1s [id=2023-05-26T21:35:44Z][0m
[0m[1mmodule.core[2].module.role[46].time_sleep.bar: Creating...[0m[0m
[0m[1mmodule.core[2].module.role[34].time_sleep.bar: Creation complete after 4s [id=2023-05-26T21:35:45Z][0m
[0m[1mmodule.core[0].module.role[26].time_sleep.bar: Creation complete after 4s [id=2023-05-26T21:35:45Z][0m
[0m[1mmodule.core[2].module.role[6].time_sleep.bar: Creating...[0m[0m
[0m[1mmodule.core[0].module.role[32].time_sleep.bar: Creating...[0m[0m
[0m[1mmodule.core[2].module.role[28].time_sleep.bar: Creation complete after 5s [id=2023-05-26T21:35:46Z][0m
[0m[1mmodule.core[2].module.role[42].time_sleep.bar: Creating...[0m[0m
[0m[1mmodule.core[2].module.role[35].time_sleep.bar: Creation complete after 2s [id=2023-05-26T21:35:46Z][0m
[0m[1mmodule.core[0].module.role[36].time_sleep.bar: Creation complete after 2s [id=2023-05-26T21:35:46Z][0m
[0m[1mmodule.core[2].module.role[45].time_sleep.bar: Creating...[0m[0m
[0m[1mmodule.core[0].module.role[23].time_sleep.bar: Creating...[0m[0m
[0m[1mmodule.core[0].module.role[38].time_sleep.bar: Creation complete after 4s [id=2023-05-26T21:35:47Z][0m
[0m[1mmodule.core[1].module.role[10].time_sleep.bar: Creating...[0m[0m
[0m[1mmodule.core[2].module.role[45].time_sleep.bar: Creation complete after 1s [id=2023-05-26T21:35:47Z][0m
[0m[1mmodule.core[2].module.role[7].time_sleep.bar: Creating...[0m[0m
[0m[1mmodule.core[2].module.role[9].time_sleep.bar: Creation complete after 5s [id=2023-05-26T21:35:48Z][0m
[0m[1mmodule.core[2].module.role[3].time_sleep.bar: Creation complete after 5s [id=2023-05-26T21:35:48Z][0m
[0m[1mmodule.core[2].module.role[6].time_sleep.bar: Creation complete after 2s [id=2023-05-26T21:35:48Z][0m
[0m[1mmodule.core[0].module.role[25].time_sleep.bar: Creating...[0m[0m
[0m[1mmodule.core[0].module.role[32].time_sleep.bar: Creation complete after 2s [id=2023-05-26T21:35:48Z][0m
[0m[1mmodule.core[1].module.role[41].time_sleep.bar: Creating...[0m[0m
[0m[1mmodule.core[2].module.role[23].time_sleep.bar: Creating...[0m[0m
[0m[1mmodule.core[2].module.role[16].time_sleep.bar: Creating...[0m[0m
[0m[1mmodule.core[2].module.role[2].time_sleep.bar: Creation complete after 4s [id=2023-05-26T21:35:48Z][0m
[0m[1mmodule.core[0].module.role[24].time_sleep.bar: Creating...[0m[0m
[0m[1mmodule.core[0].module.role[25].time_sleep.bar: Creation complete after 1s [id=2023-05-26T21:35:49Z][0m
[0m[1mmodule.core[1].module.role[41].time_sleep.bar: Creation complete after 1s [id=2023-05-26T21:35:49Z][0m
[0m[1mmodule.core[1].module.role[29].time_sleep.bar: Creating...[0m[0m
[0m[1mmodule.core[1].module.role[43].time_sleep.bar: Creating...[0m[0m
[0m[1mmodule.core[0].module.role[23].time_sleep.bar: Creation complete after 3s [id=2023-05-26T21:35:49Z][0m
[0m[1mmodule.core[2].module.role[46].time_sleep.bar: Creation complete after 5s [id=2023-05-26T21:35:49Z][0m
[0m[1mmodule.core[1].module.role[6].time_sleep.bar: Creating...[0m[0m
[0m[1mmodule.core[0].module.role[47].time_sleep.bar: Creating...[0m[0m
[0m[1mmodule.core[1].module.role[10].time_sleep.bar: Creation complete after 3s [id=2023-05-26T21:35:50Z][0m
[0m[1mmodule.core[1].module.role[21].time_sleep.bar: Creating...[0m[0m
[0m[1mmodule.core[2].module.role[16].time_sleep.bar: Creation complete after 2s [id=2023-05-26T21:35:50Z][0m
[0m[1mmodule.core[0].module.role[4].time_sleep.bar: Creating...[0m[0m
[0m[1mmodule.core[2].module.role[7].time_sleep.bar: Creation complete after 3s [id=2023-05-26T21:35:50Z][0m
[0m[1mmodule.core[2].module.role[39].time_sleep.bar: Creating...[0m[0m
[0m[1mmodule.core[1].module.role[6].time_sleep.bar: Creation complete after 1s [id=2023-05-26T21:35:51Z][0m
[0m[1mmodule.core[0].module.role[19].time_sleep.bar: Creating...[0m[0m
[0m[1mmodule.core[2].module.role[23].time_sleep.bar: Creation complete after 3s [id=2023-05-26T21:35:51Z][0m
[0m[1mmodule.core[2].module.role[29].time_sleep.bar: Creating...[0m[0m
[0m[1mmodule.core[2].module.role[42].time_sleep.bar: Creation complete after 5s [id=2023-05-26T21:35:51Z][0m
[0m[1mmodule.core[2].module.role[20].time_sleep.bar: Creating...[0m[0m
[0m[1mmodule.core[0].module.role[47].time_sleep.bar: Creation complete after 2s [id=2023-05-26T21:35:52Z][0m
[0m[1mmodule.core[1].module.role[48].time_sleep.bar: Creating...[0m[0m
[0m[1mmodule.core[1].module.role[21].time_sleep.bar: Creation complete after 2s [id=2023-05-26T21:35:52Z][0m
[0m[1mmodule.core[0].module.role[8].time_sleep.bar: Creating...[0m[0m
[0m[1mmodule.core[1].module.role[29].time_sleep.bar: Creation complete after 3s [id=2023-05-26T21:35:52Z][0m
[0m[1mmodule.core[2].module.role[29].time_sleep.bar: Creation complete after 1s [id=2023-05-26T21:35:52Z][0m
[0m[1mmodule.core[1].module.role[20].time_sleep.bar: Creating...[0m[0m
[0m[1mmodule.core[1].module.role[33].time_sleep.bar: Creating...[0m[0m
[0m[1mmodule.core[1].module.role[20].time_sleep.bar: Creation complete after 1s [id=2023-05-26T21:35:53Z][0m
[0m[1mmodule.core[1].module.role[33].time_sleep.bar: Creation complete after 1s [id=2023-05-26T21:35:53Z][0m
[0m[1mmodule.core[1].module.security_rule[28].time_sleep.bar: Creating...[0m[0m
[0m[1mmodule.core[1].module.role[13].time_sleep.bar: Creating...[0m[0m
[0m[1mmodule.core[2].module.role[20].time_sleep.bar: Creation complete after 2s [id=2023-05-26T21:35:53Z][0m
[0m[1mmodule.core[0].module.security_rule[11].time_sleep.bar: Creating...[0m[0m
[0m[1mmodule.core[0].module.security_rule[11].time_sleep.bar: Provisioning with 'local-exec'...[0m[0m
[0m[1mmodule.core[0].module.security_rule[11].time_sleep.bar (local-exec):[0m [0mExecuting: ["/bin/sh" "-c" "if [ 0 -gt 4 ]; then return 1; fi"]
[0m[1mmodule.core[0].module.security_rule[11].time_sleep.bar: Creation complete after 0s [id=2023-05-26T21:35:53Z][0m
[0m[1mmodule.core[1].module.security_rule[9].time_sleep.bar: Creating...[0m[0m
[0m[1mmodule.core[1].module.security_rule[9].time_sleep.bar: Provisioning with 'local-exec'...[0m[0m
[0m[1mmodule.core[1].module.security_rule[9].time_sleep.bar (local-exec):[0m [0mExecuting: ["/bin/sh" "-c" "if [ 0 -gt 4 ]; then return 1; fi"]
[0m[1mmodule.core[1].module.security_rule[9].time_sleep.bar: Creation complete after 0s [id=2023-05-26T21:35:53Z][0m
[0m[1mmodule.core[0].module.security_rule[24].time_sleep.bar: Creating...[0m[0m
[0m[1mmodule.core[0].module.security_rule[24].time_sleep.bar: Provisioning with 'local-exec'...[0m[0m
[0m[1mmodule.core[0].module.security_rule[24].time_sleep.bar (local-exec):[0m [0mExecuting: ["/bin/sh" "-c" "if [ 0 -gt 4 ]; then return 1; fi"]
[0m[1mmodule.core[0].module.security_rule[24].time_sleep.bar: Creation complete after 0s [id=2023-05-26T21:35:53Z][0m
[0m[1mmodule.core[0].module.role[24].time_sleep.bar: Creation complete after 5s [id=2023-05-26T21:35:53Z][0m
[0m[1mmodule.core[0].module.security_rule[10].time_sleep.bar: Creating...[0m[0m
[0m[1mmodule.core[0].module.security_rule[28].time_sleep.bar: Creating...[0m[0m
[0m[1mmodule.core[0].module.role[19].time_sleep.bar: Creation complete after 3s [id=2023-05-26T21:35:54Z][0m
[0m[1mmodule.core[2].module.security_rule[30].time_sleep.bar: Creating...[0m[0m
[0m[1mmodule.core[1].module.role[43].time_sleep.bar: Creation complete after 5s [id=2023-05-26T21:35:54Z][0m
[0m[1mmodule.core[1].module.security_rule[33].time_sleep.bar: Creating...[0m[0m
[0m[1mmodule.core[1].module.security_rule[33].time_sleep.bar: Provisioning with 'local-exec'...[0m[0m
[0m[1mmodule.core[1].module.security_rule[33].time_sleep.bar (local-exec):[0m [0mExecuting: ["/bin/sh" "-c" "if [ 0 -gt 4 ]; then return 1; fi"]
[0m[1mmodule.core[1].module.security_rule[33].time_sleep.bar: Creation complete after 0s [id=2023-05-26T21:35:54Z][0m
[0m[1mmodule.core[1].module.security_rule[23].time_sleep.bar: Creating...[0m[0m
[0m[1mmodule.core[1].module.role[48].time_sleep.bar: Creation complete after 3s [id=2023-05-26T21:35:55Z][0m
[0m[1mmodule.core[0].module.role[8].time_sleep.bar: Creation complete after 3s [id=2023-05-26T21:35:55Z][0m
[0m[1mmodule.core[0].module.role[4].time_sleep.bar: Creation complete after 5s [id=2023-05-26T21:35:55Z][0m
[0m[1mmodule.core[2].module.security_rule[11].time_sleep.bar: Creating...[0m[0m
[0m[1mmodule.core[1].module.security_rule[11].time_sleep.bar: Creating...[0m[0m
[0m[1mmodule.core[0].module.security_rule[30].time_sleep.bar: Creating...[0m[0m
[0m[1mmodule.core[1].module.security_rule[11].time_sleep.bar: Provisioning with 'local-exec'...[0m[0m
[0m[1mmodule.core[1].module.security_rule[11].time_sleep.bar (local-exec):[0m [0mExecuting: ["/bin/sh" "-c" "if [ 0 -gt 4 ]; then return 1; fi"]
[0m[1mmodule.core[1].module.security_rule[11].time_sleep.bar: Creation complete after 0s [id=2023-05-26T21:35:55Z][0m
[0m[1mmodule.core[1].module.security_rule[26].time_sleep.bar: Creating...[0m[0m
[0m[1mmodule.core[1].module.security_rule[23].time_sleep.bar: Provisioning with 'local-exec'...[0m[0m
[0m[1mmodule.core[1].module.security_rule[23].time_sleep.bar (local-exec):[0m [0mExecuting: ["/bin/sh" "-c" "if [ 1 -gt 4 ]; then return 1; fi"]
[0m[1mmodule.core[1].module.security_rule[23].time_sleep.bar: Creation complete after 1s [id=2023-05-26T21:35:55Z][0m
[0m[1mmodule.core[0].module.security_rule[13].time_sleep.bar: Creating...[0m[0m
[0m[1mmodule.core[2].module.role[39].time_sleep.bar: Creation complete after 5s [id=2023-05-26T21:35:56Z][0m
[0m[1mmodule.core[1].module.security_rule[7].time_sleep.bar: Creating...[0m[0m
[0m[1mmodule.core[1].module.security_rule[28].time_sleep.bar: Provisioning with 'local-exec'...[0m[0m
[0m[1mmodule.core[1].module.security_rule[28].time_sleep.bar (local-exec):[0m [0mExecuting: ["/bin/sh" "-c" "if [ 3 -gt 4 ]; then return 1; fi"]
[0m[1mmodule.core[1].module.security_rule[28].time_sleep.bar: Creation complete after 3s [id=2023-05-26T21:35:56Z][0m
[0m[1mmodule.core[1].module.security_rule[27].time_sleep.bar: Creating...[0m[0m
[0m[1mmodule.core[0].module.security_rule[10].time_sleep.bar: Provisioning with 'local-exec'...[0m[0m
[0m[1mmodule.core[0].module.security_rule[10].time_sleep.bar (local-exec):[0m [0mExecuting: ["/bin/sh" "-c" "if [ 3 -gt 4 ]; then return 1; fi"]
[0m[1mmodule.core[0].module.security_rule[10].time_sleep.bar: Creation complete after 3s [id=2023-05-26T21:35:56Z][0m
[0m[1mmodule.core[0].module.security_rule[3].time_sleep.bar: Creating...[0m[0m
[0m[1mmodule.core[0].module.security_rule[3].time_sleep.bar: Provisioning with 'local-exec'...[0m[0m
[0m[1mmodule.core[0].module.security_rule[3].time_sleep.bar (local-exec):[0m [0mExecuting: ["/bin/sh" "-c" "if [ 0 -gt 4 ]; then return 1; fi"]
[0m[1mmodule.core[0].module.security_rule[3].time_sleep.bar: Creation complete after 0s [id=2023-05-26T21:35:56Z][0m
[0m[1mmodule.core[1].module.security_rule[25].time_sleep.bar: Creating...[0m[0m
[0m[1mmodule.core[2].module.security_rule[30].time_sleep.bar: Provisioning with 'local-exec'...[0m[0m
[0m[1mmodule.core[2].module.security_rule[30].time_sleep.bar (local-exec):[0m [0mExecuting: ["/bin/sh" "-c" "if [ 3 -gt 4 ]; then return 1; fi"]
[0m[1mmodule.core[2].module.security_rule[30].time_sleep.bar: Creation complete after 3s [id=2023-05-26T21:35:57Z][0m
[0m[1mmodule.core[2].module.security_rule[3].time_sleep.bar: Creating...[0m[0m
[0m[1mmodule.core[1].module.role[13].time_sleep.bar: Creation complete after 4s [id=2023-05-26T21:35:57Z][0m
[0m[1mmodule.core[0].module.security_rule[26].time_sleep.bar: Creating...[0m[0m
[0m[1mmodule.core[1].module.security_rule[27].time_sleep.bar: Provisioning with 'local-exec'...[0m[0m
[0m[1mmodule.core[1].module.security_rule[27].time_sleep.bar (local-exec):[0m [0mExecuting: ["/bin/sh" "-c" "if [ 1 -gt 4 ]; then return 1; fi"]
[0m[1mmodule.core[1].module.security_rule[27].time_sleep.bar: Creation complete after 1s [id=2023-05-26T21:35:57Z][0m
[0m[1mmodule.core[1].module.security_rule[20].time_sleep.bar: Creating...[0m[0m
[0m[1mmodule.core[1].module.security_rule[7].time_sleep.bar: Provisioning with 'local-exec'...[0m[0m
[0m[1mmodule.core[1].module.security_rule[7].time_sleep.bar (local-exec):[0m [0mExecuting: ["/bin/sh" "-c" "if [ 2 -gt 4 ]; then return 1; fi"]
[0m[1mmodule.core[1].module.security_rule[7].time_sleep.bar: Creation complete after 2s [id=2023-05-26T21:35:58Z][0m
[0m[1mmodule.core[1].module.security_rule[30].time_sleep.bar: Creating...[0m[0m
[0m[1mmodule.core[2].module.security_rule[11].time_sleep.bar: Provisioning with 'local-exec'...[0m[0m
[0m[1mmodule.core[2].module.security_rule[11].time_sleep.bar (local-exec):[0m [0mExecuting: ["/bin/sh" "-c" "if [ 3 -gt 4 ]; then return 1; fi"]
[0m[1mmodule.core[2].module.security_rule[11].time_sleep.bar: Creation complete after 3s [id=2023-05-26T21:35:58Z][0m
[0m[1mmodule.core[0].module.security_rule[9].time_sleep.bar: Creating...[0m[0m
[0m[1mmodule.core[0].module.security_rule[13].time_sleep.bar: Provisioning with 'local-exec'...[0m[0m
[0m[1mmodule.core[0].module.security_rule[13].time_sleep.bar (local-exec):[0m [0mExecuting: ["/bin/sh" "-c" "if [ 3 -gt 4 ]; then return 1; fi"]
[0m[1mmodule.core[0].module.security_rule[13].time_sleep.bar: Creation complete after 3s [id=2023-05-26T21:35:58Z][0m
[0m[1mmodule.core[0].module.security_rule[4].time_sleep.bar: Creating...[0m[0m
[0m[1mmodule.core[1].module.security_rule[20].time_sleep.bar: Provisioning with 'local-exec'...[0m[0m
[0m[1mmodule.core[1].module.security_rule[20].time_sleep.bar (local-exec):[0m [0mExecuting: ["/bin/sh" "-c" "if [ 1 -gt 4 ]; then return 1; fi"]
[0m[1mmodule.core[1].module.security_rule[20].time_sleep.bar: Creation complete after 1s [id=2023-05-26T21:35:58Z][0m
[0m[1mmodule.core[2].module.security_rule[33].time_sleep.bar: Creating...[0m[0m
[0m[1mmodule.core[0].module.security_rule[28].time_sleep.bar: Provisioning with 'local-exec'...[0m[0m
[0m[1mmodule.core[0].module.security_rule[28].time_sleep.bar (local-exec):[0m [0mExecuting: ["/bin/sh" "-c" "if [ 5 -gt 4 ]; then return 1; fi"]
[0m[1mmodule.core[0].module.security_rule[28].time_sleep.bar (local-exec):[0m [0m/bin/sh: line 1: return: can only `return' from a function or sourced script
[0m[1mmodule.core[0].module.security_rule[29].time_sleep.bar: Creating...[0m[0m
[0m[1mmodule.core[1].module.security_rule[25].time_sleep.bar: Provisioning with 'local-exec'...[0m[0m
[0m[1mmodule.core[1].module.security_rule[25].time_sleep.bar (local-exec):[0m [0mExecuting: ["/bin/sh" "-c" "if [ 2 -gt 4 ]; then return 1; fi"]
[0m[1mmodule.core[1].module.security_rule[25].time_sleep.bar: Creation complete after 2s [id=2023-05-26T21:35:59Z][0m
[0m[1mmodule.core[0].module.security_rule[1].time_sleep.bar: Creating...[0m[0m
[0m[1mmodule.core[0].module.security_rule[1].time_sleep.bar: Provisioning with 'local-exec'...[0m[0m
[0m[1mmodule.core[0].module.security_rule[1].time_sleep.bar (local-exec):[0m [0mExecuting: ["/bin/sh" "-c" "if [ 0 -gt 4 ]; then return 1; fi"]
[0m[1mmodule.core[0].module.security_rule[1].time_sleep.bar: Creation complete after 0s [id=2023-05-26T21:35:59Z][0m
[0m[1mmodule.core[0].module.security_rule[12].time_sleep.bar: Creating...[0m[0m
[0m[1mmodule.core[0].module.security_rule[12].time_sleep.bar: Provisioning with 'local-exec'...[0m[0m
[0m[1mmodule.core[0].module.security_rule[12].time_sleep.bar (local-exec):[0m [0mExecuting: ["/bin/sh" "-c" "if [ 0 -gt 4 ]; then return 1; fi"]
[0m[1mmodule.core[0].module.security_rule[12].time_sleep.bar: Creation complete after 0s [id=2023-05-26T21:35:59Z][0m
[0m[1mmodule.core[2].module.security_rule[26].time_sleep.bar: Creating...[0m[0m
[0m[1mmodule.core[1].module.security_rule[30].time_sleep.bar: Provisioning with 'local-exec'...[0m[0m
[0m[1mmodule.core[1].module.security_rule[30].time_sleep.bar (local-exec):[0m [0mExecuting: ["/bin/sh" "-c" "if [ 1 -gt 4 ]; then return 1; fi"]
[0m[1mmodule.core[1].module.security_rule[30].time_sleep.bar: Creation complete after 1s [id=2023-05-26T21:35:59Z][0m
[0m[1mmodule.core[1].module.security_rule[3].time_sleep.bar: Creating...[0m[0m
[0m[1mmodule.core[1].module.security_rule[3].time_sleep.bar: Provisioning with 'local-exec'...[0m[0m
[0m[1mmodule.core[1].module.security_rule[3].time_sleep.bar (local-exec):[0m [0mExecuting: ["/bin/sh" "-c" "if [ 0 -gt 4 ]; then return 1; fi"]
[0m[1mmodule.core[1].module.security_rule[3].time_sleep.bar: Creation complete after 0s [id=2023-05-26T21:35:59Z][0m
[0m[1mmodule.core[1].module.security_rule[12].time_sleep.bar: Creating...[0m[0m
[0m[1mmodule.core[0].module.security_rule[4].time_sleep.bar: Provisioning with 'local-exec'...[0m[0m
[0m[1mmodule.core[0].module.security_rule[4].time_sleep.bar (local-exec):[0m [0mExecuting: ["/bin/sh" "-c" "if [ 1 -gt 4 ]; then return 1; fi"]
[0m[1mmodule.core[0].module.security_rule[4].time_sleep.bar: Creation complete after 1s [id=2023-05-26T21:35:59Z][0m
[0m[1mmodule.core[2].module.security_rule[23].time_sleep.bar: Creating...[0m[0m
[0m[1mmodule.core[2].module.security_rule[3].time_sleep.bar: Provisioning with 'local-exec'...[0m[0m
[0m[1mmodule.core[2].module.security_rule[3].time_sleep.bar (local-exec):[0m [0mExecuting: ["/bin/sh" "-c" "if [ 3 -gt 4 ]; then return 1; fi"]
[0m[1mmodule.core[2].module.security_rule[3].time_sleep.bar: Creation complete after 3s [id=2023-05-26T21:36:00Z][0m
[0m[1mmodule.core[1].module.security_rule[12].time_sleep.bar: Provisioning with 'local-exec'...[0m[0m
[0m[1mmodule.core[0].module.security_rule[30].time_sleep.bar: Provisioning with 'local-exec'...[0m[0m
[0m[1mmodule.core[1].module.security_rule[12].time_sleep.bar (local-exec):[0m [0mExecuting: ["/bin/sh" "-c" "if [ 1 -gt 4 ]; then return 1; fi"]
[0m[1mmodule.core[0].module.security_rule[30].time_sleep.bar (local-exec):[0m [0mExecuting: ["/bin/sh" "-c" "if [ 5 -gt 4 ]; then return 1; fi"]
[0m[1mmodule.core[1].module.security_rule[12].time_sleep.bar: Creation complete after 1s [id=2023-05-26T21:36:00Z][0m
[0m[1mmodule.core[0].module.security_rule[30].time_sleep.bar (local-exec):[0m [0m/bin/sh: line 1: return: can only `return' from a function or sourced script
[0m[1mmodule.core[2].module.security_rule[13].time_sleep.bar: Creating...[0m[0m
[0m[1mmodule.core[1].module.security_rule[26].time_sleep.bar: Provisioning with 'local-exec'...[0m[0m
[0m[1mmodule.core[1].module.security_rule[26].time_sleep.bar (local-exec):[0m [0mExecuting: ["/bin/sh" "-c" "if [ 5 -gt 4 ]; then return 1; fi"]
[0m[1mmodule.core[1].module.security_rule[26].time_sleep.bar (local-exec):[0m [0m/bin/sh: line 1: return: can only `return' from a function or sourced script
[0m[1mmodule.core[1].module.security_rule[18].time_sleep.bar: Creating...[0m[0m
[0m[1mmodule.core[1].module.security_rule[34].time_sleep.bar: Creating...[0m[0m
[0m[1mmodule.core[2].module.security_rule[15].time_sleep.bar: Creating...[0m[0m
[0m[1mmodule.core[2].module.security_rule[23].time_sleep.bar: Provisioning with 'local-exec'...[0m[0m
[0m[1mmodule.core[2].module.security_rule[23].time_sleep.bar (local-exec):[0m [0mExecuting: ["/bin/sh" "-c" "if [ 1 -gt 4 ]; then return 1; fi"]
[0m[1mmodule.core[2].module.security_rule[23].time_sleep.bar: Creation complete after 1s [id=2023-05-26T21:36:00Z][0m
[0m[1mmodule.core[2].module.security_rule[29].time_sleep.bar: Creating...[0m[0m
[0m[1mmodule.core[2].module.security_rule[33].time_sleep.bar: Provisioning with 'local-exec'...[0m[0m
[0m[1mmodule.core[2].module.security_rule[33].time_sleep.bar (local-exec):[0m [0mExecuting: ["/bin/sh" "-c" "if [ 3 -gt 4 ]; then return 1; fi"]
[0m[1mmodule.core[2].module.security_rule[33].time_sleep.bar: Creation complete after 3s [id=2023-05-26T21:36:01Z][0m
[0m[1mmodule.core[2].module.security_rule[20].time_sleep.bar: Creating...[0m[0m
[0m[1mmodule.core[1].module.security_rule[34].time_sleep.bar: Provisioning with 'local-exec'...[0m[0m
[0m[1mmodule.core[1].module.security_rule[34].time_sleep.bar (local-exec):[0m [0mExecuting: ["/bin/sh" "-c" "if [ 2 -gt 4 ]; then return 1; fi"]
[0m[1mmodule.core[2].module.security_rule[15].time_sleep.bar: Provisioning with 'local-exec'...[0m[0m
[0m[1mmodule.core[2].module.security_rule[15].time_sleep.bar (local-exec):[0m [0mExecuting: ["/bin/sh" "-c" "if [ 2 -gt 4 ]; then return 1; fi"]
[0m[1mmodule.core[1].module.security_rule[34].time_sleep.bar: Creation complete after 2s [id=2023-05-26T21:36:02Z][0m
[0m[1mmodule.core[2].module.security_rule[15].time_sleep.bar: Creation complete after 2s [id=2023-05-26T21:36:02Z][0m
[0m[1mmodule.core[1].module.security_rule[8].time_sleep.bar: Creating...[0m[0m
[0m[1mmodule.core[1].module.security_rule[1].time_sleep.bar: Creating...[0m[0m
[0m[1mmodule.core[1].module.security_rule[1].time_sleep.bar: Provisioning with 'local-exec'...[0m[0m
[0m[1mmodule.core[1].module.security_rule[1].time_sleep.bar (local-exec):[0m [0mExecuting: ["/bin/sh" "-c" "if [ 0 -gt 4 ]; then return 1; fi"]
[0m[1mmodule.core[1].module.security_rule[1].time_sleep.bar: Creation complete after 0s [id=2023-05-26T21:36:02Z][0m
[0m[1mmodule.core[0].module.security_rule[15].time_sleep.bar: Creating...[0m[0m
[0m[1mmodule.core[0].module.security_rule[26].time_sleep.bar: Provisioning with 'local-exec'...[0m[0m
[0m[1mmodule.core[0].module.security_rule[26].time_sleep.bar (local-exec):[0m [0mExecuting: ["/bin/sh" "-c" "if [ 5 -gt 4 ]; then return 1; fi"]
[0m[1mmodule.core[0].module.security_rule[26].time_sleep.bar (local-exec):[0m [0m/bin/sh: line 1: return: can only `return' from a function or sourced script
[0m[1mmodule.core[1].module.security_rule[32].time_sleep.bar: Creating...[0m[0m
[0m[1mmodule.core[0].module.security_rule[29].time_sleep.bar: Provisioning with 'local-exec'...[0m[0m
[0m[1mmodule.core[0].module.security_rule[29].time_sleep.bar (local-exec):[0m [0mExecuting: ["/bin/sh" "-c" "if [ 4 -gt 4 ]; then return 1; fi"]
[0m[1mmodule.core[0].module.security_rule[29].time_sleep.bar: Creation complete after 4s [id=2023-05-26T21:36:02Z][0m
[0m[1mmodule.core[0].module.security_rule[7].time_sleep.bar: Creating...[0m[0m
[0m[1mmodule.core[0].module.security_rule[9].time_sleep.bar: Provisioning with 'local-exec'...[0m[0m
[0m[1mmodule.core[0].module.security_rule[9].time_sleep.bar (local-exec):[0m [0mExecuting: ["/bin/sh" "-c" "if [ 5 -gt 4 ]; then return 1; fi"]
[0m[1mmodule.core[0].module.security_rule[9].time_sleep.bar (local-exec):[0m [0m/bin/sh: line 1: return: can only `return' from a function or sourced script
[0m[1mmodule.core[1].module.security_rule[2].time_sleep.bar: Creating...[0m[0m
[0m[1mmodule.core[1].module.security_rule[2].time_sleep.bar: Provisioning with 'local-exec'...[0m[0m
[0m[1mmodule.core[1].module.security_rule[2].time_sleep.bar (local-exec):[0m [0mExecuting: ["/bin/sh" "-c" "if [ 0 -gt 4 ]; then return 1; fi"]
[0m[1mmodule.core[1].module.security_rule[2].time_sleep.bar: Creation complete after 0s [id=2023-05-26T21:36:03Z][0m
[0m[1mmodule.core[1].module.security_rule[17].time_sleep.bar: Creating...[0m[0m
[0m[1mmodule.core[2].module.security_rule[29].time_sleep.bar: Provisioning with 'local-exec'...[0m[0m
[0m[1mmodule.core[2].module.security_rule[29].time_sleep.bar (local-exec):[0m [0mExecuting: ["/bin/sh" "-c" "if [ 3 -gt 4 ]; then return 1; fi"]
[0m[1mmodule.core[2].module.security_rule[29].time_sleep.bar: Creation complete after 3s [id=2023-05-26T21:36:03Z][0m
[0m[1mmodule.core[2].module.security_rule[28].time_sleep.bar: Creating...[0m[0m
[0m[1mmodule.core[2].module.security_rule[28].time_sleep.bar: Provisioning with 'local-exec'...[0m[0m
[0m[1mmodule.core[2].module.security_rule[28].time_sleep.bar (local-exec):[0m [0mExecuting: ["/bin/sh" "-c" "if [ 0 -gt 4 ]; then return 1; fi"]
[0m[1mmodule.core[2].module.security_rule[28].time_sleep.bar: Creation complete after 0s [id=2023-05-26T21:36:03Z][0m
[0m[1mmodule.core[2].module.security_rule[9].time_sleep.bar: Creating...[0m[0m
[0m[1mmodule.core[2].module.security_rule[26].time_sleep.bar: Provisioning with 'local-exec'...[0m[0m
[0m[1mmodule.core[2].module.security_rule[26].time_sleep.bar (local-exec):[0m [0mExecuting: ["/bin/sh" "-c" "if [ 5 -gt 4 ]; then return 1; fi"]
[0m[1mmodule.core[2].module.security_rule[26].time_sleep.bar (local-exec):[0m [0m/bin/sh: line 1: return: can only `return' from a function or sourced script
[0m[1mmodule.core[0].module.security_rule[6].time_sleep.bar: Creating...[0m[0m
[0m[1mmodule.core[2].module.security_rule[13].time_sleep.bar: Provisioning with 'local-exec'...[0m[0m
[0m[1mmodule.core[2].module.security_rule[13].time_sleep.bar (local-exec):[0m [0mExecuting: ["/bin/sh" "-c" "if [ 4 -gt 4 ]; then return 1; fi"]
[0m[1mmodule.core[2].module.security_rule[13].time_sleep.bar: Creation complete after 4s [id=2023-05-26T21:36:04Z][0m
[0m[1mmodule.core[1].module.security_rule[18].time_sleep.bar: Provisioning with 'local-exec'...[0m[0m
[0m[1mmodule.core[1].module.security_rule[18].time_sleep.bar (local-exec):[0m [0mExecuting: ["/bin/sh" "-c" "if [ 4 -gt 4 ]; then return 1; fi"]
[0m[1mmodule.core[1].module.security_rule[18].time_sleep.bar: Creation complete after 4s [id=2023-05-26T21:36:04Z][0m
[0m[1mmodule.core[1].module.security_rule[22].time_sleep.bar: Creating...[0m[0m
[0m[1mmodule.core[1].module.security_rule[22].time_sleep.bar: Provisioning with 'local-exec'...[0m[0m
[0m[1mmodule.core[1].module.security_rule[22].time_sleep.bar (local-exec):[0m [0mExecuting: ["/bin/sh" "-c" "if [ 0 -gt 4 ]; then return 1; fi"]
[0m[1mmodule.core[2].module.security_rule[18].time_sleep.bar: Creating...[0m[0m
[0m[1mmodule.core[1].module.security_rule[22].time_sleep.bar: Creation complete after 0s [id=2023-05-26T21:36:04Z][0m
[0m[1mmodule.core[1].module.security_rule[19].time_sleep.bar: Creating...[0m[0m
[0m[1mmodule.core[0].module.security_rule[6].time_sleep.bar: Provisioning with 'local-exec'...[0m[0m
[0m[1mmodule.core[0].module.security_rule[6].time_sleep.bar (local-exec):[0m [0mExecuting: ["/bin/sh" "-c" "if [ 1 -gt 4 ]; then return 1; fi"]
[0m[1mmodule.core[0].module.security_rule[6].time_sleep.bar: Creation complete after 1s [id=2023-05-26T21:36:05Z][0m
[0m[1mmodule.core[2].module.security_rule[7].time_sleep.bar: Creating...[0m[0m
[0m[1mmodule.core[2].module.security_rule[7].time_sleep.bar: Provisioning with 'local-exec'...[0m[0m
[0m[1mmodule.core[2].module.security_rule[7].time_sleep.bar (local-exec):[0m [0mExecuting: ["/bin/sh" "-c" "if [ 0 -gt 4 ]; then return 1; fi"]
[0m[1mmodule.core[2].module.security_rule[7].time_sleep.bar: Creation complete after 0s [id=2023-05-26T21:36:05Z][0m
[0m[1mmodule.core[2].module.security_rule[27].time_sleep.bar: Creating...[0m[0m
[0m[1mmodule.core[0].module.security_rule[15].time_sleep.bar: Provisioning with 'local-exec'...[0m[0m
[0m[1mmodule.core[0].module.security_rule[15].time_sleep.bar (local-exec):[0m [0mExecuting: ["/bin/sh" "-c" "if [ 3 -gt 4 ]; then return 1; fi"]
[0m[1mmodule.core[0].module.security_rule[15].time_sleep.bar: Creation complete after 3s [id=2023-05-26T21:36:05Z][0m
[0m[1mmodule.core[2].module.security_rule[2].time_sleep.bar: Creating...[0m[0m
[0m[1mmodule.core[2].module.security_rule[9].time_sleep.bar: Provisioning with 'local-exec'...[0m[0m
[0m[1mmodule.core[2].module.security_rule[9].time_sleep.bar (local-exec):[0m [0mExecuting: ["/bin/sh" "-c" "if [ 2 -gt 4 ]; then return 1; fi"]
[0m[1mmodule.core[2].module.security_rule[9].time_sleep.bar: Creation complete after 2s [id=2023-05-26T21:36:05Z][0m
[0m[1mmodule.core[2].module.security_rule[20].time_sleep.bar: Provisioning with 'local-exec'...[0m[0m
[0m[1mmodule.core[2].module.security_rule[20].time_sleep.bar (local-exec):[0m [0mExecuting: ["/bin/sh" "-c" "if [ 4 -gt 4 ]; then return 1; fi"]
[0m[1mmodule.core[2].module.security_rule[20].time_sleep.bar: Creation complete after 4s [id=2023-05-26T21:36:05Z][0m
[0m[1mmodule.core[2].module.security_rule[32].time_sleep.bar: Creating...[0m[0m
[0m[1mmodule.core[0].module.security_rule[27].time_sleep.bar: Creating...[0m[0m
[0m[1mmodule.core[1].module.security_rule[17].time_sleep.bar: Provisioning with 'local-exec'...[0m[0m
[0m[1mmodule.core[1].module.security_rule[17].time_sleep.bar (local-exec):[0m [0mExecuting: ["/bin/sh" "-c" "if [ 3 -gt 4 ]; then return 1; fi"]
[0m[1mmodule.core[1].module.security_rule[17].time_sleep.bar: Creation complete after 3s [id=2023-05-26T21:36:06Z][0m
[0m[1mmodule.core[2].module.security_rule[8].time_sleep.bar: Creating...[0m[0m
[0m[1mmodule.core[2].module.security_rule[8].time_sleep.bar: Provisioning with 'local-exec'...[0m[0m
[0m[1mmodule.core[2].module.security_rule[8].time_sleep.bar (local-exec):[0m [0mExecuting: ["/bin/sh" "-c" "if [ 0 -gt 4 ]; then return 1; fi"]
[0m[1mmodule.core[2].module.security_rule[8].time_sleep.bar: Creation complete after 0s [id=2023-05-26T21:36:06Z][0m
[0m[1mmodule.core[0].module.security_rule[32].time_sleep.bar: Creating...[0m[0m
[0m[1mmodule.core[1].module.security_rule[32].time_sleep.bar: Provisioning with 'local-exec'...[0m[0m
[0m[1mmodule.core[1].module.security_rule[32].time_sleep.bar (local-exec):[0m [0mExecuting: ["/bin/sh" "-c" "if [ 4 -gt 4 ]; then return 1; fi"]
[0m[1mmodule.core[1].module.security_rule[32].time_sleep.bar: Creation complete after 5s [id=2023-05-26T21:36:06Z][0m
[0m[1mmodule.core[0].module.security_rule[34].time_sleep.bar: Creating...[0m[0m
[0m[1mmodule.core[0].module.security_rule[27].time_sleep.bar: Provisioning with 'local-exec'...[0m[0m
[0m[1mmodule.core[0].module.security_rule[27].time_sleep.bar (local-exec):[0m [0mExecuting: ["/bin/sh" "-c" "if [ 1 -gt 4 ]; then return 1; fi"]
[0m[1mmodule.core[0].module.security_rule[27].time_sleep.bar: Creation complete after 1s [id=2023-05-26T21:36:06Z][0m
[0m[1mmodule.core[0].module.security_rule[14].time_sleep.bar: Creating...[0m[0m
[0m[1mmodule.core[0].module.security_rule[7].time_sleep.bar: Provisioning with 'local-exec'...[0m[0m
[0m[1mmodule.core[0].module.security_rule[7].time_sleep.bar (local-exec):[0m [0mExecuting: ["/bin/sh" "-c" "if [ 4 -gt 4 ]; then return 1; fi"]
[0m[1mmodule.core[0].module.security_rule[7].time_sleep.bar: Creation complete after 4s [id=2023-05-26T21:36:07Z][0m
[0m[1mmodule.core[2].module.security_rule[1].time_sleep.bar: Creating...[0m[0m
[0m[1mmodule.core[2].module.security_rule[27].time_sleep.bar: Provisioning with 'local-exec'...[0m[0m
[0m[1mmodule.core[2].module.security_rule[27].time_sleep.bar (local-exec):[0m [0mExecuting: ["/bin/sh" "-c" "if [ 2 -gt 4 ]; then return 1; fi"]
[0m[1mmodule.core[2].module.security_rule[27].time_sleep.bar: Creation complete after 2s [id=2023-05-26T21:36:07Z][0m
[0m[1mmodule.core[1].module.security_rule[13].time_sleep.bar: Creating...[0m[0m
[0m[1mmodule.core[1].module.security_rule[19].time_sleep.bar: Provisioning with 'local-exec'...[0m[0m
[0m[1mmodule.core[1].module.security_rule[19].time_sleep.bar (local-exec):[0m [0mExecuting: ["/bin/sh" "-c" "if [ 3 -gt 4 ]; then return 1; fi"]
[0m[1mmodule.core[1].module.security_rule[19].time_sleep.bar: Creation complete after 3s [id=2023-05-26T21:36:07Z][0m
[0m[1mmodule.core[1].module.security_rule[8].time_sleep.bar: Provisioning with 'local-exec'...[0m[0m
[0m[1mmodule.core[1].module.security_rule[8].time_sleep.bar (local-exec):[0m [0mExecuting: ["/bin/sh" "-c" "if [ 5 -gt 4 ]; then return 1; fi"]
[0m[1mmodule.core[1].module.security_rule[8].time_sleep.bar (local-exec):[0m [0m/bin/sh: line 1: return: can only `return' from a function or sourced script
[0m[1mmodule.core[2].module.security_rule[17].time_sleep.bar: Creating...[0m[0m
[0m[1mmodule.core[0].module.security_rule[18].time_sleep.bar: Creating...[0m[0m
[0m[1mmodule.core[2].module.security_rule[32].time_sleep.bar: Provisioning with 'local-exec'...[0m[0m
[0m[1mmodule.core[2].module.security_rule[32].time_sleep.bar (local-exec):[0m [0mExecuting: ["/bin/sh" "-c" "if [ 2 -gt 4 ]; then return 1; fi"]
[0m[1mmodule.core[2].module.security_rule[32].time_sleep.bar: Creation complete after 2s [id=2023-05-26T21:36:07Z][0m
[0m[1mmodule.core[1].module.security_rule[10].time_sleep.bar: Creating...[0m[0m
[0m[1mmodule.core[1].module.security_rule[10].time_sleep.bar: Provisioning with 'local-exec'...[0m[0m
[0m[1mmodule.core[1].module.security_rule[10].time_sleep.bar (local-exec):[0m [0mExecuting: ["/bin/sh" "-c" "if [ 0 -gt 4 ]; then return 1; fi"]
[0m[1mmodule.core[1].module.security_rule[10].time_sleep.bar: Creation complete after 0s [id=2023-05-26T21:36:07Z][0m
[0m[1mmodule.core[0].module.security_rule[5].time_sleep.bar: Creating...[0m[0m
[0m[1mmodule.core[0].module.security_rule[5].time_sleep.bar: Provisioning with 'local-exec'...[0m[0m
[0m[1mmodule.core[0].module.security_rule[5].time_sleep.bar (local-exec):[0m [0mExecuting: ["/bin/sh" "-c" "if [ 0 -gt 4 ]; then return 1; fi"]
[0m[1mmodule.core[0].module.security_rule[5].time_sleep.bar: Creation complete after 0s [id=2023-05-26T21:36:07Z][0m
[0m[1mmodule.core[0].module.security_rule[23].time_sleep.bar: Creating...[0m[0m
[0m[1mmodule.core[0].module.security_rule[34].time_sleep.bar: Provisioning with 'local-exec'...[0m[0m
[0m[1mmodule.core[0].module.security_rule[34].time_sleep.bar (local-exec):[0m [0mExecuting: ["/bin/sh" "-c" "if [ 2 -gt 4 ]; then return 1; fi"]
[0m[1mmodule.core[0].module.security_rule[34].time_sleep.bar: Creation complete after 2s [id=2023-05-26T21:36:08Z][0m
[0m[1mmodule.core[1].module.security_rule[15].time_sleep.bar: Creating...[0m[0m
[0m[1mmodule.core[1].module.security_rule[13].time_sleep.bar: Provisioning with 'local-exec'...[0m[0m
[0m[1mmodule.core[1].module.security_rule[13].time_sleep.bar (local-exec):[0m [0mExecuting: ["/bin/sh" "-c" "if [ 2 -gt 4 ]; then return 1; fi"]
[0m[1mmodule.core[1].module.security_rule[13].time_sleep.bar: Creation complete after 2s [id=2023-05-26T21:36:09Z][0m
[0m[1mmodule.core[2].module.security_rule[18].time_sleep.bar: Provisioning with 'local-exec'...[0m[0m
[0m[1mmodule.core[2].module.security_rule[18].time_sleep.bar (local-exec):[0m [0mExecuting: ["/bin/sh" "-c" "if [ 5 -gt 4 ]; then return 1; fi"]
[0m[1mmodule.core[2].module.security_rule[18].time_sleep.bar (local-exec):[0m [0m/bin/sh: line 1: return: can only `return' from a function or sourced script
[0m[1mmodule.core[0].module.security_rule[8].time_sleep.bar: Creating...[0m[0m
[0m[1mmodule.core[1].module.security_rule[16].time_sleep.bar: Creating...[0m[0m
[0m[1mmodule.core[2].module.security_rule[17].time_sleep.bar: Provisioning with 'local-exec'...[0m[0m
[0m[1mmodule.core[2].module.security_rule[17].time_sleep.bar (local-exec):[0m [0mExecuting: ["/bin/sh" "-c" "if [ 2 -gt 4 ]; then return 1; fi"]
[0m[1mmodule.core[2].module.security_rule[17].time_sleep.bar: Creation complete after 2s [id=2023-05-26T21:36:09Z][0m
[0m[1mmodule.core[1].module.security_rule[5].time_sleep.bar: Creating...[0m[0m
[0m[1mmodule.core[0].module.security_rule[14].time_sleep.bar: Provisioning with 'local-exec'...[0m[0m
[0m[1mmodule.core[0].module.security_rule[14].time_sleep.bar (local-exec):[0m [0mExecuting: ["/bin/sh" "-c" "if [ 3 -gt 4 ]; then return 1; fi"]
[0m[1mmodule.core[0].module.security_rule[14].time_sleep.bar: Creation complete after 3s [id=2023-05-26T21:36:09Z][0m
[0m[1mmodule.core[0].module.security_rule[20].time_sleep.bar: Creating...[0m[0m
[0m[1mmodule.core[2].module.security_rule[1].time_sleep.bar: Provisioning with 'local-exec'...[0m[0m
[0m[1mmodule.core[2].module.security_rule[1].time_sleep.bar (local-exec):[0m [0mExecuting: ["/bin/sh" "-c" "if [ 3 -gt 4 ]; then return 1; fi"]
[0m[1mmodule.core[2].module.security_rule[1].time_sleep.bar: Creation complete after 3s [id=2023-05-26T21:36:10Z][0m
[0m[1mmodule.core[2].module.security_rule[4].time_sleep.bar: Creating...[0m[0m
[0m[1mmodule.core[0].module.security_rule[18].time_sleep.bar: Provisioning with 'local-exec'...[0m[0m
[0m[1mmodule.core[0].module.security_rule[18].time_sleep.bar (local-exec):[0m [0mExecuting: ["/bin/sh" "-c" "if [ 3 -gt 4 ]; then return 1; fi"]
[0m[1mmodule.core[0].module.security_rule[18].time_sleep.bar: Creation complete after 3s [id=2023-05-26T21:36:10Z][0m
[0m[1mmodule.core[0].module.security_rule[32].time_sleep.bar: Provisioning with 'local-exec'...[0m[0m
[0m[1mmodule.core[0].module.security_rule[32].time_sleep.bar (local-exec):[0m [0mExecuting: ["/bin/sh" "-c" "if [ 4 -gt 4 ]; then return 1; fi"]
[0m[1mmodule.core[1].module.security_rule[5].time_sleep.bar: Provisioning with 'local-exec'...[0m[0m
[0m[1mmodule.core[2].module.security_rule[2].time_sleep.bar: Provisioning with 'local-exec'...[0m[0m
[0m[1mmodule.core[1].module.security_rule[5].time_sleep.bar (local-exec):[0m [0mExecuting: ["/bin/sh" "-c" "if [ 1 -gt 4 ]; then return 1; fi"]
[0m[1mmodule.core[2].module.security_rule[2].time_sleep.bar (local-exec):[0m [0mExecuting: ["/bin/sh" "-c" "if [ 5 -gt 4 ]; then return 1; fi"]
[0m[1mmodule.core[2].module.security_rule[2].time_sleep.bar (local-exec):[0m [0m/bin/sh: line 1: return: can only `return' from a function or sourced script
[0m[1mmodule.core[1].module.security_rule[6].time_sleep.bar: Creating...[0m[0m
[0m[1mmodule.core[1].module.security_rule[5].time_sleep.bar: Creation complete after 2s [id=2023-05-26T21:36:10Z][0m
[0m[1mmodule.core[0].module.security_rule[32].time_sleep.bar: Creation complete after 5s [id=2023-05-26T21:36:10Z][0m
[0m[1mmodule.core[1].module.security_rule[6].time_sleep.bar: Provisioning with 'local-exec'...[0m[0m
[0m[1mmodule.core[1].module.security_rule[6].time_sleep.bar (local-exec):[0m [0mExecuting: ["/bin/sh" "-c" "if [ 0 -gt 4 ]; then return 1; fi"]
[0m[1mmodule.core[2].module.security_rule[25].time_sleep.bar: Creating...[0m[0m
[0m[1mmodule.core[0].module.security_rule[17].time_sleep.bar: Creating...[0m[0m
[0m[1mmodule.core[1].module.security_rule[6].time_sleep.bar: Creation complete after 0s [id=2023-05-26T21:36:10Z][0m
[0m[1mmodule.core[2].module.security_rule[25].time_sleep.bar: Provisioning with 'local-exec'...[0m[0m
[0m[1mmodule.core[2].module.security_rule[25].time_sleep.bar (local-exec):[0m [0mExecuting: ["/bin/sh" "-c" "if [ 0 -gt 4 ]; then return 1; fi"]
[0m[1mmodule.core[2].module.security_rule[25].time_sleep.bar: Creation complete after 0s [id=2023-05-26T21:36:10Z][0m
[0m[1mmodule.core[1].module.security_rule[29].time_sleep.bar: Creating...[0m[0m
[0m[1mmodule.core[2].module.security_rule[12].time_sleep.bar: Creating...[0m[0m
[0m[1mmodule.core[1].module.security_rule[29].time_sleep.bar: Provisioning with 'local-exec'...[0m[0m
[0m[1mmodule.core[1].module.security_rule[29].time_sleep.bar (local-exec):[0m [0mExecuting: ["/bin/sh" "-c" "if [ 0 -gt 4 ]; then return 1; fi"]
[0m[1mmodule.core[2].module.security_rule[6].time_sleep.bar: Creating...[0m[0m
[0m[1mmodule.core[1].module.security_rule[29].time_sleep.bar: Creation complete after 0s [id=2023-05-26T21:36:10Z][0m
[0m[1mmodule.core[0].module.security_rule[2].time_sleep.bar: Creating...[0m[0m
[0m[1mmodule.core[1].module.security_rule[15].time_sleep.bar: Provisioning with 'local-exec'...[0m[0m
[0m[1mmodule.core[1].module.security_rule[15].time_sleep.bar (local-exec):[0m [0mExecuting: ["/bin/sh" "-c" "if [ 2 -gt 4 ]; then return 1; fi"]
[0m[1mmodule.core[1].module.security_rule[15].time_sleep.bar: Creation complete after 2s [id=2023-05-26T21:36:10Z][0m
[0m[1mmodule.core[2].module.security_rule[21].time_sleep.bar: Creating...[0m[0m
[0m[1mmodule.core[2].module.security_rule[21].time_sleep.bar: Provisioning with 'local-exec'...[0m[0m
[0m[1mmodule.core[2].module.security_rule[21].time_sleep.bar (local-exec):[0m [0mExecuting: ["/bin/sh" "-c" "if [ 0 -gt 4 ]; then return 1; fi"]
[0m[1mmodule.core[2].module.security_rule[21].time_sleep.bar: Creation complete after 0s [id=2023-05-26T21:36:10Z][0m
[0m[1mmodule.core[0].module.security_rule[31].time_sleep.bar: Creating...[0m[0m
[0m[1mmodule.core[0].module.security_rule[8].time_sleep.bar: Provisioning with 'local-exec'...[0m[0m
[0m[1mmodule.core[0].module.security_rule[8].time_sleep.bar (local-exec):[0m [0mExecuting: ["/bin/sh" "-c" "if [ 2 -gt 4 ]; then return 1; fi"]
[0m[1mmodule.core[0].module.security_rule[8].time_sleep.bar: Creation complete after 2s [id=2023-05-26T21:36:11Z][0m
[0m[1mmodule.core[2].module.security_rule[22].time_sleep.bar: Creating...[0m[0m
[0m[1mmodule.core[2].module.security_rule[12].time_sleep.bar: Provisioning with 'local-exec'...[0m[0m
[0m[1mmodule.core[2].module.security_rule[12].time_sleep.bar (local-exec):[0m [0mExecuting: ["/bin/sh" "-c" "if [ 1 -gt 4 ]; then return 1; fi"]
[0m[1mmodule.core[2].module.security_rule[12].time_sleep.bar: Creation complete after 1s [id=2023-05-26T21:36:11Z][0m
[0m[1mmodule.core[2].module.security_rule[10].time_sleep.bar: Creating...[0m[0m
[0m[1mmodule.core[0].module.security_rule[23].time_sleep.bar: Provisioning with 'local-exec'...[0m[0m
[0m[1mmodule.core[0].module.security_rule[23].time_sleep.bar (local-exec):[0m [0mExecuting: ["/bin/sh" "-c" "if [ 4 -gt 4 ]; then return 1; fi"]
[0m[1mmodule.core[0].module.security_rule[23].time_sleep.bar: Creation complete after 4s [id=2023-05-26T21:36:12Z][0m
[0m[1mmodule.core[2].module.security_rule[24].time_sleep.bar: Creating...[0m[0m
[0m[1mmodule.core[0].module.security_rule[17].time_sleep.bar: Provisioning with 'local-exec'...[0m[0m
[0m[1mmodule.core[0].module.security_rule[17].time_sleep.bar (local-exec):[0m [0mExecuting: ["/bin/sh" "-c" "if [ 2 -gt 4 ]; then return 1; fi"]
[0m[1mmodule.core[0].module.security_rule[17].time_sleep.bar: Creation complete after 2s [id=2023-05-26T21:36:12Z][0m
[0m[1mmodule.core[2].module.security_rule[34].time_sleep.bar: Creating...[0m[0m
[0m[1mmodule.core[0].module.security_rule[2].time_sleep.bar: Provisioning with 'local-exec'...[0m[0m
[0m[1mmodule.core[0].module.security_rule[2].time_sleep.bar (local-exec):[0m [0mExecuting: ["/bin/sh" "-c" "if [ 2 -gt 4 ]; then return 1; fi"]
[0m[1mmodule.core[0].module.security_rule[2].time_sleep.bar: Creation complete after 2s [id=2023-05-26T21:36:12Z][0m
[0m[1mmodule.core[2].module.security_rule[5].time_sleep.bar: Creating...[0m[0m
[0m[1mmodule.core[2].module.security_rule[5].time_sleep.bar: Provisioning with 'local-exec'...[0m[0m
[0m[1mmodule.core[2].module.security_rule[5].time_sleep.bar (local-exec):[0m [0mExecuting: ["/bin/sh" "-c" "if [ 0 -gt 4 ]; then return 1; fi"]
[0m[1mmodule.core[2].module.security_rule[5].time_sleep.bar: Creation complete after 0s [id=2023-05-26T21:36:12Z][0m
[0m[1mmodule.core[1].module.security_rule[21].time_sleep.bar: Creating...[0m[0m
[0m[1mmodule.core[0].module.security_rule[20].time_sleep.bar: Provisioning with 'local-exec'...[0m[0m
[0m[1mmodule.core[0].module.security_rule[20].time_sleep.bar (local-exec):[0m [0mExecuting: ["/bin/sh" "-c" "if [ 3 -gt 4 ]; then return 1; fi"]
[0m[1mmodule.core[0].module.security_rule[20].time_sleep.bar: Creation complete after 3s [id=2023-05-26T21:36:12Z][0m
[0m[1mmodule.core[0].module.security_rule[22].time_sleep.bar: Creating...[0m[0m
[0m[1mmodule.core[2].module.security_rule[4].time_sleep.bar: Provisioning with 'local-exec'...[0m[0m
[0m[1mmodule.core[2].module.security_rule[4].time_sleep.bar (local-exec):[0m [0mExecuting: ["/bin/sh" "-c" "if [ 3 -gt 4 ]; then return 1; fi"]
[0m[1mmodule.core[2].module.security_rule[4].time_sleep.bar: Creation complete after 3s [id=2023-05-26T21:36:13Z][0m
[0m[1mmodule.core[1].module.security_rule[31].time_sleep.bar: Creating...[0m[0m
[0m[1mmodule.core[1].module.security_rule[31].time_sleep.bar: Provisioning with 'local-exec'...[0m[0m
[0m[1mmodule.core[1].module.security_rule[31].time_sleep.bar (local-exec):[0m [0mExecuting: ["/bin/sh" "-c" "if [ 0 -gt 4 ]; then return 1; fi"]
[0m[1mmodule.core[1].module.security_rule[31].time_sleep.bar: Creation complete after 0s [id=2023-05-26T21:36:13Z][0m
[0m[1mmodule.core[2].module.security_rule[19].time_sleep.bar: Creating...[0m[0m
[0m[1mmodule.core[2].module.security_rule[34].time_sleep.bar: Provisioning with 'local-exec'...[0m[0m
[0m[1mmodule.core[2].module.security_rule[34].time_sleep.bar (local-exec):[0m [0mExecuting: ["/bin/sh" "-c" "if [ 1 -gt 4 ]; then return 1; fi"]
[0m[1mmodule.core[2].module.security_rule[34].time_sleep.bar: Creation complete after 1s [id=2023-05-26T21:36:13Z][0m
[0m[1mmodule.core[2].module.security_rule[6].time_sleep.bar: Provisioning with 'local-exec'...[0m[0m
[0m[1mmodule.core[2].module.security_rule[6].time_sleep.bar (local-exec):[0m [0mExecuting: ["/bin/sh" "-c" "if [ 3 -gt 4 ]; then return 1; fi"]
[0m[1mmodule.core[2].module.security_rule[6].time_sleep.bar: Creation complete after 3s [id=2023-05-26T21:36:13Z][0m
[0m[1mmodule.core[0].module.security_rule[25].time_sleep.bar: Creating...[0m[0m
[0m[1mmodule.core[1].module.security_rule[0].time_sleep.bar: Creating...[0m[0m
[0m[1mmodule.core[2].module.security_rule[10].time_sleep.bar: Provisioning with 'local-exec'...[0m[0m
[0m[1mmodule.core[2].module.security_rule[10].time_sleep.bar (local-exec):[0m [0mExecuting: ["/bin/sh" "-c" "if [ 2 -gt 4 ]; then return 1; fi"]
[0m[1mmodule.core[2].module.security_rule[10].time_sleep.bar: Creation complete after 2s [id=2023-05-26T21:36:13Z][0m
[0m[1mmodule.core[0].module.security_rule[31].time_sleep.bar: Provisioning with 'local-exec'...[0m[0m
[0m[1mmodule.core[0].module.security_rule[31].time_sleep.bar (local-exec):[0m [0mExecuting: ["/bin/sh" "-c" "if [ 3 -gt 4 ]; then return 1; fi"]
[0m[1mmodule.core[0].module.security_rule[31].time_sleep.bar: Creation complete after 3s [id=2023-05-26T21:36:13Z][0m
[0m[1mmodule.core[0].module.security_rule[0].time_sleep.bar: Creating...[0m[0m
[0m[1mmodule.core[1].module.security_rule[24].time_sleep.bar: Creating...[0m[0m
[0m[1mmodule.core[2].module.security_rule[19].time_sleep.bar: Provisioning with 'local-exec'...[0m[0m
[0m[1mmodule.core[2].module.security_rule[19].time_sleep.bar (local-exec):[0m [0mExecuting: ["/bin/sh" "-c" "if [ 1 -gt 4 ]; then return 1; fi"]
[0m[1mmodule.core[2].module.security_rule[19].time_sleep.bar: Creation complete after 1s [id=2023-05-26T21:36:14Z][0m
[0m[1mmodule.core[0].module.security_rule[33].time_sleep.bar: Creating...[0m[0m
[0m[1mmodule.core[1].module.security_rule[16].time_sleep.bar: Provisioning with 'local-exec'...[0m[0m
[0m[1mmodule.core[1].module.security_rule[16].time_sleep.bar (local-exec):[0m [0mExecuting: ["/bin/sh" "-c" "if [ 5 -gt 4 ]; then return 1; fi"]
[0m[1mmodule.core[1].module.security_rule[16].time_sleep.bar (local-exec):[0m [0m/bin/sh: line 1: return: can only `return' from a function or sourced script
[0m[1mmodule.core[2].module.security_rule[16].time_sleep.bar: Creating...[0m[0m
[0m[1mmodule.core[2].module.security_rule[22].time_sleep.bar: Provisioning with 'local-exec'...[0m[0m
[0m[1mmodule.core[2].module.security_rule[22].time_sleep.bar (local-exec):[0m [0mExecuting: ["/bin/sh" "-c" "if [ 4 -gt 4 ]; then return 1; fi"]
[0m[1mmodule.core[2].module.security_rule[22].time_sleep.bar: Creation complete after 4s [id=2023-05-26T21:36:15Z][0m
[0m[1mmodule.core[2].module.security_rule[31].time_sleep.bar: Creating...[0m[0m
[0m[1mmodule.core[0].module.security_rule[25].time_sleep.bar: Provisioning with 'local-exec'...[0m[0m
[0m[1mmodule.core[0].module.security_rule[25].time_sleep.bar (local-exec):[0m [0mExecuting: ["/bin/sh" "-c" "if [ 2 -gt 4 ]; then return 1; fi"]
[0m[1mmodule.core[0].module.security_rule[25].time_sleep.bar: Creation complete after 2s [id=2023-05-26T21:36:15Z][0m
[0m[1mmodule.core[1].module.security_rule[21].time_sleep.bar: Provisioning with 'local-exec'...[0m[0m
[0m[1mmodule.core[1].module.security_rule[21].time_sleep.bar (local-exec):[0m [0mExecuting: ["/bin/sh" "-c" "if [ 3 -gt 4 ]; then return 1; fi"]
[0m[1mmodule.core[1].module.security_rule[21].time_sleep.bar: Creation complete after 3s [id=2023-05-26T21:36:15Z][0m
[0m[1mmodule.core[0].module.security_rule[19].time_sleep.bar: Creating...[0m[0m
[0m[1mmodule.core[0].module.security_rule[16].time_sleep.bar: Creating...[0m[0m
[0m[1mmodule.core[0].module.security_rule[16].time_sleep.bar: Provisioning with 'local-exec'...[0m[0m
[0m[1mmodule.core[0].module.security_rule[16].time_sleep.bar (local-exec):[0m [0mExecuting: ["/bin/sh" "-c" "if [ 0 -gt 4 ]; then return 1; fi"]
[0m[1mmodule.core[0].module.security_rule[16].time_sleep.bar: Creation complete after 0s [id=2023-05-26T21:36:15Z][0m
[0m[1mmodule.core[2].module.security_rule[0].time_sleep.bar: Creating...[0m[0m
[0m[1mmodule.core[1].module.security_rule[24].time_sleep.bar: Provisioning with 'local-exec'...[0m[0m
[0m[1mmodule.core[1].module.security_rule[24].time_sleep.bar (local-exec):[0m [0mExecuting: ["/bin/sh" "-c" "if [ 3 -gt 4 ]; then return 1; fi"]
[0m[1mmodule.core[1].module.security_rule[24].time_sleep.bar: Creation complete after 3s [id=2023-05-26T21:36:16Z][0m
[0m[1mmodule.core[0].module.security_rule[19].time_sleep.bar: Provisioning with 'local-exec'...[0m[0m
[0m[1mmodule.core[0].module.security_rule[22].time_sleep.bar: Provisioning with 'local-exec'...[0m[0m
[0m[1mmodule.core[0].module.security_rule[19].time_sleep.bar (local-exec):[0m [0mExecuting: ["/bin/sh" "-c" "if [ 1 -gt 4 ]; then return 1; fi"]
[0m[1mmodule.core[0].module.security_rule[22].time_sleep.bar (local-exec):[0m [0mExecuting: ["/bin/sh" "-c" "if [ 4 -gt 4 ]; then return 1; fi"]
[0m[1mmodule.core[0].module.security_rule[22].time_sleep.bar: Creation complete after 4s [id=2023-05-26T21:36:16Z][0m
[0m[1mmodule.core[0].module.security_rule[19].time_sleep.bar: Creation complete after 1s [id=2023-05-26T21:36:16Z][0m
[0m[1mmodule.core[0].module.security_rule[21].time_sleep.bar: Creating...[0m[0m
[0m[1mmodule.core[1].module.security_rule[4].time_sleep.bar: Creating...[0m[0m
[0m[1mmodule.core[2].module.security_rule[14].time_sleep.bar: Creating...[0m[0m
[0m[1mmodule.core[2].module.security_rule[24].time_sleep.bar: Provisioning with 'local-exec'...[0m[0m
[0m[1mmodule.core[2].module.security_rule[24].time_sleep.bar (local-exec):[0m [0mExecuting: ["/bin/sh" "-c" "if [ 5 -gt 4 ]; then return 1; fi"]
[0m[1mmodule.core[2].module.security_rule[24].time_sleep.bar (local-exec):[0m [0m/bin/sh: line 1: return: can only `return' from a function or sourced script
[0m[1mmodule.core[1].module.security_rule[14].time_sleep.bar: Creating...[0m[0m
[0m[1mmodule.core[1].module.security_rule[14].time_sleep.bar: Provisioning with 'local-exec'...[0m[0m
[0m[1mmodule.core[1].module.security_rule[14].time_sleep.bar (local-exec):[0m [0mExecuting: ["/bin/sh" "-c" "if [ 0 -gt 4 ]; then return 1; fi"]
[0m[1mmodule.core[1].module.security_rule[14].time_sleep.bar: Creation complete after 0s [id=2023-05-26T21:36:17Z][0m
[0m[1mmodule.core[2].module.role[24].time_sleep.bar: Creating...[0m[0m
[0m[1mmodule.core[0].module.security_rule[33].time_sleep.bar: Provisioning with 'local-exec'...[0m[0m
[0m[1mmodule.core[0].module.security_rule[33].time_sleep.bar (local-exec):[0m [0mExecuting: ["/bin/sh" "-c" "if [ 3 -gt 4 ]; then return 1; fi"]
[0m[1mmodule.core[0].module.security_rule[33].time_sleep.bar: Creation complete after 3s [id=2023-05-26T21:36:17Z][0m
[0m[1mmodule.core[0].module.role[22].time_sleep.bar: Creating...[0m[0m
[0m[1mmodule.core[2].module.security_rule[16].time_sleep.bar: Provisioning with 'local-exec'...[0m[0m
[0m[1mmodule.core[2].module.security_rule[16].time_sleep.bar (local-exec):[0m [0mExecuting: ["/bin/sh" "-c" "if [ 3 -gt 4 ]; then return 1; fi"]
[0m[1mmodule.core[2].module.security_rule[16].time_sleep.bar: Creation complete after 3s [id=2023-05-26T21:36:17Z][0m
[0m[1mmodule.applications[9].module.dbt[2].time_sleep.bar[1]: Creating...[0m[0m
[0m[1mmodule.core[2].module.security_rule[31].time_sleep.bar: Provisioning with 'local-exec'...[0m[0m
[0m[1mmodule.core[2].module.security_rule[31].time_sleep.bar (local-exec):[0m [0mExecuting: ["/bin/sh" "-c" "if [ 2 -gt 4 ]; then return 1; fi"]
[0m[1mmodule.core[2].module.security_rule[31].time_sleep.bar: Creation complete after 2s [id=2023-05-26T21:36:17Z][0m
[0m[1mmodule.applications[3].module.dbt[0].time_sleep.bar[1]: Creating...[0m[0m
[0m[1mmodule.core[1].module.security_rule[0].time_sleep.bar: Provisioning with 'local-exec'...[0m[0m
[0m[1mmodule.core[1].module.security_rule[0].time_sleep.bar (local-exec):[0m [0mExecuting: ["/bin/sh" "-c" "if [ 5 -gt 4 ]; then return 1; fi"]
[0m[1mmodule.core[1].module.security_rule[0].time_sleep.bar (local-exec):[0m [0m/bin/sh: line 1: return: can only `return' from a function or sourced script
[0m[1mmodule.core[0].module.security_rule[0].time_sleep.bar: Provisioning with 'local-exec'...[0m[0m
[0m[1mmodule.core[0].module.security_rule[0].time_sleep.bar (local-exec):[0m [0mExecuting: ["/bin/sh" "-c" "if [ 5 -gt 4 ]; then return 1; fi"]
[0m[1mmodule.core[0].module.security_rule[0].time_sleep.bar (local-exec):[0m [0m/bin/sh: line 1: return: can only `return' from a function or sourced script
[0m[1mmodule.applications[4].module.dbt[3].time_sleep.bar[1]: Creating...[0m[0m
[0m[1mmodule.applications[4].module.dbt[3].time_sleep.bar[0]: Creating...[0m[0m
[0m[1mmodule.core[0].module.security_rule[21].time_sleep.bar: Provisioning with 'local-exec'...[0m[0m
[0m[1mmodule.core[0].module.security_rule[21].time_sleep.bar (local-exec):[0m [0mExecuting: ["/bin/sh" "-c" "if [ 2 -gt 4 ]; then return 1; fi"]
[0m[1mmodule.core[0].module.security_rule[21].time_sleep.bar: Creation complete after 2s [id=2023-05-26T21:36:18Z][0m
[0m[1mmodule.core[1].module.security_rule[4].time_sleep.bar: Provisioning with 'local-exec'...[0m[0m
[0m[1mmodule.core[1].module.security_rule[4].time_sleep.bar (local-exec):[0m [0mExecuting: ["/bin/sh" "-c" "if [ 2 -gt 4 ]; then return 1; fi"]
[0m[1mmodule.core[1].module.security_rule[4].time_sleep.bar: Creation complete after 2s [id=2023-05-26T21:36:18Z][0m
[0m[1mmodule.applications[9].module.dbt[2].time_sleep.bar[0]: Creating...[0m[0m
[0m[1mmodule.applications[1].module.dbt[0].time_sleep.bar[0]: Creating...[0m[0m
[0m[1mmodule.core[2].module.role[24].time_sleep.bar: Creation complete after 3s [id=2023-05-26T21:36:20Z][0m
[0m[1mmodule.applications[5].module.dbt[4].time_sleep.bar[1]: Creating...[0m[0m
[0m[1mmodule.applications[9].module.dbt[2].time_sleep.bar[1]: Creation complete after 3s [id=2023-05-26T21:36:20Z][0m
[0m[1mmodule.applications[7].module.dbt[1].time_sleep.bar[0]: Creating...[0m[0m
[0m[1mmodule.core[2].module.security_rule[0].time_sleep.bar: Provisioning with 'local-exec'...[0m[0m
[0m[1mmodule.core[2].module.security_rule[0].time_sleep.bar (local-exec):[0m [0mExecuting: ["/bin/sh" "-c" "if [ 5 -gt 4 ]; then return 1; fi"]
[0m[1mmodule.core[2].module.security_rule[0].time_sleep.bar (local-exec):[0m [0m/bin/sh: line 1: return: can only `return' from a function or sourced script
[0m[1mmodule.applications[4].module.dbt[4].time_sleep.bar[0]: Creating...[0m[0m
[0m[1mmodule.core[2].module.security_rule[14].time_sleep.bar: Provisioning with 'local-exec'...[0m[0m
[0m[1mmodule.core[2].module.security_rule[14].time_sleep.bar (local-exec):[0m [0mExecuting: ["/bin/sh" "-c" "if [ 4 -gt 4 ]; then return 1; fi"]
[0m[1mmodule.core[2].module.security_rule[14].time_sleep.bar: Creation complete after 4s [id=2023-05-26T21:36:20Z][0m
[0m[1mmodule.applications[1].module.dbt[1].time_sleep.bar[0]: Creating...[0m[0m
[0m[1mmodule.applications[3].module.dbt[0].time_sleep.bar[1]: Creation complete after 4s [id=2023-05-26T21:36:21Z][0m
[0m[1mmodule.applications[1].module.dbt[1].time_sleep.bar[1]: Creating...[0m[0m
[0m[1mmodule.applications[4].module.dbt[4].time_sleep.bar[0]: Creation complete after 1s [id=2023-05-26T21:36:21Z][0m
[0m[1mmodule.applications[4].module.dbt[3].time_sleep.bar[1]: Creation complete after 3s [id=2023-05-26T21:36:21Z][0m
[0m[1mmodule.applications[1].module.dbt[0].time_sleep.bar[0]: Creation complete after 3s [id=2023-05-26T21:36:22Z][0m
[0m[1mmodule.applications[1].module.dbt[4].time_sleep.bar[1]: Creating...[0m[0m
[0m[1mmodule.applications[2].module.dbt[0].time_sleep.bar[0]: Creating...[0m[0m
[0m[1mmodule.applications[5].module.dbt[2].time_sleep.bar[0]: Creating...[0m[0m
[0m[1mmodule.core[0].module.role[22].time_sleep.bar: Creation complete after 5s [id=2023-05-26T21:36:22Z][0m
[0m[1mmodule.applications[5].module.dbt[2].time_sleep.bar[1]: Creating...[0m[0m
[0m[1mmodule.applications[5].module.dbt[4].time_sleep.bar[1]: Creation complete after 3s [id=2023-05-26T21:36:23Z][0m
[0m[1mmodule.applications[3].module.dbt[3].time_sleep.bar[0]: Creating...[0m[0m
[0m[1mmodule.applications[7].module.dbt[1].time_sleep.bar[0]: Creation complete after 3s [id=2023-05-26T21:36:23Z][0m
[0m[1mmodule.applications[6].module.dbt[1].time_sleep.bar[1]: Creating...[0m[0m
[0m[1mmodule.applications[4].module.dbt[3].time_sleep.bar[0]: Creation complete after 5s [id=2023-05-26T21:36:23Z][0m
[0m[1mmodule.applications[2].module.dbt[3].time_sleep.bar[1]: Creating...[0m[0m
[0m[1mmodule.applications[9].module.dbt[2].time_sleep.bar[0]: Creation complete after 5s [id=2023-05-26T21:36:24Z][0m
[0m[1mmodule.applications[5].module.dbt[2].time_sleep.bar[0]: Creation complete after 2s [id=2023-05-26T21:36:24Z][0m
[0m[1mmodule.applications[5].module.dbt[1].time_sleep.bar[1]: Creating...[0m[0m
[0m[1mmodule.applications[2].module.dbt[4].time_sleep.bar[1]: Creating...[0m[0m
[0m[1mmodule.applications[1].module.dbt[1].time_sleep.bar[1]: Creation complete after 3s [id=2023-05-26T21:36:24Z][0m
[0m[1mmodule.applications[7].module.dbt[3].time_sleep.bar[1]: Creating...[0m[0m
[0m[1mmodule.applications[3].module.dbt[3].time_sleep.bar[0]: Creation complete after 2s [id=2023-05-26T21:36:25Z][0m
[0m[1mmodule.applications[6].module.dbt[2].time_sleep.bar[0]: Creating...[0m[0m
[0m[1mmodule.applications[1].module.dbt[1].time_sleep.bar[0]: Creation complete after 5s [id=2023-05-26T21:36:26Z][0m
[0m[1mmodule.applications[6].module.dbt[4].time_sleep.bar[1]: Creating...[0m[0m
[0m[1mmodule.applications[5].module.dbt[2].time_sleep.bar[1]: Creation complete after 4s [id=2023-05-26T21:36:26Z][0m
[0m[1mmodule.applications[6].module.dbt[4].time_sleep.bar[0]: Creating...[0m[0m
[0m[1mmodule.applications[1].module.dbt[4].time_sleep.bar[1]: Creation complete after 5s [id=2023-05-26T21:36:27Z][0m
[0m[1mmodule.applications[2].module.dbt[0].time_sleep.bar[0]: Creation complete after 5s [id=2023-05-26T21:36:27Z][0m
[0m[1mmodule.applications[6].module.dbt[2].time_sleep.bar[1]: Creating...[0m[0m
[0m[1mmodule.applications[2].module.dbt[1].time_sleep.bar[0]: Creating...[0m[0m
[0m[1mmodule.applications[6].module.dbt[1].time_sleep.bar[1]: Creation complete after 4s [id=2023-05-26T21:36:27Z][0m
[0m[1mmodule.applications[4].module.dbt[0].time_sleep.bar[0]: Creating...[0m[0m
[0m[1mmodule.applications[7].module.dbt[3].time_sleep.bar[1]: Creation complete after 3s [id=2023-05-26T21:36:27Z][0m
[0m[1mmodule.applications[4].module.dbt[0].time_sleep.bar[1]: Creating...[0m[0m
[0m[1mmodule.applications[2].module.dbt[4].time_sleep.bar[1]: Creation complete after 4s [id=2023-05-26T21:36:28Z][0m
[0m[1mmodule.applications[0].module.dbt[1].time_sleep.bar[0]: Creating...[0m[0m
[0m[1mmodule.applications[4].module.dbt[0].time_sleep.bar[0]: Creation complete after 1s [id=2023-05-26T21:36:28Z][0m
[0m[1mmodule.applications[6].module.dbt[0].time_sleep.bar[0]: Creating...[0m[0m
[0m[1mmodule.applications[4].module.dbt[0].time_sleep.bar[1]: Creation complete after 1s [id=2023-05-26T21:36:28Z][0m
[0m[1mmodule.applications[0].module.dbt[0].time_sleep.bar[1]: Creating...[0m[0m
[0m[1mmodule.applications[2].module.dbt[3].time_sleep.bar[1]: Creation complete after 5s [id=2023-05-26T21:36:28Z][0m
[0m[1mmodule.applications[8].module.dbt[1].time_sleep.bar[1]: Creating...[0m[0m
[0m[1mmodule.applications[5].module.dbt[1].time_sleep.bar[1]: Creation complete after 5s [id=2023-05-26T21:36:29Z][0m
[0m[1mmodule.applications[2].module.dbt[1].time_sleep.bar[0]: Creation complete after 2s [id=2023-05-26T21:36:29Z][0m
[0m[1mmodule.applications[2].module.dbt[3].time_sleep.bar[0]: Creating...[0m[0m
[0m[1mmodule.applications[3].module.dbt[4].time_sleep.bar[1]: Creating...[0m[0m
[0m[1mmodule.applications[6].module.dbt[0].time_sleep.bar[0]: Creation complete after 1s [id=2023-05-26T21:36:29Z][0m
[0m[1mmodule.applications[8].module.dbt[4].time_sleep.bar[0]: Creating...[0m[0m
[0m[1mmodule.applications[8].module.dbt[1].time_sleep.bar[1]: Creation complete after 1s [id=2023-05-26T21:36:29Z][0m
[0m[1mmodule.applications[0].module.dbt[2].time_sleep.bar[1]: Creating...[0m[0m
[0m[1mmodule.applications[6].module.dbt[4].time_sleep.bar[1]: Creation complete after 4s [id=2023-05-26T21:36:30Z][0m
[0m[1mmodule.applications[8].module.dbt[2].time_sleep.bar[1]: Creating...[0m[0m
[0m[1mmodule.applications[2].module.dbt[3].time_sleep.bar[0]: Creation complete after 1s [id=2023-05-26T21:36:30Z][0m
[0m[1mmodule.applications[5].module.dbt[1].time_sleep.bar[0]: Creating...[0m[0m
[0m[1mmodule.applications[6].module.dbt[2].time_sleep.bar[0]: Creation complete after 5s [id=2023-05-26T21:36:30Z][0m
[0m[1mmodule.applications[1].module.dbt[0].time_sleep.bar[1]: Creating...[0m[0m
[0m[1mmodule.applications[6].module.dbt[4].time_sleep.bar[0]: Creation complete after 5s [id=2023-05-26T21:36:31Z][0m
[0m[1mmodule.applications[4].module.dbt[1].time_sleep.bar[0]: Creating...[0m[0m
[0m[1mmodule.applications[1].module.dbt[0].time_sleep.bar[1]: Creation complete after 1s [id=2023-05-26T21:36:31Z][0m
[0m[1mmodule.applications[8].module.dbt[4].time_sleep.bar[1]: Creating...[0m[0m
[0m[1mmodule.applications[0].module.dbt[0].time_sleep.bar[1]: Creation complete after 3s [id=2023-05-26T21:36:31Z][0m
[0m[1mmodule.applications[3].module.dbt[4].time_sleep.bar[0]: Creating...[0m[0m
[0m[1mmodule.applications[6].module.dbt[2].time_sleep.bar[1]: Creation complete after 5s [id=2023-05-26T21:36:32Z][0m
[0m[1mmodule.applications[0].module.dbt[1].time_sleep.bar[0]: Creation complete after 4s [id=2023-05-26T21:36:32Z][0m
[0m[1mmodule.applications[0].module.dbt[1].time_sleep.bar[1]: Creating...[0m[0m
[0m[1mmodule.applications[3].module.dbt[2].time_sleep.bar[0]: Creating...[0m[0m
[0m[1mmodule.applications[8].module.dbt[4].time_sleep.bar[0]: Creation complete after 3s [id=2023-05-26T21:36:32Z][0m
[0m[1mmodule.applications[6].module.dbt[3].time_sleep.bar[0]: Creating...[0m[0m
[0m[1mmodule.applications[0].module.dbt[2].time_sleep.bar[1]: Creation complete after 3s [id=2023-05-26T21:36:33Z][0m
[0m[1mmodule.applications[8].module.dbt[2].time_sleep.bar[0]: Creating...[0m[0m
[0m[1mmodule.applications[8].module.dbt[2].time_sleep.bar[1]: Creation complete after 3s [id=2023-05-26T21:36:33Z][0m
[0m[1mmodule.applications[1].module.dbt[3].time_sleep.bar[1]: Creating...[0m[0m
[0m[1mmodule.applications[6].module.dbt[3].time_sleep.bar[0]: Creation complete after 1s [id=2023-05-26T21:36:33Z][0m
[0m[1mmodule.applications[9].module.dbt[0].time_sleep.bar[0]: Creating...[0m[0m
[0m[1mmodule.applications[3].module.dbt[4].time_sleep.bar[1]: Creation complete after 5s [id=2023-05-26T21:36:34Z][0m
[0m[1mmodule.applications[0].module.dbt[1].time_sleep.bar[1]: Creation complete after 2s [id=2023-05-26T21:36:34Z][0m
[0m[1mmodule.applications[7].module.dbt[3].time_sleep.bar[0]: Creating...[0m[0m
[0m[1mmodule.applications[1].module.dbt[2].time_sleep.bar[0]: Creating...[0m[0m
[0m[1mmodule.applications[5].module.dbt[1].time_sleep.bar[0]: Creation complete after 5s [id=2023-05-26T21:36:35Z][0m
[0m[1mmodule.applications[7].module.dbt[3].time_sleep.bar[0]: Creation complete after 1s [id=2023-05-26T21:36:35Z][0m
[0m[1mmodule.applications[1].module.dbt[3].time_sleep.bar[1]: Creation complete after 2s [id=2023-05-26T21:36:35Z][0m
[0m[1mmodule.applications[2].module.dbt[0].time_sleep.bar[1]: Creating...[0m[0m
[0m[1mmodule.applications[0].module.dbt[3].time_sleep.bar[1]: Creating...[0m[0m
[0m[1mmodule.applications[4].module.dbt[2].time_sleep.bar[1]: Creating...[0m[0m
[0m[1mmodule.applications[9].module.dbt[0].time_sleep.bar[0]: Creation complete after 2s [id=2023-05-26T21:36:35Z][0m
[0m[1mmodule.applications[8].module.dbt[0].time_sleep.bar[1]: Creating...[0m[0m
[0m[1mmodule.applications[3].module.dbt[4].time_sleep.bar[0]: Creation complete after 4s [id=2023-05-26T21:36:35Z][0m
[0m[1mmodule.applications[8].module.dbt[0].time_sleep.bar[0]: Creating...[0m[0m
[0m[1mmodule.applications[3].module.dbt[2].time_sleep.bar[0]: Creation complete after 4s [id=2023-05-26T21:36:36Z][0m
[0m[1mmodule.applications[8].module.dbt[1].time_sleep.bar[0]: Creating...[0m[0m
[0m[1mmodule.applications[2].module.dbt[0].time_sleep.bar[1]: Creation complete after 1s [id=2023-05-26T21:36:36Z][0m
[0m[1mmodule.applications[0].module.dbt[4].time_sleep.bar[1]: Creating...[0m[0m
[0m[1mmodule.applications[4].module.dbt[1].time_sleep.bar[0]: Creation complete after 5s [id=2023-05-26T21:36:36Z][0m
[0m[1mmodule.applications[8].module.dbt[3].time_sleep.bar[1]: Creating...[0m[0m
[0m[1mmodule.applications[8].module.dbt[4].time_sleep.bar[1]: Creation complete after 5s [id=2023-05-26T21:36:36Z][0m
[0m[1mmodule.applications[0].module.dbt[4].time_sleep.bar[0]: Creating...[0m[0m
[0m[1mmodule.applications[8].module.dbt[0].time_sleep.bar[0]: Creation complete after 1s [id=2023-05-26T21:36:37Z][0m
[0m[1mmodule.applications[7].module.dbt[1].time_sleep.bar[1]: Creating...[0m[0m
[0m[1mmodule.applications[0].module.dbt[3].time_sleep.bar[1]: Creation complete after 2s [id=2023-05-26T21:36:37Z][0m
[0m[1mmodule.applications[3].module.dbt[1].time_sleep.bar[1]: Creating...[0m[0m
[0m[1mmodule.applications[8].module.dbt[2].time_sleep.bar[0]: Creation complete after 5s [id=2023-05-26T21:36:38Z][0m
[0m[1mmodule.applications[9].module.dbt[4].time_sleep.bar[1]: Creating...[0m[0m
[0m[1mmodule.applications[1].module.dbt[2].time_sleep.bar[0]: Creation complete after 4s [id=2023-05-26T21:36:38Z][0m
[0m[1mmodule.applications[0].module.dbt[3].time_sleep.bar[0]: Creating...[0m[0m
[0m[1mmodule.applications[8].module.dbt[0].time_sleep.bar[1]: Creation complete after 3s [id=2023-05-26T21:36:38Z][0m
[0m[1mmodule.applications[7].module.dbt[0].time_sleep.bar[0]: Creating...[0m[0m
[0m[1mmodule.applications[0].module.dbt[3].time_sleep.bar[0]: Creation complete after 1s [id=2023-05-26T21:36:39Z][0m
[0m[1mmodule.applications[3].module.dbt[2].time_sleep.bar[1]: Creating...[0m[0m
[0m[1mmodule.applications[4].module.dbt[2].time_sleep.bar[1]: Creation complete after 4s [id=2023-05-26T21:36:39Z][0m
[0m[1mmodule.applications[9].module.dbt[4].time_sleep.bar[0]: Creating...[0m[0m
[0m[1mmodule.applications[7].module.dbt[1].time_sleep.bar[1]: Creation complete after 3s [id=2023-05-26T21:36:40Z][0m
[0m[1mmodule.applications[7].module.dbt[0].time_sleep.bar[0]: Creation complete after 1s [id=2023-05-26T21:36:40Z][0m
[0m[1mmodule.applications[0].module.dbt[0].time_sleep.bar[0]: Creating...[0m[0m
[0m[1mmodule.applications[8].module.dbt[3].time_sleep.bar[0]: Creating...[0m[0m
[0m[1mmodule.applications[8].module.dbt[1].time_sleep.bar[0]: Creation complete after 4s [id=2023-05-26T21:36:40Z][0m
[0m[1mmodule.applications[6].module.dbt[3].time_sleep.bar[1]: Creating...[0m[0m
[0m[1mmodule.applications[3].module.dbt[1].time_sleep.bar[1]: Creation complete after 3s [id=2023-05-26T21:36:40Z][0m
[0m[1mmodule.applications[9].module.dbt[1].time_sleep.bar[0]: Creating...[0m[0m
[0m[1mmodule.applications[8].module.dbt[3].time_sleep.bar[1]: Creation complete after 4s [id=2023-05-26T21:36:40Z][0m
[0m[1mmodule.applications[2].module.dbt[2].time_sleep.bar[0]: Creating...[0m[0m
[0m[1mmodule.applications[9].module.dbt[4].time_sleep.bar[1]: Creation complete after 3s [id=2023-05-26T21:36:41Z][0m
[0m[1mmodule.applications[9].module.dbt[3].time_sleep.bar[1]: Creating...[0m[0m
[0m[1mmodule.applications[0].module.dbt[4].time_sleep.bar[1]: Creation complete after 5s [id=2023-05-26T21:36:41Z][0m
[0m[1mmodule.applications[1].module.dbt[4].time_sleep.bar[0]: Creating...[0m[0m
[0m[1mmodule.applications[0].module.dbt[4].time_sleep.bar[0]: Creation complete after 5s [id=2023-05-26T21:36:41Z][0m
[0m[1mmodule.applications[4].module.dbt[2].time_sleep.bar[0]: Creating...[0m[0m
[0m[1mmodule.applications[6].module.dbt[3].time_sleep.bar[1]: Creation complete after 2s [id=2023-05-26T21:36:42Z][0m
[0m[1mmodule.applications[2].module.dbt[2].time_sleep.bar[1]: Creating...[0m[0m
[0m[1mmodule.applications[3].module.dbt[2].time_sleep.bar[1]: Creation complete after 3s [id=2023-05-26T21:36:42Z][0m
[0m[1mmodule.applications[9].module.dbt[4].time_sleep.bar[0]: Creation complete after 3s [id=2023-05-26T21:36:42Z][0m
[0m[1mmodule.applications[9].module.dbt[0].time_sleep.bar[1]: Creating...[0m[0m
[0m[1mmodule.applications[2].module.dbt[1].time_sleep.bar[1]: Creating...[0m[0m
[0m[1mmodule.applications[9].module.dbt[1].time_sleep.bar[0]: Creation complete after 2s [id=2023-05-26T21:36:42Z][0m
[0m[1mmodule.applications[2].module.dbt[2].time_sleep.bar[0]: Creation complete after 2s [id=2023-05-26T21:36:42Z][0m
[0m[1mmodule.applications[4].module.dbt[4].time_sleep.bar[1]: Creating...[0m[0m
[0m[1mmodule.applications[3].module.dbt[3].time_sleep.bar[1]: Creating...[0m[0m
[0m[1mmodule.applications[2].module.dbt[2].time_sleep.bar[1]: Creation complete after 1s [id=2023-05-26T21:36:43Z][0m
[0m[1mmodule.applications[1].module.dbt[3].time_sleep.bar[0]: Creating...[0m[0m
[0m[1mmodule.applications[9].module.dbt[0].time_sleep.bar[1]: Creation complete after 1s [id=2023-05-26T21:36:43Z][0m
[0m[1mmodule.applications[5].module.dbt[3].time_sleep.bar[0]: Creating...[0m[0m
[0m[1mmodule.applications[0].module.dbt[0].time_sleep.bar[0]: Creation complete after 4s [id=2023-05-26T21:36:44Z][0m
[0m[1mmodule.applications[9].module.dbt[3].time_sleep.bar[1]: Creation complete after 3s [id=2023-05-26T21:36:44Z][0m
[0m[1mmodule.applications[7].module.dbt[4].time_sleep.bar[0]: Creating...[0m[0m
[0m[1mmodule.applications[1].module.dbt[2].time_sleep.bar[1]: Creating...[0m[0m
[0m[1mmodule.applications[2].module.dbt[1].time_sleep.bar[1]: Creation complete after 2s [id=2023-05-26T21:36:44Z][0m
[0m[1mmodule.applications[5].module.dbt[3].time_sleep.bar[0]: Creation complete after 1s [id=2023-05-26T21:36:44Z][0m
[0m[1mmodule.applications[7].module.dbt[0].time_sleep.bar[1]: Creating...[0m[0m
[0m[1mmodule.applications[9].module.dbt[3].time_sleep.bar[0]: Creating...[0m[0m
[0m[1mmodule.applications[8].module.dbt[3].time_sleep.bar[0]: Creation complete after 5s [id=2023-05-26T21:36:45Z][0m
[0m[1mmodule.applications[5].module.dbt[0].time_sleep.bar[0]: Creating...[0m[0m
[0m[1mmodule.applications[7].module.dbt[4].time_sleep.bar[0]: Creation complete after 1s [id=2023-05-26T21:36:45Z][0m
[0m[1mmodule.applications[3].module.dbt[0].time_sleep.bar[0]: Creating...[0m[0m
[0m[1mmodule.applications[4].module.dbt[2].time_sleep.bar[0]: Creation complete after 4s [id=2023-05-26T21:36:45Z][0m
[0m[1mmodule.applications[9].module.dbt[1].time_sleep.bar[1]: Creating...[0m[0m
[0m[1mmodule.applications[1].module.dbt[2].time_sleep.bar[1]: Creation complete after 2s [id=2023-05-26T21:36:46Z][0m
[0m[1mmodule.applications[7].module.dbt[2].time_sleep.bar[0]: Creating...[0m[0m
[0m[1mmodule.applications[1].module.dbt[4].time_sleep.bar[0]: Creation complete after 5s [id=2023-05-26T21:36:46Z][0m
[0m[1mmodule.applications[3].module.dbt[1].time_sleep.bar[0]: Creating...[0m[0m
[0m[1mmodule.applications[4].module.dbt[4].time_sleep.bar[1]: Creation complete after 4s [id=2023-05-26T21:36:46Z][0m
[0m[1mmodule.applications[6].module.dbt[0].time_sleep.bar[1]: Creating...[0m[0m
[0m[1mmodule.applications[3].module.dbt[0].time_sleep.bar[0]: Creation complete after 2s [id=2023-05-26T21:36:47Z][0m
[0m[1mmodule.applications[0].module.dbt[2].time_sleep.bar[0]: Creating...[0m[0m
[0m[1mmodule.applications[9].module.dbt[3].time_sleep.bar[0]: Creation complete after 3s [id=2023-05-26T21:36:47Z][0m
[0m[1mmodule.applications[3].module.dbt[3].time_sleep.bar[1]: Creation complete after 5s [id=2023-05-26T21:36:47Z][0m
[0m[1mmodule.applications[6].module.dbt[1].time_sleep.bar[0]: Creating...[0m[0m
[0m[1mmodule.applications[5].module.dbt[0].time_sleep.bar[1]: Creating...[0m[0m
[0m[1mmodule.applications[6].module.dbt[0].time_sleep.bar[1]: Creation complete after 1s [id=2023-05-26T21:36:47Z][0m
[0m[1mmodule.applications[7].module.dbt[4].time_sleep.bar[1]: Creating...[0m[0m
[0m[1mmodule.applications[9].module.dbt[1].time_sleep.bar[1]: Creation complete after 2s [id=2023-05-26T21:36:47Z][0m
[0m[1mmodule.applications[5].module.dbt[3].time_sleep.bar[1]: Creating...[0m[0m
[0m[1mmodule.applications[0].module.dbt[2].time_sleep.bar[0]: Creation complete after 1s [id=2023-05-26T21:36:48Z][0m
[0m[1mmodule.applications[2].module.dbt[4].time_sleep.bar[0]: Creating...[0m[0m
[0m[1mmodule.applications[1].module.dbt[3].time_sleep.bar[0]: Creation complete after 5s [id=2023-05-26T21:36:48Z][0m
[0m[1mmodule.applications[4].module.dbt[1].time_sleep.bar[1]: Creating...[0m[0m
[0m[1mmodule.applications[6].module.dbt[1].time_sleep.bar[0]: Creation complete after 1s [id=2023-05-26T21:36:48Z][0m
[0m[1mmodule.applications[7].module.dbt[2].time_sleep.bar[1]: Creating...[0m[0m
[0m[1mmodule.applications[5].module.dbt[0].time_sleep.bar[0]: Creation complete after 4s [id=2023-05-26T21:36:49Z][0m
[0m[1mmodule.applications[5].module.dbt[4].time_sleep.bar[0]: Creating...[0m[0m
[0m[1mmodule.applications[2].module.dbt[4].time_sleep.bar[0]: Creation complete after 1s [id=2023-05-26T21:36:49Z][0m
[0m[1mmodule.applications[5].module.airflow[8].time_sleep.bar: Creating...[0m[0m
[0m[1mmodule.applications[7].module.dbt[0].time_sleep.bar[1]: Creation complete after 5s [id=2023-05-26T21:36:49Z][0m
[0m[1mmodule.applications[3].module.dbt[1].time_sleep.bar[0]: Creation complete after 3s [id=2023-05-26T21:36:49Z][0m
[0m[1mmodule.applications[5].module.dbt[0].time_sleep.bar[1]: Creation complete after 2s [id=2023-05-26T21:36:49Z][0m
[0m[1mmodule.applications[4].module.airflow[3].time_sleep.bar: Creating...[0m[0m
[0m[1mmodule.applications[6].module.airflow[6].time_sleep.bar: Creating...[0m[0m
[0m[1mmodule.applications[2].module.airflow[4].time_sleep.bar: Creating...[0m[0m
[0m[1mmodule.applications[4].module.dbt[1].time_sleep.bar[1]: Creation complete after 2s [id=2023-05-26T21:36:50Z][0m
[0m[1mmodule.applications[6].module.airflow[9].time_sleep.bar: Creating...[0m[0m
[0m[1mmodule.applications[7].module.dbt[4].time_sleep.bar[1]: Creation complete after 3s [id=2023-05-26T21:36:50Z][0m
[0m[1mmodule.applications[9].module.airflow[4].time_sleep.bar: Creating...[0m[0m
[0m[1mmodule.applications[7].module.dbt[2].time_sleep.bar[0]: Creation complete after 5s [id=2023-05-26T21:36:51Z][0m
[0m[1mmodule.applications[2].module.airflow[1].time_sleep.bar: Creating...[0m[0m
[0m[1mmodule.applications[5].module.airflow[8].time_sleep.bar: Creation complete after 2s [id=2023-05-26T21:36:51Z][0m
[0m[1mmodule.applications[5].module.airflow[3].time_sleep.bar: Creating...[0m[0m
[0m[1mmodule.applications[7].module.dbt[2].time_sleep.bar[1]: Creation complete after 3s [id=2023-05-26T21:36:51Z][0m
[0m[1mmodule.applications[5].module.dbt[3].time_sleep.bar[1]: Creation complete after 4s [id=2023-05-26T21:36:51Z][0m
[0m[1mmodule.applications[5].module.airflow[4].time_sleep.bar: Creating...[0m[0m
[0m[1mmodule.applications[0].module.airflow[7].time_sleep.bar: Creating...[0m[0m
[0m[1mmodule.applications[6].module.airflow[6].time_sleep.bar: Creation complete after 3s [id=2023-05-26T21:36:52Z][0m
[0m[1mmodule.applications[3].module.airflow[9].time_sleep.bar: Creating...[0m[0m
[0m[1mmodule.applications[9].module.airflow[4].time_sleep.bar: Creation complete after 3s [id=2023-05-26T21:36:53Z][0m
[0m[1mmodule.applications[8].module.airflow[3].time_sleep.bar: Creating...[0m[0m
[0m[1mmodule.applications[5].module.dbt[4].time_sleep.bar[0]: Creation complete after 5s [id=2023-05-26T21:36:54Z][0m
[0m[1mmodule.applications[1].module.airflow[5].time_sleep.bar: Creating...[0m[0m
[0m[1mmodule.applications[6].module.airflow[9].time_sleep.bar: Creation complete after 4s [id=2023-05-26T21:36:54Z][0m
[0m[1mmodule.applications[3].module.airflow[6].time_sleep.bar: Creating...[0m[0m
[0m[1mmodule.applications[4].module.airflow[3].time_sleep.bar: Creation complete after 5s [id=2023-05-26T21:36:54Z][0m
[0m[1mmodule.applications[2].module.airflow[4].time_sleep.bar: Creation complete after 5s [id=2023-05-26T21:36:54Z][0m
[0m[1mmodule.applications[4].module.airflow[6].time_sleep.bar: Creating...[0m[0m
[0m[1mmodule.applications[4].module.airflow[9].time_sleep.bar: Creating...[0m[0m
[0m[1mmodule.applications[0].module.airflow[7].time_sleep.bar: Creation complete after 3s [id=2023-05-26T21:36:54Z][0m
[0m[1mmodule.applications[7].module.airflow[2].time_sleep.bar: Creating...[0m[0m
[0m[1mmodule.applications[5].module.airflow[3].time_sleep.bar: Creation complete after 4s [id=2023-05-26T21:36:55Z][0m
[0m[1mmodule.applications[1].module.airflow[6].time_sleep.bar: Creating...[0m[0m
[0m[1mmodule.applications[4].module.airflow[6].time_sleep.bar: Creation complete after 1s [id=2023-05-26T21:36:55Z][0m
[0m[1mmodule.applications[6].module.airflow[1].time_sleep.bar: Creating...[0m[0m
[0m[1mmodule.applications[5].module.airflow[4].time_sleep.bar: Creation complete after 4s [id=2023-05-26T21:36:55Z][0m
[0m[1mmodule.applications[7].module.airflow[7].time_sleep.bar: Creating...[0m[0m
[0m[1mmodule.applications[2].module.airflow[1].time_sleep.bar: Creation complete after 5s [id=2023-05-26T21:36:56Z][0m
[0m[1mmodule.applications[0].module.airflow[1].time_sleep.bar: Creating...[0m[0m
[0m[1mmodule.applications[8].module.airflow[3].time_sleep.bar: Creation complete after 3s [id=2023-05-26T21:36:56Z][0m
[0m[1mmodule.applications[9].module.airflow[8].time_sleep.bar: Creating...[0m[0m
[0m[1mmodule.applications[3].module.airflow[9].time_sleep.bar: Creation complete after 5s [id=2023-05-26T21:36:57Z][0m
[0m[1mmodule.applications[4].module.airflow[9].time_sleep.bar: Creation complete after 3s [id=2023-05-26T21:36:57Z][0m
[0m[1mmodule.applications[8].module.airflow[0].time_sleep.bar: Creating...[0m[0m
[0m[1mmodule.applications[5].module.airflow[1].time_sleep.bar: Creating...[0m[0m
[0m[1mmodule.applications[7].module.airflow[7].time_sleep.bar: Creation complete after 2s [id=2023-05-26T21:36:57Z][0m
[0m[1mmodule.applications[2].module.airflow[2].time_sleep.bar: Creating...[0m[0m
[0m[1mmodule.applications[1].module.airflow[5].time_sleep.bar: Creation complete after 4s [id=2023-05-26T21:36:58Z][0m
[0m[1mmodule.applications[8].module.airflow[2].time_sleep.bar: Creating...[0m[0m
[0m[1mmodule.applications[9].module.airflow[8].time_sleep.bar: Creation complete after 2s [id=2023-05-26T21:36:58Z][0m
[0m[1mmodule.applications[0].module.airflow[4].time_sleep.bar: Creating...[0m[0m
[0m[1mmodule.applications[0].module.airflow[1].time_sleep.bar: Creation complete after 3s [id=2023-05-26T21:36:59Z][0m
[0m[1mmodule.applications[8].module.airflow[5].time_sleep.bar: Creating...[0m[0m
[0m[1mmodule.applications[3].module.airflow[6].time_sleep.bar: Creation complete after 5s [id=2023-05-26T21:36:59Z][0m
[0m[1mmodule.applications[6].module.airflow[5].time_sleep.bar: Creating...[0m[0m
[0m[1mmodule.applications[7].module.airflow[2].time_sleep.bar: Creation complete after 5s [id=2023-05-26T21:36:59Z][0m
[0m[1mmodule.applications[2].module.airflow[2].time_sleep.bar: Creation complete after 2s [id=2023-05-26T21:36:59Z][0m
[0m[1mmodule.applications[9].module.airflow[9].time_sleep.bar: Creating...[0m[0m
[0m[1mmodule.applications[5].module.airflow[2].time_sleep.bar: Creating...[0m[0m
[0m[1mmodule.applications[1].module.airflow[6].time_sleep.bar: Creation complete after 5s [id=2023-05-26T21:37:00Z][0m
[0m[1mmodule.applications[9].module.airflow[0].time_sleep.bar: Creating...[0m[0m
[0m[1mmodule.applications[6].module.airflow[1].time_sleep.bar: Creation complete after 5s [id=2023-05-26T21:37:00Z][0m
[0m[1mmodule.applications[9].module.airflow[1].time_sleep.bar: Creating...[0m[0m
[0m[1mmodule.applications[5].module.airflow[2].time_sleep.bar: Creation complete after 1s [id=2023-05-26T21:37:00Z][0m
[0m[1mmodule.applications[6].module.airflow[3].time_sleep.bar: Creating...[0m[0m
[0m[1mmodule.applications[6].module.airflow[5].time_sleep.bar: Creation complete after 2s [id=2023-05-26T21:37:01Z][0m
[0m[1mmodule.applications[1].module.airflow[2].time_sleep.bar: Creating...[0m[0m
[0m[1mmodule.applications[8].module.airflow[0].time_sleep.bar: Creation complete after 4s [id=2023-05-26T21:37:01Z][0m
[0m[1mmodule.applications[9].module.airflow[1].time_sleep.bar: Creation complete after 1s [id=2023-05-26T21:37:01Z][0m
[0m[1mmodule.applications[0].module.airflow[0].time_sleep.bar: Creating...[0m[0m
[0m[1mmodule.applications[8].module.airflow[6].time_sleep.bar: Creating...[0m[0m
[0m[1mmodule.applications[8].module.airflow[2].time_sleep.bar: Creation complete after 4s [id=2023-05-26T21:37:02Z][0m
[0m[1mmodule.applications[9].module.airflow[7].time_sleep.bar: Creating...[0m[0m
[0m[1mmodule.applications[5].module.airflow[1].time_sleep.bar: Creation complete after 5s [id=2023-05-26T21:37:02Z][0m
[0m[1mmodule.applications[1].module.airflow[7].time_sleep.bar: Creating...[0m[0m
[0m[1mmodule.applications[0].module.airflow[4].time_sleep.bar: Creation complete after 4s [id=2023-05-26T21:37:02Z][0m
[0m[1mmodule.applications[5].module.airflow[5].time_sleep.bar: Creating...[0m[0m
[0m[1mmodule.applications[9].module.airflow[7].time_sleep.bar: Creation complete after 1s [id=2023-05-26T21:37:03Z][0m
[0m[1mmodule.applications[3].module.airflow[1].time_sleep.bar: Creating...[0m[0m
[0m[1mmodule.applications[9].module.airflow[0].time_sleep.bar: Creation complete after 3s [id=2023-05-26T21:37:03Z][0m
[0m[1mmodule.applications[1].module.airflow[2].time_sleep.bar: Creation complete after 2s [id=2023-05-26T21:37:03Z][0m
[0m[1mmodule.applications[1].module.airflow[1].time_sleep.bar: Creating...[0m[0m
[0m[1mmodule.applications[5].module.airflow[6].time_sleep.bar: Creating...[0m[0m
[0m[1mmodule.applications[9].module.airflow[9].time_sleep.bar: Creation complete after 4s [id=2023-05-26T21:37:03Z][0m
[0m[1mmodule.applications[9].module.airflow[3].time_sleep.bar: Creating...[0m[0m
[0m[1mmodule.applications[8].module.airflow[5].time_sleep.bar: Creation complete after 5s [id=2023-05-26T21:37:04Z][0m
[0m[1mmodule.applications[6].module.airflow[0].time_sleep.bar: Creating...[0m[0m
[0m[1mmodule.applications[3].module.airflow[1].time_sleep.bar: Creation complete after 1s [id=2023-05-26T21:37:04Z][0m
[0m[1mmodule.applications[7].module.airflow[8].time_sleep.bar: Creating...[0m[0m
[0m[1mmodule.applications[1].module.airflow[1].time_sleep.bar: Creation complete after 1s [id=2023-05-26T21:37:04Z][0m
[0m[1mmodule.applications[7].module.airflow[3].time_sleep.bar: Creating...[0m[0m
[0m[1mmodule.applications[8].module.airflow[6].time_sleep.bar: Creation complete after 3s [id=2023-05-26T21:37:04Z][0m
[0m[1mmodule.applications[2].module.airflow[0].time_sleep.bar: Creating...[0m[0m
[0m[1mmodule.applications[6].module.airflow[3].time_sleep.bar: Creation complete after 4s [id=2023-05-26T21:37:04Z][0m
[0m[1mmodule.applications[5].module.airflow[0].time_sleep.bar: Creating...[0m[0m
[0m[1mmodule.applications[7].module.airflow[3].time_sleep.bar: Creation complete after 1s [id=2023-05-26T21:37:05Z][0m
[0m[1mmodule.applications[7].module.airflow[6].time_sleep.bar: Creating...[0m[0m
[0m[1mmodule.applications[0].module.airflow[0].time_sleep.bar: Creation complete after 4s [id=2023-05-26T21:37:05Z][0m
[0m[1mmodule.applications[5].module.airflow[7].time_sleep.bar: Creating...[0m[0m
[0m[1mmodule.applications[6].module.airflow[0].time_sleep.bar: Creation complete after 2s [id=2023-05-26T21:37:06Z][0m
[0m[1mmodule.applications[4].module.airflow[5].time_sleep.bar: Creating...[0m[0m
[0m[1mmodule.applications[7].module.airflow[8].time_sleep.bar: Creation complete after 2s [id=2023-05-26T21:37:06Z][0m
[0m[1mmodule.applications[7].module.airflow[1].time_sleep.bar: Creating...[0m[0m
[0m[1mmodule.applications[5].module.airflow[6].time_sleep.bar: Creation complete after 3s [id=2023-05-26T21:37:06Z][0m
[0m[1mmodule.applications[4].module.airflow[8].time_sleep.bar: Creating...[0m[0m
[0m[1mmodule.applications[7].module.airflow[6].time_sleep.bar: Creation complete after 1s [id=2023-05-26T21:37:06Z][0m
[0m[1mmodule.applications[6].module.airflow[8].time_sleep.bar: Creating...[0m[0m
[0m[1mmodule.applications[5].module.airflow[5].time_sleep.bar: Creation complete after 4s [id=2023-05-26T21:37:06Z][0m
[0m[1mmodule.applications[0].module.airflow[3].time_sleep.bar: Creating...[0m[0m
[0m[1mmodule.applications[1].module.airflow[7].time_sleep.bar: Creation complete after 5s [id=2023-05-26T21:37:07Z][0m
[0m[1mmodule.applications[2].module.airflow[0].time_sleep.bar: Creation complete after 3s [id=2023-05-26T21:37:07Z][0m
[0m[1mmodule.applications[0].module.airflow[2].time_sleep.bar: Creating...[0m[0m
[0m[1mmodule.applications[5].module.airflow[7].time_sleep.bar: Creation complete after 2s [id=2023-05-26T21:37:07Z][0m
[0m[1mmodule.applications[8].module.airflow[8].time_sleep.bar: Creating...[0m[0m
[0m[1mmodule.applications[0].module.airflow[9].time_sleep.bar: Creating...[0m[0m
[0m[1mmodule.applications[5].module.airflow[0].time_sleep.bar: Creation complete after 3s [id=2023-05-26T21:37:07Z][0m
[0m[1mmodule.applications[9].module.airflow[6].time_sleep.bar: Creating...[0m[0m
[0m[1mmodule.applications[9].module.airflow[3].time_sleep.bar: Creation complete after 4s [id=2023-05-26T21:37:08Z][0m
[0m[1mmodule.applications[3].module.airflow[5].time_sleep.bar: Creating...[0m[0m
[0m[1mmodule.applications[4].module.airflow[5].time_sleep.bar: Creation complete after 2s [id=2023-05-26T21:37:08Z][0m
[0m[1mmodule.applications[4].module.airflow[2].time_sleep.bar: Creating...[0m[0m
[0m[1mmodule.applications[7].module.airflow[1].time_sleep.bar: Creation complete after 2s [id=2023-05-26T21:37:08Z][0m
[0m[1mmodule.applications[3].module.airflow[3].time_sleep.bar: Creating...[0m[0m
[0m[1mmodule.applications[8].module.airflow[8].time_sleep.bar: Creation complete after 1s [id=2023-05-26T21:37:08Z][0m
[0m[1mmodule.applications[8].module.airflow[9].time_sleep.bar: Creating...[0m[0m
[0m[1mmodule.applications[3].module.airflow[3].time_sleep.bar: Creation complete after 1s [id=2023-05-26T21:37:09Z][0m
[0m[1mmodule.applications[0].module.airflow[6].time_sleep.bar: Creating...[0m[0m
[0m[1mmodule.applications[0].module.airflow[3].time_sleep.bar: Creation complete after 3s [id=2023-05-26T21:37:09Z][0m
[0m[1mmodule.applications[6].module.airflow[7].time_sleep.bar: Creating...[0m[0m
[0m[1mmodule.applications[4].module.airflow[2].time_sleep.bar: Creation complete after 2s [id=2023-05-26T21:37:10Z][0m
[0m[1mmodule.applications[2].module.airflow[6].time_sleep.bar: Creating...[0m[0m
[0m[1mmodule.applications[4].module.airflow[8].time_sleep.bar: Creation complete after 4s [id=2023-05-26T21:37:10Z][0m
[0m[1mmodule.applications[7].module.airflow[5].time_sleep.bar: Creating...[0m[0m
[0m[1mmodule.applications[6].module.airflow[8].time_sleep.bar: Creation complete after 4s [id=2023-05-26T21:37:10Z][0m
[0m[1mmodule.applications[7].module.airflow[0].time_sleep.bar: Creating...[0m[0m
[0m[1mmodule.applications[8].module.airflow[9].time_sleep.bar: Creation complete after 2s [id=2023-05-26T21:37:10Z][0m
[0m[1mmodule.applications[5].module.airflow[9].time_sleep.bar: Creating...[0m[0m
[0m[1mmodule.applications[6].module.airflow[7].time_sleep.bar: Creation complete after 1s [id=2023-05-26T21:37:11Z][0m
[0m[1mmodule.applications[4].module.airflow[0].time_sleep.bar: Creating...[0m[0m
[0m[1mmodule.applications[3].module.airflow[5].time_sleep.bar: Creation complete after 3s [id=2023-05-26T21:37:11Z][0m
[0m[1mmodule.applications[1].module.airflow[8].time_sleep.bar: Creating...[0m[0m
[0m[1mmodule.applications[0].module.airflow[6].time_sleep.bar: Creation complete after 2s [id=2023-05-26T21:37:11Z][0m
[0m[1mmodule.applications[2].module.airflow[9].time_sleep.bar: Creating...[0m[0m
[0m[1mmodule.applications[0].module.airflow[2].time_sleep.bar: Creation complete after 5s [id=2023-05-26T21:37:12Z][0m
[0m[1mmodule.applications[0].module.airflow[9].time_sleep.bar: Creation complete after 5s [id=2023-05-26T21:37:12Z][0m
[0m[1mmodule.applications[9].module.airflow[6].time_sleep.bar: Creation complete after 5s [id=2023-05-26T21:37:13Z][0m
[0m[1mmodule.applications[4].module.airflow[7].time_sleep.bar: Creating...[0m[0m
[0m[1mmodule.applications[4].module.airflow[1].time_sleep.bar: Creating...[0m[0m
[0m[1mmodule.applications[3].module.airflow[4].time_sleep.bar: Creating...[0m[0m
[0m[1mmodule.applications[2].module.airflow[6].time_sleep.bar: Creation complete after 3s [id=2023-05-26T21:37:13Z][0m
[0m[1mmodule.applications[1].module.airflow[9].time_sleep.bar: Creating...[0m[0m
[0m[1mmodule.applications[5].module.airflow[9].time_sleep.bar: Creation complete after 3s [id=2023-05-26T21:37:14Z][0m
[0m[1mmodule.applications[9].module.airflow[2].time_sleep.bar: Creating...[0m[0m
[0m[1mmodule.applications[4].module.airflow[0].time_sleep.bar: Creation complete after 3s [id=2023-05-26T21:37:14Z][0m
[0m[1mmodule.applications[8].module.airflow[1].time_sleep.bar: Creating...[0m[0m
[0m[1mmodule.applications[1].module.airflow[8].time_sleep.bar: Creation complete after 3s [id=2023-05-26T21:37:14Z][0m
[0m[1mmodule.applications[2].module.airflow[3].time_sleep.bar: Creating...[0m[0m
[0m[1mmodule.applications[1].module.airflow[9].time_sleep.bar: Creation complete after 1s [id=2023-05-26T21:37:14Z][0m
[0m[1mmodule.applications[2].module.airflow[9].time_sleep.bar: Creation complete after 3s [id=2023-05-26T21:37:14Z][0m
[0m[1mmodule.applications[6].module.airflow[2].time_sleep.bar: Creating...[0m[0m
[0m[1mmodule.applications[0].module.airflow[8].time_sleep.bar: Creating...[0m[0m
[0m[1mmodule.applications[7].module.airflow[5].time_sleep.bar: Creation complete after 4s [id=2023-05-26T21:37:14Z][0m
[0m[1mmodule.applications[4].module.airflow[4].time_sleep.bar: Creating...[0m[0m
[0m[1mmodule.applications[7].module.airflow[0].time_sleep.bar: Creation complete after 4s [id=2023-05-26T21:37:14Z][0m
[0m[1mmodule.applications[8].module.airflow[4].time_sleep.bar: Creating...[0m[0m
[0m[1mmodule.applications[4].module.airflow[7].time_sleep.bar: Creation complete after 2s [id=2023-05-26T21:37:15Z][0m
[0m[1mmodule.applications[3].module.airflow[4].time_sleep.bar: Creation complete after 2s [id=2023-05-26T21:37:15Z][0m
[0m[1mmodule.applications[2].module.airflow[3].time_sleep.bar: Creation complete after 1s [id=2023-05-26T21:37:15Z][0m
[0m[1mmodule.applications[1].module.airflow[3].time_sleep.bar: Creating...[0m[0m
[0m[1mmodule.applications[7].module.airflow[4].time_sleep.bar: Creating...[0m[0m
[0m[1mmodule.applications[2].module.airflow[7].time_sleep.bar: Creating...[0m[0m
[0m[1mmodule.applications[0].module.airflow[8].time_sleep.bar: Creation complete after 1s [id=2023-05-26T21:37:15Z][0m
[0m[1mmodule.applications[3].module.airflow[2].time_sleep.bar: Creating...[0m[0m
[0m[1mmodule.applications[8].module.airflow[4].time_sleep.bar: Creation complete after 1s [id=2023-05-26T21:37:15Z][0m
[0m[1mmodule.applications[8].module.airflow[7].time_sleep.bar: Creating...[0m[0m
[0m[1mmodule.applications[4].module.airflow[1].time_sleep.bar: Creation complete after 3s [id=2023-05-26T21:37:16Z][0m
[0m[1mmodule.applications[8].module.airflow[1].time_sleep.bar: Creation complete after 2s [id=2023-05-26T21:37:16Z][0m
[0m[1mmodule.applications[1].module.airflow[0].time_sleep.bar: Creating...[0m[0m
[0m[1mmodule.applications[7].module.airflow[9].time_sleep.bar: Creating...[0m[0m
[0m[1mmodule.applications[6].module.airflow[2].time_sleep.bar: Creation complete after 2s [id=2023-05-26T21:37:16Z][0m
[0m[1mmodule.applications[4].module.airflow[4].time_sleep.bar: Creation complete after 2s [id=2023-05-26T21:37:16Z][0m
[0m[1mmodule.applications[6].module.airflow[4].time_sleep.bar: Creating...[0m[0m
[0m[1mmodule.applications[3].module.airflow[8].time_sleep.bar: Creating...[0m[0m
[0m[1mmodule.applications[9].module.airflow[2].time_sleep.bar: Creation complete after 3s [id=2023-05-26T21:37:17Z][0m
[0m[1mmodule.applications[9].module.airflow[5].time_sleep.bar: Creating...[0m[0m
[0m[1mmodule.applications[3].module.airflow[2].time_sleep.bar: Creation complete after 2s [id=2023-05-26T21:37:17Z][0m
[0m[1mmodule.applications[3].module.airflow[7].time_sleep.bar: Creating...[0m[0m
[0m[1mmodule.applications[9].module.airflow[5].time_sleep.bar: Creation complete after 1s [id=2023-05-26T21:37:18Z][0m
[0m[1mmodule.applications[2].module.airflow[5].time_sleep.bar: Creating...[0m[0m
[0m[1mmodule.applications[1].module.airflow[0].time_sleep.bar: Creation complete after 2s [id=2023-05-26T21:37:18Z][0m
[0m[1mmodule.applications[1].module.airflow[3].time_sleep.bar: Creation complete after 3s [id=2023-05-26T21:37:18Z][0m
[0m[1mmodule.applications[7].module.airflow[4].time_sleep.bar: Creation complete after 3s [id=2023-05-26T21:37:18Z][0m
[0m[1mmodule.applications[0].module.airflow[5].time_sleep.bar: Creating...[0m[0m
[0m[1mmodule.applications[3].module.airflow[0].time_sleep.bar: Creating...[0m[0m
[0m[1mmodule.applications[2].module.airflow[8].time_sleep.bar: Creating...[0m[0m
[0m[1mmodule.applications[8].module.airflow[7].time_sleep.bar: Creation complete after 3s [id=2023-05-26T21:37:18Z][0m
[0m[1mmodule.applications[1].module.airflow[4].time_sleep.bar: Creating...[0m[0m
[0m[1mmodule.applications[7].module.airflow[9].time_sleep.bar: Creation complete after 3s [id=2023-05-26T21:37:19Z][0m
[0m[1mmodule.core[0].module.role[15].time_sleep.bar: Creating...[0m[0m
[0m[1mmodule.applications[6].module.airflow[4].time_sleep.bar: Creation complete after 3s [id=2023-05-26T21:37:19Z][0m
[0m[1mmodule.applications[3].module.airflow[7].time_sleep.bar: Creation complete after 2s [id=2023-05-26T21:37:19Z][0m
[0m[1mtime_sleep.bar[47]: Creating...[0m[0m
[0m[1mtime_sleep.foo[68]: Creating...[0m[0m
[0m[1mmodule.applications[2].module.airflow[7].time_sleep.bar: Creation complete after 5s [id=2023-05-26T21:37:20Z][0m
[0m[1mtime_sleep.foo[69]: Creating...[0m[0m
[0m[1mmodule.applications[3].module.airflow[8].time_sleep.bar: Creation complete after 4s [id=2023-05-26T21:37:20Z][0m
[0m[1mtime_sleep.foo[143]: Creating...[0m[0m
[0m[1mtime_sleep.foo[68]: Creation complete after 1s [id=2023-05-26T21:37:20Z][0m
[0m[1mtime_sleep.foo[63]: Creating...[0m[0m
[0m[1mmodule.applications[2].module.airflow[5].time_sleep.bar: Creation complete after 3s [id=2023-05-26T21:37:21Z][0m
[0m[1mtime_sleep.foo[40]: Creating...[0m[0m
[0m[1mmodule.applications[0].module.airflow[5].time_sleep.bar: Creation complete after 4s [id=2023-05-26T21:37:22Z][0m
[0m[1mmodule.applications[2].module.airflow[8].time_sleep.bar: Creation complete after 4s [id=2023-05-26T21:37:22Z][0m
[0m[1mtime_sleep.foo[43]: Creating...[0m[0m
[0m[1mtime_sleep.foo[104]: Creating...[0m[0m
[0m[1mtime_sleep.foo[143]: Creation complete after 2s [id=2023-05-26T21:37:22Z][0m
[0m[1mmodule.applications[1].module.airflow[4].time_sleep.bar: Creation complete after 4s [id=2023-05-26T21:37:22Z][0m
[0m[1mtime_sleep.bar[88]: Creating...[0m[0m
[0m[1mtime_sleep.foo[124]: Creating...[0m[0m
[0m[1mmodule.core[0].module.role[15].time_sleep.bar: Creation complete after 4s [id=2023-05-26T21:37:23Z][0m
[0m[1mtime_sleep.foo[40]: Creation complete after 2s [id=2023-05-26T21:37:23Z][0m
[0m[1mtime_sleep.foo[69]: Creation complete after 3s [id=2023-05-26T21:37:23Z][0m
[0m[1mtime_sleep.bar[7]: Creating...[0m[0m
[0m[1mmodule.applications[3].module.airflow[0].time_sleep.bar: Creation complete after 5s [id=2023-05-26T21:37:23Z][0m
[0m[1mtime_sleep.bar[83]: Creating...[0m[0m
[0m[1mtime_sleep.bar[99]: Creating...[0m[0m
[0m[1mtime_sleep.foo[128]: Creating...[0m[0m
[0m[1mtime_sleep.bar[47]: Creation complete after 4s [id=2023-05-26T21:37:23Z][0m
[0m[1mtime_sleep.foo[120]: Creating...[0m[0m
[0m[1mtime_sleep.bar[83]: Creation complete after 1s [id=2023-05-26T21:37:24Z][0m
[0m[1mtime_sleep.foo[43]: Creation complete after 2s [id=2023-05-26T21:37:24Z][0m
[0m[1mtime_sleep.bar[23]: Creating...[0m[0m
[0m[1mtime_sleep.bar[6]: Creating...[0m[0m
[0m[1mtime_sleep.foo[63]: Creation complete after 4s [id=2023-05-26T21:37:24Z][0m
[0m[1mtime_sleep.bar[88]: Creation complete after 2s [id=2023-05-26T21:37:25Z][0m
[0m[1mtime_sleep.bar[140]: Creating...[0m[0m
[0m[1mtime_sleep.bar[119]: Creating...[0m[0m
[0m[1mtime_sleep.bar[7]: Creation complete after 2s [id=2023-05-26T21:37:25Z][0m
[0m[1mtime_sleep.bar[60]: Creating...[0m[0m
[0m[1mtime_sleep.foo[104]: Creation complete after 3s [id=2023-05-26T21:37:25Z][0m
[0m[1mtime_sleep.foo[26]: Creating...[0m[0m
[0m[1mtime_sleep.foo[124]: Creation complete after 3s [id=2023-05-26T21:37:26Z][0m
[0m[1mtime_sleep.foo[111]: Creating...[0m[0m
[0m[1mtime_sleep.bar[99]: Creation complete after 3s [id=2023-05-26T21:37:26Z][0m
[0m[1mtime_sleep.bar[60]: Creation complete after 1s [id=2023-05-26T21:37:26Z][0m
[0m[1mtime_sleep.foo[128]: Creation complete after 3s [id=2023-05-26T21:37:26Z][0m
[0m[1mtime_sleep.foo[149]: Creating...[0m[0m
[0m[1mtime_sleep.bar[6]: Creation complete after 2s [id=2023-05-26T21:37:26Z][0m
[0m[1mtime_sleep.foo[107]: Creating...[0m[0m
[0m[1mtime_sleep.bar[31]: Creating...[0m[0m
[0m[1mtime_sleep.foo[92]: Creating...[0m[0m
[0m[1mtime_sleep.bar[119]: Creation complete after 2s [id=2023-05-26T21:37:27Z][0m
[0m[1mtime_sleep.foo[85]: Creating...[0m[0m
[0m[1mtime_sleep.foo[85]: Creation complete after 1s [id=2023-05-26T21:37:28Z][0m
[0m[1mtime_sleep.bar[148]: Creating...[0m[0m
[0m[1mtime_sleep.foo[120]: Creation complete after 5s [id=2023-05-26T21:37:29Z][0m
[0m[1mtime_sleep.foo[49]: Creating...[0m[0m
[0m[1mtime_sleep.bar[23]: Creation complete after 5s [id=2023-05-26T21:37:29Z][0m
[0m[1mtime_sleep.foo[149]: Creation complete after 3s [id=2023-05-26T21:37:29Z][0m
[0m[1mtime_sleep.foo[56]: Creating...[0m[0m
[0m[1mtime_sleep.bar[13]: Creating...[0m[0m
[0m[1mtime_sleep.foo[111]: Creation complete after 4s [id=2023-05-26T21:37:30Z][0m
[0m[1mtime_sleep.bar[140]: Creation complete after 5s [id=2023-05-26T21:37:30Z][0m
[0m[1mtime_sleep.foo[49]: Creation complete after 1s [id=2023-05-26T21:37:30Z][0m
[0m[1mtime_sleep.foo[101]: Creating...[0m[0m
[0m[1mtime_sleep.foo[98]: Creating...[0m[0m
[0m[1mtime_sleep.bar[146]: Creating...[0m[0m
[0m[1mtime_sleep.foo[26]: Creation complete after 5s [id=2023-05-26T21:37:30Z][0m
[0m[1mtime_sleep.foo[107]: Creation complete after 4s [id=2023-05-26T21:37:30Z][0m
[0m[1mtime_sleep.foo[92]: Creation complete after 5s [id=2023-05-26T21:37:30Z][0m
[0m[1mtime_sleep.bar[98]: Creating...[0m[0m
[0m[1mtime_sleep.bar[1]: Creating...[0m[0m
[0m[1mtime_sleep.bar[14]: Creating...[0m[0m
[0m[1mtime_sleep.bar[13]: Creation complete after 1s [id=2023-05-26T21:37:30Z][0m
[0m[1mtime_sleep.bar[18]: Creating...[0m[0m
[0m[1mtime_sleep.bar[31]: Creation complete after 5s [id=2023-05-26T21:37:31Z][0m
[0m[1mtime_sleep.foo[106]: Creating...[0m[0m
[0m[1mtime_sleep.foo[56]: Creation complete after 2s [id=2023-05-26T21:37:31Z][0m
[0m[1mtime_sleep.foo[94]: Creating...[0m[0m
[0m[1mtime_sleep.foo[106]: Creation complete after 1s [id=2023-05-26T21:37:32Z][0m
[0m[1mtime_sleep.bar[1]: Creation complete after 2s [id=2023-05-26T21:37:32Z][0m
[0m[1mtime_sleep.bar[14]: Creation complete after 2s [id=2023-05-26T21:37:32Z][0m
[0m[1mtime_sleep.bar[96]: Creating...[0m[0m
[0m[1mtime_sleep.bar[37]: Creating...[0m[0m
[0m[1mtime_sleep.foo[133]: Creating...[0m[0m
[0m[1mtime_sleep.foo[101]: Creation complete after 3s [id=2023-05-26T21:37:33Z][0m
[0m[1mtime_sleep.bar[24]: Creating...[0m[0m
[0m[1mtime_sleep.bar[148]: Creation complete after 5s [id=2023-05-26T21:37:33Z][0m
[0m[1mtime_sleep.bar[85]: Creating...[0m[0m
[0m[1mtime_sleep.bar[18]: Creation complete after 3s [id=2023-05-26T21:37:33Z][0m
[0m[1mtime_sleep.bar[16]: Creating...[0m[0m
[0m[1mtime_sleep.foo[98]: Creation complete after 4s [id=2023-05-26T21:37:34Z][0m
[0m[1mtime_sleep.bar[146]: Creation complete after 4s [id=2023-05-26T21:37:34Z][0m
[0m[1mtime_sleep.bar[5]: Creating...[0m[0m
[0m[1mtime_sleep.foo[108]: Creating...[0m[0m
[0m[1mtime_sleep.foo[94]: Creation complete after 3s [id=2023-05-26T21:37:34Z][0m
[0m[1mtime_sleep.foo[5]: Creating...[0m[0m
[0m[1mtime_sleep.bar[37]: Creation complete after 2s [id=2023-05-26T21:37:34Z][0m
[0m[1mtime_sleep.bar[49]: Creating...[0m[0m
[0m[1mtime_sleep.foo[108]: Creation complete after 1s [id=2023-05-26T21:37:35Z][0m
[0m[1mtime_sleep.foo[67]: Creating...[0m[0m
[0m[1mtime_sleep.bar[98]: Creation complete after 5s [id=2023-05-26T21:37:35Z][0m
[0m[1mtime_sleep.foo[99]: Creating...[0m[0m
[0m[1mtime_sleep.bar[96]: Creation complete after 3s [id=2023-05-26T21:37:35Z][0m
[0m[1mtime_sleep.foo[75]: Creating...[0m[0m
[0m[1mtime_sleep.bar[49]: Creation complete after 1s [id=2023-05-26T21:37:35Z][0m
[0m[1mtime_sleep.bar[112]: Creating...[0m[0m
[0m[1mtime_sleep.bar[85]: Creation complete after 3s [id=2023-05-26T21:37:36Z][0m
[0m[1mtime_sleep.bar[34]: Creating...[0m[0m
[0m[1mtime_sleep.foo[5]: Creation complete after 2s [id=2023-05-26T21:37:36Z][0m
[0m[1mtime_sleep.bar[105]: Creating...[0m[0m
[0m[1mtime_sleep.bar[16]: Creation complete after 4s [id=2023-05-26T21:37:37Z][0m
[0m[1mtime_sleep.foo[20]: Creating...[0m[0m
[0m[1mtime_sleep.foo[133]: Creation complete after 5s [id=2023-05-26T21:37:37Z][0m
[0m[1mtime_sleep.bar[125]: Creating...[0m[0m
[0m[1mtime_sleep.bar[24]: Creation complete after 5s [id=2023-05-26T21:37:38Z][0m
[0m[1mtime_sleep.foo[61]: Creating...[0m[0m
[0m[1mtime_sleep.foo[67]: Creation complete after 3s [id=2023-05-26T21:37:38Z][0m
[0m[1mtime_sleep.bar[42]: Creating...[0m[0m
[0m[1mtime_sleep.bar[105]: Creation complete after 2s [id=2023-05-26T21:37:38Z][0m
[0m[1mtime_sleep.bar[67]: Creating...[0m[0m
[0m[1mtime_sleep.bar[5]: Creation complete after 5s [id=2023-05-26T21:37:39Z][0m
[0m[1mtime_sleep.bar[35]: Creating...[0m[0m
[0m[1mtime_sleep.bar[125]: Creation complete after 2s [id=2023-05-26T21:37:39Z][0m
[0m[1mtime_sleep.foo[75]: Creation complete after 4s [id=2023-05-26T21:37:39Z][0m
[0m[1mtime_sleep.foo[3]: Creating...[0m[0m
[0m[1mtime_sleep.foo[66]: Creating...[0m[0m
[0m[1mtime_sleep.foo[99]: Creation complete after 5s [id=2023-05-26T21:37:40Z][0m
[0m[1mtime_sleep.bar[68]: Creating...[0m[0m
[0m[1mtime_sleep.bar[112]: Creation complete after 5s [id=2023-05-26T21:37:40Z][0m
[0m[1mtime_sleep.foo[16]: Creating...[0m[0m
[0m[1mtime_sleep.foo[61]: Creation complete after 3s [id=2023-05-26T21:37:41Z][0m
[0m[1mtime_sleep.bar[115]: Creating...[0m[0m
[0m[1mtime_sleep.bar[34]: Creation complete after 5s [id=2023-05-26T21:37:41Z][0m
[0m[1mtime_sleep.bar[72]: Creating...[0m[0m
[0m[1mtime_sleep.foo[20]: Creation complete after 4s [id=2023-05-26T21:37:41Z][0m
[0m[1mtime_sleep.foo[65]: Creating...[0m[0m
[0m[1mtime_sleep.foo[3]: Creation complete after 2s [id=2023-05-26T21:37:42Z][0m
[0m[1mtime_sleep.bar[59]: Creating...[0m[0m
[0m[1mtime_sleep.bar[115]: Creation complete after 1s [id=2023-05-26T21:37:42Z][0m
[0m[1mtime_sleep.bar[42]: Creation complete after 4s [id=2023-05-26T21:37:42Z][0m
[0m[1mtime_sleep.bar[72]: Creation complete after 2s [id=2023-05-26T21:37:42Z][0m
[0m[1mtime_sleep.bar[29]: Creating...[0m[0m
[0m[1mtime_sleep.bar[8]: Creating...[0m[0m
[0m[1mtime_sleep.foo[12]: Creating...[0m[0m
[0m[1mtime_sleep.foo[65]: Creation complete after 1s [id=2023-05-26T21:37:42Z][0m
[0m[1mtime_sleep.foo[126]: Creating...[0m[0m
[0m[1mtime_sleep.bar[35]: Creation complete after 4s [id=2023-05-26T21:37:43Z][0m
[0m[1mtime_sleep.bar[2]: Creating...[0m[0m
[0m[1mtime_sleep.bar[68]: Creation complete after 3s [id=2023-05-26T21:37:43Z][0m
[0m[1mtime_sleep.foo[53]: Creating...[0m[0m
[0m[1mtime_sleep.bar[67]: Creation complete after 5s [id=2023-05-26T21:37:43Z][0m
[0m[1mtime_sleep.bar[19]: Creating...[0m[0m
[0m[1mtime_sleep.foo[66]: Creation complete after 4s [id=2023-05-26T21:37:44Z][0m
[0m[1mtime_sleep.bar[78]: Creating...[0m[0m
[0m[1mtime_sleep.bar[8]: Creation complete after 2s [id=2023-05-26T21:37:44Z][0m
[0m[1mtime_sleep.foo[12]: Creation complete after 2s [id=2023-05-26T21:37:44Z][0m
[0m[1mtime_sleep.bar[58]: Creating...[0m[0m
[0m[1mtime_sleep.bar[54]: Creating...[0m[0m
[0m[1mtime_sleep.foo[53]: Creation complete after 1s [id=2023-05-26T21:37:44Z][0m
[0m[1mtime_sleep.bar[26]: Creating...[0m[0m
[0m[1mtime_sleep.bar[29]: Creation complete after 3s [id=2023-05-26T21:37:45Z][0m
[0m[1mtime_sleep.foo[73]: Creating...[0m[0m
[0m[1mtime_sleep.bar[54]: Creation complete after 1s [id=2023-05-26T21:37:45Z][0m
[0m[1mtime_sleep.bar[19]: Creation complete after 2s [id=2023-05-26T21:37:45Z][0m
[0m[1mtime_sleep.bar[64]: Creating...[0m[0m
[0m[1mtime_sleep.foo[16]: Creation complete after 5s [id=2023-05-26T21:37:45Z][0m
[0m[1mtime_sleep.bar[95]: Creating...[0m[0m
[0m[1mtime_sleep.foo[135]: Creating...[0m[0m
[0m[1mtime_sleep.bar[2]: Creation complete after 3s [id=2023-05-26T21:37:46Z][0m
[0m[1mtime_sleep.bar[100]: Creating...[0m[0m
[0m[1mtime_sleep.bar[58]: Creation complete after 2s [id=2023-05-26T21:37:46Z][0m
[0m[1mtime_sleep.bar[20]: Creating...[0m[0m
[0m[1mtime_sleep.foo[135]: Creation complete after 1s [id=2023-05-26T21:37:46Z][0m
[0m[1mtime_sleep.bar[92]: Creating...[0m[0m
[0m[1mtime_sleep.bar[59]: Creation complete after 5s [id=2023-05-26T21:37:47Z][0m
[0m[1mtime_sleep.bar[135]: Creating...[0m[0m
[0m[1mtime_sleep.foo[126]: Creation complete after 5s [id=2023-05-26T21:37:47Z][0m
[0m[1mtime_sleep.bar[3]: Creating...[0m[0m
[0m[1mtime_sleep.bar[92]: Creation complete after 1s [id=2023-05-26T21:37:48Z][0m
[0m[1mtime_sleep.foo[37]: Creating...[0m[0m
[0m[1mtime_sleep.bar[100]: Creation complete after 2s [id=2023-05-26T21:37:48Z][0m
[0m[1mtime_sleep.bar[71]: Creating...[0m[0m
[0m[1mtime_sleep.bar[26]: Creation complete after 4s [id=2023-05-26T21:37:48Z][0m
[0m[1mtime_sleep.bar[20]: Creation complete after 2s [id=2023-05-26T21:37:48Z][0m
[0m[1mtime_sleep.bar[64]: Creation complete after 3s [id=2023-05-26T21:37:48Z][0m
[0m[1mtime_sleep.bar[0]: Creating...[0m[0m
[0m[1mtime_sleep.bar[3]: Creation complete after 1s [id=2023-05-26T21:37:49Z][0m
[0m[1mtime_sleep.bar[78]: Creation complete after 5s [id=2023-05-26T21:37:49Z][0m
[0m[1mtime_sleep.bar[129]: Creating...[0m[0m
[0m[1mtime_sleep.foo[118]: Creating...[0m[0m
[0m[1mtime_sleep.foo[52]: Creating...[0m[0m
[0m[1mtime_sleep.foo[145]: Creating...[0m[0m
[0m[1mtime_sleep.bar[95]: Creation complete after 4s [id=2023-05-26T21:37:49Z][0m
[0m[1mtime_sleep.foo[50]: Creating...[0m[0m
[0m[1mtime_sleep.bar[0]: Creation complete after 1s [id=2023-05-26T21:37:50Z][0m
[0m[1mtime_sleep.foo[131]: Creating...[0m[0m
[0m[1mtime_sleep.foo[52]: Creation complete after 1s [id=2023-05-26T21:37:50Z][0m
[0m[1mtime_sleep.bar[55]: Creating...[0m[0m
[0m[1mtime_sleep.foo[73]: Creation complete after 5s [id=2023-05-26T21:37:50Z][0m
[0m[1mtime_sleep.foo[109]: Creating...[0m[0m
[0m[1mtime_sleep.foo[118]: Creation complete after 2s [id=2023-05-26T21:37:51Z][0m
[0m[1mtime_sleep.bar[103]: Creating...[0m[0m
[0m[1mtime_sleep.foo[50]: Creation complete after 2s [id=2023-05-26T21:37:52Z][0m
[0m[1mtime_sleep.foo[64]: Creating...[0m[0m
[0m[1mtime_sleep.bar[135]: Creation complete after 5s [id=2023-05-26T21:37:52Z][0m
[0m[1mtime_sleep.foo[80]: Creating...[0m[0m
[0m[1mtime_sleep.bar[71]: Creation complete after 4s [id=2023-05-26T21:37:52Z][0m
[0m[1mtime_sleep.foo[109]: Creation complete after 2s [id=2023-05-26T21:37:52Z][0m
[0m[1mtime_sleep.bar[138]: Creating...[0m[0m
[0m[1mtime_sleep.foo[112]: Creating...[0m[0m
[0m[1mtime_sleep.foo[37]: Creation complete after 5s [id=2023-05-26T21:37:53Z][0m
[0m[1mtime_sleep.bar[129]: Creation complete after 4s [id=2023-05-26T21:37:53Z][0m
[0m[1mtime_sleep.foo[131]: Creation complete after 3s [id=2023-05-26T21:37:53Z][0m
[0m[1mtime_sleep.foo[127]: Creating...[0m[0m
[0m[1mtime_sleep.bar[55]: Creation complete after 3s [id=2023-05-26T21:37:53Z][0m
[0m[1mtime_sleep.bar[143]: Creating...[0m[0m
[0m[1mtime_sleep.foo[64]: Creation complete after 1s [id=2023-05-26T21:37:53Z][0m
[0m[1mtime_sleep.foo[57]: Creating...[0m[0m
[0m[1mtime_sleep.foo[27]: Creating...[0m[0m
[0m[1mtime_sleep.foo[97]: Creating...[0m[0m
[0m[1mtime_sleep.foo[145]: Creation complete after 5s [id=2023-05-26T21:37:54Z][0m
[0m[1mtime_sleep.foo[27]: Creation complete after 1s [id=2023-05-26T21:37:54Z][0m
[0m[1mtime_sleep.foo[19]: Creating...[0m[0m
[0m[1mtime_sleep.foo[97]: Creation complete after 1s [id=2023-05-26T21:37:54Z][0m
[0m[1mtime_sleep.bar[30]: Creating...[0m[0m
[0m[1mtime_sleep.bar[149]: Creating...[0m[0m
[0m[1mtime_sleep.foo[112]: Creation complete after 2s [id=2023-05-26T21:37:54Z][0m
[0m[1mtime_sleep.foo[136]: Creating...[0m[0m
[0m[1mtime_sleep.foo[57]: Creation complete after 3s [id=2023-05-26T21:37:56Z][0m
[0m[1mtime_sleep.bar[103]: Creation complete after 5s [id=2023-05-26T21:37:56Z][0m
[0m[1mtime_sleep.foo[19]: Creation complete after 3s [id=2023-05-26T21:37:56Z][0m
[0m[1mtime_sleep.bar[43]: Creating...[0m[0m
[0m[1mtime_sleep.foo[55]: Creating...[0m[0m
[0m[1mtime_sleep.foo[88]: Creating...[0m[0m
[0m[1mtime_sleep.bar[138]: Creation complete after 4s [id=2023-05-26T21:37:56Z][0m
[0m[1mtime_sleep.bar[77]: Creating...[0m[0m
[0m[1mtime_sleep.foo[80]: Creation complete after 5s [id=2023-05-26T21:37:57Z][0m
[0m[1mtime_sleep.bar[143]: Creation complete after 4s [id=2023-05-26T21:37:57Z][0m
[0m[1mtime_sleep.foo[113]: Creating...[0m[0m
[0m[1mtime_sleep.foo[8]: Creating...[0m[0m
[0m[1mtime_sleep.foo[55]: Creation complete after 1s [id=2023-05-26T21:37:57Z][0m
[0m[1mtime_sleep.bar[102]: Creating...[0m[0m
[0m[1mtime_sleep.foo[136]: Creation complete after 3s [id=2023-05-26T21:37:58Z][0m
[0m[1mtime_sleep.bar[63]: Creating...[0m[0m
[0m[1mtime_sleep.foo[127]: Creation complete after 5s [id=2023-05-26T21:37:58Z][0m
[0m[1mtime_sleep.bar[137]: Creating...[0m[0m
[0m[1mtime_sleep.bar[30]: Creation complete after 4s [id=2023-05-26T21:37:58Z][0m
[0m[1mtime_sleep.bar[43]: Creation complete after 2s [id=2023-05-26T21:37:58Z][0m
[0m[1mtime_sleep.bar[80]: Creating...[0m[0m
[0m[1mtime_sleep.foo[115]: Creating...[0m[0m
[0m[1mtime_sleep.foo[113]: Creation complete after 2s [id=2023-05-26T21:37:59Z][0m
[0m[1mtime_sleep.bar[149]: Creation complete after 5s [id=2023-05-26T21:37:59Z][0m
[0m[1mtime_sleep.foo[54]: Creating...[0m[0m
[0m[1mtime_sleep.foo[72]: Creating...[0m[0m
[0m[1mtime_sleep.foo[88]: Creation complete after 3s [id=2023-05-26T21:37:59Z][0m
[0m[1mtime_sleep.foo[115]: Creation complete after 1s [id=2023-05-26T21:37:59Z][0m
[0m[1mtime_sleep.foo[93]: Creating...[0m[0m
[0m[1mtime_sleep.foo[132]: Creating...[0m[0m
[0m[1mtime_sleep.bar[63]: Creation complete after 2s [id=2023-05-26T21:38:00Z][0m
[0m[1mtime_sleep.foo[96]: Creating...[0m[0m
[0m[1mtime_sleep.bar[137]: Creation complete after 2s [id=2023-05-26T21:38:00Z][0m
[0m[1mtime_sleep.foo[8]: Creation complete after 3s [id=2023-05-26T21:38:00Z][0m
[0m[1mtime_sleep.foo[84]: Creating...[0m[0m
[0m[1mtime_sleep.bar[25]: Creating...[0m[0m
[0m[1mtime_sleep.bar[80]: Creation complete after 2s [id=2023-05-26T21:38:00Z][0m
[0m[1mtime_sleep.foo[1]: Creating...[0m[0m
[0m[1mtime_sleep.bar[77]: Creation complete after 4s [id=2023-05-26T21:38:01Z][0m
[0m[1mtime_sleep.bar[117]: Creating...[0m[0m
[0m[1mtime_sleep.bar[25]: Creation complete after 1s [id=2023-05-26T21:38:01Z][0m
[0m[1mtime_sleep.foo[54]: Creation complete after 3s [id=2023-05-26T21:38:01Z][0m
[0m[1mtime_sleep.bar[130]: Creating...[0m[0m
[0m[1mtime_sleep.bar[61]: Creating...[0m[0m
[0m[1mtime_sleep.bar[102]: Creation complete after 4s [id=2023-05-26T21:38:01Z][0m
[0m[1mtime_sleep.foo[42]: Creating...[0m[0m
[0m[1mtime_sleep.foo[93]: Creation complete after 2s [id=2023-05-26T21:38:01Z][0m
[0m[1mtime_sleep.foo[83]: Creating...[0m[0m
[0m[1mtime_sleep.bar[117]: Creation complete after 2s [id=2023-05-26T21:38:03Z][0m
[0m[1mtime_sleep.foo[96]: Creation complete after 3s [id=2023-05-26T21:38:03Z][0m
[0m[1mtime_sleep.foo[71]: Creating...[0m[0m
[0m[1mtime_sleep.foo[45]: Creating...[0m[0m
[0m[1mtime_sleep.bar[61]: Creation complete after 2s [id=2023-05-26T21:38:03Z][0m
[0m[1mtime_sleep.foo[1]: Creation complete after 3s [id=2023-05-26T21:38:03Z][0m
[0m[1mtime_sleep.foo[70]: Creating...[0m[0m
[0m[1mtime_sleep.foo[60]: Creating...[0m[0m
[0m[1mtime_sleep.foo[83]: Creation complete after 2s [id=2023-05-26T21:38:03Z][0m
[0m[1mtime_sleep.foo[77]: Creating...[0m[0m
[0m[1mtime_sleep.foo[84]: Creation complete after 4s [id=2023-05-26T21:38:04Z][0m
[0m[1mtime_sleep.foo[72]: Creation complete after 6s [id=2023-05-26T21:38:04Z][0m
[0m[1mtime_sleep.foo[95]: Creating...[0m[0m
[0m[1mtime_sleep.foo[14]: Creating...[0m[0m
[0m[1mtime_sleep.bar[130]: Creation complete after 3s [id=2023-05-26T21:38:04Z][0m
[0m[1mtime_sleep.bar[122]: Creating...[0m[0m
[0m[1mtime_sleep.foo[132]: Creation complete after 5s [id=2023-05-26T21:38:04Z][0m
[0m[1mtime_sleep.foo[39]: Creating...[0m[0m
[0m[1mtime_sleep.foo[71]: Creation complete after 2s [id=2023-05-26T21:38:05Z][0m
[0m[1mtime_sleep.foo[45]: Creation complete after 3s [id=2023-05-26T21:38:05Z][0m
[0m[1mtime_sleep.foo[38]: Creating...[0m[0m
[0m[1mtime_sleep.bar[62]: Creating...[0m[0m
[0m[1mtime_sleep.bar[122]: Creation complete after 1s [id=2023-05-26T21:38:05Z][0m
[0m[1mtime_sleep.foo[58]: Creating...[0m[0m
[0m[1mtime_sleep.foo[60]: Creation complete after 2s [id=2023-05-26T21:38:05Z][0m
[0m[1mtime_sleep.foo[117]: Creating...[0m[0m
[0m[1mtime_sleep.foo[42]: Creation complete after 5s [id=2023-05-26T21:38:06Z][0m
[0m[1mtime_sleep.bar[124]: Creating...[0m[0m
[0m[1mtime_sleep.foo[70]: Creation complete after 3s [id=2023-05-26T21:38:06Z][0m
[0m[1mtime_sleep.foo[77]: Creation complete after 3s [id=2023-05-26T21:38:06Z][0m
[0m[1mtime_sleep.foo[117]: Creation complete after 1s [id=2023-05-26T21:38:06Z][0m
[0m[1mtime_sleep.bar[12]: Creating...[0m[0m
[0m[1mtime_sleep.foo[18]: Creating...[0m[0m
[0m[1mtime_sleep.bar[123]: Creating...[0m[0m
[0m[1mtime_sleep.foo[14]: Creation complete after 3s [id=2023-05-26T21:38:07Z][0m
[0m[1mtime_sleep.foo[148]: Creating...[0m[0m
[0m[1mtime_sleep.bar[124]: Creation complete after 1s [id=2023-05-26T21:38:07Z][0m
[0m[1mtime_sleep.foo[142]: Creating...[0m[0m
[0m[1mtime_sleep.foo[18]: Creation complete after 1s [id=2023-05-26T21:38:07Z][0m
[0m[1mtime_sleep.bar[133]: Creating...[0m[0m
[0m[1mtime_sleep.foo[142]: Creation complete after 1s [id=2023-05-26T21:38:08Z][0m
[0m[1mtime_sleep.bar[4]: Creating...[0m[0m
[0m[1mtime_sleep.foo[95]: Creation complete after 5s [id=2023-05-26T21:38:09Z][0m
[0m[1mtime_sleep.bar[52]: Creating...[0m[0m
[0m[1mtime_sleep.foo[39]: Creation complete after 5s [id=2023-05-26T21:38:09Z][0m
[0m[1mtime_sleep.bar[12]: Creation complete after 3s [id=2023-05-26T21:38:09Z][0m
[0m[1mtime_sleep.bar[133]: Creation complete after 2s [id=2023-05-26T21:38:10Z][0m
[0m[1mtime_sleep.foo[103]: Creating...[0m[0m
[0m[1mtime_sleep.bar[21]: Creating...[0m[0m
[0m[1mtime_sleep.bar[94]: Creating...[0m[0m
[0m[1mtime_sleep.bar[62]: Creation complete after 5s [id=2023-05-26T21:38:10Z][0m
[0m[1mtime_sleep.foo[38]: Creation complete after 5s [id=2023-05-26T21:38:10Z][0m
[0m[1mtime_sleep.foo[58]: Creation complete after 5s [id=2023-05-26T21:38:10Z][0m
[0m[1mtime_sleep.foo[134]: Creating...[0m[0m
[0m[1mtime_sleep.foo[148]: Creation complete after 3s [id=2023-05-26T21:38:10Z][0m
[0m[1mtime_sleep.foo[129]: Creating...[0m[0m
[0m[1mtime_sleep.bar[145]: Creating...[0m[0m
[0m[1mtime_sleep.bar[76]: Creating...[0m[0m
[0m[1mtime_sleep.foo[103]: Creation complete after 1s [id=2023-05-26T21:38:11Z][0m
[0m[1mtime_sleep.bar[94]: Creation complete after 1s [id=2023-05-26T21:38:11Z][0m
[0m[1mtime_sleep.bar[57]: Creating...[0m[0m
[0m[1mtime_sleep.foo[13]: Creating...[0m[0m
[0m[1mtime_sleep.foo[129]: Creation complete after 1s [id=2023-05-26T21:38:11Z][0m
[0m[1mtime_sleep.bar[123]: Creation complete after 5s [id=2023-05-26T21:38:12Z][0m
[0m[1mtime_sleep.bar[87]: Creating...[0m[0m
[0m[1mtime_sleep.foo[21]: Creating...[0m[0m
[0m[1mtime_sleep.bar[4]: Creation complete after 4s [id=2023-05-26T21:38:13Z][0m
[0m[1mtime_sleep.bar[39]: Creating...[0m[0m
[0m[1mtime_sleep.bar[52]: Creation complete after 4s [id=2023-05-26T21:38:13Z][0m
[0m[1mtime_sleep.foo[78]: Creating...[0m[0m
[0m[1mtime_sleep.bar[76]: Creation complete after 3s [id=2023-05-26T21:38:13Z][0m
[0m[1mtime_sleep.bar[108]: Creating...[0m[0m
[0m[1mtime_sleep.bar[21]: Creation complete after 4s [id=2023-05-26T21:38:14Z][0m
[0m[1mtime_sleep.foo[11]: Creating...[0m[0m
[0m[1mtime_sleep.foo[21]: Creation complete after 3s [id=2023-05-26T21:38:15Z][0m
[0m[1mtime_sleep.bar[87]: Creation complete after 3s [id=2023-05-26T21:38:15Z][0m
[0m[1mtime_sleep.bar[39]: Creation complete after 2s [id=2023-05-26T21:38:15Z][0m
[0m[1mtime_sleep.bar[53]: Creating...[0m[0m
[0m[1mtime_sleep.bar[15]: Creating...[0m[0m
[0m[1mtime_sleep.foo[62]: Creating...[0m[0m
[0m[1mtime_sleep.foo[13]: Creation complete after 4s [id=2023-05-26T21:38:15Z][0m
[0m[1mtime_sleep.bar[89]: Creating...[0m[0m
[0m[1mtime_sleep.foo[134]: Creation complete after 5s [id=2023-05-26T21:38:15Z][0m
[0m[1mtime_sleep.bar[145]: Creation complete after 5s [id=2023-05-26T21:38:15Z][0m
[0m[1mtime_sleep.foo[41]: Creating...[0m[0m
[0m[1mtime_sleep.foo[10]: Creating...[0m[0m
[0m[1mtime_sleep.bar[57]: Creation complete after 5s [id=2023-05-26T21:38:16Z][0m
[0m[1mtime_sleep.bar[127]: Creating...[0m[0m
[0m[1mtime_sleep.foo[62]: Creation complete after 2s [id=2023-05-26T21:38:17Z][0m
[0m[1mtime_sleep.bar[89]: Creation complete after 3s [id=2023-05-26T21:38:17Z][0m
[0m[1mtime_sleep.bar[40]: Creating...[0m[0m
[0m[1mtime_sleep.foo[140]: Creating...[0m[0m
[0m[1mtime_sleep.foo[78]: Creation complete after 4s [id=2023-05-26T21:38:17Z][0m
[0m[1mtime_sleep.foo[29]: Creating...[0m[0m
[0m[1mtime_sleep.bar[108]: Creation complete after 4s [id=2023-05-26T21:38:18Z][0m
[0m[1mtime_sleep.foo[10]: Creation complete after 2s [id=2023-05-26T21:38:18Z][0m
[0m[1mtime_sleep.bar[120]: Creating...[0m[0m
[0m[1mtime_sleep.foo[7]: Creating...[0m[0m
[0m[1mtime_sleep.foo[11]: Creation complete after 4s [id=2023-05-26T21:38:18Z][0m
[0m[1mtime_sleep.foo[86]: Creating...[0m[0m
[0m[1mtime_sleep.foo[41]: Creation complete after 3s [id=2023-05-26T21:38:19Z][0m
[0m[1mtime_sleep.foo[4]: Creating...[0m[0m
[0m[1mtime_sleep.bar[15]: Creation complete after 4s [id=2023-05-26T21:38:19Z][0m
[0m[1mtime_sleep.foo[130]: Creating...[0m[0m
[0m[1mtime_sleep.foo[29]: Creation complete after 2s [id=2023-05-26T21:38:19Z][0m
[0m[1mtime_sleep.foo[6]: Creating...[0m[0m
[0m[1mtime_sleep.bar[53]: Creation complete after 5s [id=2023-05-26T21:38:20Z][0m
[0m[1mtime_sleep.bar[50]: Creating...[0m[0m
[0m[1mtime_sleep.bar[127]: Creation complete after 5s [id=2023-05-26T21:38:20Z][0m
[0m[1mtime_sleep.foo[141]: Creating...[0m[0m
[0m[1mtime_sleep.foo[86]: Creation complete after 3s [id=2023-05-26T21:38:21Z][0m
[0m[1mtime_sleep.bar[33]: Creating...[0m[0m
[0m[1mtime_sleep.bar[40]: Creation complete after 4s [id=2023-05-26T21:38:21Z][0m
[0m[1mtime_sleep.foo[51]: Creating...[0m[0m
[0m[1mtime_sleep.foo[4]: Creation complete after 3s [id=2023-05-26T21:38:22Z][0m
[0m[1mtime_sleep.foo[44]: Creating...[0m[0m
[0m[1mtime_sleep.foo[140]: Creation complete after 5s [id=2023-05-26T21:38:22Z][0m
[0m[1mtime_sleep.foo[147]: Creating...[0m[0m
[0m[1mtime_sleep.foo[7]: Creation complete after 5s [id=2023-05-26T21:38:23Z][0m
[0m[1mtime_sleep.bar[120]: Creation complete after 5s [id=2023-05-26T21:38:23Z][0m
[0m[1mtime_sleep.foo[44]: Creation complete after 1s [id=2023-05-26T21:38:23Z][0m
[0m[1mtime_sleep.foo[110]: Creating...[0m[0m
[0m[1mtime_sleep.foo[48]: Creating...[0m[0m
[0m[1mtime_sleep.foo[81]: Creating...[0m[0m
[0m[1mtime_sleep.foo[130]: Creation complete after 5s [id=2023-05-26T21:38:23Z][0m
[0m[1mtime_sleep.bar[113]: Creating...[0m[0m
[0m[1mtime_sleep.foo[51]: Creation complete after 2s [id=2023-05-26T21:38:23Z][0m
[0m[1mtime_sleep.foo[147]: Creation complete after 1s [id=2023-05-26T21:38:23Z][0m
[0m[1mtime_sleep.bar[22]: Creating...[0m[0m
[0m[1mtime_sleep.bar[141]: Creating...[0m[0m
[0m[1mtime_sleep.foo[6]: Creation complete after 4s [id=2023-05-26T21:38:24Z][0m
[0m[1mtime_sleep.bar[90]: Creating...[0m[0m
[0m[1mtime_sleep.foo[48]: Creation complete after 1s [id=2023-05-26T21:38:24Z][0m
[0m[1mtime_sleep.bar[144]: Creating...[0m[0m
[0m[1mtime_sleep.bar[22]: Creation complete after 1s [id=2023-05-26T21:38:24Z][0m
[0m[1mtime_sleep.foo[146]: Creating...[0m[0m
[0m[1mtime_sleep.foo[81]: Creation complete after 2s [id=2023-05-26T21:38:25Z][0m
[0m[1mtime_sleep.bar[111]: Creating...[0m[0m
[0m[1mtime_sleep.bar[50]: Creation complete after 5s [id=2023-05-26T21:38:25Z][0m
[0m[1mtime_sleep.bar[69]: Creating...[0m[0m
[0m[1mtime_sleep.foo[141]: Creation complete after 5s [id=2023-05-26T21:38:25Z][0m
[0m[1mtime_sleep.foo[15]: Creating...[0m[0m
[0m[1mtime_sleep.bar[33]: Creation complete after 4s [id=2023-05-26T21:38:25Z][0m
[0m[1mtime_sleep.bar[10]: Creating...[0m[0m
[0m[1mtime_sleep.bar[141]: Creation complete after 2s [id=2023-05-26T21:38:25Z][0m
[0m[1mtime_sleep.foo[114]: Creating...[0m[0m
[0m[1mtime_sleep.bar[69]: Creation complete after 1s [id=2023-05-26T21:38:26Z][0m
[0m[1mtime_sleep.bar[97]: Creating...[0m[0m
[0m[1mtime_sleep.foo[15]: Creation complete after 1s [id=2023-05-26T21:38:26Z][0m
[0m[1mtime_sleep.foo[76]: Creating...[0m[0m
[0m[1mtime_sleep.foo[114]: Creation complete after 1s [id=2023-05-26T21:38:26Z][0m
[0m[1mtime_sleep.foo[47]: Creating...[0m[0m
[0m[1mtime_sleep.bar[90]: Creation complete after 3s [id=2023-05-26T21:38:27Z][0m
[0m[1mtime_sleep.foo[24]: Creating...[0m[0m
[0m[1mtime_sleep.foo[110]: Creation complete after 4s [id=2023-05-26T21:38:27Z][0m
[0m[1mtime_sleep.bar[106]: Creating...[0m[0m
[0m[1mtime_sleep.foo[24]: Creation complete after 1s [id=2023-05-26T21:38:28Z][0m
[0m[1mtime_sleep.bar[86]: Creating...[0m[0m
[0m[1mtime_sleep.bar[111]: Creation complete after 3s [id=2023-05-26T21:38:28Z][0m
[0m[1mtime_sleep.foo[46]: Creating...[0m[0m
[0m[1mtime_sleep.bar[113]: Creation complete after 5s [id=2023-05-26T21:38:28Z][0m
[0m[1mtime_sleep.bar[11]: Creating...[0m[0m
[0m[1mtime_sleep.foo[146]: Creation complete after 4s [id=2023-05-26T21:38:28Z][0m
[0m[1mtime_sleep.foo[47]: Creation complete after 2s [id=2023-05-26T21:38:29Z][0m
[0m[1mtime_sleep.bar[38]: Creating...[0m[0m
[0m[1mtime_sleep.bar[46]: Creating...[0m[0m
[0m[1mtime_sleep.bar[106]: Creation complete after 2s [id=2023-05-26T21:38:29Z][0m
[0m[1mtime_sleep.bar[144]: Creation complete after 5s [id=2023-05-26T21:38:29Z][0m
[0m[1mtime_sleep.bar[44]: Creating...[0m[0m
[0m[1mtime_sleep.foo[116]: Creating...[0m[0m
[0m[1mtime_sleep.bar[97]: Creation complete after 3s [id=2023-05-26T21:38:29Z][0m
[0m[1mtime_sleep.foo[0]: Creating...[0m[0m
[0m[1mtime_sleep.foo[46]: Creation complete after 2s [id=2023-05-26T21:38:30Z][0m
[0m[1mtime_sleep.foo[87]: Creating...[0m[0m
[0m[1mtime_sleep.foo[76]: Creation complete after 4s [id=2023-05-26T21:38:30Z][0m
[0m[1mtime_sleep.bar[56]: Creating...[0m[0m
[0m[1mtime_sleep.bar[10]: Creation complete after 5s [id=2023-05-26T21:38:30Z][0m
[0m[1mtime_sleep.bar[139]: Creating...[0m[0m
[0m[1mtime_sleep.bar[86]: Creation complete after 3s [id=2023-05-26T21:38:31Z][0m
[0m[1mtime_sleep.foo[59]: Creating...[0m[0m
[0m[1mtime_sleep.foo[116]: Creation complete after 2s [id=2023-05-26T21:38:31Z][0m
[0m[1mtime_sleep.foo[90]: Creating...[0m[0m
[0m[1mtime_sleep.bar[38]: Creation complete after 3s [id=2023-05-26T21:38:32Z][0m
[0m[1mtime_sleep.bar[41]: Creating...[0m[0m
[0m[1mtime_sleep.foo[87]: Creation complete after 2s [id=2023-05-26T21:38:32Z][0m
[0m[1mtime_sleep.foo[90]: Creation complete after 1s [id=2023-05-26T21:38:32Z][0m
[0m[1mtime_sleep.foo[23]: Creating...[0m[0m
[0m[1mtime_sleep.bar[11]: Creation complete after 4s [id=2023-05-26T21:38:32Z][0m
[0m[1mtime_sleep.foo[91]: Creating...[0m[0m
[0m[1mtime_sleep.foo[79]: Creating...[0m[0m
[0m[1mtime_sleep.bar[56]: Creation complete after 2s [id=2023-05-26T21:38:32Z][0m
[0m[1mtime_sleep.bar[84]: Creating...[0m[0m
[0m[1mtime_sleep.foo[91]: Creation complete after 1s [id=2023-05-26T21:38:33Z][0m
[0m[1mtime_sleep.bar[48]: Creating...[0m[0m
[0m[1mtime_sleep.bar[84]: Creation complete after 1s [id=2023-05-26T21:38:33Z][0m
[0m[1mtime_sleep.bar[75]: Creating...[0m[0m
[0m[1mtime_sleep.bar[46]: Creation complete after 5s [id=2023-05-26T21:38:34Z][0m
[0m[1mtime_sleep.bar[118]: Creating...[0m[0m
[0m[1mtime_sleep.bar[44]: Creation complete after 5s [id=2023-05-26T21:38:34Z][0m
[0m[1mtime_sleep.foo[0]: Creation complete after 5s [id=2023-05-26T21:38:34Z][0m
[0m[1mtime_sleep.bar[101]: Creating...[0m[0m
[0m[1mtime_sleep.foo[22]: Creating...[0m[0m
[0m[1mtime_sleep.bar[139]: Creation complete after 4s [id=2023-05-26T21:38:34Z][0m
[0m[1mtime_sleep.bar[75]: Creation complete after 1s [id=2023-05-26T21:38:34Z][0m
[0m[1mtime_sleep.foo[74]: Creating...[0m[0m
[0m[1mtime_sleep.foo[138]: Creating...[0m[0m
[0m[1mtime_sleep.foo[59]: Creation complete after 5s [id=2023-05-26T21:38:36Z][0m
[0m[1mtime_sleep.bar[82]: Creating...[0m[0m
[0m[1mtime_sleep.bar[101]: Creation complete after 2s [id=2023-05-26T21:38:36Z][0m
[0m[1mtime_sleep.foo[34]: Creating...[0m[0m
[0m[1mtime_sleep.bar[41]: Creation complete after 5s [id=2023-05-26T21:38:37Z][0m
[0m[1mtime_sleep.bar[118]: Creation complete after 3s [id=2023-05-26T21:38:37Z][0m
[0m[1mtime_sleep.bar[107]: Creating...[0m[0m
[0m[1mtime_sleep.foo[105]: Creating...[0m[0m
[0m[1mtime_sleep.foo[23]: Creation complete after 5s [id=2023-05-26T21:38:37Z][0m
[0m[1mtime_sleep.foo[79]: Creation complete after 5s [id=2023-05-26T21:38:37Z][0m
[0m[1mtime_sleep.bar[28]: Creating...[0m[0m
[0m[1mtime_sleep.bar[109]: Creating...[0m[0m
[0m[1mtime_sleep.bar[82]: Creation complete after 2s [id=2023-05-26T21:38:38Z][0m
[0m[1mtime_sleep.bar[79]: Creating...[0m[0m
[0m[1mtime_sleep.foo[22]: Creation complete after 4s [id=2023-05-26T21:38:38Z][0m
[0m[1mtime_sleep.bar[17]: Creating...[0m[0m
[0m[1mtime_sleep.bar[48]: Creation complete after 5s [id=2023-05-26T21:38:38Z][0m
[0m[1mtime_sleep.bar[74]: Creating...[0m[0m
[0m[1mtime_sleep.foo[34]: Creation complete after 3s [id=2023-05-26T21:38:39Z][0m
[0m[1mtime_sleep.bar[28]: Creation complete after 2s [id=2023-05-26T21:38:39Z][0m
[0m[1mtime_sleep.foo[74]: Creation complete after 5s [id=2023-05-26T21:38:39Z][0m
[0m[1mtime_sleep.bar[66]: Creating...[0m[0m
[0m[1mtime_sleep.bar[93]: Creating...[0m[0m
[0m[1mtime_sleep.foo[138]: Creation complete after 5s [id=2023-05-26T21:38:39Z][0m
[0m[1mtime_sleep.foo[122]: Creating...[0m[0m
[0m[1mtime_sleep.foo[2]: Creating...[0m[0m
[0m[1mtime_sleep.bar[107]: Creation complete after 3s [id=2023-05-26T21:38:40Z][0m
[0m[1mtime_sleep.bar[110]: Creating...[0m[0m
[0m[1mtime_sleep.foo[2]: Creation complete after 1s [id=2023-05-26T21:38:40Z][0m
[0m[1mtime_sleep.foo[33]: Creating...[0m[0m
[0m[1mtime_sleep.bar[74]: Creation complete after 3s [id=2023-05-26T21:38:41Z][0m
[0m[1mtime_sleep.bar[9]: Creating...[0m[0m
[0m[1mtime_sleep.foo[33]: Creation complete after 1s [id=2023-05-26T21:38:42Z][0m
[0m[1mtime_sleep.foo[144]: Creating...[0m[0m
[0m[1mtime_sleep.foo[105]: Creation complete after 5s [id=2023-05-26T21:38:42Z][0m
[0m[1mtime_sleep.foo[125]: Creating...[0m[0m
[0m[1mtime_sleep.bar[79]: Creation complete after 4s [id=2023-05-26T21:38:42Z][0m
[0m[1mtime_sleep.foo[30]: Creating...[0m[0m
[0m[1mtime_sleep.bar[17]: Creation complete after 4s [id=2023-05-26T21:38:42Z][0m
[0m[1mtime_sleep.foo[82]: Creating...[0m[0m
[0m[1mtime_sleep.bar[109]: Creation complete after 5s [id=2023-05-26T21:38:42Z][0m
[0m[1mtime_sleep.foo[35]: Creating...[0m[0m
[0m[1mtime_sleep.bar[93]: Creation complete after 3s [id=2023-05-26T21:38:42Z][0m
[0m[1mtime_sleep.bar[45]: Creating...[0m[0m
[0m[1mtime_sleep.foo[125]: Creation complete after 1s [id=2023-05-26T21:38:43Z][0m
[0m[1mtime_sleep.bar[128]: Creating...[0m[0m
[0m[1mtime_sleep.bar[66]: Creation complete after 4s [id=2023-05-26T21:38:43Z][0m
[0m[1mtime_sleep.bar[134]: Creating...[0m[0m
[0m[1mtime_sleep.bar[45]: Creation complete after 1s [id=2023-05-26T21:38:43Z][0m
[0m[1mtime_sleep.foo[102]: Creating...[0m[0m
[0m[1mtime_sleep.bar[110]: Creation complete after 4s [id=2023-05-26T21:38:44Z][0m
[0m[1mtime_sleep.bar[73]: Creating...[0m[0m
[0m[1mtime_sleep.foo[82]: Creation complete after 2s [id=2023-05-26T21:38:44Z][0m
[0m[1mtime_sleep.bar[147]: Creating...[0m[0m
[0m[1mtime_sleep.bar[9]: Creation complete after 3s [id=2023-05-26T21:38:44Z][0m
[0m[1mtime_sleep.foo[122]: Creation complete after 5s [id=2023-05-26T21:38:44Z][0m
[0m[1mtime_sleep.foo[36]: Creating...[0m[0m
[0m[1mtime_sleep.bar[104]: Creating...[0m[0m
[0m[1mtime_sleep.foo[35]: Creation complete after 3s [id=2023-05-26T21:38:45Z][0m
[0m[1mtime_sleep.bar[132]: Creating...[0m[0m
[0m[1mtime_sleep.bar[128]: Creation complete after 3s [id=2023-05-26T21:38:46Z][0m
[0m[1mtime_sleep.bar[36]: Creating...[0m[0m
[0m[1mtime_sleep.foo[30]: Creation complete after 4s [id=2023-05-26T21:38:46Z][0m
[0m[1mtime_sleep.foo[119]: Creating...[0m[0m
[0m[1mtime_sleep.foo[144]: Creation complete after 5s [id=2023-05-26T21:38:47Z][0m
[0m[1mtime_sleep.foo[100]: Creating...[0m[0m
[0m[1mtime_sleep.bar[147]: Creation complete after 3s [id=2023-05-26T21:38:47Z][0m
[0m[1mtime_sleep.bar[132]: Creation complete after 2s [id=2023-05-26T21:38:47Z][0m
[0m[1mtime_sleep.foo[9]: Creating...[0m[0m
[0m[1mtime_sleep.bar[65]: Creating...[0m[0m
[0m[1mtime_sleep.bar[134]: Creation complete after 4s [id=2023-05-26T21:38:47Z][0m
[0m[1mtime_sleep.bar[104]: Creation complete after 3s [id=2023-05-26T21:38:47Z][0m
[0m[1mtime_sleep.foo[89]: Creating...[0m[0m
[0m[1mtime_sleep.foo[28]: Creating...[0m[0m
[0m[1mtime_sleep.bar[65]: Creation complete after 1s [id=2023-05-26T21:38:48Z][0m
[0m[1mtime_sleep.foo[139]: Creating...[0m[0m
[0m[1mtime_sleep.foo[102]: Creation complete after 5s [id=2023-05-26T21:38:49Z][0m
[0m[1mtime_sleep.bar[114]: Creating...[0m[0m
[0m[1mtime_sleep.bar[73]: Creation complete after 5s [id=2023-05-26T21:38:49Z][0m
[0m[1mtime_sleep.bar[116]: Creating...[0m[0m
[0m[1mtime_sleep.foo[36]: Creation complete after 5s [id=2023-05-26T21:38:49Z][0m
[0m[1mtime_sleep.bar[126]: Creating...[0m[0m
[0m[1mtime_sleep.bar[114]: Creation complete after 1s [id=2023-05-26T21:38:50Z][0m
[0m[1mtime_sleep.foo[123]: Creating...[0m[0m
[0m[1mtime_sleep.foo[119]: Creation complete after 4s [id=2023-05-26T21:38:50Z][0m
[0m[1mtime_sleep.foo[31]: Creating...[0m[0m
[0m[1mtime_sleep.foo[89]: Creation complete after 3s [id=2023-05-26T21:38:51Z][0m
[0m[1mtime_sleep.bar[70]: Creating...[0m[0m
[0m[1mtime_sleep.bar[116]: Creation complete after 2s [id=2023-05-26T21:38:51Z][0m
[0m[1mtime_sleep.bar[36]: Creation complete after 5s [id=2023-05-26T21:38:51Z][0m
[0m[1mtime_sleep.foo[32]: Creating...[0m[0m
[0m[1mtime_sleep.foo[17]: Creating...[0m[0m
[0m[1mtime_sleep.foo[9]: Creation complete after 4s [id=2023-05-26T21:38:51Z][0m
[0m[1mtime_sleep.foo[121]: Creating...[0m[0m
[0m[1mtime_sleep.bar[126]: Creation complete after 2s [id=2023-05-26T21:38:52Z][0m
[0m[1mtime_sleep.bar[32]: Creating...[0m[0m
[0m[1mtime_sleep.foo[100]: Creation complete after 5s [id=2023-05-26T21:38:52Z][0m
[0m[1mtime_sleep.bar[121]: Creating...[0m[0m
[0m[1mtime_sleep.foo[121]: Creation complete after 1s [id=2023-05-26T21:38:52Z][0m
[0m[1mtime_sleep.foo[25]: Creating...[0m[0m
[0m[1mtime_sleep.foo[28]: Creation complete after 5s [id=2023-05-26T21:38:53Z][0m
[0m[1mtime_sleep.bar[131]: Creating...[0m[0m
[0m[1mtime_sleep.bar[121]: Creation complete after 1s [id=2023-05-26T21:38:53Z][0m
[0m[1mtime_sleep.bar[91]: Creating...[0m[0m
[0m[1mtime_sleep.foo[17]: Creation complete after 2s [id=2023-05-26T21:38:53Z][0m
[0m[1mtime_sleep.bar[136]: Creating...[0m[0m
[0m[1mtime_sleep.foo[31]: Creation complete after 3s [id=2023-05-26T21:38:53Z][0m
[0m[1mtime_sleep.bar[27]: Creating...[0m[0m
[0m[1mtime_sleep.foo[139]: Creation complete after 5s [id=2023-05-26T21:38:53Z][0m
[0m[1mtime_sleep.bar[81]: Creating...[0m[0m
[0m[1mtime_sleep.bar[91]: Creation complete after 1s [id=2023-05-26T21:38:54Z][0m
[0m[1mtime_sleep.foo[137]: Creating...[0m[0m
[0m[1mtime_sleep.foo[123]: Creation complete after 5s [id=2023-05-26T21:38:55Z][0m
[0m[1mtime_sleep.bar[131]: Creation complete after 2s [id=2023-05-26T21:38:55Z][0m
[0m[1mtime_sleep.bar[70]: Creation complete after 4s [id=2023-05-26T21:38:55Z][0m
[0m[1mtime_sleep.bar[51]: Creating...[0m[0m
[0m[1mtime_sleep.bar[142]: Creating...[0m[0m
[0m[1mtime_sleep.foo[25]: Creation complete after 3s [id=2023-05-26T21:38:56Z][0m
[0m[1mtime_sleep.bar[32]: Creation complete after 4s [id=2023-05-26T21:38:56Z][0m
[0m[1mtime_sleep.foo[32]: Creation complete after 5s [id=2023-05-26T21:38:56Z][0m
[0m[1mtime_sleep.bar[27]: Creation complete after 3s [id=2023-05-26T21:38:56Z][0m
[0m[1mtime_sleep.bar[51]: Creation complete after 2s [id=2023-05-26T21:38:57Z][0m
[0m[1mtime_sleep.bar[142]: Creation complete after 3s [id=2023-05-26T21:38:58Z][0m
[0m[1mtime_sleep.bar[136]: Creation complete after 5s [id=2023-05-26T21:38:58Z][0m
[0m[1mtime_sleep.bar[81]: Creation complete after 5s [id=2023-05-26T21:38:59Z][0m
[0m[1mtime_sleep.foo[137]: Creation complete after 5s [id=2023-05-26T21:38:59Z][0m
