
Terraform used the selected providers to generate the following execution
plan. Resource actions are indicated with the following symbols:
  + create

Terraform will perform the following actions:

  # aws_ssm_parameter.bad will be created
  + resource "aws_ssm_parameter" "bad" {
      + arn            = (known after apply)
      + data_type      = (known after apply)
      + id             = (known after apply)
      + insecure_value = (known after apply)
      + key_id         = (known after apply)
      + name           = "/slash/at/end/"
      + tags_all       = (known after apply)
      + tier           = (known after apply)
      + type           = "String"
      + value          = (sensitive value)
      + version        = (known after apply)
    }

  # aws_ssm_parameter.bad2[0] will be created
  + resource "aws_ssm_parameter" "bad2" {
      + arn            = (known after apply)
      + data_type      = (known after apply)
      + id             = (known after apply)
      + insecure_value = (known after apply)
      + key_id         = (known after apply)
      + name           = "/slash/at/end0/"
      + tags_all       = (known after apply)
      + tier           = (known after apply)
      + type           = "String"
      + value          = (sensitive value)
      + version        = (known after apply)
    }

  # aws_ssm_parameter.bad2[1] will be created
  + resource "aws_ssm_parameter" "bad2" {
      + arn            = (known after apply)
      + data_type      = (known after apply)
      + id             = (known after apply)
      + insecure_value = (known after apply)
      + key_id         = (known after apply)
      + name           = "/slash/at/end1/"
      + tags_all       = (known after apply)
      + tier           = (known after apply)
      + type           = "String"
      + value          = (sensitive value)
      + version        = (known after apply)
    }

  # aws_ssm_parameter.bad2[2] will be created
  + resource "aws_ssm_parameter" "bad2" {
      + arn            = (known after apply)
      + data_type      = (known after apply)
      + id             = (known after apply)
      + insecure_value = (known after apply)
      + key_id         = (known after apply)
      + name           = "/slash/at/end2/"
      + tags_all       = (known after apply)
      + tier           = (known after apply)
      + type           = "String"
      + value          = (sensitive value)
      + version        = (known after apply)
    }

  # aws_ssm_parameter.good will be created
  + resource "aws_ssm_parameter" "good" {
      + arn            = (known after apply)
      + data_type      = (known after apply)
      + id             = (known after apply)
      + insecure_value = (known after apply)
      + key_id         = (known after apply)
      + name           = "/no/slash/at/end"
      + tags_all       = (known after apply)
      + tier           = (known after apply)
      + type           = "String"
      + value          = (sensitive value)
      + version        = (known after apply)
    }

  # aws_ssm_parameter.good2[0] will be created
  + resource "aws_ssm_parameter" "good2" {
      + arn            = (known after apply)
      + data_type      = (known after apply)
      + id             = (known after apply)
      + insecure_value = (known after apply)
      + key_id         = (known after apply)
      + name           = "/no/slash/at/end0"
      + tags_all       = (known after apply)
      + tier           = (known after apply)
      + type           = "String"
      + value          = (sensitive value)
      + version        = (known after apply)
    }

  # aws_ssm_parameter.good2[1] will be created
  + resource "aws_ssm_parameter" "good2" {
      + arn            = (known after apply)
      + data_type      = (known after apply)
      + id             = (known after apply)
      + insecure_value = (known after apply)
      + key_id         = (known after apply)
      + name           = "/no/slash/at/end1"
      + tags_all       = (known after apply)
      + tier           = (known after apply)
      + type           = "String"
      + value          = (sensitive value)
      + version        = (known after apply)
    }

  # aws_ssm_parameter.good2[2] will be created
  + resource "aws_ssm_parameter" "good2" {
      + arn            = (known after apply)
      + data_type      = (known after apply)
      + id             = (known after apply)
      + insecure_value = (known after apply)
      + key_id         = (known after apply)
      + name           = "/no/slash/at/end2"
      + tags_all       = (known after apply)
      + tier           = (known after apply)
      + type           = "String"
      + value          = (sensitive value)
      + version        = (known after apply)
    }

Plan: 8 to add, 0 to change, 0 to destroy.
aws_ssm_parameter.good: Creating...
aws_ssm_parameter.bad2[2]: Creating...
aws_ssm_parameter.bad2[1]: Creating...
aws_ssm_parameter.bad2[0]: Creating...
aws_ssm_parameter.good2[1]: Creating...
aws_ssm_parameter.bad: Creating...
aws_ssm_parameter.good2[2]: Creating...
aws_ssm_parameter.good2[0]: Creating...
aws_ssm_parameter.good: Creation complete after 1s [id=/no/slash/at/end]
aws_ssm_parameter.good2[0]: Creation complete after 1s [id=/no/slash/at/end0]
aws_ssm_parameter.good2[2]: Creation complete after 1s [id=/no/slash/at/end2]
aws_ssm_parameter.good2[1]: Creation complete after 1s [id=/no/slash/at/end1]

Error: creating SSM Parameter (/slash/at/end/): ValidationException: Parameter name must not end with slash.
	status code: 400, request id: 99b72eaf-10ec-49d7-99e4-bc960809383e

  with aws_ssm_parameter.bad,
  on provider.tf line 15, in resource "aws_ssm_parameter" "bad":
  15: resource "aws_ssm_parameter" "bad" {


Error: creating SSM Parameter (/slash/at/end2/): ValidationException: Parameter name must not end with slash.
	status code: 400, request id: 99a3ae5f-9d97-4bc9-bfd8-ac29b72fc00d

  with aws_ssm_parameter.bad2[2],
  on provider.tf line 27, in resource "aws_ssm_parameter" "bad2":
  27: resource "aws_ssm_parameter" "bad2" {


Error: creating SSM Parameter (/slash/at/end1/): ValidationException: Parameter name must not end with slash.
	status code: 400, request id: 77765932-a8b2-48bf-abe2-71a151da56ea

  with aws_ssm_parameter.bad2[1],
  on provider.tf line 27, in resource "aws_ssm_parameter" "bad2":
  27: resource "aws_ssm_parameter" "bad2" {


Error: creating SSM Parameter (/slash/at/end0/): ValidationException: Parameter name must not end with slash.
	status code: 400, request id: f78b2744-2fff-4df9-824b-ba7c40ab256a

  with aws_ssm_parameter.bad2[0],
  on provider.tf line 27, in resource "aws_ssm_parameter" "bad2":
  27: resource "aws_ssm_parameter" "bad2" {

