
Terraform used the selected providers to generate the following execution
plan. Resource actions are indicated with the following symbols:
  + create

Terraform will perform the following actions:

  # random_integer.sleep[0] will be created
  + resource "random_integer" "sleep" {
      + id     = (known after apply)
      + max    = 5
      + min    = 1
      + result = (known after apply)
    }

  # random_integer.sleep[1] will be created
  + resource "random_integer" "sleep" {
      + id     = (known after apply)
      + max    = 5
      + min    = 1
      + result = (known after apply)
    }

  # random_integer.sleep[2] will be created
  + resource "random_integer" "sleep" {
      + id     = (known after apply)
      + max    = 5
      + min    = 1
      + result = (known after apply)
    }

  # random_integer.sleep[3] will be created
  + resource "random_integer" "sleep" {
      + id     = (known after apply)
      + max    = 5
      + min    = 1
      + result = (known after apply)
    }

  # random_integer.sleep[4] will be created
  + resource "random_integer" "sleep" {
      + id     = (known after apply)
      + max    = 5
      + min    = 1
      + result = (known after apply)
    }

  # random_integer.sleep[5] will be created
  + resource "random_integer" "sleep" {
      + id     = (known after apply)
      + max    = 5
      + min    = 1
      + result = (known after apply)
    }

  # random_integer.sleep[6] will be created
  + resource "random_integer" "sleep" {
      + id     = (known after apply)
      + max    = 5
      + min    = 1
      + result = (known after apply)
    }

  # random_integer.sleep[7] will be created
  + resource "random_integer" "sleep" {
      + id     = (known after apply)
      + max    = 5
      + min    = 1
      + result = (known after apply)
    }

  # random_integer.sleep[8] will be created
  + resource "random_integer" "sleep" {
      + id     = (known after apply)
      + max    = 5
      + min    = 1
      + result = (known after apply)
    }

  # random_integer.sleep[9] will be created
  + resource "random_integer" "sleep" {
      + id     = (known after apply)
      + max    = 5
      + min    = 1
      + result = (known after apply)
    }

  # random_integer.sleep[10] will be created
  + resource "random_integer" "sleep" {
      + id     = (known after apply)
      + max    = 5
      + min    = 1
      + result = (known after apply)
    }

  # random_integer.sleep[11] will be created
  + resource "random_integer" "sleep" {
      + id     = (known after apply)
      + max    = 5
      + min    = 1
      + result = (known after apply)
    }

  # random_integer.sleep[12] will be created
  + resource "random_integer" "sleep" {
      + id     = (known after apply)
      + max    = 5
      + min    = 1
      + result = (known after apply)
    }

  # random_integer.sleep[13] will be created
  + resource "random_integer" "sleep" {
      + id     = (known after apply)
      + max    = 5
      + min    = 1
      + result = (known after apply)
    }

  # random_integer.sleep[14] will be created
  + resource "random_integer" "sleep" {
      + id     = (known after apply)
      + max    = 5
      + min    = 1
      + result = (known after apply)
    }

  # random_integer.sleep[15] will be created
  + resource "random_integer" "sleep" {
      + id     = (known after apply)
      + max    = 5
      + min    = 1
      + result = (known after apply)
    }

  # random_integer.sleep[16] will be created
  + resource "random_integer" "sleep" {
      + id     = (known after apply)
      + max    = 5
      + min    = 1
      + result = (known after apply)
    }

  # random_integer.sleep[17] will be created
  + resource "random_integer" "sleep" {
      + id     = (known after apply)
      + max    = 5
      + min    = 1
      + result = (known after apply)
    }

  # random_integer.sleep[18] will be created
  + resource "random_integer" "sleep" {
      + id     = (known after apply)
      + max    = 5
      + min    = 1
      + result = (known after apply)
    }

  # random_integer.sleep[19] will be created
  + resource "random_integer" "sleep" {
      + id     = (known after apply)
      + max    = 5
      + min    = 1
      + result = (known after apply)
    }

  # random_integer.sleep[20] will be created
  + resource "random_integer" "sleep" {
      + id     = (known after apply)
      + max    = 5
      + min    = 1
      + result = (known after apply)
    }

  # random_integer.sleep[21] will be created
  + resource "random_integer" "sleep" {
      + id     = (known after apply)
      + max    = 5
      + min    = 1
      + result = (known after apply)
    }

  # random_integer.sleep[22] will be created
  + resource "random_integer" "sleep" {
      + id     = (known after apply)
      + max    = 5
      + min    = 1
      + result = (known after apply)
    }

  # random_integer.sleep[23] will be created
  + resource "random_integer" "sleep" {
      + id     = (known after apply)
      + max    = 5
      + min    = 1
      + result = (known after apply)
    }

  # random_integer.sleep[24] will be created
  + resource "random_integer" "sleep" {
      + id     = (known after apply)
      + max    = 5
      + min    = 1
      + result = (known after apply)
    }

  # random_integer.sleep[25] will be created
  + resource "random_integer" "sleep" {
      + id     = (known after apply)
      + max    = 5
      + min    = 1
      + result = (known after apply)
    }

  # random_integer.sleep[26] will be created
  + resource "random_integer" "sleep" {
      + id     = (known after apply)
      + max    = 5
      + min    = 1
      + result = (known after apply)
    }

  # random_integer.sleep[27] will be created
  + resource "random_integer" "sleep" {
      + id     = (known after apply)
      + max    = 5
      + min    = 1
      + result = (known after apply)
    }

  # random_integer.sleep[28] will be created
  + resource "random_integer" "sleep" {
      + id     = (known after apply)
      + max    = 5
      + min    = 1
      + result = (known after apply)
    }

  # random_integer.sleep[29] will be created
  + resource "random_integer" "sleep" {
      + id     = (known after apply)
      + max    = 5
      + min    = 1
      + result = (known after apply)
    }

  # random_integer.sleep[30] will be created
  + resource "random_integer" "sleep" {
      + id     = (known after apply)
      + max    = 5
      + min    = 1
      + result = (known after apply)
    }

  # random_integer.sleep[31] will be created
  + resource "random_integer" "sleep" {
      + id     = (known after apply)
      + max    = 5
      + min    = 1
      + result = (known after apply)
    }

  # random_integer.sleep[32] will be created
  + resource "random_integer" "sleep" {
      + id     = (known after apply)
      + max    = 5
      + min    = 1
      + result = (known after apply)
    }

  # random_integer.sleep[33] will be created
  + resource "random_integer" "sleep" {
      + id     = (known after apply)
      + max    = 5
      + min    = 1
      + result = (known after apply)
    }

  # random_integer.sleep[34] will be created
  + resource "random_integer" "sleep" {
      + id     = (known after apply)
      + max    = 5
      + min    = 1
      + result = (known after apply)
    }

  # random_integer.sleep[35] will be created
  + resource "random_integer" "sleep" {
      + id     = (known after apply)
      + max    = 5
      + min    = 1
      + result = (known after apply)
    }

  # random_integer.sleep[36] will be created
  + resource "random_integer" "sleep" {
      + id     = (known after apply)
      + max    = 5
      + min    = 1
      + result = (known after apply)
    }

  # random_integer.sleep[37] will be created
  + resource "random_integer" "sleep" {
      + id     = (known after apply)
      + max    = 5
      + min    = 1
      + result = (known after apply)
    }

  # random_integer.sleep[38] will be created
  + resource "random_integer" "sleep" {
      + id     = (known after apply)
      + max    = 5
      + min    = 1
      + result = (known after apply)
    }

  # random_integer.sleep[39] will be created
  + resource "random_integer" "sleep" {
      + id     = (known after apply)
      + max    = 5
      + min    = 1
      + result = (known after apply)
    }

  # random_integer.sleep[40] will be created
  + resource "random_integer" "sleep" {
      + id     = (known after apply)
      + max    = 5
      + min    = 1
      + result = (known after apply)
    }

  # random_integer.sleep[41] will be created
  + resource "random_integer" "sleep" {
      + id     = (known after apply)
      + max    = 5
      + min    = 1
      + result = (known after apply)
    }

  # random_integer.sleep[42] will be created
  + resource "random_integer" "sleep" {
      + id     = (known after apply)
      + max    = 5
      + min    = 1
      + result = (known after apply)
    }

  # random_integer.sleep[43] will be created
  + resource "random_integer" "sleep" {
      + id     = (known after apply)
      + max    = 5
      + min    = 1
      + result = (known after apply)
    }

  # random_integer.sleep[44] will be created
  + resource "random_integer" "sleep" {
      + id     = (known after apply)
      + max    = 5
      + min    = 1
      + result = (known after apply)
    }

  # random_integer.sleep[45] will be created
  + resource "random_integer" "sleep" {
      + id     = (known after apply)
      + max    = 5
      + min    = 1
      + result = (known after apply)
    }

  # random_integer.sleep[46] will be created
  + resource "random_integer" "sleep" {
      + id     = (known after apply)
      + max    = 5
      + min    = 1
      + result = (known after apply)
    }

  # random_integer.sleep[47] will be created
  + resource "random_integer" "sleep" {
      + id     = (known after apply)
      + max    = 5
      + min    = 1
      + result = (known after apply)
    }

  # random_integer.sleep[48] will be created
  + resource "random_integer" "sleep" {
      + id     = (known after apply)
      + max    = 5
      + min    = 1
      + result = (known after apply)
    }

  # random_integer.sleep[49] will be created
  + resource "random_integer" "sleep" {
      + id     = (known after apply)
      + max    = 5
      + min    = 1
      + result = (known after apply)
    }

  # random_integer.sleep[50] will be created
  + resource "random_integer" "sleep" {
      + id     = (known after apply)
      + max    = 5
      + min    = 1
      + result = (known after apply)
    }

  # random_integer.sleep[51] will be created
  + resource "random_integer" "sleep" {
      + id     = (known after apply)
      + max    = 5
      + min    = 1
      + result = (known after apply)
    }

  # random_integer.sleep[52] will be created
  + resource "random_integer" "sleep" {
      + id     = (known after apply)
      + max    = 5
      + min    = 1
      + result = (known after apply)
    }

  # random_integer.sleep[53] will be created
  + resource "random_integer" "sleep" {
      + id     = (known after apply)
      + max    = 5
      + min    = 1
      + result = (known after apply)
    }

  # random_integer.sleep[54] will be created
  + resource "random_integer" "sleep" {
      + id     = (known after apply)
      + max    = 5
      + min    = 1
      + result = (known after apply)
    }

  # random_integer.sleep[55] will be created
  + resource "random_integer" "sleep" {
      + id     = (known after apply)
      + max    = 5
      + min    = 1
      + result = (known after apply)
    }

  # random_integer.sleep[56] will be created
  + resource "random_integer" "sleep" {
      + id     = (known after apply)
      + max    = 5
      + min    = 1
      + result = (known after apply)
    }

  # random_integer.sleep[57] will be created
  + resource "random_integer" "sleep" {
      + id     = (known after apply)
      + max    = 5
      + min    = 1
      + result = (known after apply)
    }

  # random_integer.sleep[58] will be created
  + resource "random_integer" "sleep" {
      + id     = (known after apply)
      + max    = 5
      + min    = 1
      + result = (known after apply)
    }

  # random_integer.sleep[59] will be created
  + resource "random_integer" "sleep" {
      + id     = (known after apply)
      + max    = 5
      + min    = 1
      + result = (known after apply)
    }

  # random_integer.sleep[60] will be created
  + resource "random_integer" "sleep" {
      + id     = (known after apply)
      + max    = 5
      + min    = 1
      + result = (known after apply)
    }

  # random_integer.sleep[61] will be created
  + resource "random_integer" "sleep" {
      + id     = (known after apply)
      + max    = 5
      + min    = 1
      + result = (known after apply)
    }

  # random_integer.sleep[62] will be created
  + resource "random_integer" "sleep" {
      + id     = (known after apply)
      + max    = 5
      + min    = 1
      + result = (known after apply)
    }

  # random_integer.sleep[63] will be created
  + resource "random_integer" "sleep" {
      + id     = (known after apply)
      + max    = 5
      + min    = 1
      + result = (known after apply)
    }

  # random_integer.sleep[64] will be created
  + resource "random_integer" "sleep" {
      + id     = (known after apply)
      + max    = 5
      + min    = 1
      + result = (known after apply)
    }

  # random_integer.sleep[65] will be created
  + resource "random_integer" "sleep" {
      + id     = (known after apply)
      + max    = 5
      + min    = 1
      + result = (known after apply)
    }

  # random_integer.sleep[66] will be created
  + resource "random_integer" "sleep" {
      + id     = (known after apply)
      + max    = 5
      + min    = 1
      + result = (known after apply)
    }

  # random_integer.sleep[67] will be created
  + resource "random_integer" "sleep" {
      + id     = (known after apply)
      + max    = 5
      + min    = 1
      + result = (known after apply)
    }

  # random_integer.sleep[68] will be created
  + resource "random_integer" "sleep" {
      + id     = (known after apply)
      + max    = 5
      + min    = 1
      + result = (known after apply)
    }

  # random_integer.sleep[69] will be created
  + resource "random_integer" "sleep" {
      + id     = (known after apply)
      + max    = 5
      + min    = 1
      + result = (known after apply)
    }

  # random_integer.sleep[70] will be created
  + resource "random_integer" "sleep" {
      + id     = (known after apply)
      + max    = 5
      + min    = 1
      + result = (known after apply)
    }

  # random_integer.sleep[71] will be created
  + resource "random_integer" "sleep" {
      + id     = (known after apply)
      + max    = 5
      + min    = 1
      + result = (known after apply)
    }

  # random_integer.sleep[72] will be created
  + resource "random_integer" "sleep" {
      + id     = (known after apply)
      + max    = 5
      + min    = 1
      + result = (known after apply)
    }

  # random_integer.sleep[73] will be created
  + resource "random_integer" "sleep" {
      + id     = (known after apply)
      + max    = 5
      + min    = 1
      + result = (known after apply)
    }

  # random_integer.sleep[74] will be created
  + resource "random_integer" "sleep" {
      + id     = (known after apply)
      + max    = 5
      + min    = 1
      + result = (known after apply)
    }

  # random_integer.sleep[75] will be created
  + resource "random_integer" "sleep" {
      + id     = (known after apply)
      + max    = 5
      + min    = 1
      + result = (known after apply)
    }

  # random_integer.sleep[76] will be created
  + resource "random_integer" "sleep" {
      + id     = (known after apply)
      + max    = 5
      + min    = 1
      + result = (known after apply)
    }

  # random_integer.sleep[77] will be created
  + resource "random_integer" "sleep" {
      + id     = (known after apply)
      + max    = 5
      + min    = 1
      + result = (known after apply)
    }

  # random_integer.sleep[78] will be created
  + resource "random_integer" "sleep" {
      + id     = (known after apply)
      + max    = 5
      + min    = 1
      + result = (known after apply)
    }

  # random_integer.sleep[79] will be created
  + resource "random_integer" "sleep" {
      + id     = (known after apply)
      + max    = 5
      + min    = 1
      + result = (known after apply)
    }

  # random_integer.sleep[80] will be created
  + resource "random_integer" "sleep" {
      + id     = (known after apply)
      + max    = 5
      + min    = 1
      + result = (known after apply)
    }

  # random_integer.sleep[81] will be created
  + resource "random_integer" "sleep" {
      + id     = (known after apply)
      + max    = 5
      + min    = 1
      + result = (known after apply)
    }

  # random_integer.sleep[82] will be created
  + resource "random_integer" "sleep" {
      + id     = (known after apply)
      + max    = 5
      + min    = 1
      + result = (known after apply)
    }

  # random_integer.sleep[83] will be created
  + resource "random_integer" "sleep" {
      + id     = (known after apply)
      + max    = 5
      + min    = 1
      + result = (known after apply)
    }

  # random_integer.sleep[84] will be created
  + resource "random_integer" "sleep" {
      + id     = (known after apply)
      + max    = 5
      + min    = 1
      + result = (known after apply)
    }

  # random_integer.sleep[85] will be created
  + resource "random_integer" "sleep" {
      + id     = (known after apply)
      + max    = 5
      + min    = 1
      + result = (known after apply)
    }

  # random_integer.sleep[86] will be created
  + resource "random_integer" "sleep" {
      + id     = (known after apply)
      + max    = 5
      + min    = 1
      + result = (known after apply)
    }

  # random_integer.sleep[87] will be created
  + resource "random_integer" "sleep" {
      + id     = (known after apply)
      + max    = 5
      + min    = 1
      + result = (known after apply)
    }

  # random_integer.sleep[88] will be created
  + resource "random_integer" "sleep" {
      + id     = (known after apply)
      + max    = 5
      + min    = 1
      + result = (known after apply)
    }

  # random_integer.sleep[89] will be created
  + resource "random_integer" "sleep" {
      + id     = (known after apply)
      + max    = 5
      + min    = 1
      + result = (known after apply)
    }

  # random_integer.sleep[90] will be created
  + resource "random_integer" "sleep" {
      + id     = (known after apply)
      + max    = 5
      + min    = 1
      + result = (known after apply)
    }

  # random_integer.sleep[91] will be created
  + resource "random_integer" "sleep" {
      + id     = (known after apply)
      + max    = 5
      + min    = 1
      + result = (known after apply)
    }

  # random_integer.sleep[92] will be created
  + resource "random_integer" "sleep" {
      + id     = (known after apply)
      + max    = 5
      + min    = 1
      + result = (known after apply)
    }

  # random_integer.sleep[93] will be created
  + resource "random_integer" "sleep" {
      + id     = (known after apply)
      + max    = 5
      + min    = 1
      + result = (known after apply)
    }

  # random_integer.sleep[94] will be created
  + resource "random_integer" "sleep" {
      + id     = (known after apply)
      + max    = 5
      + min    = 1
      + result = (known after apply)
    }

  # random_integer.sleep[95] will be created
  + resource "random_integer" "sleep" {
      + id     = (known after apply)
      + max    = 5
      + min    = 1
      + result = (known after apply)
    }

  # random_integer.sleep[96] will be created
  + resource "random_integer" "sleep" {
      + id     = (known after apply)
      + max    = 5
      + min    = 1
      + result = (known after apply)
    }

  # random_integer.sleep[97] will be created
  + resource "random_integer" "sleep" {
      + id     = (known after apply)
      + max    = 5
      + min    = 1
      + result = (known after apply)
    }

  # random_integer.sleep[98] will be created
  + resource "random_integer" "sleep" {
      + id     = (known after apply)
      + max    = 5
      + min    = 1
      + result = (known after apply)
    }

  # random_integer.sleep[99] will be created
  + resource "random_integer" "sleep" {
      + id     = (known after apply)
      + max    = 5
      + min    = 1
      + result = (known after apply)
    }

  # random_integer.sleep[100] will be created
  + resource "random_integer" "sleep" {
      + id     = (known after apply)
      + max    = 5
      + min    = 1
      + result = (known after apply)
    }

  # random_integer.sleep[101] will be created
  + resource "random_integer" "sleep" {
      + id     = (known after apply)
      + max    = 5
      + min    = 1
      + result = (known after apply)
    }

  # random_integer.sleep[102] will be created
  + resource "random_integer" "sleep" {
      + id     = (known after apply)
      + max    = 5
      + min    = 1
      + result = (known after apply)
    }

  # random_integer.sleep[103] will be created
  + resource "random_integer" "sleep" {
      + id     = (known after apply)
      + max    = 5
      + min    = 1
      + result = (known after apply)
    }

  # random_integer.sleep[104] will be created
  + resource "random_integer" "sleep" {
      + id     = (known after apply)
      + max    = 5
      + min    = 1
      + result = (known after apply)
    }

  # random_integer.sleep[105] will be created
  + resource "random_integer" "sleep" {
      + id     = (known after apply)
      + max    = 5
      + min    = 1
      + result = (known after apply)
    }

  # random_integer.sleep[106] will be created
  + resource "random_integer" "sleep" {
      + id     = (known after apply)
      + max    = 5
      + min    = 1
      + result = (known after apply)
    }

  # random_integer.sleep[107] will be created
  + resource "random_integer" "sleep" {
      + id     = (known after apply)
      + max    = 5
      + min    = 1
      + result = (known after apply)
    }

  # random_integer.sleep[108] will be created
  + resource "random_integer" "sleep" {
      + id     = (known after apply)
      + max    = 5
      + min    = 1
      + result = (known after apply)
    }

  # random_integer.sleep[109] will be created
  + resource "random_integer" "sleep" {
      + id     = (known after apply)
      + max    = 5
      + min    = 1
      + result = (known after apply)
    }

  # random_integer.sleep[110] will be created
  + resource "random_integer" "sleep" {
      + id     = (known after apply)
      + max    = 5
      + min    = 1
      + result = (known after apply)
    }

  # random_integer.sleep[111] will be created
  + resource "random_integer" "sleep" {
      + id     = (known after apply)
      + max    = 5
      + min    = 1
      + result = (known after apply)
    }

  # random_integer.sleep[112] will be created
  + resource "random_integer" "sleep" {
      + id     = (known after apply)
      + max    = 5
      + min    = 1
      + result = (known after apply)
    }

  # random_integer.sleep[113] will be created
  + resource "random_integer" "sleep" {
      + id     = (known after apply)
      + max    = 5
      + min    = 1
      + result = (known after apply)
    }

  # random_integer.sleep[114] will be created
  + resource "random_integer" "sleep" {
      + id     = (known after apply)
      + max    = 5
      + min    = 1
      + result = (known after apply)
    }

  # random_integer.sleep[115] will be created
  + resource "random_integer" "sleep" {
      + id     = (known after apply)
      + max    = 5
      + min    = 1
      + result = (known after apply)
    }

  # random_integer.sleep[116] will be created
  + resource "random_integer" "sleep" {
      + id     = (known after apply)
      + max    = 5
      + min    = 1
      + result = (known after apply)
    }

  # random_integer.sleep[117] will be created
  + resource "random_integer" "sleep" {
      + id     = (known after apply)
      + max    = 5
      + min    = 1
      + result = (known after apply)
    }

  # random_integer.sleep[118] will be created
  + resource "random_integer" "sleep" {
      + id     = (known after apply)
      + max    = 5
      + min    = 1
      + result = (known after apply)
    }

  # random_integer.sleep[119] will be created
  + resource "random_integer" "sleep" {
      + id     = (known after apply)
      + max    = 5
      + min    = 1
      + result = (known after apply)
    }

  # random_integer.sleep[120] will be created
  + resource "random_integer" "sleep" {
      + id     = (known after apply)
      + max    = 5
      + min    = 1
      + result = (known after apply)
    }

  # random_integer.sleep[121] will be created
  + resource "random_integer" "sleep" {
      + id     = (known after apply)
      + max    = 5
      + min    = 1
      + result = (known after apply)
    }

  # random_integer.sleep[122] will be created
  + resource "random_integer" "sleep" {
      + id     = (known after apply)
      + max    = 5
      + min    = 1
      + result = (known after apply)
    }

  # random_integer.sleep[123] will be created
  + resource "random_integer" "sleep" {
      + id     = (known after apply)
      + max    = 5
      + min    = 1
      + result = (known after apply)
    }

  # random_integer.sleep[124] will be created
  + resource "random_integer" "sleep" {
      + id     = (known after apply)
      + max    = 5
      + min    = 1
      + result = (known after apply)
    }

  # random_integer.sleep[125] will be created
  + resource "random_integer" "sleep" {
      + id     = (known after apply)
      + max    = 5
      + min    = 1
      + result = (known after apply)
    }

  # random_integer.sleep[126] will be created
  + resource "random_integer" "sleep" {
      + id     = (known after apply)
      + max    = 5
      + min    = 1
      + result = (known after apply)
    }

  # random_integer.sleep[127] will be created
  + resource "random_integer" "sleep" {
      + id     = (known after apply)
      + max    = 5
      + min    = 1
      + result = (known after apply)
    }

  # random_integer.sleep[128] will be created
  + resource "random_integer" "sleep" {
      + id     = (known after apply)
      + max    = 5
      + min    = 1
      + result = (known after apply)
    }

  # random_integer.sleep[129] will be created
  + resource "random_integer" "sleep" {
      + id     = (known after apply)
      + max    = 5
      + min    = 1
      + result = (known after apply)
    }

  # random_integer.sleep[130] will be created
  + resource "random_integer" "sleep" {
      + id     = (known after apply)
      + max    = 5
      + min    = 1
      + result = (known after apply)
    }

  # random_integer.sleep[131] will be created
  + resource "random_integer" "sleep" {
      + id     = (known after apply)
      + max    = 5
      + min    = 1
      + result = (known after apply)
    }

  # random_integer.sleep[132] will be created
  + resource "random_integer" "sleep" {
      + id     = (known after apply)
      + max    = 5
      + min    = 1
      + result = (known after apply)
    }

  # random_integer.sleep[133] will be created
  + resource "random_integer" "sleep" {
      + id     = (known after apply)
      + max    = 5
      + min    = 1
      + result = (known after apply)
    }

  # random_integer.sleep[134] will be created
  + resource "random_integer" "sleep" {
      + id     = (known after apply)
      + max    = 5
      + min    = 1
      + result = (known after apply)
    }

  # random_integer.sleep[135] will be created
  + resource "random_integer" "sleep" {
      + id     = (known after apply)
      + max    = 5
      + min    = 1
      + result = (known after apply)
    }

  # random_integer.sleep[136] will be created
  + resource "random_integer" "sleep" {
      + id     = (known after apply)
      + max    = 5
      + min    = 1
      + result = (known after apply)
    }

  # random_integer.sleep[137] will be created
  + resource "random_integer" "sleep" {
      + id     = (known after apply)
      + max    = 5
      + min    = 1
      + result = (known after apply)
    }

  # random_integer.sleep[138] will be created
  + resource "random_integer" "sleep" {
      + id     = (known after apply)
      + max    = 5
      + min    = 1
      + result = (known after apply)
    }

  # random_integer.sleep[139] will be created
  + resource "random_integer" "sleep" {
      + id     = (known after apply)
      + max    = 5
      + min    = 1
      + result = (known after apply)
    }

  # random_integer.sleep[140] will be created
  + resource "random_integer" "sleep" {
      + id     = (known after apply)
      + max    = 5
      + min    = 1
      + result = (known after apply)
    }

  # random_integer.sleep[141] will be created
  + resource "random_integer" "sleep" {
      + id     = (known after apply)
      + max    = 5
      + min    = 1
      + result = (known after apply)
    }

  # random_integer.sleep[142] will be created
  + resource "random_integer" "sleep" {
      + id     = (known after apply)
      + max    = 5
      + min    = 1
      + result = (known after apply)
    }

  # random_integer.sleep[143] will be created
  + resource "random_integer" "sleep" {
      + id     = (known after apply)
      + max    = 5
      + min    = 1
      + result = (known after apply)
    }

  # random_integer.sleep[144] will be created
  + resource "random_integer" "sleep" {
      + id     = (known after apply)
      + max    = 5
      + min    = 1
      + result = (known after apply)
    }

  # random_integer.sleep[145] will be created
  + resource "random_integer" "sleep" {
      + id     = (known after apply)
      + max    = 5
      + min    = 1
      + result = (known after apply)
    }

  # random_integer.sleep[146] will be created
  + resource "random_integer" "sleep" {
      + id     = (known after apply)
      + max    = 5
      + min    = 1
      + result = (known after apply)
    }

  # random_integer.sleep[147] will be created
  + resource "random_integer" "sleep" {
      + id     = (known after apply)
      + max    = 5
      + min    = 1
      + result = (known after apply)
    }

  # random_integer.sleep[148] will be created
  + resource "random_integer" "sleep" {
      + id     = (known after apply)
      + max    = 5
      + min    = 1
      + result = (known after apply)
    }

  # random_integer.sleep[149] will be created
  + resource "random_integer" "sleep" {
      + id     = (known after apply)
      + max    = 5
      + min    = 1
      + result = (known after apply)
    }

  # random_integer.sleep[150] will be created
  + resource "random_integer" "sleep" {
      + id     = (known after apply)
      + max    = 5
      + min    = 1
      + result = (known after apply)
    }

  # random_integer.sleep[151] will be created
  + resource "random_integer" "sleep" {
      + id     = (known after apply)
      + max    = 5
      + min    = 1
      + result = (known after apply)
    }

  # random_integer.sleep[152] will be created
  + resource "random_integer" "sleep" {
      + id     = (known after apply)
      + max    = 5
      + min    = 1
      + result = (known after apply)
    }

  # random_integer.sleep[153] will be created
  + resource "random_integer" "sleep" {
      + id     = (known after apply)
      + max    = 5
      + min    = 1
      + result = (known after apply)
    }

  # random_integer.sleep[154] will be created
  + resource "random_integer" "sleep" {
      + id     = (known after apply)
      + max    = 5
      + min    = 1
      + result = (known after apply)
    }

  # random_integer.sleep[155] will be created
  + resource "random_integer" "sleep" {
      + id     = (known after apply)
      + max    = 5
      + min    = 1
      + result = (known after apply)
    }

  # random_integer.sleep[156] will be created
  + resource "random_integer" "sleep" {
      + id     = (known after apply)
      + max    = 5
      + min    = 1
      + result = (known after apply)
    }

  # random_integer.sleep[157] will be created
  + resource "random_integer" "sleep" {
      + id     = (known after apply)
      + max    = 5
      + min    = 1
      + result = (known after apply)
    }

  # random_integer.sleep[158] will be created
  + resource "random_integer" "sleep" {
      + id     = (known after apply)
      + max    = 5
      + min    = 1
      + result = (known after apply)
    }

  # random_integer.sleep[159] will be created
  + resource "random_integer" "sleep" {
      + id     = (known after apply)
      + max    = 5
      + min    = 1
      + result = (known after apply)
    }

  # random_integer.sleep[160] will be created
  + resource "random_integer" "sleep" {
      + id     = (known after apply)
      + max    = 5
      + min    = 1
      + result = (known after apply)
    }

  # random_integer.sleep[161] will be created
  + resource "random_integer" "sleep" {
      + id     = (known after apply)
      + max    = 5
      + min    = 1
      + result = (known after apply)
    }

  # random_integer.sleep[162] will be created
  + resource "random_integer" "sleep" {
      + id     = (known after apply)
      + max    = 5
      + min    = 1
      + result = (known after apply)
    }

  # random_integer.sleep[163] will be created
  + resource "random_integer" "sleep" {
      + id     = (known after apply)
      + max    = 5
      + min    = 1
      + result = (known after apply)
    }

  # random_integer.sleep[164] will be created
  + resource "random_integer" "sleep" {
      + id     = (known after apply)
      + max    = 5
      + min    = 1
      + result = (known after apply)
    }

  # random_integer.sleep[165] will be created
  + resource "random_integer" "sleep" {
      + id     = (known after apply)
      + max    = 5
      + min    = 1
      + result = (known after apply)
    }

  # random_integer.sleep[166] will be created
  + resource "random_integer" "sleep" {
      + id     = (known after apply)
      + max    = 5
      + min    = 1
      + result = (known after apply)
    }

  # random_integer.sleep[167] will be created
  + resource "random_integer" "sleep" {
      + id     = (known after apply)
      + max    = 5
      + min    = 1
      + result = (known after apply)
    }

  # random_integer.sleep[168] will be created
  + resource "random_integer" "sleep" {
      + id     = (known after apply)
      + max    = 5
      + min    = 1
      + result = (known after apply)
    }

  # random_integer.sleep[169] will be created
  + resource "random_integer" "sleep" {
      + id     = (known after apply)
      + max    = 5
      + min    = 1
      + result = (known after apply)
    }

  # random_integer.sleep[170] will be created
  + resource "random_integer" "sleep" {
      + id     = (known after apply)
      + max    = 5
      + min    = 1
      + result = (known after apply)
    }

  # random_integer.sleep[171] will be created
  + resource "random_integer" "sleep" {
      + id     = (known after apply)
      + max    = 5
      + min    = 1
      + result = (known after apply)
    }

  # random_integer.sleep[172] will be created
  + resource "random_integer" "sleep" {
      + id     = (known after apply)
      + max    = 5
      + min    = 1
      + result = (known after apply)
    }

  # random_integer.sleep[173] will be created
  + resource "random_integer" "sleep" {
      + id     = (known after apply)
      + max    = 5
      + min    = 1
      + result = (known after apply)
    }

  # random_integer.sleep[174] will be created
  + resource "random_integer" "sleep" {
      + id     = (known after apply)
      + max    = 5
      + min    = 1
      + result = (known after apply)
    }

  # random_integer.sleep[175] will be created
  + resource "random_integer" "sleep" {
      + id     = (known after apply)
      + max    = 5
      + min    = 1
      + result = (known after apply)
    }

  # random_integer.sleep[176] will be created
  + resource "random_integer" "sleep" {
      + id     = (known after apply)
      + max    = 5
      + min    = 1
      + result = (known after apply)
    }

  # random_integer.sleep[177] will be created
  + resource "random_integer" "sleep" {
      + id     = (known after apply)
      + max    = 5
      + min    = 1
      + result = (known after apply)
    }

  # random_integer.sleep[178] will be created
  + resource "random_integer" "sleep" {
      + id     = (known after apply)
      + max    = 5
      + min    = 1
      + result = (known after apply)
    }

  # random_integer.sleep[179] will be created
  + resource "random_integer" "sleep" {
      + id     = (known after apply)
      + max    = 5
      + min    = 1
      + result = (known after apply)
    }

  # random_integer.sleep[180] will be created
  + resource "random_integer" "sleep" {
      + id     = (known after apply)
      + max    = 5
      + min    = 1
      + result = (known after apply)
    }

  # random_integer.sleep[181] will be created
  + resource "random_integer" "sleep" {
      + id     = (known after apply)
      + max    = 5
      + min    = 1
      + result = (known after apply)
    }

  # random_integer.sleep[182] will be created
  + resource "random_integer" "sleep" {
      + id     = (known after apply)
      + max    = 5
      + min    = 1
      + result = (known after apply)
    }

  # random_integer.sleep[183] will be created
  + resource "random_integer" "sleep" {
      + id     = (known after apply)
      + max    = 5
      + min    = 1
      + result = (known after apply)
    }

  # random_integer.sleep[184] will be created
  + resource "random_integer" "sleep" {
      + id     = (known after apply)
      + max    = 5
      + min    = 1
      + result = (known after apply)
    }

  # random_integer.sleep[185] will be created
  + resource "random_integer" "sleep" {
      + id     = (known after apply)
      + max    = 5
      + min    = 1
      + result = (known after apply)
    }

  # random_integer.sleep[186] will be created
  + resource "random_integer" "sleep" {
      + id     = (known after apply)
      + max    = 5
      + min    = 1
      + result = (known after apply)
    }

  # random_integer.sleep[187] will be created
  + resource "random_integer" "sleep" {
      + id     = (known after apply)
      + max    = 5
      + min    = 1
      + result = (known after apply)
    }

  # random_integer.sleep[188] will be created
  + resource "random_integer" "sleep" {
      + id     = (known after apply)
      + max    = 5
      + min    = 1
      + result = (known after apply)
    }

  # random_integer.sleep[189] will be created
  + resource "random_integer" "sleep" {
      + id     = (known after apply)
      + max    = 5
      + min    = 1
      + result = (known after apply)
    }

  # random_integer.sleep[190] will be created
  + resource "random_integer" "sleep" {
      + id     = (known after apply)
      + max    = 5
      + min    = 1
      + result = (known after apply)
    }

  # random_integer.sleep[191] will be created
  + resource "random_integer" "sleep" {
      + id     = (known after apply)
      + max    = 5
      + min    = 1
      + result = (known after apply)
    }

  # random_integer.sleep[192] will be created
  + resource "random_integer" "sleep" {
      + id     = (known after apply)
      + max    = 5
      + min    = 1
      + result = (known after apply)
    }

  # random_integer.sleep[193] will be created
  + resource "random_integer" "sleep" {
      + id     = (known after apply)
      + max    = 5
      + min    = 1
      + result = (known after apply)
    }

  # random_integer.sleep[194] will be created
  + resource "random_integer" "sleep" {
      + id     = (known after apply)
      + max    = 5
      + min    = 1
      + result = (known after apply)
    }

  # random_integer.sleep[195] will be created
  + resource "random_integer" "sleep" {
      + id     = (known after apply)
      + max    = 5
      + min    = 1
      + result = (known after apply)
    }

  # random_integer.sleep[196] will be created
  + resource "random_integer" "sleep" {
      + id     = (known after apply)
      + max    = 5
      + min    = 1
      + result = (known after apply)
    }

  # random_integer.sleep[197] will be created
  + resource "random_integer" "sleep" {
      + id     = (known after apply)
      + max    = 5
      + min    = 1
      + result = (known after apply)
    }

  # random_integer.sleep[198] will be created
  + resource "random_integer" "sleep" {
      + id     = (known after apply)
      + max    = 5
      + min    = 1
      + result = (known after apply)
    }

  # random_integer.sleep[199] will be created
  + resource "random_integer" "sleep" {
      + id     = (known after apply)
      + max    = 5
      + min    = 1
      + result = (known after apply)
    }

  # random_integer.sleep[200] will be created
  + resource "random_integer" "sleep" {
      + id     = (known after apply)
      + max    = 5
      + min    = 1
      + result = (known after apply)
    }

  # random_integer.sleep[201] will be created
  + resource "random_integer" "sleep" {
      + id     = (known after apply)
      + max    = 5
      + min    = 1
      + result = (known after apply)
    }

  # random_integer.sleep[202] will be created
  + resource "random_integer" "sleep" {
      + id     = (known after apply)
      + max    = 5
      + min    = 1
      + result = (known after apply)
    }

  # random_integer.sleep[203] will be created
  + resource "random_integer" "sleep" {
      + id     = (known after apply)
      + max    = 5
      + min    = 1
      + result = (known after apply)
    }

  # random_integer.sleep[204] will be created
  + resource "random_integer" "sleep" {
      + id     = (known after apply)
      + max    = 5
      + min    = 1
      + result = (known after apply)
    }

  # random_integer.sleep[205] will be created
  + resource "random_integer" "sleep" {
      + id     = (known after apply)
      + max    = 5
      + min    = 1
      + result = (known after apply)
    }

  # random_integer.sleep[206] will be created
  + resource "random_integer" "sleep" {
      + id     = (known after apply)
      + max    = 5
      + min    = 1
      + result = (known after apply)
    }

  # random_integer.sleep[207] will be created
  + resource "random_integer" "sleep" {
      + id     = (known after apply)
      + max    = 5
      + min    = 1
      + result = (known after apply)
    }

  # random_integer.sleep[208] will be created
  + resource "random_integer" "sleep" {
      + id     = (known after apply)
      + max    = 5
      + min    = 1
      + result = (known after apply)
    }

  # random_integer.sleep[209] will be created
  + resource "random_integer" "sleep" {
      + id     = (known after apply)
      + max    = 5
      + min    = 1
      + result = (known after apply)
    }

  # random_integer.sleep[210] will be created
  + resource "random_integer" "sleep" {
      + id     = (known after apply)
      + max    = 5
      + min    = 1
      + result = (known after apply)
    }

  # random_integer.sleep[211] will be created
  + resource "random_integer" "sleep" {
      + id     = (known after apply)
      + max    = 5
      + min    = 1
      + result = (known after apply)
    }

  # random_integer.sleep[212] will be created
  + resource "random_integer" "sleep" {
      + id     = (known after apply)
      + max    = 5
      + min    = 1
      + result = (known after apply)
    }

  # random_integer.sleep[213] will be created
  + resource "random_integer" "sleep" {
      + id     = (known after apply)
      + max    = 5
      + min    = 1
      + result = (known after apply)
    }

  # random_integer.sleep[214] will be created
  + resource "random_integer" "sleep" {
      + id     = (known after apply)
      + max    = 5
      + min    = 1
      + result = (known after apply)
    }

  # random_integer.sleep[215] will be created
  + resource "random_integer" "sleep" {
      + id     = (known after apply)
      + max    = 5
      + min    = 1
      + result = (known after apply)
    }

  # random_integer.sleep[216] will be created
  + resource "random_integer" "sleep" {
      + id     = (known after apply)
      + max    = 5
      + min    = 1
      + result = (known after apply)
    }

  # random_integer.sleep[217] will be created
  + resource "random_integer" "sleep" {
      + id     = (known after apply)
      + max    = 5
      + min    = 1
      + result = (known after apply)
    }

  # random_integer.sleep[218] will be created
  + resource "random_integer" "sleep" {
      + id     = (known after apply)
      + max    = 5
      + min    = 1
      + result = (known after apply)
    }

  # random_integer.sleep[219] will be created
  + resource "random_integer" "sleep" {
      + id     = (known after apply)
      + max    = 5
      + min    = 1
      + result = (known after apply)
    }

  # random_integer.sleep[220] will be created
  + resource "random_integer" "sleep" {
      + id     = (known after apply)
      + max    = 5
      + min    = 1
      + result = (known after apply)
    }

  # random_integer.sleep[221] will be created
  + resource "random_integer" "sleep" {
      + id     = (known after apply)
      + max    = 5
      + min    = 1
      + result = (known after apply)
    }

  # random_integer.sleep[222] will be created
  + resource "random_integer" "sleep" {
      + id     = (known after apply)
      + max    = 5
      + min    = 1
      + result = (known after apply)
    }

  # random_integer.sleep[223] will be created
  + resource "random_integer" "sleep" {
      + id     = (known after apply)
      + max    = 5
      + min    = 1
      + result = (known after apply)
    }

  # random_integer.sleep[224] will be created
  + resource "random_integer" "sleep" {
      + id     = (known after apply)
      + max    = 5
      + min    = 1
      + result = (known after apply)
    }

  # random_integer.sleep[225] will be created
  + resource "random_integer" "sleep" {
      + id     = (known after apply)
      + max    = 5
      + min    = 1
      + result = (known after apply)
    }

  # random_integer.sleep[226] will be created
  + resource "random_integer" "sleep" {
      + id     = (known after apply)
      + max    = 5
      + min    = 1
      + result = (known after apply)
    }

  # random_integer.sleep[227] will be created
  + resource "random_integer" "sleep" {
      + id     = (known after apply)
      + max    = 5
      + min    = 1
      + result = (known after apply)
    }

  # random_integer.sleep[228] will be created
  + resource "random_integer" "sleep" {
      + id     = (known after apply)
      + max    = 5
      + min    = 1
      + result = (known after apply)
    }

  # random_integer.sleep[229] will be created
  + resource "random_integer" "sleep" {
      + id     = (known after apply)
      + max    = 5
      + min    = 1
      + result = (known after apply)
    }

  # random_integer.sleep[230] will be created
  + resource "random_integer" "sleep" {
      + id     = (known after apply)
      + max    = 5
      + min    = 1
      + result = (known after apply)
    }

  # random_integer.sleep[231] will be created
  + resource "random_integer" "sleep" {
      + id     = (known after apply)
      + max    = 5
      + min    = 1
      + result = (known after apply)
    }

  # random_integer.sleep[232] will be created
  + resource "random_integer" "sleep" {
      + id     = (known after apply)
      + max    = 5
      + min    = 1
      + result = (known after apply)
    }

  # random_integer.sleep[233] will be created
  + resource "random_integer" "sleep" {
      + id     = (known after apply)
      + max    = 5
      + min    = 1
      + result = (known after apply)
    }

  # random_integer.sleep[234] will be created
  + resource "random_integer" "sleep" {
      + id     = (known after apply)
      + max    = 5
      + min    = 1
      + result = (known after apply)
    }

  # random_integer.sleep[235] will be created
  + resource "random_integer" "sleep" {
      + id     = (known after apply)
      + max    = 5
      + min    = 1
      + result = (known after apply)
    }

  # random_integer.sleep[236] will be created
  + resource "random_integer" "sleep" {
      + id     = (known after apply)
      + max    = 5
      + min    = 1
      + result = (known after apply)
    }

  # random_integer.sleep[237] will be created
  + resource "random_integer" "sleep" {
      + id     = (known after apply)
      + max    = 5
      + min    = 1
      + result = (known after apply)
    }

  # random_integer.sleep[238] will be created
  + resource "random_integer" "sleep" {
      + id     = (known after apply)
      + max    = 5
      + min    = 1
      + result = (known after apply)
    }

  # random_integer.sleep[239] will be created
  + resource "random_integer" "sleep" {
      + id     = (known after apply)
      + max    = 5
      + min    = 1
      + result = (known after apply)
    }

  # random_integer.sleep[240] will be created
  + resource "random_integer" "sleep" {
      + id     = (known after apply)
      + max    = 5
      + min    = 1
      + result = (known after apply)
    }

  # random_integer.sleep[241] will be created
  + resource "random_integer" "sleep" {
      + id     = (known after apply)
      + max    = 5
      + min    = 1
      + result = (known after apply)
    }

  # random_integer.sleep[242] will be created
  + resource "random_integer" "sleep" {
      + id     = (known after apply)
      + max    = 5
      + min    = 1
      + result = (known after apply)
    }

  # random_integer.sleep[243] will be created
  + resource "random_integer" "sleep" {
      + id     = (known after apply)
      + max    = 5
      + min    = 1
      + result = (known after apply)
    }

  # random_integer.sleep[244] will be created
  + resource "random_integer" "sleep" {
      + id     = (known after apply)
      + max    = 5
      + min    = 1
      + result = (known after apply)
    }

  # random_integer.sleep[245] will be created
  + resource "random_integer" "sleep" {
      + id     = (known after apply)
      + max    = 5
      + min    = 1
      + result = (known after apply)
    }

  # random_integer.sleep[246] will be created
  + resource "random_integer" "sleep" {
      + id     = (known after apply)
      + max    = 5
      + min    = 1
      + result = (known after apply)
    }

  # random_integer.sleep[247] will be created
  + resource "random_integer" "sleep" {
      + id     = (known after apply)
      + max    = 5
      + min    = 1
      + result = (known after apply)
    }

  # random_integer.sleep[248] will be created
  + resource "random_integer" "sleep" {
      + id     = (known after apply)
      + max    = 5
      + min    = 1
      + result = (known after apply)
    }

  # random_integer.sleep[249] will be created
  + resource "random_integer" "sleep" {
      + id     = (known after apply)
      + max    = 5
      + min    = 1
      + result = (known after apply)
    }

  # random_integer.sleep[250] will be created
  + resource "random_integer" "sleep" {
      + id     = (known after apply)
      + max    = 5
      + min    = 1
      + result = (known after apply)
    }

  # random_integer.sleep[251] will be created
  + resource "random_integer" "sleep" {
      + id     = (known after apply)
      + max    = 5
      + min    = 1
      + result = (known after apply)
    }

  # random_integer.sleep[252] will be created
  + resource "random_integer" "sleep" {
      + id     = (known after apply)
      + max    = 5
      + min    = 1
      + result = (known after apply)
    }

  # random_integer.sleep[253] will be created
  + resource "random_integer" "sleep" {
      + id     = (known after apply)
      + max    = 5
      + min    = 1
      + result = (known after apply)
    }

  # random_integer.sleep[254] will be created
  + resource "random_integer" "sleep" {
      + id     = (known after apply)
      + max    = 5
      + min    = 1
      + result = (known after apply)
    }

  # random_integer.sleep[255] will be created
  + resource "random_integer" "sleep" {
      + id     = (known after apply)
      + max    = 5
      + min    = 1
      + result = (known after apply)
    }

  # random_integer.sleep[256] will be created
  + resource "random_integer" "sleep" {
      + id     = (known after apply)
      + max    = 5
      + min    = 1
      + result = (known after apply)
    }

  # random_integer.sleep[257] will be created
  + resource "random_integer" "sleep" {
      + id     = (known after apply)
      + max    = 5
      + min    = 1
      + result = (known after apply)
    }

  # random_integer.sleep[258] will be created
  + resource "random_integer" "sleep" {
      + id     = (known after apply)
      + max    = 5
      + min    = 1
      + result = (known after apply)
    }

  # random_integer.sleep[259] will be created
  + resource "random_integer" "sleep" {
      + id     = (known after apply)
      + max    = 5
      + min    = 1
      + result = (known after apply)
    }

  # random_integer.sleep[260] will be created
  + resource "random_integer" "sleep" {
      + id     = (known after apply)
      + max    = 5
      + min    = 1
      + result = (known after apply)
    }

  # random_integer.sleep[261] will be created
  + resource "random_integer" "sleep" {
      + id     = (known after apply)
      + max    = 5
      + min    = 1
      + result = (known after apply)
    }

  # random_integer.sleep[262] will be created
  + resource "random_integer" "sleep" {
      + id     = (known after apply)
      + max    = 5
      + min    = 1
      + result = (known after apply)
    }

  # random_integer.sleep[263] will be created
  + resource "random_integer" "sleep" {
      + id     = (known after apply)
      + max    = 5
      + min    = 1
      + result = (known after apply)
    }

  # random_integer.sleep[264] will be created
  + resource "random_integer" "sleep" {
      + id     = (known after apply)
      + max    = 5
      + min    = 1
      + result = (known after apply)
    }

  # random_integer.sleep[265] will be created
  + resource "random_integer" "sleep" {
      + id     = (known after apply)
      + max    = 5
      + min    = 1
      + result = (known after apply)
    }

  # random_integer.sleep[266] will be created
  + resource "random_integer" "sleep" {
      + id     = (known after apply)
      + max    = 5
      + min    = 1
      + result = (known after apply)
    }

  # random_integer.sleep[267] will be created
  + resource "random_integer" "sleep" {
      + id     = (known after apply)
      + max    = 5
      + min    = 1
      + result = (known after apply)
    }

  # random_integer.sleep[268] will be created
  + resource "random_integer" "sleep" {
      + id     = (known after apply)
      + max    = 5
      + min    = 1
      + result = (known after apply)
    }

  # random_integer.sleep[269] will be created
  + resource "random_integer" "sleep" {
      + id     = (known after apply)
      + max    = 5
      + min    = 1
      + result = (known after apply)
    }

  # random_integer.sleep[270] will be created
  + resource "random_integer" "sleep" {
      + id     = (known after apply)
      + max    = 5
      + min    = 1
      + result = (known after apply)
    }

  # random_integer.sleep[271] will be created
  + resource "random_integer" "sleep" {
      + id     = (known after apply)
      + max    = 5
      + min    = 1
      + result = (known after apply)
    }

  # random_integer.sleep[272] will be created
  + resource "random_integer" "sleep" {
      + id     = (known after apply)
      + max    = 5
      + min    = 1
      + result = (known after apply)
    }

  # random_integer.sleep[273] will be created
  + resource "random_integer" "sleep" {
      + id     = (known after apply)
      + max    = 5
      + min    = 1
      + result = (known after apply)
    }

  # random_integer.sleep[274] will be created
  + resource "random_integer" "sleep" {
      + id     = (known after apply)
      + max    = 5
      + min    = 1
      + result = (known after apply)
    }

  # random_integer.sleep[275] will be created
  + resource "random_integer" "sleep" {
      + id     = (known after apply)
      + max    = 5
      + min    = 1
      + result = (known after apply)
    }

  # random_integer.sleep[276] will be created
  + resource "random_integer" "sleep" {
      + id     = (known after apply)
      + max    = 5
      + min    = 1
      + result = (known after apply)
    }

  # random_integer.sleep[277] will be created
  + resource "random_integer" "sleep" {
      + id     = (known after apply)
      + max    = 5
      + min    = 1
      + result = (known after apply)
    }

  # random_integer.sleep[278] will be created
  + resource "random_integer" "sleep" {
      + id     = (known after apply)
      + max    = 5
      + min    = 1
      + result = (known after apply)
    }

  # random_integer.sleep[279] will be created
  + resource "random_integer" "sleep" {
      + id     = (known after apply)
      + max    = 5
      + min    = 1
      + result = (known after apply)
    }

  # random_integer.sleep[280] will be created
  + resource "random_integer" "sleep" {
      + id     = (known after apply)
      + max    = 5
      + min    = 1
      + result = (known after apply)
    }

  # random_integer.sleep[281] will be created
  + resource "random_integer" "sleep" {
      + id     = (known after apply)
      + max    = 5
      + min    = 1
      + result = (known after apply)
    }

  # random_integer.sleep[282] will be created
  + resource "random_integer" "sleep" {
      + id     = (known after apply)
      + max    = 5
      + min    = 1
      + result = (known after apply)
    }

  # random_integer.sleep[283] will be created
  + resource "random_integer" "sleep" {
      + id     = (known after apply)
      + max    = 5
      + min    = 1
      + result = (known after apply)
    }

  # random_integer.sleep[284] will be created
  + resource "random_integer" "sleep" {
      + id     = (known after apply)
      + max    = 5
      + min    = 1
      + result = (known after apply)
    }

  # random_integer.sleep[285] will be created
  + resource "random_integer" "sleep" {
      + id     = (known after apply)
      + max    = 5
      + min    = 1
      + result = (known after apply)
    }

  # random_integer.sleep[286] will be created
  + resource "random_integer" "sleep" {
      + id     = (known after apply)
      + max    = 5
      + min    = 1
      + result = (known after apply)
    }

  # random_integer.sleep[287] will be created
  + resource "random_integer" "sleep" {
      + id     = (known after apply)
      + max    = 5
      + min    = 1
      + result = (known after apply)
    }

  # random_integer.sleep[288] will be created
  + resource "random_integer" "sleep" {
      + id     = (known after apply)
      + max    = 5
      + min    = 1
      + result = (known after apply)
    }

  # random_integer.sleep[289] will be created
  + resource "random_integer" "sleep" {
      + id     = (known after apply)
      + max    = 5
      + min    = 1
      + result = (known after apply)
    }

  # random_integer.sleep[290] will be created
  + resource "random_integer" "sleep" {
      + id     = (known after apply)
      + max    = 5
      + min    = 1
      + result = (known after apply)
    }

  # random_integer.sleep[291] will be created
  + resource "random_integer" "sleep" {
      + id     = (known after apply)
      + max    = 5
      + min    = 1
      + result = (known after apply)
    }

  # random_integer.sleep[292] will be created
  + resource "random_integer" "sleep" {
      + id     = (known after apply)
      + max    = 5
      + min    = 1
      + result = (known after apply)
    }

  # random_integer.sleep[293] will be created
  + resource "random_integer" "sleep" {
      + id     = (known after apply)
      + max    = 5
      + min    = 1
      + result = (known after apply)
    }

  # random_integer.sleep[294] will be created
  + resource "random_integer" "sleep" {
      + id     = (known after apply)
      + max    = 5
      + min    = 1
      + result = (known after apply)
    }

  # random_integer.sleep[295] will be created
  + resource "random_integer" "sleep" {
      + id     = (known after apply)
      + max    = 5
      + min    = 1
      + result = (known after apply)
    }

  # random_integer.sleep[296] will be created
  + resource "random_integer" "sleep" {
      + id     = (known after apply)
      + max    = 5
      + min    = 1
      + result = (known after apply)
    }

  # random_integer.sleep[297] will be created
  + resource "random_integer" "sleep" {
      + id     = (known after apply)
      + max    = 5
      + min    = 1
      + result = (known after apply)
    }

  # random_integer.sleep[298] will be created
  + resource "random_integer" "sleep" {
      + id     = (known after apply)
      + max    = 5
      + min    = 1
      + result = (known after apply)
    }

  # random_integer.sleep[299] will be created
  + resource "random_integer" "sleep" {
      + id     = (known after apply)
      + max    = 5
      + min    = 1
      + result = (known after apply)
    }

  # time_sleep.bar[0] will be created
  + resource "time_sleep" "bar" {
      + create_duration = (known after apply)
      + id              = (known after apply)
    }

  # time_sleep.bar[1] will be created
  + resource "time_sleep" "bar" {
      + create_duration = (known after apply)
      + id              = (known after apply)
    }

  # time_sleep.bar[2] will be created
  + resource "time_sleep" "bar" {
      + create_duration = (known after apply)
      + id              = (known after apply)
    }

  # time_sleep.bar[3] will be created
  + resource "time_sleep" "bar" {
      + create_duration = (known after apply)
      + id              = (known after apply)
    }

  # time_sleep.bar[4] will be created
  + resource "time_sleep" "bar" {
      + create_duration = (known after apply)
      + id              = (known after apply)
    }

  # time_sleep.bar[5] will be created
  + resource "time_sleep" "bar" {
      + create_duration = (known after apply)
      + id              = (known after apply)
    }

  # time_sleep.bar[6] will be created
  + resource "time_sleep" "bar" {
      + create_duration = (known after apply)
      + id              = (known after apply)
    }

  # time_sleep.bar[7] will be created
  + resource "time_sleep" "bar" {
      + create_duration = (known after apply)
      + id              = (known after apply)
    }

  # time_sleep.bar[8] will be created
  + resource "time_sleep" "bar" {
      + create_duration = (known after apply)
      + id              = (known after apply)
    }

  # time_sleep.bar[9] will be created
  + resource "time_sleep" "bar" {
      + create_duration = (known after apply)
      + id              = (known after apply)
    }

  # time_sleep.bar[10] will be created
  + resource "time_sleep" "bar" {
      + create_duration = (known after apply)
      + id              = (known after apply)
    }

  # time_sleep.bar[11] will be created
  + resource "time_sleep" "bar" {
      + create_duration = (known after apply)
      + id              = (known after apply)
    }

  # time_sleep.bar[12] will be created
  + resource "time_sleep" "bar" {
      + create_duration = (known after apply)
      + id              = (known after apply)
    }

  # time_sleep.bar[13] will be created
  + resource "time_sleep" "bar" {
      + create_duration = (known after apply)
      + id              = (known after apply)
    }

  # time_sleep.bar[14] will be created
  + resource "time_sleep" "bar" {
      + create_duration = (known after apply)
      + id              = (known after apply)
    }

  # time_sleep.bar[15] will be created
  + resource "time_sleep" "bar" {
      + create_duration = (known after apply)
      + id              = (known after apply)
    }

  # time_sleep.bar[16] will be created
  + resource "time_sleep" "bar" {
      + create_duration = (known after apply)
      + id              = (known after apply)
    }

  # time_sleep.bar[17] will be created
  + resource "time_sleep" "bar" {
      + create_duration = (known after apply)
      + id              = (known after apply)
    }

  # time_sleep.bar[18] will be created
  + resource "time_sleep" "bar" {
      + create_duration = (known after apply)
      + id              = (known after apply)
    }

  # time_sleep.bar[19] will be created
  + resource "time_sleep" "bar" {
      + create_duration = (known after apply)
      + id              = (known after apply)
    }

  # time_sleep.bar[20] will be created
  + resource "time_sleep" "bar" {
      + create_duration = (known after apply)
      + id              = (known after apply)
    }

  # time_sleep.bar[21] will be created
  + resource "time_sleep" "bar" {
      + create_duration = (known after apply)
      + id              = (known after apply)
    }

  # time_sleep.bar[22] will be created
  + resource "time_sleep" "bar" {
      + create_duration = (known after apply)
      + id              = (known after apply)
    }

  # time_sleep.bar[23] will be created
  + resource "time_sleep" "bar" {
      + create_duration = (known after apply)
      + id              = (known after apply)
    }

  # time_sleep.bar[24] will be created
  + resource "time_sleep" "bar" {
      + create_duration = (known after apply)
      + id              = (known after apply)
    }

  # time_sleep.bar[25] will be created
  + resource "time_sleep" "bar" {
      + create_duration = (known after apply)
      + id              = (known after apply)
    }

  # time_sleep.bar[26] will be created
  + resource "time_sleep" "bar" {
      + create_duration = (known after apply)
      + id              = (known after apply)
    }

  # time_sleep.bar[27] will be created
  + resource "time_sleep" "bar" {
      + create_duration = (known after apply)
      + id              = (known after apply)
    }

  # time_sleep.bar[28] will be created
  + resource "time_sleep" "bar" {
      + create_duration = (known after apply)
      + id              = (known after apply)
    }

  # time_sleep.bar[29] will be created
  + resource "time_sleep" "bar" {
      + create_duration = (known after apply)
      + id              = (known after apply)
    }

  # time_sleep.bar[30] will be created
  + resource "time_sleep" "bar" {
      + create_duration = (known after apply)
      + id              = (known after apply)
    }

  # time_sleep.bar[31] will be created
  + resource "time_sleep" "bar" {
      + create_duration = (known after apply)
      + id              = (known after apply)
    }

  # time_sleep.bar[32] will be created
  + resource "time_sleep" "bar" {
      + create_duration = (known after apply)
      + id              = (known after apply)
    }

  # time_sleep.bar[33] will be created
  + resource "time_sleep" "bar" {
      + create_duration = (known after apply)
      + id              = (known after apply)
    }

  # time_sleep.bar[34] will be created
  + resource "time_sleep" "bar" {
      + create_duration = (known after apply)
      + id              = (known after apply)
    }

  # time_sleep.bar[35] will be created
  + resource "time_sleep" "bar" {
      + create_duration = (known after apply)
      + id              = (known after apply)
    }

  # time_sleep.bar[36] will be created
  + resource "time_sleep" "bar" {
      + create_duration = (known after apply)
      + id              = (known after apply)
    }

  # time_sleep.bar[37] will be created
  + resource "time_sleep" "bar" {
      + create_duration = (known after apply)
      + id              = (known after apply)
    }

  # time_sleep.bar[38] will be created
  + resource "time_sleep" "bar" {
      + create_duration = (known after apply)
      + id              = (known after apply)
    }

  # time_sleep.bar[39] will be created
  + resource "time_sleep" "bar" {
      + create_duration = (known after apply)
      + id              = (known after apply)
    }

  # time_sleep.bar[40] will be created
  + resource "time_sleep" "bar" {
      + create_duration = (known after apply)
      + id              = (known after apply)
    }

  # time_sleep.bar[41] will be created
  + resource "time_sleep" "bar" {
      + create_duration = (known after apply)
      + id              = (known after apply)
    }

  # time_sleep.bar[42] will be created
  + resource "time_sleep" "bar" {
      + create_duration = (known after apply)
      + id              = (known after apply)
    }

  # time_sleep.bar[43] will be created
  + resource "time_sleep" "bar" {
      + create_duration = (known after apply)
      + id              = (known after apply)
    }

  # time_sleep.bar[44] will be created
  + resource "time_sleep" "bar" {
      + create_duration = (known after apply)
      + id              = (known after apply)
    }

  # time_sleep.bar[45] will be created
  + resource "time_sleep" "bar" {
      + create_duration = (known after apply)
      + id              = (known after apply)
    }

  # time_sleep.bar[46] will be created
  + resource "time_sleep" "bar" {
      + create_duration = (known after apply)
      + id              = (known after apply)
    }

  # time_sleep.bar[47] will be created
  + resource "time_sleep" "bar" {
      + create_duration = (known after apply)
      + id              = (known after apply)
    }

  # time_sleep.bar[48] will be created
  + resource "time_sleep" "bar" {
      + create_duration = (known after apply)
      + id              = (known after apply)
    }

  # time_sleep.bar[49] will be created
  + resource "time_sleep" "bar" {
      + create_duration = (known after apply)
      + id              = (known after apply)
    }

  # time_sleep.bar[50] will be created
  + resource "time_sleep" "bar" {
      + create_duration = (known after apply)
      + id              = (known after apply)
    }

  # time_sleep.bar[51] will be created
  + resource "time_sleep" "bar" {
      + create_duration = (known after apply)
      + id              = (known after apply)
    }

  # time_sleep.bar[52] will be created
  + resource "time_sleep" "bar" {
      + create_duration = (known after apply)
      + id              = (known after apply)
    }

  # time_sleep.bar[53] will be created
  + resource "time_sleep" "bar" {
      + create_duration = (known after apply)
      + id              = (known after apply)
    }

  # time_sleep.bar[54] will be created
  + resource "time_sleep" "bar" {
      + create_duration = (known after apply)
      + id              = (known after apply)
    }

  # time_sleep.bar[55] will be created
  + resource "time_sleep" "bar" {
      + create_duration = (known after apply)
      + id              = (known after apply)
    }

  # time_sleep.bar[56] will be created
  + resource "time_sleep" "bar" {
      + create_duration = (known after apply)
      + id              = (known after apply)
    }

  # time_sleep.bar[57] will be created
  + resource "time_sleep" "bar" {
      + create_duration = (known after apply)
      + id              = (known after apply)
    }

  # time_sleep.bar[58] will be created
  + resource "time_sleep" "bar" {
      + create_duration = (known after apply)
      + id              = (known after apply)
    }

  # time_sleep.bar[59] will be created
  + resource "time_sleep" "bar" {
      + create_duration = (known after apply)
      + id              = (known after apply)
    }

  # time_sleep.bar[60] will be created
  + resource "time_sleep" "bar" {
      + create_duration = (known after apply)
      + id              = (known after apply)
    }

  # time_sleep.bar[61] will be created
  + resource "time_sleep" "bar" {
      + create_duration = (known after apply)
      + id              = (known after apply)
    }

  # time_sleep.bar[62] will be created
  + resource "time_sleep" "bar" {
      + create_duration = (known after apply)
      + id              = (known after apply)
    }

  # time_sleep.bar[63] will be created
  + resource "time_sleep" "bar" {
      + create_duration = (known after apply)
      + id              = (known after apply)
    }

  # time_sleep.bar[64] will be created
  + resource "time_sleep" "bar" {
      + create_duration = (known after apply)
      + id              = (known after apply)
    }

  # time_sleep.bar[65] will be created
  + resource "time_sleep" "bar" {
      + create_duration = (known after apply)
      + id              = (known after apply)
    }

  # time_sleep.bar[66] will be created
  + resource "time_sleep" "bar" {
      + create_duration = (known after apply)
      + id              = (known after apply)
    }

  # time_sleep.bar[67] will be created
  + resource "time_sleep" "bar" {
      + create_duration = (known after apply)
      + id              = (known after apply)
    }

  # time_sleep.bar[68] will be created
  + resource "time_sleep" "bar" {
      + create_duration = (known after apply)
      + id              = (known after apply)
    }

  # time_sleep.bar[69] will be created
  + resource "time_sleep" "bar" {
      + create_duration = (known after apply)
      + id              = (known after apply)
    }

  # time_sleep.bar[70] will be created
  + resource "time_sleep" "bar" {
      + create_duration = (known after apply)
      + id              = (known after apply)
    }

  # time_sleep.bar[71] will be created
  + resource "time_sleep" "bar" {
      + create_duration = (known after apply)
      + id              = (known after apply)
    }

  # time_sleep.bar[72] will be created
  + resource "time_sleep" "bar" {
      + create_duration = (known after apply)
      + id              = (known after apply)
    }

  # time_sleep.bar[73] will be created
  + resource "time_sleep" "bar" {
      + create_duration = (known after apply)
      + id              = (known after apply)
    }

  # time_sleep.bar[74] will be created
  + resource "time_sleep" "bar" {
      + create_duration = (known after apply)
      + id              = (known after apply)
    }

  # time_sleep.bar[75] will be created
  + resource "time_sleep" "bar" {
      + create_duration = (known after apply)
      + id              = (known after apply)
    }

  # time_sleep.bar[76] will be created
  + resource "time_sleep" "bar" {
      + create_duration = (known after apply)
      + id              = (known after apply)
    }

  # time_sleep.bar[77] will be created
  + resource "time_sleep" "bar" {
      + create_duration = (known after apply)
      + id              = (known after apply)
    }

  # time_sleep.bar[78] will be created
  + resource "time_sleep" "bar" {
      + create_duration = (known after apply)
      + id              = (known after apply)
    }

  # time_sleep.bar[79] will be created
  + resource "time_sleep" "bar" {
      + create_duration = (known after apply)
      + id              = (known after apply)
    }

  # time_sleep.bar[80] will be created
  + resource "time_sleep" "bar" {
      + create_duration = (known after apply)
      + id              = (known after apply)
    }

  # time_sleep.bar[81] will be created
  + resource "time_sleep" "bar" {
      + create_duration = (known after apply)
      + id              = (known after apply)
    }

  # time_sleep.bar[82] will be created
  + resource "time_sleep" "bar" {
      + create_duration = (known after apply)
      + id              = (known after apply)
    }

  # time_sleep.bar[83] will be created
  + resource "time_sleep" "bar" {
      + create_duration = (known after apply)
      + id              = (known after apply)
    }

  # time_sleep.bar[84] will be created
  + resource "time_sleep" "bar" {
      + create_duration = (known after apply)
      + id              = (known after apply)
    }

  # time_sleep.bar[85] will be created
  + resource "time_sleep" "bar" {
      + create_duration = (known after apply)
      + id              = (known after apply)
    }

  # time_sleep.bar[86] will be created
  + resource "time_sleep" "bar" {
      + create_duration = (known after apply)
      + id              = (known after apply)
    }

  # time_sleep.bar[87] will be created
  + resource "time_sleep" "bar" {
      + create_duration = (known after apply)
      + id              = (known after apply)
    }

  # time_sleep.bar[88] will be created
  + resource "time_sleep" "bar" {
      + create_duration = (known after apply)
      + id              = (known after apply)
    }

  # time_sleep.bar[89] will be created
  + resource "time_sleep" "bar" {
      + create_duration = (known after apply)
      + id              = (known after apply)
    }

  # time_sleep.bar[90] will be created
  + resource "time_sleep" "bar" {
      + create_duration = (known after apply)
      + id              = (known after apply)
    }

  # time_sleep.bar[91] will be created
  + resource "time_sleep" "bar" {
      + create_duration = (known after apply)
      + id              = (known after apply)
    }

  # time_sleep.bar[92] will be created
  + resource "time_sleep" "bar" {
      + create_duration = (known after apply)
      + id              = (known after apply)
    }

  # time_sleep.bar[93] will be created
  + resource "time_sleep" "bar" {
      + create_duration = (known after apply)
      + id              = (known after apply)
    }

  # time_sleep.bar[94] will be created
  + resource "time_sleep" "bar" {
      + create_duration = (known after apply)
      + id              = (known after apply)
    }

  # time_sleep.bar[95] will be created
  + resource "time_sleep" "bar" {
      + create_duration = (known after apply)
      + id              = (known after apply)
    }

  # time_sleep.bar[96] will be created
  + resource "time_sleep" "bar" {
      + create_duration = (known after apply)
      + id              = (known after apply)
    }

  # time_sleep.bar[97] will be created
  + resource "time_sleep" "bar" {
      + create_duration = (known after apply)
      + id              = (known after apply)
    }

  # time_sleep.bar[98] will be created
  + resource "time_sleep" "bar" {
      + create_duration = (known after apply)
      + id              = (known after apply)
    }

  # time_sleep.bar[99] will be created
  + resource "time_sleep" "bar" {
      + create_duration = (known after apply)
      + id              = (known after apply)
    }

  # time_sleep.bar[100] will be created
  + resource "time_sleep" "bar" {
      + create_duration = (known after apply)
      + id              = (known after apply)
    }

  # time_sleep.bar[101] will be created
  + resource "time_sleep" "bar" {
      + create_duration = (known after apply)
      + id              = (known after apply)
    }

  # time_sleep.bar[102] will be created
  + resource "time_sleep" "bar" {
      + create_duration = (known after apply)
      + id              = (known after apply)
    }

  # time_sleep.bar[103] will be created
  + resource "time_sleep" "bar" {
      + create_duration = (known after apply)
      + id              = (known after apply)
    }

  # time_sleep.bar[104] will be created
  + resource "time_sleep" "bar" {
      + create_duration = (known after apply)
      + id              = (known after apply)
    }

  # time_sleep.bar[105] will be created
  + resource "time_sleep" "bar" {
      + create_duration = (known after apply)
      + id              = (known after apply)
    }

  # time_sleep.bar[106] will be created
  + resource "time_sleep" "bar" {
      + create_duration = (known after apply)
      + id              = (known after apply)
    }

  # time_sleep.bar[107] will be created
  + resource "time_sleep" "bar" {
      + create_duration = (known after apply)
      + id              = (known after apply)
    }

  # time_sleep.bar[108] will be created
  + resource "time_sleep" "bar" {
      + create_duration = (known after apply)
      + id              = (known after apply)
    }

  # time_sleep.bar[109] will be created
  + resource "time_sleep" "bar" {
      + create_duration = (known after apply)
      + id              = (known after apply)
    }

  # time_sleep.bar[110] will be created
  + resource "time_sleep" "bar" {
      + create_duration = (known after apply)
      + id              = (known after apply)
    }

  # time_sleep.bar[111] will be created
  + resource "time_sleep" "bar" {
      + create_duration = (known after apply)
      + id              = (known after apply)
    }

  # time_sleep.bar[112] will be created
  + resource "time_sleep" "bar" {
      + create_duration = (known after apply)
      + id              = (known after apply)
    }

  # time_sleep.bar[113] will be created
  + resource "time_sleep" "bar" {
      + create_duration = (known after apply)
      + id              = (known after apply)
    }

  # time_sleep.bar[114] will be created
  + resource "time_sleep" "bar" {
      + create_duration = (known after apply)
      + id              = (known after apply)
    }

  # time_sleep.bar[115] will be created
  + resource "time_sleep" "bar" {
      + create_duration = (known after apply)
      + id              = (known after apply)
    }

  # time_sleep.bar[116] will be created
  + resource "time_sleep" "bar" {
      + create_duration = (known after apply)
      + id              = (known after apply)
    }

  # time_sleep.bar[117] will be created
  + resource "time_sleep" "bar" {
      + create_duration = (known after apply)
      + id              = (known after apply)
    }

  # time_sleep.bar[118] will be created
  + resource "time_sleep" "bar" {
      + create_duration = (known after apply)
      + id              = (known after apply)
    }

  # time_sleep.bar[119] will be created
  + resource "time_sleep" "bar" {
      + create_duration = (known after apply)
      + id              = (known after apply)
    }

  # time_sleep.bar[120] will be created
  + resource "time_sleep" "bar" {
      + create_duration = (known after apply)
      + id              = (known after apply)
    }

  # time_sleep.bar[121] will be created
  + resource "time_sleep" "bar" {
      + create_duration = (known after apply)
      + id              = (known after apply)
    }

  # time_sleep.bar[122] will be created
  + resource "time_sleep" "bar" {
      + create_duration = (known after apply)
      + id              = (known after apply)
    }

  # time_sleep.bar[123] will be created
  + resource "time_sleep" "bar" {
      + create_duration = (known after apply)
      + id              = (known after apply)
    }

  # time_sleep.bar[124] will be created
  + resource "time_sleep" "bar" {
      + create_duration = (known after apply)
      + id              = (known after apply)
    }

  # time_sleep.bar[125] will be created
  + resource "time_sleep" "bar" {
      + create_duration = (known after apply)
      + id              = (known after apply)
    }

  # time_sleep.bar[126] will be created
  + resource "time_sleep" "bar" {
      + create_duration = (known after apply)
      + id              = (known after apply)
    }

  # time_sleep.bar[127] will be created
  + resource "time_sleep" "bar" {
      + create_duration = (known after apply)
      + id              = (known after apply)
    }

  # time_sleep.bar[128] will be created
  + resource "time_sleep" "bar" {
      + create_duration = (known after apply)
      + id              = (known after apply)
    }

  # time_sleep.bar[129] will be created
  + resource "time_sleep" "bar" {
      + create_duration = (known after apply)
      + id              = (known after apply)
    }

  # time_sleep.bar[130] will be created
  + resource "time_sleep" "bar" {
      + create_duration = (known after apply)
      + id              = (known after apply)
    }

  # time_sleep.bar[131] will be created
  + resource "time_sleep" "bar" {
      + create_duration = (known after apply)
      + id              = (known after apply)
    }

  # time_sleep.bar[132] will be created
  + resource "time_sleep" "bar" {
      + create_duration = (known after apply)
      + id              = (known after apply)
    }

  # time_sleep.bar[133] will be created
  + resource "time_sleep" "bar" {
      + create_duration = (known after apply)
      + id              = (known after apply)
    }

  # time_sleep.bar[134] will be created
  + resource "time_sleep" "bar" {
      + create_duration = (known after apply)
      + id              = (known after apply)
    }

  # time_sleep.bar[135] will be created
  + resource "time_sleep" "bar" {
      + create_duration = (known after apply)
      + id              = (known after apply)
    }

  # time_sleep.bar[136] will be created
  + resource "time_sleep" "bar" {
      + create_duration = (known after apply)
      + id              = (known after apply)
    }

  # time_sleep.bar[137] will be created
  + resource "time_sleep" "bar" {
      + create_duration = (known after apply)
      + id              = (known after apply)
    }

  # time_sleep.bar[138] will be created
  + resource "time_sleep" "bar" {
      + create_duration = (known after apply)
      + id              = (known after apply)
    }

  # time_sleep.bar[139] will be created
  + resource "time_sleep" "bar" {
      + create_duration = (known after apply)
      + id              = (known after apply)
    }

  # time_sleep.bar[140] will be created
  + resource "time_sleep" "bar" {
      + create_duration = (known after apply)
      + id              = (known after apply)
    }

  # time_sleep.bar[141] will be created
  + resource "time_sleep" "bar" {
      + create_duration = (known after apply)
      + id              = (known after apply)
    }

  # time_sleep.bar[142] will be created
  + resource "time_sleep" "bar" {
      + create_duration = (known after apply)
      + id              = (known after apply)
    }

  # time_sleep.bar[143] will be created
  + resource "time_sleep" "bar" {
      + create_duration = (known after apply)
      + id              = (known after apply)
    }

  # time_sleep.bar[144] will be created
  + resource "time_sleep" "bar" {
      + create_duration = (known after apply)
      + id              = (known after apply)
    }

  # time_sleep.bar[145] will be created
  + resource "time_sleep" "bar" {
      + create_duration = (known after apply)
      + id              = (known after apply)
    }

  # time_sleep.bar[146] will be created
  + resource "time_sleep" "bar" {
      + create_duration = (known after apply)
      + id              = (known after apply)
    }

  # time_sleep.bar[147] will be created
  + resource "time_sleep" "bar" {
      + create_duration = (known after apply)
      + id              = (known after apply)
    }

  # time_sleep.bar[148] will be created
  + resource "time_sleep" "bar" {
      + create_duration = (known after apply)
      + id              = (known after apply)
    }

  # time_sleep.bar[149] will be created
  + resource "time_sleep" "bar" {
      + create_duration = (known after apply)
      + id              = (known after apply)
    }

  # time_sleep.foo[0] will be created
  + resource "time_sleep" "foo" {
      + create_duration = (known after apply)
      + id              = (known after apply)
    }

  # time_sleep.foo[1] will be created
  + resource "time_sleep" "foo" {
      + create_duration = (known after apply)
      + id              = (known after apply)
    }

  # time_sleep.foo[2] will be created
  + resource "time_sleep" "foo" {
      + create_duration = (known after apply)
      + id              = (known after apply)
    }

  # time_sleep.foo[3] will be created
  + resource "time_sleep" "foo" {
      + create_duration = (known after apply)
      + id              = (known after apply)
    }

  # time_sleep.foo[4] will be created
  + resource "time_sleep" "foo" {
      + create_duration = (known after apply)
      + id              = (known after apply)
    }

  # time_sleep.foo[5] will be created
  + resource "time_sleep" "foo" {
      + create_duration = (known after apply)
      + id              = (known after apply)
    }

  # time_sleep.foo[6] will be created
  + resource "time_sleep" "foo" {
      + create_duration = (known after apply)
      + id              = (known after apply)
    }

  # time_sleep.foo[7] will be created
  + resource "time_sleep" "foo" {
      + create_duration = (known after apply)
      + id              = (known after apply)
    }

  # time_sleep.foo[8] will be created
  + resource "time_sleep" "foo" {
      + create_duration = (known after apply)
      + id              = (known after apply)
    }

  # time_sleep.foo[9] will be created
  + resource "time_sleep" "foo" {
      + create_duration = (known after apply)
      + id              = (known after apply)
    }

  # time_sleep.foo[10] will be created
  + resource "time_sleep" "foo" {
      + create_duration = (known after apply)
      + id              = (known after apply)
    }

  # time_sleep.foo[11] will be created
  + resource "time_sleep" "foo" {
      + create_duration = (known after apply)
      + id              = (known after apply)
    }

  # time_sleep.foo[12] will be created
  + resource "time_sleep" "foo" {
      + create_duration = (known after apply)
      + id              = (known after apply)
    }

  # time_sleep.foo[13] will be created
  + resource "time_sleep" "foo" {
      + create_duration = (known after apply)
      + id              = (known after apply)
    }

  # time_sleep.foo[14] will be created
  + resource "time_sleep" "foo" {
      + create_duration = (known after apply)
      + id              = (known after apply)
    }

  # time_sleep.foo[15] will be created
  + resource "time_sleep" "foo" {
      + create_duration = (known after apply)
      + id              = (known after apply)
    }

  # time_sleep.foo[16] will be created
  + resource "time_sleep" "foo" {
      + create_duration = (known after apply)
      + id              = (known after apply)
    }

  # time_sleep.foo[17] will be created
  + resource "time_sleep" "foo" {
      + create_duration = (known after apply)
      + id              = (known after apply)
    }

  # time_sleep.foo[18] will be created
  + resource "time_sleep" "foo" {
      + create_duration = (known after apply)
      + id              = (known after apply)
    }

  # time_sleep.foo[19] will be created
  + resource "time_sleep" "foo" {
      + create_duration = (known after apply)
      + id              = (known after apply)
    }

  # time_sleep.foo[20] will be created
  + resource "time_sleep" "foo" {
      + create_duration = (known after apply)
      + id              = (known after apply)
    }

  # time_sleep.foo[21] will be created
  + resource "time_sleep" "foo" {
      + create_duration = (known after apply)
      + id              = (known after apply)
    }

  # time_sleep.foo[22] will be created
  + resource "time_sleep" "foo" {
      + create_duration = (known after apply)
      + id              = (known after apply)
    }

  # time_sleep.foo[23] will be created
  + resource "time_sleep" "foo" {
      + create_duration = (known after apply)
      + id              = (known after apply)
    }

  # time_sleep.foo[24] will be created
  + resource "time_sleep" "foo" {
      + create_duration = (known after apply)
      + id              = (known after apply)
    }

  # time_sleep.foo[25] will be created
  + resource "time_sleep" "foo" {
      + create_duration = (known after apply)
      + id              = (known after apply)
    }

  # time_sleep.foo[26] will be created
  + resource "time_sleep" "foo" {
      + create_duration = (known after apply)
      + id              = (known after apply)
    }

  # time_sleep.foo[27] will be created
  + resource "time_sleep" "foo" {
      + create_duration = (known after apply)
      + id              = (known after apply)
    }

  # time_sleep.foo[28] will be created
  + resource "time_sleep" "foo" {
      + create_duration = (known after apply)
      + id              = (known after apply)
    }

  # time_sleep.foo[29] will be created
  + resource "time_sleep" "foo" {
      + create_duration = (known after apply)
      + id              = (known after apply)
    }

  # time_sleep.foo[30] will be created
  + resource "time_sleep" "foo" {
      + create_duration = (known after apply)
      + id              = (known after apply)
    }

  # time_sleep.foo[31] will be created
  + resource "time_sleep" "foo" {
      + create_duration = (known after apply)
      + id              = (known after apply)
    }

  # time_sleep.foo[32] will be created
  + resource "time_sleep" "foo" {
      + create_duration = (known after apply)
      + id              = (known after apply)
    }

  # time_sleep.foo[33] will be created
  + resource "time_sleep" "foo" {
      + create_duration = (known after apply)
      + id              = (known after apply)
    }

  # time_sleep.foo[34] will be created
  + resource "time_sleep" "foo" {
      + create_duration = (known after apply)
      + id              = (known after apply)
    }

  # time_sleep.foo[35] will be created
  + resource "time_sleep" "foo" {
      + create_duration = (known after apply)
      + id              = (known after apply)
    }

  # time_sleep.foo[36] will be created
  + resource "time_sleep" "foo" {
      + create_duration = (known after apply)
      + id              = (known after apply)
    }

  # time_sleep.foo[37] will be created
  + resource "time_sleep" "foo" {
      + create_duration = (known after apply)
      + id              = (known after apply)
    }

  # time_sleep.foo[38] will be created
  + resource "time_sleep" "foo" {
      + create_duration = (known after apply)
      + id              = (known after apply)
    }

  # time_sleep.foo[39] will be created
  + resource "time_sleep" "foo" {
      + create_duration = (known after apply)
      + id              = (known after apply)
    }

  # time_sleep.foo[40] will be created
  + resource "time_sleep" "foo" {
      + create_duration = (known after apply)
      + id              = (known after apply)
    }

  # time_sleep.foo[41] will be created
  + resource "time_sleep" "foo" {
      + create_duration = (known after apply)
      + id              = (known after apply)
    }

  # time_sleep.foo[42] will be created
  + resource "time_sleep" "foo" {
      + create_duration = (known after apply)
      + id              = (known after apply)
    }

  # time_sleep.foo[43] will be created
  + resource "time_sleep" "foo" {
      + create_duration = (known after apply)
      + id              = (known after apply)
    }

  # time_sleep.foo[44] will be created
  + resource "time_sleep" "foo" {
      + create_duration = (known after apply)
      + id              = (known after apply)
    }

  # time_sleep.foo[45] will be created
  + resource "time_sleep" "foo" {
      + create_duration = (known after apply)
      + id              = (known after apply)
    }

  # time_sleep.foo[46] will be created
  + resource "time_sleep" "foo" {
      + create_duration = (known after apply)
      + id              = (known after apply)
    }

  # time_sleep.foo[47] will be created
  + resource "time_sleep" "foo" {
      + create_duration = (known after apply)
      + id              = (known after apply)
    }

  # time_sleep.foo[48] will be created
  + resource "time_sleep" "foo" {
      + create_duration = (known after apply)
      + id              = (known after apply)
    }

  # time_sleep.foo[49] will be created
  + resource "time_sleep" "foo" {
      + create_duration = (known after apply)
      + id              = (known after apply)
    }

  # time_sleep.foo[50] will be created
  + resource "time_sleep" "foo" {
      + create_duration = (known after apply)
      + id              = (known after apply)
    }

  # time_sleep.foo[51] will be created
  + resource "time_sleep" "foo" {
      + create_duration = (known after apply)
      + id              = (known after apply)
    }

  # time_sleep.foo[52] will be created
  + resource "time_sleep" "foo" {
      + create_duration = (known after apply)
      + id              = (known after apply)
    }

  # time_sleep.foo[53] will be created
  + resource "time_sleep" "foo" {
      + create_duration = (known after apply)
      + id              = (known after apply)
    }

  # time_sleep.foo[54] will be created
  + resource "time_sleep" "foo" {
      + create_duration = (known after apply)
      + id              = (known after apply)
    }

  # time_sleep.foo[55] will be created
  + resource "time_sleep" "foo" {
      + create_duration = (known after apply)
      + id              = (known after apply)
    }

  # time_sleep.foo[56] will be created
  + resource "time_sleep" "foo" {
      + create_duration = (known after apply)
      + id              = (known after apply)
    }

  # time_sleep.foo[57] will be created
  + resource "time_sleep" "foo" {
      + create_duration = (known after apply)
      + id              = (known after apply)
    }

  # time_sleep.foo[58] will be created
  + resource "time_sleep" "foo" {
      + create_duration = (known after apply)
      + id              = (known after apply)
    }

  # time_sleep.foo[59] will be created
  + resource "time_sleep" "foo" {
      + create_duration = (known after apply)
      + id              = (known after apply)
    }

  # time_sleep.foo[60] will be created
  + resource "time_sleep" "foo" {
      + create_duration = (known after apply)
      + id              = (known after apply)
    }

  # time_sleep.foo[61] will be created
  + resource "time_sleep" "foo" {
      + create_duration = (known after apply)
      + id              = (known after apply)
    }

  # time_sleep.foo[62] will be created
  + resource "time_sleep" "foo" {
      + create_duration = (known after apply)
      + id              = (known after apply)
    }

  # time_sleep.foo[63] will be created
  + resource "time_sleep" "foo" {
      + create_duration = (known after apply)
      + id              = (known after apply)
    }

  # time_sleep.foo[64] will be created
  + resource "time_sleep" "foo" {
      + create_duration = (known after apply)
      + id              = (known after apply)
    }

  # time_sleep.foo[65] will be created
  + resource "time_sleep" "foo" {
      + create_duration = (known after apply)
      + id              = (known after apply)
    }

  # time_sleep.foo[66] will be created
  + resource "time_sleep" "foo" {
      + create_duration = (known after apply)
      + id              = (known after apply)
    }

  # time_sleep.foo[67] will be created
  + resource "time_sleep" "foo" {
      + create_duration = (known after apply)
      + id              = (known after apply)
    }

  # time_sleep.foo[68] will be created
  + resource "time_sleep" "foo" {
      + create_duration = (known after apply)
      + id              = (known after apply)
    }

  # time_sleep.foo[69] will be created
  + resource "time_sleep" "foo" {
      + create_duration = (known after apply)
      + id              = (known after apply)
    }

  # time_sleep.foo[70] will be created
  + resource "time_sleep" "foo" {
      + create_duration = (known after apply)
      + id              = (known after apply)
    }

  # time_sleep.foo[71] will be created
  + resource "time_sleep" "foo" {
      + create_duration = (known after apply)
      + id              = (known after apply)
    }

  # time_sleep.foo[72] will be created
  + resource "time_sleep" "foo" {
      + create_duration = (known after apply)
      + id              = (known after apply)
    }

  # time_sleep.foo[73] will be created
  + resource "time_sleep" "foo" {
      + create_duration = (known after apply)
      + id              = (known after apply)
    }

  # time_sleep.foo[74] will be created
  + resource "time_sleep" "foo" {
      + create_duration = (known after apply)
      + id              = (known after apply)
    }

  # time_sleep.foo[75] will be created
  + resource "time_sleep" "foo" {
      + create_duration = (known after apply)
      + id              = (known after apply)
    }

  # time_sleep.foo[76] will be created
  + resource "time_sleep" "foo" {
      + create_duration = (known after apply)
      + id              = (known after apply)
    }

  # time_sleep.foo[77] will be created
  + resource "time_sleep" "foo" {
      + create_duration = (known after apply)
      + id              = (known after apply)
    }

  # time_sleep.foo[78] will be created
  + resource "time_sleep" "foo" {
      + create_duration = (known after apply)
      + id              = (known after apply)
    }

  # time_sleep.foo[79] will be created
  + resource "time_sleep" "foo" {
      + create_duration = (known after apply)
      + id              = (known after apply)
    }

  # time_sleep.foo[80] will be created
  + resource "time_sleep" "foo" {
      + create_duration = (known after apply)
      + id              = (known after apply)
    }

  # time_sleep.foo[81] will be created
  + resource "time_sleep" "foo" {
      + create_duration = (known after apply)
      + id              = (known after apply)
    }

  # time_sleep.foo[82] will be created
  + resource "time_sleep" "foo" {
      + create_duration = (known after apply)
      + id              = (known after apply)
    }

  # time_sleep.foo[83] will be created
  + resource "time_sleep" "foo" {
      + create_duration = (known after apply)
      + id              = (known after apply)
    }

  # time_sleep.foo[84] will be created
  + resource "time_sleep" "foo" {
      + create_duration = (known after apply)
      + id              = (known after apply)
    }

  # time_sleep.foo[85] will be created
  + resource "time_sleep" "foo" {
      + create_duration = (known after apply)
      + id              = (known after apply)
    }

  # time_sleep.foo[86] will be created
  + resource "time_sleep" "foo" {
      + create_duration = (known after apply)
      + id              = (known after apply)
    }

  # time_sleep.foo[87] will be created
  + resource "time_sleep" "foo" {
      + create_duration = (known after apply)
      + id              = (known after apply)
    }

  # time_sleep.foo[88] will be created
  + resource "time_sleep" "foo" {
      + create_duration = (known after apply)
      + id              = (known after apply)
    }

  # time_sleep.foo[89] will be created
  + resource "time_sleep" "foo" {
      + create_duration = (known after apply)
      + id              = (known after apply)
    }

  # time_sleep.foo[90] will be created
  + resource "time_sleep" "foo" {
      + create_duration = (known after apply)
      + id              = (known after apply)
    }

  # time_sleep.foo[91] will be created
  + resource "time_sleep" "foo" {
      + create_duration = (known after apply)
      + id              = (known after apply)
    }

  # time_sleep.foo[92] will be created
  + resource "time_sleep" "foo" {
      + create_duration = (known after apply)
      + id              = (known after apply)
    }

  # time_sleep.foo[93] will be created
  + resource "time_sleep" "foo" {
      + create_duration = (known after apply)
      + id              = (known after apply)
    }

  # time_sleep.foo[94] will be created
  + resource "time_sleep" "foo" {
      + create_duration = (known after apply)
      + id              = (known after apply)
    }

  # time_sleep.foo[95] will be created
  + resource "time_sleep" "foo" {
      + create_duration = (known after apply)
      + id              = (known after apply)
    }

  # time_sleep.foo[96] will be created
  + resource "time_sleep" "foo" {
      + create_duration = (known after apply)
      + id              = (known after apply)
    }

  # time_sleep.foo[97] will be created
  + resource "time_sleep" "foo" {
      + create_duration = (known after apply)
      + id              = (known after apply)
    }

  # time_sleep.foo[98] will be created
  + resource "time_sleep" "foo" {
      + create_duration = (known after apply)
      + id              = (known after apply)
    }

  # time_sleep.foo[99] will be created
  + resource "time_sleep" "foo" {
      + create_duration = (known after apply)
      + id              = (known after apply)
    }

  # time_sleep.foo[100] will be created
  + resource "time_sleep" "foo" {
      + create_duration = (known after apply)
      + id              = (known after apply)
    }

  # time_sleep.foo[101] will be created
  + resource "time_sleep" "foo" {
      + create_duration = (known after apply)
      + id              = (known after apply)
    }

  # time_sleep.foo[102] will be created
  + resource "time_sleep" "foo" {
      + create_duration = (known after apply)
      + id              = (known after apply)
    }

  # time_sleep.foo[103] will be created
  + resource "time_sleep" "foo" {
      + create_duration = (known after apply)
      + id              = (known after apply)
    }

  # time_sleep.foo[104] will be created
  + resource "time_sleep" "foo" {
      + create_duration = (known after apply)
      + id              = (known after apply)
    }

  # time_sleep.foo[105] will be created
  + resource "time_sleep" "foo" {
      + create_duration = (known after apply)
      + id              = (known after apply)
    }

  # time_sleep.foo[106] will be created
  + resource "time_sleep" "foo" {
      + create_duration = (known after apply)
      + id              = (known after apply)
    }

  # time_sleep.foo[107] will be created
  + resource "time_sleep" "foo" {
      + create_duration = (known after apply)
      + id              = (known after apply)
    }

  # time_sleep.foo[108] will be created
  + resource "time_sleep" "foo" {
      + create_duration = (known after apply)
      + id              = (known after apply)
    }

  # time_sleep.foo[109] will be created
  + resource "time_sleep" "foo" {
      + create_duration = (known after apply)
      + id              = (known after apply)
    }

  # time_sleep.foo[110] will be created
  + resource "time_sleep" "foo" {
      + create_duration = (known after apply)
      + id              = (known after apply)
    }

  # time_sleep.foo[111] will be created
  + resource "time_sleep" "foo" {
      + create_duration = (known after apply)
      + id              = (known after apply)
    }

  # time_sleep.foo[112] will be created
  + resource "time_sleep" "foo" {
      + create_duration = (known after apply)
      + id              = (known after apply)
    }

  # time_sleep.foo[113] will be created
  + resource "time_sleep" "foo" {
      + create_duration = (known after apply)
      + id              = (known after apply)
    }

  # time_sleep.foo[114] will be created
  + resource "time_sleep" "foo" {
      + create_duration = (known after apply)
      + id              = (known after apply)
    }

  # time_sleep.foo[115] will be created
  + resource "time_sleep" "foo" {
      + create_duration = (known after apply)
      + id              = (known after apply)
    }

  # time_sleep.foo[116] will be created
  + resource "time_sleep" "foo" {
      + create_duration = (known after apply)
      + id              = (known after apply)
    }

  # time_sleep.foo[117] will be created
  + resource "time_sleep" "foo" {
      + create_duration = (known after apply)
      + id              = (known after apply)
    }

  # time_sleep.foo[118] will be created
  + resource "time_sleep" "foo" {
      + create_duration = (known after apply)
      + id              = (known after apply)
    }

  # time_sleep.foo[119] will be created
  + resource "time_sleep" "foo" {
      + create_duration = (known after apply)
      + id              = (known after apply)
    }

  # time_sleep.foo[120] will be created
  + resource "time_sleep" "foo" {
      + create_duration = (known after apply)
      + id              = (known after apply)
    }

  # time_sleep.foo[121] will be created
  + resource "time_sleep" "foo" {
      + create_duration = (known after apply)
      + id              = (known after apply)
    }

  # time_sleep.foo[122] will be created
  + resource "time_sleep" "foo" {
      + create_duration = (known after apply)
      + id              = (known after apply)
    }

  # time_sleep.foo[123] will be created
  + resource "time_sleep" "foo" {
      + create_duration = (known after apply)
      + id              = (known after apply)
    }

  # time_sleep.foo[124] will be created
  + resource "time_sleep" "foo" {
      + create_duration = (known after apply)
      + id              = (known after apply)
    }

  # time_sleep.foo[125] will be created
  + resource "time_sleep" "foo" {
      + create_duration = (known after apply)
      + id              = (known after apply)
    }

  # time_sleep.foo[126] will be created
  + resource "time_sleep" "foo" {
      + create_duration = (known after apply)
      + id              = (known after apply)
    }

  # time_sleep.foo[127] will be created
  + resource "time_sleep" "foo" {
      + create_duration = (known after apply)
      + id              = (known after apply)
    }

  # time_sleep.foo[128] will be created
  + resource "time_sleep" "foo" {
      + create_duration = (known after apply)
      + id              = (known after apply)
    }

  # time_sleep.foo[129] will be created
  + resource "time_sleep" "foo" {
      + create_duration = (known after apply)
      + id              = (known after apply)
    }

  # time_sleep.foo[130] will be created
  + resource "time_sleep" "foo" {
      + create_duration = (known after apply)
      + id              = (known after apply)
    }

  # time_sleep.foo[131] will be created
  + resource "time_sleep" "foo" {
      + create_duration = (known after apply)
      + id              = (known after apply)
    }

  # time_sleep.foo[132] will be created
  + resource "time_sleep" "foo" {
      + create_duration = (known after apply)
      + id              = (known after apply)
    }

  # time_sleep.foo[133] will be created
  + resource "time_sleep" "foo" {
      + create_duration = (known after apply)
      + id              = (known after apply)
    }

  # time_sleep.foo[134] will be created
  + resource "time_sleep" "foo" {
      + create_duration = (known after apply)
      + id              = (known after apply)
    }

  # time_sleep.foo[135] will be created
  + resource "time_sleep" "foo" {
      + create_duration = (known after apply)
      + id              = (known after apply)
    }

  # time_sleep.foo[136] will be created
  + resource "time_sleep" "foo" {
      + create_duration = (known after apply)
      + id              = (known after apply)
    }

  # time_sleep.foo[137] will be created
  + resource "time_sleep" "foo" {
      + create_duration = (known after apply)
      + id              = (known after apply)
    }

  # time_sleep.foo[138] will be created
  + resource "time_sleep" "foo" {
      + create_duration = (known after apply)
      + id              = (known after apply)
    }

  # time_sleep.foo[139] will be created
  + resource "time_sleep" "foo" {
      + create_duration = (known after apply)
      + id              = (known after apply)
    }

  # time_sleep.foo[140] will be created
  + resource "time_sleep" "foo" {
      + create_duration = (known after apply)
      + id              = (known after apply)
    }

  # time_sleep.foo[141] will be created
  + resource "time_sleep" "foo" {
      + create_duration = (known after apply)
      + id              = (known after apply)
    }

  # time_sleep.foo[142] will be created
  + resource "time_sleep" "foo" {
      + create_duration = (known after apply)
      + id              = (known after apply)
    }

  # time_sleep.foo[143] will be created
  + resource "time_sleep" "foo" {
      + create_duration = (known after apply)
      + id              = (known after apply)
    }

  # time_sleep.foo[144] will be created
  + resource "time_sleep" "foo" {
      + create_duration = (known after apply)
      + id              = (known after apply)
    }

  # time_sleep.foo[145] will be created
  + resource "time_sleep" "foo" {
      + create_duration = (known after apply)
      + id              = (known after apply)
    }

  # time_sleep.foo[146] will be created
  + resource "time_sleep" "foo" {
      + create_duration = (known after apply)
      + id              = (known after apply)
    }

  # time_sleep.foo[147] will be created
  + resource "time_sleep" "foo" {
      + create_duration = (known after apply)
      + id              = (known after apply)
    }

  # time_sleep.foo[148] will be created
  + resource "time_sleep" "foo" {
      + create_duration = (known after apply)
      + id              = (known after apply)
    }

  # time_sleep.foo[149] will be created
  + resource "time_sleep" "foo" {
      + create_duration = (known after apply)
      + id              = (known after apply)
    }

  # module.applications[0].module.airflow[0].random_integer.sleep will be created
  + resource "random_integer" "sleep" {
      + id     = (known after apply)
      + max    = 5
      + min    = 1
      + result = (known after apply)
    }

  # module.applications[0].module.airflow[0].time_sleep.bar will be created
  + resource "time_sleep" "bar" {
      + create_duration = (known after apply)
      + id              = (known after apply)
    }

  # module.applications[0].module.airflow[1].random_integer.sleep will be created
  + resource "random_integer" "sleep" {
      + id     = (known after apply)
      + max    = 5
      + min    = 1
      + result = (known after apply)
    }

  # module.applications[0].module.airflow[1].time_sleep.bar will be created
  + resource "time_sleep" "bar" {
      + create_duration = (known after apply)
      + id              = (known after apply)
    }

  # module.applications[0].module.airflow[2].random_integer.sleep will be created
  + resource "random_integer" "sleep" {
      + id     = (known after apply)
      + max    = 5
      + min    = 1
      + result = (known after apply)
    }

  # module.applications[0].module.airflow[2].time_sleep.bar will be created
  + resource "time_sleep" "bar" {
      + create_duration = (known after apply)
      + id              = (known after apply)
    }

  # module.applications[0].module.airflow[3].random_integer.sleep will be created
  + resource "random_integer" "sleep" {
      + id     = (known after apply)
      + max    = 5
      + min    = 1
      + result = (known after apply)
    }

  # module.applications[0].module.airflow[3].time_sleep.bar will be created
  + resource "time_sleep" "bar" {
      + create_duration = (known after apply)
      + id              = (known after apply)
    }

  # module.applications[0].module.airflow[4].random_integer.sleep will be created
  + resource "random_integer" "sleep" {
      + id     = (known after apply)
      + max    = 5
      + min    = 1
      + result = (known after apply)
    }

  # module.applications[0].module.airflow[4].time_sleep.bar will be created
  + resource "time_sleep" "bar" {
      + create_duration = (known after apply)
      + id              = (known after apply)
    }

  # module.applications[0].module.airflow[5].random_integer.sleep will be created
  + resource "random_integer" "sleep" {
      + id     = (known after apply)
      + max    = 5
      + min    = 1
      + result = (known after apply)
    }

  # module.applications[0].module.airflow[5].time_sleep.bar will be created
  + resource "time_sleep" "bar" {
      + create_duration = (known after apply)
      + id              = (known after apply)
    }

  # module.applications[0].module.airflow[6].random_integer.sleep will be created
  + resource "random_integer" "sleep" {
      + id     = (known after apply)
      + max    = 5
      + min    = 1
      + result = (known after apply)
    }

  # module.applications[0].module.airflow[6].time_sleep.bar will be created
  + resource "time_sleep" "bar" {
      + create_duration = (known after apply)
      + id              = (known after apply)
    }

  # module.applications[0].module.airflow[7].random_integer.sleep will be created
  + resource "random_integer" "sleep" {
      + id     = (known after apply)
      + max    = 5
      + min    = 1
      + result = (known after apply)
    }

  # module.applications[0].module.airflow[7].time_sleep.bar will be created
  + resource "time_sleep" "bar" {
      + create_duration = (known after apply)
      + id              = (known after apply)
    }

  # module.applications[0].module.airflow[8].random_integer.sleep will be created
  + resource "random_integer" "sleep" {
      + id     = (known after apply)
      + max    = 5
      + min    = 1
      + result = (known after apply)
    }

  # module.applications[0].module.airflow[8].time_sleep.bar will be created
  + resource "time_sleep" "bar" {
      + create_duration = (known after apply)
      + id              = (known after apply)
    }

  # module.applications[0].module.airflow[9].random_integer.sleep will be created
  + resource "random_integer" "sleep" {
      + id     = (known after apply)
      + max    = 5
      + min    = 1
      + result = (known after apply)
    }

  # module.applications[0].module.airflow[9].time_sleep.bar will be created
  + resource "time_sleep" "bar" {
      + create_duration = (known after apply)
      + id              = (known after apply)
    }

  # module.applications[0].module.dbt[0].random_integer.sleep[0] will be created
  + resource "random_integer" "sleep" {
      + id     = (known after apply)
      + max    = 5
      + min    = 1
      + result = (known after apply)
    }

  # module.applications[0].module.dbt[0].random_integer.sleep[1] will be created
  + resource "random_integer" "sleep" {
      + id     = (known after apply)
      + max    = 5
      + min    = 1
      + result = (known after apply)
    }

  # module.applications[0].module.dbt[0].time_sleep.bar[0] will be created
  + resource "time_sleep" "bar" {
      + create_duration = (known after apply)
      + id              = (known after apply)
    }

  # module.applications[0].module.dbt[0].time_sleep.bar[1] will be created
  + resource "time_sleep" "bar" {
      + create_duration = (known after apply)
      + id              = (known after apply)
    }

  # module.applications[0].module.dbt[1].random_integer.sleep[0] will be created
  + resource "random_integer" "sleep" {
      + id     = (known after apply)
      + max    = 5
      + min    = 1
      + result = (known after apply)
    }

  # module.applications[0].module.dbt[1].random_integer.sleep[1] will be created
  + resource "random_integer" "sleep" {
      + id     = (known after apply)
      + max    = 5
      + min    = 1
      + result = (known after apply)
    }

  # module.applications[0].module.dbt[1].time_sleep.bar[0] will be created
  + resource "time_sleep" "bar" {
      + create_duration = (known after apply)
      + id              = (known after apply)
    }

  # module.applications[0].module.dbt[1].time_sleep.bar[1] will be created
  + resource "time_sleep" "bar" {
      + create_duration = (known after apply)
      + id              = (known after apply)
    }

  # module.applications[0].module.dbt[2].random_integer.sleep[0] will be created
  + resource "random_integer" "sleep" {
      + id     = (known after apply)
      + max    = 5
      + min    = 1
      + result = (known after apply)
    }

  # module.applications[0].module.dbt[2].random_integer.sleep[1] will be created
  + resource "random_integer" "sleep" {
      + id     = (known after apply)
      + max    = 5
      + min    = 1
      + result = (known after apply)
    }

  # module.applications[0].module.dbt[2].time_sleep.bar[0] will be created
  + resource "time_sleep" "bar" {
      + create_duration = (known after apply)
      + id              = (known after apply)
    }

  # module.applications[0].module.dbt[2].time_sleep.bar[1] will be created
  + resource "time_sleep" "bar" {
      + create_duration = (known after apply)
      + id              = (known after apply)
    }

  # module.applications[0].module.dbt[3].random_integer.sleep[0] will be created
  + resource "random_integer" "sleep" {
      + id     = (known after apply)
      + max    = 5
      + min    = 1
      + result = (known after apply)
    }

  # module.applications[0].module.dbt[3].random_integer.sleep[1] will be created
  + resource "random_integer" "sleep" {
      + id     = (known after apply)
      + max    = 5
      + min    = 1
      + result = (known after apply)
    }

  # module.applications[0].module.dbt[3].time_sleep.bar[0] will be created
  + resource "time_sleep" "bar" {
      + create_duration = (known after apply)
      + id              = (known after apply)
    }

  # module.applications[0].module.dbt[3].time_sleep.bar[1] will be created
  + resource "time_sleep" "bar" {
      + create_duration = (known after apply)
      + id              = (known after apply)
    }

  # module.applications[0].module.dbt[4].random_integer.sleep[0] will be created
  + resource "random_integer" "sleep" {
      + id     = (known after apply)
      + max    = 5
      + min    = 1
      + result = (known after apply)
    }

  # module.applications[0].module.dbt[4].random_integer.sleep[1] will be created
  + resource "random_integer" "sleep" {
      + id     = (known after apply)
      + max    = 5
      + min    = 1
      + result = (known after apply)
    }

  # module.applications[0].module.dbt[4].time_sleep.bar[0] will be created
  + resource "time_sleep" "bar" {
      + create_duration = (known after apply)
      + id              = (known after apply)
    }

  # module.applications[0].module.dbt[4].time_sleep.bar[1] will be created
  + resource "time_sleep" "bar" {
      + create_duration = (known after apply)
      + id              = (known after apply)
    }

  # module.applications[1].module.airflow[0].random_integer.sleep will be created
  + resource "random_integer" "sleep" {
      + id     = (known after apply)
      + max    = 5
      + min    = 1
      + result = (known after apply)
    }

  # module.applications[1].module.airflow[0].time_sleep.bar will be created
  + resource "time_sleep" "bar" {
      + create_duration = (known after apply)
      + id              = (known after apply)
    }

  # module.applications[1].module.airflow[1].random_integer.sleep will be created
  + resource "random_integer" "sleep" {
      + id     = (known after apply)
      + max    = 5
      + min    = 1
      + result = (known after apply)
    }

  # module.applications[1].module.airflow[1].time_sleep.bar will be created
  + resource "time_sleep" "bar" {
      + create_duration = (known after apply)
      + id              = (known after apply)
    }

  # module.applications[1].module.airflow[2].random_integer.sleep will be created
  + resource "random_integer" "sleep" {
      + id     = (known after apply)
      + max    = 5
      + min    = 1
      + result = (known after apply)
    }

  # module.applications[1].module.airflow[2].time_sleep.bar will be created
  + resource "time_sleep" "bar" {
      + create_duration = (known after apply)
      + id              = (known after apply)
    }

  # module.applications[1].module.airflow[3].random_integer.sleep will be created
  + resource "random_integer" "sleep" {
      + id     = (known after apply)
      + max    = 5
      + min    = 1
      + result = (known after apply)
    }

  # module.applications[1].module.airflow[3].time_sleep.bar will be created
  + resource "time_sleep" "bar" {
      + create_duration = (known after apply)
      + id              = (known after apply)
    }

  # module.applications[1].module.airflow[4].random_integer.sleep will be created
  + resource "random_integer" "sleep" {
      + id     = (known after apply)
      + max    = 5
      + min    = 1
      + result = (known after apply)
    }

  # module.applications[1].module.airflow[4].time_sleep.bar will be created
  + resource "time_sleep" "bar" {
      + create_duration = (known after apply)
      + id              = (known after apply)
    }

  # module.applications[1].module.airflow[5].random_integer.sleep will be created
  + resource "random_integer" "sleep" {
      + id     = (known after apply)
      + max    = 5
      + min    = 1
      + result = (known after apply)
    }

  # module.applications[1].module.airflow[5].time_sleep.bar will be created
  + resource "time_sleep" "bar" {
      + create_duration = (known after apply)
      + id              = (known after apply)
    }

  # module.applications[1].module.airflow[6].random_integer.sleep will be created
  + resource "random_integer" "sleep" {
      + id     = (known after apply)
      + max    = 5
      + min    = 1
      + result = (known after apply)
    }

  # module.applications[1].module.airflow[6].time_sleep.bar will be created
  + resource "time_sleep" "bar" {
      + create_duration = (known after apply)
      + id              = (known after apply)
    }

  # module.applications[1].module.airflow[7].random_integer.sleep will be created
  + resource "random_integer" "sleep" {
      + id     = (known after apply)
      + max    = 5
      + min    = 1
      + result = (known after apply)
    }

  # module.applications[1].module.airflow[7].time_sleep.bar will be created
  + resource "time_sleep" "bar" {
      + create_duration = (known after apply)
      + id              = (known after apply)
    }

  # module.applications[1].module.airflow[8].random_integer.sleep will be created
  + resource "random_integer" "sleep" {
      + id     = (known after apply)
      + max    = 5
      + min    = 1
      + result = (known after apply)
    }

  # module.applications[1].module.airflow[8].time_sleep.bar will be created
  + resource "time_sleep" "bar" {
      + create_duration = (known after apply)
      + id              = (known after apply)
    }

  # module.applications[1].module.airflow[9].random_integer.sleep will be created
  + resource "random_integer" "sleep" {
      + id     = (known after apply)
      + max    = 5
      + min    = 1
      + result = (known after apply)
    }

  # module.applications[1].module.airflow[9].time_sleep.bar will be created
  + resource "time_sleep" "bar" {
      + create_duration = (known after apply)
      + id              = (known after apply)
    }

  # module.applications[1].module.dbt[0].random_integer.sleep[0] will be created
  + resource "random_integer" "sleep" {
      + id     = (known after apply)
      + max    = 5
      + min    = 1
      + result = (known after apply)
    }

  # module.applications[1].module.dbt[0].random_integer.sleep[1] will be created
  + resource "random_integer" "sleep" {
      + id     = (known after apply)
      + max    = 5
      + min    = 1
      + result = (known after apply)
    }

  # module.applications[1].module.dbt[0].time_sleep.bar[0] will be created
  + resource "time_sleep" "bar" {
      + create_duration = (known after apply)
      + id              = (known after apply)
    }

  # module.applications[1].module.dbt[0].time_sleep.bar[1] will be created
  + resource "time_sleep" "bar" {
      + create_duration = (known after apply)
      + id              = (known after apply)
    }

  # module.applications[1].module.dbt[1].random_integer.sleep[0] will be created
  + resource "random_integer" "sleep" {
      + id     = (known after apply)
      + max    = 5
      + min    = 1
      + result = (known after apply)
    }

  # module.applications[1].module.dbt[1].random_integer.sleep[1] will be created
  + resource "random_integer" "sleep" {
      + id     = (known after apply)
      + max    = 5
      + min    = 1
      + result = (known after apply)
    }

  # module.applications[1].module.dbt[1].time_sleep.bar[0] will be created
  + resource "time_sleep" "bar" {
      + create_duration = (known after apply)
      + id              = (known after apply)
    }

  # module.applications[1].module.dbt[1].time_sleep.bar[1] will be created
  + resource "time_sleep" "bar" {
      + create_duration = (known after apply)
      + id              = (known after apply)
    }

  # module.applications[1].module.dbt[2].random_integer.sleep[0] will be created
  + resource "random_integer" "sleep" {
      + id     = (known after apply)
      + max    = 5
      + min    = 1
      + result = (known after apply)
    }

  # module.applications[1].module.dbt[2].random_integer.sleep[1] will be created
  + resource "random_integer" "sleep" {
      + id     = (known after apply)
      + max    = 5
      + min    = 1
      + result = (known after apply)
    }

  # module.applications[1].module.dbt[2].time_sleep.bar[0] will be created
  + resource "time_sleep" "bar" {
      + create_duration = (known after apply)
      + id              = (known after apply)
    }

  # module.applications[1].module.dbt[2].time_sleep.bar[1] will be created
  + resource "time_sleep" "bar" {
      + create_duration = (known after apply)
      + id              = (known after apply)
    }

  # module.applications[1].module.dbt[3].random_integer.sleep[0] will be created
  + resource "random_integer" "sleep" {
      + id     = (known after apply)
      + max    = 5
      + min    = 1
      + result = (known after apply)
    }

  # module.applications[1].module.dbt[3].random_integer.sleep[1] will be created
  + resource "random_integer" "sleep" {
      + id     = (known after apply)
      + max    = 5
      + min    = 1
      + result = (known after apply)
    }

  # module.applications[1].module.dbt[3].time_sleep.bar[0] will be created
  + resource "time_sleep" "bar" {
      + create_duration = (known after apply)
      + id              = (known after apply)
    }

  # module.applications[1].module.dbt[3].time_sleep.bar[1] will be created
  + resource "time_sleep" "bar" {
      + create_duration = (known after apply)
      + id              = (known after apply)
    }

  # module.applications[1].module.dbt[4].random_integer.sleep[0] will be created
  + resource "random_integer" "sleep" {
      + id     = (known after apply)
      + max    = 5
      + min    = 1
      + result = (known after apply)
    }

  # module.applications[1].module.dbt[4].random_integer.sleep[1] will be created
  + resource "random_integer" "sleep" {
      + id     = (known after apply)
      + max    = 5
      + min    = 1
      + result = (known after apply)
    }

  # module.applications[1].module.dbt[4].time_sleep.bar[0] will be created
  + resource "time_sleep" "bar" {
      + create_duration = (known after apply)
      + id              = (known after apply)
    }

  # module.applications[1].module.dbt[4].time_sleep.bar[1] will be created
  + resource "time_sleep" "bar" {
      + create_duration = (known after apply)
      + id              = (known after apply)
    }

  # module.applications[2].module.airflow[0].random_integer.sleep will be created
  + resource "random_integer" "sleep" {
      + id     = (known after apply)
      + max    = 5
      + min    = 1
      + result = (known after apply)
    }

  # module.applications[2].module.airflow[0].time_sleep.bar will be created
  + resource "time_sleep" "bar" {
      + create_duration = (known after apply)
      + id              = (known after apply)
    }

  # module.applications[2].module.airflow[1].random_integer.sleep will be created
  + resource "random_integer" "sleep" {
      + id     = (known after apply)
      + max    = 5
      + min    = 1
      + result = (known after apply)
    }

  # module.applications[2].module.airflow[1].time_sleep.bar will be created
  + resource "time_sleep" "bar" {
      + create_duration = (known after apply)
      + id              = (known after apply)
    }

  # module.applications[2].module.airflow[2].random_integer.sleep will be created
  + resource "random_integer" "sleep" {
      + id     = (known after apply)
      + max    = 5
      + min    = 1
      + result = (known after apply)
    }

  # module.applications[2].module.airflow[2].time_sleep.bar will be created
  + resource "time_sleep" "bar" {
      + create_duration = (known after apply)
      + id              = (known after apply)
    }

  # module.applications[2].module.airflow[3].random_integer.sleep will be created
  + resource "random_integer" "sleep" {
      + id     = (known after apply)
      + max    = 5
      + min    = 1
      + result = (known after apply)
    }

  # module.applications[2].module.airflow[3].time_sleep.bar will be created
  + resource "time_sleep" "bar" {
      + create_duration = (known after apply)
      + id              = (known after apply)
    }

  # module.applications[2].module.airflow[4].random_integer.sleep will be created
  + resource "random_integer" "sleep" {
      + id     = (known after apply)
      + max    = 5
      + min    = 1
      + result = (known after apply)
    }

  # module.applications[2].module.airflow[4].time_sleep.bar will be created
  + resource "time_sleep" "bar" {
      + create_duration = (known after apply)
      + id              = (known after apply)
    }

  # module.applications[2].module.airflow[5].random_integer.sleep will be created
  + resource "random_integer" "sleep" {
      + id     = (known after apply)
      + max    = 5
      + min    = 1
      + result = (known after apply)
    }

  # module.applications[2].module.airflow[5].time_sleep.bar will be created
  + resource "time_sleep" "bar" {
      + create_duration = (known after apply)
      + id              = (known after apply)
    }

  # module.applications[2].module.airflow[6].random_integer.sleep will be created
  + resource "random_integer" "sleep" {
      + id     = (known after apply)
      + max    = 5
      + min    = 1
      + result = (known after apply)
    }

  # module.applications[2].module.airflow[6].time_sleep.bar will be created
  + resource "time_sleep" "bar" {
      + create_duration = (known after apply)
      + id              = (known after apply)
    }

  # module.applications[2].module.airflow[7].random_integer.sleep will be created
  + resource "random_integer" "sleep" {
      + id     = (known after apply)
      + max    = 5
      + min    = 1
      + result = (known after apply)
    }

  # module.applications[2].module.airflow[7].time_sleep.bar will be created
  + resource "time_sleep" "bar" {
      + create_duration = (known after apply)
      + id              = (known after apply)
    }

  # module.applications[2].module.airflow[8].random_integer.sleep will be created
  + resource "random_integer" "sleep" {
      + id     = (known after apply)
      + max    = 5
      + min    = 1
      + result = (known after apply)
    }

  # module.applications[2].module.airflow[8].time_sleep.bar will be created
  + resource "time_sleep" "bar" {
      + create_duration = (known after apply)
      + id              = (known after apply)
    }

  # module.applications[2].module.airflow[9].random_integer.sleep will be created
  + resource "random_integer" "sleep" {
      + id     = (known after apply)
      + max    = 5
      + min    = 1
      + result = (known after apply)
    }

  # module.applications[2].module.airflow[9].time_sleep.bar will be created
  + resource "time_sleep" "bar" {
      + create_duration = (known after apply)
      + id              = (known after apply)
    }

  # module.applications[2].module.dbt[0].random_integer.sleep[0] will be created
  + resource "random_integer" "sleep" {
      + id     = (known after apply)
      + max    = 5
      + min    = 1
      + result = (known after apply)
    }

  # module.applications[2].module.dbt[0].random_integer.sleep[1] will be created
  + resource "random_integer" "sleep" {
      + id     = (known after apply)
      + max    = 5
      + min    = 1
      + result = (known after apply)
    }

  # module.applications[2].module.dbt[0].time_sleep.bar[0] will be created
  + resource "time_sleep" "bar" {
      + create_duration = (known after apply)
      + id              = (known after apply)
    }

  # module.applications[2].module.dbt[0].time_sleep.bar[1] will be created
  + resource "time_sleep" "bar" {
      + create_duration = (known after apply)
      + id              = (known after apply)
    }

  # module.applications[2].module.dbt[1].random_integer.sleep[0] will be created
  + resource "random_integer" "sleep" {
      + id     = (known after apply)
      + max    = 5
      + min    = 1
      + result = (known after apply)
    }

  # module.applications[2].module.dbt[1].random_integer.sleep[1] will be created
  + resource "random_integer" "sleep" {
      + id     = (known after apply)
      + max    = 5
      + min    = 1
      + result = (known after apply)
    }

  # module.applications[2].module.dbt[1].time_sleep.bar[0] will be created
  + resource "time_sleep" "bar" {
      + create_duration = (known after apply)
      + id              = (known after apply)
    }

  # module.applications[2].module.dbt[1].time_sleep.bar[1] will be created
  + resource "time_sleep" "bar" {
      + create_duration = (known after apply)
      + id              = (known after apply)
    }

  # module.applications[2].module.dbt[2].random_integer.sleep[0] will be created
  + resource "random_integer" "sleep" {
      + id     = (known after apply)
      + max    = 5
      + min    = 1
      + result = (known after apply)
    }

  # module.applications[2].module.dbt[2].random_integer.sleep[1] will be created
  + resource "random_integer" "sleep" {
      + id     = (known after apply)
      + max    = 5
      + min    = 1
      + result = (known after apply)
    }

  # module.applications[2].module.dbt[2].time_sleep.bar[0] will be created
  + resource "time_sleep" "bar" {
      + create_duration = (known after apply)
      + id              = (known after apply)
    }

  # module.applications[2].module.dbt[2].time_sleep.bar[1] will be created
  + resource "time_sleep" "bar" {
      + create_duration = (known after apply)
      + id              = (known after apply)
    }

  # module.applications[2].module.dbt[3].random_integer.sleep[0] will be created
  + resource "random_integer" "sleep" {
      + id     = (known after apply)
      + max    = 5
      + min    = 1
      + result = (known after apply)
    }

  # module.applications[2].module.dbt[3].random_integer.sleep[1] will be created
  + resource "random_integer" "sleep" {
      + id     = (known after apply)
      + max    = 5
      + min    = 1
      + result = (known after apply)
    }

  # module.applications[2].module.dbt[3].time_sleep.bar[0] will be created
  + resource "time_sleep" "bar" {
      + create_duration = (known after apply)
      + id              = (known after apply)
    }

  # module.applications[2].module.dbt[3].time_sleep.bar[1] will be created
  + resource "time_sleep" "bar" {
      + create_duration = (known after apply)
      + id              = (known after apply)
    }

  # module.applications[2].module.dbt[4].random_integer.sleep[0] will be created
  + resource "random_integer" "sleep" {
      + id     = (known after apply)
      + max    = 5
      + min    = 1
      + result = (known after apply)
    }

  # module.applications[2].module.dbt[4].random_integer.sleep[1] will be created
  + resource "random_integer" "sleep" {
      + id     = (known after apply)
      + max    = 5
      + min    = 1
      + result = (known after apply)
    }

  # module.applications[2].module.dbt[4].time_sleep.bar[0] will be created
  + resource "time_sleep" "bar" {
      + create_duration = (known after apply)
      + id              = (known after apply)
    }

  # module.applications[2].module.dbt[4].time_sleep.bar[1] will be created
  + resource "time_sleep" "bar" {
      + create_duration = (known after apply)
      + id              = (known after apply)
    }

  # module.applications[3].module.airflow[0].random_integer.sleep will be created
  + resource "random_integer" "sleep" {
      + id     = (known after apply)
      + max    = 5
      + min    = 1
      + result = (known after apply)
    }

  # module.applications[3].module.airflow[0].time_sleep.bar will be created
  + resource "time_sleep" "bar" {
      + create_duration = (known after apply)
      + id              = (known after apply)
    }

  # module.applications[3].module.airflow[1].random_integer.sleep will be created
  + resource "random_integer" "sleep" {
      + id     = (known after apply)
      + max    = 5
      + min    = 1
      + result = (known after apply)
    }

  # module.applications[3].module.airflow[1].time_sleep.bar will be created
  + resource "time_sleep" "bar" {
      + create_duration = (known after apply)
      + id              = (known after apply)
    }

  # module.applications[3].module.airflow[2].random_integer.sleep will be created
  + resource "random_integer" "sleep" {
      + id     = (known after apply)
      + max    = 5
      + min    = 1
      + result = (known after apply)
    }

  # module.applications[3].module.airflow[2].time_sleep.bar will be created
  + resource "time_sleep" "bar" {
      + create_duration = (known after apply)
      + id              = (known after apply)
    }

  # module.applications[3].module.airflow[3].random_integer.sleep will be created
  + resource "random_integer" "sleep" {
      + id     = (known after apply)
      + max    = 5
      + min    = 1
      + result = (known after apply)
    }

  # module.applications[3].module.airflow[3].time_sleep.bar will be created
  + resource "time_sleep" "bar" {
      + create_duration = (known after apply)
      + id              = (known after apply)
    }

  # module.applications[3].module.airflow[4].random_integer.sleep will be created
  + resource "random_integer" "sleep" {
      + id     = (known after apply)
      + max    = 5
      + min    = 1
      + result = (known after apply)
    }

  # module.applications[3].module.airflow[4].time_sleep.bar will be created
  + resource "time_sleep" "bar" {
      + create_duration = (known after apply)
      + id              = (known after apply)
    }

  # module.applications[3].module.airflow[5].random_integer.sleep will be created
  + resource "random_integer" "sleep" {
      + id     = (known after apply)
      + max    = 5
      + min    = 1
      + result = (known after apply)
    }

  # module.applications[3].module.airflow[5].time_sleep.bar will be created
  + resource "time_sleep" "bar" {
      + create_duration = (known after apply)
      + id              = (known after apply)
    }

  # module.applications[3].module.airflow[6].random_integer.sleep will be created
  + resource "random_integer" "sleep" {
      + id     = (known after apply)
      + max    = 5
      + min    = 1
      + result = (known after apply)
    }

  # module.applications[3].module.airflow[6].time_sleep.bar will be created
  + resource "time_sleep" "bar" {
      + create_duration = (known after apply)
      + id              = (known after apply)
    }

  # module.applications[3].module.airflow[7].random_integer.sleep will be created
  + resource "random_integer" "sleep" {
      + id     = (known after apply)
      + max    = 5
      + min    = 1
      + result = (known after apply)
    }

  # module.applications[3].module.airflow[7].time_sleep.bar will be created
  + resource "time_sleep" "bar" {
      + create_duration = (known after apply)
      + id              = (known after apply)
    }

  # module.applications[3].module.airflow[8].random_integer.sleep will be created
  + resource "random_integer" "sleep" {
      + id     = (known after apply)
      + max    = 5
      + min    = 1
      + result = (known after apply)
    }

  # module.applications[3].module.airflow[8].time_sleep.bar will be created
  + resource "time_sleep" "bar" {
      + create_duration = (known after apply)
      + id              = (known after apply)
    }

  # module.applications[3].module.airflow[9].random_integer.sleep will be created
  + resource "random_integer" "sleep" {
      + id     = (known after apply)
      + max    = 5
      + min    = 1
      + result = (known after apply)
    }

  # module.applications[3].module.airflow[9].time_sleep.bar will be created
  + resource "time_sleep" "bar" {
      + create_duration = (known after apply)
      + id              = (known after apply)
    }

  # module.applications[3].module.dbt[0].random_integer.sleep[0] will be created
  + resource "random_integer" "sleep" {
      + id     = (known after apply)
      + max    = 5
      + min    = 1
      + result = (known after apply)
    }

  # module.applications[3].module.dbt[0].random_integer.sleep[1] will be created
  + resource "random_integer" "sleep" {
      + id     = (known after apply)
      + max    = 5
      + min    = 1
      + result = (known after apply)
    }

  # module.applications[3].module.dbt[0].time_sleep.bar[0] will be created
  + resource "time_sleep" "bar" {
      + create_duration = (known after apply)
      + id              = (known after apply)
    }

  # module.applications[3].module.dbt[0].time_sleep.bar[1] will be created
  + resource "time_sleep" "bar" {
      + create_duration = (known after apply)
      + id              = (known after apply)
    }

  # module.applications[3].module.dbt[1].random_integer.sleep[0] will be created
  + resource "random_integer" "sleep" {
      + id     = (known after apply)
      + max    = 5
      + min    = 1
      + result = (known after apply)
    }

  # module.applications[3].module.dbt[1].random_integer.sleep[1] will be created
  + resource "random_integer" "sleep" {
      + id     = (known after apply)
      + max    = 5
      + min    = 1
      + result = (known after apply)
    }

  # module.applications[3].module.dbt[1].time_sleep.bar[0] will be created
  + resource "time_sleep" "bar" {
      + create_duration = (known after apply)
      + id              = (known after apply)
    }

  # module.applications[3].module.dbt[1].time_sleep.bar[1] will be created
  + resource "time_sleep" "bar" {
      + create_duration = (known after apply)
      + id              = (known after apply)
    }

  # module.applications[3].module.dbt[2].random_integer.sleep[0] will be created
  + resource "random_integer" "sleep" {
      + id     = (known after apply)
      + max    = 5
      + min    = 1
      + result = (known after apply)
    }

  # module.applications[3].module.dbt[2].random_integer.sleep[1] will be created
  + resource "random_integer" "sleep" {
      + id     = (known after apply)
      + max    = 5
      + min    = 1
      + result = (known after apply)
    }

  # module.applications[3].module.dbt[2].time_sleep.bar[0] will be created
  + resource "time_sleep" "bar" {
      + create_duration = (known after apply)
      + id              = (known after apply)
    }

  # module.applications[3].module.dbt[2].time_sleep.bar[1] will be created
  + resource "time_sleep" "bar" {
      + create_duration = (known after apply)
      + id              = (known after apply)
    }

  # module.applications[3].module.dbt[3].random_integer.sleep[0] will be created
  + resource "random_integer" "sleep" {
      + id     = (known after apply)
      + max    = 5
      + min    = 1
      + result = (known after apply)
    }

  # module.applications[3].module.dbt[3].random_integer.sleep[1] will be created
  + resource "random_integer" "sleep" {
      + id     = (known after apply)
      + max    = 5
      + min    = 1
      + result = (known after apply)
    }

  # module.applications[3].module.dbt[3].time_sleep.bar[0] will be created
  + resource "time_sleep" "bar" {
      + create_duration = (known after apply)
      + id              = (known after apply)
    }

  # module.applications[3].module.dbt[3].time_sleep.bar[1] will be created
  + resource "time_sleep" "bar" {
      + create_duration = (known after apply)
      + id              = (known after apply)
    }

  # module.applications[3].module.dbt[4].random_integer.sleep[0] will be created
  + resource "random_integer" "sleep" {
      + id     = (known after apply)
      + max    = 5
      + min    = 1
      + result = (known after apply)
    }

  # module.applications[3].module.dbt[4].random_integer.sleep[1] will be created
  + resource "random_integer" "sleep" {
      + id     = (known after apply)
      + max    = 5
      + min    = 1
      + result = (known after apply)
    }

  # module.applications[3].module.dbt[4].time_sleep.bar[0] will be created
  + resource "time_sleep" "bar" {
      + create_duration = (known after apply)
      + id              = (known after apply)
    }

  # module.applications[3].module.dbt[4].time_sleep.bar[1] will be created
  + resource "time_sleep" "bar" {
      + create_duration = (known after apply)
      + id              = (known after apply)
    }

  # module.applications[4].module.airflow[0].random_integer.sleep will be created
  + resource "random_integer" "sleep" {
      + id     = (known after apply)
      + max    = 5
      + min    = 1
      + result = (known after apply)
    }

  # module.applications[4].module.airflow[0].time_sleep.bar will be created
  + resource "time_sleep" "bar" {
      + create_duration = (known after apply)
      + id              = (known after apply)
    }

  # module.applications[4].module.airflow[1].random_integer.sleep will be created
  + resource "random_integer" "sleep" {
      + id     = (known after apply)
      + max    = 5
      + min    = 1
      + result = (known after apply)
    }

  # module.applications[4].module.airflow[1].time_sleep.bar will be created
  + resource "time_sleep" "bar" {
      + create_duration = (known after apply)
      + id              = (known after apply)
    }

  # module.applications[4].module.airflow[2].random_integer.sleep will be created
  + resource "random_integer" "sleep" {
      + id     = (known after apply)
      + max    = 5
      + min    = 1
      + result = (known after apply)
    }

  # module.applications[4].module.airflow[2].time_sleep.bar will be created
  + resource "time_sleep" "bar" {
      + create_duration = (known after apply)
      + id              = (known after apply)
    }

  # module.applications[4].module.airflow[3].random_integer.sleep will be created
  + resource "random_integer" "sleep" {
      + id     = (known after apply)
      + max    = 5
      + min    = 1
      + result = (known after apply)
    }

  # module.applications[4].module.airflow[3].time_sleep.bar will be created
  + resource "time_sleep" "bar" {
      + create_duration = (known after apply)
      + id              = (known after apply)
    }

  # module.applications[4].module.airflow[4].random_integer.sleep will be created
  + resource "random_integer" "sleep" {
      + id     = (known after apply)
      + max    = 5
      + min    = 1
      + result = (known after apply)
    }

  # module.applications[4].module.airflow[4].time_sleep.bar will be created
  + resource "time_sleep" "bar" {
      + create_duration = (known after apply)
      + id              = (known after apply)
    }

  # module.applications[4].module.airflow[5].random_integer.sleep will be created
  + resource "random_integer" "sleep" {
      + id     = (known after apply)
      + max    = 5
      + min    = 1
      + result = (known after apply)
    }

  # module.applications[4].module.airflow[5].time_sleep.bar will be created
  + resource "time_sleep" "bar" {
      + create_duration = (known after apply)
      + id              = (known after apply)
    }

  # module.applications[4].module.airflow[6].random_integer.sleep will be created
  + resource "random_integer" "sleep" {
      + id     = (known after apply)
      + max    = 5
      + min    = 1
      + result = (known after apply)
    }

  # module.applications[4].module.airflow[6].time_sleep.bar will be created
  + resource "time_sleep" "bar" {
      + create_duration = (known after apply)
      + id              = (known after apply)
    }

  # module.applications[4].module.airflow[7].random_integer.sleep will be created
  + resource "random_integer" "sleep" {
      + id     = (known after apply)
      + max    = 5
      + min    = 1
      + result = (known after apply)
    }

  # module.applications[4].module.airflow[7].time_sleep.bar will be created
  + resource "time_sleep" "bar" {
      + create_duration = (known after apply)
      + id              = (known after apply)
    }

  # module.applications[4].module.airflow[8].random_integer.sleep will be created
  + resource "random_integer" "sleep" {
      + id     = (known after apply)
      + max    = 5
      + min    = 1
      + result = (known after apply)
    }

  # module.applications[4].module.airflow[8].time_sleep.bar will be created
  + resource "time_sleep" "bar" {
      + create_duration = (known after apply)
      + id              = (known after apply)
    }

  # module.applications[4].module.airflow[9].random_integer.sleep will be created
  + resource "random_integer" "sleep" {
      + id     = (known after apply)
      + max    = 5
      + min    = 1
      + result = (known after apply)
    }

  # module.applications[4].module.airflow[9].time_sleep.bar will be created
  + resource "time_sleep" "bar" {
      + create_duration = (known after apply)
      + id              = (known after apply)
    }

  # module.applications[4].module.dbt[0].random_integer.sleep[0] will be created
  + resource "random_integer" "sleep" {
      + id     = (known after apply)
      + max    = 5
      + min    = 1
      + result = (known after apply)
    }

  # module.applications[4].module.dbt[0].random_integer.sleep[1] will be created
  + resource "random_integer" "sleep" {
      + id     = (known after apply)
      + max    = 5
      + min    = 1
      + result = (known after apply)
    }

  # module.applications[4].module.dbt[0].time_sleep.bar[0] will be created
  + resource "time_sleep" "bar" {
      + create_duration = (known after apply)
      + id              = (known after apply)
    }

  # module.applications[4].module.dbt[0].time_sleep.bar[1] will be created
  + resource "time_sleep" "bar" {
      + create_duration = (known after apply)
      + id              = (known after apply)
    }

  # module.applications[4].module.dbt[1].random_integer.sleep[0] will be created
  + resource "random_integer" "sleep" {
      + id     = (known after apply)
      + max    = 5
      + min    = 1
      + result = (known after apply)
    }

  # module.applications[4].module.dbt[1].random_integer.sleep[1] will be created
  + resource "random_integer" "sleep" {
      + id     = (known after apply)
      + max    = 5
      + min    = 1
      + result = (known after apply)
    }

  # module.applications[4].module.dbt[1].time_sleep.bar[0] will be created
  + resource "time_sleep" "bar" {
      + create_duration = (known after apply)
      + id              = (known after apply)
    }

  # module.applications[4].module.dbt[1].time_sleep.bar[1] will be created
  + resource "time_sleep" "bar" {
      + create_duration = (known after apply)
      + id              = (known after apply)
    }

  # module.applications[4].module.dbt[2].random_integer.sleep[0] will be created
  + resource "random_integer" "sleep" {
      + id     = (known after apply)
      + max    = 5
      + min    = 1
      + result = (known after apply)
    }

  # module.applications[4].module.dbt[2].random_integer.sleep[1] will be created
  + resource "random_integer" "sleep" {
      + id     = (known after apply)
      + max    = 5
      + min    = 1
      + result = (known after apply)
    }

  # module.applications[4].module.dbt[2].time_sleep.bar[0] will be created
  + resource "time_sleep" "bar" {
      + create_duration = (known after apply)
      + id              = (known after apply)
    }

  # module.applications[4].module.dbt[2].time_sleep.bar[1] will be created
  + resource "time_sleep" "bar" {
      + create_duration = (known after apply)
      + id              = (known after apply)
    }

  # module.applications[4].module.dbt[3].random_integer.sleep[0] will be created
  + resource "random_integer" "sleep" {
      + id     = (known after apply)
      + max    = 5
      + min    = 1
      + result = (known after apply)
    }

  # module.applications[4].module.dbt[3].random_integer.sleep[1] will be created
  + resource "random_integer" "sleep" {
      + id     = (known after apply)
      + max    = 5
      + min    = 1
      + result = (known after apply)
    }

  # module.applications[4].module.dbt[3].time_sleep.bar[0] will be created
  + resource "time_sleep" "bar" {
      + create_duration = (known after apply)
      + id              = (known after apply)
    }

  # module.applications[4].module.dbt[3].time_sleep.bar[1] will be created
  + resource "time_sleep" "bar" {
      + create_duration = (known after apply)
      + id              = (known after apply)
    }

  # module.applications[4].module.dbt[4].random_integer.sleep[0] will be created
  + resource "random_integer" "sleep" {
      + id     = (known after apply)
      + max    = 5
      + min    = 1
      + result = (known after apply)
    }

  # module.applications[4].module.dbt[4].random_integer.sleep[1] will be created
  + resource "random_integer" "sleep" {
      + id     = (known after apply)
      + max    = 5
      + min    = 1
      + result = (known after apply)
    }

  # module.applications[4].module.dbt[4].time_sleep.bar[0] will be created
  + resource "time_sleep" "bar" {
      + create_duration = (known after apply)
      + id              = (known after apply)
    }

  # module.applications[4].module.dbt[4].time_sleep.bar[1] will be created
  + resource "time_sleep" "bar" {
      + create_duration = (known after apply)
      + id              = (known after apply)
    }

  # module.applications[5].module.airflow[0].random_integer.sleep will be created
  + resource "random_integer" "sleep" {
      + id     = (known after apply)
      + max    = 5
      + min    = 1
      + result = (known after apply)
    }

  # module.applications[5].module.airflow[0].time_sleep.bar will be created
  + resource "time_sleep" "bar" {
      + create_duration = (known after apply)
      + id              = (known after apply)
    }

  # module.applications[5].module.airflow[1].random_integer.sleep will be created
  + resource "random_integer" "sleep" {
      + id     = (known after apply)
      + max    = 5
      + min    = 1
      + result = (known after apply)
    }

  # module.applications[5].module.airflow[1].time_sleep.bar will be created
  + resource "time_sleep" "bar" {
      + create_duration = (known after apply)
      + id              = (known after apply)
    }

  # module.applications[5].module.airflow[2].random_integer.sleep will be created
  + resource "random_integer" "sleep" {
      + id     = (known after apply)
      + max    = 5
      + min    = 1
      + result = (known after apply)
    }

  # module.applications[5].module.airflow[2].time_sleep.bar will be created
  + resource "time_sleep" "bar" {
      + create_duration = (known after apply)
      + id              = (known after apply)
    }

  # module.applications[5].module.airflow[3].random_integer.sleep will be created
  + resource "random_integer" "sleep" {
      + id     = (known after apply)
      + max    = 5
      + min    = 1
      + result = (known after apply)
    }

  # module.applications[5].module.airflow[3].time_sleep.bar will be created
  + resource "time_sleep" "bar" {
      + create_duration = (known after apply)
      + id              = (known after apply)
    }

  # module.applications[5].module.airflow[4].random_integer.sleep will be created
  + resource "random_integer" "sleep" {
      + id     = (known after apply)
      + max    = 5
      + min    = 1
      + result = (known after apply)
    }

  # module.applications[5].module.airflow[4].time_sleep.bar will be created
  + resource "time_sleep" "bar" {
      + create_duration = (known after apply)
      + id              = (known after apply)
    }

  # module.applications[5].module.airflow[5].random_integer.sleep will be created
  + resource "random_integer" "sleep" {
      + id     = (known after apply)
      + max    = 5
      + min    = 1
      + result = (known after apply)
    }

  # module.applications[5].module.airflow[5].time_sleep.bar will be created
  + resource "time_sleep" "bar" {
      + create_duration = (known after apply)
      + id              = (known after apply)
    }

  # module.applications[5].module.airflow[6].random_integer.sleep will be created
  + resource "random_integer" "sleep" {
      + id     = (known after apply)
      + max    = 5
      + min    = 1
      + result = (known after apply)
    }

  # module.applications[5].module.airflow[6].time_sleep.bar will be created
  + resource "time_sleep" "bar" {
      + create_duration = (known after apply)
      + id              = (known after apply)
    }

  # module.applications[5].module.airflow[7].random_integer.sleep will be created
  + resource "random_integer" "sleep" {
      + id     = (known after apply)
      + max    = 5
      + min    = 1
      + result = (known after apply)
    }

  # module.applications[5].module.airflow[7].time_sleep.bar will be created
  + resource "time_sleep" "bar" {
      + create_duration = (known after apply)
      + id              = (known after apply)
    }

  # module.applications[5].module.airflow[8].random_integer.sleep will be created
  + resource "random_integer" "sleep" {
      + id     = (known after apply)
      + max    = 5
      + min    = 1
      + result = (known after apply)
    }

  # module.applications[5].module.airflow[8].time_sleep.bar will be created
  + resource "time_sleep" "bar" {
      + create_duration = (known after apply)
      + id              = (known after apply)
    }

  # module.applications[5].module.airflow[9].random_integer.sleep will be created
  + resource "random_integer" "sleep" {
      + id     = (known after apply)
      + max    = 5
      + min    = 1
      + result = (known after apply)
    }

  # module.applications[5].module.airflow[9].time_sleep.bar will be created
  + resource "time_sleep" "bar" {
      + create_duration = (known after apply)
      + id              = (known after apply)
    }

  # module.applications[5].module.dbt[0].random_integer.sleep[0] will be created
  + resource "random_integer" "sleep" {
      + id     = (known after apply)
      + max    = 5
      + min    = 1
      + result = (known after apply)
    }

  # module.applications[5].module.dbt[0].random_integer.sleep[1] will be created
  + resource "random_integer" "sleep" {
      + id     = (known after apply)
      + max    = 5
      + min    = 1
      + result = (known after apply)
    }

  # module.applications[5].module.dbt[0].time_sleep.bar[0] will be created
  + resource "time_sleep" "bar" {
      + create_duration = (known after apply)
      + id              = (known after apply)
    }

  # module.applications[5].module.dbt[0].time_sleep.bar[1] will be created
  + resource "time_sleep" "bar" {
      + create_duration = (known after apply)
      + id              = (known after apply)
    }

  # module.applications[5].module.dbt[1].random_integer.sleep[0] will be created
  + resource "random_integer" "sleep" {
      + id     = (known after apply)
      + max    = 5
      + min    = 1
      + result = (known after apply)
    }

  # module.applications[5].module.dbt[1].random_integer.sleep[1] will be created
  + resource "random_integer" "sleep" {
      + id     = (known after apply)
      + max    = 5
      + min    = 1
      + result = (known after apply)
    }

  # module.applications[5].module.dbt[1].time_sleep.bar[0] will be created
  + resource "time_sleep" "bar" {
      + create_duration = (known after apply)
      + id              = (known after apply)
    }

  # module.applications[5].module.dbt[1].time_sleep.bar[1] will be created
  + resource "time_sleep" "bar" {
      + create_duration = (known after apply)
      + id              = (known after apply)
    }

  # module.applications[5].module.dbt[2].random_integer.sleep[0] will be created
  + resource "random_integer" "sleep" {
      + id     = (known after apply)
      + max    = 5
      + min    = 1
      + result = (known after apply)
    }

  # module.applications[5].module.dbt[2].random_integer.sleep[1] will be created
  + resource "random_integer" "sleep" {
      + id     = (known after apply)
      + max    = 5
      + min    = 1
      + result = (known after apply)
    }

  # module.applications[5].module.dbt[2].time_sleep.bar[0] will be created
  + resource "time_sleep" "bar" {
      + create_duration = (known after apply)
      + id              = (known after apply)
    }

  # module.applications[5].module.dbt[2].time_sleep.bar[1] will be created
  + resource "time_sleep" "bar" {
      + create_duration = (known after apply)
      + id              = (known after apply)
    }

  # module.applications[5].module.dbt[3].random_integer.sleep[0] will be created
  + resource "random_integer" "sleep" {
      + id     = (known after apply)
      + max    = 5
      + min    = 1
      + result = (known after apply)
    }

  # module.applications[5].module.dbt[3].random_integer.sleep[1] will be created
  + resource "random_integer" "sleep" {
      + id     = (known after apply)
      + max    = 5
      + min    = 1
      + result = (known after apply)
    }

  # module.applications[5].module.dbt[3].time_sleep.bar[0] will be created
  + resource "time_sleep" "bar" {
      + create_duration = (known after apply)
      + id              = (known after apply)
    }

  # module.applications[5].module.dbt[3].time_sleep.bar[1] will be created
  + resource "time_sleep" "bar" {
      + create_duration = (known after apply)
      + id              = (known after apply)
    }

  # module.applications[5].module.dbt[4].random_integer.sleep[0] will be created
  + resource "random_integer" "sleep" {
      + id     = (known after apply)
      + max    = 5
      + min    = 1
      + result = (known after apply)
    }

  # module.applications[5].module.dbt[4].random_integer.sleep[1] will be created
  + resource "random_integer" "sleep" {
      + id     = (known after apply)
      + max    = 5
      + min    = 1
      + result = (known after apply)
    }

  # module.applications[5].module.dbt[4].time_sleep.bar[0] will be created
  + resource "time_sleep" "bar" {
      + create_duration = (known after apply)
      + id              = (known after apply)
    }

  # module.applications[5].module.dbt[4].time_sleep.bar[1] will be created
  + resource "time_sleep" "bar" {
      + create_duration = (known after apply)
      + id              = (known after apply)
    }

  # module.applications[6].module.airflow[0].random_integer.sleep will be created
  + resource "random_integer" "sleep" {
      + id     = (known after apply)
      + max    = 5
      + min    = 1
      + result = (known after apply)
    }

  # module.applications[6].module.airflow[0].time_sleep.bar will be created
  + resource "time_sleep" "bar" {
      + create_duration = (known after apply)
      + id              = (known after apply)
    }

  # module.applications[6].module.airflow[1].random_integer.sleep will be created
  + resource "random_integer" "sleep" {
      + id     = (known after apply)
      + max    = 5
      + min    = 1
      + result = (known after apply)
    }

  # module.applications[6].module.airflow[1].time_sleep.bar will be created
  + resource "time_sleep" "bar" {
      + create_duration = (known after apply)
      + id              = (known after apply)
    }

  # module.applications[6].module.airflow[2].random_integer.sleep will be created
  + resource "random_integer" "sleep" {
      + id     = (known after apply)
      + max    = 5
      + min    = 1
      + result = (known after apply)
    }

  # module.applications[6].module.airflow[2].time_sleep.bar will be created
  + resource "time_sleep" "bar" {
      + create_duration = (known after apply)
      + id              = (known after apply)
    }

  # module.applications[6].module.airflow[3].random_integer.sleep will be created
  + resource "random_integer" "sleep" {
      + id     = (known after apply)
      + max    = 5
      + min    = 1
      + result = (known after apply)
    }

  # module.applications[6].module.airflow[3].time_sleep.bar will be created
  + resource "time_sleep" "bar" {
      + create_duration = (known after apply)
      + id              = (known after apply)
    }

  # module.applications[6].module.airflow[4].random_integer.sleep will be created
  + resource "random_integer" "sleep" {
      + id     = (known after apply)
      + max    = 5
      + min    = 1
      + result = (known after apply)
    }

  # module.applications[6].module.airflow[4].time_sleep.bar will be created
  + resource "time_sleep" "bar" {
      + create_duration = (known after apply)
      + id              = (known after apply)
    }

  # module.applications[6].module.airflow[5].random_integer.sleep will be created
  + resource "random_integer" "sleep" {
      + id     = (known after apply)
      + max    = 5
      + min    = 1
      + result = (known after apply)
    }

  # module.applications[6].module.airflow[5].time_sleep.bar will be created
  + resource "time_sleep" "bar" {
      + create_duration = (known after apply)
      + id              = (known after apply)
    }

  # module.applications[6].module.airflow[6].random_integer.sleep will be created
  + resource "random_integer" "sleep" {
      + id     = (known after apply)
      + max    = 5
      + min    = 1
      + result = (known after apply)
    }

  # module.applications[6].module.airflow[6].time_sleep.bar will be created
  + resource "time_sleep" "bar" {
      + create_duration = (known after apply)
      + id              = (known after apply)
    }

  # module.applications[6].module.airflow[7].random_integer.sleep will be created
  + resource "random_integer" "sleep" {
      + id     = (known after apply)
      + max    = 5
      + min    = 1
      + result = (known after apply)
    }

  # module.applications[6].module.airflow[7].time_sleep.bar will be created
  + resource "time_sleep" "bar" {
      + create_duration = (known after apply)
      + id              = (known after apply)
    }

  # module.applications[6].module.airflow[8].random_integer.sleep will be created
  + resource "random_integer" "sleep" {
      + id     = (known after apply)
      + max    = 5
      + min    = 1
      + result = (known after apply)
    }

  # module.applications[6].module.airflow[8].time_sleep.bar will be created
  + resource "time_sleep" "bar" {
      + create_duration = (known after apply)
      + id              = (known after apply)
    }

  # module.applications[6].module.airflow[9].random_integer.sleep will be created
  + resource "random_integer" "sleep" {
      + id     = (known after apply)
      + max    = 5
      + min    = 1
      + result = (known after apply)
    }

  # module.applications[6].module.airflow[9].time_sleep.bar will be created
  + resource "time_sleep" "bar" {
      + create_duration = (known after apply)
      + id              = (known after apply)
    }

  # module.applications[6].module.dbt[0].random_integer.sleep[0] will be created
  + resource "random_integer" "sleep" {
      + id     = (known after apply)
      + max    = 5
      + min    = 1
      + result = (known after apply)
    }

  # module.applications[6].module.dbt[0].random_integer.sleep[1] will be created
  + resource "random_integer" "sleep" {
      + id     = (known after apply)
      + max    = 5
      + min    = 1
      + result = (known after apply)
    }

  # module.applications[6].module.dbt[0].time_sleep.bar[0] will be created
  + resource "time_sleep" "bar" {
      + create_duration = (known after apply)
      + id              = (known after apply)
    }

  # module.applications[6].module.dbt[0].time_sleep.bar[1] will be created
  + resource "time_sleep" "bar" {
      + create_duration = (known after apply)
      + id              = (known after apply)
    }

  # module.applications[6].module.dbt[1].random_integer.sleep[0] will be created
  + resource "random_integer" "sleep" {
      + id     = (known after apply)
      + max    = 5
      + min    = 1
      + result = (known after apply)
    }

  # module.applications[6].module.dbt[1].random_integer.sleep[1] will be created
  + resource "random_integer" "sleep" {
      + id     = (known after apply)
      + max    = 5
      + min    = 1
      + result = (known after apply)
    }

  # module.applications[6].module.dbt[1].time_sleep.bar[0] will be created
  + resource "time_sleep" "bar" {
      + create_duration = (known after apply)
      + id              = (known after apply)
    }

  # module.applications[6].module.dbt[1].time_sleep.bar[1] will be created
  + resource "time_sleep" "bar" {
      + create_duration = (known after apply)
      + id              = (known after apply)
    }

  # module.applications[6].module.dbt[2].random_integer.sleep[0] will be created
  + resource "random_integer" "sleep" {
      + id     = (known after apply)
      + max    = 5
      + min    = 1
      + result = (known after apply)
    }

  # module.applications[6].module.dbt[2].random_integer.sleep[1] will be created
  + resource "random_integer" "sleep" {
      + id     = (known after apply)
      + max    = 5
      + min    = 1
      + result = (known after apply)
    }

  # module.applications[6].module.dbt[2].time_sleep.bar[0] will be created
  + resource "time_sleep" "bar" {
      + create_duration = (known after apply)
      + id              = (known after apply)
    }

  # module.applications[6].module.dbt[2].time_sleep.bar[1] will be created
  + resource "time_sleep" "bar" {
      + create_duration = (known after apply)
      + id              = (known after apply)
    }

  # module.applications[6].module.dbt[3].random_integer.sleep[0] will be created
  + resource "random_integer" "sleep" {
      + id     = (known after apply)
      + max    = 5
      + min    = 1
      + result = (known after apply)
    }

  # module.applications[6].module.dbt[3].random_integer.sleep[1] will be created
  + resource "random_integer" "sleep" {
      + id     = (known after apply)
      + max    = 5
      + min    = 1
      + result = (known after apply)
    }

  # module.applications[6].module.dbt[3].time_sleep.bar[0] will be created
  + resource "time_sleep" "bar" {
      + create_duration = (known after apply)
      + id              = (known after apply)
    }

  # module.applications[6].module.dbt[3].time_sleep.bar[1] will be created
  + resource "time_sleep" "bar" {
      + create_duration = (known after apply)
      + id              = (known after apply)
    }

  # module.applications[6].module.dbt[4].random_integer.sleep[0] will be created
  + resource "random_integer" "sleep" {
      + id     = (known after apply)
      + max    = 5
      + min    = 1
      + result = (known after apply)
    }

  # module.applications[6].module.dbt[4].random_integer.sleep[1] will be created
  + resource "random_integer" "sleep" {
      + id     = (known after apply)
      + max    = 5
      + min    = 1
      + result = (known after apply)
    }

  # module.applications[6].module.dbt[4].time_sleep.bar[0] will be created
  + resource "time_sleep" "bar" {
      + create_duration = (known after apply)
      + id              = (known after apply)
    }

  # module.applications[6].module.dbt[4].time_sleep.bar[1] will be created
  + resource "time_sleep" "bar" {
      + create_duration = (known after apply)
      + id              = (known after apply)
    }

  # module.applications[7].module.airflow[0].random_integer.sleep will be created
  + resource "random_integer" "sleep" {
      + id     = (known after apply)
      + max    = 5
      + min    = 1
      + result = (known after apply)
    }

  # module.applications[7].module.airflow[0].time_sleep.bar will be created
  + resource "time_sleep" "bar" {
      + create_duration = (known after apply)
      + id              = (known after apply)
    }

  # module.applications[7].module.airflow[1].random_integer.sleep will be created
  + resource "random_integer" "sleep" {
      + id     = (known after apply)
      + max    = 5
      + min    = 1
      + result = (known after apply)
    }

  # module.applications[7].module.airflow[1].time_sleep.bar will be created
  + resource "time_sleep" "bar" {
      + create_duration = (known after apply)
      + id              = (known after apply)
    }

  # module.applications[7].module.airflow[2].random_integer.sleep will be created
  + resource "random_integer" "sleep" {
      + id     = (known after apply)
      + max    = 5
      + min    = 1
      + result = (known after apply)
    }

  # module.applications[7].module.airflow[2].time_sleep.bar will be created
  + resource "time_sleep" "bar" {
      + create_duration = (known after apply)
      + id              = (known after apply)
    }

  # module.applications[7].module.airflow[3].random_integer.sleep will be created
  + resource "random_integer" "sleep" {
      + id     = (known after apply)
      + max    = 5
      + min    = 1
      + result = (known after apply)
    }

  # module.applications[7].module.airflow[3].time_sleep.bar will be created
  + resource "time_sleep" "bar" {
      + create_duration = (known after apply)
      + id              = (known after apply)
    }

  # module.applications[7].module.airflow[4].random_integer.sleep will be created
  + resource "random_integer" "sleep" {
      + id     = (known after apply)
      + max    = 5
      + min    = 1
      + result = (known after apply)
    }

  # module.applications[7].module.airflow[4].time_sleep.bar will be created
  + resource "time_sleep" "bar" {
      + create_duration = (known after apply)
      + id              = (known after apply)
    }

  # module.applications[7].module.airflow[5].random_integer.sleep will be created
  + resource "random_integer" "sleep" {
      + id     = (known after apply)
      + max    = 5
      + min    = 1
      + result = (known after apply)
    }

  # module.applications[7].module.airflow[5].time_sleep.bar will be created
  + resource "time_sleep" "bar" {
      + create_duration = (known after apply)
      + id              = (known after apply)
    }

  # module.applications[7].module.airflow[6].random_integer.sleep will be created
  + resource "random_integer" "sleep" {
      + id     = (known after apply)
      + max    = 5
      + min    = 1
      + result = (known after apply)
    }

  # module.applications[7].module.airflow[6].time_sleep.bar will be created
  + resource "time_sleep" "bar" {
      + create_duration = (known after apply)
      + id              = (known after apply)
    }

  # module.applications[7].module.airflow[7].random_integer.sleep will be created
  + resource "random_integer" "sleep" {
      + id     = (known after apply)
      + max    = 5
      + min    = 1
      + result = (known after apply)
    }

  # module.applications[7].module.airflow[7].time_sleep.bar will be created
  + resource "time_sleep" "bar" {
      + create_duration = (known after apply)
      + id              = (known after apply)
    }

  # module.applications[7].module.airflow[8].random_integer.sleep will be created
  + resource "random_integer" "sleep" {
      + id     = (known after apply)
      + max    = 5
      + min    = 1
      + result = (known after apply)
    }

  # module.applications[7].module.airflow[8].time_sleep.bar will be created
  + resource "time_sleep" "bar" {
      + create_duration = (known after apply)
      + id              = (known after apply)
    }

  # module.applications[7].module.airflow[9].random_integer.sleep will be created
  + resource "random_integer" "sleep" {
      + id     = (known after apply)
      + max    = 5
      + min    = 1
      + result = (known after apply)
    }

  # module.applications[7].module.airflow[9].time_sleep.bar will be created
  + resource "time_sleep" "bar" {
      + create_duration = (known after apply)
      + id              = (known after apply)
    }

  # module.applications[7].module.dbt[0].random_integer.sleep[0] will be created
  + resource "random_integer" "sleep" {
      + id     = (known after apply)
      + max    = 5
      + min    = 1
      + result = (known after apply)
    }

  # module.applications[7].module.dbt[0].random_integer.sleep[1] will be created
  + resource "random_integer" "sleep" {
      + id     = (known after apply)
      + max    = 5
      + min    = 1
      + result = (known after apply)
    }

  # module.applications[7].module.dbt[0].time_sleep.bar[0] will be created
  + resource "time_sleep" "bar" {
      + create_duration = (known after apply)
      + id              = (known after apply)
    }

  # module.applications[7].module.dbt[0].time_sleep.bar[1] will be created
  + resource "time_sleep" "bar" {
      + create_duration = (known after apply)
      + id              = (known after apply)
    }

  # module.applications[7].module.dbt[1].random_integer.sleep[0] will be created
  + resource "random_integer" "sleep" {
      + id     = (known after apply)
      + max    = 5
      + min    = 1
      + result = (known after apply)
    }

  # module.applications[7].module.dbt[1].random_integer.sleep[1] will be created
  + resource "random_integer" "sleep" {
      + id     = (known after apply)
      + max    = 5
      + min    = 1
      + result = (known after apply)
    }

  # module.applications[7].module.dbt[1].time_sleep.bar[0] will be created
  + resource "time_sleep" "bar" {
      + create_duration = (known after apply)
      + id              = (known after apply)
    }

  # module.applications[7].module.dbt[1].time_sleep.bar[1] will be created
  + resource "time_sleep" "bar" {
      + create_duration = (known after apply)
      + id              = (known after apply)
    }

  # module.applications[7].module.dbt[2].random_integer.sleep[0] will be created
  + resource "random_integer" "sleep" {
      + id     = (known after apply)
      + max    = 5
      + min    = 1
      + result = (known after apply)
    }

  # module.applications[7].module.dbt[2].random_integer.sleep[1] will be created
  + resource "random_integer" "sleep" {
      + id     = (known after apply)
      + max    = 5
      + min    = 1
      + result = (known after apply)
    }

  # module.applications[7].module.dbt[2].time_sleep.bar[0] will be created
  + resource "time_sleep" "bar" {
      + create_duration = (known after apply)
      + id              = (known after apply)
    }

  # module.applications[7].module.dbt[2].time_sleep.bar[1] will be created
  + resource "time_sleep" "bar" {
      + create_duration = (known after apply)
      + id              = (known after apply)
    }

  # module.applications[7].module.dbt[3].random_integer.sleep[0] will be created
  + resource "random_integer" "sleep" {
      + id     = (known after apply)
      + max    = 5
      + min    = 1
      + result = (known after apply)
    }

  # module.applications[7].module.dbt[3].random_integer.sleep[1] will be created
  + resource "random_integer" "sleep" {
      + id     = (known after apply)
      + max    = 5
      + min    = 1
      + result = (known after apply)
    }

  # module.applications[7].module.dbt[3].time_sleep.bar[0] will be created
  + resource "time_sleep" "bar" {
      + create_duration = (known after apply)
      + id              = (known after apply)
    }

  # module.applications[7].module.dbt[3].time_sleep.bar[1] will be created
  + resource "time_sleep" "bar" {
      + create_duration = (known after apply)
      + id              = (known after apply)
    }

  # module.applications[7].module.dbt[4].random_integer.sleep[0] will be created
  + resource "random_integer" "sleep" {
      + id     = (known after apply)
      + max    = 5
      + min    = 1
      + result = (known after apply)
    }

  # module.applications[7].module.dbt[4].random_integer.sleep[1] will be created
  + resource "random_integer" "sleep" {
      + id     = (known after apply)
      + max    = 5
      + min    = 1
      + result = (known after apply)
    }

  # module.applications[7].module.dbt[4].time_sleep.bar[0] will be created
  + resource "time_sleep" "bar" {
      + create_duration = (known after apply)
      + id              = (known after apply)
    }

  # module.applications[7].module.dbt[4].time_sleep.bar[1] will be created
  + resource "time_sleep" "bar" {
      + create_duration = (known after apply)
      + id              = (known after apply)
    }

  # module.applications[8].module.airflow[0].random_integer.sleep will be created
  + resource "random_integer" "sleep" {
      + id     = (known after apply)
      + max    = 5
      + min    = 1
      + result = (known after apply)
    }

  # module.applications[8].module.airflow[0].time_sleep.bar will be created
  + resource "time_sleep" "bar" {
      + create_duration = (known after apply)
      + id              = (known after apply)
    }

  # module.applications[8].module.airflow[1].random_integer.sleep will be created
  + resource "random_integer" "sleep" {
      + id     = (known after apply)
      + max    = 5
      + min    = 1
      + result = (known after apply)
    }

  # module.applications[8].module.airflow[1].time_sleep.bar will be created
  + resource "time_sleep" "bar" {
      + create_duration = (known after apply)
      + id              = (known after apply)
    }

  # module.applications[8].module.airflow[2].random_integer.sleep will be created
  + resource "random_integer" "sleep" {
      + id     = (known after apply)
      + max    = 5
      + min    = 1
      + result = (known after apply)
    }

  # module.applications[8].module.airflow[2].time_sleep.bar will be created
  + resource "time_sleep" "bar" {
      + create_duration = (known after apply)
      + id              = (known after apply)
    }

  # module.applications[8].module.airflow[3].random_integer.sleep will be created
  + resource "random_integer" "sleep" {
      + id     = (known after apply)
      + max    = 5
      + min    = 1
      + result = (known after apply)
    }

  # module.applications[8].module.airflow[3].time_sleep.bar will be created
  + resource "time_sleep" "bar" {
      + create_duration = (known after apply)
      + id              = (known after apply)
    }

  # module.applications[8].module.airflow[4].random_integer.sleep will be created
  + resource "random_integer" "sleep" {
      + id     = (known after apply)
      + max    = 5
      + min    = 1
      + result = (known after apply)
    }

  # module.applications[8].module.airflow[4].time_sleep.bar will be created
  + resource "time_sleep" "bar" {
      + create_duration = (known after apply)
      + id              = (known after apply)
    }

  # module.applications[8].module.airflow[5].random_integer.sleep will be created
  + resource "random_integer" "sleep" {
      + id     = (known after apply)
      + max    = 5
      + min    = 1
      + result = (known after apply)
    }

  # module.applications[8].module.airflow[5].time_sleep.bar will be created
  + resource "time_sleep" "bar" {
      + create_duration = (known after apply)
      + id              = (known after apply)
    }

  # module.applications[8].module.airflow[6].random_integer.sleep will be created
  + resource "random_integer" "sleep" {
      + id     = (known after apply)
      + max    = 5
      + min    = 1
      + result = (known after apply)
    }

  # module.applications[8].module.airflow[6].time_sleep.bar will be created
  + resource "time_sleep" "bar" {
      + create_duration = (known after apply)
      + id              = (known after apply)
    }

  # module.applications[8].module.airflow[7].random_integer.sleep will be created
  + resource "random_integer" "sleep" {
      + id     = (known after apply)
      + max    = 5
      + min    = 1
      + result = (known after apply)
    }

  # module.applications[8].module.airflow[7].time_sleep.bar will be created
  + resource "time_sleep" "bar" {
      + create_duration = (known after apply)
      + id              = (known after apply)
    }

  # module.applications[8].module.airflow[8].random_integer.sleep will be created
  + resource "random_integer" "sleep" {
      + id     = (known after apply)
      + max    = 5
      + min    = 1
      + result = (known after apply)
    }

  # module.applications[8].module.airflow[8].time_sleep.bar will be created
  + resource "time_sleep" "bar" {
      + create_duration = (known after apply)
      + id              = (known after apply)
    }

  # module.applications[8].module.airflow[9].random_integer.sleep will be created
  + resource "random_integer" "sleep" {
      + id     = (known after apply)
      + max    = 5
      + min    = 1
      + result = (known after apply)
    }

  # module.applications[8].module.airflow[9].time_sleep.bar will be created
  + resource "time_sleep" "bar" {
      + create_duration = (known after apply)
      + id              = (known after apply)
    }

  # module.applications[8].module.dbt[0].random_integer.sleep[0] will be created
  + resource "random_integer" "sleep" {
      + id     = (known after apply)
      + max    = 5
      + min    = 1
      + result = (known after apply)
    }

  # module.applications[8].module.dbt[0].random_integer.sleep[1] will be created
  + resource "random_integer" "sleep" {
      + id     = (known after apply)
      + max    = 5
      + min    = 1
      + result = (known after apply)
    }

  # module.applications[8].module.dbt[0].time_sleep.bar[0] will be created
  + resource "time_sleep" "bar" {
      + create_duration = (known after apply)
      + id              = (known after apply)
    }

  # module.applications[8].module.dbt[0].time_sleep.bar[1] will be created
  + resource "time_sleep" "bar" {
      + create_duration = (known after apply)
      + id              = (known after apply)
    }

  # module.applications[8].module.dbt[1].random_integer.sleep[0] will be created
  + resource "random_integer" "sleep" {
      + id     = (known after apply)
      + max    = 5
      + min    = 1
      + result = (known after apply)
    }

  # module.applications[8].module.dbt[1].random_integer.sleep[1] will be created
  + resource "random_integer" "sleep" {
      + id     = (known after apply)
      + max    = 5
      + min    = 1
      + result = (known after apply)
    }

  # module.applications[8].module.dbt[1].time_sleep.bar[0] will be created
  + resource "time_sleep" "bar" {
      + create_duration = (known after apply)
      + id              = (known after apply)
    }

  # module.applications[8].module.dbt[1].time_sleep.bar[1] will be created
  + resource "time_sleep" "bar" {
      + create_duration = (known after apply)
      + id              = (known after apply)
    }

  # module.applications[8].module.dbt[2].random_integer.sleep[0] will be created
  + resource "random_integer" "sleep" {
      + id     = (known after apply)
      + max    = 5
      + min    = 1
      + result = (known after apply)
    }

  # module.applications[8].module.dbt[2].random_integer.sleep[1] will be created
  + resource "random_integer" "sleep" {
      + id     = (known after apply)
      + max    = 5
      + min    = 1
      + result = (known after apply)
    }

  # module.applications[8].module.dbt[2].time_sleep.bar[0] will be created
  + resource "time_sleep" "bar" {
      + create_duration = (known after apply)
      + id              = (known after apply)
    }

  # module.applications[8].module.dbt[2].time_sleep.bar[1] will be created
  + resource "time_sleep" "bar" {
      + create_duration = (known after apply)
      + id              = (known after apply)
    }

  # module.applications[8].module.dbt[3].random_integer.sleep[0] will be created
  + resource "random_integer" "sleep" {
      + id     = (known after apply)
      + max    = 5
      + min    = 1
      + result = (known after apply)
    }

  # module.applications[8].module.dbt[3].random_integer.sleep[1] will be created
  + resource "random_integer" "sleep" {
      + id     = (known after apply)
      + max    = 5
      + min    = 1
      + result = (known after apply)
    }

  # module.applications[8].module.dbt[3].time_sleep.bar[0] will be created
  + resource "time_sleep" "bar" {
      + create_duration = (known after apply)
      + id              = (known after apply)
    }

  # module.applications[8].module.dbt[3].time_sleep.bar[1] will be created
  + resource "time_sleep" "bar" {
      + create_duration = (known after apply)
      + id              = (known after apply)
    }

  # module.applications[8].module.dbt[4].random_integer.sleep[0] will be created
  + resource "random_integer" "sleep" {
      + id     = (known after apply)
      + max    = 5
      + min    = 1
      + result = (known after apply)
    }

  # module.applications[8].module.dbt[4].random_integer.sleep[1] will be created
  + resource "random_integer" "sleep" {
      + id     = (known after apply)
      + max    = 5
      + min    = 1
      + result = (known after apply)
    }

  # module.applications[8].module.dbt[4].time_sleep.bar[0] will be created
  + resource "time_sleep" "bar" {
      + create_duration = (known after apply)
      + id              = (known after apply)
    }

  # module.applications[8].module.dbt[4].time_sleep.bar[1] will be created
  + resource "time_sleep" "bar" {
      + create_duration = (known after apply)
      + id              = (known after apply)
    }

  # module.applications[9].module.airflow[0].random_integer.sleep will be created
  + resource "random_integer" "sleep" {
      + id     = (known after apply)
      + max    = 5
      + min    = 1
      + result = (known after apply)
    }

  # module.applications[9].module.airflow[0].time_sleep.bar will be created
  + resource "time_sleep" "bar" {
      + create_duration = (known after apply)
      + id              = (known after apply)
    }

  # module.applications[9].module.airflow[1].random_integer.sleep will be created
  + resource "random_integer" "sleep" {
      + id     = (known after apply)
      + max    = 5
      + min    = 1
      + result = (known after apply)
    }

  # module.applications[9].module.airflow[1].time_sleep.bar will be created
  + resource "time_sleep" "bar" {
      + create_duration = (known after apply)
      + id              = (known after apply)
    }

  # module.applications[9].module.airflow[2].random_integer.sleep will be created
  + resource "random_integer" "sleep" {
      + id     = (known after apply)
      + max    = 5
      + min    = 1
      + result = (known after apply)
    }

  # module.applications[9].module.airflow[2].time_sleep.bar will be created
  + resource "time_sleep" "bar" {
      + create_duration = (known after apply)
      + id              = (known after apply)
    }

  # module.applications[9].module.airflow[3].random_integer.sleep will be created
  + resource "random_integer" "sleep" {
      + id     = (known after apply)
      + max    = 5
      + min    = 1
      + result = (known after apply)
    }

  # module.applications[9].module.airflow[3].time_sleep.bar will be created
  + resource "time_sleep" "bar" {
      + create_duration = (known after apply)
      + id              = (known after apply)
    }

  # module.applications[9].module.airflow[4].random_integer.sleep will be created
  + resource "random_integer" "sleep" {
      + id     = (known after apply)
      + max    = 5
      + min    = 1
      + result = (known after apply)
    }

  # module.applications[9].module.airflow[4].time_sleep.bar will be created
  + resource "time_sleep" "bar" {
      + create_duration = (known after apply)
      + id              = (known after apply)
    }

  # module.applications[9].module.airflow[5].random_integer.sleep will be created
  + resource "random_integer" "sleep" {
      + id     = (known after apply)
      + max    = 5
      + min    = 1
      + result = (known after apply)
    }

  # module.applications[9].module.airflow[5].time_sleep.bar will be created
  + resource "time_sleep" "bar" {
      + create_duration = (known after apply)
      + id              = (known after apply)
    }

  # module.applications[9].module.airflow[6].random_integer.sleep will be created
  + resource "random_integer" "sleep" {
      + id     = (known after apply)
      + max    = 5
      + min    = 1
      + result = (known after apply)
    }

  # module.applications[9].module.airflow[6].time_sleep.bar will be created
  + resource "time_sleep" "bar" {
      + create_duration = (known after apply)
      + id              = (known after apply)
    }

  # module.applications[9].module.airflow[7].random_integer.sleep will be created
  + resource "random_integer" "sleep" {
      + id     = (known after apply)
      + max    = 5
      + min    = 1
      + result = (known after apply)
    }

  # module.applications[9].module.airflow[7].time_sleep.bar will be created
  + resource "time_sleep" "bar" {
      + create_duration = (known after apply)
      + id              = (known after apply)
    }

  # module.applications[9].module.airflow[8].random_integer.sleep will be created
  + resource "random_integer" "sleep" {
      + id     = (known after apply)
      + max    = 5
      + min    = 1
      + result = (known after apply)
    }

  # module.applications[9].module.airflow[8].time_sleep.bar will be created
  + resource "time_sleep" "bar" {
      + create_duration = (known after apply)
      + id              = (known after apply)
    }

  # module.applications[9].module.airflow[9].random_integer.sleep will be created
  + resource "random_integer" "sleep" {
      + id     = (known after apply)
      + max    = 5
      + min    = 1
      + result = (known after apply)
    }

  # module.applications[9].module.airflow[9].time_sleep.bar will be created
  + resource "time_sleep" "bar" {
      + create_duration = (known after apply)
      + id              = (known after apply)
    }

  # module.applications[9].module.dbt[0].random_integer.sleep[0] will be created
  + resource "random_integer" "sleep" {
      + id     = (known after apply)
      + max    = 5
      + min    = 1
      + result = (known after apply)
    }

  # module.applications[9].module.dbt[0].random_integer.sleep[1] will be created
  + resource "random_integer" "sleep" {
      + id     = (known after apply)
      + max    = 5
      + min    = 1
      + result = (known after apply)
    }

  # module.applications[9].module.dbt[0].time_sleep.bar[0] will be created
  + resource "time_sleep" "bar" {
      + create_duration = (known after apply)
      + id              = (known after apply)
    }

  # module.applications[9].module.dbt[0].time_sleep.bar[1] will be created
  + resource "time_sleep" "bar" {
      + create_duration = (known after apply)
      + id              = (known after apply)
    }

  # module.applications[9].module.dbt[1].random_integer.sleep[0] will be created
  + resource "random_integer" "sleep" {
      + id     = (known after apply)
      + max    = 5
      + min    = 1
      + result = (known after apply)
    }

  # module.applications[9].module.dbt[1].random_integer.sleep[1] will be created
  + resource "random_integer" "sleep" {
      + id     = (known after apply)
      + max    = 5
      + min    = 1
      + result = (known after apply)
    }

  # module.applications[9].module.dbt[1].time_sleep.bar[0] will be created
  + resource "time_sleep" "bar" {
      + create_duration = (known after apply)
      + id              = (known after apply)
    }

  # module.applications[9].module.dbt[1].time_sleep.bar[1] will be created
  + resource "time_sleep" "bar" {
      + create_duration = (known after apply)
      + id              = (known after apply)
    }

  # module.applications[9].module.dbt[2].random_integer.sleep[0] will be created
  + resource "random_integer" "sleep" {
      + id     = (known after apply)
      + max    = 5
      + min    = 1
      + result = (known after apply)
    }

  # module.applications[9].module.dbt[2].random_integer.sleep[1] will be created
  + resource "random_integer" "sleep" {
      + id     = (known after apply)
      + max    = 5
      + min    = 1
      + result = (known after apply)
    }

  # module.applications[9].module.dbt[2].time_sleep.bar[0] will be created
  + resource "time_sleep" "bar" {
      + create_duration = (known after apply)
      + id              = (known after apply)
    }

  # module.applications[9].module.dbt[2].time_sleep.bar[1] will be created
  + resource "time_sleep" "bar" {
      + create_duration = (known after apply)
      + id              = (known after apply)
    }

  # module.applications[9].module.dbt[3].random_integer.sleep[0] will be created
  + resource "random_integer" "sleep" {
      + id     = (known after apply)
      + max    = 5
      + min    = 1
      + result = (known after apply)
    }

  # module.applications[9].module.dbt[3].random_integer.sleep[1] will be created
  + resource "random_integer" "sleep" {
      + id     = (known after apply)
      + max    = 5
      + min    = 1
      + result = (known after apply)
    }

  # module.applications[9].module.dbt[3].time_sleep.bar[0] will be created
  + resource "time_sleep" "bar" {
      + create_duration = (known after apply)
      + id              = (known after apply)
    }

  # module.applications[9].module.dbt[3].time_sleep.bar[1] will be created
  + resource "time_sleep" "bar" {
      + create_duration = (known after apply)
      + id              = (known after apply)
    }

  # module.applications[9].module.dbt[4].random_integer.sleep[0] will be created
  + resource "random_integer" "sleep" {
      + id     = (known after apply)
      + max    = 5
      + min    = 1
      + result = (known after apply)
    }

  # module.applications[9].module.dbt[4].random_integer.sleep[1] will be created
  + resource "random_integer" "sleep" {
      + id     = (known after apply)
      + max    = 5
      + min    = 1
      + result = (known after apply)
    }

  # module.applications[9].module.dbt[4].time_sleep.bar[0] will be created
  + resource "time_sleep" "bar" {
      + create_duration = (known after apply)
      + id              = (known after apply)
    }

  # module.applications[9].module.dbt[4].time_sleep.bar[1] will be created
  + resource "time_sleep" "bar" {
      + create_duration = (known after apply)
      + id              = (known after apply)
    }

  # module.core[0].module.role[0].random_integer.sleep will be created
  + resource "random_integer" "sleep" {
      + id     = (known after apply)
      + max    = 5
      + min    = 1
      + result = (known after apply)
    }

  # module.core[0].module.role[0].time_sleep.bar will be created
  + resource "time_sleep" "bar" {
      + create_duration = (known after apply)
      + id              = (known after apply)
    }

  # module.core[0].module.role[1].random_integer.sleep will be created
  + resource "random_integer" "sleep" {
      + id     = (known after apply)
      + max    = 5
      + min    = 1
      + result = (known after apply)
    }

  # module.core[0].module.role[1].time_sleep.bar will be created
  + resource "time_sleep" "bar" {
      + create_duration = (known after apply)
      + id              = (known after apply)
    }

  # module.core[0].module.role[2].random_integer.sleep will be created
  + resource "random_integer" "sleep" {
      + id     = (known after apply)
      + max    = 5
      + min    = 1
      + result = (known after apply)
    }

  # module.core[0].module.role[2].time_sleep.bar will be created
  + resource "time_sleep" "bar" {
      + create_duration = (known after apply)
      + id              = (known after apply)
    }

  # module.core[0].module.role[3].random_integer.sleep will be created
  + resource "random_integer" "sleep" {
      + id     = (known after apply)
      + max    = 5
      + min    = 1
      + result = (known after apply)
    }

  # module.core[0].module.role[3].time_sleep.bar will be created
  + resource "time_sleep" "bar" {
      + create_duration = (known after apply)
      + id              = (known after apply)
    }

  # module.core[0].module.role[4].random_integer.sleep will be created
  + resource "random_integer" "sleep" {
      + id     = (known after apply)
      + max    = 5
      + min    = 1
      + result = (known after apply)
    }

  # module.core[0].module.role[4].time_sleep.bar will be created
  + resource "time_sleep" "bar" {
      + create_duration = (known after apply)
      + id              = (known after apply)
    }

  # module.core[0].module.role[5].random_integer.sleep will be created
  + resource "random_integer" "sleep" {
      + id     = (known after apply)
      + max    = 5
      + min    = 1
      + result = (known after apply)
    }

  # module.core[0].module.role[5].time_sleep.bar will be created
  + resource "time_sleep" "bar" {
      + create_duration = (known after apply)
      + id              = (known after apply)
    }

  # module.core[0].module.role[6].random_integer.sleep will be created
  + resource "random_integer" "sleep" {
      + id     = (known after apply)
      + max    = 5
      + min    = 1
      + result = (known after apply)
    }

  # module.core[0].module.role[6].time_sleep.bar will be created
  + resource "time_sleep" "bar" {
      + create_duration = (known after apply)
      + id              = (known after apply)
    }

  # module.core[0].module.role[7].random_integer.sleep will be created
  + resource "random_integer" "sleep" {
      + id     = (known after apply)
      + max    = 5
      + min    = 1
      + result = (known after apply)
    }

  # module.core[0].module.role[7].time_sleep.bar will be created
  + resource "time_sleep" "bar" {
      + create_duration = (known after apply)
      + id              = (known after apply)
    }

  # module.core[0].module.role[8].random_integer.sleep will be created
  + resource "random_integer" "sleep" {
      + id     = (known after apply)
      + max    = 5
      + min    = 1
      + result = (known after apply)
    }

  # module.core[0].module.role[8].time_sleep.bar will be created
  + resource "time_sleep" "bar" {
      + create_duration = (known after apply)
      + id              = (known after apply)
    }

  # module.core[0].module.role[9].random_integer.sleep will be created
  + resource "random_integer" "sleep" {
      + id     = (known after apply)
      + max    = 5
      + min    = 1
      + result = (known after apply)
    }

  # module.core[0].module.role[9].time_sleep.bar will be created
  + resource "time_sleep" "bar" {
      + create_duration = (known after apply)
      + id              = (known after apply)
    }

  # module.core[0].module.role[10].random_integer.sleep will be created
  + resource "random_integer" "sleep" {
      + id     = (known after apply)
      + max    = 5
      + min    = 1
      + result = (known after apply)
    }

  # module.core[0].module.role[10].time_sleep.bar will be created
  + resource "time_sleep" "bar" {
      + create_duration = (known after apply)
      + id              = (known after apply)
    }

  # module.core[0].module.role[11].random_integer.sleep will be created
  + resource "random_integer" "sleep" {
      + id     = (known after apply)
      + max    = 5
      + min    = 1
      + result = (known after apply)
    }

  # module.core[0].module.role[11].time_sleep.bar will be created
  + resource "time_sleep" "bar" {
      + create_duration = (known after apply)
      + id              = (known after apply)
    }

  # module.core[0].module.role[12].random_integer.sleep will be created
  + resource "random_integer" "sleep" {
      + id     = (known after apply)
      + max    = 5
      + min    = 1
      + result = (known after apply)
    }

  # module.core[0].module.role[12].time_sleep.bar will be created
  + resource "time_sleep" "bar" {
      + create_duration = (known after apply)
      + id              = (known after apply)
    }

  # module.core[0].module.role[13].random_integer.sleep will be created
  + resource "random_integer" "sleep" {
      + id     = (known after apply)
      + max    = 5
      + min    = 1
      + result = (known after apply)
    }

  # module.core[0].module.role[13].time_sleep.bar will be created
  + resource "time_sleep" "bar" {
      + create_duration = (known after apply)
      + id              = (known after apply)
    }

  # module.core[0].module.role[14].random_integer.sleep will be created
  + resource "random_integer" "sleep" {
      + id     = (known after apply)
      + max    = 5
      + min    = 1
      + result = (known after apply)
    }

  # module.core[0].module.role[14].time_sleep.bar will be created
  + resource "time_sleep" "bar" {
      + create_duration = (known after apply)
      + id              = (known after apply)
    }

  # module.core[0].module.role[15].random_integer.sleep will be created
  + resource "random_integer" "sleep" {
      + id     = (known after apply)
      + max    = 5
      + min    = 1
      + result = (known after apply)
    }

  # module.core[0].module.role[15].time_sleep.bar will be created
  + resource "time_sleep" "bar" {
      + create_duration = (known after apply)
      + id              = (known after apply)
    }

  # module.core[0].module.role[16].random_integer.sleep will be created
  + resource "random_integer" "sleep" {
      + id     = (known after apply)
      + max    = 5
      + min    = 1
      + result = (known after apply)
    }

  # module.core[0].module.role[16].time_sleep.bar will be created
  + resource "time_sleep" "bar" {
      + create_duration = (known after apply)
      + id              = (known after apply)
    }

  # module.core[0].module.role[17].random_integer.sleep will be created
  + resource "random_integer" "sleep" {
      + id     = (known after apply)
      + max    = 5
      + min    = 1
      + result = (known after apply)
    }

  # module.core[0].module.role[17].time_sleep.bar will be created
  + resource "time_sleep" "bar" {
      + create_duration = (known after apply)
      + id              = (known after apply)
    }

  # module.core[0].module.role[18].random_integer.sleep will be created
  + resource "random_integer" "sleep" {
      + id     = (known after apply)
      + max    = 5
      + min    = 1
      + result = (known after apply)
    }

  # module.core[0].module.role[18].time_sleep.bar will be created
  + resource "time_sleep" "bar" {
      + create_duration = (known after apply)
      + id              = (known after apply)
    }

  # module.core[0].module.role[19].random_integer.sleep will be created
  + resource "random_integer" "sleep" {
      + id     = (known after apply)
      + max    = 5
      + min    = 1
      + result = (known after apply)
    }

  # module.core[0].module.role[19].time_sleep.bar will be created
  + resource "time_sleep" "bar" {
      + create_duration = (known after apply)
      + id              = (known after apply)
    }

  # module.core[0].module.role[20].random_integer.sleep will be created
  + resource "random_integer" "sleep" {
      + id     = (known after apply)
      + max    = 5
      + min    = 1
      + result = (known after apply)
    }

  # module.core[0].module.role[20].time_sleep.bar will be created
  + resource "time_sleep" "bar" {
      + create_duration = (known after apply)
      + id              = (known after apply)
    }

  # module.core[0].module.role[21].random_integer.sleep will be created
  + resource "random_integer" "sleep" {
      + id     = (known after apply)
      + max    = 5
      + min    = 1
      + result = (known after apply)
    }

  # module.core[0].module.role[21].time_sleep.bar will be created
  + resource "time_sleep" "bar" {
      + create_duration = (known after apply)
      + id              = (known after apply)
    }

  # module.core[0].module.role[22].random_integer.sleep will be created
  + resource "random_integer" "sleep" {
      + id     = (known after apply)
      + max    = 5
      + min    = 1
      + result = (known after apply)
    }

  # module.core[0].module.role[22].time_sleep.bar will be created
  + resource "time_sleep" "bar" {
      + create_duration = (known after apply)
      + id              = (known after apply)
    }

  # module.core[0].module.role[23].random_integer.sleep will be created
  + resource "random_integer" "sleep" {
      + id     = (known after apply)
      + max    = 5
      + min    = 1
      + result = (known after apply)
    }

  # module.core[0].module.role[23].time_sleep.bar will be created
  + resource "time_sleep" "bar" {
      + create_duration = (known after apply)
      + id              = (known after apply)
    }

  # module.core[0].module.role[24].random_integer.sleep will be created
  + resource "random_integer" "sleep" {
      + id     = (known after apply)
      + max    = 5
      + min    = 1
      + result = (known after apply)
    }

  # module.core[0].module.role[24].time_sleep.bar will be created
  + resource "time_sleep" "bar" {
      + create_duration = (known after apply)
      + id              = (known after apply)
    }

  # module.core[0].module.role[25].random_integer.sleep will be created
  + resource "random_integer" "sleep" {
      + id     = (known after apply)
      + max    = 5
      + min    = 1
      + result = (known after apply)
    }

  # module.core[0].module.role[25].time_sleep.bar will be created
  + resource "time_sleep" "bar" {
      + create_duration = (known after apply)
      + id              = (known after apply)
    }

  # module.core[0].module.role[26].random_integer.sleep will be created
  + resource "random_integer" "sleep" {
      + id     = (known after apply)
      + max    = 5
      + min    = 1
      + result = (known after apply)
    }

  # module.core[0].module.role[26].time_sleep.bar will be created
  + resource "time_sleep" "bar" {
      + create_duration = (known after apply)
      + id              = (known after apply)
    }

  # module.core[0].module.role[27].random_integer.sleep will be created
  + resource "random_integer" "sleep" {
      + id     = (known after apply)
      + max    = 5
      + min    = 1
      + result = (known after apply)
    }

  # module.core[0].module.role[27].time_sleep.bar will be created
  + resource "time_sleep" "bar" {
      + create_duration = (known after apply)
      + id              = (known after apply)
    }

  # module.core[0].module.role[28].random_integer.sleep will be created
  + resource "random_integer" "sleep" {
      + id     = (known after apply)
      + max    = 5
      + min    = 1
      + result = (known after apply)
    }

  # module.core[0].module.role[28].time_sleep.bar will be created
  + resource "time_sleep" "bar" {
      + create_duration = (known after apply)
      + id              = (known after apply)
    }

  # module.core[0].module.role[29].random_integer.sleep will be created
  + resource "random_integer" "sleep" {
      + id     = (known after apply)
      + max    = 5
      + min    = 1
      + result = (known after apply)
    }

  # module.core[0].module.role[29].time_sleep.bar will be created
  + resource "time_sleep" "bar" {
      + create_duration = (known after apply)
      + id              = (known after apply)
    }

  # module.core[0].module.role[30].random_integer.sleep will be created
  + resource "random_integer" "sleep" {
      + id     = (known after apply)
      + max    = 5
      + min    = 1
      + result = (known after apply)
    }

  # module.core[0].module.role[30].time_sleep.bar will be created
  + resource "time_sleep" "bar" {
      + create_duration = (known after apply)
      + id              = (known after apply)
    }

  # module.core[0].module.role[31].random_integer.sleep will be created
  + resource "random_integer" "sleep" {
      + id     = (known after apply)
      + max    = 5
      + min    = 1
      + result = (known after apply)
    }

  # module.core[0].module.role[31].time_sleep.bar will be created
  + resource "time_sleep" "bar" {
      + create_duration = (known after apply)
      + id              = (known after apply)
    }

  # module.core[0].module.role[32].random_integer.sleep will be created
  + resource "random_integer" "sleep" {
      + id     = (known after apply)
      + max    = 5
      + min    = 1
      + result = (known after apply)
    }

  # module.core[0].module.role[32].time_sleep.bar will be created
  + resource "time_sleep" "bar" {
      + create_duration = (known after apply)
      + id              = (known after apply)
    }

  # module.core[0].module.role[33].random_integer.sleep will be created
  + resource "random_integer" "sleep" {
      + id     = (known after apply)
      + max    = 5
      + min    = 1
      + result = (known after apply)
    }

  # module.core[0].module.role[33].time_sleep.bar will be created
  + resource "time_sleep" "bar" {
      + create_duration = (known after apply)
      + id              = (known after apply)
    }

  # module.core[0].module.role[34].random_integer.sleep will be created
  + resource "random_integer" "sleep" {
      + id     = (known after apply)
      + max    = 5
      + min    = 1
      + result = (known after apply)
    }

  # module.core[0].module.role[34].time_sleep.bar will be created
  + resource "time_sleep" "bar" {
      + create_duration = (known after apply)
      + id              = (known after apply)
    }

  # module.core[0].module.role[35].random_integer.sleep will be created
  + resource "random_integer" "sleep" {
      + id     = (known after apply)
      + max    = 5
      + min    = 1
      + result = (known after apply)
    }

  # module.core[0].module.role[35].time_sleep.bar will be created
  + resource "time_sleep" "bar" {
      + create_duration = (known after apply)
      + id              = (known after apply)
    }

  # module.core[0].module.role[36].random_integer.sleep will be created
  + resource "random_integer" "sleep" {
      + id     = (known after apply)
      + max    = 5
      + min    = 1
      + result = (known after apply)
    }

  # module.core[0].module.role[36].time_sleep.bar will be created
  + resource "time_sleep" "bar" {
      + create_duration = (known after apply)
      + id              = (known after apply)
    }

  # module.core[0].module.role[37].random_integer.sleep will be created
  + resource "random_integer" "sleep" {
      + id     = (known after apply)
      + max    = 5
      + min    = 1
      + result = (known after apply)
    }

  # module.core[0].module.role[37].time_sleep.bar will be created
  + resource "time_sleep" "bar" {
      + create_duration = (known after apply)
      + id              = (known after apply)
    }

  # module.core[0].module.role[38].random_integer.sleep will be created
  + resource "random_integer" "sleep" {
      + id     = (known after apply)
      + max    = 5
      + min    = 1
      + result = (known after apply)
    }

  # module.core[0].module.role[38].time_sleep.bar will be created
  + resource "time_sleep" "bar" {
      + create_duration = (known after apply)
      + id              = (known after apply)
    }

  # module.core[0].module.role[39].random_integer.sleep will be created
  + resource "random_integer" "sleep" {
      + id     = (known after apply)
      + max    = 5
      + min    = 1
      + result = (known after apply)
    }

  # module.core[0].module.role[39].time_sleep.bar will be created
  + resource "time_sleep" "bar" {
      + create_duration = (known after apply)
      + id              = (known after apply)
    }

  # module.core[0].module.role[40].random_integer.sleep will be created
  + resource "random_integer" "sleep" {
      + id     = (known after apply)
      + max    = 5
      + min    = 1
      + result = (known after apply)
    }

  # module.core[0].module.role[40].time_sleep.bar will be created
  + resource "time_sleep" "bar" {
      + create_duration = (known after apply)
      + id              = (known after apply)
    }

  # module.core[0].module.role[41].random_integer.sleep will be created
  + resource "random_integer" "sleep" {
      + id     = (known after apply)
      + max    = 5
      + min    = 1
      + result = (known after apply)
    }

  # module.core[0].module.role[41].time_sleep.bar will be created
  + resource "time_sleep" "bar" {
      + create_duration = (known after apply)
      + id              = (known after apply)
    }

  # module.core[0].module.role[42].random_integer.sleep will be created
  + resource "random_integer" "sleep" {
      + id     = (known after apply)
      + max    = 5
      + min    = 1
      + result = (known after apply)
    }

  # module.core[0].module.role[42].time_sleep.bar will be created
  + resource "time_sleep" "bar" {
      + create_duration = (known after apply)
      + id              = (known after apply)
    }

  # module.core[0].module.role[43].random_integer.sleep will be created
  + resource "random_integer" "sleep" {
      + id     = (known after apply)
      + max    = 5
      + min    = 1
      + result = (known after apply)
    }

  # module.core[0].module.role[43].time_sleep.bar will be created
  + resource "time_sleep" "bar" {
      + create_duration = (known after apply)
      + id              = (known after apply)
    }

  # module.core[0].module.role[44].random_integer.sleep will be created
  + resource "random_integer" "sleep" {
      + id     = (known after apply)
      + max    = 5
      + min    = 1
      + result = (known after apply)
    }

  # module.core[0].module.role[44].time_sleep.bar will be created
  + resource "time_sleep" "bar" {
      + create_duration = (known after apply)
      + id              = (known after apply)
    }

  # module.core[0].module.role[45].random_integer.sleep will be created
  + resource "random_integer" "sleep" {
      + id     = (known after apply)
      + max    = 5
      + min    = 1
      + result = (known after apply)
    }

  # module.core[0].module.role[45].time_sleep.bar will be created
  + resource "time_sleep" "bar" {
      + create_duration = (known after apply)
      + id              = (known after apply)
    }

  # module.core[0].module.role[46].random_integer.sleep will be created
  + resource "random_integer" "sleep" {
      + id     = (known after apply)
      + max    = 5
      + min    = 1
      + result = (known after apply)
    }

  # module.core[0].module.role[46].time_sleep.bar will be created
  + resource "time_sleep" "bar" {
      + create_duration = (known after apply)
      + id              = (known after apply)
    }

  # module.core[0].module.role[47].random_integer.sleep will be created
  + resource "random_integer" "sleep" {
      + id     = (known after apply)
      + max    = 5
      + min    = 1
      + result = (known after apply)
    }

  # module.core[0].module.role[47].time_sleep.bar will be created
  + resource "time_sleep" "bar" {
      + create_duration = (known after apply)
      + id              = (known after apply)
    }

  # module.core[0].module.role[48].random_integer.sleep will be created
  + resource "random_integer" "sleep" {
      + id     = (known after apply)
      + max    = 5
      + min    = 1
      + result = (known after apply)
    }

  # module.core[0].module.role[48].time_sleep.bar will be created
  + resource "time_sleep" "bar" {
      + create_duration = (known after apply)
      + id              = (known after apply)
    }

  # module.core[0].module.role[49].random_integer.sleep will be created
  + resource "random_integer" "sleep" {
      + id     = (known after apply)
      + max    = 5
      + min    = 1
      + result = (known after apply)
    }

  # module.core[0].module.role[49].time_sleep.bar will be created
  + resource "time_sleep" "bar" {
      + create_duration = (known after apply)
      + id              = (known after apply)
    }

  # module.core[0].module.security_rule[0].random_integer.sleep will be created
  + resource "random_integer" "sleep" {
      + id     = (known after apply)
      + max    = 5
      + min    = 0
      + result = (known after apply)
    }

  # module.core[0].module.security_rule[0].time_sleep.bar will be created
  + resource "time_sleep" "bar" {
      + create_duration = (known after apply)
      + id              = (known after apply)
    }

  # module.core[0].module.security_rule[1].random_integer.sleep will be created
  + resource "random_integer" "sleep" {
      + id     = (known after apply)
      + max    = 5
      + min    = 0
      + result = (known after apply)
    }

  # module.core[0].module.security_rule[1].time_sleep.bar will be created
  + resource "time_sleep" "bar" {
      + create_duration = (known after apply)
      + id              = (known after apply)
    }

  # module.core[0].module.security_rule[2].random_integer.sleep will be created
  + resource "random_integer" "sleep" {
      + id     = (known after apply)
      + max    = 5
      + min    = 0
      + result = (known after apply)
    }

  # module.core[0].module.security_rule[2].time_sleep.bar will be created
  + resource "time_sleep" "bar" {
      + create_duration = (known after apply)
      + id              = (known after apply)
    }

  # module.core[0].module.security_rule[3].random_integer.sleep will be created
  + resource "random_integer" "sleep" {
      + id     = (known after apply)
      + max    = 5
      + min    = 0
      + result = (known after apply)
    }

  # module.core[0].module.security_rule[3].time_sleep.bar will be created
  + resource "time_sleep" "bar" {
      + create_duration = (known after apply)
      + id              = (known after apply)
    }

  # module.core[0].module.security_rule[4].random_integer.sleep will be created
  + resource "random_integer" "sleep" {
      + id     = (known after apply)
      + max    = 5
      + min    = 0
      + result = (known after apply)
    }

  # module.core[0].module.security_rule[4].time_sleep.bar will be created
  + resource "time_sleep" "bar" {
      + create_duration = (known after apply)
      + id              = (known after apply)
    }

  # module.core[0].module.security_rule[5].random_integer.sleep will be created
  + resource "random_integer" "sleep" {
      + id     = (known after apply)
      + max    = 5
      + min    = 0
      + result = (known after apply)
    }

  # module.core[0].module.security_rule[5].time_sleep.bar will be created
  + resource "time_sleep" "bar" {
      + create_duration = (known after apply)
      + id              = (known after apply)
    }

  # module.core[0].module.security_rule[6].random_integer.sleep will be created
  + resource "random_integer" "sleep" {
      + id     = (known after apply)
      + max    = 5
      + min    = 0
      + result = (known after apply)
    }

  # module.core[0].module.security_rule[6].time_sleep.bar will be created
  + resource "time_sleep" "bar" {
      + create_duration = (known after apply)
      + id              = (known after apply)
    }

  # module.core[0].module.security_rule[7].random_integer.sleep will be created
  + resource "random_integer" "sleep" {
      + id     = (known after apply)
      + max    = 5
      + min    = 0
      + result = (known after apply)
    }

  # module.core[0].module.security_rule[7].time_sleep.bar will be created
  + resource "time_sleep" "bar" {
      + create_duration = (known after apply)
      + id              = (known after apply)
    }

  # module.core[0].module.security_rule[8].random_integer.sleep will be created
  + resource "random_integer" "sleep" {
      + id     = (known after apply)
      + max    = 5
      + min    = 0
      + result = (known after apply)
    }

  # module.core[0].module.security_rule[8].time_sleep.bar will be created
  + resource "time_sleep" "bar" {
      + create_duration = (known after apply)
      + id              = (known after apply)
    }

  # module.core[0].module.security_rule[9].random_integer.sleep will be created
  + resource "random_integer" "sleep" {
      + id     = (known after apply)
      + max    = 5
      + min    = 0
      + result = (known after apply)
    }

  # module.core[0].module.security_rule[9].time_sleep.bar will be created
  + resource "time_sleep" "bar" {
      + create_duration = (known after apply)
      + id              = (known after apply)
    }

  # module.core[0].module.security_rule[10].random_integer.sleep will be created
  + resource "random_integer" "sleep" {
      + id     = (known after apply)
      + max    = 5
      + min    = 0
      + result = (known after apply)
    }

  # module.core[0].module.security_rule[10].time_sleep.bar will be created
  + resource "time_sleep" "bar" {
      + create_duration = (known after apply)
      + id              = (known after apply)
    }

  # module.core[0].module.security_rule[11].random_integer.sleep will be created
  + resource "random_integer" "sleep" {
      + id     = (known after apply)
      + max    = 5
      + min    = 0
      + result = (known after apply)
    }

  # module.core[0].module.security_rule[11].time_sleep.bar will be created
  + resource "time_sleep" "bar" {
      + create_duration = (known after apply)
      + id              = (known after apply)
    }

  # module.core[0].module.security_rule[12].random_integer.sleep will be created
  + resource "random_integer" "sleep" {
      + id     = (known after apply)
      + max    = 5
      + min    = 0
      + result = (known after apply)
    }

  # module.core[0].module.security_rule[12].time_sleep.bar will be created
  + resource "time_sleep" "bar" {
      + create_duration = (known after apply)
      + id              = (known after apply)
    }

  # module.core[0].module.security_rule[13].random_integer.sleep will be created
  + resource "random_integer" "sleep" {
      + id     = (known after apply)
      + max    = 5
      + min    = 0
      + result = (known after apply)
    }

  # module.core[0].module.security_rule[13].time_sleep.bar will be created
  + resource "time_sleep" "bar" {
      + create_duration = (known after apply)
      + id              = (known after apply)
    }

  # module.core[0].module.security_rule[14].random_integer.sleep will be created
  + resource "random_integer" "sleep" {
      + id     = (known after apply)
      + max    = 5
      + min    = 0
      + result = (known after apply)
    }

  # module.core[0].module.security_rule[14].time_sleep.bar will be created
  + resource "time_sleep" "bar" {
      + create_duration = (known after apply)
      + id              = (known after apply)
    }

  # module.core[0].module.security_rule[15].random_integer.sleep will be created
  + resource "random_integer" "sleep" {
      + id     = (known after apply)
      + max    = 5
      + min    = 0
      + result = (known after apply)
    }

  # module.core[0].module.security_rule[15].time_sleep.bar will be created
  + resource "time_sleep" "bar" {
      + create_duration = (known after apply)
      + id              = (known after apply)
    }

  # module.core[0].module.security_rule[16].random_integer.sleep will be created
  + resource "random_integer" "sleep" {
      + id     = (known after apply)
      + max    = 5
      + min    = 0
      + result = (known after apply)
    }

  # module.core[0].module.security_rule[16].time_sleep.bar will be created
  + resource "time_sleep" "bar" {
      + create_duration = (known after apply)
      + id              = (known after apply)
    }

  # module.core[0].module.security_rule[17].random_integer.sleep will be created
  + resource "random_integer" "sleep" {
      + id     = (known after apply)
      + max    = 5
      + min    = 0
      + result = (known after apply)
    }

  # module.core[0].module.security_rule[17].time_sleep.bar will be created
  + resource "time_sleep" "bar" {
      + create_duration = (known after apply)
      + id              = (known after apply)
    }

  # module.core[0].module.security_rule[18].random_integer.sleep will be created
  + resource "random_integer" "sleep" {
      + id     = (known after apply)
      + max    = 5
      + min    = 0
      + result = (known after apply)
    }

  # module.core[0].module.security_rule[18].time_sleep.bar will be created
  + resource "time_sleep" "bar" {
      + create_duration = (known after apply)
      + id              = (known after apply)
    }

  # module.core[0].module.security_rule[19].random_integer.sleep will be created
  + resource "random_integer" "sleep" {
      + id     = (known after apply)
      + max    = 5
      + min    = 0
      + result = (known after apply)
    }

  # module.core[0].module.security_rule[19].time_sleep.bar will be created
  + resource "time_sleep" "bar" {
      + create_duration = (known after apply)
      + id              = (known after apply)
    }

  # module.core[0].module.security_rule[20].random_integer.sleep will be created
  + resource "random_integer" "sleep" {
      + id     = (known after apply)
      + max    = 5
      + min    = 0
      + result = (known after apply)
    }

  # module.core[0].module.security_rule[20].time_sleep.bar will be created
  + resource "time_sleep" "bar" {
      + create_duration = (known after apply)
      + id              = (known after apply)
    }

  # module.core[0].module.security_rule[21].random_integer.sleep will be created
  + resource "random_integer" "sleep" {
      + id     = (known after apply)
      + max    = 5
      + min    = 0
      + result = (known after apply)
    }

  # module.core[0].module.security_rule[21].time_sleep.bar will be created
  + resource "time_sleep" "bar" {
      + create_duration = (known after apply)
      + id              = (known after apply)
    }

  # module.core[0].module.security_rule[22].random_integer.sleep will be created
  + resource "random_integer" "sleep" {
      + id     = (known after apply)
      + max    = 5
      + min    = 0
      + result = (known after apply)
    }

  # module.core[0].module.security_rule[22].time_sleep.bar will be created
  + resource "time_sleep" "bar" {
      + create_duration = (known after apply)
      + id              = (known after apply)
    }

  # module.core[0].module.security_rule[23].random_integer.sleep will be created
  + resource "random_integer" "sleep" {
      + id     = (known after apply)
      + max    = 5
      + min    = 0
      + result = (known after apply)
    }

  # module.core[0].module.security_rule[23].time_sleep.bar will be created
  + resource "time_sleep" "bar" {
      + create_duration = (known after apply)
      + id              = (known after apply)
    }

  # module.core[0].module.security_rule[24].random_integer.sleep will be created
  + resource "random_integer" "sleep" {
      + id     = (known after apply)
      + max    = 5
      + min    = 0
      + result = (known after apply)
    }

  # module.core[0].module.security_rule[24].time_sleep.bar will be created
  + resource "time_sleep" "bar" {
      + create_duration = (known after apply)
      + id              = (known after apply)
    }

  # module.core[0].module.security_rule[25].random_integer.sleep will be created
  + resource "random_integer" "sleep" {
      + id     = (known after apply)
      + max    = 5
      + min    = 0
      + result = (known after apply)
    }

  # module.core[0].module.security_rule[25].time_sleep.bar will be created
  + resource "time_sleep" "bar" {
      + create_duration = (known after apply)
      + id              = (known after apply)
    }

  # module.core[0].module.security_rule[26].random_integer.sleep will be created
  + resource "random_integer" "sleep" {
      + id     = (known after apply)
      + max    = 5
      + min    = 0
      + result = (known after apply)
    }

  # module.core[0].module.security_rule[26].time_sleep.bar will be created
  + resource "time_sleep" "bar" {
      + create_duration = (known after apply)
      + id              = (known after apply)
    }

  # module.core[0].module.security_rule[27].random_integer.sleep will be created
  + resource "random_integer" "sleep" {
      + id     = (known after apply)
      + max    = 5
      + min    = 0
      + result = (known after apply)
    }

  # module.core[0].module.security_rule[27].time_sleep.bar will be created
  + resource "time_sleep" "bar" {
      + create_duration = (known after apply)
      + id              = (known after apply)
    }

  # module.core[0].module.security_rule[28].random_integer.sleep will be created
  + resource "random_integer" "sleep" {
      + id     = (known after apply)
      + max    = 5
      + min    = 0
      + result = (known after apply)
    }

  # module.core[0].module.security_rule[28].time_sleep.bar will be created
  + resource "time_sleep" "bar" {
      + create_duration = (known after apply)
      + id              = (known after apply)
    }

  # module.core[0].module.security_rule[29].random_integer.sleep will be created
  + resource "random_integer" "sleep" {
      + id     = (known after apply)
      + max    = 5
      + min    = 0
      + result = (known after apply)
    }

  # module.core[0].module.security_rule[29].time_sleep.bar will be created
  + resource "time_sleep" "bar" {
      + create_duration = (known after apply)
      + id              = (known after apply)
    }

  # module.core[0].module.security_rule[30].random_integer.sleep will be created
  + resource "random_integer" "sleep" {
      + id     = (known after apply)
      + max    = 5
      + min    = 0
      + result = (known after apply)
    }

  # module.core[0].module.security_rule[30].time_sleep.bar will be created
  + resource "time_sleep" "bar" {
      + create_duration = (known after apply)
      + id              = (known after apply)
    }

  # module.core[0].module.security_rule[31].random_integer.sleep will be created
  + resource "random_integer" "sleep" {
      + id     = (known after apply)
      + max    = 5
      + min    = 0
      + result = (known after apply)
    }

  # module.core[0].module.security_rule[31].time_sleep.bar will be created
  + resource "time_sleep" "bar" {
      + create_duration = (known after apply)
      + id              = (known after apply)
    }

  # module.core[0].module.security_rule[32].random_integer.sleep will be created
  + resource "random_integer" "sleep" {
      + id     = (known after apply)
      + max    = 5
      + min    = 0
      + result = (known after apply)
    }

  # module.core[0].module.security_rule[32].time_sleep.bar will be created
  + resource "time_sleep" "bar" {
      + create_duration = (known after apply)
      + id              = (known after apply)
    }

  # module.core[0].module.security_rule[33].random_integer.sleep will be created
  + resource "random_integer" "sleep" {
      + id     = (known after apply)
      + max    = 5
      + min    = 0
      + result = (known after apply)
    }

  # module.core[0].module.security_rule[33].time_sleep.bar will be created
  + resource "time_sleep" "bar" {
      + create_duration = (known after apply)
      + id              = (known after apply)
    }

  # module.core[0].module.security_rule[34].random_integer.sleep will be created
  + resource "random_integer" "sleep" {
      + id     = (known after apply)
      + max    = 5
      + min    = 0
      + result = (known after apply)
    }

  # module.core[0].module.security_rule[34].time_sleep.bar will be created
  + resource "time_sleep" "bar" {
      + create_duration = (known after apply)
      + id              = (known after apply)
    }

  # module.core[1].module.role[0].random_integer.sleep will be created
  + resource "random_integer" "sleep" {
      + id     = (known after apply)
      + max    = 5
      + min    = 1
      + result = (known after apply)
    }

  # module.core[1].module.role[0].time_sleep.bar will be created
  + resource "time_sleep" "bar" {
      + create_duration = (known after apply)
      + id              = (known after apply)
    }

  # module.core[1].module.role[1].random_integer.sleep will be created
  + resource "random_integer" "sleep" {
      + id     = (known after apply)
      + max    = 5
      + min    = 1
      + result = (known after apply)
    }

  # module.core[1].module.role[1].time_sleep.bar will be created
  + resource "time_sleep" "bar" {
      + create_duration = (known after apply)
      + id              = (known after apply)
    }

  # module.core[1].module.role[2].random_integer.sleep will be created
  + resource "random_integer" "sleep" {
      + id     = (known after apply)
      + max    = 5
      + min    = 1
      + result = (known after apply)
    }

  # module.core[1].module.role[2].time_sleep.bar will be created
  + resource "time_sleep" "bar" {
      + create_duration = (known after apply)
      + id              = (known after apply)
    }

  # module.core[1].module.role[3].random_integer.sleep will be created
  + resource "random_integer" "sleep" {
      + id     = (known after apply)
      + max    = 5
      + min    = 1
      + result = (known after apply)
    }

  # module.core[1].module.role[3].time_sleep.bar will be created
  + resource "time_sleep" "bar" {
      + create_duration = (known after apply)
      + id              = (known after apply)
    }

  # module.core[1].module.role[4].random_integer.sleep will be created
  + resource "random_integer" "sleep" {
      + id     = (known after apply)
      + max    = 5
      + min    = 1
      + result = (known after apply)
    }

  # module.core[1].module.role[4].time_sleep.bar will be created
  + resource "time_sleep" "bar" {
      + create_duration = (known after apply)
      + id              = (known after apply)
    }

  # module.core[1].module.role[5].random_integer.sleep will be created
  + resource "random_integer" "sleep" {
      + id     = (known after apply)
      + max    = 5
      + min    = 1
      + result = (known after apply)
    }

  # module.core[1].module.role[5].time_sleep.bar will be created
  + resource "time_sleep" "bar" {
      + create_duration = (known after apply)
      + id              = (known after apply)
    }

  # module.core[1].module.role[6].random_integer.sleep will be created
  + resource "random_integer" "sleep" {
      + id     = (known after apply)
      + max    = 5
      + min    = 1
      + result = (known after apply)
    }

  # module.core[1].module.role[6].time_sleep.bar will be created
  + resource "time_sleep" "bar" {
      + create_duration = (known after apply)
      + id              = (known after apply)
    }

  # module.core[1].module.role[7].random_integer.sleep will be created
  + resource "random_integer" "sleep" {
      + id     = (known after apply)
      + max    = 5
      + min    = 1
      + result = (known after apply)
    }

  # module.core[1].module.role[7].time_sleep.bar will be created
  + resource "time_sleep" "bar" {
      + create_duration = (known after apply)
      + id              = (known after apply)
    }

  # module.core[1].module.role[8].random_integer.sleep will be created
  + resource "random_integer" "sleep" {
      + id     = (known after apply)
      + max    = 5
      + min    = 1
      + result = (known after apply)
    }

  # module.core[1].module.role[8].time_sleep.bar will be created
  + resource "time_sleep" "bar" {
      + create_duration = (known after apply)
      + id              = (known after apply)
    }

  # module.core[1].module.role[9].random_integer.sleep will be created
  + resource "random_integer" "sleep" {
      + id     = (known after apply)
      + max    = 5
      + min    = 1
      + result = (known after apply)
    }

  # module.core[1].module.role[9].time_sleep.bar will be created
  + resource "time_sleep" "bar" {
      + create_duration = (known after apply)
      + id              = (known after apply)
    }

  # module.core[1].module.role[10].random_integer.sleep will be created
  + resource "random_integer" "sleep" {
      + id     = (known after apply)
      + max    = 5
      + min    = 1
      + result = (known after apply)
    }

  # module.core[1].module.role[10].time_sleep.bar will be created
  + resource "time_sleep" "bar" {
      + create_duration = (known after apply)
      + id              = (known after apply)
    }

  # module.core[1].module.role[11].random_integer.sleep will be created
  + resource "random_integer" "sleep" {
      + id     = (known after apply)
      + max    = 5
      + min    = 1
      + result = (known after apply)
    }

  # module.core[1].module.role[11].time_sleep.bar will be created
  + resource "time_sleep" "bar" {
      + create_duration = (known after apply)
      + id              = (known after apply)
    }

  # module.core[1].module.role[12].random_integer.sleep will be created
  + resource "random_integer" "sleep" {
      + id     = (known after apply)
      + max    = 5
      + min    = 1
      + result = (known after apply)
    }

  # module.core[1].module.role[12].time_sleep.bar will be created
  + resource "time_sleep" "bar" {
      + create_duration = (known after apply)
      + id              = (known after apply)
    }

  # module.core[1].module.role[13].random_integer.sleep will be created
  + resource "random_integer" "sleep" {
      + id     = (known after apply)
      + max    = 5
      + min    = 1
      + result = (known after apply)
    }

  # module.core[1].module.role[13].time_sleep.bar will be created
  + resource "time_sleep" "bar" {
      + create_duration = (known after apply)
      + id              = (known after apply)
    }

  # module.core[1].module.role[14].random_integer.sleep will be created
  + resource "random_integer" "sleep" {
      + id     = (known after apply)
      + max    = 5
      + min    = 1
      + result = (known after apply)
    }

  # module.core[1].module.role[14].time_sleep.bar will be created
  + resource "time_sleep" "bar" {
      + create_duration = (known after apply)
      + id              = (known after apply)
    }

  # module.core[1].module.role[15].random_integer.sleep will be created
  + resource "random_integer" "sleep" {
      + id     = (known after apply)
      + max    = 5
      + min    = 1
      + result = (known after apply)
    }

  # module.core[1].module.role[15].time_sleep.bar will be created
  + resource "time_sleep" "bar" {
      + create_duration = (known after apply)
      + id              = (known after apply)
    }

  # module.core[1].module.role[16].random_integer.sleep will be created
  + resource "random_integer" "sleep" {
      + id     = (known after apply)
      + max    = 5
      + min    = 1
      + result = (known after apply)
    }

  # module.core[1].module.role[16].time_sleep.bar will be created
  + resource "time_sleep" "bar" {
      + create_duration = (known after apply)
      + id              = (known after apply)
    }

  # module.core[1].module.role[17].random_integer.sleep will be created
  + resource "random_integer" "sleep" {
      + id     = (known after apply)
      + max    = 5
      + min    = 1
      + result = (known after apply)
    }

  # module.core[1].module.role[17].time_sleep.bar will be created
  + resource "time_sleep" "bar" {
      + create_duration = (known after apply)
      + id              = (known after apply)
    }

  # module.core[1].module.role[18].random_integer.sleep will be created
  + resource "random_integer" "sleep" {
      + id     = (known after apply)
      + max    = 5
      + min    = 1
      + result = (known after apply)
    }

  # module.core[1].module.role[18].time_sleep.bar will be created
  + resource "time_sleep" "bar" {
      + create_duration = (known after apply)
      + id              = (known after apply)
    }

  # module.core[1].module.role[19].random_integer.sleep will be created
  + resource "random_integer" "sleep" {
      + id     = (known after apply)
      + max    = 5
      + min    = 1
      + result = (known after apply)
    }

  # module.core[1].module.role[19].time_sleep.bar will be created
  + resource "time_sleep" "bar" {
      + create_duration = (known after apply)
      + id              = (known after apply)
    }

  # module.core[1].module.role[20].random_integer.sleep will be created
  + resource "random_integer" "sleep" {
      + id     = (known after apply)
      + max    = 5
      + min    = 1
      + result = (known after apply)
    }

  # module.core[1].module.role[20].time_sleep.bar will be created
  + resource "time_sleep" "bar" {
      + create_duration = (known after apply)
      + id              = (known after apply)
    }

  # module.core[1].module.role[21].random_integer.sleep will be created
  + resource "random_integer" "sleep" {
      + id     = (known after apply)
      + max    = 5
      + min    = 1
      + result = (known after apply)
    }

  # module.core[1].module.role[21].time_sleep.bar will be created
  + resource "time_sleep" "bar" {
      + create_duration = (known after apply)
      + id              = (known after apply)
    }

  # module.core[1].module.role[22].random_integer.sleep will be created
  + resource "random_integer" "sleep" {
      + id     = (known after apply)
      + max    = 5
      + min    = 1
      + result = (known after apply)
    }

  # module.core[1].module.role[22].time_sleep.bar will be created
  + resource "time_sleep" "bar" {
      + create_duration = (known after apply)
      + id              = (known after apply)
    }

  # module.core[1].module.role[23].random_integer.sleep will be created
  + resource "random_integer" "sleep" {
      + id     = (known after apply)
      + max    = 5
      + min    = 1
      + result = (known after apply)
    }

  # module.core[1].module.role[23].time_sleep.bar will be created
  + resource "time_sleep" "bar" {
      + create_duration = (known after apply)
      + id              = (known after apply)
    }

  # module.core[1].module.role[24].random_integer.sleep will be created
  + resource "random_integer" "sleep" {
      + id     = (known after apply)
      + max    = 5
      + min    = 1
      + result = (known after apply)
    }

  # module.core[1].module.role[24].time_sleep.bar will be created
  + resource "time_sleep" "bar" {
      + create_duration = (known after apply)
      + id              = (known after apply)
    }

  # module.core[1].module.role[25].random_integer.sleep will be created
  + resource "random_integer" "sleep" {
      + id     = (known after apply)
      + max    = 5
      + min    = 1
      + result = (known after apply)
    }

  # module.core[1].module.role[25].time_sleep.bar will be created
  + resource "time_sleep" "bar" {
      + create_duration = (known after apply)
      + id              = (known after apply)
    }

  # module.core[1].module.role[26].random_integer.sleep will be created
  + resource "random_integer" "sleep" {
      + id     = (known after apply)
      + max    = 5
      + min    = 1
      + result = (known after apply)
    }

  # module.core[1].module.role[26].time_sleep.bar will be created
  + resource "time_sleep" "bar" {
      + create_duration = (known after apply)
      + id              = (known after apply)
    }

  # module.core[1].module.role[27].random_integer.sleep will be created
  + resource "random_integer" "sleep" {
      + id     = (known after apply)
      + max    = 5
      + min    = 1
      + result = (known after apply)
    }

  # module.core[1].module.role[27].time_sleep.bar will be created
  + resource "time_sleep" "bar" {
      + create_duration = (known after apply)
      + id              = (known after apply)
    }

  # module.core[1].module.role[28].random_integer.sleep will be created
  + resource "random_integer" "sleep" {
      + id     = (known after apply)
      + max    = 5
      + min    = 1
      + result = (known after apply)
    }

  # module.core[1].module.role[28].time_sleep.bar will be created
  + resource "time_sleep" "bar" {
      + create_duration = (known after apply)
      + id              = (known after apply)
    }

  # module.core[1].module.role[29].random_integer.sleep will be created
  + resource "random_integer" "sleep" {
      + id     = (known after apply)
      + max    = 5
      + min    = 1
      + result = (known after apply)
    }

  # module.core[1].module.role[29].time_sleep.bar will be created
  + resource "time_sleep" "bar" {
      + create_duration = (known after apply)
      + id              = (known after apply)
    }

  # module.core[1].module.role[30].random_integer.sleep will be created
  + resource "random_integer" "sleep" {
      + id     = (known after apply)
      + max    = 5
      + min    = 1
      + result = (known after apply)
    }

  # module.core[1].module.role[30].time_sleep.bar will be created
  + resource "time_sleep" "bar" {
      + create_duration = (known after apply)
      + id              = (known after apply)
    }

  # module.core[1].module.role[31].random_integer.sleep will be created
  + resource "random_integer" "sleep" {
      + id     = (known after apply)
      + max    = 5
      + min    = 1
      + result = (known after apply)
    }

  # module.core[1].module.role[31].time_sleep.bar will be created
  + resource "time_sleep" "bar" {
      + create_duration = (known after apply)
      + id              = (known after apply)
    }

  # module.core[1].module.role[32].random_integer.sleep will be created
  + resource "random_integer" "sleep" {
      + id     = (known after apply)
      + max    = 5
      + min    = 1
      + result = (known after apply)
    }

  # module.core[1].module.role[32].time_sleep.bar will be created
  + resource "time_sleep" "bar" {
      + create_duration = (known after apply)
      + id              = (known after apply)
    }

  # module.core[1].module.role[33].random_integer.sleep will be created
  + resource "random_integer" "sleep" {
      + id     = (known after apply)
      + max    = 5
      + min    = 1
      + result = (known after apply)
    }

  # module.core[1].module.role[33].time_sleep.bar will be created
  + resource "time_sleep" "bar" {
      + create_duration = (known after apply)
      + id              = (known after apply)
    }

  # module.core[1].module.role[34].random_integer.sleep will be created
  + resource "random_integer" "sleep" {
      + id     = (known after apply)
      + max    = 5
      + min    = 1
      + result = (known after apply)
    }

  # module.core[1].module.role[34].time_sleep.bar will be created
  + resource "time_sleep" "bar" {
      + create_duration = (known after apply)
      + id              = (known after apply)
    }

  # module.core[1].module.role[35].random_integer.sleep will be created
  + resource "random_integer" "sleep" {
      + id     = (known after apply)
      + max    = 5
      + min    = 1
      + result = (known after apply)
    }

  # module.core[1].module.role[35].time_sleep.bar will be created
  + resource "time_sleep" "bar" {
      + create_duration = (known after apply)
      + id              = (known after apply)
    }

  # module.core[1].module.role[36].random_integer.sleep will be created
  + resource "random_integer" "sleep" {
      + id     = (known after apply)
      + max    = 5
      + min    = 1
      + result = (known after apply)
    }

  # module.core[1].module.role[36].time_sleep.bar will be created
  + resource "time_sleep" "bar" {
      + create_duration = (known after apply)
      + id              = (known after apply)
    }

  # module.core[1].module.role[37].random_integer.sleep will be created
  + resource "random_integer" "sleep" {
      + id     = (known after apply)
      + max    = 5
      + min    = 1
      + result = (known after apply)
    }

  # module.core[1].module.role[37].time_sleep.bar will be created
  + resource "time_sleep" "bar" {
      + create_duration = (known after apply)
      + id              = (known after apply)
    }

  # module.core[1].module.role[38].random_integer.sleep will be created
  + resource "random_integer" "sleep" {
      + id     = (known after apply)
      + max    = 5
      + min    = 1
      + result = (known after apply)
    }

  # module.core[1].module.role[38].time_sleep.bar will be created
  + resource "time_sleep" "bar" {
      + create_duration = (known after apply)
      + id              = (known after apply)
    }

  # module.core[1].module.role[39].random_integer.sleep will be created
  + resource "random_integer" "sleep" {
      + id     = (known after apply)
      + max    = 5
      + min    = 1
      + result = (known after apply)
    }

  # module.core[1].module.role[39].time_sleep.bar will be created
  + resource "time_sleep" "bar" {
      + create_duration = (known after apply)
      + id              = (known after apply)
    }

  # module.core[1].module.role[40].random_integer.sleep will be created
  + resource "random_integer" "sleep" {
      + id     = (known after apply)
      + max    = 5
      + min    = 1
      + result = (known after apply)
    }

  # module.core[1].module.role[40].time_sleep.bar will be created
  + resource "time_sleep" "bar" {
      + create_duration = (known after apply)
      + id              = (known after apply)
    }

  # module.core[1].module.role[41].random_integer.sleep will be created
  + resource "random_integer" "sleep" {
      + id     = (known after apply)
      + max    = 5
      + min    = 1
      + result = (known after apply)
    }

  # module.core[1].module.role[41].time_sleep.bar will be created
  + resource "time_sleep" "bar" {
      + create_duration = (known after apply)
      + id              = (known after apply)
    }

  # module.core[1].module.role[42].random_integer.sleep will be created
  + resource "random_integer" "sleep" {
      + id     = (known after apply)
      + max    = 5
      + min    = 1
      + result = (known after apply)
    }

  # module.core[1].module.role[42].time_sleep.bar will be created
  + resource "time_sleep" "bar" {
      + create_duration = (known after apply)
      + id              = (known after apply)
    }

  # module.core[1].module.role[43].random_integer.sleep will be created
  + resource "random_integer" "sleep" {
      + id     = (known after apply)
      + max    = 5
      + min    = 1
      + result = (known after apply)
    }

  # module.core[1].module.role[43].time_sleep.bar will be created
  + resource "time_sleep" "bar" {
      + create_duration = (known after apply)
      + id              = (known after apply)
    }

  # module.core[1].module.role[44].random_integer.sleep will be created
  + resource "random_integer" "sleep" {
      + id     = (known after apply)
      + max    = 5
      + min    = 1
      + result = (known after apply)
    }

  # module.core[1].module.role[44].time_sleep.bar will be created
  + resource "time_sleep" "bar" {
      + create_duration = (known after apply)
      + id              = (known after apply)
    }

  # module.core[1].module.role[45].random_integer.sleep will be created
  + resource "random_integer" "sleep" {
      + id     = (known after apply)
      + max    = 5
      + min    = 1
      + result = (known after apply)
    }

  # module.core[1].module.role[45].time_sleep.bar will be created
  + resource "time_sleep" "bar" {
      + create_duration = (known after apply)
      + id              = (known after apply)
    }

  # module.core[1].module.role[46].random_integer.sleep will be created
  + resource "random_integer" "sleep" {
      + id     = (known after apply)
      + max    = 5
      + min    = 1
      + result = (known after apply)
    }

  # module.core[1].module.role[46].time_sleep.bar will be created
  + resource "time_sleep" "bar" {
      + create_duration = (known after apply)
      + id              = (known after apply)
    }

  # module.core[1].module.role[47].random_integer.sleep will be created
  + resource "random_integer" "sleep" {
      + id     = (known after apply)
      + max    = 5
      + min    = 1
      + result = (known after apply)
    }

  # module.core[1].module.role[47].time_sleep.bar will be created
  + resource "time_sleep" "bar" {
      + create_duration = (known after apply)
      + id              = (known after apply)
    }

  # module.core[1].module.role[48].random_integer.sleep will be created
  + resource "random_integer" "sleep" {
      + id     = (known after apply)
      + max    = 5
      + min    = 1
      + result = (known after apply)
    }

  # module.core[1].module.role[48].time_sleep.bar will be created
  + resource "time_sleep" "bar" {
      + create_duration = (known after apply)
      + id              = (known after apply)
    }

  # module.core[1].module.role[49].random_integer.sleep will be created
  + resource "random_integer" "sleep" {
      + id     = (known after apply)
      + max    = 5
      + min    = 1
      + result = (known after apply)
    }

  # module.core[1].module.role[49].time_sleep.bar will be created
  + resource "time_sleep" "bar" {
      + create_duration = (known after apply)
      + id              = (known after apply)
    }

  # module.core[1].module.security_rule[0].random_integer.sleep will be created
  + resource "random_integer" "sleep" {
      + id     = (known after apply)
      + max    = 5
      + min    = 0
      + result = (known after apply)
    }

  # module.core[1].module.security_rule[0].time_sleep.bar will be created
  + resource "time_sleep" "bar" {
      + create_duration = (known after apply)
      + id              = (known after apply)
    }

  # module.core[1].module.security_rule[1].random_integer.sleep will be created
  + resource "random_integer" "sleep" {
      + id     = (known after apply)
      + max    = 5
      + min    = 0
      + result = (known after apply)
    }

  # module.core[1].module.security_rule[1].time_sleep.bar will be created
  + resource "time_sleep" "bar" {
      + create_duration = (known after apply)
      + id              = (known after apply)
    }

  # module.core[1].module.security_rule[2].random_integer.sleep will be created
  + resource "random_integer" "sleep" {
      + id     = (known after apply)
      + max    = 5
      + min    = 0
      + result = (known after apply)
    }

  # module.core[1].module.security_rule[2].time_sleep.bar will be created
  + resource "time_sleep" "bar" {
      + create_duration = (known after apply)
      + id              = (known after apply)
    }

  # module.core[1].module.security_rule[3].random_integer.sleep will be created
  + resource "random_integer" "sleep" {
      + id     = (known after apply)
      + max    = 5
      + min    = 0
      + result = (known after apply)
    }

  # module.core[1].module.security_rule[3].time_sleep.bar will be created
  + resource "time_sleep" "bar" {
      + create_duration = (known after apply)
      + id              = (known after apply)
    }

  # module.core[1].module.security_rule[4].random_integer.sleep will be created
  + resource "random_integer" "sleep" {
      + id     = (known after apply)
      + max    = 5
      + min    = 0
      + result = (known after apply)
    }

  # module.core[1].module.security_rule[4].time_sleep.bar will be created
  + resource "time_sleep" "bar" {
      + create_duration = (known after apply)
      + id              = (known after apply)
    }

  # module.core[1].module.security_rule[5].random_integer.sleep will be created
  + resource "random_integer" "sleep" {
      + id     = (known after apply)
      + max    = 5
      + min    = 0
      + result = (known after apply)
    }

  # module.core[1].module.security_rule[5].time_sleep.bar will be created
  + resource "time_sleep" "bar" {
      + create_duration = (known after apply)
      + id              = (known after apply)
    }

  # module.core[1].module.security_rule[6].random_integer.sleep will be created
  + resource "random_integer" "sleep" {
      + id     = (known after apply)
      + max    = 5
      + min    = 0
      + result = (known after apply)
    }

  # module.core[1].module.security_rule[6].time_sleep.bar will be created
  + resource "time_sleep" "bar" {
      + create_duration = (known after apply)
      + id              = (known after apply)
    }

  # module.core[1].module.security_rule[7].random_integer.sleep will be created
  + resource "random_integer" "sleep" {
      + id     = (known after apply)
      + max    = 5
      + min    = 0
      + result = (known after apply)
    }

  # module.core[1].module.security_rule[7].time_sleep.bar will be created
  + resource "time_sleep" "bar" {
      + create_duration = (known after apply)
      + id              = (known after apply)
    }

  # module.core[1].module.security_rule[8].random_integer.sleep will be created
  + resource "random_integer" "sleep" {
      + id     = (known after apply)
      + max    = 5
      + min    = 0
      + result = (known after apply)
    }

  # module.core[1].module.security_rule[8].time_sleep.bar will be created
  + resource "time_sleep" "bar" {
      + create_duration = (known after apply)
      + id              = (known after apply)
    }

  # module.core[1].module.security_rule[9].random_integer.sleep will be created
  + resource "random_integer" "sleep" {
      + id     = (known after apply)
      + max    = 5
      + min    = 0
      + result = (known after apply)
    }

  # module.core[1].module.security_rule[9].time_sleep.bar will be created
  + resource "time_sleep" "bar" {
      + create_duration = (known after apply)
      + id              = (known after apply)
    }

  # module.core[1].module.security_rule[10].random_integer.sleep will be created
  + resource "random_integer" "sleep" {
      + id     = (known after apply)
      + max    = 5
      + min    = 0
      + result = (known after apply)
    }

  # module.core[1].module.security_rule[10].time_sleep.bar will be created
  + resource "time_sleep" "bar" {
      + create_duration = (known after apply)
      + id              = (known after apply)
    }

  # module.core[1].module.security_rule[11].random_integer.sleep will be created
  + resource "random_integer" "sleep" {
      + id     = (known after apply)
      + max    = 5
      + min    = 0
      + result = (known after apply)
    }

  # module.core[1].module.security_rule[11].time_sleep.bar will be created
  + resource "time_sleep" "bar" {
      + create_duration = (known after apply)
      + id              = (known after apply)
    }

  # module.core[1].module.security_rule[12].random_integer.sleep will be created
  + resource "random_integer" "sleep" {
      + id     = (known after apply)
      + max    = 5
      + min    = 0
      + result = (known after apply)
    }

  # module.core[1].module.security_rule[12].time_sleep.bar will be created
  + resource "time_sleep" "bar" {
      + create_duration = (known after apply)
      + id              = (known after apply)
    }

  # module.core[1].module.security_rule[13].random_integer.sleep will be created
  + resource "random_integer" "sleep" {
      + id     = (known after apply)
      + max    = 5
      + min    = 0
      + result = (known after apply)
    }

  # module.core[1].module.security_rule[13].time_sleep.bar will be created
  + resource "time_sleep" "bar" {
      + create_duration = (known after apply)
      + id              = (known after apply)
    }

  # module.core[1].module.security_rule[14].random_integer.sleep will be created
  + resource "random_integer" "sleep" {
      + id     = (known after apply)
      + max    = 5
      + min    = 0
      + result = (known after apply)
    }

  # module.core[1].module.security_rule[14].time_sleep.bar will be created
  + resource "time_sleep" "bar" {
      + create_duration = (known after apply)
      + id              = (known after apply)
    }

  # module.core[1].module.security_rule[15].random_integer.sleep will be created
  + resource "random_integer" "sleep" {
      + id     = (known after apply)
      + max    = 5
      + min    = 0
      + result = (known after apply)
    }

  # module.core[1].module.security_rule[15].time_sleep.bar will be created
  + resource "time_sleep" "bar" {
      + create_duration = (known after apply)
      + id              = (known after apply)
    }

  # module.core[1].module.security_rule[16].random_integer.sleep will be created
  + resource "random_integer" "sleep" {
      + id     = (known after apply)
      + max    = 5
      + min    = 0
      + result = (known after apply)
    }

  # module.core[1].module.security_rule[16].time_sleep.bar will be created
  + resource "time_sleep" "bar" {
      + create_duration = (known after apply)
      + id              = (known after apply)
    }

  # module.core[1].module.security_rule[17].random_integer.sleep will be created
  + resource "random_integer" "sleep" {
      + id     = (known after apply)
      + max    = 5
      + min    = 0
      + result = (known after apply)
    }

  # module.core[1].module.security_rule[17].time_sleep.bar will be created
  + resource "time_sleep" "bar" {
      + create_duration = (known after apply)
      + id              = (known after apply)
    }

  # module.core[1].module.security_rule[18].random_integer.sleep will be created
  + resource "random_integer" "sleep" {
      + id     = (known after apply)
      + max    = 5
      + min    = 0
      + result = (known after apply)
    }

  # module.core[1].module.security_rule[18].time_sleep.bar will be created
  + resource "time_sleep" "bar" {
      + create_duration = (known after apply)
      + id              = (known after apply)
    }

  # module.core[1].module.security_rule[19].random_integer.sleep will be created
  + resource "random_integer" "sleep" {
      + id     = (known after apply)
      + max    = 5
      + min    = 0
      + result = (known after apply)
    }

  # module.core[1].module.security_rule[19].time_sleep.bar will be created
  + resource "time_sleep" "bar" {
      + create_duration = (known after apply)
      + id              = (known after apply)
    }

  # module.core[1].module.security_rule[20].random_integer.sleep will be created
  + resource "random_integer" "sleep" {
      + id     = (known after apply)
      + max    = 5
      + min    = 0
      + result = (known after apply)
    }

  # module.core[1].module.security_rule[20].time_sleep.bar will be created
  + resource "time_sleep" "bar" {
      + create_duration = (known after apply)
      + id              = (known after apply)
    }

  # module.core[1].module.security_rule[21].random_integer.sleep will be created
  + resource "random_integer" "sleep" {
      + id     = (known after apply)
      + max    = 5
      + min    = 0
      + result = (known after apply)
    }

  # module.core[1].module.security_rule[21].time_sleep.bar will be created
  + resource "time_sleep" "bar" {
      + create_duration = (known after apply)
      + id              = (known after apply)
    }

  # module.core[1].module.security_rule[22].random_integer.sleep will be created
  + resource "random_integer" "sleep" {
      + id     = (known after apply)
      + max    = 5
      + min    = 0
      + result = (known after apply)
    }

  # module.core[1].module.security_rule[22].time_sleep.bar will be created
  + resource "time_sleep" "bar" {
      + create_duration = (known after apply)
      + id              = (known after apply)
    }

  # module.core[1].module.security_rule[23].random_integer.sleep will be created
  + resource "random_integer" "sleep" {
      + id     = (known after apply)
      + max    = 5
      + min    = 0
      + result = (known after apply)
    }

  # module.core[1].module.security_rule[23].time_sleep.bar will be created
  + resource "time_sleep" "bar" {
      + create_duration = (known after apply)
      + id              = (known after apply)
    }

  # module.core[1].module.security_rule[24].random_integer.sleep will be created
  + resource "random_integer" "sleep" {
      + id     = (known after apply)
      + max    = 5
      + min    = 0
      + result = (known after apply)
    }

  # module.core[1].module.security_rule[24].time_sleep.bar will be created
  + resource "time_sleep" "bar" {
      + create_duration = (known after apply)
      + id              = (known after apply)
    }

  # module.core[1].module.security_rule[25].random_integer.sleep will be created
  + resource "random_integer" "sleep" {
      + id     = (known after apply)
      + max    = 5
      + min    = 0
      + result = (known after apply)
    }

  # module.core[1].module.security_rule[25].time_sleep.bar will be created
  + resource "time_sleep" "bar" {
      + create_duration = (known after apply)
      + id              = (known after apply)
    }

  # module.core[1].module.security_rule[26].random_integer.sleep will be created
  + resource "random_integer" "sleep" {
      + id     = (known after apply)
      + max    = 5
      + min    = 0
      + result = (known after apply)
    }

  # module.core[1].module.security_rule[26].time_sleep.bar will be created
  + resource "time_sleep" "bar" {
      + create_duration = (known after apply)
      + id              = (known after apply)
    }

  # module.core[1].module.security_rule[27].random_integer.sleep will be created
  + resource "random_integer" "sleep" {
      + id     = (known after apply)
      + max    = 5
      + min    = 0
      + result = (known after apply)
    }

  # module.core[1].module.security_rule[27].time_sleep.bar will be created
  + resource "time_sleep" "bar" {
      + create_duration = (known after apply)
      + id              = (known after apply)
    }

  # module.core[1].module.security_rule[28].random_integer.sleep will be created
  + resource "random_integer" "sleep" {
      + id     = (known after apply)
      + max    = 5
      + min    = 0
      + result = (known after apply)
    }

  # module.core[1].module.security_rule[28].time_sleep.bar will be created
  + resource "time_sleep" "bar" {
      + create_duration = (known after apply)
      + id              = (known after apply)
    }

  # module.core[1].module.security_rule[29].random_integer.sleep will be created
  + resource "random_integer" "sleep" {
      + id     = (known after apply)
      + max    = 5
      + min    = 0
      + result = (known after apply)
    }

  # module.core[1].module.security_rule[29].time_sleep.bar will be created
  + resource "time_sleep" "bar" {
      + create_duration = (known after apply)
      + id              = (known after apply)
    }

  # module.core[1].module.security_rule[30].random_integer.sleep will be created
  + resource "random_integer" "sleep" {
      + id     = (known after apply)
      + max    = 5
      + min    = 0
      + result = (known after apply)
    }

  # module.core[1].module.security_rule[30].time_sleep.bar will be created
  + resource "time_sleep" "bar" {
      + create_duration = (known after apply)
      + id              = (known after apply)
    }

  # module.core[1].module.security_rule[31].random_integer.sleep will be created
  + resource "random_integer" "sleep" {
      + id     = (known after apply)
      + max    = 5
      + min    = 0
      + result = (known after apply)
    }

  # module.core[1].module.security_rule[31].time_sleep.bar will be created
  + resource "time_sleep" "bar" {
      + create_duration = (known after apply)
      + id              = (known after apply)
    }

  # module.core[1].module.security_rule[32].random_integer.sleep will be created
  + resource "random_integer" "sleep" {
      + id     = (known after apply)
      + max    = 5
      + min    = 0
      + result = (known after apply)
    }

  # module.core[1].module.security_rule[32].time_sleep.bar will be created
  + resource "time_sleep" "bar" {
      + create_duration = (known after apply)
      + id              = (known after apply)
    }

  # module.core[1].module.security_rule[33].random_integer.sleep will be created
  + resource "random_integer" "sleep" {
      + id     = (known after apply)
      + max    = 5
      + min    = 0
      + result = (known after apply)
    }

  # module.core[1].module.security_rule[33].time_sleep.bar will be created
  + resource "time_sleep" "bar" {
      + create_duration = (known after apply)
      + id              = (known after apply)
    }

  # module.core[1].module.security_rule[34].random_integer.sleep will be created
  + resource "random_integer" "sleep" {
      + id     = (known after apply)
      + max    = 5
      + min    = 0
      + result = (known after apply)
    }

  # module.core[1].module.security_rule[34].time_sleep.bar will be created
  + resource "time_sleep" "bar" {
      + create_duration = (known after apply)
      + id              = (known after apply)
    }

  # module.core[2].module.role[0].random_integer.sleep will be created
  + resource "random_integer" "sleep" {
      + id     = (known after apply)
      + max    = 5
      + min    = 1
      + result = (known after apply)
    }

  # module.core[2].module.role[0].time_sleep.bar will be created
  + resource "time_sleep" "bar" {
      + create_duration = (known after apply)
      + id              = (known after apply)
    }

  # module.core[2].module.role[1].random_integer.sleep will be created
  + resource "random_integer" "sleep" {
      + id     = (known after apply)
      + max    = 5
      + min    = 1
      + result = (known after apply)
    }

  # module.core[2].module.role[1].time_sleep.bar will be created
  + resource "time_sleep" "bar" {
      + create_duration = (known after apply)
      + id              = (known after apply)
    }

  # module.core[2].module.role[2].random_integer.sleep will be created
  + resource "random_integer" "sleep" {
      + id     = (known after apply)
      + max    = 5
      + min    = 1
      + result = (known after apply)
    }

  # module.core[2].module.role[2].time_sleep.bar will be created
  + resource "time_sleep" "bar" {
      + create_duration = (known after apply)
      + id              = (known after apply)
    }

  # module.core[2].module.role[3].random_integer.sleep will be created
  + resource "random_integer" "sleep" {
      + id     = (known after apply)
      + max    = 5
      + min    = 1
      + result = (known after apply)
    }

  # module.core[2].module.role[3].time_sleep.bar will be created
  + resource "time_sleep" "bar" {
      + create_duration = (known after apply)
      + id              = (known after apply)
    }

  # module.core[2].module.role[4].random_integer.sleep will be created
  + resource "random_integer" "sleep" {
      + id     = (known after apply)
      + max    = 5
      + min    = 1
      + result = (known after apply)
    }

  # module.core[2].module.role[4].time_sleep.bar will be created
  + resource "time_sleep" "bar" {
      + create_duration = (known after apply)
      + id              = (known after apply)
    }

  # module.core[2].module.role[5].random_integer.sleep will be created
  + resource "random_integer" "sleep" {
      + id     = (known after apply)
      + max    = 5
      + min    = 1
      + result = (known after apply)
    }

  # module.core[2].module.role[5].time_sleep.bar will be created
  + resource "time_sleep" "bar" {
      + create_duration = (known after apply)
      + id              = (known after apply)
    }

  # module.core[2].module.role[6].random_integer.sleep will be created
  + resource "random_integer" "sleep" {
      + id     = (known after apply)
      + max    = 5
      + min    = 1
      + result = (known after apply)
    }

  # module.core[2].module.role[6].time_sleep.bar will be created
  + resource "time_sleep" "bar" {
      + create_duration = (known after apply)
      + id              = (known after apply)
    }

  # module.core[2].module.role[7].random_integer.sleep will be created
  + resource "random_integer" "sleep" {
      + id     = (known after apply)
      + max    = 5
      + min    = 1
      + result = (known after apply)
    }

  # module.core[2].module.role[7].time_sleep.bar will be created
  + resource "time_sleep" "bar" {
      + create_duration = (known after apply)
      + id              = (known after apply)
    }

  # module.core[2].module.role[8].random_integer.sleep will be created
  + resource "random_integer" "sleep" {
      + id     = (known after apply)
      + max    = 5
      + min    = 1
      + result = (known after apply)
    }

  # module.core[2].module.role[8].time_sleep.bar will be created
  + resource "time_sleep" "bar" {
      + create_duration = (known after apply)
      + id              = (known after apply)
    }

  # module.core[2].module.role[9].random_integer.sleep will be created
  + resource "random_integer" "sleep" {
      + id     = (known after apply)
      + max    = 5
      + min    = 1
      + result = (known after apply)
    }

  # module.core[2].module.role[9].time_sleep.bar will be created
  + resource "time_sleep" "bar" {
      + create_duration = (known after apply)
      + id              = (known after apply)
    }

  # module.core[2].module.role[10].random_integer.sleep will be created
  + resource "random_integer" "sleep" {
      + id     = (known after apply)
      + max    = 5
      + min    = 1
      + result = (known after apply)
    }

  # module.core[2].module.role[10].time_sleep.bar will be created
  + resource "time_sleep" "bar" {
      + create_duration = (known after apply)
      + id              = (known after apply)
    }

  # module.core[2].module.role[11].random_integer.sleep will be created
  + resource "random_integer" "sleep" {
      + id     = (known after apply)
      + max    = 5
      + min    = 1
      + result = (known after apply)
    }

  # module.core[2].module.role[11].time_sleep.bar will be created
  + resource "time_sleep" "bar" {
      + create_duration = (known after apply)
      + id              = (known after apply)
    }

  # module.core[2].module.role[12].random_integer.sleep will be created
  + resource "random_integer" "sleep" {
      + id     = (known after apply)
      + max    = 5
      + min    = 1
      + result = (known after apply)
    }

  # module.core[2].module.role[12].time_sleep.bar will be created
  + resource "time_sleep" "bar" {
      + create_duration = (known after apply)
      + id              = (known after apply)
    }

  # module.core[2].module.role[13].random_integer.sleep will be created
  + resource "random_integer" "sleep" {
      + id     = (known after apply)
      + max    = 5
      + min    = 1
      + result = (known after apply)
    }

  # module.core[2].module.role[13].time_sleep.bar will be created
  + resource "time_sleep" "bar" {
      + create_duration = (known after apply)
      + id              = (known after apply)
    }

  # module.core[2].module.role[14].random_integer.sleep will be created
  + resource "random_integer" "sleep" {
      + id     = (known after apply)
      + max    = 5
      + min    = 1
      + result = (known after apply)
    }

  # module.core[2].module.role[14].time_sleep.bar will be created
  + resource "time_sleep" "bar" {
      + create_duration = (known after apply)
      + id              = (known after apply)
    }

  # module.core[2].module.role[15].random_integer.sleep will be created
  + resource "random_integer" "sleep" {
      + id     = (known after apply)
      + max    = 5
      + min    = 1
      + result = (known after apply)
    }

  # module.core[2].module.role[15].time_sleep.bar will be created
  + resource "time_sleep" "bar" {
      + create_duration = (known after apply)
      + id              = (known after apply)
    }

  # module.core[2].module.role[16].random_integer.sleep will be created
  + resource "random_integer" "sleep" {
      + id     = (known after apply)
      + max    = 5
      + min    = 1
      + result = (known after apply)
    }

  # module.core[2].module.role[16].time_sleep.bar will be created
  + resource "time_sleep" "bar" {
      + create_duration = (known after apply)
      + id              = (known after apply)
    }

  # module.core[2].module.role[17].random_integer.sleep will be created
  + resource "random_integer" "sleep" {
      + id     = (known after apply)
      + max    = 5
      + min    = 1
      + result = (known after apply)
    }

  # module.core[2].module.role[17].time_sleep.bar will be created
  + resource "time_sleep" "bar" {
      + create_duration = (known after apply)
      + id              = (known after apply)
    }

  # module.core[2].module.role[18].random_integer.sleep will be created
  + resource "random_integer" "sleep" {
      + id     = (known after apply)
      + max    = 5
      + min    = 1
      + result = (known after apply)
    }

  # module.core[2].module.role[18].time_sleep.bar will be created
  + resource "time_sleep" "bar" {
      + create_duration = (known after apply)
      + id              = (known after apply)
    }

  # module.core[2].module.role[19].random_integer.sleep will be created
  + resource "random_integer" "sleep" {
      + id     = (known after apply)
      + max    = 5
      + min    = 1
      + result = (known after apply)
    }

  # module.core[2].module.role[19].time_sleep.bar will be created
  + resource "time_sleep" "bar" {
      + create_duration = (known after apply)
      + id              = (known after apply)
    }

  # module.core[2].module.role[20].random_integer.sleep will be created
  + resource "random_integer" "sleep" {
      + id     = (known after apply)
      + max    = 5
      + min    = 1
      + result = (known after apply)
    }

  # module.core[2].module.role[20].time_sleep.bar will be created
  + resource "time_sleep" "bar" {
      + create_duration = (known after apply)
      + id              = (known after apply)
    }

  # module.core[2].module.role[21].random_integer.sleep will be created
  + resource "random_integer" "sleep" {
      + id     = (known after apply)
      + max    = 5
      + min    = 1
      + result = (known after apply)
    }

  # module.core[2].module.role[21].time_sleep.bar will be created
  + resource "time_sleep" "bar" {
      + create_duration = (known after apply)
      + id              = (known after apply)
    }

  # module.core[2].module.role[22].random_integer.sleep will be created
  + resource "random_integer" "sleep" {
      + id     = (known after apply)
      + max    = 5
      + min    = 1
      + result = (known after apply)
    }

  # module.core[2].module.role[22].time_sleep.bar will be created
  + resource "time_sleep" "bar" {
      + create_duration = (known after apply)
      + id              = (known after apply)
    }

  # module.core[2].module.role[23].random_integer.sleep will be created
  + resource "random_integer" "sleep" {
      + id     = (known after apply)
      + max    = 5
      + min    = 1
      + result = (known after apply)
    }

  # module.core[2].module.role[23].time_sleep.bar will be created
  + resource "time_sleep" "bar" {
      + create_duration = (known after apply)
      + id              = (known after apply)
    }

  # module.core[2].module.role[24].random_integer.sleep will be created
  + resource "random_integer" "sleep" {
      + id     = (known after apply)
      + max    = 5
      + min    = 1
      + result = (known after apply)
    }

  # module.core[2].module.role[24].time_sleep.bar will be created
  + resource "time_sleep" "bar" {
      + create_duration = (known after apply)
      + id              = (known after apply)
    }

  # module.core[2].module.role[25].random_integer.sleep will be created
  + resource "random_integer" "sleep" {
      + id     = (known after apply)
      + max    = 5
      + min    = 1
      + result = (known after apply)
    }

  # module.core[2].module.role[25].time_sleep.bar will be created
  + resource "time_sleep" "bar" {
      + create_duration = (known after apply)
      + id              = (known after apply)
    }

  # module.core[2].module.role[26].random_integer.sleep will be created
  + resource "random_integer" "sleep" {
      + id     = (known after apply)
      + max    = 5
      + min    = 1
      + result = (known after apply)
    }

  # module.core[2].module.role[26].time_sleep.bar will be created
  + resource "time_sleep" "bar" {
      + create_duration = (known after apply)
      + id              = (known after apply)
    }

  # module.core[2].module.role[27].random_integer.sleep will be created
  + resource "random_integer" "sleep" {
      + id     = (known after apply)
      + max    = 5
      + min    = 1
      + result = (known after apply)
    }

  # module.core[2].module.role[27].time_sleep.bar will be created
  + resource "time_sleep" "bar" {
      + create_duration = (known after apply)
      + id              = (known after apply)
    }

  # module.core[2].module.role[28].random_integer.sleep will be created
  + resource "random_integer" "sleep" {
      + id     = (known after apply)
      + max    = 5
      + min    = 1
      + result = (known after apply)
    }

  # module.core[2].module.role[28].time_sleep.bar will be created
  + resource "time_sleep" "bar" {
      + create_duration = (known after apply)
      + id              = (known after apply)
    }

  # module.core[2].module.role[29].random_integer.sleep will be created
  + resource "random_integer" "sleep" {
      + id     = (known after apply)
      + max    = 5
      + min    = 1
      + result = (known after apply)
    }

  # module.core[2].module.role[29].time_sleep.bar will be created
  + resource "time_sleep" "bar" {
      + create_duration = (known after apply)
      + id              = (known after apply)
    }

  # module.core[2].module.role[30].random_integer.sleep will be created
  + resource "random_integer" "sleep" {
      + id     = (known after apply)
      + max    = 5
      + min    = 1
      + result = (known after apply)
    }

  # module.core[2].module.role[30].time_sleep.bar will be created
  + resource "time_sleep" "bar" {
      + create_duration = (known after apply)
      + id              = (known after apply)
    }

  # module.core[2].module.role[31].random_integer.sleep will be created
  + resource "random_integer" "sleep" {
      + id     = (known after apply)
      + max    = 5
      + min    = 1
      + result = (known after apply)
    }

  # module.core[2].module.role[31].time_sleep.bar will be created
  + resource "time_sleep" "bar" {
      + create_duration = (known after apply)
      + id              = (known after apply)
    }

  # module.core[2].module.role[32].random_integer.sleep will be created
  + resource "random_integer" "sleep" {
      + id     = (known after apply)
      + max    = 5
      + min    = 1
      + result = (known after apply)
    }

  # module.core[2].module.role[32].time_sleep.bar will be created
  + resource "time_sleep" "bar" {
      + create_duration = (known after apply)
      + id              = (known after apply)
    }

  # module.core[2].module.role[33].random_integer.sleep will be created
  + resource "random_integer" "sleep" {
      + id     = (known after apply)
      + max    = 5
      + min    = 1
      + result = (known after apply)
    }

  # module.core[2].module.role[33].time_sleep.bar will be created
  + resource "time_sleep" "bar" {
      + create_duration = (known after apply)
      + id              = (known after apply)
    }

  # module.core[2].module.role[34].random_integer.sleep will be created
  + resource "random_integer" "sleep" {
      + id     = (known after apply)
      + max    = 5
      + min    = 1
      + result = (known after apply)
    }

  # module.core[2].module.role[34].time_sleep.bar will be created
  + resource "time_sleep" "bar" {
      + create_duration = (known after apply)
      + id              = (known after apply)
    }

  # module.core[2].module.role[35].random_integer.sleep will be created
  + resource "random_integer" "sleep" {
      + id     = (known after apply)
      + max    = 5
      + min    = 1
      + result = (known after apply)
    }

  # module.core[2].module.role[35].time_sleep.bar will be created
  + resource "time_sleep" "bar" {
      + create_duration = (known after apply)
      + id              = (known after apply)
    }

  # module.core[2].module.role[36].random_integer.sleep will be created
  + resource "random_integer" "sleep" {
      + id     = (known after apply)
      + max    = 5
      + min    = 1
      + result = (known after apply)
    }

  # module.core[2].module.role[36].time_sleep.bar will be created
  + resource "time_sleep" "bar" {
      + create_duration = (known after apply)
      + id              = (known after apply)
    }

  # module.core[2].module.role[37].random_integer.sleep will be created
  + resource "random_integer" "sleep" {
      + id     = (known after apply)
      + max    = 5
      + min    = 1
      + result = (known after apply)
    }

  # module.core[2].module.role[37].time_sleep.bar will be created
  + resource "time_sleep" "bar" {
      + create_duration = (known after apply)
      + id              = (known after apply)
    }

  # module.core[2].module.role[38].random_integer.sleep will be created
  + resource "random_integer" "sleep" {
      + id     = (known after apply)
      + max    = 5
      + min    = 1
      + result = (known after apply)
    }

  # module.core[2].module.role[38].time_sleep.bar will be created
  + resource "time_sleep" "bar" {
      + create_duration = (known after apply)
      + id              = (known after apply)
    }

  # module.core[2].module.role[39].random_integer.sleep will be created
  + resource "random_integer" "sleep" {
      + id     = (known after apply)
      + max    = 5
      + min    = 1
      + result = (known after apply)
    }

  # module.core[2].module.role[39].time_sleep.bar will be created
  + resource "time_sleep" "bar" {
      + create_duration = (known after apply)
      + id              = (known after apply)
    }

  # module.core[2].module.role[40].random_integer.sleep will be created
  + resource "random_integer" "sleep" {
      + id     = (known after apply)
      + max    = 5
      + min    = 1
      + result = (known after apply)
    }

  # module.core[2].module.role[40].time_sleep.bar will be created
  + resource "time_sleep" "bar" {
      + create_duration = (known after apply)
      + id              = (known after apply)
    }

  # module.core[2].module.role[41].random_integer.sleep will be created
  + resource "random_integer" "sleep" {
      + id     = (known after apply)
      + max    = 5
      + min    = 1
      + result = (known after apply)
    }

  # module.core[2].module.role[41].time_sleep.bar will be created
  + resource "time_sleep" "bar" {
      + create_duration = (known after apply)
      + id              = (known after apply)
    }

  # module.core[2].module.role[42].random_integer.sleep will be created
  + resource "random_integer" "sleep" {
      + id     = (known after apply)
      + max    = 5
      + min    = 1
      + result = (known after apply)
    }

  # module.core[2].module.role[42].time_sleep.bar will be created
  + resource "time_sleep" "bar" {
      + create_duration = (known after apply)
      + id              = (known after apply)
    }

  # module.core[2].module.role[43].random_integer.sleep will be created
  + resource "random_integer" "sleep" {
      + id     = (known after apply)
      + max    = 5
      + min    = 1
      + result = (known after apply)
    }

  # module.core[2].module.role[43].time_sleep.bar will be created
  + resource "time_sleep" "bar" {
      + create_duration = (known after apply)
      + id              = (known after apply)
    }

  # module.core[2].module.role[44].random_integer.sleep will be created
  + resource "random_integer" "sleep" {
      + id     = (known after apply)
      + max    = 5
      + min    = 1
      + result = (known after apply)
    }

  # module.core[2].module.role[44].time_sleep.bar will be created
  + resource "time_sleep" "bar" {
      + create_duration = (known after apply)
      + id              = (known after apply)
    }

  # module.core[2].module.role[45].random_integer.sleep will be created
  + resource "random_integer" "sleep" {
      + id     = (known after apply)
      + max    = 5
      + min    = 1
      + result = (known after apply)
    }

  # module.core[2].module.role[45].time_sleep.bar will be created
  + resource "time_sleep" "bar" {
      + create_duration = (known after apply)
      + id              = (known after apply)
    }

  # module.core[2].module.role[46].random_integer.sleep will be created
  + resource "random_integer" "sleep" {
      + id     = (known after apply)
      + max    = 5
      + min    = 1
      + result = (known after apply)
    }

  # module.core[2].module.role[46].time_sleep.bar will be created
  + resource "time_sleep" "bar" {
      + create_duration = (known after apply)
      + id              = (known after apply)
    }

  # module.core[2].module.role[47].random_integer.sleep will be created
  + resource "random_integer" "sleep" {
      + id     = (known after apply)
      + max    = 5
      + min    = 1
      + result = (known after apply)
    }

  # module.core[2].module.role[47].time_sleep.bar will be created
  + resource "time_sleep" "bar" {
      + create_duration = (known after apply)
      + id              = (known after apply)
    }

  # module.core[2].module.role[48].random_integer.sleep will be created
  + resource "random_integer" "sleep" {
      + id     = (known after apply)
      + max    = 5
      + min    = 1
      + result = (known after apply)
    }

  # module.core[2].module.role[48].time_sleep.bar will be created
  + resource "time_sleep" "bar" {
      + create_duration = (known after apply)
      + id              = (known after apply)
    }

  # module.core[2].module.role[49].random_integer.sleep will be created
  + resource "random_integer" "sleep" {
      + id     = (known after apply)
      + max    = 5
      + min    = 1
      + result = (known after apply)
    }

  # module.core[2].module.role[49].time_sleep.bar will be created
  + resource "time_sleep" "bar" {
      + create_duration = (known after apply)
      + id              = (known after apply)
    }

  # module.core[2].module.security_rule[0].random_integer.sleep will be created
  + resource "random_integer" "sleep" {
      + id     = (known after apply)
      + max    = 5
      + min    = 0
      + result = (known after apply)
    }

  # module.core[2].module.security_rule[0].time_sleep.bar will be created
  + resource "time_sleep" "bar" {
      + create_duration = (known after apply)
      + id              = (known after apply)
    }

  # module.core[2].module.security_rule[1].random_integer.sleep will be created
  + resource "random_integer" "sleep" {
      + id     = (known after apply)
      + max    = 5
      + min    = 0
      + result = (known after apply)
    }

  # module.core[2].module.security_rule[1].time_sleep.bar will be created
  + resource "time_sleep" "bar" {
      + create_duration = (known after apply)
      + id              = (known after apply)
    }

  # module.core[2].module.security_rule[2].random_integer.sleep will be created
  + resource "random_integer" "sleep" {
      + id     = (known after apply)
      + max    = 5
      + min    = 0
      + result = (known after apply)
    }

  # module.core[2].module.security_rule[2].time_sleep.bar will be created
  + resource "time_sleep" "bar" {
      + create_duration = (known after apply)
      + id              = (known after apply)
    }

  # module.core[2].module.security_rule[3].random_integer.sleep will be created
  + resource "random_integer" "sleep" {
      + id     = (known after apply)
      + max    = 5
      + min    = 0
      + result = (known after apply)
    }

  # module.core[2].module.security_rule[3].time_sleep.bar will be created
  + resource "time_sleep" "bar" {
      + create_duration = (known after apply)
      + id              = (known after apply)
    }

  # module.core[2].module.security_rule[4].random_integer.sleep will be created
  + resource "random_integer" "sleep" {
      + id     = (known after apply)
      + max    = 5
      + min    = 0
      + result = (known after apply)
    }

  # module.core[2].module.security_rule[4].time_sleep.bar will be created
  + resource "time_sleep" "bar" {
      + create_duration = (known after apply)
      + id              = (known after apply)
    }

  # module.core[2].module.security_rule[5].random_integer.sleep will be created
  + resource "random_integer" "sleep" {
      + id     = (known after apply)
      + max    = 5
      + min    = 0
      + result = (known after apply)
    }

  # module.core[2].module.security_rule[5].time_sleep.bar will be created
  + resource "time_sleep" "bar" {
      + create_duration = (known after apply)
      + id              = (known after apply)
    }

  # module.core[2].module.security_rule[6].random_integer.sleep will be created
  + resource "random_integer" "sleep" {
      + id     = (known after apply)
      + max    = 5
      + min    = 0
      + result = (known after apply)
    }

  # module.core[2].module.security_rule[6].time_sleep.bar will be created
  + resource "time_sleep" "bar" {
      + create_duration = (known after apply)
      + id              = (known after apply)
    }

  # module.core[2].module.security_rule[7].random_integer.sleep will be created
  + resource "random_integer" "sleep" {
      + id     = (known after apply)
      + max    = 5
      + min    = 0
      + result = (known after apply)
    }

  # module.core[2].module.security_rule[7].time_sleep.bar will be created
  + resource "time_sleep" "bar" {
      + create_duration = (known after apply)
      + id              = (known after apply)
    }

  # module.core[2].module.security_rule[8].random_integer.sleep will be created
  + resource "random_integer" "sleep" {
      + id     = (known after apply)
      + max    = 5
      + min    = 0
      + result = (known after apply)
    }

  # module.core[2].module.security_rule[8].time_sleep.bar will be created
  + resource "time_sleep" "bar" {
      + create_duration = (known after apply)
      + id              = (known after apply)
    }

  # module.core[2].module.security_rule[9].random_integer.sleep will be created
  + resource "random_integer" "sleep" {
      + id     = (known after apply)
      + max    = 5
      + min    = 0
      + result = (known after apply)
    }

  # module.core[2].module.security_rule[9].time_sleep.bar will be created
  + resource "time_sleep" "bar" {
      + create_duration = (known after apply)
      + id              = (known after apply)
    }

  # module.core[2].module.security_rule[10].random_integer.sleep will be created
  + resource "random_integer" "sleep" {
      + id     = (known after apply)
      + max    = 5
      + min    = 0
      + result = (known after apply)
    }

  # module.core[2].module.security_rule[10].time_sleep.bar will be created
  + resource "time_sleep" "bar" {
      + create_duration = (known after apply)
      + id              = (known after apply)
    }

  # module.core[2].module.security_rule[11].random_integer.sleep will be created
  + resource "random_integer" "sleep" {
      + id     = (known after apply)
      + max    = 5
      + min    = 0
      + result = (known after apply)
    }

  # module.core[2].module.security_rule[11].time_sleep.bar will be created
  + resource "time_sleep" "bar" {
      + create_duration = (known after apply)
      + id              = (known after apply)
    }

  # module.core[2].module.security_rule[12].random_integer.sleep will be created
  + resource "random_integer" "sleep" {
      + id     = (known after apply)
      + max    = 5
      + min    = 0
      + result = (known after apply)
    }

  # module.core[2].module.security_rule[12].time_sleep.bar will be created
  + resource "time_sleep" "bar" {
      + create_duration = (known after apply)
      + id              = (known after apply)
    }

  # module.core[2].module.security_rule[13].random_integer.sleep will be created
  + resource "random_integer" "sleep" {
      + id     = (known after apply)
      + max    = 5
      + min    = 0
      + result = (known after apply)
    }

  # module.core[2].module.security_rule[13].time_sleep.bar will be created
  + resource "time_sleep" "bar" {
      + create_duration = (known after apply)
      + id              = (known after apply)
    }

  # module.core[2].module.security_rule[14].random_integer.sleep will be created
  + resource "random_integer" "sleep" {
      + id     = (known after apply)
      + max    = 5
      + min    = 0
      + result = (known after apply)
    }

  # module.core[2].module.security_rule[14].time_sleep.bar will be created
  + resource "time_sleep" "bar" {
      + create_duration = (known after apply)
      + id              = (known after apply)
    }

  # module.core[2].module.security_rule[15].random_integer.sleep will be created
  + resource "random_integer" "sleep" {
      + id     = (known after apply)
      + max    = 5
      + min    = 0
      + result = (known after apply)
    }

  # module.core[2].module.security_rule[15].time_sleep.bar will be created
  + resource "time_sleep" "bar" {
      + create_duration = (known after apply)
      + id              = (known after apply)
    }

  # module.core[2].module.security_rule[16].random_integer.sleep will be created
  + resource "random_integer" "sleep" {
      + id     = (known after apply)
      + max    = 5
      + min    = 0
      + result = (known after apply)
    }

  # module.core[2].module.security_rule[16].time_sleep.bar will be created
  + resource "time_sleep" "bar" {
      + create_duration = (known after apply)
      + id              = (known after apply)
    }

  # module.core[2].module.security_rule[17].random_integer.sleep will be created
  + resource "random_integer" "sleep" {
      + id     = (known after apply)
      + max    = 5
      + min    = 0
      + result = (known after apply)
    }

  # module.core[2].module.security_rule[17].time_sleep.bar will be created
  + resource "time_sleep" "bar" {
      + create_duration = (known after apply)
      + id              = (known after apply)
    }

  # module.core[2].module.security_rule[18].random_integer.sleep will be created
  + resource "random_integer" "sleep" {
      + id     = (known after apply)
      + max    = 5
      + min    = 0
      + result = (known after apply)
    }

  # module.core[2].module.security_rule[18].time_sleep.bar will be created
  + resource "time_sleep" "bar" {
      + create_duration = (known after apply)
      + id              = (known after apply)
    }

  # module.core[2].module.security_rule[19].random_integer.sleep will be created
  + resource "random_integer" "sleep" {
      + id     = (known after apply)
      + max    = 5
      + min    = 0
      + result = (known after apply)
    }

  # module.core[2].module.security_rule[19].time_sleep.bar will be created
  + resource "time_sleep" "bar" {
      + create_duration = (known after apply)
      + id              = (known after apply)
    }

  # module.core[2].module.security_rule[20].random_integer.sleep will be created
  + resource "random_integer" "sleep" {
      + id     = (known after apply)
      + max    = 5
      + min    = 0
      + result = (known after apply)
    }

  # module.core[2].module.security_rule[20].time_sleep.bar will be created
  + resource "time_sleep" "bar" {
      + create_duration = (known after apply)
      + id              = (known after apply)
    }

  # module.core[2].module.security_rule[21].random_integer.sleep will be created
  + resource "random_integer" "sleep" {
      + id     = (known after apply)
      + max    = 5
      + min    = 0
      + result = (known after apply)
    }

  # module.core[2].module.security_rule[21].time_sleep.bar will be created
  + resource "time_sleep" "bar" {
      + create_duration = (known after apply)
      + id              = (known after apply)
    }

  # module.core[2].module.security_rule[22].random_integer.sleep will be created
  + resource "random_integer" "sleep" {
      + id     = (known after apply)
      + max    = 5
      + min    = 0
      + result = (known after apply)
    }

  # module.core[2].module.security_rule[22].time_sleep.bar will be created
  + resource "time_sleep" "bar" {
      + create_duration = (known after apply)
      + id              = (known after apply)
    }

  # module.core[2].module.security_rule[23].random_integer.sleep will be created
  + resource "random_integer" "sleep" {
      + id     = (known after apply)
      + max    = 5
      + min    = 0
      + result = (known after apply)
    }

  # module.core[2].module.security_rule[23].time_sleep.bar will be created
  + resource "time_sleep" "bar" {
      + create_duration = (known after apply)
      + id              = (known after apply)
    }

  # module.core[2].module.security_rule[24].random_integer.sleep will be created
  + resource "random_integer" "sleep" {
      + id     = (known after apply)
      + max    = 5
      + min    = 0
      + result = (known after apply)
    }

  # module.core[2].module.security_rule[24].time_sleep.bar will be created
  + resource "time_sleep" "bar" {
      + create_duration = (known after apply)
      + id              = (known after apply)
    }

  # module.core[2].module.security_rule[25].random_integer.sleep will be created
  + resource "random_integer" "sleep" {
      + id     = (known after apply)
      + max    = 5
      + min    = 0
      + result = (known after apply)
    }

  # module.core[2].module.security_rule[25].time_sleep.bar will be created
  + resource "time_sleep" "bar" {
      + create_duration = (known after apply)
      + id              = (known after apply)
    }

  # module.core[2].module.security_rule[26].random_integer.sleep will be created
  + resource "random_integer" "sleep" {
      + id     = (known after apply)
      + max    = 5
      + min    = 0
      + result = (known after apply)
    }

  # module.core[2].module.security_rule[26].time_sleep.bar will be created
  + resource "time_sleep" "bar" {
      + create_duration = (known after apply)
      + id              = (known after apply)
    }

  # module.core[2].module.security_rule[27].random_integer.sleep will be created
  + resource "random_integer" "sleep" {
      + id     = (known after apply)
      + max    = 5
      + min    = 0
      + result = (known after apply)
    }

  # module.core[2].module.security_rule[27].time_sleep.bar will be created
  + resource "time_sleep" "bar" {
      + create_duration = (known after apply)
      + id              = (known after apply)
    }

  # module.core[2].module.security_rule[28].random_integer.sleep will be created
  + resource "random_integer" "sleep" {
      + id     = (known after apply)
      + max    = 5
      + min    = 0
      + result = (known after apply)
    }

  # module.core[2].module.security_rule[28].time_sleep.bar will be created
  + resource "time_sleep" "bar" {
      + create_duration = (known after apply)
      + id              = (known after apply)
    }

  # module.core[2].module.security_rule[29].random_integer.sleep will be created
  + resource "random_integer" "sleep" {
      + id     = (known after apply)
      + max    = 5
      + min    = 0
      + result = (known after apply)
    }

  # module.core[2].module.security_rule[29].time_sleep.bar will be created
  + resource "time_sleep" "bar" {
      + create_duration = (known after apply)
      + id              = (known after apply)
    }

  # module.core[2].module.security_rule[30].random_integer.sleep will be created
  + resource "random_integer" "sleep" {
      + id     = (known after apply)
      + max    = 5
      + min    = 0
      + result = (known after apply)
    }

  # module.core[2].module.security_rule[30].time_sleep.bar will be created
  + resource "time_sleep" "bar" {
      + create_duration = (known after apply)
      + id              = (known after apply)
    }

  # module.core[2].module.security_rule[31].random_integer.sleep will be created
  + resource "random_integer" "sleep" {
      + id     = (known after apply)
      + max    = 5
      + min    = 0
      + result = (known after apply)
    }

  # module.core[2].module.security_rule[31].time_sleep.bar will be created
  + resource "time_sleep" "bar" {
      + create_duration = (known after apply)
      + id              = (known after apply)
    }

  # module.core[2].module.security_rule[32].random_integer.sleep will be created
  + resource "random_integer" "sleep" {
      + id     = (known after apply)
      + max    = 5
      + min    = 0
      + result = (known after apply)
    }

  # module.core[2].module.security_rule[32].time_sleep.bar will be created
  + resource "time_sleep" "bar" {
      + create_duration = (known after apply)
      + id              = (known after apply)
    }

  # module.core[2].module.security_rule[33].random_integer.sleep will be created
  + resource "random_integer" "sleep" {
      + id     = (known after apply)
      + max    = 5
      + min    = 0
      + result = (known after apply)
    }

  # module.core[2].module.security_rule[33].time_sleep.bar will be created
  + resource "time_sleep" "bar" {
      + create_duration = (known after apply)
      + id              = (known after apply)
    }

  # module.core[2].module.security_rule[34].random_integer.sleep will be created
  + resource "random_integer" "sleep" {
      + id     = (known after apply)
      + max    = 5
      + min    = 0
      + result = (known after apply)
    }

  # module.core[2].module.security_rule[34].time_sleep.bar will be created
  + resource "time_sleep" "bar" {
      + create_duration = (known after apply)
      + id              = (known after apply)
    }

Plan: 1510 to add, 0 to change, 0 to destroy.
module.applications[2].module.dbt[3].random_integer.sleep[0]: Creating...
module.core[2].module.role[10].random_integer.sleep: Creating...
module.applications[2].module.dbt[3].random_integer.sleep[0]: Creation complete after 0s [id=4]
module.applications[4].module.dbt[2].random_integer.sleep[0]: Creating...
module.applications[7].module.dbt[1].random_integer.sleep[1]: Creating...
module.applications[3].module.dbt[1].random_integer.sleep[0]: Creating...
module.applications[9].module.dbt[1].random_integer.sleep[0]: Creating...
module.applications[6].module.dbt[1].random_integer.sleep[1]: Creating...
module.applications[5].module.dbt[3].random_integer.sleep[1]: Creating...
module.applications[0].module.dbt[2].random_integer.sleep[0]: Creating...
module.applications[2].module.dbt[3].random_integer.sleep[1]: Creating...
module.applications[4].module.dbt[2].random_integer.sleep[0]: Creation complete after 0s [id=3]
module.core[2].module.role[10].random_integer.sleep: Creation complete after 0s [id=5]
module.applications[0].module.dbt[0].random_integer.sleep[1]: Creating...
module.applications[3].module.dbt[1].random_integer.sleep[0]: Creation complete after 0s [id=3]
module.applications[7].module.dbt[1].random_integer.sleep[1]: Creation complete after 0s [id=4]
module.applications[6].module.dbt[1].random_integer.sleep[1]: Creation complete after 0s [id=5]
module.applications[4].module.dbt[2].random_integer.sleep[1]: Creating...
module.applications[8].module.dbt[1].random_integer.sleep[1]: Creating...
module.applications[0].module.dbt[0].random_integer.sleep[1]: Creation complete after 0s [id=2]
module.applications[5].module.dbt[3].random_integer.sleep[1]: Creation complete after 0s [id=3]
module.applications[2].module.dbt[3].random_integer.sleep[1]: Creation complete after 0s [id=1]
module.applications[0].module.dbt[2].random_integer.sleep[0]: Creation complete after 0s [id=5]
module.applications[1].module.dbt[0].random_integer.sleep[1]: Creating...
module.applications[6].module.dbt[2].random_integer.sleep[0]: Creating...
module.applications[4].module.dbt[2].random_integer.sleep[1]: Creation complete after 0s [id=4]
module.applications[8].module.dbt[1].random_integer.sleep[1]: Creation complete after 0s [id=2]
module.applications[9].module.dbt[1].random_integer.sleep[0]: Creation complete after 0s [id=5]
module.core[2].module.role[7].random_integer.sleep: Creating...
module.applications[9].module.dbt[2].random_integer.sleep[0]: Creating...
module.applications[8].module.dbt[2].random_integer.sleep[1]: Creating...
module.core[1].module.security_rule[30].random_integer.sleep: Creating...
module.applications[2].module.dbt[2].random_integer.sleep[1]: Creating...
module.core[2].module.role[7].random_integer.sleep: Creation complete after 0s [id=2]
module.applications[4].module.dbt[0].random_integer.sleep[0]: Creating...
module.applications[9].module.dbt[2].random_integer.sleep[0]: Creation complete after 0s [id=5]
module.applications[5].module.dbt[4].random_integer.sleep[1]: Creating...
module.core[0].module.role[15].random_integer.sleep: Creating...
module.applications[1].module.dbt[0].random_integer.sleep[1]: Creation complete after 0s [id=5]
module.core[1].module.security_rule[30].random_integer.sleep: Creation complete after 0s [id=5]
module.applications[6].module.dbt[2].random_integer.sleep[0]: Creation complete after 0s [id=2]
module.applications[8].module.dbt[4].random_integer.sleep[0]: Creating...
module.applications[4].module.dbt[0].random_integer.sleep[0]: Creation complete after 0s [id=1]
module.core[2].module.security_rule[19].random_integer.sleep: Creating...
module.applications[2].module.dbt[2].random_integer.sleep[1]: Creation complete after 0s [id=4]
module.applications[8].module.dbt[2].random_integer.sleep[1]: Creation complete after 0s [id=5]
module.applications[5].module.airflow[2].random_integer.sleep: Creating...
module.applications[5].module.dbt[4].random_integer.sleep[1]: Creation complete after 0s [id=2]
module.applications[6].module.dbt[0].random_integer.sleep[0]: Creating...
module.applications[9].module.airflow[0].random_integer.sleep: Creating...
module.applications[0].module.dbt[3].random_integer.sleep[0]: Creating...
module.core[0].module.role[15].random_integer.sleep: Creation complete after 0s [id=1]
module.applications[8].module.dbt[4].random_integer.sleep[0]: Creation complete after 0s [id=5]
module.core[2].module.security_rule[19].random_integer.sleep: Creation complete after 0s [id=5]
module.applications[1].module.dbt[2].random_integer.sleep[0]: Creating...
module.core[1].module.security_rule[15].random_integer.sleep: Creating...
module.applications[7].module.dbt[2].random_integer.sleep[1]: Creating...
module.applications[5].module.airflow[2].random_integer.sleep: Creation complete after 0s [id=5]
module.applications[6].module.dbt[0].random_integer.sleep[0]: Creation complete after 0s [id=4]
module.applications[9].module.airflow[0].random_integer.sleep: Creation complete after 0s [id=1]
module.applications[7].module.airflow[7].random_integer.sleep: Creating...
module.applications[5].module.dbt[1].random_integer.sleep[1]: Creating...
module.core[1].module.security_rule[15].random_integer.sleep: Creation complete after 0s [id=4]
module.applications[0].module.dbt[3].random_integer.sleep[0]: Creation complete after 0s [id=1]
module.applications[1].module.dbt[2].random_integer.sleep[0]: Creation complete after 0s [id=5]
module.applications[5].module.dbt[1].random_integer.sleep[1]: Creation complete after 0s [id=2]
module.core[1].module.role[26].random_integer.sleep: Creating...
module.core[0].module.role[38].random_integer.sleep: Creating...
module.core[1].module.role[31].random_integer.sleep: Creating...
module.core[1].module.role[10].random_integer.sleep: Creating...
module.applications[7].module.dbt[2].random_integer.sleep[1]: Creation complete after 0s [id=4]
module.core[1].module.role[2].random_integer.sleep: Creating...
module.applications[7].module.airflow[7].random_integer.sleep: Creation complete after 0s [id=1]
module.core[0].module.role[24].random_integer.sleep: Creating...
module.core[1].module.role[26].random_integer.sleep: Creation complete after 0s [id=5]
module.core[0].module.role[38].random_integer.sleep: Creation complete after 0s [id=3]
module.core[1].module.role[31].random_integer.sleep: Creation complete after 0s [id=5]
module.core[1].module.role[10].random_integer.sleep: Creation complete after 0s [id=1]
module.applications[7].module.airflow[5].random_integer.sleep: Creating...
module.applications[7].module.airflow[1].random_integer.sleep: Creating...
module.core[0].module.role[45].random_integer.sleep: Creating...
module.applications[7].module.airflow[0].random_integer.sleep: Creating...
module.core[0].module.role[24].random_integer.sleep: Creation complete after 0s [id=1]
module.core[1].module.role[2].random_integer.sleep: Creation complete after 0s [id=3]
module.applications[2].module.airflow[0].random_integer.sleep: Creating...
module.core[0].module.role[42].random_integer.sleep: Creating...
module.applications[7].module.airflow[5].random_integer.sleep: Creation complete after 0s [id=4]
module.core[0].module.role[45].random_integer.sleep: Creation complete after 0s [id=3]
module.applications[6].module.airflow[5].random_integer.sleep: Creating...
module.applications[7].module.airflow[1].random_integer.sleep: Creation complete after 0s [id=2]
module.core[2].module.role[26].random_integer.sleep: Creating...
module.core[1].module.role[6].random_integer.sleep: Creating...
module.core[1].module.role[19].random_integer.sleep: Creating...
module.core[0].module.role[42].random_integer.sleep: Creation complete after 0s [id=3]
module.applications[2].module.airflow[0].random_integer.sleep: Creation complete after 0s [id=2]
module.applications[7].module.airflow[0].random_integer.sleep: Creation complete after 0s [id=1]
module.core[0].module.role[6].random_integer.sleep: Creating...
module.core[1].module.role[19].random_integer.sleep: Creation complete after 0s [id=2]
module.applications[9].module.dbt[0].random_integer.sleep[0]: Creating...
module.core[1].module.role[37].random_integer.sleep: Creating...
module.core[0].module.role[6].random_integer.sleep: Creation complete after 0s [id=3]
module.core[1].module.role[5].random_integer.sleep: Creating...
module.core[1].module.role[6].random_integer.sleep: Creation complete after 0s [id=5]
module.applications[6].module.airflow[5].random_integer.sleep: Creation complete after 0s [id=2]
module.core[2].module.role[26].random_integer.sleep: Creation complete after 0s [id=4]
module.core[1].module.role[48].random_integer.sleep: Creating...
module.applications[9].module.airflow[1].random_integer.sleep: Creating...
module.core[0].module.role[28].random_integer.sleep: Creating...
module.core[1].module.security_rule[33].random_integer.sleep: Creating...
module.applications[9].module.dbt[1].random_integer.sleep[1]: Creating...
module.applications[9].module.dbt[0].random_integer.sleep[0]: Creation complete after 0s [id=1]
module.applications[3].module.airflow[8].random_integer.sleep: Creating...
module.core[1].module.role[37].random_integer.sleep: Creation complete after 0s [id=5]
module.core[1].module.role[5].random_integer.sleep: Creation complete after 0s [id=2]
module.core[0].module.role[36].random_integer.sleep: Creating...
module.core[1].module.role[8].random_integer.sleep: Creating...
module.applications[3].module.airflow[8].random_integer.sleep: Creation complete after 0s [id=4]
module.applications[9].module.airflow[1].random_integer.sleep: Creation complete after 0s [id=4]
module.core[1].module.role[48].random_integer.sleep: Creation complete after 0s [id=5]
module.applications[6].module.airflow[9].random_integer.sleep: Creating...
module.applications[9].module.dbt[1].random_integer.sleep[1]: Creation complete after 0s [id=3]
module.applications[1].module.airflow[4].random_integer.sleep: Creating...
module.core[1].module.role[1].random_integer.sleep: Creating...
module.applications[0].module.airflow[2].random_integer.sleep: Creating...
module.core[0].module.role[28].random_integer.sleep: Creation complete after 0s [id=2]
module.core[1].module.role[1].random_integer.sleep: Creation complete after 0s [id=4]
module.core[1].module.security_rule[33].random_integer.sleep: Creation complete after 0s [id=5]
module.core[2].module.role[36].random_integer.sleep: Creating...
module.core[2].module.role[32].random_integer.sleep: Creating...
module.applications[6].module.airflow[9].random_integer.sleep: Creation complete after 0s [id=4]
module.core[1].module.role[8].random_integer.sleep: Creation complete after 0s [id=4]
module.applications[1].module.airflow[4].random_integer.sleep: Creation complete after 0s [id=3]
module.core[0].module.role[36].random_integer.sleep: Creation complete after 0s [id=3]
module.applications[0].module.airflow[2].random_integer.sleep: Creation complete after 0s [id=5]
module.core[2].module.role[36].random_integer.sleep: Creation complete after 0s [id=5]
module.core[1].module.role[25].random_integer.sleep: Creating...
module.core[2].module.role[9].random_integer.sleep: Creating...
module.applications[2].module.dbt[1].random_integer.sleep[1]: Creating...
module.applications[5].module.dbt[0].random_integer.sleep[0]: Creating...
module.core[2].module.role[32].random_integer.sleep: Creation complete after 0s [id=2]
module.core[2].module.role[12].random_integer.sleep: Creating...
module.applications[8].module.airflow[3].random_integer.sleep: Creating...
module.core[1].module.role[25].random_integer.sleep: Creation complete after 0s [id=4]
module.core[2].module.role[9].random_integer.sleep: Creation complete after 0s [id=3]
module.core[0].module.role[40].random_integer.sleep: Creating...
module.core[2].module.role[22].random_integer.sleep: Creating...
module.applications[8].module.dbt[0].random_integer.sleep[1]: Creating...
module.applications[5].module.dbt[0].random_integer.sleep[0]: Creation complete after 0s [id=5]
module.core[2].module.role[12].random_integer.sleep: Creation complete after 0s [id=3]
module.core[2].module.role[3].random_integer.sleep: Creating...
module.applications[2].module.dbt[1].random_integer.sleep[1]: Creation complete after 0s [id=3]
module.applications[1].module.dbt[4].random_integer.sleep[0]: Creating...
module.core[2].module.role[6].random_integer.sleep: Creating...
module.applications[1].module.dbt[4].random_integer.sleep[1]: Creating...
module.core[0].module.role[40].random_integer.sleep: Creation complete after 0s [id=3]
module.applications[8].module.airflow[3].random_integer.sleep: Creation complete after 0s [id=4]
module.applications[8].module.dbt[0].random_integer.sleep[1]: Creation complete after 0s [id=1]
module.core[2].module.role[22].random_integer.sleep: Creation complete after 0s [id=4]
module.core[0].module.role[31].random_integer.sleep: Creating...
module.applications[1].module.airflow[2].random_integer.sleep: Creating...
module.core[0].module.role[10].random_integer.sleep: Creating...
module.core[2].module.role[1].random_integer.sleep: Creating...
module.applications[1].module.dbt[4].random_integer.sleep[0]: Creation complete after 0s [id=4]
module.core[2].module.role[6].random_integer.sleep: Creation complete after 0s [id=3]
module.core[2].module.role[3].random_integer.sleep: Creation complete after 0s [id=3]
module.core[1].module.role[29].random_integer.sleep: Creating...
module.core[0].module.role[31].random_integer.sleep: Creation complete after 0s [id=4]
module.core[2].module.role[29].random_integer.sleep: Creating...
module.applications[2].module.dbt[2].random_integer.sleep[0]: Creating...
module.applications[1].module.airflow[2].random_integer.sleep: Creation complete after 0s [id=1]
module.core[0].module.role[10].random_integer.sleep: Creation complete after 0s [id=2]
module.core[2].module.role[1].random_integer.sleep: Creation complete after 0s [id=4]
module.applications[1].module.dbt[4].random_integer.sleep[1]: Creation complete after 0s [id=1]
module.applications[1].module.airflow[1].random_integer.sleep: Creating...
module.core[2].module.role[17].random_integer.sleep: Creating...
module.applications[2].module.dbt[2].random_integer.sleep[0]: Creation complete after 0s [id=2]
module.applications[2].module.airflow[4].random_integer.sleep: Creating...
module.core[0].module.role[18].random_integer.sleep: Creating...
module.core[2].module.role[29].random_integer.sleep: Creation complete after 0s [id=5]
module.applications[6].module.dbt[4].random_integer.sleep[0]: Creating...
module.core[1].module.role[29].random_integer.sleep: Creation complete after 0s [id=4]
module.core[0].module.role[8].random_integer.sleep: Creating...
module.core[1].module.role[34].random_integer.sleep: Creating...
module.applications[1].module.airflow[1].random_integer.sleep: Creation complete after 0s [id=5]
module.core[0].module.role[18].random_integer.sleep: Creation complete after 0s [id=5]
module.core[2].module.role[17].random_integer.sleep: Creation complete after 0s [id=5]
module.applications[6].module.dbt[4].random_integer.sleep[0]: Creation complete after 0s [id=3]
module.applications[2].module.airflow[4].random_integer.sleep: Creation complete after 0s [id=1]
module.applications[5].module.airflow[8].random_integer.sleep: Creating...
module.core[2].module.role[25].random_integer.sleep: Creating...
module.core[1].module.role[34].random_integer.sleep: Creation complete after 0s [id=3]
module.core[0].module.role[47].random_integer.sleep: Creating...
module.core[1].module.role[36].random_integer.sleep: Creating...
module.core[1].module.role[15].random_integer.sleep: Creating...
module.core[0].module.role[8].random_integer.sleep: Creation complete after 0s [id=1]
module.applications[2].module.airflow[1].random_integer.sleep: Creating...
module.core[0].module.role[49].random_integer.sleep: Creating...
module.applications[5].module.airflow[8].random_integer.sleep: Creation complete after 0s [id=4]
module.core[2].module.role[25].random_integer.sleep: Creation complete after 0s [id=5]
module.core[0].module.role[47].random_integer.sleep: Creation complete after 0s [id=3]
module.core[0].module.security_rule[8].random_integer.sleep: Creating...
module.core[1].module.role[15].random_integer.sleep: Creation complete after 0s [id=5]
module.core[1].module.role[36].random_integer.sleep: Creation complete after 0s [id=5]
module.core[2].module.role[42].random_integer.sleep: Creating...
module.core[1].module.role[46].random_integer.sleep: Creating...
module.applications[2].module.airflow[1].random_integer.sleep: Creation complete after 0s [id=1]
module.core[1].module.role[28].random_integer.sleep: Creating...
module.core[2].module.role[4].random_integer.sleep: Creating...
module.core[0].module.role[27].random_integer.sleep: Creating...
module.core[0].module.role[27].random_integer.sleep: Creation complete after 0s [id=5]
module.core[0].module.role[49].random_integer.sleep: Creation complete after 0s [id=3]
module.core[0].module.security_rule[8].random_integer.sleep: Creation complete after 0s [id=2]
module.applications[0].module.airflow[8].random_integer.sleep: Creating...
module.core[2].module.role[40].random_integer.sleep: Creating...
module.core[2].module.role[4].random_integer.sleep: Creation complete after 0s [id=2]
module.core[1].module.role[28].random_integer.sleep: Creation complete after 0s [id=2]
module.core[2].module.role[42].random_integer.sleep: Creation complete after 0s [id=3]
module.applications[2].module.airflow[9].random_integer.sleep: Creating...
module.core[2].module.role[13].random_integer.sleep: Creating...
module.core[1].module.role[46].random_integer.sleep: Creation complete after 0s [id=4]
module.core[0].module.role[25].random_integer.sleep: Creating...
module.core[0].module.role[41].random_integer.sleep: Creating...
module.core[1].module.role[17].random_integer.sleep: Creating...
module.core[2].module.role[40].random_integer.sleep: Creation complete after 0s [id=5]
module.applications[0].module.airflow[8].random_integer.sleep: Creation complete after 0s [id=5]
module.applications[2].module.airflow[9].random_integer.sleep: Creation complete after 0s [id=2]
module.core[2].module.role[13].random_integer.sleep: Creation complete after 0s [id=4]
module.core[1].module.security_rule[18].random_integer.sleep: Creating...
module.core[0].module.security_rule[32].random_integer.sleep: Creating...
module.core[1].module.role[45].random_integer.sleep: Creating...
module.core[0].module.role[1].random_integer.sleep: Creating...
module.core[0].module.role[25].random_integer.sleep: Creation complete after 0s [id=2]
module.core[0].module.role[41].random_integer.sleep: Creation complete after 0s [id=3]
module.core[2].module.security_rule[30].random_integer.sleep: Creating...
module.core[2].module.role[18].random_integer.sleep: Creating...
module.core[2].module.role[18].random_integer.sleep: Creation complete after 0s [id=1]
module.core[1].module.role[17].random_integer.sleep: Creation complete after 0s [id=3]
module.core[1].module.security_rule[18].random_integer.sleep: Creation complete after 0s [id=5]
module.core[0].module.security_rule[32].random_integer.sleep: Creation complete after 0s [id=3]
module.applications[2].module.airflow[2].random_integer.sleep: Creating...
module.core[1].module.security_rule[7].random_integer.sleep: Creating...
module.applications[0].module.airflow[4].random_integer.sleep: Creating...
module.core[1].module.role[9].random_integer.sleep: Creating...
module.core[1].module.role[45].random_integer.sleep: Creation complete after 0s [id=4]
module.core[0].module.role[1].random_integer.sleep: Creation complete after 0s [id=1]
module.core[2].module.security_rule[30].random_integer.sleep: Creation complete after 0s [id=2]
module.core[1].module.security_rule[29].random_integer.sleep: Creating...
module.core[1].module.role[18].random_integer.sleep: Creating...
module.applications[4].module.airflow[2].random_integer.sleep: Creating...
module.core[1].module.security_rule[5].random_integer.sleep: Creating...
module.core[1].module.security_rule[7].random_integer.sleep: Creation complete after 0s [id=0]
module.applications[2].module.airflow[2].random_integer.sleep: Creation complete after 0s [id=1]
module.applications[4].module.airflow[2].random_integer.sleep: Creation complete after 0s [id=1]
module.applications[0].module.airflow[4].random_integer.sleep: Creation complete after 0s [id=5]
module.core[1].module.role[9].random_integer.sleep: Creation complete after 0s [id=1]
module.core[2].module.security_rule[10].random_integer.sleep: Creating...
module.applications[5].module.airflow[1].random_integer.sleep: Creating...
module.core[2].module.role[5].random_integer.sleep: Creating...
module.core[1].module.security_rule[34].random_integer.sleep: Creating...
module.core[1].module.security_rule[29].random_integer.sleep: Creation complete after 0s [id=0]
module.core[1].module.role[20].random_integer.sleep: Creating...
module.core[1].module.role[18].random_integer.sleep: Creation complete after 0s [id=4]
module.core[1].module.security_rule[5].random_integer.sleep: Creation complete after 0s [id=1]
module.core[2].module.security_rule[33].random_integer.sleep: Creating...
module.core[0].module.role[2].random_integer.sleep: Creating...
module.core[2].module.role[5].random_integer.sleep: Creation complete after 0s [id=4]
module.core[2].module.security_rule[10].random_integer.sleep: Creation complete after 0s [id=5]
module.applications[5].module.airflow[1].random_integer.sleep: Creation complete after 0s [id=5]
module.core[1].module.security_rule[34].random_integer.sleep: Creation complete after 0s [id=0]
module.core[2].module.security_rule[5].random_integer.sleep: Creating...
module.applications[9].module.airflow[2].random_integer.sleep: Creating...
module.core[2].module.role[23].random_integer.sleep: Creating...
module.core[1].module.security_rule[14].random_integer.sleep: Creating...
module.core[0].module.role[20].random_integer.sleep: Creating...
module.core[0].module.role[2].random_integer.sleep: Creation complete after 0s [id=2]
module.core[2].module.security_rule[33].random_integer.sleep: Creation complete after 0s [id=1]
module.applications[6].module.airflow[2].random_integer.sleep: Creating...
module.core[2].module.security_rule[5].random_integer.sleep: Creation complete after 0s [id=4]
module.applications[4].module.dbt[1].random_integer.sleep[0]: Creating...
module.core[1].module.role[20].random_integer.sleep: Creation complete after 0s [id=5]
module.applications[4].module.dbt[1].random_integer.sleep[0]: Creation complete after 0s [id=4]
module.core[2].module.security_rule[25].random_integer.sleep: Creating...
module.core[0].module.security_rule[9].random_integer.sleep: Creating...
module.core[2].module.role[23].random_integer.sleep: Creation complete after 0s [id=5]
module.core[0].module.role[20].random_integer.sleep: Creation complete after 0s [id=5]
module.core[1].module.role[3].random_integer.sleep: Creating...
module.core[1].module.security_rule[14].random_integer.sleep: Creation complete after 0s [id=2]
module.applications[6].module.airflow[2].random_integer.sleep: Creation complete after 0s [id=3]
module.core[0].module.security_rule[6].random_integer.sleep: Creating...
module.core[0].module.role[32].random_integer.sleep: Creating...
module.applications[9].module.airflow[2].random_integer.sleep: Creation complete after 0s [id=5]
module.applications[3].module.dbt[3].random_integer.sleep[1]: Creating...
module.applications[6].module.dbt[3].random_integer.sleep[0]: Creating...
module.core[2].module.security_rule[25].random_integer.sleep: Creation complete after 0s [id=3]
module.core[1].module.role[3].random_integer.sleep: Creation complete after 0s [id=1]
module.core[0].module.security_rule[6].random_integer.sleep: Creation complete after 0s [id=3]
module.core[0].module.security_rule[9].random_integer.sleep: Creation complete after 0s [id=4]
module.applications[2].module.airflow[7].random_integer.sleep: Creating...
module.applications[1].module.airflow[6].random_integer.sleep: Creating...
module.core[2].module.security_rule[26].random_integer.sleep: Creating...
module.core[2].module.security_rule[8].random_integer.sleep: Creating...
module.core[0].module.role[32].random_integer.sleep: Creation complete after 0s [id=2]
module.applications[3].module.dbt[3].random_integer.sleep[1]: Creation complete after 0s [id=1]
module.core[1].module.security_rule[24].random_integer.sleep: Creating...
module.core[2].module.security_rule[16].random_integer.sleep: Creating...
module.applications[1].module.airflow[6].random_integer.sleep: Creation complete after 0s [id=4]
module.core[2].module.security_rule[8].random_integer.sleep: Creation complete after 0s [id=4]
module.core[2].module.security_rule[26].random_integer.sleep: Creation complete after 0s [id=2]
module.applications[2].module.airflow[7].random_integer.sleep: Creation complete after 0s [id=2]
module.applications[6].module.dbt[3].random_integer.sleep[0]: Creation complete after 0s [id=2]
module.core[0].module.security_rule[21].random_integer.sleep: Creating...
module.core[0].module.security_rule[16].random_integer.sleep: Creating...
module.core[1].module.security_rule[0].random_integer.sleep: Creating...
module.applications[1].module.dbt[3].random_integer.sleep[1]: Creating...
module.core[1].module.security_rule[25].random_integer.sleep: Creating...
module.core[1].module.security_rule[24].random_integer.sleep: Creation complete after 0s [id=1]
module.core[2].module.security_rule[16].random_integer.sleep: Creation complete after 0s [id=1]
module.core[1].module.security_rule[21].random_integer.sleep: Creating...
module.core[0].module.security_rule[16].random_integer.sleep: Creation complete after 0s [id=5]
module.core[0].module.security_rule[21].random_integer.sleep: Creation complete after 0s [id=1]
module.core[1].module.security_rule[0].random_integer.sleep: Creation complete after 0s [id=3]
module.core[2].module.security_rule[0].random_integer.sleep: Creating...
module.core[0].module.security_rule[33].random_integer.sleep: Creating...
module.core[1].module.security_rule[25].random_integer.sleep: Creation complete after 0s [id=3]
module.core[0].module.role[23].random_integer.sleep: Creating...
module.core[2].module.security_rule[7].random_integer.sleep: Creating...
module.applications[4].module.dbt[3].random_integer.sleep[0]: Creating...
module.applications[8].module.airflow[5].random_integer.sleep: Creating...
module.applications[1].module.dbt[3].random_integer.sleep[1]: Creation complete after 0s [id=3]
module.core[0].module.security_rule[4].random_integer.sleep: Creating...
module.core[2].module.security_rule[0].random_integer.sleep: Creation complete after 0s [id=2]
module.core[2].module.security_rule[14].random_integer.sleep: Creating...
module.core[1].module.security_rule[21].random_integer.sleep: Creation complete after 0s [id=0]
module.core[0].module.security_rule[33].random_integer.sleep: Creation complete after 0s [id=2]
module.core[2].module.security_rule[7].random_integer.sleep: Creation complete after 0s [id=1]
module.applications[4].module.dbt[3].random_integer.sleep[0]: Creation complete after 0s [id=5]
module.core[0].module.role[23].random_integer.sleep: Creation complete after 0s [id=5]
module.applications[8].module.airflow[5].random_integer.sleep: Creation complete after 0s [id=2]
module.core[0].module.security_rule[29].random_integer.sleep: Creating...
module.core[2].module.security_rule[29].random_integer.sleep: Creating...
module.applications[8].module.airflow[6].random_integer.sleep: Creating...
module.applications[1].module.dbt[1].random_integer.sleep[0]: Creating...
module.core[0].module.role[33].random_integer.sleep: Creating...
module.core[0].module.security_rule[4].random_integer.sleep: Creation complete after 1s [id=2]
module.core[2].module.security_rule[14].random_integer.sleep: Creation complete after 1s [id=2]
module.core[1].module.security_rule[10].random_integer.sleep: Creating...
module.core[0].module.security_rule[29].random_integer.sleep: Creation complete after 1s [id=3]
module.core[1].module.security_rule[9].random_integer.sleep: Creating...
module.applications[0].module.dbt[0].random_integer.sleep[0]: Creating...
module.applications[0].module.airflow[1].random_integer.sleep: Creating...
module.core[2].module.security_rule[9].random_integer.sleep: Creating...
module.applications[1].module.dbt[1].random_integer.sleep[0]: Creation complete after 1s [id=5]
module.core[0].module.role[33].random_integer.sleep: Creation complete after 0s [id=5]
module.applications[8].module.airflow[6].random_integer.sleep: Creation complete after 1s [id=1]
module.applications[0].module.dbt[0].random_integer.sleep[0]: Creation complete after 0s [id=2]
module.core[1].module.security_rule[16].random_integer.sleep: Creating...
module.core[1].module.security_rule[9].random_integer.sleep: Creation complete after 0s [id=3]
module.core[2].module.security_rule[29].random_integer.sleep: Creation complete after 1s [id=2]
module.applications[3].module.dbt[3].random_integer.sleep[0]: Creating...
module.core[0].module.security_rule[13].random_integer.sleep: Creating...
module.core[1].module.security_rule[10].random_integer.sleep: Creation complete after 0s [id=3]
module.core[1].module.security_rule[17].random_integer.sleep: Creating...
module.core[0].module.security_rule[26].random_integer.sleep: Creating...
module.core[0].module.security_rule[15].random_integer.sleep: Creating...
module.core[1].module.security_rule[16].random_integer.sleep: Creation complete after 0s [id=4]
module.applications[0].module.airflow[1].random_integer.sleep: Creation complete after 0s [id=4]
module.core[0].module.security_rule[13].random_integer.sleep: Creation complete after 0s [id=2]
module.applications[3].module.dbt[3].random_integer.sleep[0]: Creation complete after 0s [id=5]
module.core[2].module.security_rule[9].random_integer.sleep: Creation complete after 0s [id=5]
module.core[0].module.security_rule[15].random_integer.sleep: Creation complete after 0s [id=4]
module.core[2].module.security_rule[21].random_integer.sleep: Creating...
module.core[1].module.security_rule[20].random_integer.sleep: Creating...
module.applications[5].module.dbt[3].random_integer.sleep[0]: Creating...
module.core[0].module.security_rule[19].random_integer.sleep: Creating...
module.core[1].module.security_rule[17].random_integer.sleep: Creation complete after 0s [id=5]
module.core[0].module.security_rule[26].random_integer.sleep: Creation complete after 0s [id=4]
module.core[2].module.security_rule[18].random_integer.sleep: Creating...
module.core[1].module.security_rule[20].random_integer.sleep: Creation complete after 0s [id=2]
module.core[2].module.security_rule[23].random_integer.sleep: Creating...
module.core[0].module.security_rule[23].random_integer.sleep: Creating...
module.core[0].module.role[30].random_integer.sleep: Creating...
module.core[2].module.security_rule[18].random_integer.sleep: Creation complete after 0s [id=0]
module.core[2].module.security_rule[21].random_integer.sleep: Creation complete after 0s [id=0]
module.core[0].module.security_rule[19].random_integer.sleep: Creation complete after 0s [id=5]
module.applications[5].module.dbt[3].random_integer.sleep[0]: Creation complete after 0s [id=1]
module.applications[6].module.dbt[0].random_integer.sleep[1]: Creating...
module.core[2].module.security_rule[23].random_integer.sleep: Creation complete after 0s [id=1]
module.core[2].module.role[15].random_integer.sleep: Creating...
module.core[0].module.role[30].random_integer.sleep: Creation complete after 0s [id=3]
module.core[0].module.security_rule[23].random_integer.sleep: Creation complete after 0s [id=5]
module.core[1].module.security_rule[12].random_integer.sleep: Creating...
module.core[1].module.security_rule[1].random_integer.sleep: Creating...
module.core[2].module.role[0].random_integer.sleep: Creating...
module.applications[0].module.dbt[2].random_integer.sleep[1]: Creating...
module.applications[2].module.dbt[0].random_integer.sleep[0]: Creating...
module.core[1].module.security_rule[12].random_integer.sleep: Creation complete after 0s [id=0]
module.core[2].module.role[15].random_integer.sleep: Creation complete after 0s [id=2]
module.applications[6].module.dbt[0].random_integer.sleep[1]: Creation complete after 0s [id=1]
module.applications[4].module.airflow[8].random_integer.sleep: Creating...
module.core[0].module.role[21].random_integer.sleep: Creating...
module.core[1].module.security_rule[1].random_integer.sleep: Creation complete after 0s [id=5]
module.core[2].module.security_rule[22].random_integer.sleep: Creating...
module.applications[0].module.dbt[2].random_integer.sleep[1]: Creation complete after 0s [id=3]
module.core[2].module.role[0].random_integer.sleep: Creation complete after 0s [id=4]
module.applications[2].module.dbt[0].random_integer.sleep[0]: Creation complete after 0s [id=4]
module.core[1].module.role[49].random_integer.sleep: Creating...
module.core[2].module.security_rule[28].random_integer.sleep: Creating...
module.core[0].module.role[5].random_integer.sleep: Creating...
module.applications[3].module.dbt[0].random_integer.sleep[0]: Creating...
module.core[0].module.role[21].random_integer.sleep: Creation complete after 0s [id=5]
module.applications[4].module.airflow[8].random_integer.sleep: Creation complete after 0s [id=5]
module.core[2].module.security_rule[22].random_integer.sleep: Creation complete after 0s [id=4]
module.core[1].module.role[49].random_integer.sleep: Creation complete after 0s [id=5]
module.core[1].module.security_rule[27].random_integer.sleep: Creating...
module.core[0].module.role[11].random_integer.sleep: Creating...
module.applications[2].module.dbt[1].random_integer.sleep[0]: Creating...
module.core[0].module.role[5].random_integer.sleep: Creation complete after 0s [id=1]
module.applications[3].module.dbt[0].random_integer.sleep[0]: Creation complete after 0s [id=3]
module.core[2].module.security_rule[28].random_integer.sleep: Creation complete after 0s [id=2]
module.core[0].module.security_rule[18].random_integer.sleep: Creating...
module.core[1].module.security_rule[27].random_integer.sleep: Creation complete after 0s [id=1]
module.applications[0].module.airflow[5].random_integer.sleep: Creating...
module.applications[9].module.airflow[7].random_integer.sleep: Creating...
module.applications[9].module.airflow[4].random_integer.sleep: Creating...
module.applications[2].module.dbt[0].random_integer.sleep[1]: Creating...
module.core[0].module.role[11].random_integer.sleep: Creation complete after 0s [id=5]
module.applications[2].module.dbt[1].random_integer.sleep[0]: Creation complete after 0s [id=5]
module.core[0].module.security_rule[18].random_integer.sleep: Creation complete after 0s [id=2]
module.core[1].module.security_rule[22].random_integer.sleep: Creating...
module.core[2].module.role[43].random_integer.sleep: Creating...
module.applications[5].module.dbt[2].random_integer.sleep[1]: Creating...
module.applications[3].module.dbt[2].random_integer.sleep[1]: Creating...
module.applications[9].module.airflow[4].random_integer.sleep: Creation complete after 0s [id=2]
module.applications[0].module.airflow[5].random_integer.sleep: Creation complete after 0s [id=4]
module.core[2].module.role[43].random_integer.sleep: Creation complete after 0s [id=3]
module.applications[9].module.airflow[7].random_integer.sleep: Creation complete after 0s [id=5]
module.applications[2].module.dbt[0].random_integer.sleep[1]: Creation complete after 0s [id=1]
module.core[0].module.security_rule[0].random_integer.sleep: Creating...
module.applications[5].module.dbt[2].random_integer.sleep[1]: Creation complete after 0s [id=2]
module.applications[4].module.airflow[0].random_integer.sleep: Creating...
module.applications[3].module.dbt[2].random_integer.sleep[1]: Creation complete after 0s [id=3]
module.applications[6].module.airflow[7].random_integer.sleep: Creating...
module.core[0].module.security_rule[31].random_integer.sleep: Creating...
module.applications[1].module.airflow[9].random_integer.sleep: Creating...
module.core[1].module.security_rule[22].random_integer.sleep: Creation complete after 0s [id=1]
module.core[0].module.security_rule[34].random_integer.sleep: Creating...
module.core[0].module.security_rule[0].random_integer.sleep: Creation complete after 0s [id=0]
module.core[0].module.security_rule[31].random_integer.sleep: Creation complete after 0s [id=4]
module.applications[6].module.airflow[7].random_integer.sleep: Creation complete after 0s [id=1]
module.applications[1].module.airflow[9].random_integer.sleep: Creation complete after 0s [id=1]
module.applications[4].module.airflow[0].random_integer.sleep: Creation complete after 0s [id=3]
module.core[1].module.role[41].random_integer.sleep: Creating...
module.core[0].module.role[9].random_integer.sleep: Creating...
module.core[2].module.role[47].random_integer.sleep: Creating...
module.core[0].module.role[9].random_integer.sleep: Creation complete after 0s [id=2]
module.applications[4].module.airflow[9].random_integer.sleep: Creating...
module.applications[7].module.dbt[0].random_integer.sleep[1]: Creating...
module.core[2].module.role[44].random_integer.sleep: Creating...
module.applications[1].module.dbt[1].random_integer.sleep[1]: Creating...
module.core[0].module.security_rule[34].random_integer.sleep: Creation complete after 0s [id=4]
module.applications[8].module.dbt[1].random_integer.sleep[0]: Creating...
module.core[0].module.security_rule[30].random_integer.sleep: Creating...
module.core[2].module.role[44].random_integer.sleep: Creation complete after 0s [id=4]
module.core[2].module.role[47].random_integer.sleep: Creation complete after 0s [id=3]
module.core[1].module.role[41].random_integer.sleep: Creation complete after 0s [id=3]
module.applications[1].module.dbt[1].random_integer.sleep[1]: Creation complete after 0s [id=3]
module.applications[4].module.airflow[9].random_integer.sleep: Creation complete after 0s [id=5]
module.applications[7].module.dbt[0].random_integer.sleep[1]: Creation complete after 0s [id=2]
module.applications[3].module.airflow[6].random_integer.sleep: Creating...
module.core[0].module.role[46].random_integer.sleep: Creating...
module.core[0].module.security_rule[30].random_integer.sleep: Creation complete after 0s [id=5]
module.core[2].module.role[2].random_integer.sleep: Creating...
module.applications[8].module.dbt[1].random_integer.sleep[0]: Creation complete after 0s [id=1]
module.applications[1].module.airflow[0].random_integer.sleep: Creating...
module.core[1].module.role[13].random_integer.sleep: Creating...
module.core[1].module.security_rule[6].random_integer.sleep: Creating...
module.core[1].module.role[23].random_integer.sleep: Creating...
module.core[1].module.role[4].random_integer.sleep: Creating...
module.applications[3].module.airflow[6].random_integer.sleep: Creation complete after 0s [id=4]
module.core[0].module.role[46].random_integer.sleep: Creation complete after 0s [id=2]
module.core[2].module.role[2].random_integer.sleep: Creation complete after 0s [id=1]
module.core[2].module.role[49].random_integer.sleep: Creating...
module.core[0].module.security_rule[28].random_integer.sleep: Creating...
module.core[1].module.security_rule[6].random_integer.sleep: Creation complete after 0s [id=0]
module.core[1].module.role[4].random_integer.sleep: Creation complete after 0s [id=2]
module.core[1].module.role[13].random_integer.sleep: Creation complete after 0s [id=3]
module.applications[1].module.airflow[0].random_integer.sleep: Creation complete after 0s [id=1]
module.core[2].module.role[34].random_integer.sleep: Creating...
module.applications[1].module.airflow[3].random_integer.sleep: Creating...
module.core[1].module.role[23].random_integer.sleep: Creation complete after 0s [id=5]
module.core[0].module.role[48].random_integer.sleep: Creating...
module.core[2].module.security_rule[31].random_integer.sleep: Creating...
module.core[0].module.security_rule[5].random_integer.sleep: Creating...
module.applications[4].module.airflow[6].random_integer.sleep: Creating...
module.core[2].module.role[49].random_integer.sleep: Creation complete after 0s [id=2]
module.core[0].module.security_rule[28].random_integer.sleep: Creation complete after 0s [id=3]
module.applications[1].module.airflow[3].random_integer.sleep: Creation complete after 0s [id=4]
module.core[2].module.role[34].random_integer.sleep: Creation complete after 0s [id=5]
module.applications[3].module.airflow[0].random_integer.sleep: Creating...
module.core[1].module.security_rule[4].random_integer.sleep: Creating...
module.core[1].module.security_rule[19].random_integer.sleep: Creating...
module.core[0].module.role[48].random_integer.sleep: Creation complete after 0s [id=2]
module.applications[8].module.dbt[3].random_integer.sleep[1]: Creating...
module.core[0].module.security_rule[5].random_integer.sleep: Creation complete after 0s [id=1]
module.core[2].module.security_rule[31].random_integer.sleep: Creation complete after 0s [id=0]
module.applications[4].module.airflow[6].random_integer.sleep: Creation complete after 0s [id=2]
module.applications[5].module.dbt[4].random_integer.sleep[0]: Creating...
module.applications[6].module.airflow[4].random_integer.sleep: Creating...
module.core[1].module.security_rule[3].random_integer.sleep: Creating...
module.applications[3].module.airflow[0].random_integer.sleep: Creation complete after 0s [id=2]
module.core[1].module.security_rule[19].random_integer.sleep: Creation complete after 0s [id=2]
module.applications[8].module.dbt[3].random_integer.sleep[1]: Creation complete after 0s [id=2]
module.core[1].module.security_rule[4].random_integer.sleep: Creation complete after 0s [id=3]
module.core[1].module.role[42].random_integer.sleep: Creating...
module.core[0].module.role[29].random_integer.sleep: Creating...
module.core[1].module.security_rule[3].random_integer.sleep: Creation complete after 0s [id=3]
module.core[2].module.security_rule[17].random_integer.sleep: Creating...
module.applications[3].module.dbt[1].random_integer.sleep[1]: Creating...
module.applications[1].module.dbt[3].random_integer.sleep[0]: Creating...
module.applications[6].module.airflow[4].random_integer.sleep: Creation complete after 1s [id=1]
module.applications[5].module.dbt[4].random_integer.sleep[0]: Creation complete after 1s [id=2]
module.core[2].module.security_rule[2].random_integer.sleep: Creating...
module.applications[9].module.airflow[5].random_integer.sleep: Creating...
module.applications[0].module.dbt[4].random_integer.sleep[0]: Creating...
module.applications[1].module.dbt[3].random_integer.sleep[0]: Creation complete after 0s [id=4]
module.core[2].module.security_rule[17].random_integer.sleep: Creation complete after 0s [id=4]
module.core[0].module.role[29].random_integer.sleep: Creation complete after 1s [id=2]
module.applications[3].module.dbt[1].random_integer.sleep[1]: Creation complete after 0s [id=4]
module.core[1].module.role[42].random_integer.sleep: Creation complete after 1s [id=3]
module.applications[0].module.airflow[7].random_integer.sleep: Creating...
module.core[0].module.security_rule[27].random_integer.sleep: Creating...
module.core[2].module.role[33].random_integer.sleep: Creating...
module.applications[8].module.dbt[2].random_integer.sleep[0]: Creating...
module.core[2].module.security_rule[2].random_integer.sleep: Creation complete after 0s [id=2]
module.applications[0].module.airflow[7].random_integer.sleep: Creation complete after 0s [id=3]
module.core[0].module.role[12].random_integer.sleep: Creating...
module.applications[9].module.airflow[5].random_integer.sleep: Creation complete after 0s [id=3]
module.core[2].module.security_rule[20].random_integer.sleep: Creating...
module.core[1].module.security_rule[2].random_integer.sleep: Creating...
module.applications[0].module.dbt[4].random_integer.sleep[0]: Creation complete after 0s [id=4]
module.applications[8].module.dbt[4].random_integer.sleep[1]: Creating...
module.core[2].module.role[33].random_integer.sleep: Creation complete after 0s [id=2]
module.core[0].module.security_rule[27].random_integer.sleep: Creation complete after 0s [id=4]
module.applications[8].module.dbt[2].random_integer.sleep[0]: Creation complete after 0s [id=1]
module.applications[1].module.dbt[2].random_integer.sleep[1]: Creating...
module.applications[7].module.dbt[4].random_integer.sleep[1]: Creating...
module.core[0].module.role[12].random_integer.sleep: Creation complete after 0s [id=5]
module.core[2].module.security_rule[20].random_integer.sleep: Creation complete after 0s [id=2]
module.core[1].module.security_rule[2].random_integer.sleep: Creation complete after 0s [id=5]
module.applications[8].module.dbt[4].random_integer.sleep[1]: Creation complete after 0s [id=2]
module.applications[3].module.dbt[4].random_integer.sleep[0]: Creating...
module.applications[8].module.airflow[2].random_integer.sleep: Creating...
module.applications[7].module.airflow[2].random_integer.sleep: Creating...
module.applications[6].module.dbt[4].random_integer.sleep[1]: Creating...
module.applications[6].module.dbt[2].random_integer.sleep[1]: Creating...
module.applications[1].module.dbt[2].random_integer.sleep[1]: Creation complete after 0s [id=1]
module.applications[7].module.dbt[4].random_integer.sleep[1]: Creation complete after 0s [id=4]
module.applications[3].module.dbt[0].random_integer.sleep[1]: Creating...
module.applications[6].module.dbt[3].random_integer.sleep[1]: Creating...
module.core[1].module.role[22].random_integer.sleep: Creating...
module.applications[3].module.dbt[4].random_integer.sleep[0]: Creation complete after 0s [id=5]
module.applications[7].module.airflow[2].random_integer.sleep: Creation complete after 0s [id=2]
module.applications[8].module.airflow[2].random_integer.sleep: Creation complete after 0s [id=4]
module.core[1].module.role[38].random_integer.sleep: Creating...
module.core[0].module.security_rule[7].random_integer.sleep: Creating...
module.applications[6].module.dbt[2].random_integer.sleep[1]: Creation complete after 0s [id=5]
module.applications[6].module.dbt[4].random_integer.sleep[1]: Creation complete after 0s [id=1]
module.core[2].module.security_rule[32].random_integer.sleep: Creating...
module.core[1].module.role[22].random_integer.sleep: Creation complete after 0s [id=3]
module.applications[6].module.dbt[3].random_integer.sleep[1]: Creation complete after 0s [id=3]
module.applications[3].module.dbt[0].random_integer.sleep[1]: Creation complete after 0s [id=3]
module.core[1].module.security_rule[23].random_integer.sleep: Creating...
module.core[1].module.role[38].random_integer.sleep: Creation complete after 0s [id=5]
module.applications[1].module.dbt[0].random_integer.sleep[0]: Creating...
module.core[0].module.security_rule[7].random_integer.sleep: Creation complete after 0s [id=4]
module.applications[4].module.airflow[3].random_integer.sleep: Creating...
module.applications[0].module.dbt[3].random_integer.sleep[1]: Creating...
module.core[0].module.role[13].random_integer.sleep: Creating...
module.core[2].module.security_rule[32].random_integer.sleep: Creation complete after 0s [id=4]
module.core[1].module.role[32].random_integer.sleep: Creating...
module.core[0].module.role[35].random_integer.sleep: Creating...
module.core[1].module.security_rule[23].random_integer.sleep: Creation complete after 0s [id=2]
module.applications[1].module.dbt[0].random_integer.sleep[0]: Creation complete after 0s [id=2]
module.applications[4].module.airflow[3].random_integer.sleep: Creation complete after 0s [id=1]
module.applications[8].module.airflow[7].random_integer.sleep: Creating...
module.applications[9].module.airflow[3].random_integer.sleep: Creating...
module.applications[0].module.dbt[3].random_integer.sleep[1]: Creation complete after 0s [id=3]
module.core[0].module.role[13].random_integer.sleep: Creation complete after 0s [id=4]
module.applications[8].module.dbt[0].random_integer.sleep[0]: Creating...
module.core[0].module.role[22].random_integer.sleep: Creating...
module.core[1].module.role[32].random_integer.sleep: Creation complete after 0s [id=3]
module.core[0].module.role[35].random_integer.sleep: Creation complete after 0s [id=4]
module.applications[7].module.dbt[2].random_integer.sleep[0]: Creating...
module.core[1].module.role[43].random_integer.sleep: Creating...
module.core[2].module.role[16].random_integer.sleep: Creating...
module.applications[6].module.airflow[3].random_integer.sleep: Creating...
module.core[0].module.role[22].random_integer.sleep: Creation complete after 0s [id=2]
module.applications[8].module.dbt[0].random_integer.sleep[0]: Creation complete after 0s [id=4]
module.applications[9].module.airflow[3].random_integer.sleep: Creation complete after 0s [id=5]
module.applications[8].module.airflow[7].random_integer.sleep: Creation complete after 0s [id=1]
module.applications[9].module.airflow[8].random_integer.sleep: Creating...
module.applications[1].module.airflow[7].random_integer.sleep: Creating...
module.applications[4].module.airflow[1].random_integer.sleep: Creating...
module.core[1].module.role[43].random_integer.sleep: Creation complete after 0s [id=5]
module.applications[0].module.airflow[6].random_integer.sleep: Creating...
module.core[2].module.role[16].random_integer.sleep: Creation complete after 0s [id=1]
module.applications[7].module.dbt[2].random_integer.sleep[0]: Creation complete after 0s [id=5]
module.applications[6].module.airflow[3].random_integer.sleep: Creation complete after 0s [id=2]
module.core[1].module.role[11].random_integer.sleep: Creating...
module.applications[0].module.airflow[3].random_integer.sleep: Creating...
module.core[0].module.role[4].random_integer.sleep: Creating...
module.applications[6].module.airflow[8].random_integer.sleep: Creating...
module.applications[1].module.airflow[7].random_integer.sleep: Creation complete after 0s [id=2]
module.applications[0].module.airflow[6].random_integer.sleep: Creation complete after 0s [id=5]
module.applications[4].module.airflow[1].random_integer.sleep: Creation complete after 0s [id=4]
module.applications[9].module.airflow[8].random_integer.sleep: Creation complete after 0s [id=5]
module.applications[5].module.airflow[7].random_integer.sleep: Creating...
module.applications[4].module.airflow[7].random_integer.sleep: Creating...
module.core[2].module.security_rule[1].random_integer.sleep: Creating...
module.applications[6].module.airflow[8].random_integer.sleep: Creation complete after 0s [id=1]
module.applications[5].module.airflow[6].random_integer.sleep: Creating...
module.core[0].module.role[4].random_integer.sleep: Creation complete after 0s [id=5]
module.applications[0].module.airflow[3].random_integer.sleep: Creation complete after 0s [id=5]
module.core[1].module.role[11].random_integer.sleep: Creation complete after 0s [id=5]
module.applications[5].module.airflow[4].random_integer.sleep: Creating...
module.core[2].module.security_rule[4].random_integer.sleep: Creating...
module.applications[4].module.airflow[4].random_integer.sleep: Creating...
module.core[0].module.role[43].random_integer.sleep: Creating...
module.applications[5].module.airflow[7].random_integer.sleep: Creation complete after 0s [id=2]
module.core[2].module.security_rule[1].random_integer.sleep: Creation complete after 0s [id=1]
module.applications[5].module.airflow[6].random_integer.sleep: Creation complete after 0s [id=3]
module.applications[4].module.airflow[7].random_integer.sleep: Creation complete after 0s [id=4]
module.applications[7].module.airflow[6].random_integer.sleep: Creating...
module.applications[5].module.airflow[3].random_integer.sleep: Creating...
module.core[0].module.role[43].random_integer.sleep: Creation complete after 0s [id=1]
module.applications[1].module.airflow[5].random_integer.sleep: Creating...
module.applications[2].module.dbt[4].random_integer.sleep[0]: Creating...
module.applications[5].module.airflow[4].random_integer.sleep: Creation complete after 1s [id=2]
module.applications[4].module.airflow[4].random_integer.sleep: Creation complete after 1s [id=1]
module.core[2].module.security_rule[4].random_integer.sleep: Creation complete after 1s [id=3]
module.applications[2].module.airflow[8].random_integer.sleep: Creating...
module.core[2].module.security_rule[12].random_integer.sleep: Creating...
module.applications[8].module.airflow[0].random_integer.sleep: Creating...
module.applications[2].module.airflow[3].random_integer.sleep: Creating...
module.applications[5].module.airflow[3].random_integer.sleep: Creation complete after 1s [id=2]
module.applications[7].module.airflow[6].random_integer.sleep: Creation complete after 1s [id=2]
module.applications[2].module.dbt[4].random_integer.sleep[0]: Creation complete after 1s [id=1]
module.applications[1].module.airflow[5].random_integer.sleep: Creation complete after 1s [id=4]
module.applications[5].module.airflow[0].random_integer.sleep: Creating...
module.applications[9].module.dbt[2].random_integer.sleep[1]: Creating...
module.applications[3].module.dbt[2].random_integer.sleep[0]: Creating...
module.applications[2].module.airflow[8].random_integer.sleep: Creation complete after 0s [id=5]
module.core[2].module.role[45].random_integer.sleep: Creating...
module.core[0].module.security_rule[12].random_integer.sleep: Creating...
module.applications[2].module.airflow[3].random_integer.sleep: Creation complete after 0s [id=4]
module.core[2].module.security_rule[12].random_integer.sleep: Creation complete after 0s [id=2]
module.applications[8].module.airflow[0].random_integer.sleep: Creation complete after 0s [id=3]
module.applications[9].module.dbt[3].random_integer.sleep[1]: Creating...
module.core[0].module.security_rule[12].random_integer.sleep: Creation complete after 0s [id=2]
module.core[2].module.role[45].random_integer.sleep: Creation complete after 0s [id=5]
module.applications[5].module.airflow[0].random_integer.sleep: Creation complete after 0s [id=2]
module.applications[7].module.dbt[4].random_integer.sleep[0]: Creating...
module.core[2].module.role[35].random_integer.sleep: Creating...
module.applications[9].module.dbt[2].random_integer.sleep[1]: Creation complete after 0s [id=4]
module.applications[7].module.dbt[3].random_integer.sleep[0]: Creating...
module.applications[3].module.dbt[2].random_integer.sleep[0]: Creation complete after 0s [id=3]
module.applications[4].module.dbt[3].random_integer.sleep[1]: Creating...
module.applications[2].module.airflow[6].random_integer.sleep: Creating...
module.core[0].module.security_rule[22].random_integer.sleep: Creating...
module.applications[0].module.dbt[1].random_integer.sleep[0]: Creating...
module.applications[9].module.dbt[3].random_integer.sleep[1]: Creation complete after 0s [id=1]
module.applications[7].module.dbt[3].random_integer.sleep[0]: Creation complete after 0s [id=3]
module.core[2].module.role[35].random_integer.sleep: Creation complete after 0s [id=5]
module.applications[7].module.dbt[4].random_integer.sleep[0]: Creation complete after 0s [id=2]
module.applications[6].module.airflow[0].random_integer.sleep: Creating...
module.applications[4].module.dbt[1].random_integer.sleep[1]: Creating...
module.applications[4].module.dbt[3].random_integer.sleep[1]: Creation complete after 0s [id=1]
module.core[1].module.role[33].random_integer.sleep: Creating...
module.applications[4].module.dbt[4].random_integer.sleep[1]: Creating...
module.core[0].module.role[3].random_integer.sleep: Creating...
module.core[0].module.security_rule[22].random_integer.sleep: Creation complete after 0s [id=4]
module.applications[2].module.airflow[6].random_integer.sleep: Creation complete after 0s [id=3]
module.applications[0].module.dbt[1].random_integer.sleep[0]: Creation complete after 0s [id=2]
module.applications[7].module.airflow[9].random_integer.sleep: Creating...
module.applications[9].module.airflow[9].random_integer.sleep: Creating...
module.core[1].module.role[33].random_integer.sleep: Creation complete after 0s [id=1]
module.applications[4].module.dbt[1].random_integer.sleep[1]: Creation complete after 0s [id=4]
module.applications[6].module.airflow[0].random_integer.sleep: Creation complete after 0s [id=5]
module.core[1].module.role[44].random_integer.sleep: Creating...
module.core[0].module.role[3].random_integer.sleep: Creation complete after 0s [id=2]
module.applications[4].module.dbt[4].random_integer.sleep[1]: Creation complete after 0s [id=5]
module.core[0].module.security_rule[1].random_integer.sleep: Creating...
module.core[2].module.security_rule[15].random_integer.sleep: Creating...
module.applications[7].module.airflow[8].random_integer.sleep: Creating...
module.core[1].module.role[30].random_integer.sleep: Creating...
module.core[2].module.role[21].random_integer.sleep: Creating...
module.applications[7].module.airflow[9].random_integer.sleep: Creation complete after 0s [id=3]
module.applications[9].module.airflow[9].random_integer.sleep: Creation complete after 0s [id=1]
module.core[1].module.role[44].random_integer.sleep: Creation complete after 0s [id=5]
module.core[0].module.role[17].random_integer.sleep: Creating...
module.core[0].module.role[16].random_integer.sleep: Creating...
module.core[1].module.role[40].random_integer.sleep: Creating...
module.core[1].module.role[30].random_integer.sleep: Creation complete after 0s [id=2]
module.core[2].module.role[21].random_integer.sleep: Creation complete after 0s [id=4]
module.core[2].module.security_rule[15].random_integer.sleep: Creation complete after 0s [id=5]
module.core[0].module.security_rule[1].random_integer.sleep: Creation complete after 0s [id=4]
module.applications[7].module.airflow[8].random_integer.sleep: Creation complete after 0s [id=2]
module.core[0].module.role[19].random_integer.sleep: Creating...
module.applications[7].module.airflow[4].random_integer.sleep: Creating...
module.core[0].module.role[39].random_integer.sleep: Creating...
module.core[2].module.role[41].random_integer.sleep: Creating...
module.core[2].module.role[38].random_integer.sleep: Creating...
module.core[0].module.role[16].random_integer.sleep: Creation complete after 0s [id=5]
module.core[0].module.role[17].random_integer.sleep: Creation complete after 0s [id=1]
module.core[1].module.role[40].random_integer.sleep: Creation complete after 0s [id=4]
module.core[1].module.security_rule[28].random_integer.sleep: Creating...
module.applications[4].module.airflow[5].random_integer.sleep: Creating...
module.applications[6].module.dbt[1].random_integer.sleep[0]: Creating...
module.core[0].module.role[19].random_integer.sleep: Creation complete after 0s [id=3]
module.applications[5].module.dbt[1].random_integer.sleep[0]: Creating...
module.core[2].module.role[28].random_integer.sleep: Creating...
module.core[2].module.role[38].random_integer.sleep: Creation complete after 0s [id=2]
module.core[0].module.role[39].random_integer.sleep: Creation complete after 0s [id=2]
module.applications[7].module.airflow[4].random_integer.sleep: Creation complete after 0s [id=1]
module.core[2].module.role[41].random_integer.sleep: Creation complete after 0s [id=5]
module.core[2].module.role[28].random_integer.sleep: Creation complete after 0s [id=4]
module.applications[4].module.airflow[5].random_integer.sleep: Creation complete after 0s [id=4]
module.applications[5].module.dbt[1].random_integer.sleep[0]: Creation complete after 0s [id=2]
module.applications[9].module.dbt[4].random_integer.sleep[1]: Creating...
module.core[2].module.security_rule[34].random_integer.sleep: Creating...
module.core[1].module.role[16].random_integer.sleep: Creating...
module.core[1].module.security_rule[28].random_integer.sleep: Creation complete after 0s [id=2]
module.applications[6].module.dbt[1].random_integer.sleep[0]: Creation complete after 0s [id=2]
module.applications[0].module.dbt[4].random_integer.sleep[1]: Creating...
module.applications[3].module.airflow[9].random_integer.sleep: Creating...
module.core[1].module.role[35].random_integer.sleep: Creating...
module.applications[3].module.airflow[7].random_integer.sleep: Creating...
module.core[0].module.role[34].random_integer.sleep: Creating...
module.applications[9].module.dbt[4].random_integer.sleep[1]: Creation complete after 0s [id=2]
module.core[2].module.security_rule[34].random_integer.sleep: Creation complete after 0s [id=1]
module.core[1].module.role[16].random_integer.sleep: Creation complete after 0s [id=4]
module.core[0].module.role[34].random_integer.sleep: Creation complete after 0s [id=3]
module.applications[7].module.dbt[1].random_integer.sleep[0]: Creating...
module.applications[3].module.airflow[5].random_integer.sleep: Creating...
module.applications[8].module.airflow[4].random_integer.sleep: Creating...
module.applications[0].module.dbt[4].random_integer.sleep[1]: Creation complete after 0s [id=3]
module.applications[3].module.airflow[7].random_integer.sleep: Creation complete after 0s [id=4]
module.core[1].module.role[35].random_integer.sleep: Creation complete after 0s [id=1]
module.core[2].module.security_rule[13].random_integer.sleep: Creating...
module.applications[3].module.airflow[9].random_integer.sleep: Creation complete after 0s [id=1]
module.core[1].module.security_rule[11].random_integer.sleep: Creating...
module.core[1].module.role[14].random_integer.sleep: Creating...
module.core[2].module.role[37].random_integer.sleep: Creating...
module.applications[1].module.airflow[8].random_integer.sleep: Creating...
module.applications[3].module.airflow[5].random_integer.sleep: Creation complete after 0s [id=2]
module.applications[8].module.airflow[4].random_integer.sleep: Creation complete after 0s [id=4]
module.core[2].module.security_rule[13].random_integer.sleep: Creation complete after 0s [id=0]
module.applications[7].module.dbt[1].random_integer.sleep[0]: Creation complete after 0s [id=3]
module.applications[1].module.airflow[8].random_integer.sleep: Creation complete after 0s [id=4]
module.core[2].module.role[37].random_integer.sleep: Creation complete after 0s [id=2]
module.core[1].module.security_rule[13].random_integer.sleep: Creating...
module.applications[7].module.dbt[3].random_integer.sleep[1]: Creating...
module.core[1].module.role[47].random_integer.sleep: Creating...
module.applications[3].module.airflow[3].random_integer.sleep: Creating...
module.core[1].module.role[14].random_integer.sleep: Creation complete after 0s [id=5]
module.core[1].module.security_rule[11].random_integer.sleep: Creation complete after 0s [id=1]
module.core[2].module.role[8].random_integer.sleep: Creating...
module.applications[6].module.airflow[1].random_integer.sleep: Creating...
module.applications[3].module.airflow[4].random_integer.sleep: Creating...
module.core[2].module.role[39].random_integer.sleep: Creating...
module.core[1].module.security_rule[13].random_integer.sleep: Creation complete after 0s [id=0]
module.applications[3].module.airflow[3].random_integer.sleep: Creation complete after 0s [id=3]
module.core[1].module.role[47].random_integer.sleep: Creation complete after 0s [id=1]
module.applications[7].module.dbt[3].random_integer.sleep[1]: Creation complete after 0s [id=3]
module.core[1].module.role[12].random_integer.sleep: Creating...
module.core[2].module.role[30].random_integer.sleep: Creating...
module.core[2].module.security_rule[27].random_integer.sleep: Creating...
module.core[2].module.role[31].random_integer.sleep: Creating...
module.core[2].module.role[8].random_integer.sleep: Creation complete after 0s [id=5]
module.applications[3].module.airflow[4].random_integer.sleep: Creation complete after 0s [id=2]
module.applications[8].module.airflow[8].random_integer.sleep: Creating...
module.applications[6].module.airflow[1].random_integer.sleep: Creation complete after 0s [id=1]
module.core[2].module.role[39].random_integer.sleep: Creation complete after 0s [id=1]
module.core[1].module.role[0].random_integer.sleep: Creating...
module.core[2].module.role[30].random_integer.sleep: Creation complete after 0s [id=1]
module.core[2].module.role[31].random_integer.sleep: Creation complete after 0s [id=1]
module.core[2].module.security_rule[27].random_integer.sleep: Creation complete after 0s [id=5]
module.core[1].module.role[21].random_integer.sleep: Creating...
module.applications[0].module.airflow[0].random_integer.sleep: Creating...
module.applications[8].module.airflow[8].random_integer.sleep: Creation complete after 0s [id=2]
module.core[1].module.role[12].random_integer.sleep: Creation complete after 0s [id=3]
module.core[2].module.security_rule[24].random_integer.sleep: Creating...
module.applications[8].module.airflow[9].random_integer.sleep: Creating...
module.core[2].module.role[19].random_integer.sleep: Creating...
module.core[0].module.security_rule[14].random_integer.sleep: Creating...
module.core[1].module.role[0].random_integer.sleep: Creation complete after 0s [id=4]
module.applications[0].module.airflow[0].random_integer.sleep: Creation complete after 0s [id=3]
module.core[1].module.role[21].random_integer.sleep: Creation complete after 0s [id=3]
module.core[2].module.security_rule[3].random_integer.sleep: Creating...
module.core[2].module.role[27].random_integer.sleep: Creating...
module.core[0].module.security_rule[24].random_integer.sleep: Creating...
module.core[0].module.security_rule[14].random_integer.sleep: Creation complete after 0s [id=3]
module.core[2].module.security_rule[24].random_integer.sleep: Creation complete after 0s [id=1]
module.core[2].module.role[19].random_integer.sleep: Creation complete after 0s [id=5]
module.applications[8].module.airflow[9].random_integer.sleep: Creation complete after 0s [id=1]
module.core[2].module.role[48].random_integer.sleep: Creating...
module.applications[5].module.dbt[2].random_integer.sleep[0]: Creating...
module.applications[3].module.airflow[1].random_integer.sleep: Creating...
module.core[2].module.role[46].random_integer.sleep: Creating...
module.core[0].module.security_rule[24].random_integer.sleep: Creation complete after 1s [id=4]
module.core[2].module.security_rule[3].random_integer.sleep: Creation complete after 1s [id=2]
module.core[2].module.role[27].random_integer.sleep: Creation complete after 1s [id=1]
module.applications[3].module.airflow[2].random_integer.sleep: Creating...
module.applications[7].module.airflow[3].random_integer.sleep: Creating...
module.applications[0].module.airflow[9].random_integer.sleep: Creating...
module.applications[3].module.airflow[2].random_integer.sleep: Creation complete after 0s [id=2]
module.core[2].module.role[48].random_integer.sleep: Creation complete after 1s [id=5]
module.applications[3].module.airflow[1].random_integer.sleep: Creation complete after 0s [id=1]
module.applications[5].module.dbt[2].random_integer.sleep[0]: Creation complete after 0s [id=3]
module.core[2].module.role[46].random_integer.sleep: Creation complete after 0s [id=5]
module.core[2].module.security_rule[11].random_integer.sleep: Creating...
module.applications[2].module.airflow[5].random_integer.sleep: Creating...
module.applications[9].module.dbt[3].random_integer.sleep[0]: Creating...
module.applications[7].module.dbt[0].random_integer.sleep[0]: Creating...
module.core[1].module.role[7].random_integer.sleep: Creating...
module.applications[8].module.dbt[3].random_integer.sleep[0]: Creating...
module.core[2].module.security_rule[11].random_integer.sleep: Creation complete after 0s [id=3]
module.applications[7].module.airflow[3].random_integer.sleep: Creation complete after 0s [id=5]
module.applications[0].module.airflow[9].random_integer.sleep: Creation complete after 0s [id=1]
module.applications[8].module.dbt[3].random_integer.sleep[0]: Creation complete after 0s [id=4]
module.core[0].module.role[26].random_integer.sleep: Creating...
module.applications[7].module.dbt[0].random_integer.sleep[0]: Creation complete after 0s [id=3]
module.core[2].module.role[24].random_integer.sleep: Creating...
module.core[1].module.role[39].random_integer.sleep: Creating...
module.core[0].module.role[44].random_integer.sleep: Creating...
module.applications[9].module.dbt[3].random_integer.sleep[0]: Creation complete after 0s [id=4]
module.applications[2].module.airflow[5].random_integer.sleep: Creation complete after 0s [id=1]
module.core[1].module.role[7].random_integer.sleep: Creation complete after 0s [id=3]
module.core[0].module.security_rule[20].random_integer.sleep: Creating...
module.core[1].module.security_rule[31].random_integer.sleep: Creating...
module.core[0].module.security_rule[3].random_integer.sleep: Creating...
module.core[0].module.security_rule[10].random_integer.sleep: Creating...
module.core[0].module.role[26].random_integer.sleep: Creation complete after 0s [id=3]
module.core[2].module.role[24].random_integer.sleep: Creation complete after 0s [id=5]
module.core[1].module.role[39].random_integer.sleep: Creation complete after 0s [id=2]
module.core[0].module.role[44].random_integer.sleep: Creation complete after 0s [id=5]
module.core[1].module.security_rule[8].random_integer.sleep: Creating...
module.core[1].module.security_rule[31].random_integer.sleep: Creation complete after 0s [id=4]
module.core[2].module.role[20].random_integer.sleep: Creating...
module.applications[0].module.dbt[1].random_integer.sleep[1]: Creating...
module.core[0].module.role[7].random_integer.sleep: Creating...
module.core[0].module.security_rule[10].random_integer.sleep: Creation complete after 0s [id=2]
module.core[0].module.security_rule[20].random_integer.sleep: Creation complete after 0s [id=4]
module.core[0].module.security_rule[3].random_integer.sleep: Creation complete after 0s [id=0]
module.core[0].module.role[7].random_integer.sleep: Creation complete after 0s [id=2]
module.core[2].module.role[20].random_integer.sleep: Creation complete after 0s [id=4]
module.core[0].module.security_rule[2].random_integer.sleep: Creating...
module.core[1].module.role[27].random_integer.sleep: Creating...
module.applications[0].module.dbt[1].random_integer.sleep[1]: Creation complete after 0s [id=4]
module.core[1].module.security_rule[8].random_integer.sleep: Creation complete after 0s [id=3]
module.applications[6].module.airflow[6].random_integer.sleep: Creating...
module.core[1].module.role[24].random_integer.sleep: Creating...
module.core[2].module.role[14].random_integer.sleep: Creating...
module.core[2].module.role[11].random_integer.sleep: Creating...
module.applications[9].module.airflow[6].random_integer.sleep: Creating...
module.core[1].module.role[27].random_integer.sleep: Creation complete after 0s [id=1]
module.core[0].module.security_rule[2].random_integer.sleep: Creation complete after 0s [id=0]
module.applications[9].module.airflow[6].random_integer.sleep: Creation complete after 0s [id=4]
module.applications[5].module.airflow[5].random_integer.sleep: Creating...
module.applications[6].module.airflow[6].random_integer.sleep: Creation complete after 0s [id=3]
module.applications[8].module.airflow[1].random_integer.sleep: Creating...
module.core[1].module.role[24].random_integer.sleep: Creation complete after 0s [id=3]
module.core[2].module.role[14].random_integer.sleep: Creation complete after 0s [id=3]
module.core[2].module.role[11].random_integer.sleep: Creation complete after 0s [id=4]
module.core[0].module.security_rule[11].random_integer.sleep: Creating...
module.applications[5].module.airflow[9].random_integer.sleep: Creating...
module.applications[9].module.dbt[4].random_integer.sleep[0]: Creating...
module.applications[5].module.airflow[5].random_integer.sleep: Creation complete after 0s [id=4]
module.applications[8].module.airflow[1].random_integer.sleep: Creation complete after 0s [id=5]
module.applications[4].module.dbt[4].random_integer.sleep[0]: Creating...
module.core[0].module.security_rule[17].random_integer.sleep: Creating...
module.core[1].module.security_rule[26].random_integer.sleep: Creating...
module.core[0].module.role[0].random_integer.sleep: Creating...
module.applications[9].module.dbt[4].random_integer.sleep[0]: Creation complete after 0s [id=3]
module.core[1].module.security_rule[32].random_integer.sleep: Creating...
module.core[0].module.role[14].random_integer.sleep: Creating...
module.applications[5].module.airflow[9].random_integer.sleep: Creation complete after 0s [id=3]
module.core[0].module.security_rule[11].random_integer.sleep: Creation complete after 0s [id=3]
module.applications[2].module.dbt[4].random_integer.sleep[1]: Creating...
module.applications[3].module.dbt[4].random_integer.sleep[1]: Creating...
module.core[0].module.role[14].random_integer.sleep: Creation complete after 0s [id=5]
module.applications[4].module.dbt[4].random_integer.sleep[0]: Creation complete after 0s [id=2]
module.core[0].module.security_rule[17].random_integer.sleep: Creation complete after 0s [id=3]
module.core[1].module.security_rule[26].random_integer.sleep: Creation complete after 0s [id=3]
module.core[1].module.security_rule[32].random_integer.sleep: Creation complete after 0s [id=0]
module.core[0].module.role[0].random_integer.sleep: Creation complete after 0s [id=2]
module.core[0].module.security_rule[25].random_integer.sleep: Creating...
module.core[2].module.security_rule[6].random_integer.sleep: Creating...
module.core[0].module.role[37].random_integer.sleep: Creating...
module.applications[4].module.dbt[0].random_integer.sleep[1]: Creating...
module.applications[5].module.dbt[0].random_integer.sleep[1]: Creating...
module.applications[2].module.dbt[4].random_integer.sleep[1]: Creation complete after 0s [id=1]
module.applications[3].module.dbt[4].random_integer.sleep[1]: Creation complete after 0s [id=4]
module.core[0].module.security_rule[25].random_integer.sleep: Creation complete after 0s [id=0]
module.core[0].module.role[37].random_integer.sleep: Creation complete after 0s [id=3]
module.applications[4].module.dbt[0].random_integer.sleep[1]: Creation complete after 0s [id=1]
module.applications[5].module.dbt[0].random_integer.sleep[1]: Creation complete after 0s [id=2]
module.core[2].module.security_rule[6].random_integer.sleep: Creation complete after 0s [id=4]
module.applications[9].module.dbt[0].random_integer.sleep[1]: Creating...
module.applications[9].module.dbt[0].random_integer.sleep[1]: Creation complete after 0s [id=3]
random_integer.sleep[175]: Creating...
random_integer.sleep[229]: Creating...
random_integer.sleep[175]: Creation complete after 0s [id=5]
random_integer.sleep[131]: Creating...
random_integer.sleep[54]: Creating...
random_integer.sleep[83]: Creating...
random_integer.sleep[234]: Creating...
random_integer.sleep[255]: Creating...
random_integer.sleep[61]: Creating...
random_integer.sleep[182]: Creating...
random_integer.sleep[61]: Creation complete after 0s [id=3]
random_integer.sleep[220]: Creating...
random_integer.sleep[245]: Creating...
random_integer.sleep[229]: Creation complete after 0s [id=1]
random_integer.sleep[220]: Creation complete after 0s [id=1]
random_integer.sleep[54]: Creation complete after 0s [id=1]
random_integer.sleep[234]: Creation complete after 0s [id=1]
random_integer.sleep[131]: Creation complete after 0s [id=3]
random_integer.sleep[255]: Creation complete after 0s [id=1]
random_integer.sleep[83]: Creation complete after 0s [id=1]
random_integer.sleep[182]: Creation complete after 0s [id=1]
random_integer.sleep[193]: Creating...
random_integer.sleep[68]: Creating...
random_integer.sleep[207]: Creating...
random_integer.sleep[6]: Creating...
random_integer.sleep[58]: Creating...
random_integer.sleep[257]: Creating...
random_integer.sleep[245]: Creation complete after 0s [id=5]
random_integer.sleep[217]: Creating...
random_integer.sleep[193]: Creation complete after 0s [id=2]
random_integer.sleep[186]: Creating...
random_integer.sleep[209]: Creating...
random_integer.sleep[217]: Creation complete after 0s [id=4]
random_integer.sleep[257]: Creation complete after 0s [id=5]
random_integer.sleep[6]: Creation complete after 0s [id=4]
random_integer.sleep[68]: Creation complete after 0s [id=1]
random_integer.sleep[207]: Creation complete after 0s [id=3]
random_integer.sleep[58]: Creation complete after 0s [id=1]
random_integer.sleep[89]: Creating...
random_integer.sleep[286]: Creating...
random_integer.sleep[177]: Creating...
random_integer.sleep[163]: Creating...
random_integer.sleep[110]: Creating...
random_integer.sleep[186]: Creation complete after 0s [id=1]
random_integer.sleep[292]: Creating...
random_integer.sleep[158]: Creating...
random_integer.sleep[209]: Creation complete after 0s [id=5]
random_integer.sleep[201]: Creating...
random_integer.sleep[142]: Creating...
random_integer.sleep[89]: Creation complete after 0s [id=4]
random_integer.sleep[177]: Creation complete after 0s [id=2]
random_integer.sleep[158]: Creation complete after 0s [id=2]
random_integer.sleep[110]: Creation complete after 0s [id=5]
random_integer.sleep[163]: Creation complete after 0s [id=2]
random_integer.sleep[286]: Creation complete after 0s [id=4]
random_integer.sleep[292]: Creation complete after 0s [id=4]
random_integer.sleep[256]: Creating...
random_integer.sleep[135]: Creating...
random_integer.sleep[150]: Creating...
random_integer.sleep[202]: Creating...
random_integer.sleep[16]: Creating...
random_integer.sleep[15]: Creating...
random_integer.sleep[201]: Creation complete after 0s [id=5]
random_integer.sleep[53]: Creating...
random_integer.sleep[142]: Creation complete after 0s [id=4]
random_integer.sleep[50]: Creating...
random_integer.sleep[140]: Creating...
random_integer.sleep[135]: Creation complete after 0s [id=2]
random_integer.sleep[15]: Creation complete after 0s [id=1]
random_integer.sleep[114]: Creating...
random_integer.sleep[202]: Creation complete after 0s [id=2]
random_integer.sleep[108]: Creating...
random_integer.sleep[196]: Creating...
random_integer.sleep[196]: Creation complete after 0s [id=5]
random_integer.sleep[50]: Creation complete after 0s [id=1]
random_integer.sleep[16]: Creation complete after 0s [id=5]
random_integer.sleep[53]: Creation complete after 0s [id=1]
random_integer.sleep[256]: Creation complete after 0s [id=5]
random_integer.sleep[150]: Creation complete after 0s [id=1]
random_integer.sleep[138]: Creating...
random_integer.sleep[282]: Creating...
random_integer.sleep[114]: Creation complete after 0s [id=5]
random_integer.sleep[264]: Creating...
random_integer.sleep[73]: Creating...
random_integer.sleep[140]: Creation complete after 0s [id=3]
random_integer.sleep[188]: Creating...
random_integer.sleep[20]: Creating...
random_integer.sleep[108]: Creation complete after 0s [id=3]
random_integer.sleep[24]: Creating...
random_integer.sleep[295]: Creating...
random_integer.sleep[151]: Creating...
random_integer.sleep[73]: Creation complete after 0s [id=2]
random_integer.sleep[188]: Creation complete after 0s [id=2]
random_integer.sleep[20]: Creation complete after 0s [id=3]
random_integer.sleep[264]: Creation complete after 0s [id=4]
random_integer.sleep[138]: Creation complete after 0s [id=4]
random_integer.sleep[282]: Creation complete after 0s [id=2]
random_integer.sleep[151]: Creation complete after 0s [id=1]
random_integer.sleep[241]: Creating...
random_integer.sleep[121]: Creating...
random_integer.sleep[1]: Creating...
random_integer.sleep[295]: Creation complete after 1s [id=4]
random_integer.sleep[18]: Creating...
random_integer.sleep[75]: Creating...
random_integer.sleep[24]: Creation complete after 1s [id=1]
random_integer.sleep[278]: Creating...
random_integer.sleep[116]: Creating...
random_integer.sleep[90]: Creating...
random_integer.sleep[0]: Creating...
random_integer.sleep[1]: Creation complete after 0s [id=5]
random_integer.sleep[121]: Creation complete after 0s [id=2]
random_integer.sleep[75]: Creation complete after 0s [id=2]
random_integer.sleep[18]: Creation complete after 0s [id=1]
random_integer.sleep[241]: Creation complete after 1s [id=1]
random_integer.sleep[90]: Creation complete after 0s [id=5]
random_integer.sleep[97]: Creating...
random_integer.sleep[36]: Creating...
random_integer.sleep[248]: Creating...
random_integer.sleep[0]: Creation complete after 0s [id=1]
random_integer.sleep[283]: Creating...
random_integer.sleep[29]: Creating...
random_integer.sleep[116]: Creation complete after 0s [id=1]
random_integer.sleep[278]: Creation complete after 0s [id=4]
random_integer.sleep[133]: Creating...
random_integer.sleep[98]: Creating...
random_integer.sleep[126]: Creating...
random_integer.sleep[126]: Creation complete after 0s [id=1]
random_integer.sleep[36]: Creation complete after 0s [id=1]
random_integer.sleep[29]: Creation complete after 0s [id=3]
random_integer.sleep[283]: Creation complete after 0s [id=4]
random_integer.sleep[97]: Creation complete after 0s [id=2]
random_integer.sleep[248]: Creation complete after 0s [id=1]
random_integer.sleep[210]: Creating...
random_integer.sleep[9]: Creating...
random_integer.sleep[125]: Creating...
random_integer.sleep[169]: Creating...
random_integer.sleep[134]: Creating...
random_integer.sleep[133]: Creation complete after 0s [id=5]
random_integer.sleep[205]: Creating...
random_integer.sleep[98]: Creation complete after 0s [id=3]
random_integer.sleep[8]: Creating...
random_integer.sleep[247]: Creating...
random_integer.sleep[247]: Creation complete after 0s [id=1]
random_integer.sleep[134]: Creation complete after 0s [id=2]
random_integer.sleep[205]: Creation complete after 0s [id=4]
random_integer.sleep[9]: Creation complete after 0s [id=5]
random_integer.sleep[169]: Creation complete after 0s [id=1]
random_integer.sleep[210]: Creation complete after 0s [id=2]
random_integer.sleep[125]: Creation complete after 0s [id=3]
random_integer.sleep[179]: Creating...
random_integer.sleep[262]: Creating...
random_integer.sleep[8]: Creation complete after 0s [id=2]
random_integer.sleep[214]: Creating...
random_integer.sleep[22]: Creating...
random_integer.sleep[266]: Creating...
random_integer.sleep[298]: Creating...
random_integer.sleep[11]: Creating...
random_integer.sleep[66]: Creating...
random_integer.sleep[262]: Creation complete after 0s [id=3]
random_integer.sleep[165]: Creating...
random_integer.sleep[123]: Creating...
random_integer.sleep[214]: Creation complete after 0s [id=3]
random_integer.sleep[179]: Creation complete after 0s [id=1]
random_integer.sleep[298]: Creation complete after 0s [id=3]
random_integer.sleep[266]: Creation complete after 0s [id=2]
random_integer.sleep[22]: Creation complete after 0s [id=1]
random_integer.sleep[66]: Creation complete after 0s [id=5]
random_integer.sleep[11]: Creation complete after 0s [id=4]
random_integer.sleep[203]: Creating...
random_integer.sleep[65]: Creating...
random_integer.sleep[3]: Creating...
random_integer.sleep[5]: Creating...
random_integer.sleep[113]: Creating...
random_integer.sleep[165]: Creation complete after 0s [id=4]
random_integer.sleep[12]: Creating...
random_integer.sleep[123]: Creation complete after 0s [id=3]
random_integer.sleep[178]: Creating...
random_integer.sleep[280]: Creating...
random_integer.sleep[178]: Creation complete after 0s [id=2]
random_integer.sleep[113]: Creation complete after 0s [id=4]
random_integer.sleep[12]: Creation complete after 0s [id=2]
random_integer.sleep[65]: Creation complete after 0s [id=4]
random_integer.sleep[5]: Creation complete after 0s [id=5]
random_integer.sleep[3]: Creation complete after 0s [id=2]
random_integer.sleep[203]: Creation complete after 0s [id=2]
random_integer.sleep[208]: Creating...
random_integer.sleep[237]: Creating...
random_integer.sleep[244]: Creating...
random_integer.sleep[104]: Creating...
random_integer.sleep[280]: Creation complete after 0s [id=2]
random_integer.sleep[168]: Creating...
random_integer.sleep[62]: Creating...
random_integer.sleep[171]: Creating...
random_integer.sleep[275]: Creating...
random_integer.sleep[208]: Creation complete after 0s [id=3]
random_integer.sleep[198]: Creating...
random_integer.sleep[128]: Creating...
random_integer.sleep[237]: Creation complete after 0s [id=3]
random_integer.sleep[244]: Creation complete after 0s [id=3]
random_integer.sleep[168]: Creation complete after 0s [id=1]
random_integer.sleep[62]: Creation complete after 0s [id=3]
random_integer.sleep[104]: Creation complete after 0s [id=1]
random_integer.sleep[171]: Creation complete after 0s [id=4]
random_integer.sleep[275]: Creation complete after 0s [id=5]
random_integer.sleep[118]: Creating...
random_integer.sleep[213]: Creating...
random_integer.sleep[285]: Creating...
random_integer.sleep[279]: Creating...
random_integer.sleep[250]: Creating...
random_integer.sleep[224]: Creating...
random_integer.sleep[141]: Creating...
random_integer.sleep[198]: Creation complete after 0s [id=5]
random_integer.sleep[128]: Creation complete after 0s [id=1]
random_integer.sleep[69]: Creating...
random_integer.sleep[26]: Creating...
random_integer.sleep[279]: Creation complete after 0s [id=3]
random_integer.sleep[285]: Creation complete after 0s [id=2]
random_integer.sleep[213]: Creation complete after 0s [id=3]
random_integer.sleep[141]: Creation complete after 0s [id=5]
random_integer.sleep[250]: Creation complete after 0s [id=2]
random_integer.sleep[118]: Creation complete after 0s [id=2]
random_integer.sleep[224]: Creation complete after 0s [id=5]
random_integer.sleep[13]: Creating...
random_integer.sleep[195]: Creating...
random_integer.sleep[26]: Creation complete after 0s [id=1]
random_integer.sleep[276]: Creating...
random_integer.sleep[101]: Creating...
random_integer.sleep[180]: Creating...
random_integer.sleep[157]: Creating...
random_integer.sleep[69]: Creation complete after 0s [id=5]
random_integer.sleep[162]: Creating...
random_integer.sleep[13]: Creation complete after 0s [id=4]
random_integer.sleep[71]: Creating...
random_integer.sleep[183]: Creating...
random_integer.sleep[276]: Creation complete after 0s [id=2]
random_integer.sleep[216]: Creating...
random_integer.sleep[95]: Creating...
random_integer.sleep[101]: Creation complete after 0s [id=2]
random_integer.sleep[195]: Creation complete after 0s [id=5]
random_integer.sleep[180]: Creation complete after 0s [id=5]
random_integer.sleep[183]: Creation complete after 0s [id=3]
random_integer.sleep[157]: Creation complete after 0s [id=3]
random_integer.sleep[71]: Creation complete after 0s [id=1]
random_integer.sleep[162]: Creation complete after 0s [id=5]
random_integer.sleep[281]: Creating...
random_integer.sleep[191]: Creating...
random_integer.sleep[49]: Creating...
random_integer.sleep[115]: Creating...
random_integer.sleep[94]: Creating...
random_integer.sleep[274]: Creating...
random_integer.sleep[216]: Creation complete after 0s [id=3]
random_integer.sleep[153]: Creating...
random_integer.sleep[95]: Creation complete after 0s [id=5]
random_integer.sleep[206]: Creating...
random_integer.sleep[107]: Creating...
random_integer.sleep[115]: Creation complete after 0s [id=3]
random_integer.sleep[206]: Creation complete after 0s [id=5]
random_integer.sleep[49]: Creation complete after 0s [id=3]
random_integer.sleep[281]: Creation complete after 0s [id=1]
random_integer.sleep[94]: Creation complete after 0s [id=4]
random_integer.sleep[274]: Creation complete after 0s [id=3]
random_integer.sleep[191]: Creation complete after 0s [id=3]
random_integer.sleep[153]: Creation complete after 0s [id=2]
random_integer.sleep[145]: Creating...
random_integer.sleep[294]: Creating...
random_integer.sleep[43]: Creating...
random_integer.sleep[194]: Creating...
random_integer.sleep[167]: Creating...
random_integer.sleep[79]: Creating...
random_integer.sleep[44]: Creating...
random_integer.sleep[107]: Creation complete after 0s [id=2]
random_integer.sleep[63]: Creating...
random_integer.sleep[145]: Creation complete after 0s [id=5]
random_integer.sleep[160]: Creating...
random_integer.sleep[124]: Creating...
random_integer.sleep[160]: Creation complete after 0s [id=2]
random_integer.sleep[79]: Creation complete after 0s [id=1]
random_integer.sleep[294]: Creation complete after 1s [id=1]
random_integer.sleep[63]: Creation complete after 1s [id=4]
random_integer.sleep[215]: Creating...
random_integer.sleep[43]: Creation complete after 1s [id=4]
random_integer.sleep[124]: Creation complete after 1s [id=3]
random_integer.sleep[194]: Creation complete after 1s [id=4]
random_integer.sleep[167]: Creation complete after 1s [id=3]
random_integer.sleep[219]: Creating...
random_integer.sleep[44]: Creation complete after 1s [id=4]
random_integer.sleep[277]: Creating...
random_integer.sleep[251]: Creating...
random_integer.sleep[119]: Creating...
random_integer.sleep[25]: Creating...
random_integer.sleep[129]: Creating...
random_integer.sleep[258]: Creating...
random_integer.sleep[277]: Creation complete after 0s [id=2]
random_integer.sleep[215]: Creation complete after 0s [id=2]
random_integer.sleep[219]: Creation complete after 0s [id=5]
random_integer.sleep[127]: Creating...
random_integer.sleep[87]: Creating...
random_integer.sleep[251]: Creation complete after 0s [id=2]
random_integer.sleep[56]: Creating...
random_integer.sleep[246]: Creating...
random_integer.sleep[25]: Creation complete after 0s [id=4]
random_integer.sleep[129]: Creation complete after 0s [id=1]
random_integer.sleep[119]: Creation complete after 0s [id=3]
random_integer.sleep[258]: Creation complete after 0s [id=3]
random_integer.sleep[39]: Creating...
random_integer.sleep[231]: Creating...
random_integer.sleep[232]: Creating...
random_integer.sleep[4]: Creating...
random_integer.sleep[127]: Creation complete after 0s [id=3]
random_integer.sleep[84]: Creating...
random_integer.sleep[87]: Creation complete after 0s [id=3]
random_integer.sleep[246]: Creation complete after 0s [id=3]
random_integer.sleep[56]: Creation complete after 0s [id=3]
random_integer.sleep[192]: Creating...
random_integer.sleep[48]: Creating...
random_integer.sleep[39]: Creation complete after 0s [id=4]
random_integer.sleep[4]: Creation complete after 0s [id=5]
random_integer.sleep[42]: Creating...
random_integer.sleep[132]: Creating...
random_integer.sleep[84]: Creation complete after 0s [id=2]
random_integer.sleep[232]: Creation complete after 0s [id=5]
random_integer.sleep[231]: Creation complete after 0s [id=4]
random_integer.sleep[70]: Creating...
random_integer.sleep[46]: Creating...
random_integer.sleep[249]: Creating...
random_integer.sleep[100]: Creating...
random_integer.sleep[192]: Creation complete after 0s [id=1]
random_integer.sleep[48]: Creation complete after 0s [id=3]
random_integer.sleep[42]: Creation complete after 0s [id=1]
random_integer.sleep[132]: Creation complete after 0s [id=5]
random_integer.sleep[85]: Creating...
random_integer.sleep[242]: Creating...
random_integer.sleep[136]: Creating...
random_integer.sleep[197]: Creating...
random_integer.sleep[70]: Creation complete after 0s [id=5]
random_integer.sleep[249]: Creation complete after 0s [id=4]
random_integer.sleep[100]: Creation complete after 0s [id=1]
random_integer.sleep[46]: Creation complete after 0s [id=3]
random_integer.sleep[47]: Creating...
random_integer.sleep[270]: Creating...
random_integer.sleep[156]: Creating...
random_integer.sleep[297]: Creating...
random_integer.sleep[47]: Creation complete after 0s [id=5]
random_integer.sleep[136]: Creation complete after 0s [id=1]
random_integer.sleep[197]: Creation complete after 0s [id=3]
random_integer.sleep[242]: Creation complete after 0s [id=5]
random_integer.sleep[85]: Creation complete after 0s [id=1]
random_integer.sleep[146]: Creating...
random_integer.sleep[172]: Creating...
random_integer.sleep[268]: Creating...
random_integer.sleep[14]: Creating...
random_integer.sleep[270]: Creation complete after 0s [id=4]
random_integer.sleep[243]: Creating...
random_integer.sleep[297]: Creation complete after 0s [id=4]
random_integer.sleep[156]: Creation complete after 0s [id=5]
random_integer.sleep[152]: Creating...
random_integer.sleep[148]: Creating...
random_integer.sleep[238]: Creating...
random_integer.sleep[152]: Creation complete after 0s [id=5]
random_integer.sleep[268]: Creation complete after 0s [id=5]
random_integer.sleep[172]: Creation complete after 0s [id=1]
random_integer.sleep[146]: Creation complete after 0s [id=3]
random_integer.sleep[243]: Creation complete after 0s [id=2]
random_integer.sleep[14]: Creation complete after 0s [id=3]
random_integer.sleep[45]: Creating...
random_integer.sleep[254]: Creating...
random_integer.sleep[148]: Creation complete after 0s [id=2]
random_integer.sleep[139]: Creating...
random_integer.sleep[238]: Creation complete after 0s [id=1]
random_integer.sleep[184]: Creating...
random_integer.sleep[92]: Creating...
random_integer.sleep[199]: Creating...
random_integer.sleep[284]: Creating...
random_integer.sleep[236]: Creating...
random_integer.sleep[187]: Creating...
random_integer.sleep[187]: Creation complete after 0s [id=4]
random_integer.sleep[254]: Creation complete after 0s [id=5]
random_integer.sleep[139]: Creation complete after 0s [id=5]
random_integer.sleep[45]: Creation complete after 0s [id=2]
random_integer.sleep[284]: Creation complete after 0s [id=1]
random_integer.sleep[218]: Creating...
random_integer.sleep[290]: Creating...
random_integer.sleep[72]: Creating...
random_integer.sleep[80]: Creating...
random_integer.sleep[80]: Creation complete after 0s [id=4]
random_integer.sleep[92]: Creation complete after 0s [id=4]
random_integer.sleep[199]: Creation complete after 0s [id=1]
random_integer.sleep[184]: Creation complete after 0s [id=3]
random_integer.sleep[236]: Creation complete after 0s [id=1]
random_integer.sleep[185]: Creating...
random_integer.sleep[272]: Creating...
random_integer.sleep[290]: Creation complete after 0s [id=1]
random_integer.sleep[218]: Creation complete after 0s [id=5]
random_integer.sleep[72]: Creation complete after 0s [id=4]
random_integer.sleep[51]: Creating...
random_integer.sleep[228]: Creating...
random_integer.sleep[293]: Creating...
random_integer.sleep[103]: Creating...
random_integer.sleep[149]: Creating...
random_integer.sleep[164]: Creating...
random_integer.sleep[51]: Creation complete after 0s [id=5]
random_integer.sleep[185]: Creation complete after 0s [id=5]
random_integer.sleep[272]: Creation complete after 0s [id=4]
random_integer.sleep[102]: Creating...
random_integer.sleep[78]: Creating...
random_integer.sleep[149]: Creation complete after 0s [id=5]
random_integer.sleep[296]: Creating...
random_integer.sleep[164]: Creation complete after 0s [id=2]
random_integer.sleep[260]: Creating...
random_integer.sleep[253]: Creating...
random_integer.sleep[228]: Creation complete after 0s [id=5]
random_integer.sleep[293]: Creation complete after 0s [id=4]
random_integer.sleep[103]: Creation complete after 0s [id=1]
random_integer.sleep[263]: Creating...
random_integer.sleep[82]: Creating...
random_integer.sleep[288]: Creating...
random_integer.sleep[78]: Creation complete after 0s [id=2]
random_integer.sleep[253]: Creation complete after 0s [id=2]
random_integer.sleep[296]: Creation complete after 0s [id=1]
random_integer.sleep[102]: Creation complete after 0s [id=5]
random_integer.sleep[260]: Creation complete after 0s [id=3]
random_integer.sleep[239]: Creating...
random_integer.sleep[289]: Creating...
random_integer.sleep[32]: Creating...
random_integer.sleep[41]: Creating...
random_integer.sleep[77]: Creating...
random_integer.sleep[82]: Creation complete after 0s [id=1]
random_integer.sleep[273]: Creating...
random_integer.sleep[288]: Creation complete after 0s [id=1]
random_integer.sleep[263]: Creation complete after 0s [id=4]
random_integer.sleep[99]: Creating...
random_integer.sleep[106]: Creating...
random_integer.sleep[32]: Creation complete after 0s [id=2]
random_integer.sleep[289]: Creation complete after 0s [id=2]
random_integer.sleep[227]: Creating...
random_integer.sleep[166]: Creating...
random_integer.sleep[77]: Creation complete after 0s [id=1]
random_integer.sleep[239]: Creation complete after 0s [id=2]
random_integer.sleep[41]: Creation complete after 0s [id=4]
random_integer.sleep[273]: Creation complete after 0s [id=4]
random_integer.sleep[112]: Creating...
random_integer.sleep[91]: Creating...
random_integer.sleep[173]: Creating...
random_integer.sleep[120]: Creating...
random_integer.sleep[99]: Creation complete after 0s [id=4]
random_integer.sleep[166]: Creation complete after 0s [id=5]
random_integer.sleep[106]: Creation complete after 0s [id=5]
random_integer.sleep[227]: Creation complete after 0s [id=1]
random_integer.sleep[27]: Creating...
random_integer.sleep[120]: Creation complete after 0s [id=5]
random_integer.sleep[159]: Creating...
random_integer.sleep[67]: Creating...
random_integer.sleep[271]: Creating...
random_integer.sleep[112]: Creation complete after 1s [id=5]
random_integer.sleep[143]: Creating...
random_integer.sleep[173]: Creation complete after 1s [id=2]
random_integer.sleep[91]: Creation complete after 1s [id=2]
random_integer.sleep[37]: Creating...
random_integer.sleep[226]: Creating...
random_integer.sleep[181]: Creating...
random_integer.sleep[159]: Creation complete after 1s [id=2]
random_integer.sleep[271]: Creation complete after 0s [id=5]
random_integer.sleep[67]: Creation complete after 1s [id=4]
random_integer.sleep[143]: Creation complete after 0s [id=1]
random_integer.sleep[27]: Creation complete after 1s [id=5]
random_integer.sleep[299]: Creating...
random_integer.sleep[117]: Creating...
random_integer.sleep[189]: Creating...
random_integer.sleep[230]: Creating...
random_integer.sleep[28]: Creating...
random_integer.sleep[226]: Creation complete after 0s [id=4]
random_integer.sleep[287]: Creating...
random_integer.sleep[37]: Creation complete after 0s [id=4]
random_integer.sleep[181]: Creation complete after 0s [id=5]
random_integer.sleep[291]: Creating...
random_integer.sleep[265]: Creating...
random_integer.sleep[299]: Creation complete after 0s [id=2]
random_integer.sleep[200]: Creating...
random_integer.sleep[230]: Creation complete after 0s [id=1]
random_integer.sleep[28]: Creation complete after 0s [id=4]
random_integer.sleep[117]: Creation complete after 0s [id=5]
random_integer.sleep[189]: Creation complete after 0s [id=3]
random_integer.sleep[287]: Creation complete after 0s [id=1]
random_integer.sleep[147]: Creating...
random_integer.sleep[233]: Creating...
random_integer.sleep[59]: Creating...
random_integer.sleep[35]: Creating...
random_integer.sleep[265]: Creation complete after 0s [id=2]
random_integer.sleep[223]: Creating...
random_integer.sleep[200]: Creation complete after 0s [id=1]
random_integer.sleep[221]: Creating...
random_integer.sleep[291]: Creation complete after 0s [id=1]
random_integer.sleep[174]: Creating...
random_integer.sleep[34]: Creating...
random_integer.sleep[233]: Creation complete after 0s [id=5]
random_integer.sleep[59]: Creation complete after 0s [id=3]
random_integer.sleep[221]: Creation complete after 0s [id=3]
random_integer.sleep[147]: Creation complete after 0s [id=1]
random_integer.sleep[223]: Creation complete after 0s [id=2]
random_integer.sleep[35]: Creation complete after 0s [id=2]
random_integer.sleep[170]: Creating...
random_integer.sleep[240]: Creating...
random_integer.sleep[235]: Creating...
random_integer.sleep[111]: Creating...
random_integer.sleep[55]: Creating...
random_integer.sleep[211]: Creating...
random_integer.sleep[174]: Creation complete after 0s [id=1]
random_integer.sleep[222]: Creating...
random_integer.sleep[34]: Creation complete after 0s [id=2]
random_integer.sleep[33]: Creating...
random_integer.sleep[161]: Creating...
random_integer.sleep[111]: Creation complete after 0s [id=4]
random_integer.sleep[33]: Creation complete after 0s [id=4]
random_integer.sleep[235]: Creation complete after 0s [id=3]
random_integer.sleep[211]: Creation complete after 0s [id=1]
random_integer.sleep[222]: Creation complete after 0s [id=4]
random_integer.sleep[55]: Creation complete after 0s [id=5]
random_integer.sleep[170]: Creation complete after 0s [id=5]
random_integer.sleep[240]: Creation complete after 0s [id=2]
random_integer.sleep[81]: Creating...
random_integer.sleep[176]: Creating...
random_integer.sleep[155]: Creating...
random_integer.sleep[76]: Creating...
random_integer.sleep[57]: Creating...
random_integer.sleep[190]: Creating...
random_integer.sleep[2]: Creating...
random_integer.sleep[161]: Creation complete after 0s [id=3]
random_integer.sleep[144]: Creating...
random_integer.sleep[81]: Creation complete after 0s [id=2]
random_integer.sleep[40]: Creating...
random_integer.sleep[7]: Creating...
random_integer.sleep[176]: Creation complete after 0s [id=4]
random_integer.sleep[155]: Creation complete after 0s [id=2]
random_integer.sleep[76]: Creation complete after 0s [id=4]
random_integer.sleep[2]: Creation complete after 0s [id=3]
random_integer.sleep[57]: Creation complete after 0s [id=3]
random_integer.sleep[144]: Creation complete after 0s [id=2]
random_integer.sleep[190]: Creation complete after 0s [id=2]
random_integer.sleep[225]: Creating...
random_integer.sleep[154]: Creating...
random_integer.sleep[96]: Creating...
random_integer.sleep[105]: Creating...
random_integer.sleep[269]: Creating...
random_integer.sleep[261]: Creating...
random_integer.sleep[7]: Creation complete after 0s [id=3]
random_integer.sleep[17]: Creating...
random_integer.sleep[17]: Creation complete after 0s [id=4]
random_integer.sleep[40]: Creation complete after 0s [id=5]
random_integer.sleep[109]: Creating...
random_integer.sleep[252]: Creating...
random_integer.sleep[96]: Creation complete after 0s [id=4]
random_integer.sleep[269]: Creation complete after 0s [id=3]
random_integer.sleep[261]: Creation complete after 0s [id=3]
random_integer.sleep[105]: Creation complete after 0s [id=1]
random_integer.sleep[86]: Creating...
random_integer.sleep[225]: Creation complete after 0s [id=4]
random_integer.sleep[154]: Creation complete after 0s [id=2]
random_integer.sleep[212]: Creating...
random_integer.sleep[64]: Creating...
random_integer.sleep[74]: Creating...
random_integer.sleep[52]: Creating...
random_integer.sleep[23]: Creating...
random_integer.sleep[252]: Creation complete after 0s [id=3]
random_integer.sleep[86]: Creation complete after 0s [id=3]
random_integer.sleep[23]: Creation complete after 0s [id=1]
random_integer.sleep[109]: Creation complete after 0s [id=1]
random_integer.sleep[122]: Creating...
random_integer.sleep[21]: Creating...
random_integer.sleep[31]: Creating...
random_integer.sleep[52]: Creation complete after 0s [id=1]
random_integer.sleep[19]: Creating...
random_integer.sleep[74]: Creation complete after 0s [id=1]
random_integer.sleep[212]: Creation complete after 0s [id=3]
random_integer.sleep[267]: Creating...
random_integer.sleep[204]: Creating...
random_integer.sleep[64]: Creation complete after 0s [id=3]
random_integer.sleep[60]: Creating...
random_integer.sleep[122]: Creation complete after 0s [id=3]
random_integer.sleep[31]: Creation complete after 0s [id=3]
random_integer.sleep[21]: Creation complete after 0s [id=5]
random_integer.sleep[30]: Creating...
random_integer.sleep[93]: Creating...
random_integer.sleep[19]: Creation complete after 0s [id=1]
random_integer.sleep[267]: Creation complete after 0s [id=5]
random_integer.sleep[10]: Creating...
random_integer.sleep[38]: Creating...
random_integer.sleep[204]: Creation complete after 0s [id=2]
random_integer.sleep[88]: Creating...
random_integer.sleep[259]: Creating...
random_integer.sleep[60]: Creation complete after 0s [id=1]
random_integer.sleep[130]: Creating...
random_integer.sleep[30]: Creation complete after 0s [id=2]
random_integer.sleep[93]: Creation complete after 0s [id=1]
random_integer.sleep[10]: Creation complete after 0s [id=4]
random_integer.sleep[137]: Creating...
random_integer.sleep[38]: Creation complete after 0s [id=2]
module.applications[3].module.dbt[3].time_sleep.bar[1]: Creating...
module.applications[3].module.dbt[3].time_sleep.bar[0]: Creating...
random_integer.sleep[259]: Creation complete after 0s [id=2]
random_integer.sleep[88]: Creation complete after 0s [id=1]
module.applications[1].module.dbt[4].time_sleep.bar[1]: Creating...
module.applications[9].module.dbt[1].time_sleep.bar[1]: Creating...
random_integer.sleep[130]: Creation complete after 0s [id=5]
module.applications[5].module.dbt[3].time_sleep.bar[0]: Creating...
random_integer.sleep[137]: Creation complete after 0s [id=1]
module.applications[6].module.dbt[0].time_sleep.bar[1]: Creating...
module.applications[6].module.dbt[0].time_sleep.bar[0]: Creating...
module.applications[2].module.dbt[1].time_sleep.bar[0]: Creating...
module.applications[9].module.dbt[1].time_sleep.bar[0]: Creating...
module.applications[2].module.dbt[0].time_sleep.bar[1]: Creating...
module.applications[3].module.dbt[3].time_sleep.bar[1]: Creation complete after 1s [id=2023-04-09T18:15:24Z]
module.applications[1].module.dbt[4].time_sleep.bar[1]: Creation complete after 1s [id=2023-04-09T18:15:24Z]
module.applications[1].module.dbt[4].time_sleep.bar[0]: Creating...
module.applications[5].module.dbt[3].time_sleep.bar[0]: Creation complete after 1s [id=2023-04-09T18:15:24Z]
module.applications[2].module.dbt[2].time_sleep.bar[1]: Creating...
module.applications[2].module.dbt[2].time_sleep.bar[0]: Creating...
module.applications[6].module.dbt[0].time_sleep.bar[1]: Creation complete after 1s [id=2023-04-09T18:15:24Z]
module.applications[0].module.dbt[2].time_sleep.bar[0]: Creating...
module.applications[2].module.dbt[0].time_sleep.bar[1]: Creation complete after 1s [id=2023-04-09T18:15:24Z]
module.applications[2].module.dbt[3].time_sleep.bar[1]: Creating...
module.applications[2].module.dbt[3].time_sleep.bar[1]: Creation complete after 1s [id=2023-04-09T18:15:25Z]
module.applications[5].module.dbt[3].time_sleep.bar[1]: Creating...
module.applications[9].module.dbt[1].time_sleep.bar[1]: Creation complete after 3s [id=2023-04-09T18:15:26Z]
module.applications[2].module.dbt[2].time_sleep.bar[0]: Creation complete after 2s [id=2023-04-09T18:15:26Z]
module.applications[0].module.dbt[0].time_sleep.bar[1]: Creating...
module.applications[4].module.dbt[2].time_sleep.bar[0]: Creating...
module.applications[6].module.dbt[0].time_sleep.bar[0]: Creation complete after 4s [id=2023-04-09T18:15:27Z]
module.applications[2].module.dbt[1].time_sleep.bar[1]: Creating...
module.applications[3].module.dbt[3].time_sleep.bar[0]: Creation complete after 5s [id=2023-04-09T18:15:28Z]
module.applications[2].module.dbt[3].time_sleep.bar[0]: Creating...
module.applications[1].module.dbt[4].time_sleep.bar[0]: Creation complete after 4s [id=2023-04-09T18:15:28Z]
module.applications[0].module.dbt[0].time_sleep.bar[0]: Creating...
module.applications[2].module.dbt[2].time_sleep.bar[1]: Creation complete after 4s [id=2023-04-09T18:15:28Z]
module.applications[2].module.dbt[0].time_sleep.bar[0]: Creating...
module.applications[0].module.dbt[0].time_sleep.bar[1]: Creation complete after 2s [id=2023-04-09T18:15:28Z]
module.applications[2].module.dbt[1].time_sleep.bar[0]: Creation complete after 5s [id=2023-04-09T18:15:28Z]
module.applications[9].module.dbt[1].time_sleep.bar[0]: Creation complete after 6s [id=2023-04-09T18:15:28Z]
module.applications[0].module.dbt[2].time_sleep.bar[1]: Creating...
module.applications[4].module.dbt[2].time_sleep.bar[1]: Creating...
module.applications[1].module.dbt[1].time_sleep.bar[0]: Creating...
module.applications[5].module.dbt[3].time_sleep.bar[1]: Creation complete after 3s [id=2023-04-09T18:15:28Z]
module.applications[1].module.dbt[1].time_sleep.bar[1]: Creating...
module.applications[0].module.dbt[2].time_sleep.bar[0]: Creation complete after 5s [id=2023-04-09T18:15:29Z]
module.applications[4].module.dbt[2].time_sleep.bar[0]: Creation complete after 4s [id=2023-04-09T18:15:29Z]
module.applications[8].module.dbt[1].time_sleep.bar[1]: Creating...
module.applications[8].module.dbt[1].time_sleep.bar[0]: Creating...
module.applications[0].module.dbt[0].time_sleep.bar[0]: Creation complete after 2s [id=2023-04-09T18:15:30Z]
module.applications[5].module.dbt[4].time_sleep.bar[1]: Creating...
module.applications[8].module.dbt[1].time_sleep.bar[0]: Creation complete after 1s [id=2023-04-09T18:15:30Z]
module.applications[2].module.dbt[1].time_sleep.bar[1]: Creation complete after 3s [id=2023-04-09T18:15:30Z]
module.applications[1].module.dbt[3].time_sleep.bar[1]: Creating...
module.applications[5].module.dbt[4].time_sleep.bar[0]: Creating...
module.applications[0].module.dbt[2].time_sleep.bar[1]: Creation complete after 3s [id=2023-04-09T18:15:31Z]
module.applications[8].module.dbt[1].time_sleep.bar[1]: Creation complete after 2s [id=2023-04-09T18:15:31Z]
module.applications[1].module.dbt[1].time_sleep.bar[1]: Creation complete after 3s [id=2023-04-09T18:15:31Z]
module.applications[1].module.dbt[3].time_sleep.bar[0]: Creating...
module.applications[3].module.dbt[1].time_sleep.bar[1]: Creating...
module.applications[3].module.dbt[1].time_sleep.bar[0]: Creating...
module.applications[2].module.dbt[3].time_sleep.bar[0]: Creation complete after 4s [id=2023-04-09T18:15:32Z]
module.applications[8].module.dbt[2].time_sleep.bar[0]: Creating...
module.applications[2].module.dbt[0].time_sleep.bar[0]: Creation complete after 4s [id=2023-04-09T18:15:32Z]
module.applications[5].module.dbt[4].time_sleep.bar[1]: Creation complete after 2s [id=2023-04-09T18:15:32Z]
module.applications[8].module.dbt[4].time_sleep.bar[0]: Creating...
module.applications[8].module.dbt[2].time_sleep.bar[1]: Creating...
module.applications[4].module.dbt[2].time_sleep.bar[1]: Creation complete after 4s [id=2023-04-09T18:15:32Z]
module.applications[8].module.dbt[4].time_sleep.bar[1]: Creating...
module.applications[5].module.dbt[4].time_sleep.bar[0]: Creation complete after 2s [id=2023-04-09T18:15:32Z]
module.applications[1].module.dbt[2].time_sleep.bar[0]: Creating...
module.applications[8].module.dbt[2].time_sleep.bar[0]: Creation complete after 1s [id=2023-04-09T18:15:33Z]
module.applications[1].module.dbt[2].time_sleep.bar[1]: Creating...
module.applications[1].module.dbt[1].time_sleep.bar[0]: Creation complete after 5s [id=2023-04-09T18:15:33Z]
module.applications[6].module.dbt[2].time_sleep.bar[1]: Creating...
module.applications[1].module.dbt[3].time_sleep.bar[1]: Creation complete after 3s [id=2023-04-09T18:15:33Z]
module.applications[6].module.dbt[2].time_sleep.bar[0]: Creating...
module.applications[1].module.dbt[2].time_sleep.bar[1]: Creation complete after 1s [id=2023-04-09T18:15:34Z]
module.applications[8].module.dbt[4].time_sleep.bar[1]: Creation complete after 2s [id=2023-04-09T18:15:34Z]
module.applications[6].module.dbt[4].time_sleep.bar[1]: Creating...
module.applications[6].module.dbt[4].time_sleep.bar[0]: Creating...
module.applications[3].module.dbt[1].time_sleep.bar[0]: Creation complete after 3s [id=2023-04-09T18:15:34Z]
module.applications[6].module.dbt[3].time_sleep.bar[1]: Creating...
module.applications[6].module.dbt[4].time_sleep.bar[1]: Creation complete after 1s [id=2023-04-09T18:15:35Z]
module.applications[6].module.dbt[3].time_sleep.bar[0]: Creating...
module.applications[6].module.dbt[2].time_sleep.bar[0]: Creation complete after 2s [id=2023-04-09T18:15:35Z]
module.applications[1].module.dbt[3].time_sleep.bar[0]: Creation complete after 4s [id=2023-04-09T18:15:35Z]
module.applications[3].module.dbt[1].time_sleep.bar[1]: Creation complete after 4s [id=2023-04-09T18:15:35Z]
module.applications[3].module.dbt[0].time_sleep.bar[0]: Creating...
module.applications[3].module.dbt[0].time_sleep.bar[1]: Creating...
module.applications[1].module.dbt[0].time_sleep.bar[0]: Creating...
module.applications[8].module.dbt[2].time_sleep.bar[1]: Creation complete after 5s [id=2023-04-09T18:15:37Z]
module.applications[8].module.dbt[4].time_sleep.bar[0]: Creation complete after 5s [id=2023-04-09T18:15:37Z]
module.applications[6].module.dbt[4].time_sleep.bar[0]: Creation complete after 3s [id=2023-04-09T18:15:37Z]
module.applications[6].module.dbt[3].time_sleep.bar[0]: Creation complete after 2s [id=2023-04-09T18:15:37Z]
module.applications[1].module.dbt[0].time_sleep.bar[1]: Creating...
module.applications[1].module.dbt[2].time_sleep.bar[0]: Creation complete after 5s [id=2023-04-09T18:15:37Z]
module.applications[0].module.dbt[3].time_sleep.bar[0]: Creating...
module.applications[8].module.dbt[0].time_sleep.bar[1]: Creating...
module.applications[0].module.dbt[3].time_sleep.bar[1]: Creating...
module.applications[8].module.dbt[0].time_sleep.bar[0]: Creating...
module.applications[1].module.dbt[0].time_sleep.bar[0]: Creation complete after 2s [id=2023-04-09T18:15:37Z]
module.applications[6].module.dbt[3].time_sleep.bar[1]: Creation complete after 3s [id=2023-04-09T18:15:37Z]
module.applications[7].module.dbt[2].time_sleep.bar[0]: Creating...
module.applications[7].module.dbt[2].time_sleep.bar[1]: Creating...
module.applications[6].module.dbt[2].time_sleep.bar[1]: Creation complete after 5s [id=2023-04-09T18:15:38Z]
module.applications[9].module.dbt[2].time_sleep.bar[1]: Creating...
module.applications[8].module.dbt[0].time_sleep.bar[1]: Creation complete after 1s [id=2023-04-09T18:15:38Z]
module.applications[0].module.dbt[3].time_sleep.bar[0]: Creation complete after 1s [id=2023-04-09T18:15:38Z]
module.applications[3].module.dbt[0].time_sleep.bar[0]: Creation complete after 3s [id=2023-04-09T18:15:38Z]
module.applications[3].module.dbt[0].time_sleep.bar[1]: Creation complete after 3s [id=2023-04-09T18:15:38Z]
module.applications[9].module.dbt[2].time_sleep.bar[0]: Creating...
module.applications[4].module.dbt[3].time_sleep.bar[1]: Creating...
module.applications[3].module.dbt[2].time_sleep.bar[1]: Creating...
module.applications[3].module.dbt[2].time_sleep.bar[0]: Creating...
module.applications[4].module.dbt[3].time_sleep.bar[1]: Creation complete after 1s [id=2023-04-09T18:15:39Z]
module.applications[4].module.dbt[3].time_sleep.bar[0]: Creating...
module.applications[0].module.dbt[3].time_sleep.bar[1]: Creation complete after 3s [id=2023-04-09T18:15:40Z]
module.applications[7].module.dbt[4].time_sleep.bar[1]: Creating...
module.applications[8].module.dbt[0].time_sleep.bar[0]: Creation complete after 4s [id=2023-04-09T18:15:41Z]
module.applications[3].module.dbt[2].time_sleep.bar[0]: Creation complete after 3s [id=2023-04-09T18:15:41Z]
module.applications[7].module.dbt[2].time_sleep.bar[1]: Creation complete after 4s [id=2023-04-09T18:15:41Z]
module.applications[3].module.dbt[2].time_sleep.bar[1]: Creation complete after 3s [id=2023-04-09T18:15:41Z]
module.applications[7].module.dbt[4].time_sleep.bar[0]: Creating...
module.applications[4].module.dbt[1].time_sleep.bar[1]: Creating...
module.applications[4].module.dbt[1].time_sleep.bar[0]: Creating...
module.applications[5].module.dbt[1].time_sleep.bar[1]: Creating...
module.applications[9].module.dbt[2].time_sleep.bar[1]: Creation complete after 4s [id=2023-04-09T18:15:42Z]
module.applications[5].module.dbt[1].time_sleep.bar[0]: Creating...
module.applications[1].module.dbt[0].time_sleep.bar[1]: Creation complete after 5s [id=2023-04-09T18:15:42Z]
module.applications[6].module.dbt[1].time_sleep.bar[0]: Creating...
module.applications[7].module.dbt[2].time_sleep.bar[0]: Creation complete after 5s [id=2023-04-09T18:15:42Z]
module.applications[6].module.dbt[1].time_sleep.bar[1]: Creating...
module.applications[9].module.dbt[2].time_sleep.bar[0]: Creation complete after 5s [id=2023-04-09T18:15:43Z]
module.applications[5].module.dbt[1].time_sleep.bar[1]: Creation complete after 2s [id=2023-04-09T18:15:43Z]
module.applications[7].module.dbt[4].time_sleep.bar[0]: Creation complete after 2s [id=2023-04-09T18:15:43Z]
module.applications[0].module.dbt[4].time_sleep.bar[1]: Creating...
module.applications[0].module.dbt[4].time_sleep.bar[0]: Creating...
module.applications[7].module.dbt[1].time_sleep.bar[0]: Creating...
module.applications[5].module.dbt[1].time_sleep.bar[0]: Creation complete after 2s [id=2023-04-09T18:15:44Z]
module.applications[7].module.dbt[1].time_sleep.bar[1]: Creating...
module.applications[6].module.dbt[1].time_sleep.bar[0]: Creation complete after 2s [id=2023-04-09T18:15:44Z]
module.applications[7].module.dbt[4].time_sleep.bar[1]: Creation complete after 4s [id=2023-04-09T18:15:44Z]
module.applications[7].module.dbt[3].time_sleep.bar[0]: Creating...
module.applications[7].module.dbt[3].time_sleep.bar[1]: Creating...
module.applications[4].module.dbt[3].time_sleep.bar[0]: Creation complete after 5s [id=2023-04-09T18:15:44Z]
module.applications[5].module.dbt[2].time_sleep.bar[1]: Creating...
module.applications[4].module.dbt[1].time_sleep.bar[1]: Creation complete after 4s [id=2023-04-09T18:15:45Z]
module.applications[4].module.dbt[1].time_sleep.bar[0]: Creation complete after 4s [id=2023-04-09T18:15:45Z]
module.applications[5].module.dbt[2].time_sleep.bar[0]: Creating...
module.applications[7].module.dbt[0].time_sleep.bar[0]: Creating...
module.applications[0].module.dbt[4].time_sleep.bar[1]: Creation complete after 3s [id=2023-04-09T18:15:47Z]
module.applications[7].module.dbt[1].time_sleep.bar[0]: Creation complete after 3s [id=2023-04-09T18:15:47Z]
module.applications[5].module.dbt[2].time_sleep.bar[1]: Creation complete after 2s [id=2023-04-09T18:15:47Z]
module.applications[7].module.dbt[0].time_sleep.bar[1]: Creating...
module.applications[8].module.dbt[3].time_sleep.bar[1]: Creating...
module.applications[8].module.dbt[3].time_sleep.bar[0]: Creating...
module.applications[7].module.dbt[3].time_sleep.bar[0]: Creation complete after 3s [id=2023-04-09T18:15:47Z]
module.applications[7].module.dbt[3].time_sleep.bar[1]: Creation complete after 3s [id=2023-04-09T18:15:47Z]
module.applications[6].module.dbt[1].time_sleep.bar[1]: Creation complete after 5s [id=2023-04-09T18:15:47Z]
module.applications[9].module.dbt[3].time_sleep.bar[1]: Creating...
module.applications[9].module.dbt[3].time_sleep.bar[0]: Creating...
module.applications[0].module.dbt[1].time_sleep.bar[0]: Creating...
module.applications[0].module.dbt[4].time_sleep.bar[0]: Creation complete after 4s [id=2023-04-09T18:15:48Z]
module.applications[0].module.dbt[1].time_sleep.bar[1]: Creating...
module.applications[7].module.dbt[1].time_sleep.bar[1]: Creation complete after 4s [id=2023-04-09T18:15:48Z]
module.applications[9].module.dbt[4].time_sleep.bar[1]: Creating...
module.applications[9].module.dbt[3].time_sleep.bar[1]: Creation complete after 1s [id=2023-04-09T18:15:48Z]
module.applications[9].module.dbt[4].time_sleep.bar[0]: Creating...
module.applications[7].module.dbt[0].time_sleep.bar[0]: Creation complete after 3s [id=2023-04-09T18:15:49Z]
module.applications[5].module.dbt[2].time_sleep.bar[0]: Creation complete after 3s [id=2023-04-09T18:15:49Z]
module.applications[4].module.dbt[4].time_sleep.bar[0]: Creating...
module.applications[4].module.dbt[4].time_sleep.bar[1]: Creating...
module.applications[7].module.dbt[0].time_sleep.bar[1]: Creation complete after 2s [id=2023-04-09T18:15:49Z]
module.applications[8].module.dbt[3].time_sleep.bar[1]: Creation complete after 2s [id=2023-04-09T18:15:49Z]
module.applications[0].module.airflow[5].time_sleep.bar: Creating...
module.applications[3].module.airflow[0].time_sleep.bar: Creating...
module.applications[0].module.dbt[1].time_sleep.bar[0]: Creation complete after 2s [id=2023-04-09T18:15:49Z]
module.applications[9].module.airflow[3].time_sleep.bar: Creating...
module.applications[9].module.dbt[4].time_sleep.bar[1]: Creation complete after 2s [id=2023-04-09T18:15:50Z]
module.applications[2].module.airflow[5].time_sleep.bar: Creating...
module.applications[4].module.dbt[4].time_sleep.bar[0]: Creation complete after 2s [id=2023-04-09T18:15:51Z]
module.applications[8].module.dbt[3].time_sleep.bar[0]: Creation complete after 4s [id=2023-04-09T18:15:51Z]
module.applications[7].module.airflow[5].time_sleep.bar: Creating...
module.applications[3].module.airflow[9].time_sleep.bar: Creating...
module.applications[3].module.airflow[0].time_sleep.bar: Creation complete after 2s [id=2023-04-09T18:15:51Z]
module.applications[1].module.airflow[3].time_sleep.bar: Creating...
module.applications[2].module.airflow[5].time_sleep.bar: Creation complete after 1s [id=2023-04-09T18:15:51Z]
module.applications[4].module.airflow[5].time_sleep.bar: Creating...
module.applications[9].module.dbt[3].time_sleep.bar[0]: Creation complete after 4s [id=2023-04-09T18:15:51Z]
module.applications[4].module.airflow[9].time_sleep.bar: Creating...
module.applications[9].module.dbt[4].time_sleep.bar[0]: Creation complete after 3s [id=2023-04-09T18:15:51Z]
module.applications[5].module.airflow[0].time_sleep.bar: Creating...
module.applications[0].module.dbt[1].time_sleep.bar[1]: Creation complete after 4s [id=2023-04-09T18:15:52Z]
module.applications[7].module.airflow[1].time_sleep.bar: Creating...
module.applications[3].module.airflow[9].time_sleep.bar: Creation complete after 1s [id=2023-04-09T18:15:52Z]
module.applications[4].module.airflow[2].time_sleep.bar: Creating...
module.applications[0].module.airflow[5].time_sleep.bar: Creation complete after 4s [id=2023-04-09T18:15:53Z]
module.applications[4].module.airflow[2].time_sleep.bar: Creation complete after 1s [id=2023-04-09T18:15:53Z]
module.applications[4].module.airflow[7].time_sleep.bar: Creating...
module.applications[4].module.airflow[3].time_sleep.bar: Creating...
module.applications[5].module.airflow[0].time_sleep.bar: Creation complete after 2s [id=2023-04-09T18:15:53Z]
module.applications[8].module.airflow[2].time_sleep.bar: Creating...
module.applications[7].module.airflow[1].time_sleep.bar: Creation complete after 2s [id=2023-04-09T18:15:54Z]
module.applications[6].module.airflow[8].time_sleep.bar: Creating...
module.applications[4].module.dbt[4].time_sleep.bar[1]: Creation complete after 5s [id=2023-04-09T18:15:54Z]
module.applications[7].module.airflow[7].time_sleep.bar: Creating...
module.applications[4].module.airflow[3].time_sleep.bar: Creation complete after 1s [id=2023-04-09T18:15:54Z]
module.applications[5].module.airflow[9].time_sleep.bar: Creating...
module.applications[9].module.airflow[3].time_sleep.bar: Creation complete after 5s [id=2023-04-09T18:15:54Z]
module.applications[2].module.airflow[3].time_sleep.bar: Creating...
module.applications[6].module.airflow[8].time_sleep.bar: Creation complete after 1s [id=2023-04-09T18:15:55Z]
module.applications[7].module.airflow[7].time_sleep.bar: Creation complete after 1s [id=2023-04-09T18:15:55Z]
module.applications[6].module.airflow[2].time_sleep.bar: Creating...
module.applications[9].module.airflow[5].time_sleep.bar: Creating...
module.applications[7].module.airflow[5].time_sleep.bar: Creation complete after 4s [id=2023-04-09T18:15:55Z]
module.applications[9].module.airflow[0].time_sleep.bar: Creating...
module.applications[1].module.airflow[3].time_sleep.bar: Creation complete after 4s [id=2023-04-09T18:15:55Z]
module.applications[8].module.airflow[3].time_sleep.bar: Creating...
module.applications[4].module.airflow[5].time_sleep.bar: Creation complete after 4s [id=2023-04-09T18:15:55Z]
module.applications[5].module.airflow[1].time_sleep.bar: Creating...
module.applications[9].module.airflow[0].time_sleep.bar: Creation complete after 1s [id=2023-04-09T18:15:56Z]
module.applications[3].module.airflow[3].time_sleep.bar: Creating...
module.applications[4].module.airflow[9].time_sleep.bar: Creation complete after 5s [id=2023-04-09T18:15:56Z]
module.applications[7].module.airflow[2].time_sleep.bar: Creating...
module.applications[4].module.airflow[7].time_sleep.bar: Creation complete after 4s [id=2023-04-09T18:15:57Z]
module.applications[2].module.airflow[8].time_sleep.bar: Creating...
module.applications[5].module.airflow[9].time_sleep.bar: Creation complete after 3s [id=2023-04-09T18:15:57Z]
module.applications[6].module.airflow[1].time_sleep.bar: Creating...
module.applications[8].module.airflow[2].time_sleep.bar: Creation complete after 4s [id=2023-04-09T18:15:58Z]
module.applications[9].module.airflow[6].time_sleep.bar: Creating...
module.applications[9].module.airflow[5].time_sleep.bar: Creation complete after 3s [id=2023-04-09T18:15:58Z]
module.applications[6].module.airflow[2].time_sleep.bar: Creation complete after 3s [id=2023-04-09T18:15:58Z]
module.applications[6].module.airflow[4].time_sleep.bar: Creating...
module.applications[9].module.airflow[2].time_sleep.bar: Creating...
module.applications[6].module.airflow[1].time_sleep.bar: Creation complete after 1s [id=2023-04-09T18:15:58Z]
module.applications[8].module.airflow[1].time_sleep.bar: Creating...
module.applications[7].module.airflow[2].time_sleep.bar: Creation complete after 2s [id=2023-04-09T18:15:59Z]
module.applications[2].module.airflow[3].time_sleep.bar: Creation complete after 4s [id=2023-04-09T18:15:59Z]
module.applications[3].module.airflow[1].time_sleep.bar: Creating...
module.applications[2].module.airflow[4].time_sleep.bar: Creating...
module.applications[8].module.airflow[3].time_sleep.bar: Creation complete after 4s [id=2023-04-09T18:15:59Z]
module.applications[6].module.airflow[4].time_sleep.bar: Creation complete after 1s [id=2023-04-09T18:15:59Z]
module.applications[3].module.airflow[3].time_sleep.bar: Creation complete after 3s [id=2023-04-09T18:15:59Z]
module.applications[2].module.airflow[9].time_sleep.bar: Creating...
module.applications[0].module.airflow[1].time_sleep.bar: Creating...
module.applications[0].module.airflow[4].time_sleep.bar: Creating...
module.applications[2].module.airflow[4].time_sleep.bar: Creation complete after 1s [id=2023-04-09T18:16:00Z]
module.applications[3].module.airflow[1].time_sleep.bar: Creation complete after 1s [id=2023-04-09T18:16:00Z]
module.applications[0].module.airflow[8].time_sleep.bar: Creating...
module.applications[8].module.airflow[6].time_sleep.bar: Creating...
module.applications[5].module.airflow[1].time_sleep.bar: Creation complete after 5s [id=2023-04-09T18:16:00Z]
module.applications[8].module.airflow[4].time_sleep.bar: Creating...
module.applications[8].module.airflow[6].time_sleep.bar: Creation complete after 1s [id=2023-04-09T18:16:01Z]
module.applications[9].module.airflow[4].time_sleep.bar: Creating...
module.applications[2].module.airflow[9].time_sleep.bar: Creation complete after 2s [id=2023-04-09T18:16:01Z]
module.applications[2].module.airflow[6].time_sleep.bar: Creating...
module.applications[9].module.airflow[6].time_sleep.bar: Creation complete after 4s [id=2023-04-09T18:16:02Z]
module.applications[1].module.airflow[1].time_sleep.bar: Creating...
module.applications[2].module.airflow[8].time_sleep.bar: Creation complete after 5s [id=2023-04-09T18:16:02Z]
module.applications[1].module.airflow[5].time_sleep.bar: Creating...
module.applications[9].module.airflow[4].time_sleep.bar: Creation complete after 2s [id=2023-04-09T18:16:03Z]
module.applications[1].module.airflow[6].time_sleep.bar: Creating...
module.applications[9].module.airflow[2].time_sleep.bar: Creation complete after 5s [id=2023-04-09T18:16:03Z]
module.applications[5].module.airflow[2].time_sleep.bar: Creating...
module.applications[0].module.airflow[1].time_sleep.bar: Creation complete after 4s [id=2023-04-09T18:16:03Z]
module.applications[3].module.airflow[5].time_sleep.bar: Creating...
module.applications[8].module.airflow[1].time_sleep.bar: Creation complete after 5s [id=2023-04-09T18:16:03Z]
module.applications[8].module.airflow[9].time_sleep.bar: Creating...
module.applications[0].module.airflow[4].time_sleep.bar: Creation complete after 5s [id=2023-04-09T18:16:04Z]
module.applications[1].module.airflow[2].time_sleep.bar: Creating...
module.applications[2].module.airflow[6].time_sleep.bar: Creation complete after 3s [id=2023-04-09T18:16:04Z]
module.applications[2].module.airflow[0].time_sleep.bar: Creating...
module.applications[8].module.airflow[9].time_sleep.bar: Creation complete after 1s [id=2023-04-09T18:16:04Z]
module.applications[7].module.airflow[6].time_sleep.bar: Creating...
module.applications[8].module.airflow[4].time_sleep.bar: Creation complete after 4s [id=2023-04-09T18:16:04Z]
module.applications[2].module.airflow[1].time_sleep.bar: Creating...
module.applications[0].module.airflow[8].time_sleep.bar: Creation complete after 5s [id=2023-04-09T18:16:05Z]
module.applications[0].module.airflow[9].time_sleep.bar: Creating...
module.applications[1].module.airflow[2].time_sleep.bar: Creation complete after 1s [id=2023-04-09T18:16:05Z]
module.applications[3].module.airflow[5].time_sleep.bar: Creation complete after 2s [id=2023-04-09T18:16:05Z]
module.applications[9].module.airflow[9].time_sleep.bar: Creating...
module.applications[3].module.airflow[2].time_sleep.bar: Creating...
module.applications[2].module.airflow[1].time_sleep.bar: Creation complete after 1s [id=2023-04-09T18:16:06Z]
module.applications[5].module.airflow[4].time_sleep.bar: Creating...
module.applications[0].module.airflow[9].time_sleep.bar: Creation complete after 1s [id=2023-04-09T18:16:06Z]
module.applications[8].module.airflow[7].time_sleep.bar: Creating...
module.applications[9].module.airflow[9].time_sleep.bar: Creation complete after 1s [id=2023-04-09T18:16:06Z]
module.applications[2].module.airflow[0].time_sleep.bar: Creation complete after 3s [id=2023-04-09T18:16:06Z]
module.applications[1].module.airflow[5].time_sleep.bar: Creation complete after 4s [id=2023-04-09T18:16:06Z]
module.applications[7].module.airflow[4].time_sleep.bar: Creating...
module.applications[4].module.airflow[1].time_sleep.bar: Creating...
module.applications[5].module.airflow[6].time_sleep.bar: Creating...
module.applications[7].module.airflow[6].time_sleep.bar: Creation complete after 2s [id=2023-04-09T18:16:06Z]
module.applications[9].module.airflow[8].time_sleep.bar: Creating...
module.applications[1].module.airflow[1].time_sleep.bar: Creation complete after 5s [id=2023-04-09T18:16:07Z]
module.applications[7].module.airflow[3].time_sleep.bar: Creating...
module.applications[1].module.airflow[6].time_sleep.bar: Creation complete after 4s [id=2023-04-09T18:16:07Z]
module.applications[8].module.airflow[7].time_sleep.bar: Creation complete after 1s [id=2023-04-09T18:16:07Z]
module.applications[6].module.airflow[5].time_sleep.bar: Creating...
module.applications[3].module.airflow[8].time_sleep.bar: Creating...
module.applications[3].module.airflow[2].time_sleep.bar: Creation complete after 2s [id=2023-04-09T18:16:07Z]
module.applications[2].module.airflow[7].time_sleep.bar: Creating...
module.applications[7].module.airflow[4].time_sleep.bar: Creation complete after 1s [id=2023-04-09T18:16:07Z]
module.applications[8].module.airflow[8].time_sleep.bar: Creating...
module.applications[5].module.airflow[4].time_sleep.bar: Creation complete after 2s [id=2023-04-09T18:16:08Z]
module.applications[7].module.airflow[9].time_sleep.bar: Creating...
module.applications[5].module.airflow[2].time_sleep.bar: Creation complete after 5s [id=2023-04-09T18:16:08Z]
module.applications[4].module.airflow[0].time_sleep.bar: Creating...
module.applications[6].module.airflow[5].time_sleep.bar: Creation complete after 2s [id=2023-04-09T18:16:09Z]
module.applications[1].module.airflow[9].time_sleep.bar: Creating...
module.applications[2].module.airflow[7].time_sleep.bar: Creation complete after 2s [id=2023-04-09T18:16:09Z]
module.applications[0].module.airflow[3].time_sleep.bar: Creating...
module.applications[5].module.airflow[6].time_sleep.bar: Creation complete after 3s [id=2023-04-09T18:16:09Z]
module.applications[8].module.airflow[8].time_sleep.bar: Creation complete after 2s [id=2023-04-09T18:16:09Z]
module.applications[2].module.airflow[2].time_sleep.bar: Creating...
module.applications[0].module.airflow[7].time_sleep.bar: Creating...
module.applications[1].module.airflow[9].time_sleep.bar: Creation complete after 1s [id=2023-04-09T18:16:10Z]
module.applications[4].module.airflow[4].time_sleep.bar: Creating...
module.applications[4].module.airflow[1].time_sleep.bar: Creation complete after 4s [id=2023-04-09T18:16:10Z]
module.applications[6].module.airflow[9].time_sleep.bar: Creating...
module.applications[2].module.airflow[2].time_sleep.bar: Creation complete after 1s [id=2023-04-09T18:16:10Z]
module.applications[6].module.airflow[6].time_sleep.bar: Creating...
module.applications[7].module.airflow[9].time_sleep.bar: Creation complete after 3s [id=2023-04-09T18:16:11Z]
module.applications[7].module.airflow[0].time_sleep.bar: Creating...
module.applications[3].module.airflow[8].time_sleep.bar: Creation complete after 4s [id=2023-04-09T18:16:11Z]
module.applications[0].module.airflow[2].time_sleep.bar: Creating...
module.applications[4].module.airflow[0].time_sleep.bar: Creation complete after 3s [id=2023-04-09T18:16:11Z]
module.applications[5].module.airflow[8].time_sleep.bar: Creating...
module.applications[4].module.airflow[4].time_sleep.bar: Creation complete after 1s [id=2023-04-09T18:16:11Z]
module.applications[7].module.airflow[8].time_sleep.bar: Creating...
module.applications[9].module.airflow[8].time_sleep.bar: Creation complete after 5s [id=2023-04-09T18:16:11Z]
module.applications[5].module.airflow[5].time_sleep.bar: Creating...
module.applications[7].module.airflow[0].time_sleep.bar: Creation complete after 1s [id=2023-04-09T18:16:12Z]
module.applications[7].module.airflow[3].time_sleep.bar: Creation complete after 5s [id=2023-04-09T18:16:12Z]
module.applications[4].module.airflow[6].time_sleep.bar: Creating...
module.applications[3].module.airflow[4].time_sleep.bar: Creating...
module.applications[0].module.airflow[7].time_sleep.bar: Creation complete after 3s [id=2023-04-09T18:16:12Z]
module.applications[0].module.airflow[6].time_sleep.bar: Creating...
module.applications[7].module.airflow[8].time_sleep.bar: Creation complete after 2s [id=2023-04-09T18:16:13Z]
module.applications[3].module.airflow[7].time_sleep.bar: Creating...
module.applications[6].module.airflow[6].time_sleep.bar: Creation complete after 3s [id=2023-04-09T18:16:13Z]
module.applications[6].module.airflow[7].time_sleep.bar: Creating...
module.applications[3].module.airflow[4].time_sleep.bar: Creation complete after 2s [id=2023-04-09T18:16:14Z]
module.applications[4].module.airflow[6].time_sleep.bar: Creation complete after 2s [id=2023-04-09T18:16:14Z]
module.applications[9].module.airflow[7].time_sleep.bar: Creating...
module.applications[0].module.airflow[0].time_sleep.bar: Creating...
module.applications[0].module.airflow[3].time_sleep.bar: Creation complete after 5s [id=2023-04-09T18:16:14Z]
module.applications[6].module.airflow[9].time_sleep.bar: Creation complete after 4s [id=2023-04-09T18:16:14Z]
module.applications[8].module.airflow[0].time_sleep.bar: Creating...
module.applications[6].module.airflow[0].time_sleep.bar: Creating...
module.applications[6].module.airflow[7].time_sleep.bar: Creation complete after 1s [id=2023-04-09T18:16:14Z]
module.applications[8].module.airflow[5].time_sleep.bar: Creating...
module.applications[5].module.airflow[8].time_sleep.bar: Creation complete after 4s [id=2023-04-09T18:16:15Z]
module.applications[9].module.airflow[1].time_sleep.bar: Creating...
module.applications[5].module.airflow[5].time_sleep.bar: Creation complete after 4s [id=2023-04-09T18:16:15Z]
module.applications[5].module.airflow[3].time_sleep.bar: Creating...
module.applications[0].module.airflow[2].time_sleep.bar: Creation complete after 5s [id=2023-04-09T18:16:16Z]
module.applications[1].module.airflow[4].time_sleep.bar: Creating...
module.applications[8].module.airflow[5].time_sleep.bar: Creation complete after 2s [id=2023-04-09T18:16:16Z]
module.applications[6].module.airflow[3].time_sleep.bar: Creating...
module.applications[0].module.airflow[0].time_sleep.bar: Creation complete after 3s [id=2023-04-09T18:16:17Z]
module.applications[3].module.airflow[6].time_sleep.bar: Creating...
module.applications[3].module.airflow[7].time_sleep.bar: Creation complete after 4s [id=2023-04-09T18:16:17Z]
module.applications[8].module.airflow[0].time_sleep.bar: Creation complete after 3s [id=2023-04-09T18:16:17Z]
module.applications[1].module.airflow[8].time_sleep.bar: Creating...
module.applications[1].module.airflow[7].time_sleep.bar: Creating...
module.applications[0].module.airflow[6].time_sleep.bar: Creation complete after 5s [id=2023-04-09T18:16:17Z]
module.applications[5].module.airflow[3].time_sleep.bar: Creation complete after 2s [id=2023-04-09T18:16:17Z]
module.applications[5].module.airflow[7].time_sleep.bar: Creating...
module.applications[4].module.airflow[8].time_sleep.bar: Creating...
module.applications[6].module.airflow[3].time_sleep.bar: Creation complete after 2s [id=2023-04-09T18:16:18Z]
module.applications[1].module.airflow[0].time_sleep.bar: Creating...
module.applications[9].module.airflow[7].time_sleep.bar: Creation complete after 5s [id=2023-04-09T18:16:19Z]
module.applications[2].module.dbt[4].time_sleep.bar[1]: Creating...
module.applications[1].module.airflow[4].time_sleep.bar: Creation complete after 3s [id=2023-04-09T18:16:19Z]
module.applications[9].module.airflow[1].time_sleep.bar: Creation complete after 4s [id=2023-04-09T18:16:19Z]
module.applications[2].module.dbt[4].time_sleep.bar[0]: Creating...
module.applications[3].module.dbt[4].time_sleep.bar[0]: Creating...
module.applications[6].module.airflow[0].time_sleep.bar: Creation complete after 5s [id=2023-04-09T18:16:19Z]
module.applications[3].module.dbt[4].time_sleep.bar[1]: Creating...
module.applications[1].module.airflow[7].time_sleep.bar: Creation complete after 2s [id=2023-04-09T18:16:19Z]
module.applications[4].module.dbt[0].time_sleep.bar[1]: Creating...
module.applications[5].module.airflow[7].time_sleep.bar: Creation complete after 2s [id=2023-04-09T18:16:19Z]
module.applications[4].module.dbt[0].time_sleep.bar[0]: Creating...
module.applications[1].module.airflow[0].time_sleep.bar: Creation complete after 1s [id=2023-04-09T18:16:20Z]
module.applications[5].module.dbt[0].time_sleep.bar[1]: Creating...
module.applications[2].module.dbt[4].time_sleep.bar[1]: Creation complete after 1s [id=2023-04-09T18:16:20Z]
module.applications[5].module.dbt[0].time_sleep.bar[0]: Creating...
module.applications[2].module.dbt[4].time_sleep.bar[0]: Creation complete after 1s [id=2023-04-09T18:16:20Z]
module.applications[9].module.dbt[0].time_sleep.bar[0]: Creating...
module.applications[4].module.dbt[0].time_sleep.bar[1]: Creation complete after 1s [id=2023-04-09T18:16:20Z]
module.applications[9].module.dbt[0].time_sleep.bar[1]: Creating...
module.applications[4].module.dbt[0].time_sleep.bar[0]: Creation complete after 1s [id=2023-04-09T18:16:20Z]
module.core[2].module.role[28].time_sleep.bar: Creating...
module.applications[3].module.airflow[6].time_sleep.bar: Creation complete after 4s [id=2023-04-09T18:16:21Z]
module.core[1].module.role[37].time_sleep.bar: Creating...
module.applications[9].module.dbt[0].time_sleep.bar[0]: Creation complete after 1s [id=2023-04-09T18:16:21Z]
module.core[2].module.role[11].time_sleep.bar: Creating...
module.applications[1].module.airflow[8].time_sleep.bar: Creation complete after 4s [id=2023-04-09T18:16:21Z]
module.core[2].module.role[38].time_sleep.bar: Creating...
module.applications[5].module.dbt[0].time_sleep.bar[1]: Creation complete after 2s [id=2023-04-09T18:16:22Z]
module.core[2].module.role[14].time_sleep.bar: Creating...
module.applications[4].module.airflow[8].time_sleep.bar: Creation complete after 5s [id=2023-04-09T18:16:22Z]
module.core[1].module.role[27].time_sleep.bar: Creating...
module.applications[3].module.dbt[4].time_sleep.bar[1]: Creation complete after 4s [id=2023-04-09T18:16:23Z]
module.core[1].module.role[33].time_sleep.bar: Creating...
module.core[2].module.role[38].time_sleep.bar: Creation complete after 2s [id=2023-04-09T18:16:23Z]
module.core[1].module.role[35].time_sleep.bar: Creating...
module.applications[9].module.dbt[0].time_sleep.bar[1]: Creation complete after 3s [id=2023-04-09T18:16:23Z]
module.core[2].module.role[20].time_sleep.bar: Creating...
module.core[1].module.role[27].time_sleep.bar: Creation complete after 1s [id=2023-04-09T18:16:23Z]
module.core[0].module.role[26].time_sleep.bar: Creating...
module.applications[3].module.dbt[4].time_sleep.bar[0]: Creation complete after 5s [id=2023-04-09T18:16:24Z]
module.core[1].module.role[3].time_sleep.bar: Creating...
module.core[1].module.role[33].time_sleep.bar: Creation complete after 1s [id=2023-04-09T18:16:24Z]
module.core[1].module.role[35].time_sleep.bar: Creation complete after 1s [id=2023-04-09T18:16:24Z]
module.core[1].module.role[21].time_sleep.bar: Creating...
module.core[2].module.role[24].time_sleep.bar: Creating...
module.core[2].module.role[28].time_sleep.bar: Creation complete after 4s [id=2023-04-09T18:16:24Z]
module.core[0].module.role[31].time_sleep.bar: Creating...
module.core[2].module.role[14].time_sleep.bar: Creation complete after 3s [id=2023-04-09T18:16:25Z]
module.core[1].module.role[12].time_sleep.bar: Creating...
module.applications[5].module.dbt[0].time_sleep.bar[0]: Creation complete after 5s [id=2023-04-09T18:16:25Z]
module.core[1].module.role[13].time_sleep.bar: Creating...
module.core[1].module.role[3].time_sleep.bar: Creation complete after 1s [id=2023-04-09T18:16:25Z]
module.core[2].module.role[11].time_sleep.bar: Creation complete after 4s [id=2023-04-09T18:16:25Z]
module.core[1].module.role[44].time_sleep.bar: Creating...
module.core[1].module.role[22].time_sleep.bar: Creating...
module.core[1].module.role[37].time_sleep.bar: Creation complete after 5s [id=2023-04-09T18:16:26Z]
module.core[1].module.role[38].time_sleep.bar: Creating...
module.core[0].module.role[26].time_sleep.bar: Creation complete after 3s [id=2023-04-09T18:16:26Z]
module.core[2].module.role[19].time_sleep.bar: Creating...
module.core[2].module.role[20].time_sleep.bar: Creation complete after 4s [id=2023-04-09T18:16:27Z]
module.core[1].module.role[21].time_sleep.bar: Creation complete after 3s [id=2023-04-09T18:16:27Z]
module.core[0].module.role[40].time_sleep.bar: Creating...
module.core[0].module.role[36].time_sleep.bar: Creating...
module.core[1].module.role[12].time_sleep.bar: Creation complete after 3s [id=2023-04-09T18:16:28Z]
module.core[0].module.role[32].time_sleep.bar: Creating...
module.core[1].module.role[13].time_sleep.bar: Creation complete after 3s [id=2023-04-09T18:16:28Z]
module.core[0].module.role[4].time_sleep.bar: Creating...
module.core[1].module.role[22].time_sleep.bar: Creation complete after 3s [id=2023-04-09T18:16:28Z]
module.core[1].module.role[5].time_sleep.bar: Creating...
module.core[0].module.role[31].time_sleep.bar: Creation complete after 4s [id=2023-04-09T18:16:28Z]
module.core[2].module.role[40].time_sleep.bar: Creating...
module.core[2].module.role[24].time_sleep.bar: Creation complete after 5s [id=2023-04-09T18:16:29Z]
module.core[2].module.role[30].time_sleep.bar: Creating...
module.core[0].module.role[32].time_sleep.bar: Creation complete after 2s [id=2023-04-09T18:16:30Z]
module.core[1].module.role[32].time_sleep.bar: Creating...
module.core[1].module.role[44].time_sleep.bar: Creation complete after 5s [id=2023-04-09T18:16:30Z]
module.core[1].module.role[5].time_sleep.bar: Creation complete after 2s [id=2023-04-09T18:16:30Z]
module.core[0].module.role[36].time_sleep.bar: Creation complete after 3s [id=2023-04-09T18:16:30Z]
module.core[1].module.role[46].time_sleep.bar: Creating...
module.core[0].module.role[40].time_sleep.bar: Creation complete after 3s [id=2023-04-09T18:16:30Z]
module.core[2].module.role[30].time_sleep.bar: Creation complete after 1s [id=2023-04-09T18:16:30Z]
module.core[2].module.role[32].time_sleep.bar: Creating...
module.core[0].module.role[24].time_sleep.bar: Creating...
module.core[1].module.role[39].time_sleep.bar: Creating...
module.core[0].module.role[13].time_sleep.bar: Creating...
module.core[1].module.role[38].time_sleep.bar: Creation complete after 5s [id=2023-04-09T18:16:31Z]
module.core[1].module.role[8].time_sleep.bar: Creating...
module.core[0].module.role[24].time_sleep.bar: Creation complete after 1s [id=2023-04-09T18:16:31Z]
module.core[2].module.role[19].time_sleep.bar: Creation complete after 5s [id=2023-04-09T18:16:31Z]
module.core[0].module.role[29].time_sleep.bar: Creating...
module.core[0].module.role[39].time_sleep.bar: Creating...
module.core[2].module.role[32].time_sleep.bar: Creation complete after 2s [id=2023-04-09T18:16:32Z]
module.core[1].module.role[39].time_sleep.bar: Creation complete after 2s [id=2023-04-09T18:16:32Z]
module.core[0].module.role[37].time_sleep.bar: Creating...
module.core[2].module.role[2].time_sleep.bar: Creating...
module.core[1].module.role[32].time_sleep.bar: Creation complete after 3s [id=2023-04-09T18:16:33Z]
module.core[1].module.role[47].time_sleep.bar: Creating...
module.core[0].module.role[4].time_sleep.bar: Creation complete after 5s [id=2023-04-09T18:16:33Z]
module.core[1].module.role[41].time_sleep.bar: Creating...
module.core[0].module.role[29].time_sleep.bar: Creation complete after 2s [id=2023-04-09T18:16:33Z]
module.core[0].module.role[39].time_sleep.bar: Creation complete after 2s [id=2023-04-09T18:16:33Z]
module.core[2].module.role[2].time_sleep.bar: Creation complete after 1s [id=2023-04-09T18:16:33Z]
module.core[2].module.role[40].time_sleep.bar: Creation complete after 5s [id=2023-04-09T18:16:34Z]
module.core[0].module.role[14].time_sleep.bar: Creating...
module.core[0].module.role[9].time_sleep.bar: Creating...
module.core[0].module.role[38].time_sleep.bar: Creating...
module.core[0].module.role[48].time_sleep.bar: Creating...
module.core[1].module.role[47].time_sleep.bar: Creation complete after 1s [id=2023-04-09T18:16:34Z]
module.core[0].module.role[1].time_sleep.bar: Creating...
module.core[1].module.role[46].time_sleep.bar: Creation complete after 4s [id=2023-04-09T18:16:34Z]
module.core[0].module.role[13].time_sleep.bar: Creation complete after 4s [id=2023-04-09T18:16:34Z]
module.core[2].module.role[39].time_sleep.bar: Creating...
module.core[0].module.role[0].time_sleep.bar: Creating...
module.core[0].module.role[1].time_sleep.bar: Creation complete after 1s [id=2023-04-09T18:16:35Z]
module.core[1].module.role[4].time_sleep.bar: Creating...
module.core[1].module.role[8].time_sleep.bar: Creation complete after 4s [id=2023-04-09T18:16:35Z]
module.core[0].module.role[11].time_sleep.bar: Creating...
module.core[2].module.role[39].time_sleep.bar: Creation complete after 1s [id=2023-04-09T18:16:35Z]
module.core[0].module.role[37].time_sleep.bar: Creation complete after 3s [id=2023-04-09T18:16:35Z]
module.core[0].module.role[16].time_sleep.bar: Creating...
module.core[1].module.role[29].time_sleep.bar: Creating...
module.core[0].module.role[9].time_sleep.bar: Creation complete after 2s [id=2023-04-09T18:16:36Z]
module.core[0].module.role[48].time_sleep.bar: Creation complete after 2s [id=2023-04-09T18:16:36Z]
module.core[1].module.role[18].time_sleep.bar: Creating...
module.core[2].module.role[7].time_sleep.bar: Creating...
module.core[1].module.role[41].time_sleep.bar: Creation complete after 3s [id=2023-04-09T18:16:36Z]
module.core[0].module.role[45].time_sleep.bar: Creating...
module.core[0].module.role[0].time_sleep.bar: Creation complete after 2s [id=2023-04-09T18:16:36Z]
module.core[2].module.role[41].time_sleep.bar: Creating...
module.core[0].module.role[38].time_sleep.bar: Creation complete after 3s [id=2023-04-09T18:16:37Z]
module.core[1].module.role[49].time_sleep.bar: Creating...
module.core[1].module.role[4].time_sleep.bar: Creation complete after 2s [id=2023-04-09T18:16:37Z]
module.core[2].module.role[29].time_sleep.bar: Creating...
module.core[2].module.role[7].time_sleep.bar: Creation complete after 2s [id=2023-04-09T18:16:38Z]
module.core[0].module.role[17].time_sleep.bar: Creating...
module.core[0].module.role[14].time_sleep.bar: Creation complete after 5s [id=2023-04-09T18:16:39Z]
module.core[1].module.role[45].time_sleep.bar: Creating...
module.core[0].module.role[17].time_sleep.bar: Creation complete after 1s [id=2023-04-09T18:16:39Z]
module.core[2].module.role[44].time_sleep.bar: Creating...
module.core[0].module.role[45].time_sleep.bar: Creation complete after 3s [id=2023-04-09T18:16:39Z]
module.core[0].module.role[2].time_sleep.bar: Creating...
module.core[1].module.role[29].time_sleep.bar: Creation complete after 4s [id=2023-04-09T18:16:40Z]
module.core[1].module.role[30].time_sleep.bar: Creating...
module.core[1].module.role[18].time_sleep.bar: Creation complete after 4s [id=2023-04-09T18:16:40Z]
module.core[2].module.role[1].time_sleep.bar: Creating...
module.core[0].module.role[11].time_sleep.bar: Creation complete after 5s [id=2023-04-09T18:16:40Z]
module.core[2].module.role[18].time_sleep.bar: Creating...
module.core[0].module.role[16].time_sleep.bar: Creation complete after 5s [id=2023-04-09T18:16:41Z]
module.core[1].module.role[40].time_sleep.bar: Creating...
module.core[2].module.role[18].time_sleep.bar: Creation complete after 1s [id=2023-04-09T18:16:41Z]
module.core[0].module.role[25].time_sleep.bar: Creating...
module.core[0].module.role[2].time_sleep.bar: Creation complete after 2s [id=2023-04-09T18:16:41Z]
module.core[0].module.role[23].time_sleep.bar: Creating...
module.core[2].module.role[41].time_sleep.bar: Creation complete after 5s [id=2023-04-09T18:16:42Z]
module.core[2].module.role[0].time_sleep.bar: Creating...
module.core[1].module.role[30].time_sleep.bar: Creation complete after 2s [id=2023-04-09T18:16:42Z]
module.core[0].module.role[19].time_sleep.bar: Creating...
module.core[1].module.role[49].time_sleep.bar: Creation complete after 5s [id=2023-04-09T18:16:42Z]
module.core[0].module.role[7].time_sleep.bar: Creating...
module.core[2].module.role[29].time_sleep.bar: Creation complete after 5s [id=2023-04-09T18:16:42Z]
module.core[1].module.role[26].time_sleep.bar: Creating...
module.core[1].module.role[45].time_sleep.bar: Creation complete after 4s [id=2023-04-09T18:16:43Z]
module.core[0].module.role[18].time_sleep.bar: Creating...
module.core[2].module.role[44].time_sleep.bar: Creation complete after 4s [id=2023-04-09T18:16:43Z]
module.core[2].module.role[36].time_sleep.bar: Creating...
module.core[0].module.role[25].time_sleep.bar: Creation complete after 2s [id=2023-04-09T18:16:43Z]
module.core[2].module.role[16].time_sleep.bar: Creating...
module.core[0].module.role[7].time_sleep.bar: Creation complete after 2s [id=2023-04-09T18:16:44Z]
module.core[2].module.role[22].time_sleep.bar: Creating...
module.core[2].module.role[1].time_sleep.bar: Creation complete after 4s [id=2023-04-09T18:16:44Z]
module.core[2].module.role[8].time_sleep.bar: Creating...
module.core[2].module.role[16].time_sleep.bar: Creation complete after 1s [id=2023-04-09T18:16:44Z]
module.core[0].module.role[6].time_sleep.bar: Creating...
module.core[0].module.role[19].time_sleep.bar: Creation complete after 3s [id=2023-04-09T18:16:45Z]
module.core[1].module.role[40].time_sleep.bar: Creation complete after 4s [id=2023-04-09T18:16:45Z]
module.core[0].module.role[35].time_sleep.bar: Creating...
module.core[2].module.role[6].time_sleep.bar: Creating...
module.core[2].module.role[0].time_sleep.bar: Creation complete after 4s [id=2023-04-09T18:16:46Z]
module.core[2].module.role[9].time_sleep.bar: Creating...
module.core[0].module.role[23].time_sleep.bar: Creation complete after 5s [id=2023-04-09T18:16:46Z]
module.core[2].module.role[37].time_sleep.bar: Creating...
module.core[1].module.role[26].time_sleep.bar: Creation complete after 5s [id=2023-04-09T18:16:47Z]
module.core[1].module.role[25].time_sleep.bar: Creating...
module.core[0].module.role[6].time_sleep.bar: Creation complete after 3s [id=2023-04-09T18:16:47Z]
module.core[2].module.role[12].time_sleep.bar: Creating...
module.core[2].module.role[6].time_sleep.bar: Creation complete after 3s [id=2023-04-09T18:16:48Z]
module.core[1].module.role[10].time_sleep.bar: Creating...
module.core[2].module.role[22].time_sleep.bar: Creation complete after 4s [id=2023-04-09T18:16:48Z]
module.core[0].module.role[18].time_sleep.bar: Creation complete after 5s [id=2023-04-09T18:16:48Z]
module.core[1].module.role[48].time_sleep.bar: Creating...
module.core[2].module.role[48].time_sleep.bar: Creating...
module.core[2].module.role[36].time_sleep.bar: Creation complete after 5s [id=2023-04-09T18:16:48Z]
module.core[2].module.role[27].time_sleep.bar: Creating...
module.core[2].module.role[37].time_sleep.bar: Creation complete after 2s [id=2023-04-09T18:16:48Z]
module.core[1].module.role[15].time_sleep.bar: Creating...
module.core[0].module.role[35].time_sleep.bar: Creation complete after 4s [id=2023-04-09T18:16:49Z]
module.core[2].module.role[9].time_sleep.bar: Creation complete after 3s [id=2023-04-09T18:16:49Z]
module.core[2].module.role[8].time_sleep.bar: Creation complete after 5s [id=2023-04-09T18:16:49Z]
module.core[1].module.role[10].time_sleep.bar: Creation complete after 1s [id=2023-04-09T18:16:49Z]
module.core[2].module.role[26].time_sleep.bar: Creating...
module.core[2].module.role[5].time_sleep.bar: Creating...
module.core[1].module.role[1].time_sleep.bar: Creating...
module.core[2].module.role[49].time_sleep.bar: Creating...
module.core[2].module.role[27].time_sleep.bar: Creation complete after 1s [id=2023-04-09T18:16:49Z]
module.core[0].module.role[34].time_sleep.bar: Creating...
module.core[2].module.role[12].time_sleep.bar: Creation complete after 3s [id=2023-04-09T18:16:50Z]
module.core[0].module.role[10].time_sleep.bar: Creating...
module.core[2].module.role[49].time_sleep.bar: Creation complete after 2s [id=2023-04-09T18:16:51Z]
module.core[0].module.role[47].time_sleep.bar: Creating...
module.core[1].module.role[25].time_sleep.bar: Creation complete after 4s [id=2023-04-09T18:16:51Z]
module.core[1].module.role[34].time_sleep.bar: Creating...
module.core[0].module.role[34].time_sleep.bar: Creation complete after 3s [id=2023-04-09T18:16:52Z]
module.core[2].module.role[42].time_sleep.bar: Creating...
module.core[0].module.role[10].time_sleep.bar: Creation complete after 2s [id=2023-04-09T18:16:52Z]
module.core[1].module.role[14].time_sleep.bar: Creating...
module.core[2].module.role[48].time_sleep.bar: Creation complete after 5s [id=2023-04-09T18:16:53Z]
module.core[1].module.role[48].time_sleep.bar: Creation complete after 5s [id=2023-04-09T18:16:53Z]
module.core[2].module.role[26].time_sleep.bar: Creation complete after 4s [id=2023-04-09T18:16:53Z]
module.core[1].module.role[42].time_sleep.bar: Creating...
module.core[2].module.role[5].time_sleep.bar: Creation complete after 4s [id=2023-04-09T18:16:53Z]
module.core[1].module.role[1].time_sleep.bar: Creation complete after 4s [id=2023-04-09T18:16:53Z]
module.core[2].module.role[25].time_sleep.bar: Creating...
module.core[0].module.role[42].time_sleep.bar: Creating...
module.core[0].module.role[15].time_sleep.bar: Creating...
module.core[2].module.security_rule[28].time_sleep.bar: Creating...
module.core[1].module.role[15].time_sleep.bar: Creation complete after 5s [id=2023-04-09T18:16:53Z]
module.core[2].module.role[17].time_sleep.bar: Creating...
module.core[0].module.role[47].time_sleep.bar: Creation complete after 3s [id=2023-04-09T18:16:54Z]
module.core[0].module.role[3].time_sleep.bar: Creating...
module.core[0].module.role[15].time_sleep.bar: Creation complete after 1s [id=2023-04-09T18:16:54Z]
module.core[2].module.role[33].time_sleep.bar: Creating...
module.core[1].module.role[34].time_sleep.bar: Creation complete after 3s [id=2023-04-09T18:16:54Z]
module.core[1].module.role[31].time_sleep.bar: Creating...
module.core[2].module.security_rule[28].time_sleep.bar: Provisioning with 'local-exec'...
module.core[2].module.security_rule[28].time_sleep.bar (local-exec): Executing: ["/bin/sh" "-c" "if [ 2 -gt 4 ]; then return 1; fi"]
module.core[2].module.security_rule[28].time_sleep.bar: Creation complete after 2s [id=2023-04-09T18:16:55Z]
module.core[1].module.role[36].time_sleep.bar: Creating...
module.core[2].module.role[42].time_sleep.bar: Creation complete after 3s [id=2023-04-09T18:16:55Z]
module.core[1].module.role[17].time_sleep.bar: Creating...
module.core[1].module.role[42].time_sleep.bar: Creation complete after 3s [id=2023-04-09T18:16:56Z]
module.core[0].module.role[3].time_sleep.bar: Creation complete after 2s [id=2023-04-09T18:16:56Z]
module.core[0].module.role[42].time_sleep.bar: Creation complete after 3s [id=2023-04-09T18:16:56Z]
module.core[2].module.role[13].time_sleep.bar: Creating...
module.core[2].module.role[33].time_sleep.bar: Creation complete after 2s [id=2023-04-09T18:16:56Z]
module.core[1].module.role[0].time_sleep.bar: Creating...
module.core[2].module.role[34].time_sleep.bar: Creating...
module.core[1].module.role[2].time_sleep.bar: Creating...
module.core[1].module.role[14].time_sleep.bar: Creation complete after 5s [id=2023-04-09T18:16:57Z]
module.core[1].module.role[19].time_sleep.bar: Creating...
module.core[2].module.role[25].time_sleep.bar: Creation complete after 5s [id=2023-04-09T18:16:58Z]
module.core[2].module.role[4].time_sleep.bar: Creating...
module.core[1].module.role[17].time_sleep.bar: Creation complete after 3s [id=2023-04-09T18:16:58Z]
module.core[1].module.role[23].time_sleep.bar: Creating...
module.core[2].module.role[17].time_sleep.bar: Creation complete after 5s [id=2023-04-09T18:16:58Z]
module.core[0].module.role[8].time_sleep.bar: Creating...
module.core[1].module.role[2].time_sleep.bar: Creation complete after 3s [id=2023-04-09T18:16:59Z]
module.core[1].module.role[16].time_sleep.bar: Creating...
module.core[1].module.role[31].time_sleep.bar: Creation complete after 5s [id=2023-04-09T18:16:59Z]
module.core[0].module.security_rule[6].time_sleep.bar: Creating...
module.core[0].module.role[8].time_sleep.bar: Creation complete after 1s [id=2023-04-09T18:16:59Z]
module.core[1].module.role[9].time_sleep.bar: Creating...
module.core[1].module.role[19].time_sleep.bar: Creation complete after 2s [id=2023-04-09T18:16:59Z]
module.core[2].module.role[21].time_sleep.bar: Creating...
module.core[2].module.role[4].time_sleep.bar: Creation complete after 2s [id=2023-04-09T18:17:00Z]
module.core[1].module.security_rule[23].time_sleep.bar: Creating...
module.core[2].module.role[13].time_sleep.bar: Creation complete after 4s [id=2023-04-09T18:17:00Z]
module.core[1].module.role[36].time_sleep.bar: Creation complete after 5s [id=2023-04-09T18:17:00Z]
module.core[1].module.role[0].time_sleep.bar: Creation complete after 4s [id=2023-04-09T18:17:00Z]
module.core[0].module.role[41].time_sleep.bar: Creating...
module.core[1].module.role[11].time_sleep.bar: Creating...
module.core[2].module.role[47].time_sleep.bar: Creating...
module.core[1].module.role[9].time_sleep.bar: Creation complete after 1s [id=2023-04-09T18:17:00Z]
module.core[0].module.role[5].time_sleep.bar: Creating...
module.core[2].module.role[34].time_sleep.bar: Creation complete after 5s [id=2023-04-09T18:17:01Z]
module.core[0].module.role[30].time_sleep.bar: Creating...
module.core[0].module.role[5].time_sleep.bar: Creation complete after 1s [id=2023-04-09T18:17:02Z]
module.core[2].module.role[31].time_sleep.bar: Creating...
module.core[1].module.security_rule[23].time_sleep.bar: Provisioning with 'local-exec'...
module.core[1].module.security_rule[23].time_sleep.bar (local-exec): Executing: ["/bin/sh" "-c" "if [ 2 -gt 4 ]; then return 1; fi"]
module.core[1].module.security_rule[23].time_sleep.bar: Creation complete after 2s [id=2023-04-09T18:17:02Z]
module.core[2].module.security_rule[5].time_sleep.bar: Creating...
module.core[0].module.security_rule[6].time_sleep.bar: Provisioning with 'local-exec'...
module.core[0].module.security_rule[6].time_sleep.bar (local-exec): Executing: ["/bin/sh" "-c" "if [ 3 -gt 4 ]; then return 1; fi"]
module.core[0].module.security_rule[6].time_sleep.bar: Creation complete after 3s [id=2023-04-09T18:17:02Z]
module.core[0].module.role[28].time_sleep.bar: Creating...
module.core[2].module.role[31].time_sleep.bar: Creation complete after 1s [id=2023-04-09T18:17:03Z]
module.core[2].module.role[43].time_sleep.bar: Creating...
module.core[0].module.role[41].time_sleep.bar: Creation complete after 4s [id=2023-04-09T18:17:03Z]
module.core[2].module.role[47].time_sleep.bar: Creation complete after 3s [id=2023-04-09T18:17:03Z]
module.core[1].module.role[23].time_sleep.bar: Creation complete after 5s [id=2023-04-09T18:17:03Z]
module.core[1].module.role[16].time_sleep.bar: Creation complete after 4s [id=2023-04-09T18:17:03Z]
module.core[2].module.role[3].time_sleep.bar: Creating...
module.core[1].module.role[24].time_sleep.bar: Creating...
module.core[1].module.role[6].time_sleep.bar: Creating...
module.core[1].module.role[43].time_sleep.bar: Creating...
module.core[2].module.role[21].time_sleep.bar: Creation complete after 4s [id=2023-04-09T18:17:04Z]
module.core[1].module.role[28].time_sleep.bar: Creating...
module.core[0].module.role[30].time_sleep.bar: Creation complete after 3s [id=2023-04-09T18:17:04Z]
module.core[2].module.security_rule[33].time_sleep.bar: Creating...
module.core[0].module.role[28].time_sleep.bar: Creation complete after 2s [id=2023-04-09T18:17:04Z]
module.core[0].module.role[27].time_sleep.bar: Creating...
module.core[1].module.role[11].time_sleep.bar: Creation complete after 5s [id=2023-04-09T18:17:05Z]
module.core[2].module.security_rule[10].time_sleep.bar: Creating...
module.core[2].module.security_rule[33].time_sleep.bar: Provisioning with 'local-exec'...
module.core[2].module.security_rule[33].time_sleep.bar (local-exec): Executing: ["/bin/sh" "-c" "if [ 1 -gt 4 ]; then return 1; fi"]
module.core[2].module.security_rule[33].time_sleep.bar: Creation complete after 1s [id=2023-04-09T18:17:05Z]
module.core[2].module.role[35].time_sleep.bar: Creating...
module.core[1].module.role[28].time_sleep.bar: Creation complete after 2s [id=2023-04-09T18:17:06Z]
module.core[0].module.role[43].time_sleep.bar: Creating...
module.core[2].module.role[43].time_sleep.bar: Creation complete after 3s [id=2023-04-09T18:17:06Z]
module.core[0].module.role[33].time_sleep.bar: Creating...
module.core[2].module.security_rule[5].time_sleep.bar: Provisioning with 'local-exec'...
module.core[2].module.security_rule[5].time_sleep.bar (local-exec): Executing: ["/bin/sh" "-c" "if [ 4 -gt 4 ]; then return 1; fi"]
module.core[2].module.security_rule[5].time_sleep.bar: Creation complete after 4s [id=2023-04-09T18:17:06Z]
module.core[2].module.role[46].time_sleep.bar: Creating...
module.core[1].module.role[24].time_sleep.bar: Creation complete after 3s [id=2023-04-09T18:17:06Z]
module.core[2].module.role[3].time_sleep.bar: Creation complete after 3s [id=2023-04-09T18:17:06Z]
module.core[1].module.security_rule[5].time_sleep.bar: Creating...
module.core[0].module.role[49].time_sleep.bar: Creating...
module.core[0].module.role[43].time_sleep.bar: Creation complete after 1s [id=2023-04-09T18:17:07Z]
module.core[2].module.role[10].time_sleep.bar: Creating...
module.core[1].module.security_rule[5].time_sleep.bar: Provisioning with 'local-exec'...
module.core[1].module.security_rule[5].time_sleep.bar (local-exec): Executing: ["/bin/sh" "-c" "if [ 1 -gt 4 ]; then return 1; fi"]
module.core[1].module.security_rule[5].time_sleep.bar: Creation complete after 1s [id=2023-04-09T18:17:07Z]
module.core[1].module.security_rule[19].time_sleep.bar: Creating...
module.core[1].module.role[43].time_sleep.bar: Creation complete after 5s [id=2023-04-09T18:17:08Z]
module.core[1].module.role[6].time_sleep.bar: Creation complete after 5s [id=2023-04-09T18:17:08Z]
module.core[0].module.role[21].time_sleep.bar: Creating...
module.core[2].module.role[15].time_sleep.bar: Creating...
module.core[0].module.role[49].time_sleep.bar: Creation complete after 3s [id=2023-04-09T18:17:09Z]
module.core[1].module.security_rule[19].time_sleep.bar: Provisioning with 'local-exec'...
module.core[1].module.security_rule[19].time_sleep.bar (local-exec): Executing: ["/bin/sh" "-c" "if [ 2 -gt 4 ]; then return 1; fi"]
module.core[1].module.security_rule[19].time_sleep.bar: Creation complete after 2s [id=2023-04-09T18:17:09Z]
module.core[2].module.role[45].time_sleep.bar: Creating...
module.core[1].module.role[7].time_sleep.bar: Creating...
module.core[0].module.role[27].time_sleep.bar: Creation complete after 5s [id=2023-04-09T18:17:09Z]
module.core[2].module.security_rule[18].time_sleep.bar: Creating...
module.core[2].module.security_rule[18].time_sleep.bar: Provisioning with 'local-exec'...
module.core[2].module.security_rule[18].time_sleep.bar (local-exec): Executing: ["/bin/sh" "-c" "if [ 0 -gt 4 ]; then return 1; fi"]
module.core[2].module.security_rule[18].time_sleep.bar: Creation complete after 0s [id=2023-04-09T18:17:09Z]
module.core[0].module.role[20].time_sleep.bar: Creating...
module.core[2].module.security_rule[10].time_sleep.bar: Provisioning with 'local-exec'...
module.core[2].module.security_rule[10].time_sleep.bar (local-exec): Executing: ["/bin/sh" "-c" "if [ 5 -gt 4 ]; then return 1; fi"]
module.core[2].module.security_rule[10].time_sleep.bar (local-exec): /bin/sh: line 1: return: can only `return' from a function or sourced script
module.core[2].module.role[35].time_sleep.bar: Creation complete after 5s [id=2023-04-09T18:17:10Z]
module.core[0].module.security_rule[32].time_sleep.bar: Creating...
module.core[2].module.role[23].time_sleep.bar: Creating...
module.core[2].module.role[15].time_sleep.bar: Creation complete after 2s [id=2023-04-09T18:17:10Z]
module.core[0].module.role[44].time_sleep.bar: Creating...
module.core[0].module.role[33].time_sleep.bar: Creation complete after 5s [id=2023-04-09T18:17:11Z]
module.core[0].module.role[46].time_sleep.bar: Creating...
module.core[2].module.role[46].time_sleep.bar: Creation complete after 5s [id=2023-04-09T18:17:11Z]
module.core[1].module.role[20].time_sleep.bar: Creating...
module.core[2].module.role[10].time_sleep.bar: Creation complete after 5s [id=2023-04-09T18:17:12Z]
module.core[1].module.security_rule[10].time_sleep.bar: Creating...
module.core[1].module.role[7].time_sleep.bar: Creation complete after 3s [id=2023-04-09T18:17:12Z]
module.core[0].module.role[12].time_sleep.bar: Creating...
module.core[0].module.role[46].time_sleep.bar: Creation complete after 2s [id=2023-04-09T18:17:13Z]
module.core[1].module.security_rule[18].time_sleep.bar: Creating...
module.core[0].module.security_rule[32].time_sleep.bar: Provisioning with 'local-exec'...
module.core[0].module.security_rule[32].time_sleep.bar (local-exec): Executing: ["/bin/sh" "-c" "if [ 3 -gt 4 ]; then return 1; fi"]
module.core[0].module.security_rule[32].time_sleep.bar: Creation complete after 3s [id=2023-04-09T18:17:13Z]
module.core[1].module.security_rule[33].time_sleep.bar: Creating...
module.core[0].module.role[21].time_sleep.bar: Creation complete after 5s [id=2023-04-09T18:17:13Z]
module.core[1].module.security_rule[2].time_sleep.bar: Creating...
module.core[2].module.role[45].time_sleep.bar: Creation complete after 5s [id=2023-04-09T18:17:14Z]
module.core[1].module.security_rule[26].time_sleep.bar: Creating...
module.core[0].module.role[20].time_sleep.bar: Creation complete after 5s [id=2023-04-09T18:17:14Z]
module.core[0].module.security_rule[24].time_sleep.bar: Creating...
module.core[1].module.security_rule[10].time_sleep.bar: Provisioning with 'local-exec'...
module.core[1].module.security_rule[10].time_sleep.bar (local-exec): Executing: ["/bin/sh" "-c" "if [ 3 -gt 4 ]; then return 1; fi"]
module.core[1].module.security_rule[10].time_sleep.bar: Creation complete after 3s [id=2023-04-09T18:17:15Z]
module.core[1].module.security_rule[32].time_sleep.bar: Creating...
module.core[1].module.security_rule[32].time_sleep.bar: Provisioning with 'local-exec'...
module.core[1].module.security_rule[32].time_sleep.bar (local-exec): Executing: ["/bin/sh" "-c" "if [ 0 -gt 4 ]; then return 1; fi"]
module.core[1].module.security_rule[32].time_sleep.bar: Creation complete after 0s [id=2023-04-09T18:17:15Z]
module.core[0].module.security_rule[5].time_sleep.bar: Creating...
module.core[2].module.role[23].time_sleep.bar: Creation complete after 5s [id=2023-04-09T18:17:15Z]
module.core[1].module.security_rule[25].time_sleep.bar: Creating...
module.core[0].module.role[44].time_sleep.bar: Creation complete after 5s [id=2023-04-09T18:17:15Z]
module.core[2].module.security_rule[11].time_sleep.bar: Creating...
module.core[0].module.security_rule[5].time_sleep.bar: Provisioning with 'local-exec'...
module.core[0].module.security_rule[5].time_sleep.bar (local-exec): Executing: ["/bin/sh" "-c" "if [ 1 -gt 4 ]; then return 1; fi"]
module.core[0].module.security_rule[5].time_sleep.bar: Creation complete after 1s [id=2023-04-09T18:17:16Z]
module.core[0].module.security_rule[28].time_sleep.bar: Creating...
module.core[1].module.role[20].time_sleep.bar: Creation complete after 5s [id=2023-04-09T18:17:16Z]
module.core[2].module.security_rule[2].time_sleep.bar: Creating...
module.core[1].module.security_rule[26].time_sleep.bar: Provisioning with 'local-exec'...
module.core[1].module.security_rule[26].time_sleep.bar (local-exec): Executing: ["/bin/sh" "-c" "if [ 3 -gt 4 ]; then return 1; fi"]
module.core[1].module.security_rule[26].time_sleep.bar: Creation complete after 3s [id=2023-04-09T18:17:17Z]
module.core[0].module.role[12].time_sleep.bar: Creation complete after 5s [id=2023-04-09T18:17:17Z]
module.core[0].module.security_rule[33].time_sleep.bar: Creating...
module.core[2].module.security_rule[27].time_sleep.bar: Creating...
module.core[1].module.security_rule[18].time_sleep.bar: Provisioning with 'local-exec'...
module.core[1].module.security_rule[18].time_sleep.bar (local-exec): Executing: ["/bin/sh" "-c" "if [ 5 -gt 4 ]; then return 1; fi"]
module.core[1].module.security_rule[18].time_sleep.bar (local-exec): /bin/sh: line 1: return: can only `return' from a function or sourced script
module.core[2].module.security_rule[13].time_sleep.bar: Creating...
module.core[2].module.security_rule[13].time_sleep.bar: Provisioning with 'local-exec'...
module.core[2].module.security_rule[13].time_sleep.bar (local-exec): Executing: ["/bin/sh" "-c" "if [ 0 -gt 4 ]; then return 1; fi"]
module.core[2].module.security_rule[13].time_sleep.bar: Creation complete after 0s [id=2023-04-09T18:17:18Z]
module.core[0].module.security_rule[30].time_sleep.bar: Creating...
module.core[2].module.security_rule[2].time_sleep.bar: Provisioning with 'local-exec'...
module.core[2].module.security_rule[2].time_sleep.bar (local-exec): Executing: ["/bin/sh" "-c" "if [ 2 -gt 4 ]; then return 1; fi"]
module.core[2].module.security_rule[2].time_sleep.bar: Creation complete after 2s [id=2023-04-09T18:17:18Z]
module.core[1].module.security_rule[25].time_sleep.bar: Provisioning with 'local-exec'...
module.core[1].module.security_rule[33].time_sleep.bar: Provisioning with 'local-exec'...
module.core[1].module.security_rule[25].time_sleep.bar (local-exec): Executing: ["/bin/sh" "-c" "if [ 3 -gt 4 ]; then return 1; fi"]
module.core[1].module.security_rule[33].time_sleep.bar (local-exec): Executing: ["/bin/sh" "-c" "if [ 5 -gt 4 ]; then return 1; fi"]
module.core[1].module.security_rule[33].time_sleep.bar (local-exec): /bin/sh: line 1: return: can only `return' from a function or sourced script
module.core[1].module.security_rule[25].time_sleep.bar: Creation complete after 3s [id=2023-04-09T18:17:18Z]
module.core[0].module.security_rule[15].time_sleep.bar: Creating...
module.core[1].module.security_rule[2].time_sleep.bar: Provisioning with 'local-exec'...
module.core[1].module.security_rule[2].time_sleep.bar (local-exec): Executing: ["/bin/sh" "-c" "if [ 5 -gt 4 ]; then return 1; fi"]
module.core[1].module.security_rule[2].time_sleep.bar (local-exec): /bin/sh: line 1: return: can only `return' from a function or sourced script
module.core[0].module.security_rule[22].time_sleep.bar: Creating...
module.core[1].module.security_rule[1].time_sleep.bar: Creating...
module.core[2].module.security_rule[32].time_sleep.bar: Creating...
module.core[2].module.security_rule[11].time_sleep.bar: Provisioning with 'local-exec'...
module.core[2].module.security_rule[11].time_sleep.bar (local-exec): Executing: ["/bin/sh" "-c" "if [ 3 -gt 4 ]; then return 1; fi"]
module.core[2].module.security_rule[11].time_sleep.bar: Creation complete after 3s [id=2023-04-09T18:17:18Z]
module.core[0].module.security_rule[31].time_sleep.bar: Creating...
module.core[0].module.security_rule[24].time_sleep.bar: Provisioning with 'local-exec'...
module.core[0].module.security_rule[24].time_sleep.bar (local-exec): Executing: ["/bin/sh" "-c" "if [ 4 -gt 4 ]; then return 1; fi"]
module.core[0].module.security_rule[24].time_sleep.bar: Creation complete after 4s [id=2023-04-09T18:17:18Z]
module.core[1].module.security_rule[22].time_sleep.bar: Creating...
module.core[0].module.security_rule[28].time_sleep.bar: Provisioning with 'local-exec'...
module.core[0].module.security_rule[28].time_sleep.bar (local-exec): Executing: ["/bin/sh" "-c" "if [ 3 -gt 4 ]; then return 1; fi"]
module.core[0].module.security_rule[28].time_sleep.bar: Creation complete after 3s [id=2023-04-09T18:17:19Z]
module.core[0].module.security_rule[16].time_sleep.bar: Creating...
module.core[1].module.security_rule[22].time_sleep.bar: Provisioning with 'local-exec'...
module.core[1].module.security_rule[22].time_sleep.bar (local-exec): Executing: ["/bin/sh" "-c" "if [ 1 -gt 4 ]; then return 1; fi"]
module.core[1].module.security_rule[22].time_sleep.bar: Creation complete after 1s [id=2023-04-09T18:17:19Z]
module.core[0].module.security_rule[33].time_sleep.bar: Provisioning with 'local-exec'...
module.core[0].module.security_rule[33].time_sleep.bar (local-exec): Executing: ["/bin/sh" "-c" "if [ 2 -gt 4 ]; then return 1; fi"]
module.core[0].module.security_rule[33].time_sleep.bar: Creation complete after 2s [id=2023-04-09T18:17:19Z]
module.core[0].module.security_rule[14].time_sleep.bar: Creating...
module.core[2].module.security_rule[25].time_sleep.bar: Creating...
module.core[0].module.security_rule[15].time_sleep.bar: Provisioning with 'local-exec'...
module.core[0].module.security_rule[15].time_sleep.bar (local-exec): Executing: ["/bin/sh" "-c" "if [ 4 -gt 4 ]; then return 1; fi"]
module.core[0].module.security_rule[15].time_sleep.bar: Creation complete after 4s [id=2023-04-09T18:17:22Z]
module.core[0].module.security_rule[22].time_sleep.bar: Provisioning with 'local-exec'...
module.core[0].module.security_rule[22].time_sleep.bar (local-exec): Executing: ["/bin/sh" "-c" "if [ 4 -gt 4 ]; then return 1; fi"]
module.core[2].module.security_rule[32].time_sleep.bar: Provisioning with 'local-exec'...
module.core[2].module.security_rule[32].time_sleep.bar (local-exec): Executing: ["/bin/sh" "-c" "if [ 4 -gt 4 ]; then return 1; fi"]
module.core[2].module.security_rule[32].time_sleep.bar: Creation complete after 4s [id=2023-04-09T18:17:22Z]
module.core[0].module.role[22].time_sleep.bar: Creating...
module.core[0].module.security_rule[22].time_sleep.bar: Creation complete after 4s [id=2023-04-09T18:17:22Z]
module.core[2].module.security_rule[30].time_sleep.bar: Creating...
module.core[1].module.security_rule[28].time_sleep.bar: Creating...
module.core[0].module.security_rule[31].time_sleep.bar: Provisioning with 'local-exec'...
module.core[0].module.security_rule[31].time_sleep.bar (local-exec): Executing: ["/bin/sh" "-c" "if [ 4 -gt 4 ]; then return 1; fi"]
module.core[0].module.security_rule[31].time_sleep.bar: Creation complete after 4s [id=2023-04-09T18:17:22Z]
module.core[0].module.security_rule[0].time_sleep.bar: Creating...
module.core[0].module.security_rule[0].time_sleep.bar: Provisioning with 'local-exec'...
module.core[0].module.security_rule[0].time_sleep.bar (local-exec): Executing: ["/bin/sh" "-c" "if [ 0 -gt 4 ]; then return 1; fi"]
module.core[0].module.security_rule[0].time_sleep.bar: Creation complete after 0s [id=2023-04-09T18:17:22Z]
module.core[2].module.security_rule[27].time_sleep.bar: Provisioning with 'local-exec'...
module.core[2].module.security_rule[27].time_sleep.bar (local-exec): Executing: ["/bin/sh" "-c" "if [ 5 -gt 4 ]; then return 1; fi"]
module.core[2].module.security_rule[27].time_sleep.bar (local-exec): /bin/sh: line 1: return: can only `return' from a function or sourced script
module.core[2].module.security_rule[19].time_sleep.bar: Creating...
module.core[0].module.security_rule[21].time_sleep.bar: Creating...
module.core[0].module.security_rule[14].time_sleep.bar: Provisioning with 'local-exec'...
module.core[0].module.security_rule[14].time_sleep.bar (local-exec): Executing: ["/bin/sh" "-c" "if [ 3 -gt 4 ]; then return 1; fi"]
module.core[0].module.security_rule[14].time_sleep.bar: Creation complete after 3s [id=2023-04-09T18:17:22Z]
module.core[2].module.security_rule[25].time_sleep.bar: Provisioning with 'local-exec'...
module.core[2].module.security_rule[25].time_sleep.bar (local-exec): Executing: ["/bin/sh" "-c" "if [ 3 -gt 4 ]; then return 1; fi"]
module.core[2].module.security_rule[25].time_sleep.bar: Creation complete after 3s [id=2023-04-09T18:17:22Z]
module.core[1].module.security_rule[8].time_sleep.bar: Creating...
module.core[1].module.security_rule[20].time_sleep.bar: Creating...
module.core[0].module.security_rule[30].time_sleep.bar: Provisioning with 'local-exec'...
module.core[0].module.security_rule[30].time_sleep.bar (local-exec): Executing: ["/bin/sh" "-c" "if [ 5 -gt 4 ]; then return 1; fi"]
module.core[0].module.security_rule[30].time_sleep.bar (local-exec): /bin/sh: line 1: return: can only `return' from a function or sourced script
module.core[1].module.security_rule[13].time_sleep.bar: Creating...
module.core[1].module.security_rule[13].time_sleep.bar: Provisioning with 'local-exec'...
module.core[1].module.security_rule[13].time_sleep.bar (local-exec): Executing: ["/bin/sh" "-c" "if [ 0 -gt 4 ]; then return 1; fi"]
module.core[1].module.security_rule[13].time_sleep.bar: Creation complete after 0s [id=2023-04-09T18:17:23Z]
module.core[0].module.security_rule[1].time_sleep.bar: Creating...
module.core[1].module.security_rule[1].time_sleep.bar: Provisioning with 'local-exec'...
module.core[1].module.security_rule[1].time_sleep.bar (local-exec): Executing: ["/bin/sh" "-c" "if [ 5 -gt 4 ]; then return 1; fi"]
module.core[1].module.security_rule[1].time_sleep.bar (local-exec): /bin/sh: line 1: return: can only `return' from a function or sourced script
module.core[0].module.security_rule[20].time_sleep.bar: Creating...
module.core[0].module.security_rule[21].time_sleep.bar: Provisioning with 'local-exec'...
module.core[0].module.security_rule[21].time_sleep.bar (local-exec): Executing: ["/bin/sh" "-c" "if [ 1 -gt 4 ]; then return 1; fi"]
module.core[0].module.security_rule[21].time_sleep.bar: Creation complete after 1s [id=2023-04-09T18:17:23Z]
module.core[2].module.security_rule[3].time_sleep.bar: Creating...
module.core[0].module.security_rule[16].time_sleep.bar: Provisioning with 'local-exec'...
module.core[0].module.security_rule[16].time_sleep.bar (local-exec): Executing: ["/bin/sh" "-c" "if [ 5 -gt 4 ]; then return 1; fi"]
module.core[0].module.security_rule[16].time_sleep.bar (local-exec): /bin/sh: line 1: return: can only `return' from a function or sourced script
module.core[1].module.security_rule[30].time_sleep.bar: Creating...
module.core[0].module.role[22].time_sleep.bar: Creation complete after 2s [id=2023-04-09T18:17:24Z]
module.core[1].module.security_rule[28].time_sleep.bar: Provisioning with 'local-exec'...
module.core[2].module.security_rule[30].time_sleep.bar: Provisioning with 'local-exec'...
module.core[1].module.security_rule[28].time_sleep.bar (local-exec): Executing: ["/bin/sh" "-c" "if [ 2 -gt 4 ]; then return 1; fi"]
module.core[2].module.security_rule[30].time_sleep.bar (local-exec): Executing: ["/bin/sh" "-c" "if [ 2 -gt 4 ]; then return 1; fi"]
module.core[2].module.security_rule[30].time_sleep.bar: Creation complete after 2s [id=2023-04-09T18:17:24Z]
module.core[0].module.security_rule[17].time_sleep.bar: Creating...
module.core[1].module.security_rule[28].time_sleep.bar: Creation complete after 2s [id=2023-04-09T18:17:24Z]
module.core[2].module.security_rule[6].time_sleep.bar: Creating...
module.core[2].module.security_rule[26].time_sleep.bar: Creating...
module.core[1].module.security_rule[20].time_sleep.bar: Provisioning with 'local-exec'...
module.core[1].module.security_rule[20].time_sleep.bar (local-exec): Executing: ["/bin/sh" "-c" "if [ 2 -gt 4 ]; then return 1; fi"]
module.core[1].module.security_rule[20].time_sleep.bar: Creation complete after 2s [id=2023-04-09T18:17:25Z]
module.core[2].module.security_rule[20].time_sleep.bar: Creating...
module.core[1].module.security_rule[8].time_sleep.bar: Provisioning with 'local-exec'...
module.core[1].module.security_rule[8].time_sleep.bar (local-exec): Executing: ["/bin/sh" "-c" "if [ 3 -gt 4 ]; then return 1; fi"]
module.core[1].module.security_rule[8].time_sleep.bar: Creation complete after 3s [id=2023-04-09T18:17:26Z]
module.core[2].module.security_rule[3].time_sleep.bar: Provisioning with 'local-exec'...
module.core[2].module.security_rule[3].time_sleep.bar (local-exec): Executing: ["/bin/sh" "-c" "if [ 2 -gt 4 ]; then return 1; fi"]
module.core[2].module.security_rule[3].time_sleep.bar: Creation complete after 2s [id=2023-04-09T18:17:26Z]
module.core[2].module.security_rule[34].time_sleep.bar: Creating...
module.core[0].module.security_rule[27].time_sleep.bar: Creating...
module.core[2].module.security_rule[26].time_sleep.bar: Provisioning with 'local-exec'...
module.core[2].module.security_rule[26].time_sleep.bar (local-exec): Executing: ["/bin/sh" "-c" "if [ 2 -gt 4 ]; then return 1; fi"]
module.core[2].module.security_rule[26].time_sleep.bar: Creation complete after 2s [id=2023-04-09T18:17:26Z]
module.core[1].module.security_rule[4].time_sleep.bar: Creating...
module.core[2].module.security_rule[20].time_sleep.bar: Provisioning with 'local-exec'...
module.core[2].module.security_rule[20].time_sleep.bar (local-exec): Executing: ["/bin/sh" "-c" "if [ 2 -gt 4 ]; then return 1; fi"]
module.core[2].module.security_rule[20].time_sleep.bar: Creation complete after 2s [id=2023-04-09T18:17:27Z]
module.core[1].module.security_rule[27].time_sleep.bar: Creating...
module.core[2].module.security_rule[34].time_sleep.bar: Provisioning with 'local-exec'...
module.core[2].module.security_rule[34].time_sleep.bar (local-exec): Executing: ["/bin/sh" "-c" "if [ 1 -gt 4 ]; then return 1; fi"]
module.core[2].module.security_rule[34].time_sleep.bar: Creation complete after 1s [id=2023-04-09T18:17:27Z]
module.core[0].module.security_rule[11].time_sleep.bar: Creating...
module.core[0].module.security_rule[1].time_sleep.bar: Provisioning with 'local-exec'...
module.core[0].module.security_rule[1].time_sleep.bar (local-exec): Executing: ["/bin/sh" "-c" "if [ 4 -gt 4 ]; then return 1; fi"]
module.core[0].module.security_rule[1].time_sleep.bar: Creation complete after 5s [id=2023-04-09T18:17:27Z]
module.core[0].module.security_rule[10].time_sleep.bar: Creating...
module.core[0].module.security_rule[20].time_sleep.bar: Provisioning with 'local-exec'...
module.core[0].module.security_rule[20].time_sleep.bar (local-exec): Executing: ["/bin/sh" "-c" "if [ 4 -gt 4 ]; then return 1; fi"]
module.core[0].module.security_rule[20].time_sleep.bar: Creation complete after 4s [id=2023-04-09T18:17:27Z]
module.core[0].module.security_rule[17].time_sleep.bar: Provisioning with 'local-exec'...
module.core[0].module.security_rule[17].time_sleep.bar (local-exec): Executing: ["/bin/sh" "-c" "if [ 3 -gt 4 ]; then return 1; fi"]
module.core[0].module.security_rule[17].time_sleep.bar: Creation complete after 3s [id=2023-04-09T18:17:27Z]
module.core[0].module.security_rule[2].time_sleep.bar: Creating...
module.core[0].module.security_rule[2].time_sleep.bar: Provisioning with 'local-exec'...
module.core[0].module.security_rule[2].time_sleep.bar (local-exec): Executing: ["/bin/sh" "-c" "if [ 0 -gt 4 ]; then return 1; fi"]
module.core[1].module.security_rule[0].time_sleep.bar: Creating...
module.core[0].module.security_rule[2].time_sleep.bar: Creation complete after 0s [id=2023-04-09T18:17:27Z]
module.core[2].module.security_rule[17].time_sleep.bar: Creating...
module.core[2].module.security_rule[19].time_sleep.bar: Provisioning with 'local-exec'...
module.core[2].module.security_rule[19].time_sleep.bar (local-exec): Executing: ["/bin/sh" "-c" "if [ 5 -gt 4 ]; then return 1; fi"]
module.core[2].module.security_rule[19].time_sleep.bar (local-exec): /bin/sh: line 1: return: can only `return' from a function or sourced script
module.core[2].module.security_rule[22].time_sleep.bar: Creating...
module.core[1].module.security_rule[27].time_sleep.bar: Provisioning with 'local-exec'...
module.core[1].module.security_rule[27].time_sleep.bar (local-exec): Executing: ["/bin/sh" "-c" "if [ 1 -gt 4 ]; then return 1; fi"]
module.core[1].module.security_rule[27].time_sleep.bar: Creation complete after 1s [id=2023-04-09T18:17:28Z]
module.core[1].module.security_rule[31].time_sleep.bar: Creating...
module.core[2].module.security_rule[6].time_sleep.bar: Provisioning with 'local-exec'...
module.core[2].module.security_rule[6].time_sleep.bar (local-exec): Executing: ["/bin/sh" "-c" "if [ 4 -gt 4 ]; then return 1; fi"]
module.core[2].module.security_rule[6].time_sleep.bar: Creation complete after 4s [id=2023-04-09T18:17:28Z]
module.core[0].module.security_rule[29].time_sleep.bar: Creating...
module.core[1].module.security_rule[30].time_sleep.bar: Provisioning with 'local-exec'...
module.core[1].module.security_rule[30].time_sleep.bar (local-exec): Executing: ["/bin/sh" "-c" "if [ 5 -gt 4 ]; then return 1; fi"]
module.core[1].module.security_rule[30].time_sleep.bar (local-exec): /bin/sh: line 1: return: can only `return' from a function or sourced script
module.core[1].module.security_rule[21].time_sleep.bar: Creating...
module.core[1].module.security_rule[21].time_sleep.bar: Provisioning with 'local-exec'...
module.core[1].module.security_rule[21].time_sleep.bar (local-exec): Executing: ["/bin/sh" "-c" "if [ 0 -gt 4 ]; then return 1; fi"]
module.core[1].module.security_rule[21].time_sleep.bar: Creation complete after 0s [id=2023-04-09T18:17:29Z]
module.core[0].module.security_rule[26].time_sleep.bar: Creating...
module.core[0].module.security_rule[10].time_sleep.bar: Provisioning with 'local-exec'...
module.core[0].module.security_rule[10].time_sleep.bar (local-exec): Executing: ["/bin/sh" "-c" "if [ 2 -gt 4 ]; then return 1; fi"]
module.core[0].module.security_rule[10].time_sleep.bar: Creation complete after 2s [id=2023-04-09T18:17:29Z]
module.core[0].module.security_rule[34].time_sleep.bar: Creating...
module.core[1].module.security_rule[4].time_sleep.bar: Provisioning with 'local-exec'...
module.core[1].module.security_rule[4].time_sleep.bar (local-exec): Executing: ["/bin/sh" "-c" "if [ 3 -gt 4 ]; then return 1; fi"]
module.core[1].module.security_rule[4].time_sleep.bar: Creation complete after 3s [id=2023-04-09T18:17:29Z]
module.core[2].module.security_rule[15].time_sleep.bar: Creating...
module.core[0].module.security_rule[27].time_sleep.bar: Provisioning with 'local-exec'...
module.core[0].module.security_rule[27].time_sleep.bar (local-exec): Executing: ["/bin/sh" "-c" "if [ 4 -gt 4 ]; then return 1; fi"]
module.core[0].module.security_rule[27].time_sleep.bar: Creation complete after 4s [id=2023-04-09T18:17:30Z]
module.core[0].module.security_rule[11].time_sleep.bar: Provisioning with 'local-exec'...
module.core[0].module.security_rule[11].time_sleep.bar (local-exec): Executing: ["/bin/sh" "-c" "if [ 3 -gt 4 ]; then return 1; fi"]
module.core[0].module.security_rule[11].time_sleep.bar: Creation complete after 3s [id=2023-04-09T18:17:30Z]
module.core[2].module.security_rule[9].time_sleep.bar: Creating...
module.core[0].module.security_rule[19].time_sleep.bar: Creating...
module.core[1].module.security_rule[0].time_sleep.bar: Provisioning with 'local-exec'...
module.core[1].module.security_rule[0].time_sleep.bar (local-exec): Executing: ["/bin/sh" "-c" "if [ 3 -gt 4 ]; then return 1; fi"]
module.core[1].module.security_rule[0].time_sleep.bar: Creation complete after 3s [id=2023-04-09T18:17:30Z]
module.core[1].module.security_rule[16].time_sleep.bar: Creating...
module.core[0].module.security_rule[29].time_sleep.bar: Provisioning with 'local-exec'...
module.core[0].module.security_rule[29].time_sleep.bar (local-exec): Executing: ["/bin/sh" "-c" "if [ 3 -gt 4 ]; then return 1; fi"]
module.core[2].module.security_rule[17].time_sleep.bar: Provisioning with 'local-exec'...
module.core[2].module.security_rule[17].time_sleep.bar (local-exec): Executing: ["/bin/sh" "-c" "if [ 4 -gt 4 ]; then return 1; fi"]
module.core[0].module.security_rule[29].time_sleep.bar: Creation complete after 3s [id=2023-04-09T18:17:31Z]
module.core[2].module.security_rule[17].time_sleep.bar: Creation complete after 4s [id=2023-04-09T18:17:31Z]
module.core[2].module.security_rule[22].time_sleep.bar: Provisioning with 'local-exec'...
module.core[2].module.security_rule[22].time_sleep.bar (local-exec): Executing: ["/bin/sh" "-c" "if [ 4 -gt 4 ]; then return 1; fi"]
module.core[2].module.security_rule[22].time_sleep.bar: Creation complete after 4s [id=2023-04-09T18:17:32Z]
module.core[0].module.security_rule[13].time_sleep.bar: Creating...
module.core[1].module.security_rule[6].time_sleep.bar: Creating...
module.core[1].module.security_rule[6].time_sleep.bar: Provisioning with 'local-exec'...
module.core[1].module.security_rule[6].time_sleep.bar (local-exec): Executing: ["/bin/sh" "-c" "if [ 0 -gt 4 ]; then return 1; fi"]
module.core[0].module.security_rule[8].time_sleep.bar: Creating...
module.core[1].module.security_rule[6].time_sleep.bar: Creation complete after 0s [id=2023-04-09T18:17:32Z]
module.core[1].module.security_rule[31].time_sleep.bar: Provisioning with 'local-exec'...
module.core[1].module.security_rule[31].time_sleep.bar (local-exec): Executing: ["/bin/sh" "-c" "if [ 4 -gt 4 ]; then return 1; fi"]
module.core[1].module.security_rule[31].time_sleep.bar: Creation complete after 4s [id=2023-04-09T18:17:32Z]
module.core[2].module.security_rule[16].time_sleep.bar: Creating...
module.core[0].module.security_rule[3].time_sleep.bar: Creating...
module.core[0].module.security_rule[3].time_sleep.bar: Provisioning with 'local-exec'...
module.core[0].module.security_rule[3].time_sleep.bar (local-exec): Executing: ["/bin/sh" "-c" "if [ 0 -gt 4 ]; then return 1; fi"]
module.core[0].module.security_rule[3].time_sleep.bar: Creation complete after 0s [id=2023-04-09T18:17:32Z]
module.core[0].module.security_rule[12].time_sleep.bar: Creating...
module.core[2].module.security_rule[16].time_sleep.bar: Provisioning with 'local-exec'...
module.core[2].module.security_rule[16].time_sleep.bar (local-exec): Executing: ["/bin/sh" "-c" "if [ 1 -gt 4 ]; then return 1; fi"]
module.core[2].module.security_rule[16].time_sleep.bar: Creation complete after 1s [id=2023-04-09T18:17:33Z]
module.core[1].module.security_rule[9].time_sleep.bar: Creating...
module.core[0].module.security_rule[26].time_sleep.bar: Provisioning with 'local-exec'...
module.core[0].module.security_rule[26].time_sleep.bar (local-exec): Executing: ["/bin/sh" "-c" "if [ 4 -gt 4 ]; then return 1; fi"]
module.core[0].module.security_rule[26].time_sleep.bar: Creation complete after 4s [id=2023-04-09T18:17:33Z]
module.core[0].module.security_rule[34].time_sleep.bar: Provisioning with 'local-exec'...
module.core[0].module.security_rule[34].time_sleep.bar (local-exec): Executing: ["/bin/sh" "-c" "if [ 4 -gt 4 ]; then return 1; fi"]
module.core[0].module.security_rule[34].time_sleep.bar: Creation complete after 4s [id=2023-04-09T18:17:33Z]
module.core[2].module.security_rule[21].time_sleep.bar: Creating...
module.core[2].module.security_rule[21].time_sleep.bar: Provisioning with 'local-exec'...
module.core[2].module.security_rule[21].time_sleep.bar (local-exec): Executing: ["/bin/sh" "-c" "if [ 0 -gt 4 ]; then return 1; fi"]
module.core[0].module.security_rule[23].time_sleep.bar: Creating...
module.core[2].module.security_rule[21].time_sleep.bar: Creation complete after 0s [id=2023-04-09T18:17:33Z]
module.core[1].module.security_rule[12].time_sleep.bar: Creating...
module.core[1].module.security_rule[12].time_sleep.bar: Provisioning with 'local-exec'...
module.core[1].module.security_rule[12].time_sleep.bar (local-exec): Executing: ["/bin/sh" "-c" "if [ 0 -gt 4 ]; then return 1; fi"]
module.core[1].module.security_rule[12].time_sleep.bar: Creation complete after 0s [id=2023-04-09T18:17:33Z]
module.core[2].module.security_rule[14].time_sleep.bar: Creating...
module.core[0].module.security_rule[13].time_sleep.bar: Provisioning with 'local-exec'...
module.core[0].module.security_rule[13].time_sleep.bar (local-exec): Executing: ["/bin/sh" "-c" "if [ 2 -gt 4 ]; then return 1; fi"]
module.core[0].module.security_rule[8].time_sleep.bar: Provisioning with 'local-exec'...
module.core[0].module.security_rule[8].time_sleep.bar (local-exec): Executing: ["/bin/sh" "-c" "if [ 2 -gt 4 ]; then return 1; fi"]
module.core[0].module.security_rule[13].time_sleep.bar: Creation complete after 2s [id=2023-04-09T18:17:34Z]
module.core[0].module.security_rule[8].time_sleep.bar: Creation complete after 2s [id=2023-04-09T18:17:34Z]
module.core[1].module.security_rule[3].time_sleep.bar: Creating...
module.core[0].module.security_rule[4].time_sleep.bar: Creating...
module.core[0].module.security_rule[12].time_sleep.bar: Provisioning with 'local-exec'...
module.core[0].module.security_rule[12].time_sleep.bar (local-exec): Executing: ["/bin/sh" "-c" "if [ 2 -gt 4 ]; then return 1; fi"]
module.core[0].module.security_rule[12].time_sleep.bar: Creation complete after 2s [id=2023-04-09T18:17:34Z]
module.core[2].module.security_rule[29].time_sleep.bar: Creating...
module.core[2].module.security_rule[15].time_sleep.bar: Provisioning with 'local-exec'...
module.core[2].module.security_rule[15].time_sleep.bar (local-exec): Executing: ["/bin/sh" "-c" "if [ 5 -gt 4 ]; then return 1; fi"]
module.core[2].module.security_rule[15].time_sleep.bar (local-exec): /bin/sh: line 1: return: can only `return' from a function or sourced script
module.core[1].module.security_rule[16].time_sleep.bar: Provisioning with 'local-exec'...
module.core[1].module.security_rule[16].time_sleep.bar (local-exec): Executing: ["/bin/sh" "-c" "if [ 4 -gt 4 ]; then return 1; fi"]
module.core[1].module.security_rule[16].time_sleep.bar: Creation complete after 4s [id=2023-04-09T18:17:35Z]
module.core[2].module.security_rule[8].time_sleep.bar: Creating...
module.core[2].module.security_rule[23].time_sleep.bar: Creating...
module.core[2].module.security_rule[9].time_sleep.bar: Provisioning with 'local-exec'...
module.core[2].module.security_rule[9].time_sleep.bar (local-exec): Executing: ["/bin/sh" "-c" "if [ 5 -gt 4 ]; then return 1; fi"]
module.core[0].module.security_rule[19].time_sleep.bar: Provisioning with 'local-exec'...
module.core[0].module.security_rule[19].time_sleep.bar (local-exec): Executing: ["/bin/sh" "-c" "if [ 5 -gt 4 ]; then return 1; fi"]
module.core[2].module.security_rule[9].time_sleep.bar (local-exec): /bin/sh: line 1: return: can only `return' from a function or sourced script
module.core[0].module.security_rule[19].time_sleep.bar (local-exec): /bin/sh: line 1: return: can only `return' from a function or sourced script
module.core[2].module.security_rule[12].time_sleep.bar: Creating...
module.core[0].module.security_rule[18].time_sleep.bar: Creating...
module.core[2].module.security_rule[14].time_sleep.bar: Provisioning with 'local-exec'...
module.core[2].module.security_rule[14].time_sleep.bar (local-exec): Executing: ["/bin/sh" "-c" "if [ 2 -gt 4 ]; then return 1; fi"]
module.core[2].module.security_rule[14].time_sleep.bar: Creation complete after 2s [id=2023-04-09T18:17:35Z]
module.core[2].module.security_rule[0].time_sleep.bar: Creating...
module.core[2].module.security_rule[23].time_sleep.bar: Provisioning with 'local-exec'...
module.core[2].module.security_rule[23].time_sleep.bar (local-exec): Executing: ["/bin/sh" "-c" "if [ 1 -gt 4 ]; then return 1; fi"]
module.core[2].module.security_rule[23].time_sleep.bar: Creation complete after 1s [id=2023-04-09T18:17:36Z]
module.core[1].module.security_rule[11].time_sleep.bar: Creating...
module.core[0].module.security_rule[4].time_sleep.bar: Provisioning with 'local-exec'...
module.core[0].module.security_rule[4].time_sleep.bar (local-exec): Executing: ["/bin/sh" "-c" "if [ 2 -gt 4 ]; then return 1; fi"]
module.core[0].module.security_rule[4].time_sleep.bar: Creation complete after 2s [id=2023-04-09T18:17:36Z]
module.core[2].module.security_rule[29].time_sleep.bar: Provisioning with 'local-exec'...
module.core[2].module.security_rule[29].time_sleep.bar (local-exec): Executing: ["/bin/sh" "-c" "if [ 2 -gt 4 ]; then return 1; fi"]
module.core[2].module.security_rule[29].time_sleep.bar: Creation complete after 2s [id=2023-04-09T18:17:36Z]
module.core[1].module.security_rule[24].time_sleep.bar: Creating...
module.core[1].module.security_rule[7].time_sleep.bar: Creating...
module.core[1].module.security_rule[7].time_sleep.bar: Provisioning with 'local-exec'...
module.core[1].module.security_rule[7].time_sleep.bar (local-exec): Executing: ["/bin/sh" "-c" "if [ 0 -gt 4 ]; then return 1; fi"]
module.core[1].module.security_rule[7].time_sleep.bar: Creation complete after 0s [id=2023-04-09T18:17:36Z]
module.core[1].module.security_rule[9].time_sleep.bar: Provisioning with 'local-exec'...
module.core[1].module.security_rule[9].time_sleep.bar (local-exec): Executing: ["/bin/sh" "-c" "if [ 3 -gt 4 ]; then return 1; fi"]
module.core[1].module.security_rule[9].time_sleep.bar: Creation complete after 3s [id=2023-04-09T18:17:36Z]
module.core[1].module.security_rule[15].time_sleep.bar: Creating...
module.core[2].module.security_rule[1].time_sleep.bar: Creating...
module.core[1].module.security_rule[11].time_sleep.bar: Provisioning with 'local-exec'...
module.core[1].module.security_rule[11].time_sleep.bar (local-exec): Executing: ["/bin/sh" "-c" "if [ 1 -gt 4 ]; then return 1; fi"]
module.core[1].module.security_rule[11].time_sleep.bar: Creation complete after 1s [id=2023-04-09T18:17:37Z]
module.core[1].module.security_rule[3].time_sleep.bar: Provisioning with 'local-exec'...
module.core[1].module.security_rule[3].time_sleep.bar (local-exec): Executing: ["/bin/sh" "-c" "if [ 3 -gt 4 ]; then return 1; fi"]
module.core[1].module.security_rule[3].time_sleep.bar: Creation complete after 3s [id=2023-04-09T18:17:37Z]
module.core[1].module.security_rule[14].time_sleep.bar: Creating...
module.core[2].module.security_rule[31].time_sleep.bar: Creating...
module.core[2].module.security_rule[31].time_sleep.bar: Provisioning with 'local-exec'...
module.core[2].module.security_rule[31].time_sleep.bar (local-exec): Executing: ["/bin/sh" "-c" "if [ 0 -gt 4 ]; then return 1; fi"]
module.core[2].module.security_rule[31].time_sleep.bar: Creation complete after 0s [id=2023-04-09T18:17:37Z]
module.core[0].module.security_rule[9].time_sleep.bar: Creating...
module.core[1].module.security_rule[24].time_sleep.bar: Provisioning with 'local-exec'...
module.core[1].module.security_rule[24].time_sleep.bar (local-exec): Executing: ["/bin/sh" "-c" "if [ 1 -gt 4 ]; then return 1; fi"]
module.core[1].module.security_rule[24].time_sleep.bar: Creation complete after 1s [id=2023-04-09T18:17:37Z]
module.core[0].module.security_rule[18].time_sleep.bar: Provisioning with 'local-exec'...
module.core[2].module.security_rule[12].time_sleep.bar: Provisioning with 'local-exec'...
module.core[2].module.security_rule[12].time_sleep.bar (local-exec): Executing: ["/bin/sh" "-c" "if [ 2 -gt 4 ]; then return 1; fi"]
module.core[0].module.security_rule[18].time_sleep.bar (local-exec): Executing: ["/bin/sh" "-c" "if [ 2 -gt 4 ]; then return 1; fi"]
module.core[2].module.security_rule[12].time_sleep.bar: Creation complete after 2s [id=2023-04-09T18:17:37Z]
module.core[0].module.security_rule[18].time_sleep.bar: Creation complete after 2s [id=2023-04-09T18:17:37Z]
module.core[1].module.security_rule[34].time_sleep.bar: Creating...
module.core[0].module.security_rule[25].time_sleep.bar: Creating...
module.core[1].module.security_rule[34].time_sleep.bar: Provisioning with 'local-exec'...
module.core[1].module.security_rule[34].time_sleep.bar (local-exec): Executing: ["/bin/sh" "-c" "if [ 0 -gt 4 ]; then return 1; fi"]
module.core[0].module.security_rule[25].time_sleep.bar: Provisioning with 'local-exec'...
module.core[1].module.security_rule[34].time_sleep.bar: Creation complete after 0s [id=2023-04-09T18:17:37Z]
module.core[0].module.security_rule[25].time_sleep.bar (local-exec): Executing: ["/bin/sh" "-c" "if [ 0 -gt 4 ]; then return 1; fi"]
module.core[2].module.security_rule[4].time_sleep.bar: Creating...
module.core[0].module.security_rule[25].time_sleep.bar: Creation complete after 0s [id=2023-04-09T18:17:37Z]
module.core[2].module.security_rule[1].time_sleep.bar: Provisioning with 'local-exec'...
module.core[2].module.security_rule[1].time_sleep.bar (local-exec): Executing: ["/bin/sh" "-c" "if [ 1 -gt 4 ]; then return 1; fi"]
module.core[2].module.security_rule[1].time_sleep.bar: Creation complete after 1s [id=2023-04-09T18:17:37Z]
module.core[1].module.security_rule[17].time_sleep.bar: Creating...
module.core[2].module.security_rule[7].time_sleep.bar: Creating...
module.core[0].module.security_rule[7].time_sleep.bar: Creating...
module.core[2].module.security_rule[0].time_sleep.bar: Provisioning with 'local-exec'...
module.core[2].module.security_rule[0].time_sleep.bar (local-exec): Executing: ["/bin/sh" "-c" "if [ 2 -gt 4 ]; then return 1; fi"]
module.core[2].module.security_rule[0].time_sleep.bar: Creation complete after 2s [id=2023-04-09T18:17:37Z]
module.core[1].module.security_rule[29].time_sleep.bar: Creating...
module.core[1].module.security_rule[29].time_sleep.bar: Provisioning with 'local-exec'...
module.core[1].module.security_rule[29].time_sleep.bar (local-exec): Executing: ["/bin/sh" "-c" "if [ 0 -gt 4 ]; then return 1; fi"]
module.core[1].module.security_rule[29].time_sleep.bar: Creation complete after 0s [id=2023-04-09T18:17:37Z]
module.core[2].module.security_rule[24].time_sleep.bar: Creating...
module.core[2].module.security_rule[7].time_sleep.bar: Provisioning with 'local-exec'...
module.core[2].module.security_rule[7].time_sleep.bar (local-exec): Executing: ["/bin/sh" "-c" "if [ 1 -gt 4 ]; then return 1; fi"]
module.core[2].module.security_rule[7].time_sleep.bar: Creation complete after 2s [id=2023-04-09T18:17:38Z]
time_sleep.bar[2]: Creating...
module.core[0].module.security_rule[23].time_sleep.bar: Provisioning with 'local-exec'...
module.core[0].module.security_rule[23].time_sleep.bar (local-exec): Executing: ["/bin/sh" "-c" "if [ 5 -gt 4 ]; then return 1; fi"]
module.core[0].module.security_rule[23].time_sleep.bar (local-exec): /bin/sh: line 1: return: can only `return' from a function or sourced script
time_sleep.bar[128]: Creating...
module.core[2].module.security_rule[24].time_sleep.bar: Provisioning with 'local-exec'...
module.core[2].module.security_rule[24].time_sleep.bar (local-exec): Executing: ["/bin/sh" "-c" "if [ 1 -gt 4 ]; then return 1; fi"]
module.core[2].module.security_rule[24].time_sleep.bar: Creation complete after 1s [id=2023-04-09T18:17:38Z]
time_sleep.foo[84]: Creating...
module.core[2].module.security_rule[8].time_sleep.bar: Provisioning with 'local-exec'...
module.core[2].module.security_rule[8].time_sleep.bar (local-exec): Executing: ["/bin/sh" "-c" "if [ 4 -gt 4 ]; then return 1; fi"]
module.core[2].module.security_rule[8].time_sleep.bar: Creation complete after 4s [id=2023-04-09T18:17:39Z]
time_sleep.bar[109]: Creating...
module.core[1].module.security_rule[14].time_sleep.bar: Provisioning with 'local-exec'...
module.core[1].module.security_rule[14].time_sleep.bar (local-exec): Executing: ["/bin/sh" "-c" "if [ 2 -gt 4 ]; then return 1; fi"]
module.core[1].module.security_rule[14].time_sleep.bar: Creation complete after 2s [id=2023-04-09T18:17:39Z]
time_sleep.foo[32]: Creating...
module.core[1].module.security_rule[15].time_sleep.bar: Provisioning with 'local-exec'...
module.core[1].module.security_rule[15].time_sleep.bar (local-exec): Executing: ["/bin/sh" "-c" "if [ 4 -gt 4 ]; then return 1; fi"]
module.core[1].module.security_rule[15].time_sleep.bar: Creation complete after 4s [id=2023-04-09T18:17:40Z]
module.core[2].module.security_rule[4].time_sleep.bar: Provisioning with 'local-exec'...
module.core[2].module.security_rule[4].time_sleep.bar (local-exec): Executing: ["/bin/sh" "-c" "if [ 3 -gt 4 ]; then return 1; fi"]
module.core[2].module.security_rule[4].time_sleep.bar: Creation complete after 4s [id=2023-04-09T18:17:40Z]
time_sleep.bar[42]: Creating...
time_sleep.bar[20]: Creating...
time_sleep.foo[84]: Creation complete after 2s [id=2023-04-09T18:17:41Z]
time_sleep.bar[84]: Creating...
time_sleep.bar[109]: Creation complete after 2s [id=2023-04-09T18:17:41Z]
module.core[0].module.security_rule[9].time_sleep.bar: Provisioning with 'local-exec'...
module.core[0].module.security_rule[9].time_sleep.bar (local-exec): Executing: ["/bin/sh" "-c" "if [ 4 -gt 4 ]; then return 1; fi"]
time_sleep.foo[32]: Creation complete after 2s [id=2023-04-09T18:17:41Z]
time_sleep.bar[97]: Creating...
module.core[0].module.security_rule[9].time_sleep.bar: Creation complete after 4s [id=2023-04-09T18:17:41Z]
time_sleep.bar[126]: Creating...
time_sleep.foo[98]: Creating...
module.core[0].module.security_rule[7].time_sleep.bar: Provisioning with 'local-exec'...
module.core[0].module.security_rule[7].time_sleep.bar (local-exec): Executing: ["/bin/sh" "-c" "if [ 4 -gt 4 ]; then return 1; fi"]
module.core[0].module.security_rule[7].time_sleep.bar: Creation complete after 4s [id=2023-04-09T18:17:41Z]
time_sleep.bar[118]: Creating...
time_sleep.bar[42]: Creation complete after 1s [id=2023-04-09T18:17:41Z]
time_sleep.foo[129]: Creating...
time_sleep.bar[84]: Creation complete after 1s [id=2023-04-09T18:17:42Z]
time_sleep.foo[73]: Creating...
time_sleep.bar[97]: Creation complete after 1s [id=2023-04-09T18:17:42Z]
time_sleep.foo[24]: Creating...
module.core[1].module.security_rule[17].time_sleep.bar: Provisioning with 'local-exec'...
module.core[1].module.security_rule[17].time_sleep.bar (local-exec): Executing: ["/bin/sh" "-c" "if [ 5 -gt 4 ]; then return 1; fi"]
module.core[1].module.security_rule[17].time_sleep.bar (local-exec): /bin/sh: line 1: return: can only `return' from a function or sourced script
time_sleep.bar[34]: Creating...
time_sleep.bar[128]: Creation complete after 4s [id=2023-04-09T18:17:42Z]
time_sleep.bar[48]: Creating...
time_sleep.foo[129]: Creation complete after 1s [id=2023-04-09T18:17:42Z]
time_sleep.foo[59]: Creating...
time_sleep.bar[126]: Creation complete after 2s [id=2023-04-09T18:17:43Z]
time_sleep.bar[58]: Creating...
time_sleep.foo[24]: Creation complete after 1s [id=2023-04-09T18:17:43Z]
time_sleep.bar[15]: Creating...
time_sleep.bar[2]: Creation complete after 5s [id=2023-04-09T18:17:43Z]
time_sleep.bar[76]: Creating...
time_sleep.foo[73]: Creation complete after 2s [id=2023-04-09T18:17:44Z]
time_sleep.bar[136]: Creating...
time_sleep.foo[98]: Creation complete after 3s [id=2023-04-09T18:17:44Z]
time_sleep.bar[87]: Creating...
time_sleep.bar[34]: Creation complete after 3s [id=2023-04-09T18:17:45Z]
time_sleep.foo[44]: Creating...
time_sleep.bar[20]: Creation complete after 5s [id=2023-04-09T18:17:45Z]
time_sleep.foo[114]: Creating...
time_sleep.foo[59]: Creation complete after 3s [id=2023-04-09T18:17:45Z]
time_sleep.foo[6]: Creating...
time_sleep.bar[58]: Creation complete after 3s [id=2023-04-09T18:17:46Z]
time_sleep.foo[40]: Creating...
time_sleep.bar[118]: Creation complete after 5s [id=2023-04-09T18:17:46Z]
time_sleep.foo[89]: Creating...
time_sleep.bar[15]: Creation complete after 4s [id=2023-04-09T18:17:47Z]
time_sleep.bar[87]: Creation complete after 3s [id=2023-04-09T18:17:47Z]
time_sleep.foo[50]: Creating...
time_sleep.foo[124]: Creating...
time_sleep.bar[76]: Creation complete after 4s [id=2023-04-09T18:17:47Z]
time_sleep.bar[75]: Creating...
time_sleep.bar[48]: Creation complete after 5s [id=2023-04-09T18:17:47Z]
time_sleep.bar[122]: Creating...
time_sleep.bar[136]: Creation complete after 4s [id=2023-04-09T18:17:48Z]
time_sleep.bar[46]: Creating...
time_sleep.foo[50]: Creation complete after 1s [id=2023-04-09T18:17:48Z]
time_sleep.foo[11]: Creating...
time_sleep.foo[44]: Creation complete after 4s [id=2023-04-09T18:17:49Z]
time_sleep.bar[77]: Creating...
time_sleep.foo[6]: Creation complete after 4s [id=2023-04-09T18:17:49Z]
time_sleep.foo[88]: Creating...
time_sleep.foo[124]: Creation complete after 3s [id=2023-04-09T18:17:50Z]
time_sleep.bar[59]: Creating...
time_sleep.foo[89]: Creation complete after 4s [id=2023-04-09T18:17:50Z]
time_sleep.foo[142]: Creating...
time_sleep.bar[77]: Creation complete after 1s [id=2023-04-09T18:17:50Z]
time_sleep.bar[62]: Creating...
time_sleep.foo[114]: Creation complete after 5s [id=2023-04-09T18:17:50Z]
time_sleep.bar[116]: Creating...
time_sleep.foo[88]: Creation complete after 1s [id=2023-04-09T18:17:51Z]
time_sleep.bar[129]: Creating...
time_sleep.foo[40]: Creation complete after 5s [id=2023-04-09T18:17:51Z]
time_sleep.foo[140]: Creating...
time_sleep.bar[75]: Creation complete after 4s [id=2023-04-09T18:17:51Z]
time_sleep.foo[132]: Creating...
time_sleep.bar[122]: Creation complete after 4s [id=2023-04-09T18:17:51Z]
time_sleep.foo[145]: Creating...
time_sleep.foo[11]: Creation complete after 4s [id=2023-04-09T18:17:52Z]
time_sleep.foo[7]: Creating...
time_sleep.bar[116]: Creation complete after 2s [id=2023-04-09T18:17:52Z]
time_sleep.bar[9]: Creating...
time_sleep.bar[46]: Creation complete after 5s [id=2023-04-09T18:17:53Z]
time_sleep.bar[123]: Creating...
time_sleep.bar[62]: Creation complete after 3s [id=2023-04-09T18:17:53Z]
time_sleep.bar[142]: Creating...
time_sleep.bar[129]: Creation complete after 3s [id=2023-04-09T18:17:54Z]
time_sleep.foo[42]: Creating...
time_sleep.foo[140]: Creation complete after 3s [id=2023-04-09T18:17:54Z]
time_sleep.foo[23]: Creating...
time_sleep.foo[142]: Creation complete after 4s [id=2023-04-09T18:17:54Z]
time_sleep.foo[64]: Creating...
time_sleep.bar[9]: Creation complete after 2s [id=2023-04-09T18:17:55Z]
time_sleep.foo[87]: Creating...
time_sleep.foo[42]: Creation complete after 1s [id=2023-04-09T18:17:55Z]
time_sleep.bar[73]: Creating...
time_sleep.foo[23]: Creation complete after 1s [id=2023-04-09T18:17:55Z]
time_sleep.bar[59]: Creation complete after 5s [id=2023-04-09T18:17:55Z]
time_sleep.foo[37]: Creating...
time_sleep.foo[120]: Creating...
time_sleep.foo[7]: Creation complete after 3s [id=2023-04-09T18:17:55Z]
time_sleep.foo[110]: Creating...
time_sleep.foo[132]: Creation complete after 5s [id=2023-04-09T18:17:56Z]
time_sleep.bar[132]: Creating...
time_sleep.foo[145]: Creation complete after 5s [id=2023-04-09T18:17:57Z]
time_sleep.bar[120]: Creating...
time_sleep.bar[73]: Creation complete after 2s [id=2023-04-09T18:17:57Z]
time_sleep.bar[22]: Creating...
time_sleep.bar[123]: Creation complete after 4s [id=2023-04-09T18:17:57Z]
time_sleep.foo[0]: Creating...
time_sleep.foo[64]: Creation complete after 3s [id=2023-04-09T18:17:57Z]
time_sleep.bar[142]: Creation complete after 4s [id=2023-04-09T18:17:57Z]
time_sleep.bar[3]: Creating...
time_sleep.bar[72]: Creating...
time_sleep.foo[87]: Creation complete after 3s [id=2023-04-09T18:17:58Z]
time_sleep.foo[75]: Creating...
time_sleep.bar[22]: Creation complete after 1s [id=2023-04-09T18:17:58Z]
time_sleep.foo[136]: Creating...
time_sleep.foo[0]: Creation complete after 1s [id=2023-04-09T18:17:58Z]
time_sleep.foo[79]: Creating...
time_sleep.bar[132]: Creation complete after 2s [id=2023-04-09T18:17:58Z]
time_sleep.foo[105]: Creating...
time_sleep.foo[136]: Creation complete after 1s [id=2023-04-09T18:17:59Z]
time_sleep.bar[133]: Creating...
time_sleep.foo[79]: Creation complete after 1s [id=2023-04-09T18:17:59Z]
time_sleep.foo[69]: Creating...
time_sleep.foo[37]: Creation complete after 4s [id=2023-04-09T18:17:59Z]
time_sleep.foo[28]: Creating...
time_sleep.bar[3]: Creation complete after 2s [id=2023-04-09T18:17:59Z]
time_sleep.foo[105]: Creation complete after 1s [id=2023-04-09T18:17:59Z]
time_sleep.foo[94]: Creating...
time_sleep.foo[67]: Creating...
time_sleep.foo[75]: Creation complete after 2s [id=2023-04-09T18:18:00Z]
time_sleep.foo[57]: Creating...
time_sleep.foo[120]: Creation complete after 5s [id=2023-04-09T18:18:00Z]
time_sleep.foo[110]: Creation complete after 5s [id=2023-04-09T18:18:00Z]
time_sleep.foo[128]: Creating...
time_sleep.bar[121]: Creating...
time_sleep.bar[120]: Creation complete after 4s [id=2023-04-09T18:18:01Z]
time_sleep.bar[44]: Creating...
time_sleep.foo[128]: Creation complete after 1s [id=2023-04-09T18:18:01Z]
time_sleep.bar[72]: Creation complete after 4s [id=2023-04-09T18:18:01Z]
time_sleep.bar[11]: Creating...
time_sleep.foo[137]: Creating...
time_sleep.foo[137]: Creation complete after 1s [id=2023-04-09T18:18:02Z]
time_sleep.bar[104]: Creating...
time_sleep.foo[57]: Creation complete after 3s [id=2023-04-09T18:18:03Z]
time_sleep.foo[30]: Creating...
time_sleep.bar[133]: Creation complete after 4s [id=2023-04-09T18:18:03Z]
time_sleep.bar[101]: Creating...
time_sleep.foo[28]: Creation complete after 4s [id=2023-04-09T18:18:03Z]
time_sleep.bar[134]: Creating...
time_sleep.foo[94]: Creation complete after 4s [id=2023-04-09T18:18:03Z]
time_sleep.foo[67]: Creation complete after 4s [id=2023-04-09T18:18:04Z]
time_sleep.bar[23]: Creating...
time_sleep.bar[67]: Creating...
time_sleep.foo[69]: Creation complete after 5s [id=2023-04-09T18:18:04Z]
time_sleep.foo[39]: Creating...
time_sleep.bar[134]: Creation complete after 1s [id=2023-04-09T18:18:04Z]
time_sleep.bar[47]: Creating...
time_sleep.bar[11]: Creation complete after 3s [id=2023-04-09T18:18:04Z]
time_sleep.bar[61]: Creating...
time_sleep.bar[44]: Creation complete after 4s [id=2023-04-09T18:18:05Z]
time_sleep.foo[47]: Creating...
time_sleep.foo[30]: Creation complete after 2s [id=2023-04-09T18:18:05Z]
time_sleep.foo[25]: Creating...
time_sleep.bar[101]: Creation complete after 2s [id=2023-04-09T18:18:05Z]
time_sleep.foo[126]: Creating...
time_sleep.bar[121]: Creation complete after 5s [id=2023-04-09T18:18:05Z]
time_sleep.bar[146]: Creating...
time_sleep.bar[61]: Creation complete after 1s [id=2023-04-09T18:18:05Z]
time_sleep.foo[5]: Creating...
time_sleep.bar[23]: Creation complete after 2s [id=2023-04-09T18:18:06Z]
time_sleep.foo[54]: Creating...
time_sleep.foo[126]: Creation complete after 1s [id=2023-04-09T18:18:06Z]
time_sleep.bar[102]: Creating...
time_sleep.bar[146]: Creation complete after 1s [id=2023-04-09T18:18:06Z]
time_sleep.bar[110]: Creating...
time_sleep.foo[54]: Creation complete after 1s [id=2023-04-09T18:18:07Z]
time_sleep.bar[41]: Creating...
time_sleep.bar[47]: Creation complete after 3s [id=2023-04-09T18:18:07Z]
time_sleep.bar[52]: Creating...
time_sleep.bar[104]: Creation complete after 5s [id=2023-04-09T18:18:08Z]
time_sleep.bar[67]: Creation complete after 4s [id=2023-04-09T18:18:08Z]
time_sleep.bar[12]: Creating...
time_sleep.bar[95]: Creating...
time_sleep.foo[39]: Creation complete after 4s [id=2023-04-09T18:18:08Z]
time_sleep.foo[49]: Creating...
time_sleep.foo[25]: Creation complete after 4s [id=2023-04-09T18:18:09Z]
time_sleep.foo[90]: Creating...
time_sleep.bar[102]: Creation complete after 3s [id=2023-04-09T18:18:09Z]
time_sleep.bar[8]: Creating...
time_sleep.bar[110]: Creation complete after 3s [id=2023-04-09T18:18:09Z]
time_sleep.bar[52]: Creation complete after 2s [id=2023-04-09T18:18:10Z]
time_sleep.bar[28]: Creating...
time_sleep.foo[78]: Creating...
time_sleep.bar[41]: Creation complete after 3s [id=2023-04-09T18:18:10Z]
time_sleep.bar[43]: Creating...
time_sleep.foo[47]: Creation complete after 5s [id=2023-04-09T18:18:10Z]
time_sleep.foo[4]: Creating...
time_sleep.foo[5]: Creation complete after 5s [id=2023-04-09T18:18:11Z]
time_sleep.bar[18]: Creating...
time_sleep.bar[8]: Creation complete after 2s [id=2023-04-09T18:18:11Z]
time_sleep.foo[133]: Creating...
time_sleep.foo[49]: Creation complete after 3s [id=2023-04-09T18:18:11Z]
time_sleep.bar[4]: Creating...
time_sleep.foo[78]: Creation complete after 2s [id=2023-04-09T18:18:12Z]
time_sleep.bar[28]: Creation complete after 2s [id=2023-04-09T18:18:12Z]
time_sleep.bar[18]: Creation complete after 1s [id=2023-04-09T18:18:12Z]
time_sleep.foo[62]: Creating...
time_sleep.foo[139]: Creating...
time_sleep.foo[46]: Creating...
time_sleep.bar[43]: Creation complete after 2s [id=2023-04-09T18:18:12Z]
time_sleep.foo[51]: Creating...
time_sleep.bar[95]: Creation complete after 5s [id=2023-04-09T18:18:13Z]
time_sleep.bar[12]: Creation complete after 5s [id=2023-04-09T18:18:13Z]
time_sleep.bar[88]: Creating...
time_sleep.foo[48]: Creating...
time_sleep.bar[4]: Creation complete after 2s [id=2023-04-09T18:18:13Z]
time_sleep.foo[118]: Creating...
time_sleep.bar[88]: Creation complete after 1s [id=2023-04-09T18:18:14Z]
time_sleep.bar[5]: Creating...
time_sleep.foo[90]: Creation complete after 5s [id=2023-04-09T18:18:14Z]
time_sleep.bar[32]: Creating...
time_sleep.foo[62]: Creation complete after 3s [id=2023-04-09T18:18:15Z]
time_sleep.foo[46]: Creation complete after 3s [id=2023-04-09T18:18:15Z]
time_sleep.bar[27]: Creating...
time_sleep.foo[93]: Creating...
time_sleep.foo[4]: Creation complete after 5s [id=2023-04-09T18:18:15Z]
time_sleep.bar[137]: Creating...
time_sleep.bar[32]: Creation complete after 1s [id=2023-04-09T18:18:15Z]
time_sleep.bar[113]: Creating...
time_sleep.foo[118]: Creation complete after 2s [id=2023-04-09T18:18:15Z]
time_sleep.foo[72]: Creating...
time_sleep.foo[48]: Creation complete after 3s [id=2023-04-09T18:18:16Z]
time_sleep.bar[5]: Creation complete after 2s [id=2023-04-09T18:18:16Z]
time_sleep.bar[144]: Creating...
time_sleep.foo[93]: Creation complete after 1s [id=2023-04-09T18:18:16Z]
time_sleep.bar[25]: Creating...
time_sleep.bar[79]: Creating...
time_sleep.bar[137]: Creation complete after 1s [id=2023-04-09T18:18:16Z]
time_sleep.bar[55]: Creating...
time_sleep.foo[133]: Creation complete after 5s [id=2023-04-09T18:18:16Z]
time_sleep.bar[50]: Creating...
time_sleep.foo[139]: Creation complete after 5s [id=2023-04-09T18:18:17Z]
time_sleep.foo[51]: Creation complete after 5s [id=2023-04-09T18:18:17Z]
time_sleep.foo[71]: Creating...
time_sleep.bar[27]: Creation complete after 2s [id=2023-04-09T18:18:17Z]
time_sleep.bar[144]: Creation complete after 1s [id=2023-04-09T18:18:17Z]
time_sleep.foo[9]: Creating...
time_sleep.bar[79]: Creation complete after 1s [id=2023-04-09T18:18:17Z]
time_sleep.bar[105]: Creating...
time_sleep.foo[34]: Creating...
time_sleep.foo[27]: Creating...
time_sleep.bar[50]: Creation complete after 1s [id=2023-04-09T18:18:17Z]
time_sleep.bar[130]: Creating...
time_sleep.foo[71]: Creation complete after 1s [id=2023-04-09T18:18:18Z]
time_sleep.foo[60]: Creating...
time_sleep.bar[105]: Creation complete after 1s [id=2023-04-09T18:18:18Z]
time_sleep.foo[38]: Creating...
time_sleep.foo[60]: Creation complete after 1s [id=2023-04-09T18:18:19Z]
time_sleep.foo[34]: Creation complete after 2s [id=2023-04-09T18:18:19Z]
time_sleep.foo[83]: Creating...
time_sleep.foo[125]: Creating...
time_sleep.bar[113]: Creation complete after 4s [id=2023-04-09T18:18:19Z]
time_sleep.bar[7]: Creating...
time_sleep.bar[130]: Creation complete after 2s [id=2023-04-09T18:18:19Z]
time_sleep.bar[10]: Creating...
time_sleep.foo[72]: Creation complete after 4s [id=2023-04-09T18:18:20Z]
time_sleep.foo[141]: Creating...
time_sleep.foo[38]: Creation complete after 2s [id=2023-04-09T18:18:20Z]
time_sleep.foo[83]: Creation complete after 1s [id=2023-04-09T18:18:20Z]
time_sleep.bar[55]: Creation complete after 4s [id=2023-04-09T18:18:20Z]
time_sleep.foo[117]: Creating...
time_sleep.bar[89]: Creating...
time_sleep.bar[16]: Creating...
time_sleep.bar[25]: Creation complete after 5s [id=2023-04-09T18:18:21Z]
time_sleep.foo[143]: Creating...
time_sleep.bar[10]: Creation complete after 2s [id=2023-04-09T18:18:21Z]
time_sleep.foo[55]: Creating...
time_sleep.foo[9]: Creation complete after 5s [id=2023-04-09T18:18:22Z]
time_sleep.foo[143]: Creation complete after 1s [id=2023-04-09T18:18:22Z]
time_sleep.bar[100]: Creating...
time_sleep.foo[27]: Creation complete after 5s [id=2023-04-09T18:18:22Z]
time_sleep.foo[31]: Creating...
time_sleep.foo[123]: Creating...
time_sleep.foo[125]: Creation complete after 3s [id=2023-04-09T18:18:22Z]
time_sleep.foo[36]: Creating...
time_sleep.bar[89]: Creation complete after 2s [id=2023-04-09T18:18:22Z]
time_sleep.bar[7]: Creation complete after 3s [id=2023-04-09T18:18:22Z]
time_sleep.foo[122]: Creating...
time_sleep.bar[117]: Creating...
time_sleep.foo[36]: Creation complete after 1s [id=2023-04-09T18:18:23Z]
time_sleep.foo[91]: Creating...
time_sleep.bar[100]: Creation complete after 2s [id=2023-04-09T18:18:24Z]
time_sleep.foo[35]: Creating...
time_sleep.foo[141]: Creation complete after 5s [id=2023-04-09T18:18:25Z]
time_sleep.bar[6]: Creating...
time_sleep.foo[31]: Creation complete after 4s [id=2023-04-09T18:18:25Z]
time_sleep.foo[123]: Creation complete after 3s [id=2023-04-09T18:18:25Z]
time_sleep.foo[76]: Creating...
time_sleep.foo[92]: Creating...
time_sleep.foo[117]: Creation complete after 5s [id=2023-04-09T18:18:25Z]
time_sleep.foo[91]: Creation complete after 2s [id=2023-04-09T18:18:25Z]
time_sleep.bar[16]: Creation complete after 5s [id=2023-04-09T18:18:25Z]
time_sleep.bar[71]: Creating...
time_sleep.foo[122]: Creation complete after 3s [id=2023-04-09T18:18:25Z]
time_sleep.foo[113]: Creating...
time_sleep.foo[102]: Creating...
time_sleep.bar[37]: Creating...
time_sleep.foo[35]: Creation complete after 2s [id=2023-04-09T18:18:26Z]
time_sleep.bar[127]: Creating...
time_sleep.foo[55]: Creation complete after 5s [id=2023-04-09T18:18:27Z]
time_sleep.foo[8]: Creating...
time_sleep.bar[117]: Creation complete after 5s [id=2023-04-09T18:18:27Z]
time_sleep.bar[90]: Creating...
time_sleep.bar[127]: Creation complete after 2s [id=2023-04-09T18:18:28Z]
time_sleep.foo[45]: Creating...
time_sleep.bar[71]: Creation complete after 3s [id=2023-04-09T18:18:28Z]
time_sleep.bar[31]: Creating...
time_sleep.foo[8]: Creation complete after 2s [id=2023-04-09T18:18:29Z]
time_sleep.foo[97]: Creating...
time_sleep.foo[92]: Creation complete after 4s [id=2023-04-09T18:18:29Z]
time_sleep.foo[76]: Creation complete after 4s [id=2023-04-09T18:18:29Z]
time_sleep.foo[43]: Creating...
time_sleep.bar[80]: Creating...
time_sleep.foo[113]: Creation complete after 4s [id=2023-04-09T18:18:29Z]
time_sleep.bar[90]: Creation complete after 2s [id=2023-04-09T18:18:29Z]
time_sleep.bar[37]: Creation complete after 4s [id=2023-04-09T18:18:29Z]
time_sleep.bar[83]: Creating...
time_sleep.bar[103]: Creating...
time_sleep.foo[22]: Creating...
time_sleep.bar[6]: Creation complete after 5s [id=2023-04-09T18:18:30Z]
time_sleep.foo[2]: Creating...
time_sleep.foo[45]: Creation complete after 2s [id=2023-04-09T18:18:30Z]
time_sleep.bar[80]: Creation complete after 1s [id=2023-04-09T18:18:30Z]
time_sleep.bar[94]: Creating...
time_sleep.foo[74]: Creating...
time_sleep.foo[102]: Creation complete after 5s [id=2023-04-09T18:18:30Z]
time_sleep.foo[61]: Creating...
time_sleep.foo[22]: Creation complete after 1s [id=2023-04-09T18:18:30Z]
time_sleep.bar[68]: Creating...
time_sleep.foo[97]: Creation complete after 2s [id=2023-04-09T18:18:31Z]
time_sleep.bar[135]: Creating...
time_sleep.foo[74]: Creation complete after 1s [id=2023-04-09T18:18:31Z]
time_sleep.foo[108]: Creating...
time_sleep.bar[103]: Creation complete after 2s [id=2023-04-09T18:18:31Z]
time_sleep.bar[29]: Creating...
time_sleep.bar[29]: Creation complete after 1s [id=2023-04-09T18:18:32Z]
time_sleep.bar[92]: Creating...
time_sleep.foo[2]: Creation complete after 3s [id=2023-04-09T18:18:33Z]
time_sleep.bar[135]: Creation complete after 2s [id=2023-04-09T18:18:33Z]
time_sleep.foo[106]: Creating...
time_sleep.foo[138]: Creating...
time_sleep.foo[43]: Creation complete after 4s [id=2023-04-09T18:18:33Z]
time_sleep.foo[53]: Creating...
time_sleep.bar[94]: Creation complete after 3s [id=2023-04-09T18:18:33Z]
time_sleep.foo[77]: Creating...
time_sleep.bar[31]: Creation complete after 5s [id=2023-04-09T18:18:33Z]
time_sleep.foo[61]: Creation complete after 3s [id=2023-04-09T18:18:33Z]
time_sleep.bar[49]: Creating...
time_sleep.foo[1]: Creating...
time_sleep.foo[53]: Creation complete after 1s [id=2023-04-09T18:18:34Z]
time_sleep.foo[77]: Creation complete after 1s [id=2023-04-09T18:18:34Z]
time_sleep.foo[108]: Creation complete after 3s [id=2023-04-09T18:18:34Z]
time_sleep.bar[39]: Creating...
time_sleep.foo[112]: Creating...
time_sleep.foo[16]: Creating...
time_sleep.bar[49]: Creation complete after 1s [id=2023-04-09T18:18:34Z]
time_sleep.bar[83]: Creation complete after 5s [id=2023-04-09T18:18:34Z]
time_sleep.foo[82]: Creating...
time_sleep.foo[81]: Creating...
time_sleep.foo[82]: Creation complete after 1s [id=2023-04-09T18:18:35Z]
time_sleep.bar[68]: Creation complete after 5s [id=2023-04-09T18:18:35Z]
time_sleep.foo[95]: Creating...
time_sleep.foo[104]: Creating...
time_sleep.foo[81]: Creation complete after 2s [id=2023-04-09T18:18:36Z]
time_sleep.foo[130]: Creating...
time_sleep.foo[104]: Creation complete after 1s [id=2023-04-09T18:18:37Z]
time_sleep.foo[100]: Creating...
time_sleep.foo[138]: Creation complete after 4s [id=2023-04-09T18:18:37Z]
time_sleep.bar[131]: Creating...
time_sleep.bar[39]: Creation complete after 3s [id=2023-04-09T18:18:37Z]
time_sleep.bar[56]: Creating...
time_sleep.bar[92]: Creation complete after 5s [id=2023-04-09T18:18:38Z]
time_sleep.foo[100]: Creation complete after 1s [id=2023-04-09T18:18:38Z]
time_sleep.foo[103]: Creating...
time_sleep.bar[124]: Creating...
time_sleep.foo[106]: Creation complete after 5s [id=2023-04-09T18:18:38Z]
time_sleep.bar[51]: Creating...
time_sleep.bar[131]: Creation complete after 1s [id=2023-04-09T18:18:38Z]
time_sleep.foo[148]: Creating...
time_sleep.foo[1]: Creation complete after 5s [id=2023-04-09T18:18:38Z]
time_sleep.bar[139]: Creating...
time_sleep.foo[103]: Creation complete after 1s [id=2023-04-09T18:18:39Z]
time_sleep.bar[13]: Creating...
time_sleep.foo[112]: Creation complete after 5s [id=2023-04-09T18:18:39Z]
time_sleep.foo[16]: Creation complete after 5s [id=2023-04-09T18:18:39Z]
time_sleep.bar[57]: Creating...
time_sleep.foo[144]: Creating...
time_sleep.foo[148]: Creation complete after 2s [id=2023-04-09T18:18:40Z]
time_sleep.bar[148]: Creating...
time_sleep.bar[139]: Creation complete after 2s [id=2023-04-09T18:18:40Z]
time_sleep.foo[58]: Creating...
time_sleep.foo[95]: Creation complete after 5s [id=2023-04-09T18:18:41Z]
time_sleep.foo[86]: Creating...
time_sleep.bar[124]: Creation complete after 3s [id=2023-04-09T18:18:41Z]
time_sleep.bar[111]: Creating...
time_sleep.bar[13]: Creation complete after 2s [id=2023-04-09T18:18:41Z]
time_sleep.bar[45]: Creating...
time_sleep.foo[144]: Creation complete after 2s [id=2023-04-09T18:18:41Z]
time_sleep.foo[58]: Creation complete after 1s [id=2023-04-09T18:18:42Z]
time_sleep.foo[15]: Creating...
time_sleep.bar[115]: Creating...
time_sleep.foo[130]: Creation complete after 5s [id=2023-04-09T18:18:42Z]
time_sleep.foo[10]: Creating...
time_sleep.bar[56]: Creation complete after 5s [id=2023-04-09T18:18:42Z]
time_sleep.bar[57]: Creation complete after 3s [id=2023-04-09T18:18:42Z]
time_sleep.bar[24]: Creating...
time_sleep.bar[19]: Creating...
time_sleep.foo[15]: Creation complete after 1s [id=2023-04-09T18:18:43Z]
time_sleep.bar[140]: Creating...
time_sleep.bar[51]: Creation complete after 5s [id=2023-04-09T18:18:43Z]
time_sleep.bar[0]: Creating...
time_sleep.bar[148]: Creation complete after 3s [id=2023-04-09T18:18:43Z]
time_sleep.foo[66]: Creating...
time_sleep.bar[24]: Creation complete after 1s [id=2023-04-09T18:18:44Z]
time_sleep.bar[19]: Creation complete after 1s [id=2023-04-09T18:18:44Z]
time_sleep.bar[115]: Creation complete after 2s [id=2023-04-09T18:18:44Z]
time_sleep.bar[143]: Creating...
time_sleep.bar[140]: Creation complete after 1s [id=2023-04-09T18:18:44Z]
time_sleep.bar[70]: Creating...
time_sleep.foo[86]: Creation complete after 3s [id=2023-04-09T18:18:44Z]
time_sleep.bar[111]: Creation complete after 3s [id=2023-04-09T18:18:44Z]
time_sleep.bar[66]: Creating...
time_sleep.bar[149]: Creating...
time_sleep.bar[17]: Creating...
time_sleep.foo[14]: Creating...
time_sleep.bar[0]: Creation complete after 1s [id=2023-04-09T18:18:44Z]
time_sleep.bar[107]: Creating...
time_sleep.bar[70]: Creation complete after 1s [id=2023-04-09T18:18:45Z]
time_sleep.foo[111]: Creating...
time_sleep.foo[10]: Creation complete after 4s [id=2023-04-09T18:18:46Z]
time_sleep.bar[54]: Creating...
time_sleep.bar[45]: Creation complete after 5s [id=2023-04-09T18:18:46Z]
time_sleep.bar[78]: Creating...
time_sleep.bar[149]: Creation complete after 2s [id=2023-04-09T18:18:46Z]
time_sleep.foo[127]: Creating...
time_sleep.bar[66]: Creation complete after 3s [id=2023-04-09T18:18:47Z]
time_sleep.bar[17]: Creation complete after 3s [id=2023-04-09T18:18:47Z]
time_sleep.foo[14]: Creation complete after 3s [id=2023-04-09T18:18:47Z]
time_sleep.bar[21]: Creating...
time_sleep.foo[20]: Creating...
time_sleep.bar[53]: Creating...
time_sleep.bar[54]: Creation complete after 2s [id=2023-04-09T18:18:48Z]
time_sleep.bar[143]: Creation complete after 4s [id=2023-04-09T18:18:48Z]
time_sleep.bar[35]: Creating...
time_sleep.bar[96]: Creating...
time_sleep.foo[66]: Creation complete after 5s [id=2023-04-09T18:18:48Z]
time_sleep.foo[80]: Creating...
time_sleep.foo[127]: Creation complete after 3s [id=2023-04-09T18:18:49Z]
time_sleep.foo[111]: Creation complete after 5s [id=2023-04-09T18:18:49Z]
time_sleep.foo[115]: Creating...
time_sleep.bar[85]: Creating...
time_sleep.bar[53]: Creation complete after 2s [id=2023-04-09T18:18:49Z]
time_sleep.bar[141]: Creating...
time_sleep.bar[107]: Creation complete after 5s [id=2023-04-09T18:18:49Z]
time_sleep.foo[70]: Creating...
time_sleep.foo[20]: Creation complete after 3s [id=2023-04-09T18:18:50Z]
time_sleep.bar[141]: Creation complete after 1s [id=2023-04-09T18:18:50Z]
time_sleep.bar[86]: Creating...
time_sleep.foo[119]: Creating...
time_sleep.bar[96]: Creation complete after 3s [id=2023-04-09T18:18:51Z]
time_sleep.bar[78]: Creation complete after 5s [id=2023-04-09T18:18:51Z]
time_sleep.bar[81]: Creating...
time_sleep.foo[13]: Creating...
time_sleep.bar[21]: Creation complete after 4s [id=2023-04-09T18:18:51Z]
time_sleep.foo[12]: Creating...
time_sleep.bar[86]: Creation complete after 1s [id=2023-04-09T18:18:51Z]
time_sleep.bar[1]: Creating...
time_sleep.foo[115]: Creation complete after 3s [id=2023-04-09T18:18:52Z]
time_sleep.bar[85]: Creation complete after 3s [id=2023-04-09T18:18:52Z]
time_sleep.foo[21]: Creating...
time_sleep.bar[108]: Creating...
time_sleep.foo[80]: Creation complete after 4s [id=2023-04-09T18:18:52Z]
time_sleep.bar[1]: Creation complete after 1s [id=2023-04-09T18:18:52Z]
time_sleep.foo[96]: Creating...
time_sleep.bar[64]: Creating...
time_sleep.bar[35]: Creation complete after 5s [id=2023-04-09T18:18:53Z]
time_sleep.bar[82]: Creating...
time_sleep.foo[12]: Creation complete after 2s [id=2023-04-09T18:18:53Z]
time_sleep.bar[93]: Creating...
time_sleep.foo[119]: Creation complete after 3s [id=2023-04-09T18:18:53Z]
time_sleep.bar[98]: Creating...
time_sleep.foo[70]: Creation complete after 5s [id=2023-04-09T18:18:54Z]
time_sleep.bar[69]: Creating...
time_sleep.bar[98]: Creation complete after 1s [id=2023-04-09T18:18:54Z]
time_sleep.foo[17]: Creating...
time_sleep.bar[81]: Creation complete after 4s [id=2023-04-09T18:18:55Z]
time_sleep.foo[13]: Creation complete after 4s [id=2023-04-09T18:18:55Z]
time_sleep.foo[68]: Creating...
time_sleep.foo[121]: Creating...
time_sleep.bar[93]: Creation complete after 2s [id=2023-04-09T18:18:55Z]
time_sleep.bar[108]: Creation complete after 3s [id=2023-04-09T18:18:55Z]
time_sleep.bar[125]: Creating...
time_sleep.foo[116]: Creating...
time_sleep.bar[64]: Creation complete after 3s [id=2023-04-09T18:18:55Z]
time_sleep.foo[131]: Creating...
time_sleep.foo[68]: Creation complete after 1s [id=2023-04-09T18:18:56Z]
time_sleep.foo[85]: Creating...
time_sleep.foo[116]: Creation complete after 1s [id=2023-04-09T18:18:56Z]
time_sleep.bar[63]: Creating...
time_sleep.foo[96]: Creation complete after 4s [id=2023-04-09T18:18:56Z]
time_sleep.bar[91]: Creating...
time_sleep.foo[121]: Creation complete after 2s [id=2023-04-09T18:18:57Z]
time_sleep.bar[119]: Creating...
time_sleep.foo[21]: Creation complete after 5s [id=2023-04-09T18:18:57Z]
time_sleep.foo[85]: Creation complete after 1s [id=2023-04-09T18:18:57Z]
time_sleep.foo[147]: Creating...
time_sleep.foo[109]: Creating...
time_sleep.bar[91]: Creation complete after 1s [id=2023-04-09T18:18:58Z]
time_sleep.foo[56]: Creating...
time_sleep.bar[82]: Creation complete after 5s [id=2023-04-09T18:18:58Z]
time_sleep.bar[74]: Creating...
time_sleep.foo[109]: Creation complete after 1s [id=2023-04-09T18:18:58Z]
time_sleep.foo[147]: Creation complete after 1s [id=2023-04-09T18:18:58Z]
time_sleep.bar[60]: Creating...
time_sleep.foo[19]: Creating...
time_sleep.foo[17]: Creation complete after 4s [id=2023-04-09T18:18:58Z]
time_sleep.foo[131]: Creation complete after 3s [id=2023-04-09T18:18:59Z]
time_sleep.bar[14]: Creating...
time_sleep.foo[33]: Creating...
time_sleep.bar[69]: Creation complete after 5s [id=2023-04-09T18:18:59Z]
time_sleep.foo[18]: Creating...
time_sleep.bar[63]: Creation complete after 3s [id=2023-04-09T18:18:59Z]
time_sleep.foo[19]: Creation complete after 1s [id=2023-04-09T18:18:59Z]
time_sleep.foo[26]: Creating...
time_sleep.bar[145]: Creating...
time_sleep.bar[119]: Creation complete after 3s [id=2023-04-09T18:19:00Z]
time_sleep.bar[33]: Creating...
time_sleep.bar[125]: Creation complete after 5s [id=2023-04-09T18:19:00Z]
time_sleep.foo[135]: Creating...
time_sleep.foo[18]: Creation complete after 1s [id=2023-04-09T18:19:00Z]
time_sleep.bar[60]: Creation complete after 2s [id=2023-04-09T18:19:00Z]
time_sleep.foo[29]: Creating...
time_sleep.bar[30]: Creating...
time_sleep.foo[26]: Creation complete after 1s [id=2023-04-09T18:19:00Z]
time_sleep.foo[99]: Creating...
time_sleep.foo[56]: Creation complete after 3s [id=2023-04-09T18:19:01Z]
time_sleep.bar[114]: Creating...
time_sleep.bar[14]: Creation complete after 2s [id=2023-04-09T18:19:01Z]
time_sleep.foo[146]: Creating...
time_sleep.foo[135]: Creation complete after 2s [id=2023-04-09T18:19:02Z]
time_sleep.bar[99]: Creating...
time_sleep.foo[33]: Creation complete after 4s [id=2023-04-09T18:19:03Z]
time_sleep.bar[38]: Creating...
time_sleep.bar[74]: Creation complete after 5s [id=2023-04-09T18:19:03Z]
time_sleep.bar[138]: Creating...
time_sleep.bar[33]: Creation complete after 3s [id=2023-04-09T18:19:03Z]
time_sleep.foo[3]: Creating...
time_sleep.foo[29]: Creation complete after 3s [id=2023-04-09T18:19:03Z]
time_sleep.bar[145]: Creation complete after 4s [id=2023-04-09T18:19:03Z]
time_sleep.foo[149]: Creating...
time_sleep.bar[147]: Creating...
time_sleep.foo[146]: Creation complete after 3s [id=2023-04-09T18:19:04Z]
time_sleep.bar[26]: Creating...
time_sleep.bar[138]: Creation complete after 1s [id=2023-04-09T18:19:04Z]
time_sleep.foo[134]: Creating...
time_sleep.foo[99]: Creation complete after 4s [id=2023-04-09T18:19:04Z]
time_sleep.foo[101]: Creating...
time_sleep.bar[114]: Creation complete after 4s [id=2023-04-09T18:19:05Z]
time_sleep.foo[63]: Creating...
time_sleep.bar[38]: Creation complete after 2s [id=2023-04-09T18:19:05Z]
time_sleep.foo[41]: Creating...
time_sleep.foo[3]: Creation complete after 2s [id=2023-04-09T18:19:05Z]
time_sleep.bar[36]: Creating...
time_sleep.bar[30]: Creation complete after 5s [id=2023-04-09T18:19:05Z]
time_sleep.bar[112]: Creating...
time_sleep.foo[134]: Creation complete after 2s [id=2023-04-09T18:19:06Z]
time_sleep.bar[106]: Creating...
time_sleep.bar[36]: Creation complete after 1s [id=2023-04-09T18:19:06Z]
time_sleep.bar[99]: Creation complete after 4s [id=2023-04-09T18:19:06Z]
time_sleep.bar[65]: Creating...
time_sleep.bar[40]: Creating...
time_sleep.foo[101]: Creation complete after 2s [id=2023-04-09T18:19:07Z]
time_sleep.foo[52]: Creating...
time_sleep.bar[147]: Creation complete after 4s [id=2023-04-09T18:19:08Z]
time_sleep.foo[52]: Creation complete after 1s [id=2023-04-09T18:19:08Z]
time_sleep.foo[65]: Creating...
time_sleep.foo[107]: Creating...
time_sleep.bar[26]: Creation complete after 4s [id=2023-04-09T18:19:08Z]
time_sleep.bar[65]: Creation complete after 2s [id=2023-04-09T18:19:08Z]
time_sleep.bar[40]: Creation complete after 2s [id=2023-04-09T18:19:08Z]
time_sleep.bar[112]: Creation complete after 3s [id=2023-04-09T18:19:08Z]
time_sleep.foo[149]: Creation complete after 5s [id=2023-04-09T18:19:09Z]
time_sleep.foo[63]: Creation complete after 4s [id=2023-04-09T18:19:09Z]
time_sleep.foo[41]: Creation complete after 4s [id=2023-04-09T18:19:09Z]
time_sleep.foo[107]: Creation complete after 2s [id=2023-04-09T18:19:10Z]
time_sleep.bar[106]: Creation complete after 5s [id=2023-04-09T18:19:11Z]
time_sleep.foo[65]: Creation complete after 4s [id=2023-04-09T18:19:12Z]
